{
  "version": 4,
  "terraform_version": "1.6.6",
  "serial": 23,
  "lineage": "cac7525b-9649-6205-7d22-6301dfa6e010",
  "outputs": {
    "apim_developer_portal_url": {
      "value": "https://apim-public-700.developer.azure-api.net",
      "type": "string"
    },
    "apim_gateway_url": {
      "value": "https://apim-public-700.azure-api.net",
      "type": "string"
    },
    "apim_management_url": {
      "value": "https://apim-public-700.management.azure-api.net",
      "type": "string"
    }
  },
  "resources": [
    {
      "mode": "managed",
      "type": "azurerm_api_management",
      "name": "apim",
      "provider": "provider[\"registry.terraform.io/hashicorp/azurerm\"]",
      "instances": [
        {
          "schema_version": 0,
          "attributes": {
            "additional_location": [],
            "certificate": [],
            "client_certificate_enabled": false,
            "delegation": [
              {
                "subscriptions_enabled": false,
                "url": "",
                "user_registration_enabled": false,
                "validation_key": ""
              }
            ],
            "developer_portal_url": "https://apim-public-700.developer.azure-api.net",
            "gateway_disabled": false,
            "gateway_regional_url": "https://apim-public-700-westeurope-01.regional.azure-api.net",
            "gateway_url": "https://apim-public-700.azure-api.net",
            "hostname_configuration": [
              {
                "developer_portal": [],
                "management": [],
                "portal": [],
                "proxy": [
                  {
                    "certificate": "",
                    "certificate_password": "",
                    "certificate_source": "BuiltIn",
                    "certificate_status": "",
                    "default_ssl_binding": true,
                    "expiry": "",
                    "host_name": "apim-public-700.azure-api.net",
                    "key_vault_id": "",
                    "negotiate_client_certificate": false,
                    "ssl_keyvault_identity_client_id": "",
                    "subject": "",
                    "thumbprint": ""
                  }
                ],
                "scm": []
              }
            ],
            "id": "/subscriptions/38977b70-47bf-4da5-a492-88712fce8725/resourceGroups/rg-apim-public-700/providers/Microsoft.ApiManagement/service/apim-public-700",
            "identity": [],
            "location": "westeurope",
            "management_api_url": "https://apim-public-700.management.azure-api.net",
            "min_api_version": "",
            "name": "apim-public-700",
            "notification_sender_email": "apimgmt-noreply@mail.windowsazure.com",
            "policy": [
              {
                "xml_content": "\u003c!--\r\n    IMPORTANT:\r\n    - Policy elements can appear only within the \u003cinbound\u003e, \u003coutbound\u003e, \u003cbackend\u003e section elements.\r\n    - Only the \u003cforward-request\u003e policy element can appear within the \u003cbackend\u003e section element.\r\n    - To apply a policy to the incoming request (before it is forwarded to the backend service), place a corresponding policy element within the \u003cinbound\u003e section element.\r\n    - To apply a policy to the outgoing response (before it is sent back to the caller), place a corresponding policy element within the \u003coutbound\u003e section element.\r\n    - To add a policy position the cursor at the desired insertion point and click on the round button associated with the policy.\r\n    - To remove a policy, delete the corresponding policy statement from the policy document.\r\n    - Policies are applied in the order of their appearance, from the top down.\r\n--\u003e\r\n\u003cpolicies\u003e\r\n\t\u003cinbound /\u003e\r\n\t\u003cbackend\u003e\r\n\t\t\u003cforward-request /\u003e\r\n\t\u003c/backend\u003e\r\n\t\u003coutbound /\u003e\r\n\u003c/policies\u003e",
                "xml_link": ""
              }
            ],
            "portal_url": "https://apim-public-700.portal.azure-api.net",
            "private_ip_addresses": [],
            "protocols": [
              {
                "enable_http2": false
              }
            ],
            "public_ip_address_id": "",
            "public_ip_addresses": [
              "108.142.50.140"
            ],
            "public_network_access_enabled": true,
            "publisher_email": "houssem.dellai@live.com",
            "publisher_name": "My Company",
            "resource_group_name": "rg-apim-public-700",
            "scm_url": "https://apim-public-700.scm.azure-api.net",
            "security": [
              {
                "enable_backend_ssl30": false,
                "enable_backend_tls10": false,
                "enable_backend_tls11": false,
                "enable_frontend_ssl30": false,
                "enable_frontend_tls10": false,
                "enable_frontend_tls11": false,
                "tls_ecdhe_ecdsa_with_aes128_cbc_sha_ciphers_enabled": false,
                "tls_ecdhe_ecdsa_with_aes256_cbc_sha_ciphers_enabled": false,
                "tls_ecdhe_rsa_with_aes128_cbc_sha_ciphers_enabled": false,
                "tls_ecdhe_rsa_with_aes256_cbc_sha_ciphers_enabled": false,
                "tls_rsa_with_aes128_cbc_sha256_ciphers_enabled": false,
                "tls_rsa_with_aes128_cbc_sha_ciphers_enabled": false,
                "tls_rsa_with_aes128_gcm_sha256_ciphers_enabled": false,
                "tls_rsa_with_aes256_cbc_sha256_ciphers_enabled": false,
                "tls_rsa_with_aes256_cbc_sha_ciphers_enabled": false,
                "tls_rsa_with_aes256_gcm_sha384_ciphers_enabled": false,
                "triple_des_ciphers_enabled": false
              }
            ],
            "sign_in": [
              {
                "enabled": false
              }
            ],
            "sign_up": [
              {
                "enabled": false,
                "terms_of_service": [
                  {
                    "consent_required": false,
                    "enabled": false,
                    "text": ""
                  }
                ]
              }
            ],
            "sku_name": "Developer_1",
            "tags": {},
            "tenant_access": [
              {
                "enabled": false,
                "primary_key": "HPvsplfbZJIaIYg8wf7pM4/wtl45Maqe2CIaU+BBzI7ya9uCVTQsHujc7GbWk0qwq7KRrUtmEXm++bfqfKxabA==",
                "secondary_key": "eYIknfZPs0Y3GXBUVmmwpC16rTfiSIr7Wfzgt3sVg9M4cwxgciHpoUVNDC5MOWztsF+BqX0lxsozYMYenagpnw==",
                "tenant_id": "/tenant/access"
              }
            ],
            "timeouts": null,
            "virtual_network_configuration": [],
            "virtual_network_type": "None",
            "zones": []
          },
          "sensitive_attributes": [],
          "private": "eyJlMmJmYjczMC1lY2FhLTExZTYtOGY4OC0zNDM2M2JjN2M0YzAiOnsiY3JlYXRlIjoxMDgwMDAwMDAwMDAwMCwiZGVsZXRlIjoxMDgwMDAwMDAwMDAwMCwicmVhZCI6MzAwMDAwMDAwMDAwLCJ1cGRhdGUiOjEwODAwMDAwMDAwMDAwfX0=",
          "dependencies": [
            "azurerm_resource_group.rg"
          ]
        }
      ]
    },
    {
      "mode": "managed",
      "type": "azurerm_api_management_api",
      "name": "api-conference",
      "provider": "provider[\"registry.terraform.io/hashicorp/azurerm\"]",
      "instances": [
        {
          "schema_version": 0,
          "attributes": {
            "api_management_name": "apim-public-700",
            "api_type": "http",
            "contact": [],
            "description": "",
            "display_name": "Conference API",
            "id": "/subscriptions/38977b70-47bf-4da5-a492-88712fce8725/resourceGroups/rg-apim-public-700/providers/Microsoft.ApiManagement/service/apim-public-700/apis/api-conference",
            "import": [
              {
                "content_format": "swagger-link-json",
                "content_value": "http://conferenceapi.azurewebsites.net/?format=json",
                "wsdl_selector": []
              }
            ],
            "is_current": true,
            "is_online": false,
            "license": [],
            "name": "api-conference",
            "oauth2_authorization": [],
            "openid_authentication": [],
            "path": "conference",
            "protocols": [
              "http",
              "https"
            ],
            "resource_group_name": "rg-apim-public-700",
            "revision": "1",
            "revision_description": "",
            "service_url": "https://conferenceapi.azurewebsites.net",
            "soap_pass_through": false,
            "source_api_id": null,
            "subscription_key_parameter_names": [
              {
                "header": "Ocp-Apim-Subscription-Key",
                "query": "subscription-key"
              }
            ],
            "subscription_required": true,
            "terms_of_service_url": "",
            "timeouts": null,
            "version": "",
            "version_description": "",
            "version_set_id": ""
          },
          "sensitive_attributes": [],
          "private": "eyJlMmJmYjczMC1lY2FhLTExZTYtOGY4OC0zNDM2M2JjN2M0YzAiOnsiY3JlYXRlIjoxODAwMDAwMDAwMDAwLCJkZWxldGUiOjE4MDAwMDAwMDAwMDAsInJlYWQiOjMwMDAwMDAwMDAwMCwidXBkYXRlIjoxODAwMDAwMDAwMDAwfX0=",
          "dependencies": [
            "azurerm_api_management.apim",
            "azurerm_resource_group.rg"
          ]
        }
      ]
    },
    {
      "mode": "managed",
      "type": "azurerm_api_management_api",
      "name": "api-mock",
      "provider": "provider[\"registry.terraform.io/hashicorp/azurerm\"]",
      "instances": [
        {
          "schema_version": 0,
          "attributes": {
            "api_management_name": "apim-public-700",
            "api_type": "http",
            "contact": [],
            "description": "",
            "display_name": "Mock API",
            "id": "/subscriptions/38977b70-47bf-4da5-a492-88712fce8725/resourceGroups/rg-apim-public-700/providers/Microsoft.ApiManagement/service/apim-public-700/apis/api-mock",
            "import": [],
            "is_current": true,
            "is_online": false,
            "license": [],
            "name": "api-mock",
            "oauth2_authorization": [],
            "openid_authentication": [],
            "path": "mock",
            "protocols": [
              "https"
            ],
            "resource_group_name": "rg-apim-public-700",
            "revision": "v1",
            "revision_description": "",
            "service_url": "",
            "soap_pass_through": false,
            "source_api_id": null,
            "subscription_key_parameter_names": [
              {
                "header": "Ocp-Apim-Subscription-Key",
                "query": "subscription-key"
              }
            ],
            "subscription_required": false,
            "terms_of_service_url": "",
            "timeouts": null,
            "version": "",
            "version_description": "",
            "version_set_id": ""
          },
          "sensitive_attributes": [],
          "private": "eyJlMmJmYjczMC1lY2FhLTExZTYtOGY4OC0zNDM2M2JjN2M0YzAiOnsiY3JlYXRlIjoxODAwMDAwMDAwMDAwLCJkZWxldGUiOjE4MDAwMDAwMDAwMDAsInJlYWQiOjMwMDAwMDAwMDAwMCwidXBkYXRlIjoxODAwMDAwMDAwMDAwfX0=",
          "dependencies": [
            "azurerm_api_management.apim",
            "azurerm_resource_group.rg"
          ]
        }
      ]
    },
    {
      "mode": "managed",
      "type": "azurerm_api_management_api",
      "name": "api-myip",
      "provider": "provider[\"registry.terraform.io/hashicorp/azurerm\"]",
      "instances": [
        {
          "schema_version": 0,
          "attributes": {
            "api_management_name": "apim-public-700",
            "api_type": "http",
            "contact": [],
            "description": "",
            "display_name": "MyIP API",
            "id": "/subscriptions/38977b70-47bf-4da5-a492-88712fce8725/resourceGroups/rg-apim-public-700/providers/Microsoft.ApiManagement/service/apim-public-700/apis/api-myip",
            "import": [],
            "is_current": true,
            "is_online": false,
            "license": [],
            "name": "api-myip",
            "oauth2_authorization": [],
            "openid_authentication": [],
            "path": "ip",
            "protocols": [
              "http",
              "https"
            ],
            "resource_group_name": "rg-apim-public-700",
            "revision": "1",
            "revision_description": "",
            "service_url": "https://ifconfig.me/ip",
            "soap_pass_through": false,
            "source_api_id": null,
            "subscription_key_parameter_names": [
              {
                "header": "Ocp-Apim-Subscription-Key",
                "query": "subscription-key"
              }
            ],
            "subscription_required": false,
            "terms_of_service_url": "",
            "timeouts": null,
            "version": "",
            "version_description": "",
            "version_set_id": ""
          },
          "sensitive_attributes": [],
          "private": "eyJlMmJmYjczMC1lY2FhLTExZTYtOGY4OC0zNDM2M2JjN2M0YzAiOnsiY3JlYXRlIjoxODAwMDAwMDAwMDAwLCJkZWxldGUiOjE4MDAwMDAwMDAwMDAsInJlYWQiOjMwMDAwMDAwMDAwMCwidXBkYXRlIjoxODAwMDAwMDAwMDAwfX0=",
          "dependencies": [
            "azurerm_api_management.apim",
            "azurerm_resource_group.rg"
          ]
        }
      ]
    },
    {
      "mode": "managed",
      "type": "azurerm_api_management_api_operation",
      "name": "operation-mock-get",
      "provider": "provider[\"registry.terraform.io/hashicorp/azurerm\"]",
      "instances": [
        {
          "schema_version": 0,
          "attributes": {
            "api_management_name": "apim-public-700",
            "api_name": "api-mock",
            "description": "GET returns sample JSON file.",
            "display_name": "Mock API GET",
            "id": "/subscriptions/38977b70-47bf-4da5-a492-88712fce8725/resourceGroups/rg-apim-public-700/providers/Microsoft.ApiManagement/service/apim-public-700/apis/api-mock/operations/api-mock-get",
            "method": "GET",
            "operation_id": "api-mock-get",
            "request": [
              {
                "description": "",
                "header": [],
                "query_parameter": [],
                "representation": []
              }
            ],
            "resource_group_name": "rg-apim-public-700",
            "response": [
              {
                "description": "",
                "header": [],
                "representation": [
                  {
                    "content_type": "application/json",
                    "example": [
                      {
                        "description": "",
                        "external_value": "",
                        "name": "default",
                        "summary": "",
                        "value": "{\r\n  \"title\": \"This is a mock API.\"\r\n  \"description\": \"This a Mock response from API Management.\"\r\n  \"purpose\": \"Mock API\"\r\n}\r\n"
                      }
                    ],
                    "form_parameter": [],
                    "schema_id": "",
                    "type_name": ""
                  }
                ],
                "status_code": 200
              }
            ],
            "template_parameter": [],
            "timeouts": null,
            "url_template": "/"
          },
          "sensitive_attributes": [],
          "private": "eyJlMmJmYjczMC1lY2FhLTExZTYtOGY4OC0zNDM2M2JjN2M0YzAiOnsiY3JlYXRlIjoxODAwMDAwMDAwMDAwLCJkZWxldGUiOjE4MDAwMDAwMDAwMDAsInJlYWQiOjMwMDAwMDAwMDAwMCwidXBkYXRlIjoxODAwMDAwMDAwMDAwfX0=",
          "dependencies": [
            "azurerm_api_management.apim",
            "azurerm_api_management_api.api-mock",
            "azurerm_resource_group.rg"
          ]
        }
      ]
    },
    {
      "mode": "managed",
      "type": "azurerm_api_management_api_operation",
      "name": "operation-myip-get",
      "provider": "provider[\"registry.terraform.io/hashicorp/azurerm\"]",
      "instances": [
        {
          "schema_version": 0,
          "attributes": {
            "api_management_name": "apim-public-700",
            "api_name": "api-myip",
            "description": "GET returns IP used by APIM for outbound traffic.",
            "display_name": "MyIP API GET",
            "id": "/subscriptions/38977b70-47bf-4da5-a492-88712fce8725/resourceGroups/rg-apim-public-700/providers/Microsoft.ApiManagement/service/apim-public-700/apis/api-myip/operations/api-myip-get",
            "method": "GET",
            "operation_id": "api-myip-get",
            "request": [
              {
                "description": "",
                "header": [],
                "query_parameter": [],
                "representation": []
              }
            ],
            "resource_group_name": "rg-apim-public-700",
            "response": [],
            "template_parameter": [],
            "timeouts": null,
            "url_template": "/"
          },
          "sensitive_attributes": [],
          "private": "eyJlMmJmYjczMC1lY2FhLTExZTYtOGY4OC0zNDM2M2JjN2M0YzAiOnsiY3JlYXRlIjoxODAwMDAwMDAwMDAwLCJkZWxldGUiOjE4MDAwMDAwMDAwMDAsInJlYWQiOjMwMDAwMDAwMDAwMCwidXBkYXRlIjoxODAwMDAwMDAwMDAwfX0=",
          "dependencies": [
            "azurerm_api_management.apim",
            "azurerm_api_management_api.api-myip",
            "azurerm_resource_group.rg"
          ]
        }
      ]
    },
    {
      "mode": "managed",
      "type": "azurerm_api_management_api_operation_policy",
      "name": "mock-get-policy",
      "provider": "provider[\"registry.terraform.io/hashicorp/azurerm\"]",
      "instances": [
        {
          "schema_version": 2,
          "attributes": {
            "api_management_name": "apim-public-700",
            "api_name": "api-mock",
            "id": "/subscriptions/38977b70-47bf-4da5-a492-88712fce8725/resourceGroups/rg-apim-public-700/providers/Microsoft.ApiManagement/service/apim-public-700/apis/api-mock/operations/api-mock-get",
            "operation_id": "api-mock-get",
            "resource_group_name": "rg-apim-public-700",
            "timeouts": null,
            "xml_content": "\u003cpolicies\u003e\r\n\t\u003cinbound\u003e\r\n\t\t\u003cbase /\u003e\r\n\t\t\u003cmock-response status-code=\"200\" content-type=\"application/json\" /\u003e\r\n\t\u003c/inbound\u003e\r\n\u003c/policies\u003e",
            "xml_link": null
          },
          "sensitive_attributes": [],
          "private": "eyJlMmJmYjczMC1lY2FhLTExZTYtOGY4OC0zNDM2M2JjN2M0YzAiOnsiY3JlYXRlIjoxODAwMDAwMDAwMDAwLCJkZWxldGUiOjE4MDAwMDAwMDAwMDAsInJlYWQiOjMwMDAwMDAwMDAwMCwidXBkYXRlIjoxODAwMDAwMDAwMDAwfSwic2NoZW1hX3ZlcnNpb24iOiIyIn0=",
          "dependencies": [
            "azurerm_api_management.apim",
            "azurerm_api_management_api.api-mock",
            "azurerm_api_management_api_operation.operation-mock-get",
            "azurerm_resource_group.rg"
          ]
        }
      ]
    },
    {
      "mode": "managed",
      "type": "azurerm_api_management_api_policy",
      "name": "api-conference-policy",
      "provider": "provider[\"registry.terraform.io/hashicorp/azurerm\"]",
      "instances": [
        {
          "schema_version": 2,
          "attributes": {
            "api_management_name": "apim-public-700",
            "api_name": "api-conference",
            "id": "/subscriptions/38977b70-47bf-4da5-a492-88712fce8725/resourceGroups/rg-apim-public-700/providers/Microsoft.ApiManagement/service/apim-public-700/apis/api-conference",
            "resource_group_name": "rg-apim-public-700",
            "timeouts": null,
            "xml_content": "\u003cpolicies\u003e\r\n\t\u003cinbound\u003e\r\n\t\t\u003crate-limit-by-key calls=\"3\" renewal-period=\"15\" counter-key=\"@(context.Subscription.Id)\" /\u003e\r\n\t\t\u003cbase /\u003e\r\n\t\u003c/inbound\u003e\r\n\t\u003cbackend\u003e\r\n\t\t\u003cbase /\u003e\r\n\t\u003c/backend\u003e\r\n\t\u003coutbound\u003e\r\n\t\t\u003cbase /\u003e\r\n\t\t\u003cset-header name=\"X-Powered-By\" exists-action=\"delete\" /\u003e\r\n\t\t\u003cset-header name=\"X-AspNet-Version\" exists-action=\"delete\" /\u003e\r\n\t\t\u003credirect-content-urls /\u003e\r\n\t\u003c/outbound\u003e\r\n\t\u003con-error\u003e\r\n\t\t\u003cbase /\u003e\r\n\t\u003c/on-error\u003e\r\n\u003c/policies\u003e",
            "xml_link": null
          },
          "sensitive_attributes": [],
          "private": "eyJlMmJmYjczMC1lY2FhLTExZTYtOGY4OC0zNDM2M2JjN2M0YzAiOnsiY3JlYXRlIjoxODAwMDAwMDAwMDAwLCJkZWxldGUiOjE4MDAwMDAwMDAwMDAsInJlYWQiOjMwMDAwMDAwMDAwMCwidXBkYXRlIjoxODAwMDAwMDAwMDAwfSwic2NoZW1hX3ZlcnNpb24iOiIyIn0=",
          "dependencies": [
            "azurerm_api_management.apim",
            "azurerm_api_management_api.api-conference",
            "azurerm_resource_group.rg"
          ]
        }
      ]
    },
    {
      "mode": "managed",
      "type": "azurerm_resource_group",
      "name": "rg",
      "provider": "provider[\"registry.terraform.io/hashicorp/azurerm\"]",
      "instances": [
        {
          "schema_version": 0,
          "attributes": {
            "id": "/subscriptions/38977b70-47bf-4da5-a492-88712fce8725/resourceGroups/rg-apim-public-700",
            "location": "westeurope",
            "managed_by": "",
            "name": "rg-apim-public-700",
            "tags": {},
            "timeouts": null
          },
          "sensitive_attributes": [],
          "private": "eyJlMmJmYjczMC1lY2FhLTExZTYtOGY4OC0zNDM2M2JjN2M0YzAiOnsiY3JlYXRlIjo1NDAwMDAwMDAwMDAwLCJkZWxldGUiOjU0MDAwMDAwMDAwMDAsInJlYWQiOjMwMDAwMDAwMDAwMCwidXBkYXRlIjo1NDAwMDAwMDAwMDAwfX0="
        }
      ]
    }
  ],
  "check_results": null
}
