{
  "version": 4,
  "terraform_version": "1.6.4",
  "serial": 23,
  "lineage": "96a583f4-acc2-284c-1e4b-d642e5e2719a",
  "outputs": {
    "pip-nat-gateway": {
      "value": "20.86.21.13",
      "type": "string"
    }
  },
  "resources": [
    {
      "mode": "managed",
      "type": "azurerm_bastion_host",
      "name": "bastion",
      "provider": "provider[\"registry.terraform.io/hashicorp/azurerm\"]",
      "instances": [
        {
          "schema_version": 0,
          "attributes": {
            "copy_paste_enabled": true,
            "dns_name": "bst-e50b78a2-e368-4683-9a5c-57d76d49afc2.bastion.azure.com",
            "file_copy_enabled": false,
            "id": "/subscriptions/38977b70-47bf-4da5-a492-88712fce8725/resourceGroups/rg-nat-gateway-610/providers/Microsoft.Network/bastionHosts/bastion",
            "ip_configuration": [
              {
                "name": "configuration",
                "public_ip_address_id": "/subscriptions/38977b70-47bf-4da5-a492-88712fce8725/resourceGroups/rg-nat-gateway-610/providers/Microsoft.Network/publicIPAddresses/pip-bastion",
                "subnet_id": "/subscriptions/38977b70-47bf-4da5-a492-88712fce8725/resourceGroups/rg-nat-gateway-610/providers/Microsoft.Network/virtualNetworks/vnet-app/subnets/AzureBastionSubnet"
              }
            ],
            "ip_connect_enabled": false,
            "location": "westeurope",
            "name": "bastion",
            "resource_group_name": "rg-nat-gateway-610",
            "scale_units": 2,
            "shareable_link_enabled": false,
            "sku": "Basic",
            "tags": null,
            "timeouts": null,
            "tunneling_enabled": false
          },
          "sensitive_attributes": [],
          "private": "eyJlMmJmYjczMC1lY2FhLTExZTYtOGY4OC0zNDM2M2JjN2M0YzAiOnsiY3JlYXRlIjoxODAwMDAwMDAwMDAwLCJkZWxldGUiOjE4MDAwMDAwMDAwMDAsInJlYWQiOjMwMDAwMDAwMDAwMCwidXBkYXRlIjoxODAwMDAwMDAwMDAwfX0=",
          "dependencies": [
            "azurerm_public_ip.pip-bastion",
            "azurerm_resource_group.rg",
            "azurerm_subnet.subnet-bastion",
            "azurerm_virtual_network.vnet-app"
          ]
        }
      ]
    },
    {
      "mode": "managed",
      "type": "azurerm_lb",
      "name": "lb-public",
      "provider": "provider[\"registry.terraform.io/hashicorp/azurerm\"]",
      "instances": [
        {
          "schema_version": 0,
          "attributes": {
            "edge_zone": "",
            "frontend_ip_configuration": [
              {
                "gateway_load_balancer_frontend_ip_configuration_id": "",
                "id": "/subscriptions/38977b70-47bf-4da5-a492-88712fce8725/resourceGroups/rg-nat-gateway-610/providers/Microsoft.Network/loadBalancers/load-balancer-app/frontendIPConfigurations/pip",
                "inbound_nat_rules": [],
                "load_balancer_rules": [],
                "name": "pip",
                "outbound_rules": [],
                "private_ip_address": "",
                "private_ip_address_allocation": "Dynamic",
                "private_ip_address_version": "",
                "public_ip_address_id": "/subscriptions/38977b70-47bf-4da5-a492-88712fce8725/resourceGroups/rg-nat-gateway-610/providers/Microsoft.Network/publicIPAddresses/pip-loadbalancer",
                "public_ip_prefix_id": "",
                "subnet_id": "",
                "zones": null
              }
            ],
            "id": "/subscriptions/38977b70-47bf-4da5-a492-88712fce8725/resourceGroups/rg-nat-gateway-610/providers/Microsoft.Network/loadBalancers/load-balancer-app",
            "location": "westeurope",
            "name": "load-balancer-app",
            "private_ip_address": "",
            "private_ip_addresses": [],
            "resource_group_name": "rg-nat-gateway-610",
            "sku": "Standard",
            "sku_tier": "Regional",
            "tags": null,
            "timeouts": null
          },
          "sensitive_attributes": [],
          "private": "eyJlMmJmYjczMC1lY2FhLTExZTYtOGY4OC0zNDM2M2JjN2M0YzAiOnsiY3JlYXRlIjoxODAwMDAwMDAwMDAwLCJkZWxldGUiOjE4MDAwMDAwMDAwMDAsInJlYWQiOjMwMDAwMDAwMDAwMCwidXBkYXRlIjoxODAwMDAwMDAwMDAwfX0=",
          "dependencies": [
            "azurerm_public_ip.pip-lb",
            "azurerm_resource_group.rg"
          ]
        }
      ]
    },
    {
      "mode": "managed",
      "type": "azurerm_lb_backend_address_pool",
      "name": "backend-pool",
      "provider": "provider[\"registry.terraform.io/hashicorp/azurerm\"]",
      "instances": [
        {
          "schema_version": 0,
          "attributes": {
            "backend_ip_configurations": [],
            "id": "/subscriptions/38977b70-47bf-4da5-a492-88712fce8725/resourceGroups/rg-nat-gateway-610/providers/Microsoft.Network/loadBalancers/load-balancer-app/backendAddressPools/backend-pool",
            "inbound_nat_rules": [],
            "load_balancing_rules": [],
            "loadbalancer_id": "/subscriptions/38977b70-47bf-4da5-a492-88712fce8725/resourceGroups/rg-nat-gateway-610/providers/Microsoft.Network/loadBalancers/load-balancer-app",
            "name": "backend-pool",
            "outbound_rules": [],
            "timeouts": null,
            "tunnel_interface": [],
            "virtual_network_id": ""
          },
          "sensitive_attributes": [],
          "private": "eyJlMmJmYjczMC1lY2FhLTExZTYtOGY4OC0zNDM2M2JjN2M0YzAiOnsiY3JlYXRlIjoxODAwMDAwMDAwMDAwLCJkZWxldGUiOjE4MDAwMDAwMDAwMDAsInJlYWQiOjMwMDAwMDAwMDAwMCwidXBkYXRlIjoxODAwMDAwMDAwMDAwfX0=",
          "dependencies": [
            "azurerm_lb.lb-public",
            "azurerm_public_ip.pip-lb",
            "azurerm_resource_group.rg"
          ]
        }
      ]
    },
    {
      "mode": "managed",
      "type": "azurerm_lb_outbound_rule",
      "name": "outbound-rule",
      "provider": "provider[\"registry.terraform.io/hashicorp/azurerm\"]",
      "instances": [
        {
          "schema_version": 0,
          "attributes": {
            "allocated_outbound_ports": 1024,
            "backend_address_pool_id": "/subscriptions/38977b70-47bf-4da5-a492-88712fce8725/resourceGroups/rg-nat-gateway-610/providers/Microsoft.Network/loadBalancers/load-balancer-app/backendAddressPools/backend-pool",
            "enable_tcp_reset": false,
            "frontend_ip_configuration": [
              {
                "id": "/subscriptions/38977b70-47bf-4da5-a492-88712fce8725/resourceGroups/rg-nat-gateway-610/providers/Microsoft.Network/loadBalancers/load-balancer-app/frontendIPConfigurations/pip",
                "name": "pip"
              }
            ],
            "id": "/subscriptions/38977b70-47bf-4da5-a492-88712fce8725/resourceGroups/rg-nat-gateway-610/providers/Microsoft.Network/loadBalancers/load-balancer-app/outboundRules/OutboundRule",
            "idle_timeout_in_minutes": 4,
            "loadbalancer_id": "/subscriptions/38977b70-47bf-4da5-a492-88712fce8725/resourceGroups/rg-nat-gateway-610/providers/Microsoft.Network/loadBalancers/load-balancer-app",
            "name": "OutboundRule",
            "protocol": "All",
            "timeouts": null
          },
          "sensitive_attributes": [],
          "private": "eyJlMmJmYjczMC1lY2FhLTExZTYtOGY4OC0zNDM2M2JjN2M0YzAiOnsiY3JlYXRlIjoxODAwMDAwMDAwMDAwLCJkZWxldGUiOjE4MDAwMDAwMDAwMDAsInJlYWQiOjMwMDAwMDAwMDAwMCwidXBkYXRlIjoxODAwMDAwMDAwMDAwfX0=",
          "dependencies": [
            "azurerm_lb.lb-public",
            "azurerm_lb_backend_address_pool.backend-pool",
            "azurerm_public_ip.pip-lb",
            "azurerm_resource_group.rg"
          ]
        }
      ]
    },
    {
      "mode": "managed",
      "type": "azurerm_lb_probe",
      "name": "probe-http",
      "provider": "provider[\"registry.terraform.io/hashicorp/azurerm\"]",
      "instances": [
        {
          "schema_version": 0,
          "attributes": {
            "id": "/subscriptions/38977b70-47bf-4da5-a492-88712fce8725/resourceGroups/rg-nat-gateway-610/providers/Microsoft.Network/loadBalancers/load-balancer-app/probes/probe-http",
            "interval_in_seconds": 5,
            "load_balancer_rules": [],
            "loadbalancer_id": "/subscriptions/38977b70-47bf-4da5-a492-88712fce8725/resourceGroups/rg-nat-gateway-610/providers/Microsoft.Network/loadBalancers/load-balancer-app",
            "name": "probe-http",
            "number_of_probes": 2,
            "port": 80,
            "probe_threshold": 1,
            "protocol": "Http",
            "request_path": "/",
            "timeouts": null
          },
          "sensitive_attributes": [],
          "private": "eyJlMmJmYjczMC1lY2FhLTExZTYtOGY4OC0zNDM2M2JjN2M0YzAiOnsiY3JlYXRlIjoxODAwMDAwMDAwMDAwLCJkZWxldGUiOjE4MDAwMDAwMDAwMDAsInJlYWQiOjMwMDAwMDAwMDAwMCwidXBkYXRlIjoxODAwMDAwMDAwMDAwfX0=",
          "dependencies": [
            "azurerm_lb.lb-public",
            "azurerm_public_ip.pip-lb",
            "azurerm_resource_group.rg"
          ]
        }
      ]
    },
    {
      "mode": "managed",
      "type": "azurerm_lb_rule",
      "name": "lb-rule",
      "provider": "provider[\"registry.terraform.io/hashicorp/azurerm\"]",
      "instances": [
        {
          "schema_version": 0,
          "attributes": {
            "backend_address_pool_ids": [
              "/subscriptions/38977b70-47bf-4da5-a492-88712fce8725/resourceGroups/rg-nat-gateway-610/providers/Microsoft.Network/loadBalancers/load-balancer-app/backendAddressPools/backend-pool"
            ],
            "backend_port": 80,
            "disable_outbound_snat": true,
            "enable_floating_ip": false,
            "enable_tcp_reset": false,
            "frontend_ip_configuration_id": "/subscriptions/38977b70-47bf-4da5-a492-88712fce8725/resourceGroups/rg-nat-gateway-610/providers/Microsoft.Network/loadBalancers/load-balancer-app/frontendIPConfigurations/pip",
            "frontend_ip_configuration_name": "pip",
            "frontend_port": 80,
            "id": "/subscriptions/38977b70-47bf-4da5-a492-88712fce8725/resourceGroups/rg-nat-gateway-610/providers/Microsoft.Network/loadBalancers/load-balancer-app/loadBalancingRules/lb-rule",
            "idle_timeout_in_minutes": 4,
            "load_distribution": "Default",
            "loadbalancer_id": "/subscriptions/38977b70-47bf-4da5-a492-88712fce8725/resourceGroups/rg-nat-gateway-610/providers/Microsoft.Network/loadBalancers/load-balancer-app",
            "name": "lb-rule",
            "probe_id": "/subscriptions/38977b70-47bf-4da5-a492-88712fce8725/resourceGroups/rg-nat-gateway-610/providers/Microsoft.Network/loadBalancers/load-balancer-app/probes/probe-http",
            "protocol": "Tcp",
            "timeouts": null
          },
          "sensitive_attributes": [],
          "private": "eyJlMmJmYjczMC1lY2FhLTExZTYtOGY4OC0zNDM2M2JjN2M0YzAiOnsiY3JlYXRlIjoxODAwMDAwMDAwMDAwLCJkZWxldGUiOjE4MDAwMDAwMDAwMDAsInJlYWQiOjMwMDAwMDAwMDAwMCwidXBkYXRlIjoxODAwMDAwMDAwMDAwfX0=",
          "dependencies": [
            "azurerm_lb.lb-public",
            "azurerm_lb_backend_address_pool.backend-pool",
            "azurerm_lb_probe.probe-http",
            "azurerm_public_ip.pip-lb",
            "azurerm_resource_group.rg"
          ]
        }
      ]
    },
    {
      "mode": "managed",
      "type": "azurerm_linux_virtual_machine_scale_set",
      "name": "vmss",
      "provider": "provider[\"registry.terraform.io/hashicorp/azurerm\"]",
      "instances": [
        {
          "schema_version": 0,
          "attributes": {
            "additional_capabilities": [],
            "admin_password": "@Aa123456789",
            "admin_ssh_key": [],
            "admin_username": "azureuser",
            "automatic_instance_repair": [
              {
                "enabled": false,
                "grace_period": "PT30M"
              }
            ],
            "automatic_os_upgrade_policy": [],
            "boot_diagnostics": [],
            "capacity_reservation_group_id": "",
            "computer_name_prefix": "vmss-app",
            "custom_data": "IyEvYmluL2Jhc2gKCnN1ZG8gYXB0IC1xcSB1cGRhdGUKCnN1ZG8gYXB0IC1xcSBpbnN0YWxsIG5naW54IC15CgpJUD0kKGhvc3RuYW1lIC1pKQoKZWNobyAiSGVsbG8gZnJvbSB2aXJ0dWFsIG1hY2hpbmU6ICRIT1NUTkFNRSwgd2l0aCBJUCBhZGRyZXNzOiAkSVAiID4gL3Zhci93d3cvaHRtbC9pbmRleC5odG1s",
            "data_disk": [],
            "disable_password_authentication": false,
            "do_not_run_extensions_on_overprovisioned_machines": false,
            "edge_zone": "",
            "encryption_at_host_enabled": false,
            "eviction_policy": "",
            "extension": [],
            "extension_operations_enabled": true,
            "extensions_time_budget": "PT1H30M",
            "gallery_application": null,
            "gallery_applications": null,
            "health_probe_id": "",
            "host_group_id": null,
            "id": "/subscriptions/38977b70-47bf-4da5-a492-88712fce8725/resourceGroups/rg-nat-gateway-610/providers/Microsoft.Compute/virtualMachineScaleSets/vmss-app",
            "identity": [],
            "instances": 3,
            "location": "westeurope",
            "max_bid_price": -1,
            "name": "vmss-app",
            "network_interface": [
              {
                "dns_servers": null,
                "enable_accelerated_networking": false,
                "enable_ip_forwarding": false,
                "ip_configuration": [
                  {
                    "application_gateway_backend_address_pool_ids": null,
                    "application_security_group_ids": null,
                    "load_balancer_backend_address_pool_ids": [
                      "/subscriptions/38977b70-47bf-4da5-a492-88712fce8725/resourceGroups/rg-nat-gateway-610/providers/Microsoft.Network/loadBalancers/load-balancer-app/backendAddressPools/backend-pool"
                    ],
                    "load_balancer_inbound_nat_rules_ids": null,
                    "name": "internal",
                    "primary": true,
                    "public_ip_address": [],
                    "subnet_id": "/subscriptions/38977b70-47bf-4da5-a492-88712fce8725/resourceGroups/rg-nat-gateway-610/providers/Microsoft.Network/virtualNetworks/vnet-app/subnets/subnet-app",
                    "version": "IPv4"
                  }
                ],
                "name": "nic-vmss",
                "network_security_group_id": "",
                "primary": true
              }
            ],
            "os_disk": [
              {
                "caching": "ReadWrite",
                "diff_disk_settings": [],
                "disk_encryption_set_id": "",
                "disk_size_gb": 30,
                "secure_vm_disk_encryption_set_id": "",
                "security_encryption_type": "",
                "storage_account_type": "Standard_LRS",
                "write_accelerator_enabled": false
              }
            ],
            "overprovision": true,
            "plan": [],
            "platform_fault_domain_count": 5,
            "priority": "Regular",
            "provision_vm_agent": true,
            "proximity_placement_group_id": "",
            "resource_group_name": "rg-nat-gateway-610",
            "rolling_upgrade_policy": [],
            "scale_in": [
              {
                "force_deletion_enabled": false,
                "rule": "Default"
              }
            ],
            "scale_in_policy": "Default",
            "secret": [],
            "secure_boot_enabled": false,
            "single_placement_group": true,
            "sku": "Standard_B2als_v2",
            "source_image_id": "",
            "source_image_reference": [
              {
                "offer": "0001-com-ubuntu-server-jammy",
                "publisher": "Canonical",
                "sku": "22_04-lts",
                "version": "latest"
              }
            ],
            "spot_restore": null,
            "tags": null,
            "terminate_notification": null,
            "termination_notification": null,
            "timeouts": null,
            "unique_id": "0a137816-55e6-4210-b23f-3b9d1b6d4afb",
            "upgrade_mode": "Manual",
            "user_data": "",
            "vtpm_enabled": false,
            "zone_balance": false,
            "zones": [
              "1",
              "2",
              "3"
            ]
          },
          "sensitive_attributes": [],
          "private": "eyJlMmJmYjczMC1lY2FhLTExZTYtOGY4OC0zNDM2M2JjN2M0YzAiOnsiY3JlYXRlIjozNjAwMDAwMDAwMDAwLCJkZWxldGUiOjM2MDAwMDAwMDAwMDAsInJlYWQiOjMwMDAwMDAwMDAwMCwidXBkYXRlIjozNjAwMDAwMDAwMDAwfX0=",
          "dependencies": [
            "azurerm_lb.lb-public",
            "azurerm_lb_backend_address_pool.backend-pool",
            "azurerm_public_ip.pip-lb",
            "azurerm_resource_group.rg",
            "azurerm_subnet.subnet-app",
            "azurerm_virtual_network.vnet-app"
          ]
        }
      ]
    },
    {
      "mode": "managed",
      "type": "azurerm_nat_gateway",
      "name": "nat-gateway",
      "provider": "provider[\"registry.terraform.io/hashicorp/azurerm\"]",
      "instances": [
        {
          "schema_version": 0,
          "attributes": {
            "id": "/subscriptions/38977b70-47bf-4da5-a492-88712fce8725/resourceGroups/rg-nat-gateway-610/providers/Microsoft.Network/natGateways/nat-gateway",
            "idle_timeout_in_minutes": 10,
            "location": "westeurope",
            "name": "nat-gateway",
            "resource_group_name": "rg-nat-gateway-610",
            "resource_guid": "76d664aa-0ee2-4098-8298-64758ffebc50",
            "sku_name": "Standard",
            "tags": null,
            "timeouts": null,
            "zones": [
              "1"
            ]
          },
          "sensitive_attributes": [],
          "private": "eyJlMmJmYjczMC1lY2FhLTExZTYtOGY4OC0zNDM2M2JjN2M0YzAiOnsiY3JlYXRlIjozNjAwMDAwMDAwMDAwLCJkZWxldGUiOjM2MDAwMDAwMDAwMDAsInJlYWQiOjMwMDAwMDAwMDAwMCwidXBkYXRlIjozNjAwMDAwMDAwMDAwfX0=",
          "dependencies": [
            "azurerm_resource_group.rg"
          ]
        }
      ]
    },
    {
      "mode": "managed",
      "type": "azurerm_nat_gateway_public_ip_association",
      "name": "natgw-pip-association",
      "provider": "provider[\"registry.terraform.io/hashicorp/azurerm\"]",
      "instances": [
        {
          "schema_version": 0,
          "attributes": {
            "id": "/subscriptions/38977b70-47bf-4da5-a492-88712fce8725/resourceGroups/rg-nat-gateway-610/providers/Microsoft.Network/natGateways/nat-gateway|/subscriptions/38977b70-47bf-4da5-a492-88712fce8725/resourceGroups/rg-nat-gateway-610/providers/Microsoft.Network/publicIPAddresses/pip-nat-gateway",
            "nat_gateway_id": "/subscriptions/38977b70-47bf-4da5-a492-88712fce8725/resourceGroups/rg-nat-gateway-610/providers/Microsoft.Network/natGateways/nat-gateway",
            "public_ip_address_id": "/subscriptions/38977b70-47bf-4da5-a492-88712fce8725/resourceGroups/rg-nat-gateway-610/providers/Microsoft.Network/publicIPAddresses/pip-nat-gateway",
            "timeouts": null
          },
          "sensitive_attributes": [],
          "private": "eyJlMmJmYjczMC1lY2FhLTExZTYtOGY4OC0zNDM2M2JjN2M0YzAiOnsiY3JlYXRlIjoxODAwMDAwMDAwMDAwLCJkZWxldGUiOjE4MDAwMDAwMDAwMDAsInJlYWQiOjMwMDAwMDAwMDAwMH19",
          "dependencies": [
            "azurerm_nat_gateway.nat-gateway",
            "azurerm_public_ip.pip-nat-gateway",
            "azurerm_resource_group.rg"
          ]
        }
      ]
    },
    {
      "mode": "managed",
      "type": "azurerm_nat_gateway_public_ip_prefix_association",
      "name": "natgw-pip-prefix-association",
      "provider": "provider[\"registry.terraform.io/hashicorp/azurerm\"]",
      "instances": [
        {
          "schema_version": 0,
          "attributes": {
            "id": "/subscriptions/38977b70-47bf-4da5-a492-88712fce8725/resourceGroups/rg-nat-gateway-610/providers/Microsoft.Network/natGateways/nat-gateway|/subscriptions/38977b70-47bf-4da5-a492-88712fce8725/resourceGroups/rg-nat-gateway-610/providers/Microsoft.Network/publicIPPrefixes/pip-prefix-nat-gateway",
            "nat_gateway_id": "/subscriptions/38977b70-47bf-4da5-a492-88712fce8725/resourceGroups/rg-nat-gateway-610/providers/Microsoft.Network/natGateways/nat-gateway",
            "public_ip_prefix_id": "/subscriptions/38977b70-47bf-4da5-a492-88712fce8725/resourceGroups/rg-nat-gateway-610/providers/Microsoft.Network/publicIPPrefixes/pip-prefix-nat-gateway",
            "timeouts": null
          },
          "sensitive_attributes": [],
          "private": "eyJlMmJmYjczMC1lY2FhLTExZTYtOGY4OC0zNDM2M2JjN2M0YzAiOnsiY3JlYXRlIjoxODAwMDAwMDAwMDAwLCJkZWxldGUiOjE4MDAwMDAwMDAwMDAsInJlYWQiOjMwMDAwMDAwMDAwMH19",
          "dependencies": [
            "azurerm_nat_gateway.nat-gateway",
            "azurerm_public_ip_prefix.pip-prefix-nat-gateway",
            "azurerm_resource_group.rg"
          ]
        }
      ]
    },
    {
      "mode": "managed",
      "type": "azurerm_network_security_group",
      "name": "nsg",
      "provider": "provider[\"registry.terraform.io/hashicorp/azurerm\"]",
      "instances": [
        {
          "schema_version": 0,
          "attributes": {
            "id": "/subscriptions/38977b70-47bf-4da5-a492-88712fce8725/resourceGroups/rg-nat-gateway-610/providers/Microsoft.Network/networkSecurityGroups/nsg-subnet-app",
            "location": "westeurope",
            "name": "nsg-subnet-app",
            "resource_group_name": "rg-nat-gateway-610",
            "security_rule": [],
            "tags": null,
            "timeouts": null
          },
          "sensitive_attributes": [],
          "private": "eyJlMmJmYjczMC1lY2FhLTExZTYtOGY4OC0zNDM2M2JjN2M0YzAiOnsiY3JlYXRlIjoxODAwMDAwMDAwMDAwLCJkZWxldGUiOjE4MDAwMDAwMDAwMDAsInJlYWQiOjMwMDAwMDAwMDAwMCwidXBkYXRlIjoxODAwMDAwMDAwMDAwfX0=",
          "dependencies": [
            "azurerm_resource_group.rg"
          ]
        }
      ]
    },
    {
      "mode": "managed",
      "type": "azurerm_network_security_rule",
      "name": "rule-allow-http",
      "provider": "provider[\"registry.terraform.io/hashicorp/azurerm\"]",
      "instances": [
        {
          "schema_version": 0,
          "attributes": {
            "access": "Allow",
            "description": "",
            "destination_address_prefix": "",
            "destination_address_prefixes": [
              "10.0.0.0/24"
            ],
            "destination_application_security_group_ids": null,
            "destination_port_range": "80",
            "destination_port_ranges": null,
            "direction": "Inbound",
            "id": "/subscriptions/38977b70-47bf-4da5-a492-88712fce8725/resourceGroups/rg-nat-gateway-610/providers/Microsoft.Network/networkSecurityGroups/nsg-subnet-app/securityRules/rule-allow-http",
            "name": "rule-allow-http",
            "network_security_group_name": "nsg-subnet-app",
            "priority": 1000,
            "protocol": "Tcp",
            "resource_group_name": "rg-nat-gateway-610",
            "source_address_prefix": "Internet",
            "source_address_prefixes": null,
            "source_application_security_group_ids": null,
            "source_port_range": "*",
            "source_port_ranges": null,
            "timeouts": null
          },
          "sensitive_attributes": [],
          "private": "eyJlMmJmYjczMC1lY2FhLTExZTYtOGY4OC0zNDM2M2JjN2M0YzAiOnsiY3JlYXRlIjoxODAwMDAwMDAwMDAwLCJkZWxldGUiOjE4MDAwMDAwMDAwMDAsInJlYWQiOjMwMDAwMDAwMDAwMCwidXBkYXRlIjoxODAwMDAwMDAwMDAwfX0=",
          "dependencies": [
            "azurerm_network_security_group.nsg",
            "azurerm_resource_group.rg",
            "azurerm_subnet.subnet-app",
            "azurerm_virtual_network.vnet-app"
          ]
        }
      ]
    },
    {
      "mode": "managed",
      "type": "azurerm_public_ip",
      "name": "pip-bastion",
      "provider": "provider[\"registry.terraform.io/hashicorp/azurerm\"]",
      "instances": [
        {
          "schema_version": 0,
          "attributes": {
            "allocation_method": "Static",
            "ddos_protection_mode": "VirtualNetworkInherited",
            "ddos_protection_plan_id": null,
            "domain_name_label": null,
            "edge_zone": "",
            "fqdn": null,
            "id": "/subscriptions/38977b70-47bf-4da5-a492-88712fce8725/resourceGroups/rg-nat-gateway-610/providers/Microsoft.Network/publicIPAddresses/pip-bastion",
            "idle_timeout_in_minutes": 4,
            "ip_address": "20.8.99.26",
            "ip_tags": null,
            "ip_version": "IPv4",
            "location": "westeurope",
            "name": "pip-bastion",
            "public_ip_prefix_id": null,
            "resource_group_name": "rg-nat-gateway-610",
            "reverse_fqdn": null,
            "sku": "Standard",
            "sku_tier": "Regional",
            "tags": null,
            "timeouts": null,
            "zones": null
          },
          "sensitive_attributes": [],
          "private": "eyJlMmJmYjczMC1lY2FhLTExZTYtOGY4OC0zNDM2M2JjN2M0YzAiOnsiY3JlYXRlIjoxODAwMDAwMDAwMDAwLCJkZWxldGUiOjE4MDAwMDAwMDAwMDAsInJlYWQiOjMwMDAwMDAwMDAwMCwidXBkYXRlIjoxODAwMDAwMDAwMDAwfX0=",
          "dependencies": [
            "azurerm_resource_group.rg"
          ]
        }
      ]
    },
    {
      "mode": "managed",
      "type": "azurerm_public_ip",
      "name": "pip-lb",
      "provider": "provider[\"registry.terraform.io/hashicorp/azurerm\"]",
      "instances": [
        {
          "schema_version": 0,
          "attributes": {
            "allocation_method": "Static",
            "ddos_protection_mode": "VirtualNetworkInherited",
            "ddos_protection_plan_id": null,
            "domain_name_label": null,
            "edge_zone": "",
            "fqdn": null,
            "id": "/subscriptions/38977b70-47bf-4da5-a492-88712fce8725/resourceGroups/rg-nat-gateway-610/providers/Microsoft.Network/publicIPAddresses/pip-loadbalancer",
            "idle_timeout_in_minutes": 4,
            "ip_address": "108.141.202.104",
            "ip_tags": null,
            "ip_version": "IPv4",
            "location": "westeurope",
            "name": "pip-loadbalancer",
            "public_ip_prefix_id": null,
            "resource_group_name": "rg-nat-gateway-610",
            "reverse_fqdn": null,
            "sku": "Standard",
            "sku_tier": "Regional",
            "tags": null,
            "timeouts": null,
            "zones": [
              "1",
              "2",
              "3"
            ]
          },
          "sensitive_attributes": [],
          "private": "eyJlMmJmYjczMC1lY2FhLTExZTYtOGY4OC0zNDM2M2JjN2M0YzAiOnsiY3JlYXRlIjoxODAwMDAwMDAwMDAwLCJkZWxldGUiOjE4MDAwMDAwMDAwMDAsInJlYWQiOjMwMDAwMDAwMDAwMCwidXBkYXRlIjoxODAwMDAwMDAwMDAwfX0=",
          "dependencies": [
            "azurerm_resource_group.rg"
          ]
        }
      ]
    },
    {
      "mode": "managed",
      "type": "azurerm_public_ip",
      "name": "pip-nat-gateway",
      "provider": "provider[\"registry.terraform.io/hashicorp/azurerm\"]",
      "instances": [
        {
          "schema_version": 0,
          "attributes": {
            "allocation_method": "Static",
            "ddos_protection_mode": "VirtualNetworkInherited",
            "ddos_protection_plan_id": null,
            "domain_name_label": null,
            "edge_zone": "",
            "fqdn": null,
            "id": "/subscriptions/38977b70-47bf-4da5-a492-88712fce8725/resourceGroups/rg-nat-gateway-610/providers/Microsoft.Network/publicIPAddresses/pip-nat-gateway",
            "idle_timeout_in_minutes": 4,
            "ip_address": "20.86.21.13",
            "ip_tags": null,
            "ip_version": "IPv4",
            "location": "westeurope",
            "name": "pip-nat-gateway",
            "public_ip_prefix_id": null,
            "resource_group_name": "rg-nat-gateway-610",
            "reverse_fqdn": null,
            "sku": "Standard",
            "sku_tier": "Regional",
            "tags": null,
            "timeouts": null,
            "zones": [
              "1"
            ]
          },
          "sensitive_attributes": [],
          "private": "eyJlMmJmYjczMC1lY2FhLTExZTYtOGY4OC0zNDM2M2JjN2M0YzAiOnsiY3JlYXRlIjoxODAwMDAwMDAwMDAwLCJkZWxldGUiOjE4MDAwMDAwMDAwMDAsInJlYWQiOjMwMDAwMDAwMDAwMCwidXBkYXRlIjoxODAwMDAwMDAwMDAwfX0=",
          "dependencies": [
            "azurerm_resource_group.rg"
          ]
        }
      ]
    },
    {
      "mode": "managed",
      "type": "azurerm_public_ip_prefix",
      "name": "pip-prefix-nat-gateway",
      "provider": "provider[\"registry.terraform.io/hashicorp/azurerm\"]",
      "instances": [
        {
          "schema_version": 0,
          "attributes": {
            "id": "/subscriptions/38977b70-47bf-4da5-a492-88712fce8725/resourceGroups/rg-nat-gateway-610/providers/Microsoft.Network/publicIPPrefixes/pip-prefix-nat-gateway",
            "ip_prefix": "172.205.163.224/29",
            "ip_version": "IPv4",
            "location": "westeurope",
            "name": "pip-prefix-nat-gateway",
            "prefix_length": 29,
            "resource_group_name": "rg-nat-gateway-610",
            "sku": "Standard",
            "tags": null,
            "timeouts": null,
            "zones": [
              "1"
            ]
          },
          "sensitive_attributes": [],
          "private": "eyJlMmJmYjczMC1lY2FhLTExZTYtOGY4OC0zNDM2M2JjN2M0YzAiOnsiY3JlYXRlIjoxODAwMDAwMDAwMDAwLCJkZWxldGUiOjE4MDAwMDAwMDAwMDAsInJlYWQiOjMwMDAwMDAwMDAwMCwidXBkYXRlIjoxODAwMDAwMDAwMDAwfX0=",
          "dependencies": [
            "azurerm_resource_group.rg"
          ]
        }
      ]
    },
    {
      "mode": "managed",
      "type": "azurerm_resource_group",
      "name": "rg",
      "provider": "provider[\"registry.terraform.io/hashicorp/azurerm\"]",
      "instances": [
        {
          "schema_version": 0,
          "attributes": {
            "id": "/subscriptions/38977b70-47bf-4da5-a492-88712fce8725/resourceGroups/rg-nat-gateway-610",
            "location": "westeurope",
            "managed_by": "",
            "name": "rg-nat-gateway-610",
            "tags": null,
            "timeouts": null
          },
          "sensitive_attributes": [],
          "private": "eyJlMmJmYjczMC1lY2FhLTExZTYtOGY4OC0zNDM2M2JjN2M0YzAiOnsiY3JlYXRlIjo1NDAwMDAwMDAwMDAwLCJkZWxldGUiOjU0MDAwMDAwMDAwMDAsInJlYWQiOjMwMDAwMDAwMDAwMCwidXBkYXRlIjo1NDAwMDAwMDAwMDAwfX0="
        }
      ]
    },
    {
      "mode": "managed",
      "type": "azurerm_subnet",
      "name": "subnet-app",
      "provider": "provider[\"registry.terraform.io/hashicorp/azurerm\"]",
      "instances": [
        {
          "schema_version": 0,
          "attributes": {
            "address_prefixes": [
              "10.0.0.0/24"
            ],
            "delegation": [],
            "enforce_private_link_endpoint_network_policies": false,
            "enforce_private_link_service_network_policies": false,
            "id": "/subscriptions/38977b70-47bf-4da5-a492-88712fce8725/resourceGroups/rg-nat-gateway-610/providers/Microsoft.Network/virtualNetworks/vnet-app/subnets/subnet-app",
            "name": "subnet-app",
            "private_endpoint_network_policies_enabled": true,
            "private_link_service_network_policies_enabled": true,
            "resource_group_name": "rg-nat-gateway-610",
            "service_endpoint_policy_ids": null,
            "service_endpoints": null,
            "timeouts": null,
            "virtual_network_name": "vnet-app"
          },
          "sensitive_attributes": [],
          "private": "eyJlMmJmYjczMC1lY2FhLTExZTYtOGY4OC0zNDM2M2JjN2M0YzAiOnsiY3JlYXRlIjoxODAwMDAwMDAwMDAwLCJkZWxldGUiOjE4MDAwMDAwMDAwMDAsInJlYWQiOjMwMDAwMDAwMDAwMCwidXBkYXRlIjoxODAwMDAwMDAwMDAwfX0=",
          "dependencies": [
            "azurerm_resource_group.rg",
            "azurerm_virtual_network.vnet-app"
          ]
        }
      ]
    },
    {
      "mode": "managed",
      "type": "azurerm_subnet",
      "name": "subnet-bastion",
      "provider": "provider[\"registry.terraform.io/hashicorp/azurerm\"]",
      "instances": [
        {
          "schema_version": 0,
          "attributes": {
            "address_prefixes": [
              "10.0.1.0/24"
            ],
            "delegation": [],
            "enforce_private_link_endpoint_network_policies": false,
            "enforce_private_link_service_network_policies": false,
            "id": "/subscriptions/38977b70-47bf-4da5-a492-88712fce8725/resourceGroups/rg-nat-gateway-610/providers/Microsoft.Network/virtualNetworks/vnet-app/subnets/AzureBastionSubnet",
            "name": "AzureBastionSubnet",
            "private_endpoint_network_policies_enabled": true,
            "private_link_service_network_policies_enabled": true,
            "resource_group_name": "rg-nat-gateway-610",
            "service_endpoint_policy_ids": null,
            "service_endpoints": null,
            "timeouts": null,
            "virtual_network_name": "vnet-app"
          },
          "sensitive_attributes": [],
          "private": "eyJlMmJmYjczMC1lY2FhLTExZTYtOGY4OC0zNDM2M2JjN2M0YzAiOnsiY3JlYXRlIjoxODAwMDAwMDAwMDAwLCJkZWxldGUiOjE4MDAwMDAwMDAwMDAsInJlYWQiOjMwMDAwMDAwMDAwMCwidXBkYXRlIjoxODAwMDAwMDAwMDAwfX0=",
          "dependencies": [
            "azurerm_resource_group.rg",
            "azurerm_virtual_network.vnet-app"
          ]
        }
      ]
    },
    {
      "mode": "managed",
      "type": "azurerm_subnet_nat_gateway_association",
      "name": "association",
      "provider": "provider[\"registry.terraform.io/hashicorp/azurerm\"]",
      "instances": [
        {
          "schema_version": 0,
          "attributes": {
            "id": "/subscriptions/38977b70-47bf-4da5-a492-88712fce8725/resourceGroups/rg-nat-gateway-610/providers/Microsoft.Network/virtualNetworks/vnet-app/subnets/subnet-app",
            "nat_gateway_id": "/subscriptions/38977b70-47bf-4da5-a492-88712fce8725/resourceGroups/rg-nat-gateway-610/providers/Microsoft.Network/natGateways/nat-gateway",
            "subnet_id": "/subscriptions/38977b70-47bf-4da5-a492-88712fce8725/resourceGroups/rg-nat-gateway-610/providers/Microsoft.Network/virtualNetworks/vnet-app/subnets/subnet-app",
            "timeouts": null
          },
          "sensitive_attributes": [],
          "private": "eyJlMmJmYjczMC1lY2FhLTExZTYtOGY4OC0zNDM2M2JjN2M0YzAiOnsiY3JlYXRlIjoxODAwMDAwMDAwMDAwLCJkZWxldGUiOjE4MDAwMDAwMDAwMDAsInJlYWQiOjMwMDAwMDAwMDAwMH19",
          "dependencies": [
            "azurerm_nat_gateway.nat-gateway",
            "azurerm_resource_group.rg",
            "azurerm_subnet.subnet-app",
            "azurerm_virtual_network.vnet-app"
          ]
        }
      ]
    },
    {
      "mode": "managed",
      "type": "azurerm_subnet_network_security_group_association",
      "name": "nsg_association",
      "provider": "provider[\"registry.terraform.io/hashicorp/azurerm\"]",
      "instances": [
        {
          "schema_version": 0,
          "attributes": {
            "id": "/subscriptions/38977b70-47bf-4da5-a492-88712fce8725/resourceGroups/rg-nat-gateway-610/providers/Microsoft.Network/virtualNetworks/vnet-app/subnets/subnet-app",
            "network_security_group_id": "/subscriptions/38977b70-47bf-4da5-a492-88712fce8725/resourceGroups/rg-nat-gateway-610/providers/Microsoft.Network/networkSecurityGroups/nsg-subnet-app",
            "subnet_id": "/subscriptions/38977b70-47bf-4da5-a492-88712fce8725/resourceGroups/rg-nat-gateway-610/providers/Microsoft.Network/virtualNetworks/vnet-app/subnets/subnet-app",
            "timeouts": null
          },
          "sensitive_attributes": [],
          "private": "eyJlMmJmYjczMC1lY2FhLTExZTYtOGY4OC0zNDM2M2JjN2M0YzAiOnsiY3JlYXRlIjoxODAwMDAwMDAwMDAwLCJkZWxldGUiOjE4MDAwMDAwMDAwMDAsInJlYWQiOjMwMDAwMDAwMDAwMH19",
          "dependencies": [
            "azurerm_network_security_group.nsg",
            "azurerm_resource_group.rg",
            "azurerm_subnet.subnet-app",
            "azurerm_virtual_network.vnet-app"
          ]
        }
      ]
    },
    {
      "mode": "managed",
      "type": "azurerm_virtual_network",
      "name": "vnet-app",
      "provider": "provider[\"registry.terraform.io/hashicorp/azurerm\"]",
      "instances": [
        {
          "schema_version": 0,
          "attributes": {
            "address_space": [
              "10.0.0.0/16"
            ],
            "bgp_community": "",
            "ddos_protection_plan": [],
            "dns_servers": [],
            "edge_zone": "",
            "encryption": [],
            "flow_timeout_in_minutes": 0,
            "guid": "664360f1-86a8-4771-8ac1-c08edba501df",
            "id": "/subscriptions/38977b70-47bf-4da5-a492-88712fce8725/resourceGroups/rg-nat-gateway-610/providers/Microsoft.Network/virtualNetworks/vnet-app",
            "location": "westeurope",
            "name": "vnet-app",
            "resource_group_name": "rg-nat-gateway-610",
            "subnet": [],
            "tags": null,
            "timeouts": null
          },
          "sensitive_attributes": [],
          "private": "eyJlMmJmYjczMC1lY2FhLTExZTYtOGY4OC0zNDM2M2JjN2M0YzAiOnsiY3JlYXRlIjoxODAwMDAwMDAwMDAwLCJkZWxldGUiOjE4MDAwMDAwMDAwMDAsInJlYWQiOjMwMDAwMDAwMDAwMCwidXBkYXRlIjoxODAwMDAwMDAwMDAwfX0=",
          "dependencies": [
            "azurerm_resource_group.rg"
          ]
        }
      ]
    }
  ],
  "check_results": null
}
