{
  "version": 4,
  "terraform_version": "1.9.3",
  "serial": 46,
  "lineage": "899de0bd-50c2-3aac-788c-e9d48ab4aa6a",
  "outputs": {
    "appservice_url_region1": {
      "value": "app-551-swedencentral.azurewebsites.net",
      "type": "string"
    },
    "appservice_url_region2": {
      "value": "app-551-northcentralus.azurewebsites.net",
      "type": "string"
    },
    "appservice_url_region3": {
      "value": "app-551-koreacentral.azurewebsites.net",
      "type": "string"
    },
    "frontdoor_endpoint_url": {
      "value": "afd-endpoint-551-agckc2grgkfbfzgs.b01.azurefd.net",
      "type": "string"
    },
    "vm_region1_public_ip": {
      "value": "4.223.96.216",
      "type": "string"
    },
    "vm_region2_public_ip": {
      "value": "23.96.229.151",
      "type": "string"
    },
    "vm_region3_public_ip": {
      "value": "20.41.84.80",
      "type": "string"
    }
  },
  "resources": [
    {
      "mode": "managed",
      "type": "azurerm_cdn_frontdoor_endpoint",
      "name": "endpoint",
      "provider": "provider[\"registry.terraform.io/hashicorp/azurerm\"]",
      "instances": [
        {
          "schema_version": 0,
          "attributes": {
            "cdn_frontdoor_profile_id": "/subscriptions/38977b70-47bf-4da5-a492-88712fce8725/resourceGroups/rg-frontdoor-appservice-551/providers/Microsoft.Cdn/profiles/frontdoor-551",
            "enabled": true,
            "host_name": "afd-endpoint-551-agckc2grgkfbfzgs.b01.azurefd.net",
            "id": "/subscriptions/38977b70-47bf-4da5-a492-88712fce8725/resourceGroups/rg-frontdoor-appservice-551/providers/Microsoft.Cdn/profiles/frontdoor-551/afdEndpoints/afd-endpoint-551",
            "name": "afd-endpoint-551",
            "tags": null,
            "timeouts": null
          },
          "sensitive_attributes": [],
          "private": "eyJlMmJmYjczMC1lY2FhLTExZTYtOGY4OC0zNDM2M2JjN2M0YzAiOnsiY3JlYXRlIjoxODAwMDAwMDAwMDAwLCJkZWxldGUiOjE4MDAwMDAwMDAwMDAsInJlYWQiOjMwMDAwMDAwMDAwMCwidXBkYXRlIjoxODAwMDAwMDAwMDAwfX0=",
          "dependencies": [
            "azurerm_cdn_frontdoor_profile.frontdoor",
            "azurerm_resource_group.rg"
          ]
        }
      ]
    },
    {
      "mode": "managed",
      "type": "azurerm_cdn_frontdoor_origin",
      "name": "origin-region1",
      "provider": "provider[\"registry.terraform.io/hashicorp/azurerm\"]",
      "instances": [
        {
          "schema_version": 0,
          "attributes": {
            "cdn_frontdoor_origin_group_id": "/subscriptions/38977b70-47bf-4da5-a492-88712fce8725/resourceGroups/rg-frontdoor-appservice-551/providers/Microsoft.Cdn/profiles/frontdoor-551/originGroups/origin-group-apps",
            "certificate_name_check_enabled": true,
            "enabled": true,
            "health_probes_enabled": true,
            "host_name": "app-551-swedencentral.azurewebsites.net",
            "http_port": 80,
            "https_port": 443,
            "id": "/subscriptions/38977b70-47bf-4da5-a492-88712fce8725/resourceGroups/rg-frontdoor-appservice-551/providers/Microsoft.Cdn/profiles/frontdoor-551/originGroups/origin-group-apps/origins/origin-swedencentral",
            "name": "origin-swedencentral",
            "origin_host_header": "app-551-swedencentral.azurewebsites.net",
            "priority": 1,
            "private_link": [],
            "timeouts": null,
            "weight": 1000
          },
          "sensitive_attributes": [],
          "private": "eyJlMmJmYjczMC1lY2FhLTExZTYtOGY4OC0zNDM2M2JjN2M0YzAiOnsiY3JlYXRlIjoxODAwMDAwMDAwMDAwLCJkZWxldGUiOjE4MDAwMDAwMDAwMDAsInJlYWQiOjMwMDAwMDAwMDAwMCwidXBkYXRlIjoxODAwMDAwMDAwMDAwfX0=",
          "dependencies": [
            "azurerm_cdn_frontdoor_origin_group.origin-group",
            "azurerm_cdn_frontdoor_profile.frontdoor",
            "azurerm_linux_web_app.region1",
            "azurerm_resource_group.rg",
            "azurerm_service_plan.region1"
          ]
        }
      ]
    },
    {
      "mode": "managed",
      "type": "azurerm_cdn_frontdoor_origin",
      "name": "origin-region2",
      "provider": "provider[\"registry.terraform.io/hashicorp/azurerm\"]",
      "instances": [
        {
          "schema_version": 0,
          "attributes": {
            "cdn_frontdoor_origin_group_id": "/subscriptions/38977b70-47bf-4da5-a492-88712fce8725/resourceGroups/rg-frontdoor-appservice-551/providers/Microsoft.Cdn/profiles/frontdoor-551/originGroups/origin-group-apps",
            "certificate_name_check_enabled": true,
            "enabled": true,
            "health_probes_enabled": true,
            "host_name": "app-551-northcentralus.azurewebsites.net",
            "http_port": 80,
            "https_port": 443,
            "id": "/subscriptions/38977b70-47bf-4da5-a492-88712fce8725/resourceGroups/rg-frontdoor-appservice-551/providers/Microsoft.Cdn/profiles/frontdoor-551/originGroups/origin-group-apps/origins/origin-northcentralus",
            "name": "origin-northcentralus",
            "origin_host_header": "app-551-northcentralus.azurewebsites.net",
            "priority": 1,
            "private_link": [],
            "timeouts": null,
            "weight": 1000
          },
          "sensitive_attributes": [],
          "private": "eyJlMmJmYjczMC1lY2FhLTExZTYtOGY4OC0zNDM2M2JjN2M0YzAiOnsiY3JlYXRlIjoxODAwMDAwMDAwMDAwLCJkZWxldGUiOjE4MDAwMDAwMDAwMDAsInJlYWQiOjMwMDAwMDAwMDAwMCwidXBkYXRlIjoxODAwMDAwMDAwMDAwfX0=",
          "dependencies": [
            "azurerm_cdn_frontdoor_origin_group.origin-group",
            "azurerm_cdn_frontdoor_profile.frontdoor",
            "azurerm_linux_web_app.region2",
            "azurerm_resource_group.rg",
            "azurerm_service_plan.region2"
          ]
        }
      ]
    },
    {
      "mode": "managed",
      "type": "azurerm_cdn_frontdoor_origin",
      "name": "origin-region3",
      "provider": "provider[\"registry.terraform.io/hashicorp/azurerm\"]",
      "instances": [
        {
          "schema_version": 0,
          "attributes": {
            "cdn_frontdoor_origin_group_id": "/subscriptions/38977b70-47bf-4da5-a492-88712fce8725/resourceGroups/rg-frontdoor-appservice-551/providers/Microsoft.Cdn/profiles/frontdoor-551/originGroups/origin-group-apps",
            "certificate_name_check_enabled": true,
            "enabled": true,
            "health_probes_enabled": true,
            "host_name": "app-551-koreacentral.azurewebsites.net",
            "http_port": 80,
            "https_port": 443,
            "id": "/subscriptions/38977b70-47bf-4da5-a492-88712fce8725/resourceGroups/rg-frontdoor-appservice-551/providers/Microsoft.Cdn/profiles/frontdoor-551/originGroups/origin-group-apps/origins/origin-koreacentral",
            "name": "origin-koreacentral",
            "origin_host_header": "app-551-koreacentral.azurewebsites.net",
            "priority": 1,
            "private_link": [],
            "timeouts": null,
            "weight": 1000
          },
          "sensitive_attributes": [],
          "private": "eyJlMmJmYjczMC1lY2FhLTExZTYtOGY4OC0zNDM2M2JjN2M0YzAiOnsiY3JlYXRlIjoxODAwMDAwMDAwMDAwLCJkZWxldGUiOjE4MDAwMDAwMDAwMDAsInJlYWQiOjMwMDAwMDAwMDAwMCwidXBkYXRlIjoxODAwMDAwMDAwMDAwfX0=",
          "dependencies": [
            "azurerm_cdn_frontdoor_origin_group.origin-group",
            "azurerm_cdn_frontdoor_profile.frontdoor",
            "azurerm_linux_web_app.region3",
            "azurerm_resource_group.rg",
            "azurerm_service_plan.region3"
          ]
        }
      ]
    },
    {
      "mode": "managed",
      "type": "azurerm_cdn_frontdoor_origin_group",
      "name": "origin-group",
      "provider": "provider[\"registry.terraform.io/hashicorp/azurerm\"]",
      "instances": [
        {
          "schema_version": 0,
          "attributes": {
            "cdn_frontdoor_profile_id": "/subscriptions/38977b70-47bf-4da5-a492-88712fce8725/resourceGroups/rg-frontdoor-appservice-551/providers/Microsoft.Cdn/profiles/frontdoor-551",
            "health_probe": [
              {
                "interval_in_seconds": 100,
                "path": "/",
                "protocol": "Https",
                "request_type": "HEAD"
              }
            ],
            "id": "/subscriptions/38977b70-47bf-4da5-a492-88712fce8725/resourceGroups/rg-frontdoor-appservice-551/providers/Microsoft.Cdn/profiles/frontdoor-551/originGroups/origin-group-apps",
            "load_balancing": [
              {
                "additional_latency_in_milliseconds": 50,
                "sample_size": 4,
                "successful_samples_required": 3
              }
            ],
            "name": "origin-group-apps",
            "restore_traffic_time_to_healed_or_new_endpoint_in_minutes": 10,
            "session_affinity_enabled": true,
            "timeouts": null
          },
          "sensitive_attributes": [],
          "private": "eyJlMmJmYjczMC1lY2FhLTExZTYtOGY4OC0zNDM2M2JjN2M0YzAiOnsiY3JlYXRlIjoxODAwMDAwMDAwMDAwLCJkZWxldGUiOjE4MDAwMDAwMDAwMDAsInJlYWQiOjMwMDAwMDAwMDAwMCwidXBkYXRlIjoxODAwMDAwMDAwMDAwfX0=",
          "dependencies": [
            "azurerm_cdn_frontdoor_profile.frontdoor",
            "azurerm_resource_group.rg"
          ]
        }
      ]
    },
    {
      "mode": "managed",
      "type": "azurerm_cdn_frontdoor_profile",
      "name": "frontdoor",
      "provider": "provider[\"registry.terraform.io/hashicorp/azurerm\"]",
      "instances": [
        {
          "schema_version": 0,
          "attributes": {
            "id": "/subscriptions/38977b70-47bf-4da5-a492-88712fce8725/resourceGroups/rg-frontdoor-appservice-551/providers/Microsoft.Cdn/profiles/frontdoor-551",
            "name": "frontdoor-551",
            "resource_group_name": "rg-frontdoor-appservice-551",
            "resource_guid": "8b64a1a3-46e9-480f-acc2-4faa77bb676c",
            "response_timeout_seconds": 120,
            "sku_name": "Standard_AzureFrontDoor",
            "tags": null,
            "timeouts": null
          },
          "sensitive_attributes": [],
          "private": "eyJlMmJmYjczMC1lY2FhLTExZTYtOGY4OC0zNDM2M2JjN2M0YzAiOnsiY3JlYXRlIjoxODAwMDAwMDAwMDAwLCJkZWxldGUiOjE4MDAwMDAwMDAwMDAsInJlYWQiOjMwMDAwMDAwMDAwMCwidXBkYXRlIjoxODAwMDAwMDAwMDAwfX0=",
          "dependencies": [
            "azurerm_resource_group.rg"
          ]
        }
      ]
    },
    {
      "mode": "managed",
      "type": "azurerm_cdn_frontdoor_route",
      "name": "route",
      "provider": "provider[\"registry.terraform.io/hashicorp/azurerm\"]",
      "instances": [
        {
          "schema_version": 0,
          "attributes": {
            "cache": [],
            "cdn_frontdoor_custom_domain_ids": null,
            "cdn_frontdoor_endpoint_id": "/subscriptions/38977b70-47bf-4da5-a492-88712fce8725/resourceGroups/rg-frontdoor-appservice-551/providers/Microsoft.Cdn/profiles/frontdoor-551/afdEndpoints/afd-endpoint-551",
            "cdn_frontdoor_origin_group_id": "/subscriptions/38977b70-47bf-4da5-a492-88712fce8725/resourceGroups/rg-frontdoor-appservice-551/providers/Microsoft.Cdn/profiles/frontdoor-551/originGroups/origin-group-apps",
            "cdn_frontdoor_origin_ids": [
              "/subscriptions/38977b70-47bf-4da5-a492-88712fce8725/resourceGroups/rg-frontdoor-appservice-551/providers/Microsoft.Cdn/profiles/frontdoor-551/originGroups/origin-group-apps/origins/origin-swedencentral",
              "/subscriptions/38977b70-47bf-4da5-a492-88712fce8725/resourceGroups/rg-frontdoor-appservice-551/providers/Microsoft.Cdn/profiles/frontdoor-551/originGroups/origin-group-apps/origins/origin-northcentralus",
              "/subscriptions/38977b70-47bf-4da5-a492-88712fce8725/resourceGroups/rg-frontdoor-appservice-551/providers/Microsoft.Cdn/profiles/frontdoor-551/originGroups/origin-group-apps/origins/origin-koreacentral"
            ],
            "cdn_frontdoor_origin_path": "/",
            "cdn_frontdoor_rule_set_ids": [
              "/subscriptions/38977b70-47bf-4da5-a492-88712fce8725/resourceGroups/rg-frontdoor-appservice-551/providers/Microsoft.Cdn/profiles/frontdoor-551/ruleSets/rulesetmultiregions"
            ],
            "enabled": true,
            "forwarding_protocol": "HttpsOnly",
            "https_redirect_enabled": true,
            "id": "/subscriptions/38977b70-47bf-4da5-a492-88712fce8725/resourceGroups/rg-frontdoor-appservice-551/providers/Microsoft.Cdn/profiles/frontdoor-551/afdEndpoints/afd-endpoint-551/routes/route-apps",
            "link_to_default_domain": true,
            "name": "route-apps",
            "patterns_to_match": [
              "/*"
            ],
            "supported_protocols": [
              "Http",
              "Https"
            ],
            "timeouts": null
          },
          "sensitive_attributes": [],
          "private": "eyJlMmJmYjczMC1lY2FhLTExZTYtOGY4OC0zNDM2M2JjN2M0YzAiOnsiY3JlYXRlIjoxODAwMDAwMDAwMDAwLCJkZWxldGUiOjE4MDAwMDAwMDAwMDAsInJlYWQiOjMwMDAwMDAwMDAwMCwidXBkYXRlIjoxODAwMDAwMDAwMDAwfX0=",
          "dependencies": [
            "azurerm_cdn_frontdoor_endpoint.endpoint",
            "azurerm_cdn_frontdoor_origin.origin-region1",
            "azurerm_cdn_frontdoor_origin.origin-region2",
            "azurerm_cdn_frontdoor_origin.origin-region3",
            "azurerm_cdn_frontdoor_origin_group.origin-group",
            "azurerm_cdn_frontdoor_profile.frontdoor",
            "azurerm_cdn_frontdoor_rule_set.ruleset-regions",
            "azurerm_linux_web_app.region1",
            "azurerm_linux_web_app.region2",
            "azurerm_linux_web_app.region3",
            "azurerm_resource_group.rg",
            "azurerm_service_plan.region1",
            "azurerm_service_plan.region2",
            "azurerm_service_plan.region3"
          ]
        }
      ]
    },
    {
      "mode": "managed",
      "type": "azurerm_cdn_frontdoor_rule",
      "name": "rule-region1",
      "provider": "provider[\"registry.terraform.io/hashicorp/azurerm\"]",
      "instances": [
        {
          "schema_version": 0,
          "attributes": {
            "actions": [
              {
                "request_header_action": [],
                "response_header_action": [],
                "route_configuration_override_action": [],
                "url_redirect_action": [
                  {
                    "destination_fragment": "",
                    "destination_hostname": "app-551-swedencentral.azurewebsites.net",
                    "destination_path": "",
                    "query_string": "",
                    "redirect_protocol": "Https",
                    "redirect_type": "Moved"
                  }
                ],
                "url_rewrite_action": []
              }
            ],
            "behavior_on_match": "Continue",
            "cdn_frontdoor_rule_set_id": "/subscriptions/38977b70-47bf-4da5-a492-88712fce8725/resourceGroups/rg-frontdoor-appservice-551/providers/Microsoft.Cdn/profiles/frontdoor-551/ruleSets/rulesetmultiregions",
            "cdn_frontdoor_rule_set_name": "rulesetmultiregions",
            "conditions": [
              {
                "client_port_condition": [],
                "cookies_condition": [],
                "host_name_condition": [],
                "http_version_condition": [],
                "is_device_condition": [],
                "post_args_condition": [],
                "query_string_condition": [],
                "remote_address_condition": [
                  {
                    "match_values": [
                      "SE"
                    ],
                    "negate_condition": false,
                    "operator": "GeoMatch"
                  }
                ],
                "request_body_condition": [],
                "request_header_condition": [],
                "request_method_condition": [],
                "request_scheme_condition": [],
                "request_uri_condition": [],
                "server_port_condition": [],
                "socket_address_condition": [],
                "ssl_protocol_condition": [],
                "url_file_extension_condition": [],
                "url_filename_condition": [],
                "url_path_condition": []
              }
            ],
            "id": "/subscriptions/38977b70-47bf-4da5-a492-88712fce8725/resourceGroups/rg-frontdoor-appservice-551/providers/Microsoft.Cdn/profiles/frontdoor-551/ruleSets/rulesetmultiregions/rules/ruleregion1swedencentral",
            "name": "ruleregion1swedencentral",
            "order": 1,
            "timeouts": null
          },
          "sensitive_attributes": [],
          "private": "eyJlMmJmYjczMC1lY2FhLTExZTYtOGY4OC0zNDM2M2JjN2M0YzAiOnsiY3JlYXRlIjoxODAwMDAwMDAwMDAwLCJkZWxldGUiOjE4MDAwMDAwMDAwMDAsInJlYWQiOjMwMDAwMDAwMDAwMCwidXBkYXRlIjoxODAwMDAwMDAwMDAwfX0=",
          "dependencies": [
            "azurerm_cdn_frontdoor_origin.origin-region1",
            "azurerm_cdn_frontdoor_origin_group.origin-group",
            "azurerm_cdn_frontdoor_profile.frontdoor",
            "azurerm_cdn_frontdoor_rule_set.ruleset-regions",
            "azurerm_linux_web_app.region1",
            "azurerm_resource_group.rg",
            "azurerm_service_plan.region1"
          ]
        }
      ]
    },
    {
      "mode": "managed",
      "type": "azurerm_cdn_frontdoor_rule",
      "name": "rule-region2",
      "provider": "provider[\"registry.terraform.io/hashicorp/azurerm\"]",
      "instances": [
        {
          "schema_version": 0,
          "attributes": {
            "actions": [
              {
                "request_header_action": [],
                "response_header_action": [],
                "route_configuration_override_action": [],
                "url_redirect_action": [
                  {
                    "destination_fragment": "",
                    "destination_hostname": "app-551-northcentralus.azurewebsites.net",
                    "destination_path": "",
                    "query_string": "",
                    "redirect_protocol": "Https",
                    "redirect_type": "Moved"
                  }
                ],
                "url_rewrite_action": []
              }
            ],
            "behavior_on_match": "Continue",
            "cdn_frontdoor_rule_set_id": "/subscriptions/38977b70-47bf-4da5-a492-88712fce8725/resourceGroups/rg-frontdoor-appservice-551/providers/Microsoft.Cdn/profiles/frontdoor-551/ruleSets/rulesetmultiregions",
            "cdn_frontdoor_rule_set_name": "rulesetmultiregions",
            "conditions": [
              {
                "client_port_condition": [],
                "cookies_condition": [],
                "host_name_condition": [],
                "http_version_condition": [],
                "is_device_condition": [],
                "post_args_condition": [],
                "query_string_condition": [],
                "remote_address_condition": [
                  {
                    "match_values": [
                      "NL"
                    ],
                    "negate_condition": false,
                    "operator": "GeoMatch"
                  }
                ],
                "request_body_condition": [],
                "request_header_condition": [],
                "request_method_condition": [],
                "request_scheme_condition": [],
                "request_uri_condition": [],
                "server_port_condition": [],
                "socket_address_condition": [],
                "ssl_protocol_condition": [],
                "url_file_extension_condition": [],
                "url_filename_condition": [],
                "url_path_condition": []
              }
            ],
            "id": "/subscriptions/38977b70-47bf-4da5-a492-88712fce8725/resourceGroups/rg-frontdoor-appservice-551/providers/Microsoft.Cdn/profiles/frontdoor-551/ruleSets/rulesetmultiregions/rules/ruleregion2northcentralus",
            "name": "ruleregion2northcentralus",
            "order": 2,
            "timeouts": null
          },
          "sensitive_attributes": [],
          "private": "eyJlMmJmYjczMC1lY2FhLTExZTYtOGY4OC0zNDM2M2JjN2M0YzAiOnsiY3JlYXRlIjoxODAwMDAwMDAwMDAwLCJkZWxldGUiOjE4MDAwMDAwMDAwMDAsInJlYWQiOjMwMDAwMDAwMDAwMCwidXBkYXRlIjoxODAwMDAwMDAwMDAwfX0=",
          "dependencies": [
            "azurerm_cdn_frontdoor_origin.origin-region2",
            "azurerm_cdn_frontdoor_origin_group.origin-group",
            "azurerm_cdn_frontdoor_profile.frontdoor",
            "azurerm_cdn_frontdoor_rule_set.ruleset-regions",
            "azurerm_linux_web_app.region2",
            "azurerm_resource_group.rg",
            "azurerm_service_plan.region2"
          ]
        }
      ]
    },
    {
      "mode": "managed",
      "type": "azurerm_cdn_frontdoor_rule",
      "name": "rule-region3",
      "provider": "provider[\"registry.terraform.io/hashicorp/azurerm\"]",
      "instances": [
        {
          "schema_version": 0,
          "attributes": {
            "actions": [
              {
                "request_header_action": [],
                "response_header_action": [],
                "route_configuration_override_action": [],
                "url_redirect_action": [
                  {
                    "destination_fragment": "",
                    "destination_hostname": "app-551-koreacentral.azurewebsites.net",
                    "destination_path": "",
                    "query_string": "",
                    "redirect_protocol": "Https",
                    "redirect_type": "PermanentRedirect"
                  }
                ],
                "url_rewrite_action": []
              }
            ],
            "behavior_on_match": "Continue",
            "cdn_frontdoor_rule_set_id": "/subscriptions/38977b70-47bf-4da5-a492-88712fce8725/resourceGroups/rg-frontdoor-appservice-551/providers/Microsoft.Cdn/profiles/frontdoor-551/ruleSets/rulesetmultiregions",
            "cdn_frontdoor_rule_set_name": "rulesetmultiregions",
            "conditions": [
              {
                "client_port_condition": [],
                "cookies_condition": [],
                "host_name_condition": [],
                "http_version_condition": [],
                "is_device_condition": [],
                "post_args_condition": [],
                "query_string_condition": [],
                "remote_address_condition": [
                  {
                    "match_values": [
                      "FR"
                    ],
                    "negate_condition": false,
                    "operator": "GeoMatch"
                  }
                ],
                "request_body_condition": [],
                "request_header_condition": [],
                "request_method_condition": [],
                "request_scheme_condition": [],
                "request_uri_condition": [],
                "server_port_condition": [],
                "socket_address_condition": [],
                "ssl_protocol_condition": [],
                "url_file_extension_condition": [],
                "url_filename_condition": [],
                "url_path_condition": []
              }
            ],
            "id": "/subscriptions/38977b70-47bf-4da5-a492-88712fce8725/resourceGroups/rg-frontdoor-appservice-551/providers/Microsoft.Cdn/profiles/frontdoor-551/ruleSets/rulesetmultiregions/rules/ruleregion3koreacentral",
            "name": "ruleregion3koreacentral",
            "order": 3,
            "timeouts": null
          },
          "sensitive_attributes": [],
          "private": "eyJlMmJmYjczMC1lY2FhLTExZTYtOGY4OC0zNDM2M2JjN2M0YzAiOnsiY3JlYXRlIjoxODAwMDAwMDAwMDAwLCJkZWxldGUiOjE4MDAwMDAwMDAwMDAsInJlYWQiOjMwMDAwMDAwMDAwMCwidXBkYXRlIjoxODAwMDAwMDAwMDAwfX0=",
          "dependencies": [
            "azurerm_cdn_frontdoor_origin.origin-region3",
            "azurerm_cdn_frontdoor_origin_group.origin-group",
            "azurerm_cdn_frontdoor_profile.frontdoor",
            "azurerm_cdn_frontdoor_rule_set.ruleset-regions",
            "azurerm_linux_web_app.region3",
            "azurerm_resource_group.rg",
            "azurerm_service_plan.region3"
          ]
        }
      ]
    },
    {
      "mode": "managed",
      "type": "azurerm_cdn_frontdoor_rule_set",
      "name": "ruleset-regions",
      "provider": "provider[\"registry.terraform.io/hashicorp/azurerm\"]",
      "instances": [
        {
          "schema_version": 0,
          "attributes": {
            "cdn_frontdoor_profile_id": "/subscriptions/38977b70-47bf-4da5-a492-88712fce8725/resourceGroups/rg-frontdoor-appservice-551/providers/Microsoft.Cdn/profiles/frontdoor-551",
            "id": "/subscriptions/38977b70-47bf-4da5-a492-88712fce8725/resourceGroups/rg-frontdoor-appservice-551/providers/Microsoft.Cdn/profiles/frontdoor-551/ruleSets/rulesetmultiregions",
            "name": "rulesetmultiregions",
            "timeouts": null
          },
          "sensitive_attributes": [],
          "private": "eyJlMmJmYjczMC1lY2FhLTExZTYtOGY4OC0zNDM2M2JjN2M0YzAiOnsiY3JlYXRlIjoxODAwMDAwMDAwMDAwLCJkZWxldGUiOjE4MDAwMDAwMDAwMDAsInJlYWQiOjMwMDAwMDAwMDAwMH19",
          "dependencies": [
            "azurerm_cdn_frontdoor_profile.frontdoor",
            "azurerm_resource_group.rg"
          ]
        }
      ]
    },
    {
      "mode": "managed",
      "type": "azurerm_linux_web_app",
      "name": "region1",
      "provider": "provider[\"registry.terraform.io/hashicorp/azurerm\"]",
      "instances": [
        {
          "schema_version": 1,
          "attributes": {
            "app_settings": null,
            "auth_settings": [],
            "auth_settings_v2": [],
            "backup": [],
            "client_affinity_enabled": false,
            "client_certificate_enabled": false,
            "client_certificate_exclusion_paths": "",
            "client_certificate_mode": "Required",
            "connection_string": [],
            "custom_domain_verification_id": "2AE36349F34CF07C26682CAB69940DF26614B5B61797CA2B82A7EC6564045909",
            "default_hostname": "app-551-swedencentral.azurewebsites.net",
            "enabled": true,
            "ftp_publish_basic_authentication_enabled": false,
            "hosting_environment_id": "",
            "https_only": true,
            "id": "/subscriptions/38977b70-47bf-4da5-a492-88712fce8725/resourceGroups/rg-frontdoor-appservice-551/providers/Microsoft.Web/sites/app-551-swedencentral",
            "identity": [],
            "key_vault_reference_identity_id": "SystemAssigned",
            "kind": "app,linux,container",
            "location": "swedencentral",
            "logs": [],
            "name": "app-551-swedencentral",
            "outbound_ip_address_list": [
              "4.225.197.246",
              "4.225.197.249",
              "4.225.197.252",
              "4.225.198.7",
              "4.225.198.17",
              "4.225.198.28",
              "4.225.197.167",
              "4.225.197.169",
              "4.225.197.174",
              "4.225.195.243",
              "4.225.192.27",
              "4.225.194.230",
              "51.12.31.6"
            ],
            "outbound_ip_addresses": "4.225.197.246,4.225.197.249,4.225.197.252,4.225.198.7,4.225.198.17,4.225.198.28,4.225.197.167,4.225.197.169,4.225.197.174,4.225.195.243,4.225.192.27,4.225.194.230,51.12.31.6",
            "possible_outbound_ip_address_list": [
              "4.225.197.246",
              "4.225.197.249",
              "4.225.197.252",
              "4.225.198.7",
              "4.225.198.17",
              "4.225.198.28",
              "4.225.197.167",
              "4.225.197.169",
              "4.225.197.174",
              "4.225.195.243",
              "4.225.192.27",
              "4.225.194.230",
              "4.225.195.194",
              "4.225.197.181",
              "4.225.195.19",
              "4.225.194.85",
              "4.225.197.6",
              "4.225.197.10",
              "4.225.197.189",
              "4.225.197.194",
              "4.225.197.198",
              "4.225.197.218",
              "4.225.197.231",
              "4.225.197.242",
              "4.225.197.246",
              "4.225.197.249",
              "4.225.197.252",
              "4.225.198.7",
              "4.225.198.17",
              "4.225.198.28",
              "4.225.198.34",
              "4.225.198.43",
              "4.225.198.44",
              "4.225.198.49",
              "4.225.198.67",
              "4.225.198.70",
              "51.12.31.6"
            ],
            "possible_outbound_ip_addresses": "4.225.197.246,4.225.197.249,4.225.197.252,4.225.198.7,4.225.198.17,4.225.198.28,4.225.197.167,4.225.197.169,4.225.197.174,4.225.195.243,4.225.192.27,4.225.194.230,4.225.195.194,4.225.197.181,4.225.195.19,4.225.194.85,4.225.197.6,4.225.197.10,4.225.197.189,4.225.197.194,4.225.197.198,4.225.197.218,4.225.197.231,4.225.197.242,4.225.197.246,4.225.197.249,4.225.197.252,4.225.198.7,4.225.198.17,4.225.198.28,4.225.198.34,4.225.198.43,4.225.198.44,4.225.198.49,4.225.198.67,4.225.198.70,51.12.31.6",
            "public_network_access_enabled": true,
            "resource_group_name": "rg-frontdoor-appservice-551",
            "service_plan_id": "/subscriptions/38977b70-47bf-4da5-a492-88712fce8725/resourceGroups/rg-frontdoor-appservice-551/providers/Microsoft.Web/serverFarms/plan-swedencentral",
            "site_config": [
              {
                "always_on": true,
                "api_definition_url": "",
                "api_management_api_id": "",
                "app_command_line": "",
                "application_stack": [
                  {
                    "docker_image": "",
                    "docker_image_name": "jelledruyts/inspectorgadget",
                    "docker_image_tag": "",
                    "docker_registry_password": "",
                    "docker_registry_url": "https://index.docker.io",
                    "docker_registry_username": "",
                    "dotnet_version": "",
                    "go_version": "",
                    "java_server": "",
                    "java_server_version": "",
                    "java_version": "",
                    "node_version": "",
                    "php_version": "",
                    "python_version": "",
                    "ruby_version": ""
                  }
                ],
                "auto_heal_enabled": false,
                "auto_heal_setting": [],
                "container_registry_managed_identity_client_id": "",
                "container_registry_use_managed_identity": false,
                "cors": [],
                "default_documents": [
                  "Default.htm",
                  "Default.html",
                  "Default.asp",
                  "index.htm",
                  "index.html",
                  "iisstart.htm",
                  "default.aspx",
                  "index.php",
                  "hostingstart.html"
                ],
                "detailed_error_logging_enabled": false,
                "ftps_state": "Disabled",
                "health_check_eviction_time_in_min": 0,
                "health_check_path": "",
                "http2_enabled": false,
                "ip_restriction": [
                  {
                    "action": "Allow",
                    "description": "",
                    "headers": [
                      {
                        "x_azure_fdid": [
                          "8b64a1a3-46e9-480f-acc2-4faa77bb676c"
                        ],
                        "x_fd_health_probe": [],
                        "x_forwarded_for": [],
                        "x_forwarded_host": []
                      }
                    ],
                    "ip_address": "",
                    "name": "Allow traffic from Front Door",
                    "priority": 100,
                    "service_tag": "AzureFrontDoor.Backend",
                    "virtual_network_subnet_id": ""
                  }
                ],
                "ip_restriction_default_action": "Allow",
                "linux_fx_version": "DOCKER|index.docker.io/jelledruyts/inspectorgadget",
                "load_balancing_mode": "LeastRequests",
                "local_mysql_enabled": false,
                "managed_pipeline_mode": "Integrated",
                "minimum_tls_version": "1.2",
                "remote_debugging_enabled": false,
                "remote_debugging_version": "VS2022",
                "scm_ip_restriction": [],
                "scm_ip_restriction_default_action": "Allow",
                "scm_minimum_tls_version": "1.2",
                "scm_type": "None",
                "scm_use_main_ip_restriction": false,
                "use_32_bit_worker": true,
                "vnet_route_all_enabled": false,
                "websockets_enabled": false,
                "worker_count": 1
              }
            ],
            "site_credential": [
              {
                "name": "REDACTED",
                "password": "REDACTED"
              }
            ],
            "sticky_settings": [],
            "storage_account": [],
            "tags": null,
            "timeouts": null,
            "virtual_network_subnet_id": "",
            "webdeploy_publish_basic_authentication_enabled": false,
            "zip_deploy_file": ""
          },
          "sensitive_attributes": [
            [
              {
                "type": "get_attr",
                "value": "custom_domain_verification_id"
              }
            ],
            [
              {
                "type": "get_attr",
                "value": "site_config"
              },
              {
                "type": "index",
                "value": {
                  "value": 0,
                  "type": "number"
                }
              },
              {
                "type": "get_attr",
                "value": "application_stack"
              },
              {
                "type": "index",
                "value": {
                  "value": 0,
                  "type": "number"
                }
              },
              {
                "type": "get_attr",
                "value": "docker_registry_password"
              }
            ],
            [
              {
                "type": "get_attr",
                "value": "site_credential"
              }
            ]
          ],
          "private": "eyJlMmJmYjczMC1lY2FhLTExZTYtOGY4OC0zNDM2M2JjN2M0YzAiOnsiY3JlYXRlIjoxODAwMDAwMDAwMDAwLCJkZWxldGUiOjE4MDAwMDAwMDAwMDAsInJlYWQiOjMwMDAwMDAwMDAwMCwidXBkYXRlIjoxODAwMDAwMDAwMDAwfSwic2NoZW1hX3ZlcnNpb24iOiIxIn0=",
          "dependencies": [
            "azurerm_cdn_frontdoor_profile.frontdoor",
            "azurerm_resource_group.rg",
            "azurerm_service_plan.region1"
          ]
        }
      ]
    },
    {
      "mode": "managed",
      "type": "azurerm_linux_web_app",
      "name": "region2",
      "provider": "provider[\"registry.terraform.io/hashicorp/azurerm\"]",
      "instances": [
        {
          "schema_version": 1,
          "attributes": {
            "app_settings": null,
            "auth_settings": [],
            "auth_settings_v2": [],
            "backup": [],
            "client_affinity_enabled": false,
            "client_certificate_enabled": false,
            "client_certificate_exclusion_paths": "",
            "client_certificate_mode": "Required",
            "connection_string": [],
            "custom_domain_verification_id": "2AE36349F34CF07C26682CAB69940DF26614B5B61797CA2B82A7EC6564045909",
            "default_hostname": "app-551-northcentralus.azurewebsites.net",
            "enabled": true,
            "ftp_publish_basic_authentication_enabled": false,
            "hosting_environment_id": "",
            "https_only": true,
            "id": "/subscriptions/38977b70-47bf-4da5-a492-88712fce8725/resourceGroups/rg-frontdoor-appservice-551/providers/Microsoft.Web/sites/app-551-northcentralus",
            "identity": [],
            "key_vault_reference_identity_id": "SystemAssigned",
            "kind": "app,linux,container",
            "location": "northcentralus",
            "logs": [],
            "name": "app-551-northcentralus",
            "outbound_ip_address_list": [
              "172.183.49.223",
              "20.102.255.119",
              "20.102.255.167",
              "40.116.69.106",
              "172.183.51.95",
              "172.183.52.150",
              "20.236.99.103",
              "20.236.100.74",
              "20.236.100.27",
              "20.236.101.59",
              "20.236.101.128",
              "20.236.101.217",
              "52.162.107.48"
            ],
            "outbound_ip_addresses": "172.183.49.223,20.102.255.119,20.102.255.167,40.116.69.106,172.183.51.95,172.183.52.150,20.236.99.103,20.236.100.74,20.236.100.27,20.236.101.59,20.236.101.128,20.236.101.217,52.162.107.48",
            "possible_outbound_ip_address_list": [
              "172.183.49.223",
              "20.102.255.119",
              "20.102.255.167",
              "40.116.69.106",
              "172.183.51.95",
              "172.183.52.150",
              "20.236.99.103",
              "20.236.100.74",
              "20.236.100.27",
              "20.236.101.59",
              "20.236.101.128",
              "20.236.101.217",
              "52.159.79.253",
              "52.159.124.46",
              "52.159.72.111",
              "20.236.102.145",
              "52.159.127.80",
              "52.159.120.10",
              "20.221.235.173",
              "52.159.120.96",
              "40.116.70.173",
              "40.116.71.93",
              "20.102.254.80",
              "20.102.255.8",
              "172.183.49.223",
              "20.102.255.119",
              "20.102.255.167",
              "40.116.69.106",
              "172.183.51.95",
              "172.183.52.150",
              "172.183.51.234",
              "40.116.66.156",
              "20.102.254.166",
              "20.88.54.196",
              "172.183.53.68",
              "40.116.66.73",
              "52.162.107.48"
            ],
            "possible_outbound_ip_addresses": "172.183.49.223,20.102.255.119,20.102.255.167,40.116.69.106,172.183.51.95,172.183.52.150,20.236.99.103,20.236.100.74,20.236.100.27,20.236.101.59,20.236.101.128,20.236.101.217,52.159.79.253,52.159.124.46,52.159.72.111,20.236.102.145,52.159.127.80,52.159.120.10,20.221.235.173,52.159.120.96,40.116.70.173,40.116.71.93,20.102.254.80,20.102.255.8,172.183.49.223,20.102.255.119,20.102.255.167,40.116.69.106,172.183.51.95,172.183.52.150,172.183.51.234,40.116.66.156,20.102.254.166,20.88.54.196,172.183.53.68,40.116.66.73,52.162.107.48",
            "public_network_access_enabled": true,
            "resource_group_name": "rg-frontdoor-appservice-551",
            "service_plan_id": "/subscriptions/38977b70-47bf-4da5-a492-88712fce8725/resourceGroups/rg-frontdoor-appservice-551/providers/Microsoft.Web/serverFarms/plan-northcentralus",
            "site_config": [
              {
                "always_on": true,
                "api_definition_url": "",
                "api_management_api_id": "",
                "app_command_line": "",
                "application_stack": [
                  {
                    "docker_image": "",
                    "docker_image_name": "jelledruyts/inspectorgadget",
                    "docker_image_tag": "",
                    "docker_registry_password": "",
                    "docker_registry_url": "https://index.docker.io",
                    "docker_registry_username": "",
                    "dotnet_version": "",
                    "go_version": "",
                    "java_server": "",
                    "java_server_version": "",
                    "java_version": "",
                    "node_version": "",
                    "php_version": "",
                    "python_version": "",
                    "ruby_version": ""
                  }
                ],
                "auto_heal_enabled": false,
                "auto_heal_setting": [],
                "container_registry_managed_identity_client_id": "",
                "container_registry_use_managed_identity": false,
                "cors": [],
                "default_documents": [
                  "Default.htm",
                  "Default.html",
                  "Default.asp",
                  "index.htm",
                  "index.html",
                  "iisstart.htm",
                  "default.aspx",
                  "index.php",
                  "hostingstart.html"
                ],
                "detailed_error_logging_enabled": false,
                "ftps_state": "Disabled",
                "health_check_eviction_time_in_min": 0,
                "health_check_path": "",
                "http2_enabled": false,
                "ip_restriction": [
                  {
                    "action": "Allow",
                    "description": "",
                    "headers": [
                      {
                        "x_azure_fdid": [
                          "8b64a1a3-46e9-480f-acc2-4faa77bb676c"
                        ],
                        "x_fd_health_probe": [],
                        "x_forwarded_for": [],
                        "x_forwarded_host": []
                      }
                    ],
                    "ip_address": "",
                    "name": "Allow traffic from Front Door",
                    "priority": 100,
                    "service_tag": "AzureFrontDoor.Backend",
                    "virtual_network_subnet_id": ""
                  }
                ],
                "ip_restriction_default_action": "Allow",
                "linux_fx_version": "DOCKER|index.docker.io/jelledruyts/inspectorgadget",
                "load_balancing_mode": "LeastRequests",
                "local_mysql_enabled": false,
                "managed_pipeline_mode": "Integrated",
                "minimum_tls_version": "1.2",
                "remote_debugging_enabled": false,
                "remote_debugging_version": "VS2022",
                "scm_ip_restriction": [],
                "scm_ip_restriction_default_action": "Allow",
                "scm_minimum_tls_version": "1.2",
                "scm_type": "None",
                "scm_use_main_ip_restriction": false,
                "use_32_bit_worker": true,
                "vnet_route_all_enabled": false,
                "websockets_enabled": false,
                "worker_count": 1
              }
            ],
            "site_credential": [
              {
                "name": "REDACTED",
                "password": "AQK_SIYK7Ch_Sr5lDW2KFyKCA7EUtgE.dWEJniCQ0CszEJGQvv3SzrybAmLt08OkM2VfWb74m2A"
              }
            ],
            "sticky_settings": [],
            "storage_account": [],
            "tags": null,
            "timeouts": null,
            "virtual_network_subnet_id": "",
            "webdeploy_publish_basic_authentication_enabled": false,
            "zip_deploy_file": ""
          },
          "sensitive_attributes": [
            [
              {
                "type": "get_attr",
                "value": "custom_domain_verification_id"
              }
            ],
            [
              {
                "type": "get_attr",
                "value": "site_config"
              },
              {
                "type": "index",
                "value": {
                  "value": 0,
                  "type": "number"
                }
              },
              {
                "type": "get_attr",
                "value": "application_stack"
              },
              {
                "type": "index",
                "value": {
                  "value": 0,
                  "type": "number"
                }
              },
              {
                "type": "get_attr",
                "value": "docker_registry_password"
              }
            ],
            [
              {
                "type": "get_attr",
                "value": "site_credential"
              }
            ]
          ],
          "private": "eyJlMmJmYjczMC1lY2FhLTExZTYtOGY4OC0zNDM2M2JjN2M0YzAiOnsiY3JlYXRlIjoxODAwMDAwMDAwMDAwLCJkZWxldGUiOjE4MDAwMDAwMDAwMDAsInJlYWQiOjMwMDAwMDAwMDAwMCwidXBkYXRlIjoxODAwMDAwMDAwMDAwfSwic2NoZW1hX3ZlcnNpb24iOiIxIn0=",
          "dependencies": [
            "azurerm_cdn_frontdoor_profile.frontdoor",
            "azurerm_resource_group.rg",
            "azurerm_service_plan.region2"
          ]
        }
      ]
    },
    {
      "mode": "managed",
      "type": "azurerm_linux_web_app",
      "name": "region3",
      "provider": "provider[\"registry.terraform.io/hashicorp/azurerm\"]",
      "instances": [
        {
          "schema_version": 1,
          "attributes": {
            "app_settings": null,
            "auth_settings": [],
            "auth_settings_v2": [],
            "backup": [],
            "client_affinity_enabled": false,
            "client_certificate_enabled": false,
            "client_certificate_exclusion_paths": "",
            "client_certificate_mode": "Required",
            "connection_string": [],
            "custom_domain_verification_id": "2AE36349F34CF07C26682CAB69940DF26614B5B61797CA2B82A7EC6564045909",
            "default_hostname": "app-551-koreacentral.azurewebsites.net",
            "enabled": true,
            "ftp_publish_basic_authentication_enabled": false,
            "hosting_environment_id": "",
            "https_only": true,
            "id": "/subscriptions/38977b70-47bf-4da5-a492-88712fce8725/resourceGroups/rg-frontdoor-appservice-551/providers/Microsoft.Web/sites/app-551-koreacentral",
            "identity": [],
            "key_vault_reference_identity_id": "SystemAssigned",
            "kind": "app,linux,container",
            "location": "koreacentral",
            "logs": [],
            "name": "app-551-koreacentral",
            "outbound_ip_address_list": [
              "52.231.37.184",
              "52.231.38.172",
              "52.231.33.182",
              "52.231.34.9",
              "52.231.38.95"
            ],
            "outbound_ip_addresses": "52.231.37.184,52.231.38.172,52.231.33.182,52.231.34.9,52.231.38.95",
            "possible_outbound_ip_address_list": [
              "52.231.37.184",
              "52.231.38.172",
              "52.231.33.182",
              "52.231.34.9",
              "52.231.69.201",
              "52.231.66.155",
              "20.200.234.181",
              "20.200.235.7",
              "20.200.236.212",
              "20.200.237.27",
              "20.200.237.191",
              "20.200.237.201",
              "20.214.218.33",
              "20.214.218.245",
              "20.214.218.250",
              "20.214.219.16",
              "20.214.219.54",
              "20.214.219.124",
              "52.231.38.95"
            ],
            "possible_outbound_ip_addresses": "52.231.37.184,52.231.38.172,52.231.33.182,52.231.34.9,52.231.69.201,52.231.66.155,20.200.234.181,20.200.235.7,20.200.236.212,20.200.237.27,20.200.237.191,20.200.237.201,20.214.218.33,20.214.218.245,20.214.218.250,20.214.219.16,20.214.219.54,20.214.219.124,52.231.38.95",
            "public_network_access_enabled": true,
            "resource_group_name": "rg-frontdoor-appservice-551",
            "service_plan_id": "/subscriptions/38977b70-47bf-4da5-a492-88712fce8725/resourceGroups/rg-frontdoor-appservice-551/providers/Microsoft.Web/serverFarms/plan-koreacentral",
            "site_config": [
              {
                "always_on": true,
                "api_definition_url": "",
                "api_management_api_id": "",
                "app_command_line": "",
                "application_stack": [
                  {
                    "docker_image": "",
                    "docker_image_name": "jelledruyts/inspectorgadget",
                    "docker_image_tag": "",
                    "docker_registry_password": "",
                    "docker_registry_url": "https://index.docker.io",
                    "docker_registry_username": "",
                    "dotnet_version": "",
                    "go_version": "",
                    "java_server": "",
                    "java_server_version": "",
                    "java_version": "",
                    "node_version": "",
                    "php_version": "",
                    "python_version": "",
                    "ruby_version": ""
                  }
                ],
                "auto_heal_enabled": false,
                "auto_heal_setting": [],
                "container_registry_managed_identity_client_id": "",
                "container_registry_use_managed_identity": false,
                "cors": [],
                "default_documents": [
                  "Default.htm",
                  "Default.html",
                  "Default.asp",
                  "index.htm",
                  "index.html",
                  "iisstart.htm",
                  "default.aspx",
                  "index.php",
                  "hostingstart.html"
                ],
                "detailed_error_logging_enabled": false,
                "ftps_state": "Disabled",
                "health_check_eviction_time_in_min": 0,
                "health_check_path": "",
                "http2_enabled": false,
                "ip_restriction": [
                  {
                    "action": "Allow",
                    "description": "",
                    "headers": [
                      {
                        "x_azure_fdid": [
                          "8b64a1a3-46e9-480f-acc2-4faa77bb676c"
                        ],
                        "x_fd_health_probe": [],
                        "x_forwarded_for": [],
                        "x_forwarded_host": []
                      }
                    ],
                    "ip_address": "",
                    "name": "Allow traffic from Front Door",
                    "priority": 100,
                    "service_tag": "AzureFrontDoor.Backend",
                    "virtual_network_subnet_id": ""
                  }
                ],
                "ip_restriction_default_action": "Allow",
                "linux_fx_version": "DOCKER|index.docker.io/jelledruyts/inspectorgadget",
                "load_balancing_mode": "LeastRequests",
                "local_mysql_enabled": false,
                "managed_pipeline_mode": "Integrated",
                "minimum_tls_version": "1.2",
                "remote_debugging_enabled": false,
                "remote_debugging_version": "VS2022",
                "scm_ip_restriction": [],
                "scm_ip_restriction_default_action": "Allow",
                "scm_minimum_tls_version": "1.2",
                "scm_type": "None",
                "scm_use_main_ip_restriction": false,
                "use_32_bit_worker": true,
                "vnet_route_all_enabled": false,
                "websockets_enabled": false,
                "worker_count": 1
              }
            ],
            "site_credential": [
              {
                "name": "REDACTED",
                "password": "REDACTED"
              }
            ],
            "sticky_settings": [],
            "storage_account": [],
            "tags": null,
            "timeouts": null,
            "virtual_network_subnet_id": "",
            "webdeploy_publish_basic_authentication_enabled": false,
            "zip_deploy_file": ""
          },
          "sensitive_attributes": [
            [
              {
                "type": "get_attr",
                "value": "custom_domain_verification_id"
              }
            ],
            [
              {
                "type": "get_attr",
                "value": "site_config"
              },
              {
                "type": "index",
                "value": {
                  "value": 0,
                  "type": "number"
                }
              },
              {
                "type": "get_attr",
                "value": "application_stack"
              },
              {
                "type": "index",
                "value": {
                  "value": 0,
                  "type": "number"
                }
              },
              {
                "type": "get_attr",
                "value": "docker_registry_password"
              }
            ],
            [
              {
                "type": "get_attr",
                "value": "site_credential"
              }
            ]
          ],
          "private": "eyJlMmJmYjczMC1lY2FhLTExZTYtOGY4OC0zNDM2M2JjN2M0YzAiOnsiY3JlYXRlIjoxODAwMDAwMDAwMDAwLCJkZWxldGUiOjE4MDAwMDAwMDAwMDAsInJlYWQiOjMwMDAwMDAwMDAwMCwidXBkYXRlIjoxODAwMDAwMDAwMDAwfSwic2NoZW1hX3ZlcnNpb24iOiIxIn0=",
          "dependencies": [
            "azurerm_cdn_frontdoor_profile.frontdoor",
            "azurerm_resource_group.rg",
            "azurerm_service_plan.region3"
          ]
        }
      ]
    },
    {
      "mode": "managed",
      "type": "azurerm_resource_group",
      "name": "rg",
      "provider": "provider[\"registry.terraform.io/hashicorp/azurerm\"]",
      "instances": [
        {
          "schema_version": 0,
          "attributes": {
            "id": "/subscriptions/38977b70-47bf-4da5-a492-88712fce8725/resourceGroups/rg-frontdoor-appservice-551",
            "location": "swedencentral",
            "managed_by": "",
            "name": "rg-frontdoor-appservice-551",
            "tags": null,
            "timeouts": null
          },
          "sensitive_attributes": [],
          "private": "eyJlMmJmYjczMC1lY2FhLTExZTYtOGY4OC0zNDM2M2JjN2M0YzAiOnsiY3JlYXRlIjo1NDAwMDAwMDAwMDAwLCJkZWxldGUiOjU0MDAwMDAwMDAwMDAsInJlYWQiOjMwMDAwMDAwMDAwMCwidXBkYXRlIjo1NDAwMDAwMDAwMDAwfX0="
        }
      ]
    },
    {
      "mode": "managed",
      "type": "azurerm_service_plan",
      "name": "region1",
      "provider": "provider[\"registry.terraform.io/hashicorp/azurerm\"]",
      "instances": [
        {
          "schema_version": 1,
          "attributes": {
            "app_service_environment_id": "",
            "id": "/subscriptions/38977b70-47bf-4da5-a492-88712fce8725/resourceGroups/rg-frontdoor-appservice-551/providers/Microsoft.Web/serverFarms/plan-swedencentral",
            "kind": "linux",
            "location": "swedencentral",
            "maximum_elastic_worker_count": 1,
            "name": "plan-swedencentral",
            "os_type": "Linux",
            "per_site_scaling_enabled": false,
            "reserved": true,
            "resource_group_name": "rg-frontdoor-appservice-551",
            "sku_name": "B1",
            "tags": null,
            "timeouts": null,
            "worker_count": 1,
            "zone_balancing_enabled": false
          },
          "sensitive_attributes": [],
          "private": "eyJlMmJmYjczMC1lY2FhLTExZTYtOGY4OC0zNDM2M2JjN2M0YzAiOnsiY3JlYXRlIjozNjAwMDAwMDAwMDAwLCJkZWxldGUiOjM2MDAwMDAwMDAwMDAsInJlYWQiOjMwMDAwMDAwMDAwMCwidXBkYXRlIjozNjAwMDAwMDAwMDAwfSwic2NoZW1hX3ZlcnNpb24iOiIxIn0=",
          "dependencies": [
            "azurerm_resource_group.rg"
          ]
        }
      ]
    },
    {
      "mode": "managed",
      "type": "azurerm_service_plan",
      "name": "region2",
      "provider": "provider[\"registry.terraform.io/hashicorp/azurerm\"]",
      "instances": [
        {
          "schema_version": 1,
          "attributes": {
            "app_service_environment_id": "",
            "id": "/subscriptions/38977b70-47bf-4da5-a492-88712fce8725/resourceGroups/rg-frontdoor-appservice-551/providers/Microsoft.Web/serverFarms/plan-northcentralus",
            "kind": "linux",
            "location": "northcentralus",
            "maximum_elastic_worker_count": 1,
            "name": "plan-northcentralus",
            "os_type": "Linux",
            "per_site_scaling_enabled": false,
            "reserved": true,
            "resource_group_name": "rg-frontdoor-appservice-551",
            "sku_name": "B1",
            "tags": null,
            "timeouts": null,
            "worker_count": 1,
            "zone_balancing_enabled": false
          },
          "sensitive_attributes": [],
          "private": "eyJlMmJmYjczMC1lY2FhLTExZTYtOGY4OC0zNDM2M2JjN2M0YzAiOnsiY3JlYXRlIjozNjAwMDAwMDAwMDAwLCJkZWxldGUiOjM2MDAwMDAwMDAwMDAsInJlYWQiOjMwMDAwMDAwMDAwMCwidXBkYXRlIjozNjAwMDAwMDAwMDAwfSwic2NoZW1hX3ZlcnNpb24iOiIxIn0=",
          "dependencies": [
            "azurerm_resource_group.rg"
          ]
        }
      ]
    },
    {
      "mode": "managed",
      "type": "azurerm_service_plan",
      "name": "region3",
      "provider": "provider[\"registry.terraform.io/hashicorp/azurerm\"]",
      "instances": [
        {
          "schema_version": 1,
          "attributes": {
            "app_service_environment_id": "",
            "id": "/subscriptions/38977b70-47bf-4da5-a492-88712fce8725/resourceGroups/rg-frontdoor-appservice-551/providers/Microsoft.Web/serverFarms/plan-koreacentral",
            "kind": "linux",
            "location": "koreacentral",
            "maximum_elastic_worker_count": 1,
            "name": "plan-koreacentral",
            "os_type": "Linux",
            "per_site_scaling_enabled": false,
            "reserved": true,
            "resource_group_name": "rg-frontdoor-appservice-551",
            "sku_name": "B1",
            "tags": null,
            "timeouts": null,
            "worker_count": 1,
            "zone_balancing_enabled": false
          },
          "sensitive_attributes": [],
          "private": "eyJlMmJmYjczMC1lY2FhLTExZTYtOGY4OC0zNDM2M2JjN2M0YzAiOnsiY3JlYXRlIjozNjAwMDAwMDAwMDAwLCJkZWxldGUiOjM2MDAwMDAwMDAwMDAsInJlYWQiOjMwMDAwMDAwMDAwMCwidXBkYXRlIjozNjAwMDAwMDAwMDAwfSwic2NoZW1hX3ZlcnNpb24iOiIxIn0=",
          "dependencies": [
            "azurerm_resource_group.rg"
          ]
        }
      ]
    },
    {
      "module": "module.vm-region1",
      "mode": "managed",
      "type": "azurerm_network_interface",
      "name": "nic",
      "provider": "provider[\"registry.terraform.io/hashicorp/azurerm\"]",
      "instances": [
        {
          "schema_version": 0,
          "attributes": {
            "accelerated_networking_enabled": false,
            "applied_dns_servers": [],
            "auxiliary_mode": "",
            "auxiliary_sku": "",
            "dns_servers": [],
            "edge_zone": "",
            "enable_accelerated_networking": false,
            "enable_ip_forwarding": false,
            "id": "/subscriptions/38977b70-47bf-4da5-a492-88712fce8725/resourceGroups/rg-vm-551-swedencentral/providers/Microsoft.Network/networkInterfaces/nic-vm",
            "internal_dns_name_label": "",
            "internal_domain_name_suffix": "xtykqmep0ufuzngbxxojomcbna.gvxx.internal.cloudapp.net",
            "ip_configuration": [
              {
                "gateway_load_balancer_frontend_ip_configuration_id": "",
                "name": "internal",
                "primary": true,
                "private_ip_address": "10.0.0.4",
                "private_ip_address_allocation": "Dynamic",
                "private_ip_address_version": "IPv4",
                "public_ip_address_id": "/subscriptions/38977b70-47bf-4da5-a492-88712fce8725/resourceGroups/rg-vm-551-swedencentral/providers/Microsoft.Network/publicIPAddresses/pip-vm-region1",
                "subnet_id": "/subscriptions/38977b70-47bf-4da5-a492-88712fce8725/resourceGroups/rg-vm-551-swedencentral/providers/Microsoft.Network/virtualNetworks/vnet-app/subnets/snet-vm"
              }
            ],
            "ip_forwarding_enabled": false,
            "location": "swedencentral",
            "mac_address": "",
            "name": "nic-vm",
            "private_ip_address": "10.0.0.4",
            "private_ip_addresses": [
              "10.0.0.4"
            ],
            "resource_group_name": "rg-vm-551-swedencentral",
            "tags": null,
            "timeouts": null,
            "virtual_machine_id": ""
          },
          "sensitive_attributes": [],
          "private": "eyJlMmJmYjczMC1lY2FhLTExZTYtOGY4OC0zNDM2M2JjN2M0YzAiOnsiY3JlYXRlIjoxODAwMDAwMDAwMDAwLCJkZWxldGUiOjE4MDAwMDAwMDAwMDAsInJlYWQiOjMwMDAwMDAwMDAwMCwidXBkYXRlIjoxODAwMDAwMDAwMDAwfX0=",
          "dependencies": [
            "module.vm-region1.azurerm_public_ip.pip",
            "module.vm-region1.azurerm_resource_group.rg",
            "module.vm-region1.azurerm_subnet.snet",
            "module.vm-region1.azurerm_virtual_network.vnet"
          ]
        }
      ]
    },
    {
      "module": "module.vm-region1",
      "mode": "managed",
      "type": "azurerm_network_security_group",
      "name": "nsg",
      "provider": "provider[\"registry.terraform.io/hashicorp/azurerm\"]",
      "instances": [
        {
          "schema_version": 0,
          "attributes": {
            "id": "/subscriptions/38977b70-47bf-4da5-a492-88712fce8725/resourceGroups/rg-vm-551-swedencentral/providers/Microsoft.Network/networkSecurityGroups/nsg-vm",
            "location": "swedencentral",
            "name": "nsg-vm",
            "resource_group_name": "rg-vm-551-swedencentral",
            "security_rule": [],
            "tags": null,
            "timeouts": null
          },
          "sensitive_attributes": [],
          "private": "eyJlMmJmYjczMC1lY2FhLTExZTYtOGY4OC0zNDM2M2JjN2M0YzAiOnsiY3JlYXRlIjoxODAwMDAwMDAwMDAwLCJkZWxldGUiOjE4MDAwMDAwMDAwMDAsInJlYWQiOjMwMDAwMDAwMDAwMCwidXBkYXRlIjoxODAwMDAwMDAwMDAwfX0=",
          "dependencies": [
            "module.vm-region1.azurerm_resource_group.rg"
          ]
        }
      ]
    },
    {
      "module": "module.vm-region1",
      "mode": "managed",
      "type": "azurerm_network_security_rule",
      "name": "allow-rdp",
      "provider": "provider[\"registry.terraform.io/hashicorp/azurerm\"]",
      "instances": [
        {
          "schema_version": 0,
          "attributes": {
            "access": "Allow",
            "description": "",
            "destination_address_prefix": "",
            "destination_address_prefixes": [
              "0.0.0.0/0"
            ],
            "destination_application_security_group_ids": null,
            "destination_port_range": "3389",
            "destination_port_ranges": null,
            "direction": "Inbound",
            "id": "/subscriptions/38977b70-47bf-4da5-a492-88712fce8725/resourceGroups/rg-vm-551-swedencentral/providers/Microsoft.Network/networkSecurityGroups/nsg-vm/securityRules/allow-rdp",
            "name": "allow-rdp",
            "network_security_group_name": "nsg-vm",
            "priority": 1000,
            "protocol": "Tcp",
            "resource_group_name": "rg-vm-551-swedencentral",
            "source_address_prefix": "*",
            "source_address_prefixes": null,
            "source_application_security_group_ids": null,
            "source_port_range": "*",
            "source_port_ranges": null,
            "timeouts": null
          },
          "sensitive_attributes": [],
          "private": "eyJlMmJmYjczMC1lY2FhLTExZTYtOGY4OC0zNDM2M2JjN2M0YzAiOnsiY3JlYXRlIjoxODAwMDAwMDAwMDAwLCJkZWxldGUiOjE4MDAwMDAwMDAwMDAsInJlYWQiOjMwMDAwMDAwMDAwMCwidXBkYXRlIjoxODAwMDAwMDAwMDAwfX0=",
          "dependencies": [
            "module.vm-region1.azurerm_network_security_group.nsg",
            "module.vm-region1.azurerm_resource_group.rg"
          ]
        }
      ]
    },
    {
      "module": "module.vm-region1",
      "mode": "managed",
      "type": "azurerm_public_ip",
      "name": "pip",
      "provider": "provider[\"registry.terraform.io/hashicorp/azurerm\"]",
      "instances": [
        {
          "schema_version": 0,
          "attributes": {
            "allocation_method": "Static",
            "ddos_protection_mode": "VirtualNetworkInherited",
            "ddos_protection_plan_id": null,
            "domain_name_label": null,
            "edge_zone": "",
            "fqdn": null,
            "id": "/subscriptions/38977b70-47bf-4da5-a492-88712fce8725/resourceGroups/rg-vm-551-swedencentral/providers/Microsoft.Network/publicIPAddresses/pip-vm-region1",
            "idle_timeout_in_minutes": 4,
            "ip_address": "4.223.96.216",
            "ip_tags": null,
            "ip_version": "IPv4",
            "location": "swedencentral",
            "name": "pip-vm-region1",
            "public_ip_prefix_id": null,
            "resource_group_name": "rg-vm-551-swedencentral",
            "reverse_fqdn": null,
            "sku": "Standard",
            "sku_tier": "Regional",
            "tags": null,
            "timeouts": null,
            "zones": null
          },
          "sensitive_attributes": [],
          "private": "eyJlMmJmYjczMC1lY2FhLTExZTYtOGY4OC0zNDM2M2JjN2M0YzAiOnsiY3JlYXRlIjoxODAwMDAwMDAwMDAwLCJkZWxldGUiOjE4MDAwMDAwMDAwMDAsInJlYWQiOjMwMDAwMDAwMDAwMCwidXBkYXRlIjoxODAwMDAwMDAwMDAwfX0=",
          "dependencies": [
            "module.vm-region1.azurerm_resource_group.rg"
          ]
        }
      ]
    },
    {
      "module": "module.vm-region1",
      "mode": "managed",
      "type": "azurerm_resource_group",
      "name": "rg",
      "provider": "provider[\"registry.terraform.io/hashicorp/azurerm\"]",
      "instances": [
        {
          "schema_version": 0,
          "attributes": {
            "id": "/subscriptions/38977b70-47bf-4da5-a492-88712fce8725/resourceGroups/rg-vm-551-swedencentral",
            "location": "swedencentral",
            "managed_by": "",
            "name": "rg-vm-551-swedencentral",
            "tags": null,
            "timeouts": null
          },
          "sensitive_attributes": [],
          "private": "eyJlMmJmYjczMC1lY2FhLTExZTYtOGY4OC0zNDM2M2JjN2M0YzAiOnsiY3JlYXRlIjo1NDAwMDAwMDAwMDAwLCJkZWxldGUiOjU0MDAwMDAwMDAwMDAsInJlYWQiOjMwMDAwMDAwMDAwMCwidXBkYXRlIjo1NDAwMDAwMDAwMDAwfX0="
        }
      ]
    },
    {
      "module": "module.vm-region1",
      "mode": "managed",
      "type": "azurerm_subnet",
      "name": "snet",
      "provider": "provider[\"registry.terraform.io/hashicorp/azurerm\"]",
      "instances": [
        {
          "schema_version": 0,
          "attributes": {
            "address_prefixes": [
              "10.0.0.0/24"
            ],
            "default_outbound_access_enabled": true,
            "delegation": [],
            "enforce_private_link_endpoint_network_policies": false,
            "enforce_private_link_service_network_policies": false,
            "id": "/subscriptions/38977b70-47bf-4da5-a492-88712fce8725/resourceGroups/rg-vm-551-swedencentral/providers/Microsoft.Network/virtualNetworks/vnet-app/subnets/snet-vm",
            "name": "snet-vm",
            "private_endpoint_network_policies": "Enabled",
            "private_endpoint_network_policies_enabled": true,
            "private_link_service_network_policies_enabled": true,
            "resource_group_name": "rg-vm-551-swedencentral",
            "service_endpoint_policy_ids": null,
            "service_endpoints": null,
            "timeouts": null,
            "virtual_network_name": "vnet-app"
          },
          "sensitive_attributes": [],
          "private": "eyJlMmJmYjczMC1lY2FhLTExZTYtOGY4OC0zNDM2M2JjN2M0YzAiOnsiY3JlYXRlIjoxODAwMDAwMDAwMDAwLCJkZWxldGUiOjE4MDAwMDAwMDAwMDAsInJlYWQiOjMwMDAwMDAwMDAwMCwidXBkYXRlIjoxODAwMDAwMDAwMDAwfX0=",
          "dependencies": [
            "module.vm-region1.azurerm_resource_group.rg",
            "module.vm-region1.azurerm_virtual_network.vnet"
          ]
        }
      ]
    },
    {
      "module": "module.vm-region1",
      "mode": "managed",
      "type": "azurerm_subnet_network_security_group_association",
      "name": "nsg-association",
      "provider": "provider[\"registry.terraform.io/hashicorp/azurerm\"]",
      "instances": [
        {
          "schema_version": 0,
          "attributes": {
            "id": "/subscriptions/38977b70-47bf-4da5-a492-88712fce8725/resourceGroups/rg-vm-551-swedencentral/providers/Microsoft.Network/virtualNetworks/vnet-app/subnets/snet-vm",
            "network_security_group_id": "/subscriptions/38977b70-47bf-4da5-a492-88712fce8725/resourceGroups/rg-vm-551-swedencentral/providers/Microsoft.Network/networkSecurityGroups/nsg-vm",
            "subnet_id": "/subscriptions/38977b70-47bf-4da5-a492-88712fce8725/resourceGroups/rg-vm-551-swedencentral/providers/Microsoft.Network/virtualNetworks/vnet-app/subnets/snet-vm",
            "timeouts": null
          },
          "sensitive_attributes": [],
          "private": "eyJlMmJmYjczMC1lY2FhLTExZTYtOGY4OC0zNDM2M2JjN2M0YzAiOnsiY3JlYXRlIjoxODAwMDAwMDAwMDAwLCJkZWxldGUiOjE4MDAwMDAwMDAwMDAsInJlYWQiOjMwMDAwMDAwMDAwMH19",
          "dependencies": [
            "module.vm-region1.azurerm_network_security_group.nsg",
            "module.vm-region1.azurerm_resource_group.rg",
            "module.vm-region1.azurerm_subnet.snet",
            "module.vm-region1.azurerm_virtual_network.vnet"
          ]
        }
      ]
    },
    {
      "module": "module.vm-region1",
      "mode": "managed",
      "type": "azurerm_virtual_network",
      "name": "vnet",
      "provider": "provider[\"registry.terraform.io/hashicorp/azurerm\"]",
      "instances": [
        {
          "schema_version": 0,
          "attributes": {
            "address_space": [
              "10.0.0.0/16"
            ],
            "bgp_community": "",
            "ddos_protection_plan": [],
            "dns_servers": [],
            "edge_zone": "",
            "encryption": [],
            "flow_timeout_in_minutes": 0,
            "guid": "30a8f0bc-d58f-4c0b-b4c1-bddc97304168",
            "id": "/subscriptions/38977b70-47bf-4da5-a492-88712fce8725/resourceGroups/rg-vm-551-swedencentral/providers/Microsoft.Network/virtualNetworks/vnet-app",
            "location": "swedencentral",
            "name": "vnet-app",
            "resource_group_name": "rg-vm-551-swedencentral",
            "subnet": [],
            "tags": null,
            "timeouts": null
          },
          "sensitive_attributes": [],
          "private": "eyJlMmJmYjczMC1lY2FhLTExZTYtOGY4OC0zNDM2M2JjN2M0YzAiOnsiY3JlYXRlIjoxODAwMDAwMDAwMDAwLCJkZWxldGUiOjE4MDAwMDAwMDAwMDAsInJlYWQiOjMwMDAwMDAwMDAwMCwidXBkYXRlIjoxODAwMDAwMDAwMDAwfX0=",
          "dependencies": [
            "module.vm-region1.azurerm_resource_group.rg"
          ]
        }
      ]
    },
    {
      "module": "module.vm-region1",
      "mode": "managed",
      "type": "azurerm_windows_virtual_machine",
      "name": "vm",
      "provider": "provider[\"registry.terraform.io/hashicorp/azurerm\"]",
      "instances": [
        {
          "schema_version": 0,
          "attributes": {
            "additional_capabilities": [],
            "additional_unattend_content": [],
            "admin_password": "@Aa123456789",
            "admin_username": "azureuser",
            "allow_extension_operations": true,
            "availability_set_id": "",
            "boot_diagnostics": [
              {
                "storage_account_uri": ""
              }
            ],
            "bypass_platform_safety_checks_on_user_schedule_enabled": false,
            "capacity_reservation_group_id": "",
            "computer_name": "vm-jumpbox-w11",
            "custom_data": null,
            "dedicated_host_group_id": "",
            "dedicated_host_id": "",
            "disk_controller_type": "SCSI",
            "edge_zone": "",
            "enable_automatic_updates": true,
            "encryption_at_host_enabled": false,
            "eviction_policy": "Deallocate",
            "extensions_time_budget": "PT1H30M",
            "gallery_application": [],
            "hotpatching_enabled": false,
            "id": "/subscriptions/38977b70-47bf-4da5-a492-88712fce8725/resourceGroups/rg-vm-551-swedencentral/providers/Microsoft.Compute/virtualMachines/vm-jumpbox-w11",
            "identity": [
              {
                "identity_ids": [],
                "principal_id": "2632f884-8e58-46ae-b1df-abb5c3949363",
                "tenant_id": "a8f7faa1-3e2e-4d84-a6cb-daf7eb97d6e4",
                "type": "SystemAssigned"
              }
            ],
            "license_type": "",
            "location": "swedencentral",
            "max_bid_price": -1,
            "name": "vm-jumpbox-w11",
            "network_interface_ids": [
              "/subscriptions/38977b70-47bf-4da5-a492-88712fce8725/resourceGroups/rg-vm-551-swedencentral/providers/Microsoft.Network/networkInterfaces/nic-vm"
            ],
            "os_disk": [
              {
                "caching": "ReadWrite",
                "diff_disk_settings": [],
                "disk_encryption_set_id": "",
                "disk_size_gb": 127,
                "name": "os-disk-vm-windows",
                "secure_vm_disk_encryption_set_id": "",
                "security_encryption_type": "",
                "storage_account_type": "Standard_LRS",
                "write_accelerator_enabled": false
              }
            ],
            "os_image_notification": [],
            "patch_assessment_mode": "ImageDefault",
            "patch_mode": "AutomaticByOS",
            "plan": [],
            "platform_fault_domain": -1,
            "priority": "Spot",
            "private_ip_address": "10.0.0.4",
            "private_ip_addresses": [
              "10.0.0.4"
            ],
            "provision_vm_agent": true,
            "proximity_placement_group_id": "",
            "public_ip_address": "4.223.96.216",
            "public_ip_addresses": [
              "4.223.96.216"
            ],
            "reboot_setting": "",
            "resource_group_name": "rg-vm-551-swedencentral",
            "secret": [],
            "secure_boot_enabled": false,
            "size": "Standard_B2ats_v2",
            "source_image_id": "",
            "source_image_reference": [
              {
                "offer": "windows-11",
                "publisher": "MicrosoftWindowsDesktop",
                "sku": "win11-23h2-pro",
                "version": "latest"
              }
            ],
            "tags": null,
            "termination_notification": null,
            "timeouts": null,
            "timezone": "",
            "user_data": "",
            "virtual_machine_id": "0b6e484a-2ed6-462c-808e-079c412dafa5",
            "virtual_machine_scale_set_id": "",
            "vm_agent_platform_updates_enabled": false,
            "vtpm_enabled": false,
            "winrm_listener": [],
            "zone": ""
          },
          "sensitive_attributes": [
            [
              {
                "type": "get_attr",
                "value": "admin_password"
              }
            ],
            [
              {
                "type": "get_attr",
                "value": "custom_data"
              }
            ]
          ],
          "private": "eyJlMmJmYjczMC1lY2FhLTExZTYtOGY4OC0zNDM2M2JjN2M0YzAiOnsiY3JlYXRlIjoyNzAwMDAwMDAwMDAwLCJkZWxldGUiOjI3MDAwMDAwMDAwMDAsInJlYWQiOjMwMDAwMDAwMDAwMCwidXBkYXRlIjoyNzAwMDAwMDAwMDAwfX0=",
          "dependencies": [
            "module.vm-region1.azurerm_network_interface.nic",
            "module.vm-region1.azurerm_public_ip.pip",
            "module.vm-region1.azurerm_resource_group.rg",
            "module.vm-region1.azurerm_subnet.snet",
            "module.vm-region1.azurerm_virtual_network.vnet"
          ]
        }
      ]
    },
    {
      "module": "module.vm-region2",
      "mode": "managed",
      "type": "azurerm_network_interface",
      "name": "nic",
      "provider": "provider[\"registry.terraform.io/hashicorp/azurerm\"]",
      "instances": [
        {
          "schema_version": 0,
          "attributes": {
            "accelerated_networking_enabled": false,
            "applied_dns_servers": [],
            "auxiliary_mode": "",
            "auxiliary_sku": "",
            "dns_servers": [],
            "edge_zone": "",
            "enable_accelerated_networking": false,
            "enable_ip_forwarding": false,
            "id": "/subscriptions/38977b70-47bf-4da5-a492-88712fce8725/resourceGroups/rg-vm-551-northcentralus/providers/Microsoft.Network/networkInterfaces/nic-vm",
            "internal_dns_name_label": "",
            "internal_domain_name_suffix": "kaiirfyizplexixyknaqe240na.ex.internal.cloudapp.net",
            "ip_configuration": [
              {
                "gateway_load_balancer_frontend_ip_configuration_id": "",
                "name": "internal",
                "primary": true,
                "private_ip_address": "10.0.0.4",
                "private_ip_address_allocation": "Dynamic",
                "private_ip_address_version": "IPv4",
                "public_ip_address_id": "/subscriptions/38977b70-47bf-4da5-a492-88712fce8725/resourceGroups/rg-vm-551-northcentralus/providers/Microsoft.Network/publicIPAddresses/pip-vm-region1",
                "subnet_id": "/subscriptions/38977b70-47bf-4da5-a492-88712fce8725/resourceGroups/rg-vm-551-northcentralus/providers/Microsoft.Network/virtualNetworks/vnet-app/subnets/snet-vm"
              }
            ],
            "ip_forwarding_enabled": false,
            "location": "northcentralus",
            "mac_address": "",
            "name": "nic-vm",
            "private_ip_address": "10.0.0.4",
            "private_ip_addresses": [
              "10.0.0.4"
            ],
            "resource_group_name": "rg-vm-551-northcentralus",
            "tags": null,
            "timeouts": null,
            "virtual_machine_id": ""
          },
          "sensitive_attributes": [],
          "private": "eyJlMmJmYjczMC1lY2FhLTExZTYtOGY4OC0zNDM2M2JjN2M0YzAiOnsiY3JlYXRlIjoxODAwMDAwMDAwMDAwLCJkZWxldGUiOjE4MDAwMDAwMDAwMDAsInJlYWQiOjMwMDAwMDAwMDAwMCwidXBkYXRlIjoxODAwMDAwMDAwMDAwfX0=",
          "dependencies": [
            "module.vm-region2.azurerm_public_ip.pip",
            "module.vm-region2.azurerm_resource_group.rg",
            "module.vm-region2.azurerm_subnet.snet",
            "module.vm-region2.azurerm_virtual_network.vnet"
          ]
        }
      ]
    },
    {
      "module": "module.vm-region2",
      "mode": "managed",
      "type": "azurerm_network_security_group",
      "name": "nsg",
      "provider": "provider[\"registry.terraform.io/hashicorp/azurerm\"]",
      "instances": [
        {
          "schema_version": 0,
          "attributes": {
            "id": "/subscriptions/38977b70-47bf-4da5-a492-88712fce8725/resourceGroups/rg-vm-551-northcentralus/providers/Microsoft.Network/networkSecurityGroups/nsg-vm",
            "location": "northcentralus",
            "name": "nsg-vm",
            "resource_group_name": "rg-vm-551-northcentralus",
            "security_rule": [],
            "tags": null,
            "timeouts": null
          },
          "sensitive_attributes": [],
          "private": "eyJlMmJmYjczMC1lY2FhLTExZTYtOGY4OC0zNDM2M2JjN2M0YzAiOnsiY3JlYXRlIjoxODAwMDAwMDAwMDAwLCJkZWxldGUiOjE4MDAwMDAwMDAwMDAsInJlYWQiOjMwMDAwMDAwMDAwMCwidXBkYXRlIjoxODAwMDAwMDAwMDAwfX0=",
          "dependencies": [
            "module.vm-region2.azurerm_resource_group.rg"
          ]
        }
      ]
    },
    {
      "module": "module.vm-region2",
      "mode": "managed",
      "type": "azurerm_network_security_rule",
      "name": "allow-rdp",
      "provider": "provider[\"registry.terraform.io/hashicorp/azurerm\"]",
      "instances": [
        {
          "schema_version": 0,
          "attributes": {
            "access": "Allow",
            "description": "",
            "destination_address_prefix": "",
            "destination_address_prefixes": [
              "0.0.0.0/0"
            ],
            "destination_application_security_group_ids": null,
            "destination_port_range": "3389",
            "destination_port_ranges": null,
            "direction": "Inbound",
            "id": "/subscriptions/38977b70-47bf-4da5-a492-88712fce8725/resourceGroups/rg-vm-551-northcentralus/providers/Microsoft.Network/networkSecurityGroups/nsg-vm/securityRules/allow-rdp",
            "name": "allow-rdp",
            "network_security_group_name": "nsg-vm",
            "priority": 1000,
            "protocol": "Tcp",
            "resource_group_name": "rg-vm-551-northcentralus",
            "source_address_prefix": "*",
            "source_address_prefixes": null,
            "source_application_security_group_ids": null,
            "source_port_range": "*",
            "source_port_ranges": null,
            "timeouts": null
          },
          "sensitive_attributes": [],
          "private": "eyJlMmJmYjczMC1lY2FhLTExZTYtOGY4OC0zNDM2M2JjN2M0YzAiOnsiY3JlYXRlIjoxODAwMDAwMDAwMDAwLCJkZWxldGUiOjE4MDAwMDAwMDAwMDAsInJlYWQiOjMwMDAwMDAwMDAwMCwidXBkYXRlIjoxODAwMDAwMDAwMDAwfX0=",
          "dependencies": [
            "module.vm-region2.azurerm_network_security_group.nsg",
            "module.vm-region2.azurerm_resource_group.rg"
          ]
        }
      ]
    },
    {
      "module": "module.vm-region2",
      "mode": "managed",
      "type": "azurerm_public_ip",
      "name": "pip",
      "provider": "provider[\"registry.terraform.io/hashicorp/azurerm\"]",
      "instances": [
        {
          "schema_version": 0,
          "attributes": {
            "allocation_method": "Static",
            "ddos_protection_mode": "VirtualNetworkInherited",
            "ddos_protection_plan_id": null,
            "domain_name_label": null,
            "edge_zone": "",
            "fqdn": null,
            "id": "/subscriptions/38977b70-47bf-4da5-a492-88712fce8725/resourceGroups/rg-vm-551-northcentralus/providers/Microsoft.Network/publicIPAddresses/pip-vm-region1",
            "idle_timeout_in_minutes": 4,
            "ip_address": "23.96.229.151",
            "ip_tags": null,
            "ip_version": "IPv4",
            "location": "northcentralus",
            "name": "pip-vm-region1",
            "public_ip_prefix_id": null,
            "resource_group_name": "rg-vm-551-northcentralus",
            "reverse_fqdn": null,
            "sku": "Standard",
            "sku_tier": "Regional",
            "tags": null,
            "timeouts": null,
            "zones": null
          },
          "sensitive_attributes": [],
          "private": "eyJlMmJmYjczMC1lY2FhLTExZTYtOGY4OC0zNDM2M2JjN2M0YzAiOnsiY3JlYXRlIjoxODAwMDAwMDAwMDAwLCJkZWxldGUiOjE4MDAwMDAwMDAwMDAsInJlYWQiOjMwMDAwMDAwMDAwMCwidXBkYXRlIjoxODAwMDAwMDAwMDAwfX0=",
          "dependencies": [
            "module.vm-region2.azurerm_resource_group.rg"
          ]
        }
      ]
    },
    {
      "module": "module.vm-region2",
      "mode": "managed",
      "type": "azurerm_resource_group",
      "name": "rg",
      "provider": "provider[\"registry.terraform.io/hashicorp/azurerm\"]",
      "instances": [
        {
          "schema_version": 0,
          "attributes": {
            "id": "/subscriptions/38977b70-47bf-4da5-a492-88712fce8725/resourceGroups/rg-vm-551-northcentralus",
            "location": "northcentralus",
            "managed_by": "",
            "name": "rg-vm-551-northcentralus",
            "tags": null,
            "timeouts": null
          },
          "sensitive_attributes": [],
          "private": "eyJlMmJmYjczMC1lY2FhLTExZTYtOGY4OC0zNDM2M2JjN2M0YzAiOnsiY3JlYXRlIjo1NDAwMDAwMDAwMDAwLCJkZWxldGUiOjU0MDAwMDAwMDAwMDAsInJlYWQiOjMwMDAwMDAwMDAwMCwidXBkYXRlIjo1NDAwMDAwMDAwMDAwfX0="
        }
      ]
    },
    {
      "module": "module.vm-region2",
      "mode": "managed",
      "type": "azurerm_subnet",
      "name": "snet",
      "provider": "provider[\"registry.terraform.io/hashicorp/azurerm\"]",
      "instances": [
        {
          "schema_version": 0,
          "attributes": {
            "address_prefixes": [
              "10.0.0.0/24"
            ],
            "default_outbound_access_enabled": true,
            "delegation": [],
            "enforce_private_link_endpoint_network_policies": false,
            "enforce_private_link_service_network_policies": false,
            "id": "/subscriptions/38977b70-47bf-4da5-a492-88712fce8725/resourceGroups/rg-vm-551-northcentralus/providers/Microsoft.Network/virtualNetworks/vnet-app/subnets/snet-vm",
            "name": "snet-vm",
            "private_endpoint_network_policies": "Enabled",
            "private_endpoint_network_policies_enabled": true,
            "private_link_service_network_policies_enabled": true,
            "resource_group_name": "rg-vm-551-northcentralus",
            "service_endpoint_policy_ids": null,
            "service_endpoints": null,
            "timeouts": null,
            "virtual_network_name": "vnet-app"
          },
          "sensitive_attributes": [],
          "private": "eyJlMmJmYjczMC1lY2FhLTExZTYtOGY4OC0zNDM2M2JjN2M0YzAiOnsiY3JlYXRlIjoxODAwMDAwMDAwMDAwLCJkZWxldGUiOjE4MDAwMDAwMDAwMDAsInJlYWQiOjMwMDAwMDAwMDAwMCwidXBkYXRlIjoxODAwMDAwMDAwMDAwfX0=",
          "dependencies": [
            "module.vm-region2.azurerm_resource_group.rg",
            "module.vm-region2.azurerm_virtual_network.vnet"
          ]
        }
      ]
    },
    {
      "module": "module.vm-region2",
      "mode": "managed",
      "type": "azurerm_subnet_network_security_group_association",
      "name": "nsg-association",
      "provider": "provider[\"registry.terraform.io/hashicorp/azurerm\"]",
      "instances": [
        {
          "schema_version": 0,
          "attributes": {
            "id": "/subscriptions/38977b70-47bf-4da5-a492-88712fce8725/resourceGroups/rg-vm-551-northcentralus/providers/Microsoft.Network/virtualNetworks/vnet-app/subnets/snet-vm",
            "network_security_group_id": "/subscriptions/38977b70-47bf-4da5-a492-88712fce8725/resourceGroups/rg-vm-551-northcentralus/providers/Microsoft.Network/networkSecurityGroups/nsg-vm",
            "subnet_id": "/subscriptions/38977b70-47bf-4da5-a492-88712fce8725/resourceGroups/rg-vm-551-northcentralus/providers/Microsoft.Network/virtualNetworks/vnet-app/subnets/snet-vm",
            "timeouts": null
          },
          "sensitive_attributes": [],
          "private": "eyJlMmJmYjczMC1lY2FhLTExZTYtOGY4OC0zNDM2M2JjN2M0YzAiOnsiY3JlYXRlIjoxODAwMDAwMDAwMDAwLCJkZWxldGUiOjE4MDAwMDAwMDAwMDAsInJlYWQiOjMwMDAwMDAwMDAwMH19",
          "dependencies": [
            "module.vm-region2.azurerm_network_security_group.nsg",
            "module.vm-region2.azurerm_resource_group.rg",
            "module.vm-region2.azurerm_subnet.snet",
            "module.vm-region2.azurerm_virtual_network.vnet"
          ]
        }
      ]
    },
    {
      "module": "module.vm-region2",
      "mode": "managed",
      "type": "azurerm_virtual_network",
      "name": "vnet",
      "provider": "provider[\"registry.terraform.io/hashicorp/azurerm\"]",
      "instances": [
        {
          "schema_version": 0,
          "attributes": {
            "address_space": [
              "10.0.0.0/16"
            ],
            "bgp_community": "",
            "ddos_protection_plan": [],
            "dns_servers": [],
            "edge_zone": "",
            "encryption": [],
            "flow_timeout_in_minutes": 0,
            "guid": "97881050-cb08-4bd6-a2f8-53410273da68",
            "id": "/subscriptions/38977b70-47bf-4da5-a492-88712fce8725/resourceGroups/rg-vm-551-northcentralus/providers/Microsoft.Network/virtualNetworks/vnet-app",
            "location": "northcentralus",
            "name": "vnet-app",
            "resource_group_name": "rg-vm-551-northcentralus",
            "subnet": [],
            "tags": null,
            "timeouts": null
          },
          "sensitive_attributes": [],
          "private": "eyJlMmJmYjczMC1lY2FhLTExZTYtOGY4OC0zNDM2M2JjN2M0YzAiOnsiY3JlYXRlIjoxODAwMDAwMDAwMDAwLCJkZWxldGUiOjE4MDAwMDAwMDAwMDAsInJlYWQiOjMwMDAwMDAwMDAwMCwidXBkYXRlIjoxODAwMDAwMDAwMDAwfX0=",
          "dependencies": [
            "module.vm-region2.azurerm_resource_group.rg"
          ]
        }
      ]
    },
    {
      "module": "module.vm-region2",
      "mode": "managed",
      "type": "azurerm_windows_virtual_machine",
      "name": "vm",
      "provider": "provider[\"registry.terraform.io/hashicorp/azurerm\"]",
      "instances": [
        {
          "schema_version": 0,
          "attributes": {
            "additional_capabilities": [],
            "additional_unattend_content": [],
            "admin_password": "@Aa123456789",
            "admin_username": "azureuser",
            "allow_extension_operations": true,
            "availability_set_id": "",
            "boot_diagnostics": [
              {
                "storage_account_uri": ""
              }
            ],
            "bypass_platform_safety_checks_on_user_schedule_enabled": false,
            "capacity_reservation_group_id": "",
            "computer_name": "vm-jumpbox-w11",
            "custom_data": null,
            "dedicated_host_group_id": "",
            "dedicated_host_id": "",
            "disk_controller_type": "SCSI",
            "edge_zone": "",
            "enable_automatic_updates": true,
            "encryption_at_host_enabled": false,
            "eviction_policy": "Deallocate",
            "extensions_time_budget": "PT1H30M",
            "gallery_application": [],
            "hotpatching_enabled": false,
            "id": "/subscriptions/38977b70-47bf-4da5-a492-88712fce8725/resourceGroups/rg-vm-551-northcentralus/providers/Microsoft.Compute/virtualMachines/vm-jumpbox-w11",
            "identity": [
              {
                "identity_ids": [],
                "principal_id": "56faab59-d348-4432-af79-b92b3d574b0c",
                "tenant_id": "a8f7faa1-3e2e-4d84-a6cb-daf7eb97d6e4",
                "type": "SystemAssigned"
              }
            ],
            "license_type": "",
            "location": "northcentralus",
            "max_bid_price": -1,
            "name": "vm-jumpbox-w11",
            "network_interface_ids": [
              "/subscriptions/38977b70-47bf-4da5-a492-88712fce8725/resourceGroups/rg-vm-551-northcentralus/providers/Microsoft.Network/networkInterfaces/nic-vm"
            ],
            "os_disk": [
              {
                "caching": "ReadWrite",
                "diff_disk_settings": [],
                "disk_encryption_set_id": "",
                "disk_size_gb": 127,
                "name": "os-disk-vm-windows",
                "secure_vm_disk_encryption_set_id": "",
                "security_encryption_type": "",
                "storage_account_type": "Standard_LRS",
                "write_accelerator_enabled": false
              }
            ],
            "os_image_notification": [],
            "patch_assessment_mode": "ImageDefault",
            "patch_mode": "AutomaticByOS",
            "plan": [],
            "platform_fault_domain": -1,
            "priority": "Spot",
            "private_ip_address": "10.0.0.4",
            "private_ip_addresses": [
              "10.0.0.4"
            ],
            "provision_vm_agent": true,
            "proximity_placement_group_id": "",
            "public_ip_address": "23.96.229.151",
            "public_ip_addresses": [
              "23.96.229.151"
            ],
            "reboot_setting": "",
            "resource_group_name": "rg-vm-551-northcentralus",
            "secret": [],
            "secure_boot_enabled": false,
            "size": "Standard_B2ats_v2",
            "source_image_id": "",
            "source_image_reference": [
              {
                "offer": "windows-11",
                "publisher": "MicrosoftWindowsDesktop",
                "sku": "win11-23h2-pro",
                "version": "latest"
              }
            ],
            "tags": null,
            "termination_notification": null,
            "timeouts": null,
            "timezone": "",
            "user_data": "",
            "virtual_machine_id": "af6d7f16-498f-487f-8f83-cdbc92a0de4e",
            "virtual_machine_scale_set_id": "",
            "vm_agent_platform_updates_enabled": false,
            "vtpm_enabled": false,
            "winrm_listener": [],
            "zone": ""
          },
          "sensitive_attributes": [
            [
              {
                "type": "get_attr",
                "value": "custom_data"
              }
            ],
            [
              {
                "type": "get_attr",
                "value": "admin_password"
              }
            ]
          ],
          "private": "eyJlMmJmYjczMC1lY2FhLTExZTYtOGY4OC0zNDM2M2JjN2M0YzAiOnsiY3JlYXRlIjoyNzAwMDAwMDAwMDAwLCJkZWxldGUiOjI3MDAwMDAwMDAwMDAsInJlYWQiOjMwMDAwMDAwMDAwMCwidXBkYXRlIjoyNzAwMDAwMDAwMDAwfX0=",
          "dependencies": [
            "module.vm-region2.azurerm_network_interface.nic",
            "module.vm-region2.azurerm_public_ip.pip",
            "module.vm-region2.azurerm_resource_group.rg",
            "module.vm-region2.azurerm_subnet.snet",
            "module.vm-region2.azurerm_virtual_network.vnet"
          ]
        }
      ]
    },
    {
      "module": "module.vm-region3",
      "mode": "managed",
      "type": "azurerm_network_interface",
      "name": "nic",
      "provider": "provider[\"registry.terraform.io/hashicorp/azurerm\"]",
      "instances": [
        {
          "schema_version": 0,
          "attributes": {
            "accelerated_networking_enabled": false,
            "applied_dns_servers": [],
            "auxiliary_mode": "",
            "auxiliary_sku": "",
            "dns_servers": [],
            "edge_zone": "",
            "enable_accelerated_networking": false,
            "enable_ip_forwarding": false,
            "id": "/subscriptions/38977b70-47bf-4da5-a492-88712fce8725/resourceGroups/rg-vm-551-koreacentral/providers/Microsoft.Network/networkInterfaces/nic-vm",
            "internal_dns_name_label": "",
            "internal_domain_name_suffix": "gotixkr25h5uvgs4rvzdb3ebjg.syx.internal.cloudapp.net",
            "ip_configuration": [
              {
                "gateway_load_balancer_frontend_ip_configuration_id": "",
                "name": "internal",
                "primary": true,
                "private_ip_address": "10.0.0.4",
                "private_ip_address_allocation": "Dynamic",
                "private_ip_address_version": "IPv4",
                "public_ip_address_id": "/subscriptions/38977b70-47bf-4da5-a492-88712fce8725/resourceGroups/rg-vm-551-koreacentral/providers/Microsoft.Network/publicIPAddresses/pip-vm-region1",
                "subnet_id": "/subscriptions/38977b70-47bf-4da5-a492-88712fce8725/resourceGroups/rg-vm-551-koreacentral/providers/Microsoft.Network/virtualNetworks/vnet-app/subnets/snet-vm"
              }
            ],
            "ip_forwarding_enabled": false,
            "location": "koreacentral",
            "mac_address": "",
            "name": "nic-vm",
            "private_ip_address": "10.0.0.4",
            "private_ip_addresses": [
              "10.0.0.4"
            ],
            "resource_group_name": "rg-vm-551-koreacentral",
            "tags": null,
            "timeouts": null,
            "virtual_machine_id": ""
          },
          "sensitive_attributes": [],
          "private": "eyJlMmJmYjczMC1lY2FhLTExZTYtOGY4OC0zNDM2M2JjN2M0YzAiOnsiY3JlYXRlIjoxODAwMDAwMDAwMDAwLCJkZWxldGUiOjE4MDAwMDAwMDAwMDAsInJlYWQiOjMwMDAwMDAwMDAwMCwidXBkYXRlIjoxODAwMDAwMDAwMDAwfX0=",
          "dependencies": [
            "module.vm-region3.azurerm_public_ip.pip",
            "module.vm-region3.azurerm_resource_group.rg",
            "module.vm-region3.azurerm_subnet.snet",
            "module.vm-region3.azurerm_virtual_network.vnet"
          ]
        }
      ]
    },
    {
      "module": "module.vm-region3",
      "mode": "managed",
      "type": "azurerm_network_security_group",
      "name": "nsg",
      "provider": "provider[\"registry.terraform.io/hashicorp/azurerm\"]",
      "instances": [
        {
          "schema_version": 0,
          "attributes": {
            "id": "/subscriptions/38977b70-47bf-4da5-a492-88712fce8725/resourceGroups/rg-vm-551-koreacentral/providers/Microsoft.Network/networkSecurityGroups/nsg-vm",
            "location": "koreacentral",
            "name": "nsg-vm",
            "resource_group_name": "rg-vm-551-koreacentral",
            "security_rule": [],
            "tags": null,
            "timeouts": null
          },
          "sensitive_attributes": [],
          "private": "eyJlMmJmYjczMC1lY2FhLTExZTYtOGY4OC0zNDM2M2JjN2M0YzAiOnsiY3JlYXRlIjoxODAwMDAwMDAwMDAwLCJkZWxldGUiOjE4MDAwMDAwMDAwMDAsInJlYWQiOjMwMDAwMDAwMDAwMCwidXBkYXRlIjoxODAwMDAwMDAwMDAwfX0=",
          "dependencies": [
            "module.vm-region3.azurerm_resource_group.rg"
          ]
        }
      ]
    },
    {
      "module": "module.vm-region3",
      "mode": "managed",
      "type": "azurerm_network_security_rule",
      "name": "allow-rdp",
      "provider": "provider[\"registry.terraform.io/hashicorp/azurerm\"]",
      "instances": [
        {
          "schema_version": 0,
          "attributes": {
            "access": "Allow",
            "description": "",
            "destination_address_prefix": "",
            "destination_address_prefixes": [
              "0.0.0.0/0"
            ],
            "destination_application_security_group_ids": null,
            "destination_port_range": "3389",
            "destination_port_ranges": null,
            "direction": "Inbound",
            "id": "/subscriptions/38977b70-47bf-4da5-a492-88712fce8725/resourceGroups/rg-vm-551-koreacentral/providers/Microsoft.Network/networkSecurityGroups/nsg-vm/securityRules/allow-rdp",
            "name": "allow-rdp",
            "network_security_group_name": "nsg-vm",
            "priority": 1000,
            "protocol": "Tcp",
            "resource_group_name": "rg-vm-551-koreacentral",
            "source_address_prefix": "*",
            "source_address_prefixes": null,
            "source_application_security_group_ids": null,
            "source_port_range": "*",
            "source_port_ranges": null,
            "timeouts": null
          },
          "sensitive_attributes": [],
          "private": "eyJlMmJmYjczMC1lY2FhLTExZTYtOGY4OC0zNDM2M2JjN2M0YzAiOnsiY3JlYXRlIjoxODAwMDAwMDAwMDAwLCJkZWxldGUiOjE4MDAwMDAwMDAwMDAsInJlYWQiOjMwMDAwMDAwMDAwMCwidXBkYXRlIjoxODAwMDAwMDAwMDAwfX0=",
          "dependencies": [
            "module.vm-region3.azurerm_network_security_group.nsg",
            "module.vm-region3.azurerm_resource_group.rg"
          ]
        }
      ]
    },
    {
      "module": "module.vm-region3",
      "mode": "managed",
      "type": "azurerm_public_ip",
      "name": "pip",
      "provider": "provider[\"registry.terraform.io/hashicorp/azurerm\"]",
      "instances": [
        {
          "schema_version": 0,
          "attributes": {
            "allocation_method": "Static",
            "ddos_protection_mode": "VirtualNetworkInherited",
            "ddos_protection_plan_id": null,
            "domain_name_label": null,
            "edge_zone": "",
            "fqdn": null,
            "id": "/subscriptions/38977b70-47bf-4da5-a492-88712fce8725/resourceGroups/rg-vm-551-koreacentral/providers/Microsoft.Network/publicIPAddresses/pip-vm-region1",
            "idle_timeout_in_minutes": 4,
            "ip_address": "20.41.84.80",
            "ip_tags": null,
            "ip_version": "IPv4",
            "location": "koreacentral",
            "name": "pip-vm-region1",
            "public_ip_prefix_id": null,
            "resource_group_name": "rg-vm-551-koreacentral",
            "reverse_fqdn": null,
            "sku": "Standard",
            "sku_tier": "Regional",
            "tags": null,
            "timeouts": null,
            "zones": null
          },
          "sensitive_attributes": [],
          "private": "eyJlMmJmYjczMC1lY2FhLTExZTYtOGY4OC0zNDM2M2JjN2M0YzAiOnsiY3JlYXRlIjoxODAwMDAwMDAwMDAwLCJkZWxldGUiOjE4MDAwMDAwMDAwMDAsInJlYWQiOjMwMDAwMDAwMDAwMCwidXBkYXRlIjoxODAwMDAwMDAwMDAwfX0=",
          "dependencies": [
            "module.vm-region3.azurerm_resource_group.rg"
          ]
        }
      ]
    },
    {
      "module": "module.vm-region3",
      "mode": "managed",
      "type": "azurerm_resource_group",
      "name": "rg",
      "provider": "provider[\"registry.terraform.io/hashicorp/azurerm\"]",
      "instances": [
        {
          "schema_version": 0,
          "attributes": {
            "id": "/subscriptions/38977b70-47bf-4da5-a492-88712fce8725/resourceGroups/rg-vm-551-koreacentral",
            "location": "koreacentral",
            "managed_by": "",
            "name": "rg-vm-551-koreacentral",
            "tags": null,
            "timeouts": null
          },
          "sensitive_attributes": [],
          "private": "eyJlMmJmYjczMC1lY2FhLTExZTYtOGY4OC0zNDM2M2JjN2M0YzAiOnsiY3JlYXRlIjo1NDAwMDAwMDAwMDAwLCJkZWxldGUiOjU0MDAwMDAwMDAwMDAsInJlYWQiOjMwMDAwMDAwMDAwMCwidXBkYXRlIjo1NDAwMDAwMDAwMDAwfX0="
        }
      ]
    },
    {
      "module": "module.vm-region3",
      "mode": "managed",
      "type": "azurerm_subnet",
      "name": "snet",
      "provider": "provider[\"registry.terraform.io/hashicorp/azurerm\"]",
      "instances": [
        {
          "schema_version": 0,
          "attributes": {
            "address_prefixes": [
              "10.0.0.0/24"
            ],
            "default_outbound_access_enabled": true,
            "delegation": [],
            "enforce_private_link_endpoint_network_policies": false,
            "enforce_private_link_service_network_policies": false,
            "id": "/subscriptions/38977b70-47bf-4da5-a492-88712fce8725/resourceGroups/rg-vm-551-koreacentral/providers/Microsoft.Network/virtualNetworks/vnet-app/subnets/snet-vm",
            "name": "snet-vm",
            "private_endpoint_network_policies": "Enabled",
            "private_endpoint_network_policies_enabled": true,
            "private_link_service_network_policies_enabled": true,
            "resource_group_name": "rg-vm-551-koreacentral",
            "service_endpoint_policy_ids": null,
            "service_endpoints": null,
            "timeouts": null,
            "virtual_network_name": "vnet-app"
          },
          "sensitive_attributes": [],
          "private": "eyJlMmJmYjczMC1lY2FhLTExZTYtOGY4OC0zNDM2M2JjN2M0YzAiOnsiY3JlYXRlIjoxODAwMDAwMDAwMDAwLCJkZWxldGUiOjE4MDAwMDAwMDAwMDAsInJlYWQiOjMwMDAwMDAwMDAwMCwidXBkYXRlIjoxODAwMDAwMDAwMDAwfX0=",
          "dependencies": [
            "module.vm-region3.azurerm_resource_group.rg",
            "module.vm-region3.azurerm_virtual_network.vnet"
          ]
        }
      ]
    },
    {
      "module": "module.vm-region3",
      "mode": "managed",
      "type": "azurerm_subnet_network_security_group_association",
      "name": "nsg-association",
      "provider": "provider[\"registry.terraform.io/hashicorp/azurerm\"]",
      "instances": [
        {
          "schema_version": 0,
          "attributes": {
            "id": "/subscriptions/38977b70-47bf-4da5-a492-88712fce8725/resourceGroups/rg-vm-551-koreacentral/providers/Microsoft.Network/virtualNetworks/vnet-app/subnets/snet-vm",
            "network_security_group_id": "/subscriptions/38977b70-47bf-4da5-a492-88712fce8725/resourceGroups/rg-vm-551-koreacentral/providers/Microsoft.Network/networkSecurityGroups/nsg-vm",
            "subnet_id": "/subscriptions/38977b70-47bf-4da5-a492-88712fce8725/resourceGroups/rg-vm-551-koreacentral/providers/Microsoft.Network/virtualNetworks/vnet-app/subnets/snet-vm",
            "timeouts": null
          },
          "sensitive_attributes": [],
          "private": "eyJlMmJmYjczMC1lY2FhLTExZTYtOGY4OC0zNDM2M2JjN2M0YzAiOnsiY3JlYXRlIjoxODAwMDAwMDAwMDAwLCJkZWxldGUiOjE4MDAwMDAwMDAwMDAsInJlYWQiOjMwMDAwMDAwMDAwMH19",
          "dependencies": [
            "module.vm-region3.azurerm_network_security_group.nsg",
            "module.vm-region3.azurerm_resource_group.rg",
            "module.vm-region3.azurerm_subnet.snet",
            "module.vm-region3.azurerm_virtual_network.vnet"
          ]
        }
      ]
    },
    {
      "module": "module.vm-region3",
      "mode": "managed",
      "type": "azurerm_virtual_network",
      "name": "vnet",
      "provider": "provider[\"registry.terraform.io/hashicorp/azurerm\"]",
      "instances": [
        {
          "schema_version": 0,
          "attributes": {
            "address_space": [
              "10.0.0.0/16"
            ],
            "bgp_community": "",
            "ddos_protection_plan": [],
            "dns_servers": [],
            "edge_zone": "",
            "encryption": [],
            "flow_timeout_in_minutes": 0,
            "guid": "aa8ba633-f93c-4aff-9a5e-8d7230f4814e",
            "id": "/subscriptions/38977b70-47bf-4da5-a492-88712fce8725/resourceGroups/rg-vm-551-koreacentral/providers/Microsoft.Network/virtualNetworks/vnet-app",
            "location": "koreacentral",
            "name": "vnet-app",
            "resource_group_name": "rg-vm-551-koreacentral",
            "subnet": [],
            "tags": null,
            "timeouts": null
          },
          "sensitive_attributes": [],
          "private": "eyJlMmJmYjczMC1lY2FhLTExZTYtOGY4OC0zNDM2M2JjN2M0YzAiOnsiY3JlYXRlIjoxODAwMDAwMDAwMDAwLCJkZWxldGUiOjE4MDAwMDAwMDAwMDAsInJlYWQiOjMwMDAwMDAwMDAwMCwidXBkYXRlIjoxODAwMDAwMDAwMDAwfX0=",
          "dependencies": [
            "module.vm-region3.azurerm_resource_group.rg"
          ]
        }
      ]
    },
    {
      "module": "module.vm-region3",
      "mode": "managed",
      "type": "azurerm_windows_virtual_machine",
      "name": "vm",
      "provider": "provider[\"registry.terraform.io/hashicorp/azurerm\"]",
      "instances": [
        {
          "schema_version": 0,
          "attributes": {
            "additional_capabilities": [],
            "additional_unattend_content": [],
            "admin_password": "@Aa123456789",
            "admin_username": "azureuser",
            "allow_extension_operations": true,
            "availability_set_id": "",
            "boot_diagnostics": [
              {
                "storage_account_uri": ""
              }
            ],
            "bypass_platform_safety_checks_on_user_schedule_enabled": false,
            "capacity_reservation_group_id": "",
            "computer_name": "vm-jumpbox-w11",
            "custom_data": null,
            "dedicated_host_group_id": "",
            "dedicated_host_id": "",
            "disk_controller_type": "SCSI",
            "edge_zone": "",
            "enable_automatic_updates": true,
            "encryption_at_host_enabled": false,
            "eviction_policy": "Deallocate",
            "extensions_time_budget": "PT1H30M",
            "gallery_application": [],
            "hotpatching_enabled": false,
            "id": "/subscriptions/38977b70-47bf-4da5-a492-88712fce8725/resourceGroups/rg-vm-551-koreacentral/providers/Microsoft.Compute/virtualMachines/vm-jumpbox-w11",
            "identity": [
              {
                "identity_ids": [],
                "principal_id": "7eeae617-b8a5-4563-95b1-ca0f5a595cea",
                "tenant_id": "a8f7faa1-3e2e-4d84-a6cb-daf7eb97d6e4",
                "type": "SystemAssigned"
              }
            ],
            "license_type": "",
            "location": "koreacentral",
            "max_bid_price": -1,
            "name": "vm-jumpbox-w11",
            "network_interface_ids": [
              "/subscriptions/38977b70-47bf-4da5-a492-88712fce8725/resourceGroups/rg-vm-551-koreacentral/providers/Microsoft.Network/networkInterfaces/nic-vm"
            ],
            "os_disk": [
              {
                "caching": "ReadWrite",
                "diff_disk_settings": [],
                "disk_encryption_set_id": "",
                "disk_size_gb": 127,
                "name": "os-disk-vm-windows",
                "secure_vm_disk_encryption_set_id": "",
                "security_encryption_type": "",
                "storage_account_type": "Standard_LRS",
                "write_accelerator_enabled": false
              }
            ],
            "os_image_notification": [],
            "patch_assessment_mode": "ImageDefault",
            "patch_mode": "AutomaticByOS",
            "plan": [],
            "platform_fault_domain": -1,
            "priority": "Spot",
            "private_ip_address": "10.0.0.4",
            "private_ip_addresses": [
              "10.0.0.4"
            ],
            "provision_vm_agent": true,
            "proximity_placement_group_id": "",
            "public_ip_address": "20.41.84.80",
            "public_ip_addresses": [
              "20.41.84.80"
            ],
            "reboot_setting": "",
            "resource_group_name": "rg-vm-551-koreacentral",
            "secret": [],
            "secure_boot_enabled": false,
            "size": "Standard_B2ats_v2",
            "source_image_id": "",
            "source_image_reference": [
              {
                "offer": "windows-11",
                "publisher": "MicrosoftWindowsDesktop",
                "sku": "win11-23h2-pro",
                "version": "latest"
              }
            ],
            "tags": null,
            "termination_notification": null,
            "timeouts": null,
            "timezone": "",
            "user_data": "",
            "virtual_machine_id": "c1b82bd1-675b-4c51-a7a2-7420a4e130d9",
            "virtual_machine_scale_set_id": "",
            "vm_agent_platform_updates_enabled": false,
            "vtpm_enabled": false,
            "winrm_listener": [],
            "zone": ""
          },
          "sensitive_attributes": [
            [
              {
                "type": "get_attr",
                "value": "admin_password"
              }
            ],
            [
              {
                "type": "get_attr",
                "value": "custom_data"
              }
            ]
          ],
          "private": "eyJlMmJmYjczMC1lY2FhLTExZTYtOGY4OC0zNDM2M2JjN2M0YzAiOnsiY3JlYXRlIjoyNzAwMDAwMDAwMDAwLCJkZWxldGUiOjI3MDAwMDAwMDAwMDAsInJlYWQiOjMwMDAwMDAwMDAwMCwidXBkYXRlIjoyNzAwMDAwMDAwMDAwfX0=",
          "dependencies": [
            "module.vm-region3.azurerm_network_interface.nic",
            "module.vm-region3.azurerm_public_ip.pip",
            "module.vm-region3.azurerm_resource_group.rg",
            "module.vm-region3.azurerm_subnet.snet",
            "module.vm-region3.azurerm_virtual_network.vnet"
          ]
        }
      ]
    }
  ],
  "check_results": null
}
