{
  "version": 4,
  "terraform_version": "1.9.2",
  "serial": 20,
  "lineage": "6912d404-5417-6b2f-798c-a0c1580af206",
  "outputs": {
    "frontdoor-endpoint-app": {
      "value": "endpoint-app-service13-akc0g4feb3h8excw.b01.azurefd.net",
      "type": "string"
    }
  },
  "resources": [
    {
      "mode": "managed",
      "type": "azurerm_cdn_frontdoor_endpoint",
      "name": "endpoint",
      "provider": "provider[\"registry.terraform.io/hashicorp/azurerm\"]",
      "instances": [
        {
          "schema_version": 0,
          "attributes": {
            "cdn_frontdoor_profile_id": "/subscriptions/38977b70-47bf-4da5-a492-88712fce8725/resourceGroups/rg-frontdoor-appservice-551/providers/Microsoft.Cdn/profiles/frontdoor-appservice-apps",
            "enabled": true,
            "host_name": "endpoint-app-service13-akc0g4feb3h8excw.b01.azurefd.net",
            "id": "/subscriptions/38977b70-47bf-4da5-a492-88712fce8725/resourceGroups/rg-frontdoor-appservice-551/providers/Microsoft.Cdn/profiles/frontdoor-appservice-apps/afdEndpoints/endpoint-app-service13",
            "name": "endpoint-app-service13",
            "tags": {},
            "timeouts": null
          },
          "sensitive_attributes": [],
          "private": "eyJlMmJmYjczMC1lY2FhLTExZTYtOGY4OC0zNDM2M2JjN2M0YzAiOnsiY3JlYXRlIjoxODAwMDAwMDAwMDAwLCJkZWxldGUiOjE4MDAwMDAwMDAwMDAsInJlYWQiOjMwMDAwMDAwMDAwMCwidXBkYXRlIjoxODAwMDAwMDAwMDAwfX0=",
          "dependencies": [
            "azurerm_cdn_frontdoor_profile.frontdoor",
            "azurerm_resource_group.rg"
          ]
        }
      ]
    },
    {
      "mode": "managed",
      "type": "azurerm_cdn_frontdoor_origin",
      "name": "origin-region1",
      "provider": "provider[\"registry.terraform.io/hashicorp/azurerm\"]",
      "instances": [
        {
          "schema_version": 0,
          "attributes": {
            "cdn_frontdoor_origin_group_id": "/subscriptions/38977b70-47bf-4da5-a492-88712fce8725/resourceGroups/rg-frontdoor-appservice-551/providers/Microsoft.Cdn/profiles/frontdoor-appservice-apps/originGroups/origin-group-app-service",
            "certificate_name_check_enabled": true,
            "enabled": true,
            "health_probes_enabled": true,
            "host_name": "app-service-region1-551.azurewebsites.net",
            "http_port": 80,
            "https_port": 443,
            "id": "/subscriptions/38977b70-47bf-4da5-a492-88712fce8725/resourceGroups/rg-frontdoor-appservice-551/providers/Microsoft.Cdn/profiles/frontdoor-appservice-apps/originGroups/origin-group-app-service/origins/region1",
            "name": "region1",
            "origin_host_header": "app-service-region1-551.azurewebsites.net",
            "priority": 1,
            "private_link": [],
            "timeouts": null,
            "weight": 1000
          },
          "sensitive_attributes": [],
          "private": "eyJlMmJmYjczMC1lY2FhLTExZTYtOGY4OC0zNDM2M2JjN2M0YzAiOnsiY3JlYXRlIjoxODAwMDAwMDAwMDAwLCJkZWxldGUiOjE4MDAwMDAwMDAwMDAsInJlYWQiOjMwMDAwMDAwMDAwMCwidXBkYXRlIjoxODAwMDAwMDAwMDAwfX0=",
          "dependencies": [
            "azurerm_cdn_frontdoor_origin_group.origin-group",
            "azurerm_cdn_frontdoor_profile.frontdoor",
            "azurerm_linux_web_app.region1",
            "azurerm_resource_group.rg",
            "azurerm_service_plan.region1"
          ]
        }
      ]
    },
    {
      "mode": "managed",
      "type": "azurerm_cdn_frontdoor_origin",
      "name": "origin-region2",
      "provider": "provider[\"registry.terraform.io/hashicorp/azurerm\"]",
      "instances": [
        {
          "schema_version": 0,
          "attributes": {
            "cdn_frontdoor_origin_group_id": "/subscriptions/38977b70-47bf-4da5-a492-88712fce8725/resourceGroups/rg-frontdoor-appservice-551/providers/Microsoft.Cdn/profiles/frontdoor-appservice-apps/originGroups/origin-group-app-service",
            "certificate_name_check_enabled": true,
            "enabled": true,
            "health_probes_enabled": true,
            "host_name": "app-service-region2-551.azurewebsites.net",
            "http_port": 80,
            "https_port": 443,
            "id": "/subscriptions/38977b70-47bf-4da5-a492-88712fce8725/resourceGroups/rg-frontdoor-appservice-551/providers/Microsoft.Cdn/profiles/frontdoor-appservice-apps/originGroups/origin-group-app-service/origins/region2",
            "name": "region2",
            "origin_host_header": "app-service-region2-551.azurewebsites.net",
            "priority": 1,
            "private_link": [],
            "timeouts": null,
            "weight": 1000
          },
          "sensitive_attributes": [],
          "private": "eyJlMmJmYjczMC1lY2FhLTExZTYtOGY4OC0zNDM2M2JjN2M0YzAiOnsiY3JlYXRlIjoxODAwMDAwMDAwMDAwLCJkZWxldGUiOjE4MDAwMDAwMDAwMDAsInJlYWQiOjMwMDAwMDAwMDAwMCwidXBkYXRlIjoxODAwMDAwMDAwMDAwfX0=",
          "dependencies": [
            "azurerm_cdn_frontdoor_origin_group.origin-group",
            "azurerm_cdn_frontdoor_profile.frontdoor",
            "azurerm_linux_web_app.region2",
            "azurerm_resource_group.rg",
            "azurerm_service_plan.region2"
          ]
        }
      ]
    },
    {
      "mode": "managed",
      "type": "azurerm_cdn_frontdoor_origin",
      "name": "origin-region3",
      "provider": "provider[\"registry.terraform.io/hashicorp/azurerm\"]",
      "instances": [
        {
          "schema_version": 0,
          "attributes": {
            "cdn_frontdoor_origin_group_id": "/subscriptions/38977b70-47bf-4da5-a492-88712fce8725/resourceGroups/rg-frontdoor-appservice-551/providers/Microsoft.Cdn/profiles/frontdoor-appservice-apps/originGroups/origin-group-app-service",
            "certificate_name_check_enabled": true,
            "enabled": true,
            "health_probes_enabled": true,
            "host_name": "app-service-region3-551.azurewebsites.net",
            "http_port": 80,
            "https_port": 443,
            "id": "/subscriptions/38977b70-47bf-4da5-a492-88712fce8725/resourceGroups/rg-frontdoor-appservice-551/providers/Microsoft.Cdn/profiles/frontdoor-appservice-apps/originGroups/origin-group-app-service/origins/region3",
            "name": "region3",
            "origin_host_header": "app-service-region3-551.azurewebsites.net",
            "priority": 1,
            "private_link": [],
            "timeouts": null,
            "weight": 1000
          },
          "sensitive_attributes": [],
          "private": "eyJlMmJmYjczMC1lY2FhLTExZTYtOGY4OC0zNDM2M2JjN2M0YzAiOnsiY3JlYXRlIjoxODAwMDAwMDAwMDAwLCJkZWxldGUiOjE4MDAwMDAwMDAwMDAsInJlYWQiOjMwMDAwMDAwMDAwMCwidXBkYXRlIjoxODAwMDAwMDAwMDAwfX0=",
          "dependencies": [
            "azurerm_cdn_frontdoor_origin_group.origin-group",
            "azurerm_cdn_frontdoor_profile.frontdoor",
            "azurerm_linux_web_app.region3",
            "azurerm_resource_group.rg",
            "azurerm_service_plan.region3"
          ]
        }
      ]
    },
    {
      "mode": "managed",
      "type": "azurerm_cdn_frontdoor_origin_group",
      "name": "origin-group",
      "provider": "provider[\"registry.terraform.io/hashicorp/azurerm\"]",
      "instances": [
        {
          "schema_version": 0,
          "attributes": {
            "cdn_frontdoor_profile_id": "/subscriptions/38977b70-47bf-4da5-a492-88712fce8725/resourceGroups/rg-frontdoor-appservice-551/providers/Microsoft.Cdn/profiles/frontdoor-appservice-apps",
            "health_probe": [
              {
                "interval_in_seconds": 100,
                "path": "/",
                "protocol": "Https",
                "request_type": "HEAD"
              }
            ],
            "id": "/subscriptions/38977b70-47bf-4da5-a492-88712fce8725/resourceGroups/rg-frontdoor-appservice-551/providers/Microsoft.Cdn/profiles/frontdoor-appservice-apps/originGroups/origin-group-app-service",
            "load_balancing": [
              {
                "additional_latency_in_milliseconds": 50,
                "sample_size": 4,
                "successful_samples_required": 3
              }
            ],
            "name": "origin-group-app-service",
            "restore_traffic_time_to_healed_or_new_endpoint_in_minutes": 10,
            "session_affinity_enabled": true,
            "timeouts": null
          },
          "sensitive_attributes": [],
          "private": "eyJlMmJmYjczMC1lY2FhLTExZTYtOGY4OC0zNDM2M2JjN2M0YzAiOnsiY3JlYXRlIjoxODAwMDAwMDAwMDAwLCJkZWxldGUiOjE4MDAwMDAwMDAwMDAsInJlYWQiOjMwMDAwMDAwMDAwMCwidXBkYXRlIjoxODAwMDAwMDAwMDAwfX0=",
          "dependencies": [
            "azurerm_cdn_frontdoor_profile.frontdoor",
            "azurerm_resource_group.rg"
          ]
        }
      ]
    },
    {
      "mode": "managed",
      "type": "azurerm_cdn_frontdoor_profile",
      "name": "frontdoor",
      "provider": "provider[\"registry.terraform.io/hashicorp/azurerm\"]",
      "instances": [
        {
          "schema_version": 0,
          "attributes": {
            "id": "/subscriptions/38977b70-47bf-4da5-a492-88712fce8725/resourceGroups/rg-frontdoor-appservice-551/providers/Microsoft.Cdn/profiles/frontdoor-appservice-apps",
            "name": "frontdoor-appservice-apps",
            "resource_group_name": "rg-frontdoor-appservice-551",
            "resource_guid": "8312052a-3cd7-4c14-9fa7-49a3ef6c6e8f",
            "response_timeout_seconds": 120,
            "sku_name": "Standard_AzureFrontDoor",
            "tags": {},
            "timeouts": null
          },
          "sensitive_attributes": [],
          "private": "eyJlMmJmYjczMC1lY2FhLTExZTYtOGY4OC0zNDM2M2JjN2M0YzAiOnsiY3JlYXRlIjoxODAwMDAwMDAwMDAwLCJkZWxldGUiOjE4MDAwMDAwMDAwMDAsInJlYWQiOjMwMDAwMDAwMDAwMCwidXBkYXRlIjoxODAwMDAwMDAwMDAwfX0=",
          "dependencies": [
            "azurerm_resource_group.rg"
          ]
        }
      ]
    },
    {
      "mode": "managed",
      "type": "azurerm_cdn_frontdoor_route",
      "name": "route",
      "provider": "provider[\"registry.terraform.io/hashicorp/azurerm\"]",
      "instances": [
        {
          "schema_version": 0,
          "attributes": {
            "cache": [],
            "cdn_frontdoor_custom_domain_ids": [],
            "cdn_frontdoor_endpoint_id": "/subscriptions/38977b70-47bf-4da5-a492-88712fce8725/resourceGroups/rg-frontdoor-appservice-551/providers/Microsoft.Cdn/profiles/frontdoor-appservice-apps/afdEndpoints/endpoint-app-service13",
            "cdn_frontdoor_origin_group_id": "/subscriptions/38977b70-47bf-4da5-a492-88712fce8725/resourceGroups/rg-frontdoor-appservice-551/providers/Microsoft.Cdn/profiles/frontdoor-appservice-apps/originGroups/origin-group-app-service",
            "cdn_frontdoor_origin_ids": [
              "/subscriptions/38977b70-47bf-4da5-a492-88712fce8725/resourceGroups/rg-frontdoor-appservice-551/providers/Microsoft.Cdn/profiles/frontdoor-appservice-apps/originGroups/origin-group-app-service/origins/region1",
              "/subscriptions/38977b70-47bf-4da5-a492-88712fce8725/resourceGroups/rg-frontdoor-appservice-551/providers/Microsoft.Cdn/profiles/frontdoor-appservice-apps/originGroups/origin-group-app-service/origins/region2",
              "/subscriptions/38977b70-47bf-4da5-a492-88712fce8725/resourceGroups/rg-frontdoor-appservice-551/providers/Microsoft.Cdn/profiles/frontdoor-appservice-apps/originGroups/origin-group-app-service/origins/region3"
            ],
            "cdn_frontdoor_origin_path": "/",
            "cdn_frontdoor_rule_set_ids": [],
            "enabled": true,
            "forwarding_protocol": "HttpsOnly",
            "https_redirect_enabled": false,
            "id": "/subscriptions/38977b70-47bf-4da5-a492-88712fce8725/resourceGroups/rg-frontdoor-appservice-551/providers/Microsoft.Cdn/profiles/frontdoor-appservice-apps/afdEndpoints/endpoint-app-service13/routes/route",
            "link_to_default_domain": true,
            "name": "route",
            "patterns_to_match": [
              "/*"
            ],
            "supported_protocols": [
              "Http",
              "Https"
            ],
            "timeouts": null
          },
          "sensitive_attributes": [],
          "private": "eyJlMmJmYjczMC1lY2FhLTExZTYtOGY4OC0zNDM2M2JjN2M0YzAiOnsiY3JlYXRlIjoxODAwMDAwMDAwMDAwLCJkZWxldGUiOjE4MDAwMDAwMDAwMDAsInJlYWQiOjMwMDAwMDAwMDAwMCwidXBkYXRlIjoxODAwMDAwMDAwMDAwfX0=",
          "dependencies": [
            "azurerm_cdn_frontdoor_endpoint.endpoint",
            "azurerm_cdn_frontdoor_origin.origin-region1",
            "azurerm_cdn_frontdoor_origin.origin-region2",
            "azurerm_cdn_frontdoor_origin.origin-region3",
            "azurerm_cdn_frontdoor_origin_group.origin-group",
            "azurerm_cdn_frontdoor_profile.frontdoor",
            "azurerm_linux_web_app.region1",
            "azurerm_linux_web_app.region2",
            "azurerm_linux_web_app.region3",
            "azurerm_resource_group.rg",
            "azurerm_service_plan.region1",
            "azurerm_service_plan.region2",
            "azurerm_service_plan.region3"
          ]
        }
      ]
    },
    {
      "mode": "managed",
      "type": "azurerm_linux_web_app",
      "name": "region1",
      "provider": "provider[\"registry.terraform.io/hashicorp/azurerm\"]",
      "instances": [
        {
          "schema_version": 1,
          "attributes": {
            "app_settings": {},
            "auth_settings": [],
            "auth_settings_v2": [],
            "backup": [],
            "client_affinity_enabled": false,
            "client_certificate_enabled": false,
            "client_certificate_exclusion_paths": "",
            "client_certificate_mode": "Required",
            "connection_string": [],
            "custom_domain_verification_id": "2AE36349F34CF07C26682CAB69940DF26614B5B61797CA2B82A7EC6564045909",
            "default_hostname": "app-service-region1-551.azurewebsites.net",
            "enabled": true,
            "ftp_publish_basic_authentication_enabled": true,
            "hosting_environment_id": "",
            "https_only": true,
            "id": "/subscriptions/38977b70-47bf-4da5-a492-88712fce8725/resourceGroups/rg-frontdoor-appservice-551/providers/Microsoft.Web/sites/app-service-region1-551",
            "identity": [],
            "key_vault_reference_identity_id": "SystemAssigned",
            "kind": "app,linux,container",
            "location": "swedencentral",
            "logs": [],
            "name": "app-service-region1-551",
            "outbound_ip_address_list": [
              "20.240.152.78",
              "20.240.152.86",
              "20.240.152.115",
              "20.240.153.224",
              "20.240.153.231",
              "20.240.154.140",
              "20.240.1.197",
              "20.240.1.199",
              "20.240.1.204",
              "20.240.1.208",
              "20.240.1.209",
              "20.240.1.210",
              "51.12.31.3"
            ],
            "outbound_ip_addresses": "20.240.152.78,20.240.152.86,20.240.152.115,20.240.153.224,20.240.153.231,20.240.154.140,20.240.1.197,20.240.1.199,20.240.1.204,20.240.1.208,20.240.1.209,20.240.1.210,51.12.31.3",
            "possible_outbound_ip_address_list": [
              "20.240.152.78",
              "20.240.152.86",
              "20.240.152.115",
              "20.240.153.224",
              "20.240.153.231",
              "20.240.154.140",
              "20.240.1.197",
              "20.240.1.199",
              "20.240.1.204",
              "20.240.1.208",
              "20.240.1.209",
              "20.240.1.210",
              "20.240.1.211",
              "20.240.1.216",
              "20.240.1.217",
              "20.240.1.218",
              "20.240.1.219",
              "20.240.2.56",
              "20.240.2.57",
              "20.240.2.58",
              "20.240.2.59",
              "20.240.2.164",
              "20.240.2.165",
              "20.240.2.166",
              "20.240.152.78",
              "20.240.152.86",
              "20.240.152.115",
              "20.240.153.224",
              "20.240.153.231",
              "20.240.154.140",
              "20.240.2.167",
              "20.240.2.172",
              "20.240.2.173",
              "20.240.2.174",
              "20.240.2.175",
              "20.240.2.220",
              "51.12.31.3"
            ],
            "possible_outbound_ip_addresses": "20.240.152.78,20.240.152.86,20.240.152.115,20.240.153.224,20.240.153.231,20.240.154.140,20.240.1.197,20.240.1.199,20.240.1.204,20.240.1.208,20.240.1.209,20.240.1.210,20.240.1.211,20.240.1.216,20.240.1.217,20.240.1.218,20.240.1.219,20.240.2.56,20.240.2.57,20.240.2.58,20.240.2.59,20.240.2.164,20.240.2.165,20.240.2.166,20.240.152.78,20.240.152.86,20.240.152.115,20.240.153.224,20.240.153.231,20.240.154.140,20.240.2.167,20.240.2.172,20.240.2.173,20.240.2.174,20.240.2.175,20.240.2.220,51.12.31.3",
            "public_network_access_enabled": true,
            "resource_group_name": "rg-frontdoor-appservice-551",
            "service_plan_id": "/subscriptions/38977b70-47bf-4da5-a492-88712fce8725/resourceGroups/rg-frontdoor-appservice-551/providers/Microsoft.Web/serverFarms/plan-region1",
            "site_config": [
              {
                "always_on": true,
                "api_definition_url": "",
                "api_management_api_id": "",
                "app_command_line": "",
                "application_stack": [
                  {
                    "docker_image": "",
                    "docker_image_name": "jelledruyts/inspectorgadget",
                    "docker_image_tag": "",
                    "docker_registry_password": "",
                    "docker_registry_url": "https://index.docker.io",
                    "docker_registry_username": "",
                    "dotnet_version": "",
                    "go_version": "",
                    "java_server": "",
                    "java_server_version": "",
                    "java_version": "",
                    "node_version": "",
                    "php_version": "",
                    "python_version": "",
                    "ruby_version": ""
                  }
                ],
                "auto_heal_enabled": false,
                "auto_heal_setting": [],
                "container_registry_managed_identity_client_id": "",
                "container_registry_use_managed_identity": false,
                "cors": [],
                "default_documents": [
                  "Default.htm",
                  "Default.html",
                  "Default.asp",
                  "index.htm",
                  "index.html",
                  "iisstart.htm",
                  "default.aspx",
                  "index.php",
                  "hostingstart.html"
                ],
                "detailed_error_logging_enabled": false,
                "ftps_state": "Disabled",
                "health_check_eviction_time_in_min": 0,
                "health_check_path": "",
                "http2_enabled": false,
                "ip_restriction": [
                  {
                    "action": "Allow",
                    "description": "",
                    "headers": [
                      {
                        "x_azure_fdid": [
                          "8312052a-3cd7-4c14-9fa7-49a3ef6c6e8f"
                        ],
                        "x_fd_health_probe": [],
                        "x_forwarded_for": [],
                        "x_forwarded_host": []
                      }
                    ],
                    "ip_address": "",
                    "name": "Allow traffic from Front Door",
                    "priority": 100,
                    "service_tag": "AzureFrontDoor.Backend",
                    "virtual_network_subnet_id": ""
                  }
                ],
                "ip_restriction_default_action": "Allow",
                "linux_fx_version": "DOCKER|index.docker.io/jelledruyts/inspectorgadget",
                "load_balancing_mode": "LeastRequests",
                "local_mysql_enabled": false,
                "managed_pipeline_mode": "Integrated",
                "minimum_tls_version": "1.2",
                "remote_debugging_enabled": false,
                "remote_debugging_version": "VS2022",
                "scm_ip_restriction": [],
                "scm_ip_restriction_default_action": "Allow",
                "scm_minimum_tls_version": "1.2",
                "scm_type": "None",
                "scm_use_main_ip_restriction": false,
                "use_32_bit_worker": true,
                "vnet_route_all_enabled": false,
                "websockets_enabled": false,
                "worker_count": 1
              }
            ],
            "site_credential": [
              {
                "name": "$app-service-region1-551",
                "password": "cLn8G3EdGYeWd4btAoX7wp3RgGsEzToJP1hdrjvEkJWsZ08xbm4KYuyY9eDJ"
              }
            ],
            "sticky_settings": [],
            "storage_account": [],
            "tags": {},
            "timeouts": null,
            "virtual_network_subnet_id": "",
            "webdeploy_publish_basic_authentication_enabled": true,
            "zip_deploy_file": ""
          },
          "sensitive_attributes": [
            [
              {
                "type": "get_attr",
                "value": "site_credential"
              }
            ],
            [
              {
                "type": "get_attr",
                "value": "custom_domain_verification_id"
              }
            ],
            [
              {
                "type": "get_attr",
                "value": "site_config"
              },
              {
                "type": "index",
                "value": {
                  "value": 0,
                  "type": "number"
                }
              },
              {
                "type": "get_attr",
                "value": "application_stack"
              },
              {
                "type": "index",
                "value": {
                  "value": 0,
                  "type": "number"
                }
              },
              {
                "type": "get_attr",
                "value": "docker_registry_password"
              }
            ]
          ],
          "private": "eyJlMmJmYjczMC1lY2FhLTExZTYtOGY4OC0zNDM2M2JjN2M0YzAiOnsiY3JlYXRlIjoxODAwMDAwMDAwMDAwLCJkZWxldGUiOjE4MDAwMDAwMDAwMDAsInJlYWQiOjMwMDAwMDAwMDAwMCwidXBkYXRlIjoxODAwMDAwMDAwMDAwfSwic2NoZW1hX3ZlcnNpb24iOiIxIn0=",
          "dependencies": [
            "azurerm_cdn_frontdoor_profile.frontdoor",
            "azurerm_resource_group.rg",
            "azurerm_service_plan.region1"
          ]
        }
      ]
    },
    {
      "mode": "managed",
      "type": "azurerm_linux_web_app",
      "name": "region2",
      "provider": "provider[\"registry.terraform.io/hashicorp/azurerm\"]",
      "instances": [
        {
          "schema_version": 1,
          "attributes": {
            "app_settings": {},
            "auth_settings": [],
            "auth_settings_v2": [],
            "backup": [],
            "client_affinity_enabled": false,
            "client_certificate_enabled": false,
            "client_certificate_exclusion_paths": "",
            "client_certificate_mode": "Required",
            "connection_string": [],
            "custom_domain_verification_id": "2AE36349F34CF07C26682CAB69940DF26614B5B61797CA2B82A7EC6564045909",
            "default_hostname": "app-service-region2-551.azurewebsites.net",
            "enabled": true,
            "ftp_publish_basic_authentication_enabled": true,
            "hosting_environment_id": "",
            "https_only": true,
            "id": "/subscriptions/38977b70-47bf-4da5-a492-88712fce8725/resourceGroups/rg-frontdoor-appservice-551/providers/Microsoft.Web/sites/app-service-region2-551",
            "identity": [],
            "key_vault_reference_identity_id": "SystemAssigned",
            "kind": "app,linux,container",
            "location": "westeurope",
            "logs": [],
            "name": "app-service-region2-551",
            "outbound_ip_address_list": [
              "20.4.184.203",
              "20.4.184.204",
              "20.4.184.207",
              "20.103.51.101",
              "20.4.184.210",
              "20.4.184.213",
              "20.103.53.245",
              "20.103.54.26",
              "20.103.54.49",
              "20.103.54.62",
              "20.103.54.105",
              "20.4.184.62",
              "20.105.232.44"
            ],
            "outbound_ip_addresses": "20.4.184.203,20.4.184.204,20.4.184.207,20.103.51.101,20.4.184.210,20.4.184.213,20.103.53.245,20.103.54.26,20.103.54.49,20.103.54.62,20.103.54.105,20.4.184.62,20.105.232.44",
            "possible_outbound_ip_address_list": [
              "20.4.184.203",
              "20.4.184.204",
              "20.4.184.207",
              "20.103.51.101",
              "20.4.184.210",
              "20.4.184.213",
              "20.103.53.245",
              "20.103.54.26",
              "20.103.54.49",
              "20.103.54.62",
              "20.103.54.105",
              "20.4.184.62",
              "20.76.221.28",
              "20.4.184.66",
              "20.4.184.68",
              "20.4.184.131",
              "20.4.184.133",
              "20.76.219.105",
              "20.76.220.4",
              "20.4.184.141",
              "20.4.184.142",
              "20.4.184.176",
              "20.4.184.185",
              "20.4.184.187",
              "20.4.184.203",
              "20.4.184.204",
              "20.4.184.207",
              "20.103.51.101",
              "20.4.184.210",
              "20.4.184.213",
              "20.4.185.8",
              "20.4.185.10",
              "20.4.185.32",
              "20.4.185.48",
              "20.4.185.106",
              "20.4.185.119",
              "20.105.232.44"
            ],
            "possible_outbound_ip_addresses": "20.4.184.203,20.4.184.204,20.4.184.207,20.103.51.101,20.4.184.210,20.4.184.213,20.103.53.245,20.103.54.26,20.103.54.49,20.103.54.62,20.103.54.105,20.4.184.62,20.76.221.28,20.4.184.66,20.4.184.68,20.4.184.131,20.4.184.133,20.76.219.105,20.76.220.4,20.4.184.141,20.4.184.142,20.4.184.176,20.4.184.185,20.4.184.187,20.4.184.203,20.4.184.204,20.4.184.207,20.103.51.101,20.4.184.210,20.4.184.213,20.4.185.8,20.4.185.10,20.4.185.32,20.4.185.48,20.4.185.106,20.4.185.119,20.105.232.44",
            "public_network_access_enabled": true,
            "resource_group_name": "rg-frontdoor-appservice-551",
            "service_plan_id": "/subscriptions/38977b70-47bf-4da5-a492-88712fce8725/resourceGroups/rg-frontdoor-appservice-551/providers/Microsoft.Web/serverFarms/plan-region2",
            "site_config": [
              {
                "always_on": true,
                "api_definition_url": "",
                "api_management_api_id": "",
                "app_command_line": "",
                "application_stack": [
                  {
                    "docker_image": "",
                    "docker_image_name": "jelledruyts/inspectorgadget",
                    "docker_image_tag": "",
                    "docker_registry_password": "",
                    "docker_registry_url": "https://index.docker.io",
                    "docker_registry_username": "",
                    "dotnet_version": "",
                    "go_version": "",
                    "java_server": "",
                    "java_server_version": "",
                    "java_version": "",
                    "node_version": "",
                    "php_version": "",
                    "python_version": "",
                    "ruby_version": ""
                  }
                ],
                "auto_heal_enabled": false,
                "auto_heal_setting": [],
                "container_registry_managed_identity_client_id": "",
                "container_registry_use_managed_identity": false,
                "cors": [],
                "default_documents": [
                  "Default.htm",
                  "Default.html",
                  "Default.asp",
                  "index.htm",
                  "index.html",
                  "iisstart.htm",
                  "default.aspx",
                  "index.php",
                  "hostingstart.html"
                ],
                "detailed_error_logging_enabled": false,
                "ftps_state": "Disabled",
                "health_check_eviction_time_in_min": 0,
                "health_check_path": "",
                "http2_enabled": false,
                "ip_restriction": [
                  {
                    "action": "Allow",
                    "description": "",
                    "headers": [
                      {
                        "x_azure_fdid": [
                          "8312052a-3cd7-4c14-9fa7-49a3ef6c6e8f"
                        ],
                        "x_fd_health_probe": [],
                        "x_forwarded_for": [],
                        "x_forwarded_host": []
                      }
                    ],
                    "ip_address": "",
                    "name": "Allow traffic from Front Door",
                    "priority": 100,
                    "service_tag": "AzureFrontDoor.Backend",
                    "virtual_network_subnet_id": ""
                  }
                ],
                "ip_restriction_default_action": "Allow",
                "linux_fx_version": "DOCKER|index.docker.io/jelledruyts/inspectorgadget",
                "load_balancing_mode": "LeastRequests",
                "local_mysql_enabled": false,
                "managed_pipeline_mode": "Integrated",
                "minimum_tls_version": "1.2",
                "remote_debugging_enabled": false,
                "remote_debugging_version": "VS2022",
                "scm_ip_restriction": [],
                "scm_ip_restriction_default_action": "Allow",
                "scm_minimum_tls_version": "1.2",
                "scm_type": "None",
                "scm_use_main_ip_restriction": false,
                "use_32_bit_worker": true,
                "vnet_route_all_enabled": false,
                "websockets_enabled": false,
                "worker_count": 1
              }
            ],
            "site_credential": [
              {
                "name": "$app-service-region2-551",
                "password": "tPt6mhvEBmwn1Zjohk2REq5oXl2q6PfgGLrjLhwYnXf8oebt5GDmwMMyuctl"
              }
            ],
            "sticky_settings": [],
            "storage_account": [],
            "tags": {},
            "timeouts": null,
            "virtual_network_subnet_id": "",
            "webdeploy_publish_basic_authentication_enabled": true,
            "zip_deploy_file": ""
          },
          "sensitive_attributes": [
            [
              {
                "type": "get_attr",
                "value": "site_credential"
              }
            ],
            [
              {
                "type": "get_attr",
                "value": "custom_domain_verification_id"
              }
            ],
            [
              {
                "type": "get_attr",
                "value": "site_config"
              },
              {
                "type": "index",
                "value": {
                  "value": 0,
                  "type": "number"
                }
              },
              {
                "type": "get_attr",
                "value": "application_stack"
              },
              {
                "type": "index",
                "value": {
                  "value": 0,
                  "type": "number"
                }
              },
              {
                "type": "get_attr",
                "value": "docker_registry_password"
              }
            ]
          ],
          "private": "eyJlMmJmYjczMC1lY2FhLTExZTYtOGY4OC0zNDM2M2JjN2M0YzAiOnsiY3JlYXRlIjoxODAwMDAwMDAwMDAwLCJkZWxldGUiOjE4MDAwMDAwMDAwMDAsInJlYWQiOjMwMDAwMDAwMDAwMCwidXBkYXRlIjoxODAwMDAwMDAwMDAwfSwic2NoZW1hX3ZlcnNpb24iOiIxIn0=",
          "dependencies": [
            "azurerm_cdn_frontdoor_profile.frontdoor",
            "azurerm_resource_group.rg",
            "azurerm_service_plan.region2"
          ]
        }
      ]
    },
    {
      "mode": "managed",
      "type": "azurerm_linux_web_app",
      "name": "region3",
      "provider": "provider[\"registry.terraform.io/hashicorp/azurerm\"]",
      "instances": [
        {
          "schema_version": 1,
          "attributes": {
            "app_settings": {},
            "auth_settings": [],
            "auth_settings_v2": [],
            "backup": [],
            "client_affinity_enabled": false,
            "client_certificate_enabled": false,
            "client_certificate_exclusion_paths": "",
            "client_certificate_mode": "Required",
            "connection_string": [],
            "custom_domain_verification_id": "2AE36349F34CF07C26682CAB69940DF26614B5B61797CA2B82A7EC6564045909",
            "default_hostname": "app-service-region3-551.azurewebsites.net",
            "enabled": true,
            "ftp_publish_basic_authentication_enabled": true,
            "hosting_environment_id": "",
            "https_only": true,
            "id": "/subscriptions/38977b70-47bf-4da5-a492-88712fce8725/resourceGroups/rg-frontdoor-appservice-551/providers/Microsoft.Web/sites/app-service-region3-551",
            "identity": [],
            "key_vault_reference_identity_id": "SystemAssigned",
            "kind": "app,linux,container",
            "location": "francecentral",
            "logs": [],
            "name": "app-service-region3-551",
            "outbound_ip_address_list": [
              "20.19.104.108",
              "20.19.104.246",
              "20.19.105.79",
              "20.19.105.111",
              "20.19.105.235",
              "20.19.106.1",
              "20.111.1.12"
            ],
            "outbound_ip_addresses": "20.19.104.108,20.19.104.246,20.19.105.79,20.19.105.111,20.19.105.235,20.19.106.1,20.111.1.12",
            "possible_outbound_ip_address_list": [
              "20.19.104.108",
              "20.19.104.246",
              "20.19.105.79",
              "20.19.105.111",
              "20.19.105.235",
              "20.19.106.1",
              "20.19.106.11",
              "20.19.106.85",
              "20.19.106.95",
              "20.19.106.96",
              "20.19.106.101",
              "20.19.106.103",
              "20.19.106.106",
              "20.19.106.108",
              "20.19.106.120",
              "20.74.115.97",
              "20.19.106.128",
              "20.19.106.130",
              "20.19.106.132",
              "20.19.106.137",
              "20.19.106.139",
              "20.19.106.143",
              "20.74.118.32",
              "20.74.27.96",
              "20.111.1.12"
            ],
            "possible_outbound_ip_addresses": "20.19.104.108,20.19.104.246,20.19.105.79,20.19.105.111,20.19.105.235,20.19.106.1,20.19.106.11,20.19.106.85,20.19.106.95,20.19.106.96,20.19.106.101,20.19.106.103,20.19.106.106,20.19.106.108,20.19.106.120,20.74.115.97,20.19.106.128,20.19.106.130,20.19.106.132,20.19.106.137,20.19.106.139,20.19.106.143,20.74.118.32,20.74.27.96,20.111.1.12",
            "public_network_access_enabled": true,
            "resource_group_name": "rg-frontdoor-appservice-551",
            "service_plan_id": "/subscriptions/38977b70-47bf-4da5-a492-88712fce8725/resourceGroups/rg-frontdoor-appservice-551/providers/Microsoft.Web/serverFarms/plan-region3",
            "site_config": [
              {
                "always_on": true,
                "api_definition_url": "",
                "api_management_api_id": "",
                "app_command_line": "",
                "application_stack": [
                  {
                    "docker_image": "",
                    "docker_image_name": "jelledruyts/inspectorgadget",
                    "docker_image_tag": "",
                    "docker_registry_password": "",
                    "docker_registry_url": "https://index.docker.io",
                    "docker_registry_username": "",
                    "dotnet_version": "",
                    "go_version": "",
                    "java_server": "",
                    "java_server_version": "",
                    "java_version": "",
                    "node_version": "",
                    "php_version": "",
                    "python_version": "",
                    "ruby_version": ""
                  }
                ],
                "auto_heal_enabled": false,
                "auto_heal_setting": [],
                "container_registry_managed_identity_client_id": "",
                "container_registry_use_managed_identity": false,
                "cors": [],
                "default_documents": [
                  "Default.htm",
                  "Default.html",
                  "Default.asp",
                  "index.htm",
                  "index.html",
                  "iisstart.htm",
                  "default.aspx",
                  "index.php",
                  "hostingstart.html"
                ],
                "detailed_error_logging_enabled": false,
                "ftps_state": "Disabled",
                "health_check_eviction_time_in_min": 0,
                "health_check_path": "",
                "http2_enabled": false,
                "ip_restriction": [
                  {
                    "action": "Allow",
                    "description": "",
                    "headers": [
                      {
                        "x_azure_fdid": [
                          "8312052a-3cd7-4c14-9fa7-49a3ef6c6e8f"
                        ],
                        "x_fd_health_probe": [],
                        "x_forwarded_for": [],
                        "x_forwarded_host": []
                      }
                    ],
                    "ip_address": "",
                    "name": "Allow traffic from Front Door",
                    "priority": 100,
                    "service_tag": "AzureFrontDoor.Backend",
                    "virtual_network_subnet_id": ""
                  }
                ],
                "ip_restriction_default_action": "Allow",
                "linux_fx_version": "DOCKER|index.docker.io/jelledruyts/inspectorgadget",
                "load_balancing_mode": "LeastRequests",
                "local_mysql_enabled": false,
                "managed_pipeline_mode": "Integrated",
                "minimum_tls_version": "1.2",
                "remote_debugging_enabled": false,
                "remote_debugging_version": "VS2022",
                "scm_ip_restriction": [],
                "scm_ip_restriction_default_action": "Allow",
                "scm_minimum_tls_version": "1.2",
                "scm_type": "None",
                "scm_use_main_ip_restriction": false,
                "use_32_bit_worker": true,
                "vnet_route_all_enabled": false,
                "websockets_enabled": false,
                "worker_count": 1
              }
            ],
            "site_credential": [
              {
                "name": "$app-service-region3-551",
                "password": "iQWzWn83EjghbmSR1CKtoBhWHoDxdNfHQfSMaLCoijApawsD3slePSkCetiW"
              }
            ],
            "sticky_settings": [],
            "storage_account": [],
            "tags": {},
            "timeouts": null,
            "virtual_network_subnet_id": "",
            "webdeploy_publish_basic_authentication_enabled": true,
            "zip_deploy_file": ""
          },
          "sensitive_attributes": [
            [
              {
                "type": "get_attr",
                "value": "site_config"
              },
              {
                "type": "index",
                "value": {
                  "value": 0,
                  "type": "number"
                }
              },
              {
                "type": "get_attr",
                "value": "application_stack"
              },
              {
                "type": "index",
                "value": {
                  "value": 0,
                  "type": "number"
                }
              },
              {
                "type": "get_attr",
                "value": "docker_registry_password"
              }
            ],
            [
              {
                "type": "get_attr",
                "value": "site_credential"
              }
            ],
            [
              {
                "type": "get_attr",
                "value": "custom_domain_verification_id"
              }
            ]
          ],
          "private": "eyJlMmJmYjczMC1lY2FhLTExZTYtOGY4OC0zNDM2M2JjN2M0YzAiOnsiY3JlYXRlIjoxODAwMDAwMDAwMDAwLCJkZWxldGUiOjE4MDAwMDAwMDAwMDAsInJlYWQiOjMwMDAwMDAwMDAwMCwidXBkYXRlIjoxODAwMDAwMDAwMDAwfSwic2NoZW1hX3ZlcnNpb24iOiIxIn0=",
          "dependencies": [
            "azurerm_cdn_frontdoor_profile.frontdoor",
            "azurerm_resource_group.rg",
            "azurerm_service_plan.region3"
          ]
        }
      ]
    },
    {
      "mode": "managed",
      "type": "azurerm_resource_group",
      "name": "rg",
      "provider": "provider[\"registry.terraform.io/hashicorp/azurerm\"]",
      "instances": [
        {
          "schema_version": 0,
          "attributes": {
            "id": "/subscriptions/38977b70-47bf-4da5-a492-88712fce8725/resourceGroups/rg-frontdoor-appservice-551",
            "location": "swedencentral",
            "managed_by": "",
            "name": "rg-frontdoor-appservice-551",
            "tags": {},
            "timeouts": null
          },
          "sensitive_attributes": [],
          "private": "eyJlMmJmYjczMC1lY2FhLTExZTYtOGY4OC0zNDM2M2JjN2M0YzAiOnsiY3JlYXRlIjo1NDAwMDAwMDAwMDAwLCJkZWxldGUiOjU0MDAwMDAwMDAwMDAsInJlYWQiOjMwMDAwMDAwMDAwMCwidXBkYXRlIjo1NDAwMDAwMDAwMDAwfX0="
        }
      ]
    },
    {
      "mode": "managed",
      "type": "azurerm_service_plan",
      "name": "region1",
      "provider": "provider[\"registry.terraform.io/hashicorp/azurerm\"]",
      "instances": [
        {
          "schema_version": 1,
          "attributes": {
            "app_service_environment_id": "",
            "id": "/subscriptions/38977b70-47bf-4da5-a492-88712fce8725/resourceGroups/rg-frontdoor-appservice-551/providers/Microsoft.Web/serverFarms/plan-region1",
            "kind": "linux",
            "location": "swedencentral",
            "maximum_elastic_worker_count": 1,
            "name": "plan-region1",
            "os_type": "Linux",
            "per_site_scaling_enabled": false,
            "reserved": true,
            "resource_group_name": "rg-frontdoor-appservice-551",
            "sku_name": "B1",
            "tags": {},
            "timeouts": null,
            "worker_count": 1,
            "zone_balancing_enabled": false
          },
          "sensitive_attributes": [],
          "private": "eyJlMmJmYjczMC1lY2FhLTExZTYtOGY4OC0zNDM2M2JjN2M0YzAiOnsiY3JlYXRlIjozNjAwMDAwMDAwMDAwLCJkZWxldGUiOjM2MDAwMDAwMDAwMDAsInJlYWQiOjMwMDAwMDAwMDAwMCwidXBkYXRlIjozNjAwMDAwMDAwMDAwfSwic2NoZW1hX3ZlcnNpb24iOiIxIn0=",
          "dependencies": [
            "azurerm_resource_group.rg"
          ]
        }
      ]
    },
    {
      "mode": "managed",
      "type": "azurerm_service_plan",
      "name": "region2",
      "provider": "provider[\"registry.terraform.io/hashicorp/azurerm\"]",
      "instances": [
        {
          "schema_version": 1,
          "attributes": {
            "app_service_environment_id": "",
            "id": "/subscriptions/38977b70-47bf-4da5-a492-88712fce8725/resourceGroups/rg-frontdoor-appservice-551/providers/Microsoft.Web/serverFarms/plan-region2",
            "kind": "linux",
            "location": "westeurope",
            "maximum_elastic_worker_count": 1,
            "name": "plan-region2",
            "os_type": "Linux",
            "per_site_scaling_enabled": false,
            "reserved": true,
            "resource_group_name": "rg-frontdoor-appservice-551",
            "sku_name": "B1",
            "tags": {},
            "timeouts": null,
            "worker_count": 1,
            "zone_balancing_enabled": false
          },
          "sensitive_attributes": [],
          "private": "eyJlMmJmYjczMC1lY2FhLTExZTYtOGY4OC0zNDM2M2JjN2M0YzAiOnsiY3JlYXRlIjozNjAwMDAwMDAwMDAwLCJkZWxldGUiOjM2MDAwMDAwMDAwMDAsInJlYWQiOjMwMDAwMDAwMDAwMCwidXBkYXRlIjozNjAwMDAwMDAwMDAwfSwic2NoZW1hX3ZlcnNpb24iOiIxIn0=",
          "dependencies": [
            "azurerm_resource_group.rg"
          ]
        }
      ]
    },
    {
      "mode": "managed",
      "type": "azurerm_service_plan",
      "name": "region3",
      "provider": "provider[\"registry.terraform.io/hashicorp/azurerm\"]",
      "instances": [
        {
          "schema_version": 1,
          "attributes": {
            "app_service_environment_id": "",
            "id": "/subscriptions/38977b70-47bf-4da5-a492-88712fce8725/resourceGroups/rg-frontdoor-appservice-551/providers/Microsoft.Web/serverFarms/plan-region3",
            "kind": "linux",
            "location": "francecentral",
            "maximum_elastic_worker_count": 1,
            "name": "plan-region3",
            "os_type": "Linux",
            "per_site_scaling_enabled": false,
            "reserved": true,
            "resource_group_name": "rg-frontdoor-appservice-551",
            "sku_name": "B1",
            "tags": {},
            "timeouts": null,
            "worker_count": 1,
            "zone_balancing_enabled": false
          },
          "sensitive_attributes": [],
          "private": "eyJlMmJmYjczMC1lY2FhLTExZTYtOGY4OC0zNDM2M2JjN2M0YzAiOnsiY3JlYXRlIjozNjAwMDAwMDAwMDAwLCJkZWxldGUiOjM2MDAwMDAwMDAwMDAsInJlYWQiOjMwMDAwMDAwMDAwMCwidXBkYXRlIjozNjAwMDAwMDAwMDAwfSwic2NoZW1hX3ZlcnNpb24iOiIxIn0=",
          "dependencies": [
            "azurerm_resource_group.rg"
          ]
        }
      ]
    }
  ],
  "check_results": null
}
