{
  "version": 4,
  "terraform_version": "1.6.2",
  "serial": 143,
  "lineage": "1cf40743-244a-7190-c95b-9e84515d23a0",
  "outputs": {},
  "resources": [
    {
      "mode": "managed",
      "type": "azurerm_network_security_group",
      "name": "nsg",
      "provider": "provider[\"registry.terraform.io/hashicorp/azurerm\"]",
      "instances": [
        {
          "schema_version": 0,
          "attributes": {
            "id": "/subscriptions/82f6d75e-85f4-434a-ab74-5dddd9fa8910/resourceGroups/rg-demo/providers/Microsoft.Network/networkSecurityGroups/nsg-subnet-frontend-servers",
            "location": "westeurope",
            "name": "nsg-subnet-frontend-servers",
            "resource_group_name": "rg-demo",
            "security_rule": [
              {
                "access": "Allow",
                "description": "",
                "destination_address_prefix": "*",
                "destination_address_prefixes": [],
                "destination_application_security_group_ids": [],
                "destination_port_range": "*",
                "destination_port_ranges": [],
                "direction": "Outbound",
                "name": "test123",
                "priority": 100,
                "protocol": "Tcp",
                "source_address_prefix": "*",
                "source_address_prefixes": [],
                "source_application_security_group_ids": [],
                "source_port_range": "*",
                "source_port_ranges": []
              }
            ],
            "tags": {},
            "timeouts": null
          },
          "sensitive_attributes": [],
          "private": "eyJlMmJmYjczMC1lY2FhLTExZTYtOGY4OC0zNDM2M2JjN2M0YzAiOnsiY3JlYXRlIjoxODAwMDAwMDAwMDAwLCJkZWxldGUiOjE4MDAwMDAwMDAwMDAsInJlYWQiOjMwMDAwMDAwMDAwMCwidXBkYXRlIjoxODAwMDAwMDAwMDAwfX0=",
          "dependencies": [
            "azurerm_resource_group.rg"
          ]
        }
      ]
    },
    {
      "mode": "managed",
      "type": "azurerm_network_security_rule",
      "name": "rule",
      "provider": "provider[\"registry.terraform.io/hashicorp/azurerm\"]",
      "instances": [
        {
          "schema_version": 0,
          "attributes": {
            "access": "Allow",
            "description": "",
            "destination_address_prefix": "*",
            "destination_address_prefixes": [],
            "destination_application_security_group_ids": [],
            "destination_port_range": "*",
            "destination_port_ranges": [],
            "direction": "Outbound",
            "id": "/subscriptions/82f6d75e-85f4-434a-ab74-5dddd9fa8910/resourceGroups/rg-demo/providers/Microsoft.Network/networkSecurityGroups/nsg-subnet-frontend-servers/securityRules/test123",
            "name": "test123",
            "network_security_group_name": "nsg-subnet-frontend-servers",
            "priority": 100,
            "protocol": "Tcp",
            "resource_group_name": "rg-demo",
            "source_address_prefix": "*",
            "source_address_prefixes": [],
            "source_application_security_group_ids": [],
            "source_port_range": "*",
            "source_port_ranges": [],
            "timeouts": null
          },
          "sensitive_attributes": [],
          "private": "eyJlMmJmYjczMC1lY2FhLTExZTYtOGY4OC0zNDM2M2JjN2M0YzAiOnsiY3JlYXRlIjoxODAwMDAwMDAwMDAwLCJkZWxldGUiOjE4MDAwMDAwMDAwMDAsInJlYWQiOjMwMDAwMDAwMDAwMCwidXBkYXRlIjoxODAwMDAwMDAwMDAwfX0=",
          "dependencies": [
            "azurerm_network_security_group.nsg",
            "azurerm_resource_group.rg"
          ]
        }
      ]
    },
    {
      "mode": "managed",
      "type": "azurerm_resource_group",
      "name": "rg",
      "provider": "provider[\"registry.terraform.io/hashicorp/azurerm\"]",
      "instances": [
        {
          "schema_version": 0,
          "attributes": {
            "id": "/subscriptions/82f6d75e-85f4-434a-ab74-5dddd9fa8910/resourceGroups/rg-demo",
            "location": "westeurope",
            "managed_by": "",
            "name": "rg-demo",
            "tags": {},
            "timeouts": null
          },
          "sensitive_attributes": [],
          "private": "eyJlMmJmYjczMC1lY2FhLTExZTYtOGY4OC0zNDM2M2JjN2M0YzAiOnsiY3JlYXRlIjo1NDAwMDAwMDAwMDAwLCJkZWxldGUiOjU0MDAwMDAwMDAwMDAsInJlYWQiOjMwMDAwMDAwMDAwMCwidXBkYXRlIjo1NDAwMDAwMDAwMDAwfX0="
        }
      ]
    },
    {
      "mode": "managed",
      "type": "azurerm_subnet",
      "name": "subnet-bastion",
      "provider": "provider[\"registry.terraform.io/hashicorp/azurerm\"]",
      "instances": [
        {
          "schema_version": 0,
          "attributes": {
            "address_prefixes": [
              "10.0.0.0/27"
            ],
            "delegation": [],
            "enforce_private_link_endpoint_network_policies": false,
            "enforce_private_link_service_network_policies": false,
            "id": "/subscriptions/82f6d75e-85f4-434a-ab74-5dddd9fa8910/resourceGroups/rg-demo/providers/Microsoft.Network/virtualNetworks/vnet-spoke/subnets/AzureBastionSubnet",
            "name": "AzureBastionSubnet",
            "private_endpoint_network_policies_enabled": true,
            "private_link_service_network_policies_enabled": true,
            "resource_group_name": "rg-demo",
            "service_endpoint_policy_ids": [],
            "service_endpoints": [],
            "timeouts": null,
            "virtual_network_name": "vnet-spoke"
          },
          "sensitive_attributes": [],
          "private": "eyJlMmJmYjczMC1lY2FhLTExZTYtOGY4OC0zNDM2M2JjN2M0YzAiOnsiY3JlYXRlIjoxODAwMDAwMDAwMDAwLCJkZWxldGUiOjE4MDAwMDAwMDAwMDAsInJlYWQiOjMwMDAwMDAwMDAwMCwidXBkYXRlIjoxODAwMDAwMDAwMDAwfX0=",
          "dependencies": [
            "azurerm_resource_group.rg",
            "azurerm_virtual_network.vnet"
          ]
        }
      ]
    },
    {
      "mode": "managed",
      "type": "azurerm_subnet",
      "name": "subnet-frontend-servers",
      "provider": "provider[\"registry.terraform.io/hashicorp/azurerm\"]",
      "instances": [
        {
          "schema_version": 0,
          "attributes": {
            "address_prefixes": [
              "10.0.1.0/24"
            ],
            "delegation": [],
            "enforce_private_link_endpoint_network_policies": true,
            "enforce_private_link_service_network_policies": false,
            "id": "/subscriptions/82f6d75e-85f4-434a-ab74-5dddd9fa8910/resourceGroups/rg-demo/providers/Microsoft.Network/virtualNetworks/vnet-spoke/subnets/subnet-frontend-servers",
            "name": "subnet-frontend-servers",
            "private_endpoint_network_policies_enabled": false,
            "private_link_service_network_policies_enabled": true,
            "resource_group_name": "rg-demo",
            "service_endpoint_policy_ids": [],
            "service_endpoints": [],
            "timeouts": null,
            "virtual_network_name": "vnet-spoke"
          },
          "sensitive_attributes": [],
          "private": "eyJlMmJmYjczMC1lY2FhLTExZTYtOGY4OC0zNDM2M2JjN2M0YzAiOnsiY3JlYXRlIjoxODAwMDAwMDAwMDAwLCJkZWxldGUiOjE4MDAwMDAwMDAwMDAsInJlYWQiOjMwMDAwMDAwMDAwMCwidXBkYXRlIjoxODAwMDAwMDAwMDAwfX0=",
          "dependencies": [
            "azurerm_resource_group.rg",
            "azurerm_virtual_network.vnet"
          ]
        }
      ]
    },
    {
      "mode": "managed",
      "type": "azurerm_virtual_network",
      "name": "vnet",
      "provider": "provider[\"registry.terraform.io/hashicorp/azurerm\"]",
      "instances": [
        {
          "schema_version": 0,
          "attributes": {
            "address_space": [
              "10.0.0.0/16"
            ],
            "bgp_community": "",
            "ddos_protection_plan": [],
            "dns_servers": [],
            "edge_zone": "",
            "encryption": [],
            "flow_timeout_in_minutes": 0,
            "guid": "95c1b13f-47b0-4a28-b1c4-cf81dad1006a",
            "id": "/subscriptions/82f6d75e-85f4-434a-ab74-5dddd9fa8910/resourceGroups/rg-demo/providers/Microsoft.Network/virtualNetworks/vnet-spoke",
            "location": "westeurope",
            "name": "vnet-spoke",
            "resource_group_name": "rg-demo",
            "subnet": [
              {
                "address_prefix": "10.0.0.0/27",
                "id": "/subscriptions/82f6d75e-85f4-434a-ab74-5dddd9fa8910/resourceGroups/rg-demo/providers/Microsoft.Network/virtualNetworks/vnet-spoke/subnets/AzureBastionSubnet",
                "name": "AzureBastionSubnet",
                "security_group": "/subscriptions/82f6d75e-85f4-434a-ab74-5dddd9fa8910/resourceGroups/rg-demo/providers/Microsoft.Network/networkSecurityGroups/vnet-spoke-AzureBastionSubnet-nsg-westeurope"
              },
              {
                "address_prefix": "10.0.1.0/24",
                "id": "/subscriptions/82f6d75e-85f4-434a-ab74-5dddd9fa8910/resourceGroups/rg-demo/providers/Microsoft.Network/virtualNetworks/vnet-spoke/subnets/subnet-frontend-servers",
                "name": "subnet-frontend-servers",
                "security_group": "/subscriptions/82f6d75e-85f4-434a-ab74-5dddd9fa8910/resourceGroups/rg-demo/providers/Microsoft.Network/networkSecurityGroups/vnet-spoke-subnet-frontend-servers-nsg-westeurope"
              }
            ],
            "tags": {},
            "timeouts": null
          },
          "sensitive_attributes": [],
          "private": "eyJlMmJmYjczMC1lY2FhLTExZTYtOGY4OC0zNDM2M2JjN2M0YzAiOnsiY3JlYXRlIjoxODAwMDAwMDAwMDAwLCJkZWxldGUiOjE4MDAwMDAwMDAwMDAsInJlYWQiOjMwMDAwMDAwMDAwMCwidXBkYXRlIjoxODAwMDAwMDAwMDAwfX0=",
          "dependencies": [
            "azurerm_resource_group.rg"
          ]
        }
      ]
    },
    {
      "module": "module.bastion",
      "mode": "managed",
      "type": "azurerm_bastion_host",
      "name": "bastion",
      "provider": "provider[\"registry.terraform.io/hashicorp/azurerm\"]",
      "instances": [
        {
          "schema_version": 0,
          "attributes": {
            "copy_paste_enabled": true,
            "dns_name": "bst-7128dbf7-3aca-4694-881b-f5cc60e0af60.bastion.azure.com",
            "file_copy_enabled": true,
            "id": "/subscriptions/82f6d75e-85f4-434a-ab74-5dddd9fa8910/resourceGroups/rg-bastion/providers/Microsoft.Network/bastionHosts/bastion-host",
            "ip_configuration": [
              {
                "name": "configuration",
                "public_ip_address_id": "/subscriptions/82f6d75e-85f4-434a-ab74-5dddd9fa8910/resourceGroups/rg-bastion/providers/Microsoft.Network/publicIPAddresses/pip-bastion",
                "subnet_id": "/subscriptions/82f6d75e-85f4-434a-ab74-5dddd9fa8910/resourceGroups/rg-demo/providers/Microsoft.Network/virtualNetworks/vnet-spoke/subnets/AzureBastionSubnet"
              }
            ],
            "ip_connect_enabled": false,
            "location": "westeurope",
            "name": "bastion-host",
            "resource_group_name": "rg-bastion",
            "scale_units": 2,
            "shareable_link_enabled": true,
            "sku": "Standard",
            "tags": {},
            "timeouts": null,
            "tunneling_enabled": true
          },
          "sensitive_attributes": [],
          "private": "eyJlMmJmYjczMC1lY2FhLTExZTYtOGY4OC0zNDM2M2JjN2M0YzAiOnsiY3JlYXRlIjoxODAwMDAwMDAwMDAwLCJkZWxldGUiOjE4MDAwMDAwMDAwMDAsInJlYWQiOjMwMDAwMDAwMDAwMCwidXBkYXRlIjoxODAwMDAwMDAwMDAwfX0=",
          "dependencies": [
            "azurerm_resource_group.rg",
            "azurerm_subnet.subnet-bastion",
            "azurerm_virtual_network.vnet",
            "module.bastion.azurerm_public_ip.pip",
            "module.bastion.azurerm_resource_group.rg"
          ]
        }
      ]
    },
    {
      "module": "module.bastion",
      "mode": "managed",
      "type": "azurerm_public_ip",
      "name": "pip",
      "provider": "provider[\"registry.terraform.io/hashicorp/azurerm\"]",
      "instances": [
        {
          "schema_version": 0,
          "attributes": {
            "allocation_method": "Static",
            "ddos_protection_mode": "VirtualNetworkInherited",
            "ddos_protection_plan_id": null,
            "domain_name_label": null,
            "edge_zone": "",
            "fqdn": null,
            "id": "/subscriptions/82f6d75e-85f4-434a-ab74-5dddd9fa8910/resourceGroups/rg-bastion/providers/Microsoft.Network/publicIPAddresses/pip-bastion",
            "idle_timeout_in_minutes": 4,
            "ip_address": "4.180.74.38",
            "ip_tags": {},
            "ip_version": "IPv4",
            "location": "westeurope",
            "name": "pip-bastion",
            "public_ip_prefix_id": null,
            "resource_group_name": "rg-bastion",
            "reverse_fqdn": null,
            "sku": "Standard",
            "sku_tier": "Regional",
            "tags": {},
            "timeouts": null,
            "zones": []
          },
          "sensitive_attributes": [],
          "private": "eyJlMmJmYjczMC1lY2FhLTExZTYtOGY4OC0zNDM2M2JjN2M0YzAiOnsiY3JlYXRlIjoxODAwMDAwMDAwMDAwLCJkZWxldGUiOjE4MDAwMDAwMDAwMDAsInJlYWQiOjMwMDAwMDAwMDAwMCwidXBkYXRlIjoxODAwMDAwMDAwMDAwfX0=",
          "dependencies": [
            "azurerm_resource_group.rg",
            "module.bastion.azurerm_resource_group.rg"
          ]
        }
      ]
    },
    {
      "module": "module.bastion",
      "mode": "managed",
      "type": "azurerm_resource_group",
      "name": "rg",
      "provider": "provider[\"registry.terraform.io/hashicorp/azurerm\"]",
      "instances": [
        {
          "schema_version": 0,
          "attributes": {
            "id": "/subscriptions/82f6d75e-85f4-434a-ab74-5dddd9fa8910/resourceGroups/rg-bastion",
            "location": "westeurope",
            "managed_by": "",
            "name": "rg-bastion",
            "tags": {},
            "timeouts": null
          },
          "sensitive_attributes": [],
          "private": "eyJlMmJmYjczMC1lY2FhLTExZTYtOGY4OC0zNDM2M2JjN2M0YzAiOnsiY3JlYXRlIjo1NDAwMDAwMDAwMDAwLCJkZWxldGUiOjU0MDAwMDAwMDAwMDAsInJlYWQiOjMwMDAwMDAwMDAwMCwidXBkYXRlIjo1NDAwMDAwMDAwMDAwfX0=",
          "dependencies": [
            "azurerm_resource_group.rg"
          ]
        }
      ]
    },
    {
      "module": "module.vm-01",
      "mode": "managed",
      "type": "azurerm_linux_virtual_machine",
      "name": "vm",
      "provider": "provider[\"registry.terraform.io/hashicorp/azurerm\"]",
      "instances": [
        {
          "schema_version": 0,
          "attributes": {
            "additional_capabilities": [],
            "admin_password": "@Aa123456789",
            "admin_ssh_key": [],
            "admin_username": "azureuser",
            "allow_extension_operations": true,
            "availability_set_id": "",
            "boot_diagnostics": [
              {
                "storage_account_uri": ""
              }
            ],
            "bypass_platform_safety_checks_on_user_schedule_enabled": false,
            "capacity_reservation_group_id": "",
            "computer_name": "vm-01",
            "custom_data": "IyEvYmluL2Jhc2gKCnN1ZG8gYXB0IC1xcSB1cGRhdGUKCiMgSW5zdGFsbCBjdXJsIGFuZCB0cmFjZXJvdXRlIGFuZCBqcQpzdWRvIGFwdCAtcXEgaW5zdGFsbCBjdXJsIHRyYWNlcm91dGUgaW5ldHV0aWxzLXRyYWNlcm91dGUganEgLXkKCiMgSW5zdGFsbCBOR0lOWCB3ZWIgc2VydmVyCnN1ZG8gYXB0IC1xcSBpbnN0YWxsIG5naW54IC15CgpJUD0kKGhvc3RuYW1lIC1pKQoKZWNobyAiSGVsbG8gZnJvbSB2aXJ0dWFsIG1hY2hpbmU6ICRIT1NUTkFNRSwgd2l0aCBJUCBhZGRyZXNzOiAkSVAiID4gL3Zhci93d3cvaHRtbC9pbmRleC5odG1sCgojIyMjIyMjIyMjIyMjIyMjIyMjIyMjIyMjIyMjIyMjIyMjIyMjIyMjIyMjIyMjIyMjIyMjIyMjIyMjIyMjIyMjCiMgT3B0aW9uYWwsIGNoYW5nZSBjb21tYW5kIGxpbmUgc3R5bGUKIyMjIyMjIyMjIyMjIyMjIyMjIyMjIyMjIyMjIyMjIyMjIyMjIyMjIyMjIyMjIyMjIyMjIyMjIyMjIyMjIyMjIwoKc3VkbyBhcHQgLXFxIGluc3RhbGwgYmFzaC1jb21wbGV0aW9uIC15CgpjYXQgPDxFT0YgPiB+Ly5pbnB1dHJjCnNldCBzaG93LWFsbC1pZi1hbWJpZ3VvdXMgb24Kc2V0IHNob3ctYWxsLWlmLXVubW9kaWZpZWQgb24Kc2V0IG1lbnUtY29tcGxldGUtZGlzcGxheS1wcmVmaXggb24KIi90IjogbWVudS1jb21wbGV0ZQoiXGVbWiI6IG1lbnUtY29tcGxldGUtYmFja3dhcmQKIlxlW0EiOiBoaXN0b3J5LXNlYXJjaC1iYWNrd2FyZAoiXGVbQiI6IGhpc3Rvcnktc2VhcmNoLWZvcndhcmQKIlxlT0EiOiBoaXN0b3J5LXNlYXJjaC1iYWNrd2FyZAoiXGVPQiI6IGhpc3Rvcnktc2VhcmNoLWZvcndhcmQKRU9GCgojIFNjcmlwdCB0byBmb3JjZSBlbmFibGUgY29sb3IgcHJvbXB0IG9uIFVidW50dSBhbmQgb3RoZXIgTGludXggZGlzdHJvcy4Kc2VkIC1pICdzLyNmb3JjZV9jb2xvcl9wcm9tcHQ9eWVzL2ZvcmNlX2NvbG9yX3Byb21wdD15ZXMvZycgfi8uYmFzaHJjCgojIFJlbG9hZCB0aGUgLmJhc2hyYyBmaWxlCnNvdXJjZSB+Ly5iYXNocmM=",
            "dedicated_host_group_id": "",
            "dedicated_host_id": "",
            "disable_password_authentication": false,
            "edge_zone": "",
            "encryption_at_host_enabled": false,
            "eviction_policy": "",
            "extensions_time_budget": "PT1H30M",
            "gallery_application": [],
            "id": "/subscriptions/82f6d75e-85f4-434a-ab74-5dddd9fa8910/resourceGroups/rg-vm-01/providers/Microsoft.Compute/virtualMachines/vm-01",
            "identity": [],
            "license_type": "",
            "location": "westeurope",
            "max_bid_price": -1,
            "name": "vm-01",
            "network_interface_ids": [
              "/subscriptions/82f6d75e-85f4-434a-ab74-5dddd9fa8910/resourceGroups/rg-vm-01/providers/Microsoft.Network/networkInterfaces/nic-vm"
            ],
            "os_disk": [
              {
                "caching": "ReadWrite",
                "diff_disk_settings": [],
                "disk_encryption_set_id": "",
                "disk_size_gb": 30,
                "name": "vm-01_OsDisk_1_977d7ae4539e47b6a48b5569fb7a0a3c",
                "secure_vm_disk_encryption_set_id": "",
                "security_encryption_type": "",
                "storage_account_type": "Standard_LRS",
                "write_accelerator_enabled": false
              }
            ],
            "patch_assessment_mode": "ImageDefault",
            "patch_mode": "ImageDefault",
            "plan": [],
            "platform_fault_domain": -1,
            "priority": "Regular",
            "private_ip_address": "10.0.1.5",
            "private_ip_addresses": [
              "10.0.1.5"
            ],
            "provision_vm_agent": true,
            "proximity_placement_group_id": "",
            "public_ip_address": "",
            "public_ip_addresses": [],
            "reboot_setting": "",
            "resource_group_name": "rg-vm-01",
            "secret": [],
            "secure_boot_enabled": false,
            "size": "Standard_B2als_v2",
            "source_image_id": "",
            "source_image_reference": [
              {
                "offer": "0001-com-ubuntu-server-jammy",
                "publisher": "canonical",
                "sku": "22_04-lts-gen2",
                "version": "latest"
              }
            ],
            "tags": null,
            "termination_notification": null,
            "timeouts": null,
            "user_data": "",
            "virtual_machine_id": "2c8bd4d3-76e2-4f3e-bccb-7d3fc004cb0f",
            "virtual_machine_scale_set_id": "",
            "vtpm_enabled": false,
            "zone": ""
          },
          "sensitive_attributes": [],
          "private": "eyJlMmJmYjczMC1lY2FhLTExZTYtOGY4OC0zNDM2M2JjN2M0YzAiOnsiY3JlYXRlIjoyNzAwMDAwMDAwMDAwLCJkZWxldGUiOjI3MDAwMDAwMDAwMDAsInJlYWQiOjMwMDAwMDAwMDAwMCwidXBkYXRlIjoyNzAwMDAwMDAwMDAwfX0=",
          "dependencies": [
            "azurerm_resource_group.rg",
            "azurerm_subnet.subnet-frontend-servers",
            "azurerm_virtual_network.vnet",
            "module.vm-01.azurerm_network_interface.nic_vm",
            "module.vm-01.azurerm_public_ip.pip_vm",
            "module.vm-01.azurerm_resource_group.rg"
          ]
        }
      ]
    },
    {
      "module": "module.vm-01",
      "mode": "managed",
      "type": "azurerm_network_interface",
      "name": "nic_vm",
      "provider": "provider[\"registry.terraform.io/hashicorp/azurerm\"]",
      "instances": [
        {
          "schema_version": 0,
          "attributes": {
            "applied_dns_servers": [],
            "auxiliary_mode": "",
            "auxiliary_sku": "",
            "dns_servers": [],
            "edge_zone": "",
            "enable_accelerated_networking": false,
            "enable_ip_forwarding": false,
            "id": "/subscriptions/82f6d75e-85f4-434a-ab74-5dddd9fa8910/resourceGroups/rg-vm-01/providers/Microsoft.Network/networkInterfaces/nic-vm",
            "internal_dns_name_label": "",
            "internal_domain_name_suffix": "h4y2dfnqi2uevmoez4a3vuianc.ax.internal.cloudapp.net",
            "ip_configuration": [
              {
                "gateway_load_balancer_frontend_ip_configuration_id": "",
                "name": "internal",
                "primary": true,
                "private_ip_address": "10.0.1.5",
                "private_ip_address_allocation": "Dynamic",
                "private_ip_address_version": "IPv4",
                "public_ip_address_id": "",
                "subnet_id": "/subscriptions/82f6d75e-85f4-434a-ab74-5dddd9fa8910/resourceGroups/rg-demo/providers/Microsoft.Network/virtualNetworks/vnet-spoke/subnets/subnet-frontend-servers"
              }
            ],
            "location": "westeurope",
            "mac_address": "60-45-BD-F3-43-41",
            "name": "nic-vm",
            "private_ip_address": "10.0.1.5",
            "private_ip_addresses": [
              "10.0.1.5"
            ],
            "resource_group_name": "rg-vm-01",
            "tags": {},
            "timeouts": null,
            "virtual_machine_id": "/subscriptions/82f6d75e-85f4-434a-ab74-5dddd9fa8910/resourceGroups/rg-vm-01/providers/Microsoft.Compute/virtualMachines/vm-01"
          },
          "sensitive_attributes": [],
          "private": "eyJlMmJmYjczMC1lY2FhLTExZTYtOGY4OC0zNDM2M2JjN2M0YzAiOnsiY3JlYXRlIjoxODAwMDAwMDAwMDAwLCJkZWxldGUiOjE4MDAwMDAwMDAwMDAsInJlYWQiOjMwMDAwMDAwMDAwMCwidXBkYXRlIjoxODAwMDAwMDAwMDAwfX0=",
          "dependencies": [
            "azurerm_resource_group.rg",
            "azurerm_subnet.subnet-frontend-servers",
            "azurerm_virtual_network.vnet",
            "module.vm-01.azurerm_public_ip.pip_vm",
            "module.vm-01.azurerm_resource_group.rg"
          ]
        }
      ]
    },
    {
      "module": "module.vm-01",
      "mode": "managed",
      "type": "azurerm_resource_group",
      "name": "rg",
      "provider": "provider[\"registry.terraform.io/hashicorp/azurerm\"]",
      "instances": [
        {
          "schema_version": 0,
          "attributes": {
            "id": "/subscriptions/82f6d75e-85f4-434a-ab74-5dddd9fa8910/resourceGroups/rg-vm-01",
            "location": "westeurope",
            "managed_by": "",
            "name": "rg-vm-01",
            "tags": {},
            "timeouts": null
          },
          "sensitive_attributes": [],
          "private": "eyJlMmJmYjczMC1lY2FhLTExZTYtOGY4OC0zNDM2M2JjN2M0YzAiOnsiY3JlYXRlIjo1NDAwMDAwMDAwMDAwLCJkZWxldGUiOjU0MDAwMDAwMDAwMDAsInJlYWQiOjMwMDAwMDAwMDAwMCwidXBkYXRlIjo1NDAwMDAwMDAwMDAwfX0=",
          "dependencies": [
            "azurerm_resource_group.rg"
          ]
        }
      ]
    },
    {
      "module": "module.vm-02",
      "mode": "managed",
      "type": "azurerm_linux_virtual_machine",
      "name": "vm",
      "provider": "provider[\"registry.terraform.io/hashicorp/azurerm\"]",
      "instances": [
        {
          "schema_version": 0,
          "attributes": {
            "additional_capabilities": [],
            "admin_password": "@Aa123456789",
            "admin_ssh_key": [],
            "admin_username": "azureuser",
            "allow_extension_operations": true,
            "availability_set_id": "",
            "boot_diagnostics": [
              {
                "storage_account_uri": ""
              }
            ],
            "bypass_platform_safety_checks_on_user_schedule_enabled": false,
            "capacity_reservation_group_id": "",
            "computer_name": "vm-02",
            "custom_data": "IyEvYmluL2Jhc2gKCnN1ZG8gYXB0IC1xcSB1cGRhdGUKCiMgSW5zdGFsbCBjdXJsIGFuZCB0cmFjZXJvdXRlIGFuZCBqcQpzdWRvIGFwdCAtcXEgaW5zdGFsbCBjdXJsIHRyYWNlcm91dGUgaW5ldHV0aWxzLXRyYWNlcm91dGUganEgLXkKCiMgSW5zdGFsbCBOR0lOWCB3ZWIgc2VydmVyCnN1ZG8gYXB0IC1xcSBpbnN0YWxsIG5naW54IC15CgpJUD0kKGhvc3RuYW1lIC1pKQoKZWNobyAiSGVsbG8gZnJvbSB2aXJ0dWFsIG1hY2hpbmU6ICRIT1NUTkFNRSwgd2l0aCBJUCBhZGRyZXNzOiAkSVAiID4gL3Zhci93d3cvaHRtbC9pbmRleC5odG1sCgojIyMjIyMjIyMjIyMjIyMjIyMjIyMjIyMjIyMjIyMjIyMjIyMjIyMjIyMjIyMjIyMjIyMjIyMjIyMjIyMjIyMjCiMgT3B0aW9uYWwsIGNoYW5nZSBjb21tYW5kIGxpbmUgc3R5bGUKIyMjIyMjIyMjIyMjIyMjIyMjIyMjIyMjIyMjIyMjIyMjIyMjIyMjIyMjIyMjIyMjIyMjIyMjIyMjIyMjIyMjIwoKc3VkbyBhcHQgLXFxIGluc3RhbGwgYmFzaC1jb21wbGV0aW9uIC15CgpjYXQgPDxFT0YgPiB+Ly5pbnB1dHJjCnNldCBzaG93LWFsbC1pZi1hbWJpZ3VvdXMgb24Kc2V0IHNob3ctYWxsLWlmLXVubW9kaWZpZWQgb24Kc2V0IG1lbnUtY29tcGxldGUtZGlzcGxheS1wcmVmaXggb24KIi90IjogbWVudS1jb21wbGV0ZQoiXGVbWiI6IG1lbnUtY29tcGxldGUtYmFja3dhcmQKIlxlW0EiOiBoaXN0b3J5LXNlYXJjaC1iYWNrd2FyZAoiXGVbQiI6IGhpc3Rvcnktc2VhcmNoLWZvcndhcmQKIlxlT0EiOiBoaXN0b3J5LXNlYXJjaC1iYWNrd2FyZAoiXGVPQiI6IGhpc3Rvcnktc2VhcmNoLWZvcndhcmQKRU9GCgojIFNjcmlwdCB0byBmb3JjZSBlbmFibGUgY29sb3IgcHJvbXB0IG9uIFVidW50dSBhbmQgb3RoZXIgTGludXggZGlzdHJvcy4Kc2VkIC1pICdzLyNmb3JjZV9jb2xvcl9wcm9tcHQ9eWVzL2ZvcmNlX2NvbG9yX3Byb21wdD15ZXMvZycgfi8uYmFzaHJjCgojIFJlbG9hZCB0aGUgLmJhc2hyYyBmaWxlCnNvdXJjZSB+Ly5iYXNocmM=",
            "dedicated_host_group_id": "",
            "dedicated_host_id": "",
            "disable_password_authentication": false,
            "edge_zone": "",
            "encryption_at_host_enabled": false,
            "eviction_policy": "",
            "extensions_time_budget": "PT1H30M",
            "gallery_application": [],
            "id": "/subscriptions/82f6d75e-85f4-434a-ab74-5dddd9fa8910/resourceGroups/rg-vm-02/providers/Microsoft.Compute/virtualMachines/vm-02",
            "identity": [],
            "license_type": "",
            "location": "westeurope",
            "max_bid_price": -1,
            "name": "vm-02",
            "network_interface_ids": [
              "/subscriptions/82f6d75e-85f4-434a-ab74-5dddd9fa8910/resourceGroups/rg-vm-02/providers/Microsoft.Network/networkInterfaces/nic-vm"
            ],
            "os_disk": [
              {
                "caching": "ReadWrite",
                "diff_disk_settings": [],
                "disk_encryption_set_id": "",
                "disk_size_gb": 30,
                "name": "vm-02_OsDisk_1_b59520855b574f1a956d63036d85b7f6",
                "secure_vm_disk_encryption_set_id": "",
                "security_encryption_type": "",
                "storage_account_type": "Standard_LRS",
                "write_accelerator_enabled": false
              }
            ],
            "patch_assessment_mode": "ImageDefault",
            "patch_mode": "ImageDefault",
            "plan": [],
            "platform_fault_domain": -1,
            "priority": "Regular",
            "private_ip_address": "10.0.1.4",
            "private_ip_addresses": [
              "10.0.1.4"
            ],
            "provision_vm_agent": true,
            "proximity_placement_group_id": "",
            "public_ip_address": "",
            "public_ip_addresses": [],
            "reboot_setting": "",
            "resource_group_name": "rg-vm-02",
            "secret": [],
            "secure_boot_enabled": false,
            "size": "Standard_B2als_v2",
            "source_image_id": "",
            "source_image_reference": [
              {
                "offer": "0001-com-ubuntu-server-jammy",
                "publisher": "canonical",
                "sku": "22_04-lts-gen2",
                "version": "latest"
              }
            ],
            "tags": null,
            "termination_notification": null,
            "timeouts": null,
            "user_data": "",
            "virtual_machine_id": "0e32544c-8895-4f60-bc95-50e123c30c52",
            "virtual_machine_scale_set_id": "",
            "vtpm_enabled": false,
            "zone": ""
          },
          "sensitive_attributes": [],
          "private": "eyJlMmJmYjczMC1lY2FhLTExZTYtOGY4OC0zNDM2M2JjN2M0YzAiOnsiY3JlYXRlIjoyNzAwMDAwMDAwMDAwLCJkZWxldGUiOjI3MDAwMDAwMDAwMDAsInJlYWQiOjMwMDAwMDAwMDAwMCwidXBkYXRlIjoyNzAwMDAwMDAwMDAwfX0=",
          "dependencies": [
            "azurerm_resource_group.rg",
            "azurerm_subnet.subnet-frontend-servers",
            "azurerm_virtual_network.vnet",
            "module.vm-02.azurerm_network_interface.nic_vm",
            "module.vm-02.azurerm_public_ip.pip_vm",
            "module.vm-02.azurerm_resource_group.rg"
          ]
        }
      ]
    },
    {
      "module": "module.vm-02",
      "mode": "managed",
      "type": "azurerm_network_interface",
      "name": "nic_vm",
      "provider": "provider[\"registry.terraform.io/hashicorp/azurerm\"]",
      "instances": [
        {
          "schema_version": 0,
          "attributes": {
            "applied_dns_servers": [],
            "auxiliary_mode": "",
            "auxiliary_sku": "",
            "dns_servers": [],
            "edge_zone": "",
            "enable_accelerated_networking": false,
            "enable_ip_forwarding": false,
            "id": "/subscriptions/82f6d75e-85f4-434a-ab74-5dddd9fa8910/resourceGroups/rg-vm-02/providers/Microsoft.Network/networkInterfaces/nic-vm",
            "internal_dns_name_label": "",
            "internal_domain_name_suffix": "h4y2dfnqi2uevmoez4a3vuianc.ax.internal.cloudapp.net",
            "ip_configuration": [
              {
                "gateway_load_balancer_frontend_ip_configuration_id": "",
                "name": "internal",
                "primary": true,
                "private_ip_address": "10.0.1.4",
                "private_ip_address_allocation": "Dynamic",
                "private_ip_address_version": "IPv4",
                "public_ip_address_id": "",
                "subnet_id": "/subscriptions/82f6d75e-85f4-434a-ab74-5dddd9fa8910/resourceGroups/rg-demo/providers/Microsoft.Network/virtualNetworks/vnet-spoke/subnets/subnet-frontend-servers"
              }
            ],
            "location": "westeurope",
            "mac_address": "60-45-BD-8F-D4-DB",
            "name": "nic-vm",
            "private_ip_address": "10.0.1.4",
            "private_ip_addresses": [
              "10.0.1.4"
            ],
            "resource_group_name": "rg-vm-02",
            "tags": {},
            "timeouts": null,
            "virtual_machine_id": "/subscriptions/82f6d75e-85f4-434a-ab74-5dddd9fa8910/resourceGroups/rg-vm-02/providers/Microsoft.Compute/virtualMachines/vm-02"
          },
          "sensitive_attributes": [],
          "private": "eyJlMmJmYjczMC1lY2FhLTExZTYtOGY4OC0zNDM2M2JjN2M0YzAiOnsiY3JlYXRlIjoxODAwMDAwMDAwMDAwLCJkZWxldGUiOjE4MDAwMDAwMDAwMDAsInJlYWQiOjMwMDAwMDAwMDAwMCwidXBkYXRlIjoxODAwMDAwMDAwMDAwfX0=",
          "dependencies": [
            "azurerm_resource_group.rg",
            "azurerm_subnet.subnet-frontend-servers",
            "azurerm_virtual_network.vnet",
            "module.vm-02.azurerm_public_ip.pip_vm",
            "module.vm-02.azurerm_resource_group.rg"
          ]
        }
      ]
    },
    {
      "module": "module.vm-02",
      "mode": "managed",
      "type": "azurerm_resource_group",
      "name": "rg",
      "provider": "provider[\"registry.terraform.io/hashicorp/azurerm\"]",
      "instances": [
        {
          "schema_version": 0,
          "attributes": {
            "id": "/subscriptions/82f6d75e-85f4-434a-ab74-5dddd9fa8910/resourceGroups/rg-vm-02",
            "location": "westeurope",
            "managed_by": "",
            "name": "rg-vm-02",
            "tags": {},
            "timeouts": null
          },
          "sensitive_attributes": [],
          "private": "eyJlMmJmYjczMC1lY2FhLTExZTYtOGY4OC0zNDM2M2JjN2M0YzAiOnsiY3JlYXRlIjo1NDAwMDAwMDAwMDAwLCJkZWxldGUiOjU0MDAwMDAwMDAwMDAsInJlYWQiOjMwMDAwMDAwMDAwMCwidXBkYXRlIjo1NDAwMDAwMDAwMDAwfX0=",
          "dependencies": [
            "azurerm_resource_group.rg"
          ]
        }
      ]
    }
  ],
  "check_results": null
}
