{
  "version": 4,
  "terraform_version": "1.12.0",
  "serial": 74,
  "lineage": "07abfade-1bd4-bd80-190a-ea1e7edd65d6",
  "outputs": {
    "bastion_host_dns_name": {
      "value": "bst-317b2da5-fff6-42c5-94de-791acf1caeee.bastion.azure.com",
      "type": "string"
    },
    "sas_url_query_string": {
      "value": "https://storbastionrecordings.blob.core.windows.net/container-bastion-recordings?sv=2018-11-09\u0026sr=c\u0026st=2025-06-04\u0026se=2026-06-04\u0026sp=rcwl\u0026spr=https\u0026sig=MEhYKB%2FfbMAetlP6BPo%2Ffb3qTCm5%2FctIwfUx%2B2lKIMU%3D",
      "type": "string",
      "sensitive": true
    },
    "vm_windows_private_ip": {
      "value": "10.10.0.4",
      "type": "string"
    },
    "vm_windows_public_ip": {
      "value": "20.240.140.4",
      "type": "string"
    }
  },
  "resources": [
    {
      "mode": "data",
      "type": "azurerm_storage_account_blob_container_sas",
      "name": "sas-container-bastion-recordings",
      "provider": "provider[\"registry.terraform.io/hashicorp/azurerm\"]",
      "instances": [
        {
          "schema_version": 0,
          "attributes": {
            "cache_control": null,
            "connection_string": "DefaultEndpointsProtocol=https;AccountName=storbastionrecordings;AccountKey=r4TS0VKh3aCm1cZyC4d8N1o6eMO2XdOeUC2s4EHiLOLvAkl6tC1RuIoqrXG+gNrDMZJSuCwLyg7Y+ASt858Xlw==;EndpointSuffix=core.windows.net",
            "container_name": "container-bastion-recordings",
            "content_disposition": null,
            "content_encoding": null,
            "content_language": null,
            "content_type": null,
            "expiry": "2026-06-04",
            "https_only": true,
            "id": "234f9da3c9c9f2ae7219c641fc503a2c837d7cdc0b8379e1f2272e2fa1627554",
            "ip_address": null,
            "permissions": [
              {
                "add": false,
                "create": true,
                "delete": false,
                "list": true,
                "read": true,
                "write": true
              }
            ],
            "sas": "?sv=2018-11-09\u0026sr=c\u0026st=2025-06-04\u0026se=2026-06-04\u0026sp=rcwl\u0026spr=https\u0026sig=MEhYKB%2FfbMAetlP6BPo%2Ffb3qTCm5%2FctIwfUx%2B2lKIMU%3D",
            "start": "2025-06-04",
            "timeouts": null
          },
          "sensitive_attributes": [
            [
              {
                "type": "get_attr",
                "value": "connection_string"
              }
            ],
            [
              {
                "type": "get_attr",
                "value": "sas"
              }
            ]
          ],
          "identity_schema_version": 0
        }
      ]
    },
    {
      "mode": "data",
      "type": "azurerm_subscription",
      "name": "current",
      "provider": "provider[\"registry.terraform.io/hashicorp/azurerm\"]",
      "instances": [
        {
          "schema_version": 0,
          "attributes": {
            "display_name": "ME-MngEnvMCAP784683-hodellai-1",
            "id": "/subscriptions/dcef7009-6b94-4382-afdc-17eb160d709a",
            "location_placement_id": "Internal_2014-09-01",
            "quota_id": "Internal_2014-09-01",
            "spending_limit": "Off",
            "state": "Enabled",
            "subscription_id": "dcef7009-6b94-4382-afdc-17eb160d709a",
            "tags": {
              "Division": "Core",
              "Environment": "Hybrid",
              "Purpose": "UserTenant",
              "TimeZone": "_P29145_France_444350001"
            },
            "tenant_id": "93139d1e-a3c1-4d78-9ed5-878be090eba4",
            "timeouts": null
          },
          "sensitive_attributes": [],
          "identity_schema_version": 0
        }
      ]
    },
    {
      "mode": "managed",
      "type": "azapi_resource",
      "name": "blob_service",
      "provider": "provider[\"registry.terraform.io/azure/azapi\"]",
      "instances": [
        {
          "schema_version": 2,
          "attributes": {
            "body": {
              "value": {
                "properties": {
                  "cors": {
                    "corsRules": [
                      {
                        "allowedHeaders": [
                          "*"
                        ],
                        "allowedMethods": [
                          "GET"
                        ],
                        "allowedOrigins": [
                          "https://bst-317b2da5-fff6-42c5-94de-791acf1caeee.bastion.azure.com"
                        ],
                        "exposedHeaders": [
                          "*"
                        ],
                        "maxAgeInSeconds": 86400
                      }
                    ]
                  }
                }
              },
              "type": [
                "object",
                {
                  "properties": [
                    "object",
                    {
                      "cors": [
                        "object",
                        {
                          "corsRules": [
                            "tuple",
                            [
                              [
                                "object",
                                {
                                  "allowedHeaders": [
                                    "tuple",
                                    [
                                      "string"
                                    ]
                                  ],
                                  "allowedMethods": [
                                    "tuple",
                                    [
                                      "string"
                                    ]
                                  ],
                                  "allowedOrigins": [
                                    "tuple",
                                    [
                                      "string"
                                    ]
                                  ],
                                  "exposedHeaders": [
                                    "tuple",
                                    [
                                      "string"
                                    ]
                                  ],
                                  "maxAgeInSeconds": "number"
                                }
                              ]
                            ]
                          ]
                        }
                      ]
                    }
                  ]
                }
              ]
            },
            "create_headers": null,
            "create_query_parameters": null,
            "delete_headers": null,
            "delete_query_parameters": null,
            "id": "/subscriptions/dcef7009-6b94-4382-afdc-17eb160d709a/resourceGroups/rg-vm-win11-swc-001/providers/Microsoft.Storage/storageAccounts/storbastionrecordings/blobServices/default",
            "identity": [],
            "ignore_casing": false,
            "ignore_missing_property": true,
            "location": null,
            "locks": null,
            "name": "default",
            "output": {
              "value": {
                "id": "/subscriptions/dcef7009-6b94-4382-afdc-17eb160d709a/resourceGroups/rg-vm-win11-swc-001/providers/Microsoft.Storage/storageAccounts/storbastionrecordings/blobServices/default",
                "properties": {
                  "cors": {
                    "corsRules": [
                      {
                        "allowedHeaders": [
                          "*"
                        ],
                        "allowedMethods": [
                          "GET"
                        ],
                        "allowedOrigins": [
                          "https://bst-317b2da5-fff6-42c5-94de-791acf1caeee.bastion.azure.com"
                        ],
                        "exposedHeaders": [
                          "*"
                        ]
                      }
                    ]
                  }
                },
                "sku": {
                  "tier": "Standard"
                },
                "type": "Microsoft.Storage/storageAccounts/blobServices"
              },
              "type": [
                "object",
                {
                  "id": "string",
                  "properties": [
                    "object",
                    {
                      "cors": [
                        "object",
                        {
                          "corsRules": [
                            "tuple",
                            [
                              [
                                "object",
                                {
                                  "allowedHeaders": [
                                    "tuple",
                                    [
                                      "string"
                                    ]
                                  ],
                                  "allowedMethods": [
                                    "tuple",
                                    [
                                      "string"
                                    ]
                                  ],
                                  "allowedOrigins": [
                                    "tuple",
                                    [
                                      "string"
                                    ]
                                  ],
                                  "exposedHeaders": [
                                    "tuple",
                                    [
                                      "string"
                                    ]
                                  ]
                                }
                              ]
                            ]
                          ]
                        }
                      ]
                    }
                  ],
                  "sku": [
                    "object",
                    {
                      "tier": "string"
                    }
                  ],
                  "type": "string"
                }
              ]
            },
            "parent_id": "/subscriptions/dcef7009-6b94-4382-afdc-17eb160d709a/resourceGroups/rg-vm-win11-swc-001/providers/Microsoft.Storage/storageAccounts/storbastionrecordings",
            "read_headers": null,
            "read_query_parameters": null,
            "replace_triggers_external_values": null,
            "replace_triggers_refs": null,
            "response_export_values": null,
            "retry": null,
            "schema_validation_enabled": true,
            "sensitive_body": null,
            "tags": null,
            "timeouts": null,
            "type": "Microsoft.Storage/storageAccounts/blobServices@2024-01-01",
            "update_headers": null,
            "update_query_parameters": null
          },
          "sensitive_attributes": [],
          "identity_schema_version": 0,
          "private": "eyJzZW5zaXRpdmVfYm9keSI6ImV5Sm9ZWE5vSWpvaVpFTk9UMjFMTDI1VFdTc3hNblpJZW1GelRGaHBjM2Q2YkVkVU5WVklRVGRxUVVkWmEzWnRRM1ZSY3owaWZRPT0ifQ==",
          "dependencies": [
            "azurerm_bastion_host.bastion-premium",
            "azurerm_public_ip.pip-bastion",
            "azurerm_resource_group.rg",
            "azurerm_storage_account.storage-account-bastion-recordings",
            "azurerm_subnet.snet-bastion",
            "azurerm_virtual_network.vnet-spoke-vm"
          ]
        }
      ]
    },
    {
      "mode": "managed",
      "type": "azurerm_bastion_host",
      "name": "bastion-premium",
      "provider": "provider[\"registry.terraform.io/hashicorp/azurerm\"]",
      "instances": [
        {
          "schema_version": 0,
          "attributes": {
            "copy_paste_enabled": true,
            "dns_name": "bst-317b2da5-fff6-42c5-94de-791acf1caeee.bastion.azure.com",
            "file_copy_enabled": true,
            "id": "/subscriptions/dcef7009-6b94-4382-afdc-17eb160d709a/resourceGroups/rg-vm-win11-swc-001/providers/Microsoft.Network/bastionHosts/bastion-premium",
            "ip_configuration": [
              {
                "name": "configuration",
                "public_ip_address_id": "/subscriptions/dcef7009-6b94-4382-afdc-17eb160d709a/resourceGroups/rg-vm-win11-swc-001/providers/Microsoft.Network/publicIPAddresses/pip-bastion",
                "subnet_id": "/subscriptions/dcef7009-6b94-4382-afdc-17eb160d709a/resourceGroups/rg-vm-win11-swc-001/providers/Microsoft.Network/virtualNetworks/vnet-spoke-vm/subnets/AzureBastionSubnet"
              }
            ],
            "ip_connect_enabled": true,
            "kerberos_enabled": false,
            "location": "swedencentral",
            "name": "bastion-premium",
            "resource_group_name": "rg-vm-win11-swc-001",
            "scale_units": 2,
            "session_recording_enabled": true,
            "shareable_link_enabled": true,
            "sku": "Premium",
            "tags": {},
            "timeouts": null,
            "tunneling_enabled": false,
            "virtual_network_id": "",
            "zones": []
          },
          "sensitive_attributes": [],
          "identity_schema_version": 0,
          "private": "eyJlMmJmYjczMC1lY2FhLTExZTYtOGY4OC0zNDM2M2JjN2M0YzAiOnsiY3JlYXRlIjoxODAwMDAwMDAwMDAwLCJkZWxldGUiOjE4MDAwMDAwMDAwMDAsInJlYWQiOjMwMDAwMDAwMDAwMCwidXBkYXRlIjoxODAwMDAwMDAwMDAwfX0=",
          "dependencies": [
            "azurerm_public_ip.pip-bastion",
            "azurerm_resource_group.rg",
            "azurerm_subnet.snet-bastion",
            "azurerm_virtual_network.vnet-spoke-vm"
          ]
        }
      ]
    },
    {
      "mode": "managed",
      "type": "azurerm_network_interface",
      "name": "nic-vm-windows",
      "provider": "provider[\"registry.terraform.io/hashicorp/azurerm\"]",
      "instances": [
        {
          "schema_version": 0,
          "attributes": {
            "accelerated_networking_enabled": false,
            "applied_dns_servers": [],
            "auxiliary_mode": "",
            "auxiliary_sku": "",
            "dns_servers": [],
            "edge_zone": "",
            "id": "/subscriptions/dcef7009-6b94-4382-afdc-17eb160d709a/resourceGroups/rg-vm-win11-swc-001/providers/Microsoft.Network/networkInterfaces/nic-vm-windows",
            "internal_dns_name_label": "",
            "internal_domain_name_suffix": "axl11pdp20fu3kd00ap4lm1cod.gvxx.internal.cloudapp.net",
            "ip_configuration": [
              {
                "gateway_load_balancer_frontend_ip_configuration_id": "",
                "name": "internal",
                "primary": true,
                "private_ip_address": "10.10.0.4",
                "private_ip_address_allocation": "Dynamic",
                "private_ip_address_version": "IPv4",
                "public_ip_address_id": "/subscriptions/dcef7009-6b94-4382-afdc-17eb160d709a/resourceGroups/rg-vm-win11-swc-001/providers/Microsoft.Network/publicIPAddresses/pip-vm-windows",
                "subnet_id": "/subscriptions/dcef7009-6b94-4382-afdc-17eb160d709a/resourceGroups/rg-vm-win11-swc-001/providers/Microsoft.Network/virtualNetworks/vnet-spoke-vm/subnets/snet-vm"
              }
            ],
            "ip_forwarding_enabled": false,
            "location": "swedencentral",
            "mac_address": "60-45-BD-C9-18-D4",
            "name": "nic-vm-windows",
            "private_ip_address": "10.10.0.4",
            "private_ip_addresses": [
              "10.10.0.4"
            ],
            "resource_group_name": "rg-vm-win11-swc-001",
            "tags": {},
            "timeouts": null,
            "virtual_machine_id": "/subscriptions/dcef7009-6b94-4382-afdc-17eb160d709a/resourceGroups/rg-vm-win11-swc-001/providers/Microsoft.Compute/virtualMachines/vm-win11"
          },
          "sensitive_attributes": [],
          "identity_schema_version": 0,
          "private": "eyJlMmJmYjczMC1lY2FhLTExZTYtOGY4OC0zNDM2M2JjN2M0YzAiOnsiY3JlYXRlIjoxODAwMDAwMDAwMDAwLCJkZWxldGUiOjE4MDAwMDAwMDAwMDAsInJlYWQiOjMwMDAwMDAwMDAwMCwidXBkYXRlIjoxODAwMDAwMDAwMDAwfX0=",
          "dependencies": [
            "azurerm_public_ip.pip-vm-windows",
            "azurerm_resource_group.rg",
            "azurerm_subnet.snet-vm",
            "azurerm_virtual_network.vnet-spoke-vm"
          ]
        }
      ]
    },
    {
      "mode": "managed",
      "type": "azurerm_network_security_group",
      "name": "nsg-vm",
      "provider": "provider[\"registry.terraform.io/hashicorp/azurerm\"]",
      "instances": [
        {
          "schema_version": 0,
          "attributes": {
            "id": "/subscriptions/dcef7009-6b94-4382-afdc-17eb160d709a/resourceGroups/rg-vm-win11-swc-001/providers/Microsoft.Network/networkSecurityGroups/nsg-vm",
            "location": "swedencentral",
            "name": "nsg-vm",
            "resource_group_name": "rg-vm-win11-swc-001",
            "security_rule": [
              {
                "access": "Allow",
                "description": "",
                "destination_address_prefix": "",
                "destination_address_prefixes": [
                  "0.0.0.0/0"
                ],
                "destination_application_security_group_ids": [],
                "destination_port_range": "3389",
                "destination_port_ranges": [],
                "direction": "Inbound",
                "name": "allow-rdp",
                "priority": 1000,
                "protocol": "Tcp",
                "source_address_prefix": "176.177.25.47",
                "source_address_prefixes": [],
                "source_application_security_group_ids": [],
                "source_port_range": "*",
                "source_port_ranges": []
              }
            ],
            "tags": {},
            "timeouts": null
          },
          "sensitive_attributes": [],
          "identity_schema_version": 0,
          "private": "eyJlMmJmYjczMC1lY2FhLTExZTYtOGY4OC0zNDM2M2JjN2M0YzAiOnsiY3JlYXRlIjoxODAwMDAwMDAwMDAwLCJkZWxldGUiOjE4MDAwMDAwMDAwMDAsInJlYWQiOjMwMDAwMDAwMDAwMCwidXBkYXRlIjoxODAwMDAwMDAwMDAwfX0=",
          "dependencies": [
            "azurerm_resource_group.rg"
          ]
        }
      ]
    },
    {
      "mode": "managed",
      "type": "azurerm_network_security_rule",
      "name": "allow-rdp",
      "provider": "provider[\"registry.terraform.io/hashicorp/azurerm\"]",
      "instances": [
        {
          "schema_version": 0,
          "attributes": {
            "access": "Allow",
            "description": "",
            "destination_address_prefix": "",
            "destination_address_prefixes": [
              "0.0.0.0/0"
            ],
            "destination_application_security_group_ids": [],
            "destination_port_range": "3389",
            "destination_port_ranges": [],
            "direction": "Inbound",
            "id": "/subscriptions/dcef7009-6b94-4382-afdc-17eb160d709a/resourceGroups/rg-vm-win11-swc-001/providers/Microsoft.Network/networkSecurityGroups/nsg-vm/securityRules/allow-rdp",
            "name": "allow-rdp",
            "network_security_group_name": "nsg-vm",
            "priority": 1000,
            "protocol": "Tcp",
            "resource_group_name": "rg-vm-win11-swc-001",
            "source_address_prefix": "176.177.25.47",
            "source_address_prefixes": [],
            "source_application_security_group_ids": [],
            "source_port_range": "*",
            "source_port_ranges": [],
            "timeouts": null
          },
          "sensitive_attributes": [],
          "identity_schema_version": 0,
          "private": "eyJlMmJmYjczMC1lY2FhLTExZTYtOGY4OC0zNDM2M2JjN2M0YzAiOnsiY3JlYXRlIjoxODAwMDAwMDAwMDAwLCJkZWxldGUiOjE4MDAwMDAwMDAwMDAsInJlYWQiOjMwMDAwMDAwMDAwMCwidXBkYXRlIjoxODAwMDAwMDAwMDAwfX0=",
          "dependencies": [
            "azurerm_network_security_group.nsg-vm",
            "azurerm_resource_group.rg"
          ]
        }
      ]
    },
    {
      "mode": "managed",
      "type": "azurerm_public_ip",
      "name": "pip-bastion",
      "provider": "provider[\"registry.terraform.io/hashicorp/azurerm\"]",
      "instances": [
        {
          "schema_version": 0,
          "attributes": {
            "allocation_method": "Static",
            "ddos_protection_mode": "VirtualNetworkInherited",
            "ddos_protection_plan_id": null,
            "domain_name_label": null,
            "domain_name_label_scope": null,
            "edge_zone": "",
            "fqdn": null,
            "id": "/subscriptions/dcef7009-6b94-4382-afdc-17eb160d709a/resourceGroups/rg-vm-win11-swc-001/providers/Microsoft.Network/publicIPAddresses/pip-bastion",
            "idle_timeout_in_minutes": 4,
            "ip_address": "20.91.248.120",
            "ip_tags": {},
            "ip_version": "IPv4",
            "location": "swedencentral",
            "name": "pip-bastion",
            "public_ip_prefix_id": null,
            "resource_group_name": "rg-vm-win11-swc-001",
            "reverse_fqdn": null,
            "sku": "Standard",
            "sku_tier": "Regional",
            "tags": {},
            "timeouts": null,
            "zones": []
          },
          "sensitive_attributes": [],
          "identity_schema_version": 0,
          "private": "eyJlMmJmYjczMC1lY2FhLTExZTYtOGY4OC0zNDM2M2JjN2M0YzAiOnsiY3JlYXRlIjoxODAwMDAwMDAwMDAwLCJkZWxldGUiOjE4MDAwMDAwMDAwMDAsInJlYWQiOjMwMDAwMDAwMDAwMCwidXBkYXRlIjoxODAwMDAwMDAwMDAwfX0=",
          "dependencies": [
            "azurerm_resource_group.rg"
          ]
        }
      ]
    },
    {
      "mode": "managed",
      "type": "azurerm_public_ip",
      "name": "pip-vm-windows",
      "provider": "provider[\"registry.terraform.io/hashicorp/azurerm\"]",
      "instances": [
        {
          "schema_version": 0,
          "attributes": {
            "allocation_method": "Static",
            "ddos_protection_mode": "VirtualNetworkInherited",
            "ddos_protection_plan_id": null,
            "domain_name_label": null,
            "domain_name_label_scope": null,
            "edge_zone": "",
            "fqdn": null,
            "id": "/subscriptions/dcef7009-6b94-4382-afdc-17eb160d709a/resourceGroups/rg-vm-win11-swc-001/providers/Microsoft.Network/publicIPAddresses/pip-vm-windows",
            "idle_timeout_in_minutes": 4,
            "ip_address": "20.240.140.4",
            "ip_tags": {},
            "ip_version": "IPv4",
            "location": "swedencentral",
            "name": "pip-vm-windows",
            "public_ip_prefix_id": null,
            "resource_group_name": "rg-vm-win11-swc-001",
            "reverse_fqdn": null,
            "sku": "Standard",
            "sku_tier": "Regional",
            "tags": {},
            "timeouts": null,
            "zones": []
          },
          "sensitive_attributes": [],
          "identity_schema_version": 0,
          "private": "eyJlMmJmYjczMC1lY2FhLTExZTYtOGY4OC0zNDM2M2JjN2M0YzAiOnsiY3JlYXRlIjoxODAwMDAwMDAwMDAwLCJkZWxldGUiOjE4MDAwMDAwMDAwMDAsInJlYWQiOjMwMDAwMDAwMDAwMCwidXBkYXRlIjoxODAwMDAwMDAwMDAwfX0=",
          "dependencies": [
            "azurerm_resource_group.rg"
          ]
        }
      ]
    },
    {
      "mode": "managed",
      "type": "azurerm_resource_group",
      "name": "rg",
      "provider": "provider[\"registry.terraform.io/hashicorp/azurerm\"]",
      "instances": [
        {
          "schema_version": 0,
          "attributes": {
            "id": "/subscriptions/dcef7009-6b94-4382-afdc-17eb160d709a/resourceGroups/rg-vm-win11-swc-001",
            "location": "swedencentral",
            "managed_by": "",
            "name": "rg-vm-win11-swc-001",
            "tags": {},
            "timeouts": null
          },
          "sensitive_attributes": [],
          "identity_schema_version": 0,
          "private": "eyJlMmJmYjczMC1lY2FhLTExZTYtOGY4OC0zNDM2M2JjN2M0YzAiOnsiY3JlYXRlIjo1NDAwMDAwMDAwMDAwLCJkZWxldGUiOjU0MDAwMDAwMDAwMDAsInJlYWQiOjMwMDAwMDAwMDAwMCwidXBkYXRlIjo1NDAwMDAwMDAwMDAwfX0="
        }
      ]
    },
    {
      "mode": "managed",
      "type": "azurerm_role_assignment",
      "name": "owner",
      "provider": "provider[\"registry.terraform.io/hashicorp/azurerm\"]",
      "instances": [
        {
          "schema_version": 0,
          "attributes": {
            "condition": "",
            "condition_version": "",
            "delegated_managed_identity_resource_id": "",
            "description": "",
            "id": "/subscriptions/dcef7009-6b94-4382-afdc-17eb160d709a/providers/Microsoft.Authorization/roleAssignments/c5e47d54-f68d-2823-b801-0c0a08ed9f88",
            "name": "c5e47d54-f68d-2823-b801-0c0a08ed9f88",
            "principal_id": "ed788443-3396-4dbd-803e-4057d2d4c0ef",
            "principal_type": "ServicePrincipal",
            "role_definition_id": "/subscriptions/dcef7009-6b94-4382-afdc-17eb160d709a/providers/Microsoft.Authorization/roleDefinitions/8e3af657-a8ff-443c-a75c-2fe8c4bcb635",
            "role_definition_name": "Owner",
            "scope": "/subscriptions/dcef7009-6b94-4382-afdc-17eb160d709a",
            "skip_service_principal_aad_check": null,
            "timeouts": null
          },
          "sensitive_attributes": [],
          "identity_schema_version": 0,
          "private": "eyJlMmJmYjczMC1lY2FhLTExZTYtOGY4OC0zNDM2M2JjN2M0YzAiOnsiY3JlYXRlIjoxODAwMDAwMDAwMDAwLCJkZWxldGUiOjE4MDAwMDAwMDAwMDAsInJlYWQiOjMwMDAwMDAwMDAwMH19",
          "dependencies": [
            "azurerm_resource_group.rg",
            "azurerm_user_assigned_identity.identity",
            "data.azurerm_subscription.current"
          ]
        }
      ]
    },
    {
      "mode": "managed",
      "type": "azurerm_storage_account",
      "name": "storage-account-bastion-recordings",
      "provider": "provider[\"registry.terraform.io/hashicorp/azurerm\"]",
      "instances": [
        {
          "schema_version": 4,
          "attributes": {
            "access_tier": "Hot",
            "account_kind": "StorageV2",
            "account_replication_type": "LRS",
            "account_tier": "Standard",
            "allow_nested_items_to_be_public": true,
            "allowed_copy_scope": "",
            "azure_files_authentication": [],
            "blob_properties": [
              {
                "change_feed_enabled": false,
                "change_feed_retention_in_days": 0,
                "container_delete_retention_policy": [],
                "cors_rule": [
                  {
                    "allowed_headers": [
                      "*"
                    ],
                    "allowed_methods": [
                      "GET"
                    ],
                    "allowed_origins": [
                      "https://bst-317b2da5-fff6-42c5-94de-791acf1caeee.bastion.azure.com"
                    ],
                    "exposed_headers": [
                      "*"
                    ],
                    "max_age_in_seconds": 86400
                  }
                ],
                "default_service_version": "",
                "delete_retention_policy": [],
                "last_access_time_enabled": false,
                "restore_policy": [],
                "versioning_enabled": false
              }
            ],
            "cross_tenant_replication_enabled": false,
            "custom_domain": [],
            "customer_managed_key": [],
            "default_to_oauth_authentication": false,
            "dns_endpoint_type": "Standard",
            "edge_zone": "",
            "https_traffic_only_enabled": true,
            "id": "/subscriptions/dcef7009-6b94-4382-afdc-17eb160d709a/resourceGroups/rg-vm-win11-swc-001/providers/Microsoft.Storage/storageAccounts/storbastionrecordings",
            "identity": [],
            "immutability_policy": [],
            "infrastructure_encryption_enabled": false,
            "is_hns_enabled": false,
            "large_file_share_enabled": false,
            "local_user_enabled": true,
            "location": "swedencentral",
            "min_tls_version": "TLS1_2",
            "name": "storbastionrecordings",
            "network_rules": [
              {
                "bypass": [
                  "AzureServices"
                ],
                "default_action": "Allow",
                "ip_rules": [],
                "private_link_access": [
                  {
                    "endpoint_resource_id": "/subscriptions/dcef7009-6b94-4382-afdc-17eb160d709a/providers/Microsoft.Security/datascanners/StorageDataScanner",
                    "endpoint_tenant_id": "93139d1e-a3c1-4d78-9ed5-878be090eba4"
                  }
                ],
                "virtual_network_subnet_ids": []
              }
            ],
            "nfsv3_enabled": false,
            "primary_access_key": "r4TS0VKh3aCm1cZyC4d8N1o6eMO2XdOeUC2s4EHiLOLvAkl6tC1RuIoqrXG+gNrDMZJSuCwLyg7Y+ASt858Xlw==",
            "primary_blob_connection_string": "DefaultEndpointsProtocol=https;BlobEndpoint=https://storbastionrecordings.blob.core.windows.net/;AccountName=storbastionrecordings;AccountKey=r4TS0VKh3aCm1cZyC4d8N1o6eMO2XdOeUC2s4EHiLOLvAkl6tC1RuIoqrXG+gNrDMZJSuCwLyg7Y+ASt858Xlw==",
            "primary_blob_endpoint": "https://storbastionrecordings.blob.core.windows.net/",
            "primary_blob_host": "storbastionrecordings.blob.core.windows.net",
            "primary_blob_internet_endpoint": "",
            "primary_blob_internet_host": "",
            "primary_blob_microsoft_endpoint": "",
            "primary_blob_microsoft_host": "",
            "primary_connection_string": "DefaultEndpointsProtocol=https;AccountName=storbastionrecordings;AccountKey=r4TS0VKh3aCm1cZyC4d8N1o6eMO2XdOeUC2s4EHiLOLvAkl6tC1RuIoqrXG+gNrDMZJSuCwLyg7Y+ASt858Xlw==;EndpointSuffix=core.windows.net",
            "primary_dfs_endpoint": "https://storbastionrecordings.dfs.core.windows.net/",
            "primary_dfs_host": "storbastionrecordings.dfs.core.windows.net",
            "primary_dfs_internet_endpoint": "",
            "primary_dfs_internet_host": "",
            "primary_dfs_microsoft_endpoint": "",
            "primary_dfs_microsoft_host": "",
            "primary_file_endpoint": "https://storbastionrecordings.file.core.windows.net/",
            "primary_file_host": "storbastionrecordings.file.core.windows.net",
            "primary_file_internet_endpoint": "",
            "primary_file_internet_host": "",
            "primary_file_microsoft_endpoint": "",
            "primary_file_microsoft_host": "",
            "primary_location": "swedencentral",
            "primary_queue_endpoint": "https://storbastionrecordings.queue.core.windows.net/",
            "primary_queue_host": "storbastionrecordings.queue.core.windows.net",
            "primary_queue_microsoft_endpoint": "",
            "primary_queue_microsoft_host": "",
            "primary_table_endpoint": "https://storbastionrecordings.table.core.windows.net/",
            "primary_table_host": "storbastionrecordings.table.core.windows.net",
            "primary_table_microsoft_endpoint": "",
            "primary_table_microsoft_host": "",
            "primary_web_endpoint": "https://storbastionrecordings.z1.web.core.windows.net/",
            "primary_web_host": "storbastionrecordings.z1.web.core.windows.net",
            "primary_web_internet_endpoint": "",
            "primary_web_internet_host": "",
            "primary_web_microsoft_endpoint": "",
            "primary_web_microsoft_host": "",
            "public_network_access_enabled": true,
            "queue_encryption_key_type": "Service",
            "queue_properties": [
              {
                "cors_rule": [],
                "hour_metrics": [
                  {
                    "enabled": false,
                    "include_apis": false,
                    "retention_policy_days": 0,
                    "version": "1.0"
                  }
                ],
                "logging": [
                  {
                    "delete": false,
                    "read": false,
                    "retention_policy_days": 0,
                    "version": "1.0",
                    "write": false
                  }
                ],
                "minute_metrics": [
                  {
                    "enabled": false,
                    "include_apis": false,
                    "retention_policy_days": 0,
                    "version": "1.0"
                  }
                ]
              }
            ],
            "resource_group_name": "rg-vm-win11-swc-001",
            "routing": [],
            "sas_policy": [],
            "secondary_access_key": "xcSV8keCfK5sk/MrfXCm+gcjmvg53MblWLeQPnvHd15tfG9wCcHgBFpAP6FU/imDCMOVQi4QSiad+AStfHAK0w==",
            "secondary_blob_connection_string": "",
            "secondary_blob_endpoint": "",
            "secondary_blob_host": "",
            "secondary_blob_internet_endpoint": "",
            "secondary_blob_internet_host": "",
            "secondary_blob_microsoft_endpoint": "",
            "secondary_blob_microsoft_host": "",
            "secondary_connection_string": "DefaultEndpointsProtocol=https;AccountName=storbastionrecordings;AccountKey=xcSV8keCfK5sk/MrfXCm+gcjmvg53MblWLeQPnvHd15tfG9wCcHgBFpAP6FU/imDCMOVQi4QSiad+AStfHAK0w==;EndpointSuffix=core.windows.net",
            "secondary_dfs_endpoint": "",
            "secondary_dfs_host": "",
            "secondary_dfs_internet_endpoint": "",
            "secondary_dfs_internet_host": "",
            "secondary_dfs_microsoft_endpoint": "",
            "secondary_dfs_microsoft_host": "",
            "secondary_file_endpoint": "",
            "secondary_file_host": "",
            "secondary_file_internet_endpoint": "",
            "secondary_file_internet_host": "",
            "secondary_file_microsoft_endpoint": "",
            "secondary_file_microsoft_host": "",
            "secondary_location": "",
            "secondary_queue_endpoint": "",
            "secondary_queue_host": "",
            "secondary_queue_microsoft_endpoint": "",
            "secondary_queue_microsoft_host": "",
            "secondary_table_endpoint": "",
            "secondary_table_host": "",
            "secondary_table_microsoft_endpoint": "",
            "secondary_table_microsoft_host": "",
            "secondary_web_endpoint": "",
            "secondary_web_host": "",
            "secondary_web_internet_endpoint": "",
            "secondary_web_internet_host": "",
            "secondary_web_microsoft_endpoint": "",
            "secondary_web_microsoft_host": "",
            "sftp_enabled": false,
            "share_properties": [
              {
                "cors_rule": [],
                "retention_policy": [
                  {
                    "days": 7
                  }
                ],
                "smb": []
              }
            ],
            "shared_access_key_enabled": true,
            "static_website": [],
            "table_encryption_key_type": "Service",
            "tags": {},
            "timeouts": null
          },
          "sensitive_attributes": [
            [
              {
                "type": "get_attr",
                "value": "primary_access_key"
              }
            ],
            [
              {
                "type": "get_attr",
                "value": "primary_blob_connection_string"
              }
            ],
            [
              {
                "type": "get_attr",
                "value": "primary_connection_string"
              }
            ],
            [
              {
                "type": "get_attr",
                "value": "secondary_access_key"
              }
            ],
            [
              {
                "type": "get_attr",
                "value": "secondary_blob_connection_string"
              }
            ],
            [
              {
                "type": "get_attr",
                "value": "secondary_connection_string"
              }
            ]
          ],
          "identity_schema_version": 0,
          "private": "eyJlMmJmYjczMC1lY2FhLTExZTYtOGY4OC0zNDM2M2JjN2M0YzAiOnsiY3JlYXRlIjozNjAwMDAwMDAwMDAwLCJkZWxldGUiOjM2MDAwMDAwMDAwMDAsInJlYWQiOjMwMDAwMDAwMDAwMCwidXBkYXRlIjozNjAwMDAwMDAwMDAwfSwic2NoZW1hX3ZlcnNpb24iOiI0In0=",
          "dependencies": [
            "azurerm_resource_group.rg"
          ]
        }
      ]
    },
    {
      "mode": "managed",
      "type": "azurerm_storage_container",
      "name": "container-bastion-recordings",
      "provider": "provider[\"registry.terraform.io/hashicorp/azurerm\"]",
      "instances": [
        {
          "schema_version": 1,
          "attributes": {
            "container_access_type": "container",
            "default_encryption_scope": "$account-encryption-key",
            "encryption_scope_override_enabled": true,
            "has_immutability_policy": false,
            "has_legal_hold": false,
            "id": "/subscriptions/dcef7009-6b94-4382-afdc-17eb160d709a/resourceGroups/rg-vm-win11-swc-001/providers/Microsoft.Storage/storageAccounts/storbastionrecordings/blobServices/default/containers/container-bastion-recordings",
            "metadata": {},
            "name": "container-bastion-recordings",
            "resource_manager_id": "/subscriptions/dcef7009-6b94-4382-afdc-17eb160d709a/resourceGroups/rg-vm-win11-swc-001/providers/Microsoft.Storage/storageAccounts/storbastionrecordings/blobServices/default/containers/container-bastion-recordings",
            "storage_account_id": "/subscriptions/dcef7009-6b94-4382-afdc-17eb160d709a/resourceGroups/rg-vm-win11-swc-001/providers/Microsoft.Storage/storageAccounts/storbastionrecordings",
            "storage_account_name": "",
            "timeouts": null
          },
          "sensitive_attributes": [],
          "identity_schema_version": 0,
          "private": "eyJlMmJmYjczMC1lY2FhLTExZTYtOGY4OC0zNDM2M2JjN2M0YzAiOnsiY3JlYXRlIjoxODAwMDAwMDAwMDAwLCJkZWxldGUiOjE4MDAwMDAwMDAwMDAsInJlYWQiOjMwMDAwMDAwMDAwMCwidXBkYXRlIjoxODAwMDAwMDAwMDAwfSwic2NoZW1hX3ZlcnNpb24iOiIxIn0=",
          "dependencies": [
            "azurerm_resource_group.rg",
            "azurerm_storage_account.storage-account-bastion-recordings"
          ]
        }
      ]
    },
    {
      "mode": "managed",
      "type": "azurerm_subnet",
      "name": "snet-bastion",
      "provider": "provider[\"registry.terraform.io/hashicorp/azurerm\"]",
      "instances": [
        {
          "schema_version": 0,
          "attributes": {
            "address_prefixes": [
              "10.10.1.0/24"
            ],
            "default_outbound_access_enabled": true,
            "delegation": [],
            "id": "/subscriptions/dcef7009-6b94-4382-afdc-17eb160d709a/resourceGroups/rg-vm-win11-swc-001/providers/Microsoft.Network/virtualNetworks/vnet-spoke-vm/subnets/AzureBastionSubnet",
            "name": "AzureBastionSubnet",
            "private_endpoint_network_policies": "Disabled",
            "private_link_service_network_policies_enabled": true,
            "resource_group_name": "rg-vm-win11-swc-001",
            "service_endpoint_policy_ids": [],
            "service_endpoints": [],
            "timeouts": null,
            "virtual_network_name": "vnet-spoke-vm"
          },
          "sensitive_attributes": [],
          "identity_schema_version": 0,
          "private": "eyJlMmJmYjczMC1lY2FhLTExZTYtOGY4OC0zNDM2M2JjN2M0YzAiOnsiY3JlYXRlIjoxODAwMDAwMDAwMDAwLCJkZWxldGUiOjE4MDAwMDAwMDAwMDAsInJlYWQiOjMwMDAwMDAwMDAwMCwidXBkYXRlIjoxODAwMDAwMDAwMDAwfX0=",
          "dependencies": [
            "azurerm_resource_group.rg",
            "azurerm_virtual_network.vnet-spoke-vm"
          ]
        }
      ]
    },
    {
      "mode": "managed",
      "type": "azurerm_subnet",
      "name": "snet-vm",
      "provider": "provider[\"registry.terraform.io/hashicorp/azurerm\"]",
      "instances": [
        {
          "schema_version": 0,
          "attributes": {
            "address_prefixes": [
              "10.10.0.0/24"
            ],
            "default_outbound_access_enabled": true,
            "delegation": [],
            "id": "/subscriptions/dcef7009-6b94-4382-afdc-17eb160d709a/resourceGroups/rg-vm-win11-swc-001/providers/Microsoft.Network/virtualNetworks/vnet-spoke-vm/subnets/snet-vm",
            "name": "snet-vm",
            "private_endpoint_network_policies": "Disabled",
            "private_link_service_network_policies_enabled": true,
            "resource_group_name": "rg-vm-win11-swc-001",
            "service_endpoint_policy_ids": [],
            "service_endpoints": [],
            "timeouts": null,
            "virtual_network_name": "vnet-spoke-vm"
          },
          "sensitive_attributes": [],
          "identity_schema_version": 0,
          "private": "eyJlMmJmYjczMC1lY2FhLTExZTYtOGY4OC0zNDM2M2JjN2M0YzAiOnsiY3JlYXRlIjoxODAwMDAwMDAwMDAwLCJkZWxldGUiOjE4MDAwMDAwMDAwMDAsInJlYWQiOjMwMDAwMDAwMDAwMCwidXBkYXRlIjoxODAwMDAwMDAwMDAwfX0=",
          "dependencies": [
            "azurerm_resource_group.rg",
            "azurerm_virtual_network.vnet-spoke-vm"
          ]
        }
      ]
    },
    {
      "mode": "managed",
      "type": "azurerm_subnet_network_security_group_association",
      "name": "nsg-association",
      "provider": "provider[\"registry.terraform.io/hashicorp/azurerm\"]",
      "instances": [
        {
          "schema_version": 0,
          "attributes": {
            "id": "/subscriptions/dcef7009-6b94-4382-afdc-17eb160d709a/resourceGroups/rg-vm-win11-swc-001/providers/Microsoft.Network/virtualNetworks/vnet-spoke-vm/subnets/snet-vm",
            "network_security_group_id": "/subscriptions/dcef7009-6b94-4382-afdc-17eb160d709a/resourceGroups/rg-vm-win11-swc-001/providers/Microsoft.Network/networkSecurityGroups/nsg-vm",
            "subnet_id": "/subscriptions/dcef7009-6b94-4382-afdc-17eb160d709a/resourceGroups/rg-vm-win11-swc-001/providers/Microsoft.Network/virtualNetworks/vnet-spoke-vm/subnets/snet-vm",
            "timeouts": null
          },
          "sensitive_attributes": [],
          "identity_schema_version": 0,
          "private": "eyJlMmJmYjczMC1lY2FhLTExZTYtOGY4OC0zNDM2M2JjN2M0YzAiOnsiY3JlYXRlIjoxODAwMDAwMDAwMDAwLCJkZWxldGUiOjE4MDAwMDAwMDAwMDAsInJlYWQiOjMwMDAwMDAwMDAwMH19",
          "dependencies": [
            "azurerm_network_security_group.nsg-vm",
            "azurerm_resource_group.rg",
            "azurerm_subnet.snet-vm",
            "azurerm_virtual_network.vnet-spoke-vm"
          ]
        }
      ]
    },
    {
      "mode": "managed",
      "type": "azurerm_user_assigned_identity",
      "name": "identity",
      "provider": "provider[\"registry.terraform.io/hashicorp/azurerm\"]",
      "instances": [
        {
          "schema_version": 1,
          "attributes": {
            "client_id": "ecc1b09a-2207-42d7-a825-6aa18b59f64f",
            "id": "/subscriptions/dcef7009-6b94-4382-afdc-17eb160d709a/resourceGroups/rg-vm-win11-swc-001/providers/Microsoft.ManagedIdentity/userAssignedIdentities/identity-vm",
            "location": "swedencentral",
            "name": "identity-vm",
            "principal_id": "ed788443-3396-4dbd-803e-4057d2d4c0ef",
            "resource_group_name": "rg-vm-win11-swc-001",
            "tags": {},
            "tenant_id": "93139d1e-a3c1-4d78-9ed5-878be090eba4",
            "timeouts": null
          },
          "sensitive_attributes": [],
          "identity_schema_version": 0,
          "private": "eyJlMmJmYjczMC1lY2FhLTExZTYtOGY4OC0zNDM2M2JjN2M0YzAiOnsiY3JlYXRlIjoxODAwMDAwMDAwMDAwLCJkZWxldGUiOjE4MDAwMDAwMDAwMDAsInJlYWQiOjMwMDAwMDAwMDAwMCwidXBkYXRlIjoxODAwMDAwMDAwMDAwfSwic2NoZW1hX3ZlcnNpb24iOiIxIn0=",
          "dependencies": [
            "azurerm_resource_group.rg"
          ]
        }
      ]
    },
    {
      "mode": "managed",
      "type": "azurerm_virtual_machine_extension",
      "name": "cse",
      "provider": "provider[\"registry.terraform.io/hashicorp/azurerm\"]",
      "instances": [
        {
          "schema_version": 0,
          "attributes": {
            "auto_upgrade_minor_version": false,
            "automatic_upgrade_enabled": false,
            "failure_suppression_enabled": false,
            "id": "/subscriptions/dcef7009-6b94-4382-afdc-17eb160d709a/resourceGroups/rg-vm-win11-swc-001/providers/Microsoft.Compute/virtualMachines/vm-win11/extensions/cse",
            "name": "cse",
            "protected_settings": null,
            "protected_settings_from_key_vault": [],
            "provision_after_extensions": [],
            "publisher": "Microsoft.Compute",
            "settings": "{\"commandToExecute\":\"powershell -ExecutionPolicy unrestricted -NoProfile -NonInteractive -command \\\"cp c:/azuredata/customdata.bin c:/azuredata/install.ps1; c:/azuredata/install.ps1 \\u003e c:/azuredata/install.ps1.log\\\"\"}",
            "tags": {},
            "timeouts": null,
            "type": "CustomScriptExtension",
            "type_handler_version": "1.10",
            "virtual_machine_id": "/subscriptions/dcef7009-6b94-4382-afdc-17eb160d709a/resourceGroups/rg-vm-win11-swc-001/providers/Microsoft.Compute/virtualMachines/vm-win11"
          },
          "sensitive_attributes": [
            [
              {
                "type": "get_attr",
                "value": "protected_settings"
              }
            ]
          ],
          "identity_schema_version": 0,
          "private": "eyJlMmJmYjczMC1lY2FhLTExZTYtOGY4OC0zNDM2M2JjN2M0YzAiOnsiY3JlYXRlIjoxODAwMDAwMDAwMDAwLCJkZWxldGUiOjE4MDAwMDAwMDAwMDAsInJlYWQiOjMwMDAwMDAwMDAwMCwidXBkYXRlIjoxODAwMDAwMDAwMDAwfSwic2NoZW1hX3ZlcnNpb24iOiIwIn0=",
          "dependencies": [
            "azurerm_network_interface.nic-vm-windows",
            "azurerm_public_ip.pip-vm-windows",
            "azurerm_resource_group.rg",
            "azurerm_subnet.snet-vm",
            "azurerm_user_assigned_identity.identity",
            "azurerm_virtual_network.vnet-spoke-vm",
            "azurerm_windows_virtual_machine.vm-windows"
          ]
        }
      ]
    },
    {
      "mode": "managed",
      "type": "azurerm_virtual_network",
      "name": "vnet-spoke-vm",
      "provider": "provider[\"registry.terraform.io/hashicorp/azurerm\"]",
      "instances": [
        {
          "schema_version": 0,
          "attributes": {
            "address_space": [
              "10.10.0.0/16"
            ],
            "bgp_community": "",
            "ddos_protection_plan": [],
            "dns_servers": [],
            "edge_zone": "",
            "encryption": [],
            "flow_timeout_in_minutes": 0,
            "guid": "bcbdd705-e66f-4e8b-a87a-d01fe5b36273",
            "id": "/subscriptions/dcef7009-6b94-4382-afdc-17eb160d709a/resourceGroups/rg-vm-win11-swc-001/providers/Microsoft.Network/virtualNetworks/vnet-spoke-vm",
            "location": "swedencentral",
            "name": "vnet-spoke-vm",
            "private_endpoint_vnet_policies": "Disabled",
            "resource_group_name": "rg-vm-win11-swc-001",
            "subnet": [
              {
                "address_prefixes": [
                  "10.10.0.0/24"
                ],
                "default_outbound_access_enabled": true,
                "delegation": [],
                "id": "/subscriptions/dcef7009-6b94-4382-afdc-17eb160d709a/resourceGroups/rg-vm-win11-swc-001/providers/Microsoft.Network/virtualNetworks/vnet-spoke-vm/subnets/snet-vm",
                "name": "snet-vm",
                "private_endpoint_network_policies": "Disabled",
                "private_link_service_network_policies_enabled": true,
                "route_table_id": "",
                "security_group": "/subscriptions/dcef7009-6b94-4382-afdc-17eb160d709a/resourceGroups/rg-vm-win11-swc-001/providers/Microsoft.Network/networkSecurityGroups/nsg-vm",
                "service_endpoint_policy_ids": [],
                "service_endpoints": []
              },
              {
                "address_prefixes": [
                  "10.10.1.0/24"
                ],
                "default_outbound_access_enabled": true,
                "delegation": [],
                "id": "/subscriptions/dcef7009-6b94-4382-afdc-17eb160d709a/resourceGroups/rg-vm-win11-swc-001/providers/Microsoft.Network/virtualNetworks/vnet-spoke-vm/subnets/AzureBastionSubnet",
                "name": "AzureBastionSubnet",
                "private_endpoint_network_policies": "Disabled",
                "private_link_service_network_policies_enabled": true,
                "route_table_id": "",
                "security_group": "",
                "service_endpoint_policy_ids": [],
                "service_endpoints": []
              }
            ],
            "tags": {},
            "timeouts": null
          },
          "sensitive_attributes": [],
          "identity_schema_version": 0,
          "private": "eyJlMmJmYjczMC1lY2FhLTExZTYtOGY4OC0zNDM2M2JjN2M0YzAiOnsiY3JlYXRlIjoxODAwMDAwMDAwMDAwLCJkZWxldGUiOjE4MDAwMDAwMDAwMDAsInJlYWQiOjMwMDAwMDAwMDAwMCwidXBkYXRlIjoxODAwMDAwMDAwMDAwfX0=",
          "dependencies": [
            "azurerm_resource_group.rg"
          ]
        }
      ]
    },
    {
      "mode": "managed",
      "type": "azurerm_windows_virtual_machine",
      "name": "vm-windows",
      "provider": "provider[\"registry.terraform.io/hashicorp/azurerm\"]",
      "instances": [
        {
          "schema_version": 0,
          "attributes": {
            "additional_capabilities": [],
            "additional_unattend_content": [],
            "admin_password": "@Aa123456789",
            "admin_username": "azureuser",
            "allow_extension_operations": true,
            "availability_set_id": "",
            "boot_diagnostics": [
              {
                "storage_account_uri": ""
              }
            ],
            "bypass_platform_safety_checks_on_user_schedule_enabled": false,
            "capacity_reservation_group_id": "",
            "computer_name": "vm-win11",
            "custom_data": "IyBUaGUgc2NyaXB0IHdpbGwgYmUgZG93bmxvYWRlZCBpbnRvIHRoZSBWTTogQzpcUGFja2FnZXNcUGx1Z2luc1xNaWNyb3NvZnQuQ29tcHV0ZS5DdXN0b21TY3JpcHRFeHRlbnNpb25cMS4xMC4xNVxEb3dubG9hZHNcMA0KDQojIEluc3RhbGwgY2hvY29sYXRlbHkNClNldC1FeGVjdXRpb25Qb2xpY3kgQnlwYXNzIC1TY29wZSBQcm9jZXNzIC1Gb3JjZTsgW1N5c3RlbS5OZXQuU2VydmljZVBvaW50TWFuYWdlcl06OlNlY3VyaXR5UHJvdG9jb2wgPSBbU3lzdGVtLk5ldC5TZXJ2aWNlUG9pbnRNYW5hZ2VyXTo6U2VjdXJpdHlQcm90b2NvbCAtYm9yIDMwNzI7IGlleCAoKE5ldy1PYmplY3QgU3lzdGVtLk5ldC5XZWJDbGllbnQpLkRvd25sb2FkU3RyaW5nKCdodHRwczovL2Nob2NvbGF0ZXkub3JnL2luc3RhbGwucHMxJykpDQoNCiMgSW5zdGFsbCBUZXJtaW5hbCAoYWxyZWFkeSBpbnN0YWxsZWQgaW4gV2luZG93cyAxMSkNCiMgY2hvY28gaW5zdGFsbCBtaWNyb3NvZnQtd2luZG93cy10ZXJtaW5hbCAteQ0KDQojIyBTdGFydCBUZXJtaW5hbA0KDQojIEluc3RhbGwgQXp1cmUgQ0xJDQpjaG9jbyBpbnN0YWxsIGF6dXJlLWNsaSAteQ0KIyBJbnZva2UtV2ViUmVxdWVzdCAtVXJpIGh0dHBzOi8vYWthLm1zL2luc3RhbGxhenVyZWNsaXdpbmRvd3MgLU91dEZpbGUgLlxBenVyZUNMSS5tc2k7IFN0YXJ0LVByb2Nlc3MgbXNpZXhlYy5leGUgLVdhaXQgLUFyZ3VtZW50TGlzdCAnL0kgQXp1cmVDTEkubXNpIC9xdWlldCc7IHJtIC5cQXp1cmVDTEkubXNpDQoNCiMgSW5zdGFsbCBLdWJlcm5ldGVzIENMSQ0KY2hvY28gaW5zdGFsbCBrdWJlcm5ldGVzLWNsaSAteQ0KDQojIEluc3RhbGwga3ViZWxvZ2luDQpjaG9jbyBpbnN0YWxsIGF6dXJlLWt1YmVsb2dpbiAteQ0KDQojIEluc3RhbGwgSGVsbSBDTEkNCmNob2NvIGluc3RhbGwga3ViZXJuZXRlcy1oZWxtIC15DQoNCiMgSW5zdGFsbCBUZXJyYWZvcm0NCmNob2NvIGluc3RhbGwgdGVycmFmb3JtIC15DQoNCiMgSW5zdGFsbCBqcQ0KY2hvY28gaW5zdGFsbCBqcSAteQ0KDQojIEluc3RhbGwgeXENCmNob2NvIGluc3RhbGwgeXEgLXkNCg0KIyBJbnN0YWxsIFZTIENvZGUNCmNob2NvIGluc3RhbGwgdnNjb2RlIC15DQoNCiMgSW5zdGFsbCBFZGdlDQpjaG9jbyBpbnN0YWxsIG1pY3Jvc29mdC1lZGdlIC15DQoNCiMgSW5zdGFsbCBMZW5zDQpjaG9jbyBpbnN0YWxsIGxlbnMgLXkNCg0KIyBJbnN0YWxsIEdpdA0KY2hvY28gaW5zdGFsbCBnaXQgLXkNCg0KY2hvY28gaW5zdGFsbCBvcGVuc3NsIC15DQoNCiMgSW5zdGFsbCBBenVyZSBTdG9yYWdlIEV4cGxvcmVyDQpjaG9jbyBpbnN0YWxsIG1pY3Jvc29mdGF6dXJlc3RvcmFnZWV4cGxvcmVyIC15DQoNCiMgSW5zdGFsbCBBenVyZSBEYXRhIFN0dWRpbw0KY2hvY28gaW5zdGFsbCBhenVyZS1kYXRhLXN0dWRpbyAteQ0KDQojIEluc3RhbGwgY3VybA0KY2hvY28gaW5zdGFsbCBjdXJsIC15DQoNCiMgSW5zdGFsbCBweXRob24NCmNob2NvIGluc3RhbGwgcHl0aG9uIC15DQoNCiMgSW5zdGFsbCBmZm1wZWcNCmNob2NvIGluc3RhbGwgZmZtcGVnIC15DQoNCiMgaW5zdGFsbCBhdXRvLWVkaXRvcg0KcHkgLW0gcGlwIGluc3RhbGwgYXV0by1lZGl0b3INCg0KIyBpbnN0YWxsIFZMQw0KY2hvY28gaW5zdGFsbCB2bGMgLXkNCg0KIyBpbnN0YWxsIHdpbnJhcg0KY2hvY28gaW5zdGFsbCB3aW5yYXIgLXkNCg0KIyBpbnN0YWxsIG9wZW5zc2wNCmNob2NvIGluc3RhbGwgb3BlbnNzbCAteQ0KDQojIGluc3RhbGwgc3FsY21kDQpjaG9jbyBpbnN0YWxsIHNxbGNtZCAteQ0KDQpjaG9jbyBpbnN0YWxsIGxlbnMgLXkNCg0KY2hvY28gaW5zdGFsbCB3aXJlZ3VhcmQgLXkNCg0KY2hvY28gaW5zdGFsbCBoZWFkbGFtcCAteQ0KDQpjaG9jbyBpbnN0YWxsIGF6ZCAteQ0KDQpjaG9jbyBpbnN0YWxsIGF6dXJlLWZ1bmN0aW9ucy1jb3JlLXRvb2xzIC15DQoNCmNob2NvIGluc3RhbGwgYnJhdmUgLXkNCg0KY2hvY28gaW5zdGFsbCBzaG90Y3V0IC15DQoNCmNob2NvIGluc3RhbGwgZG90bmV0IC15DQoNCmNob2NvIGluc3RhbGwgZG90bmV0LXNkayAteQ0KDQpjaG9jbyBpbnN0YWxsIGRvdG5ldC04LjAtc2RrIC15DQoNClNldC1BbGlhcyAtTmFtZSBrIC1WYWx1ZSBrdWJlY3RsDQoNCiMgIyAoT3B0aW9uYWwpIEluc3RhbGwgRG9ja2VyIGZvciBEZXNrdG9wDQojIGNob2NvIGluc3RhbGwgZG9ja2VyLWRlc2t0b3AgLXkNCiMgY2hvY28gaW5zdGFsbCBkb2NrZXItY2xpIC15DQoNCiMgQ29uZmlndXJlIEF1dG8tQ29tcGxldGUNClNldC1FeGVjdXRpb25Qb2xpY3kgUmVtb3RlU2lnbmVkDQojIENyZWF0ZSBwcm9maWxlIHdoZW4gbm90IGV4aXN0DQppZiAoIShUZXN0LVBhdGggLVBhdGggJFBST0ZJTEUuQ3VycmVudFVzZXJBbGxIb3N0cykpIHsNCiAgTmV3LUl0ZW0gLUl0ZW1UeXBlIEZpbGUgLVBhdGggJFBST0ZJTEUuQ3VycmVudFVzZXJBbGxIb3N0cyAtRm9yY2UNCn0NCiMgT3BlbiB0aGUgcHJvZmlsZSB3aXRoIGFuIGVkaXRvciAoZS5nLiBnb29kIG9sZCBOb3RlcGFkKQ0KIyBpaSAkUFJPRklMRS5DdXJyZW50VXNlckFsbEhvc3RzDQojIEluIHRoZSBlZGl0b3IgYWRkIHRoZSBmb2xsb3dpbmcgbGluZXMgdG8gdGhlIHByb2ZpbGU6DQokcG93ZXJzaGVsbFByb2ZpbGU9QCINCiMgU2hvd3MgbmF2aWdhYmxlIG1lbnUgb2YgYWxsIG9wdGlvbnMgd2hlbiBoaXR0aW5nIFRhYg0KU2V0LVBTUmVhZGxpbmVLZXlIYW5kbGVyIC1LZXkgVGFiIC1GdW5jdGlvbiBNZW51Q29tcGxldGUNCg0KIyBBdXRvY29tcGxldGlvbiBmb3IgYXJyb3cga2V5cw0KU2V0LVBTUmVhZGxpbmVLZXlIYW5kbGVyIC1LZXkgVXBBcnJvdyAtRnVuY3Rpb24gSGlzdG9yeVNlYXJjaEJhY2t3YXJkDQpTZXQtUFNSZWFkbGluZUtleUhhbmRsZXIgLUtleSBEb3duQXJyb3cgLUZ1bmN0aW9uIEhpc3RvcnlTZWFyY2hGb3J3YXJkDQoNCkltcG9ydC1Nb2R1bGUgcG9zaC1naXQNCg0KSW1wb3J0LU1vZHVsZSBQU1JlYWRMaW5lDQpTZXQtUFNSZWFkTGluZU9wdGlvbiAtY29sb3JzIEB7IERlZmF1bHQgPSAiR3JlZW4ifQ0KU2V0LVBTUmVhZExpbmVPcHRpb24gLWNvbG9ycyBAeyBQYXJhbWV0ZXIgPSAiQmx1ZSJ9DQpTZXQtUFNSZWFkTGluZU9wdGlvbiAtY29sb3JzIEB7IENvbW1hbmQgPSAiTWFnZW50YSJ9DQoNCmZ1bmN0aW9uIHByb21wdCB7DQoiICQgIg0KfQ0KDQpJbXBvcnQtTW9kdWxlIFRlcm1pbmFsLUljb25zDQoNCkNsZWFyDQoNCnB3ZA0KDQoiQA0KDQokcG93ZXJzaGVsbFByb2ZpbGUgPiAkUFNIT01FXFByb2ZpbGUucHMxICMgJFBST0ZJTEUuQ3VycmVudFVzZXJBbGxIb3N0cw0KDQojICMgU2V0IHVwIGxhbmd1YWdlIHByZWZlcmVuY2UNCiMgJExhbmd1YWdlTGlzdCA9IEdldC1XaW5Vc2VyTGFuZ3VhZ2VMaXN0DQojICRMYW5ndWFnZUxpc3QuQWRkKCJmci1GUiIpDQojIFNldC1XaW5Vc2VyTGFuZ3VhZ2VMaXN0ICRMYW5ndWFnZUxpc3QNCg0KIyMgUmVzdGFydCBUZXJtaW5hbA0KDQojICMgSW5zdGFsbCBUZXJyYWZvcm0gZXh0ZW5zaW9uIGluIFZTIENvZGUNCmNvZGUgLS1pbnN0YWxsLWV4dGVuc2lvbiBoYXNoaWNvcnAudGVycmFmb3JtDQpjb2RlIC0taW5zdGFsbC1leHRlbnNpb24gbXMtYXp1cmV0b29scy52c2NvZGUtYXp1cmV0ZXJyYWZvcm0NCg0KY29kZSAtLWluc3RhbGwtZXh0ZW5zaW9uIFBvc3RtYW4ucG9zdG1hbi1mb3ItdnNjb2RlDQoNCmNvZGUgLS1pbnN0YWxsLWV4dGVuc2lvbiBnaXRodWIuY29waWxvdA0KDQpjb2RlIC0taW5zdGFsbC1leHRlbnNpb24gbXMta3ViZXJuZXRlcy10b29scy52c2NvZGUta3ViZXJuZXRlcy10b29scw0KY29kZSAtLWluc3RhbGwtZXh0ZW5zaW9uIG1zLWt1YmVybmV0ZXMtdG9vbHMudnNjb2RlLWFrcy10b29scw0KY29kZSAtLWluc3RhbGwtZXh0ZW5zaW9uIG1zLWF6dXJldG9vbHMudnNjb2RlLWF6dXJlY29udGFpbmVyYXBwcw0KY29kZSAtLWluc3RhbGwtZXh0ZW5zaW9uIG1zLWF6dXJldG9vbHMudnNjb2RlLWRvY2tlcg0KDQpjb2RlIC0taW5zdGFsbC1leHRlbnNpb24gbXMtdnNjb2RlLnZzY29kZS1ub2RlLWF6dXJlLXBhY2sNCmNvZGUgLS1pbnN0YWxsLWV4dGVuc2lvbiBtcy1henVyZXRvb2xzLnZzY29kZS1henVyZXJlc291cmNlZ3JvdXBzDQpjb2RlIC0taW5zdGFsbC1leHRlbnNpb24gbXMtYXp1cmV0b29scy52c2NvZGUtYXp1cmV2aXJ0dWFsbWFjaGluZXMNCmNvZGUgLS1pbnN0YWxsLWV4dGVuc2lvbiBtcy12c2NvZGUuYXp1cmVjbGkNCmNvZGUgLS1pbnN0YWxsLWV4dGVuc2lvbiBtcy1henVyZS1kZXZvcHMuYXp1cmUtcGlwZWxpbmVzDQoNCiMgY2QgLlxEZXNrdG9wXA0KIyBnaXQgY2xvbmUgaHR0cHM6Ly9naXRodWIuY29tL0hvdXNzZW1EZWxsYWkvYWtzLWVudGVycHJpc2UNCiMgY2QgYWtzLWVudGVycHJpc2UNCiMgY29kZSAuDQoNCiMgYXogbG9naW4gLS1pZGVudGl0eQ0KIyBheiBhY2NvdW50IHNldCAtLXN1YnNjcmlwdGlvbiAiTWljcm9zb2Z0LUF6dXJlLU5vblByb2QiDQojIGF6IGFrcyBsaXN0IC1vIHRhYmxlDQojIGF6IGFrcyBnZXQtY3JlZGVudGlhbHMgLWcgcmctbHpha3Mtc3Bva2Utd2V1LWFrcy1jbHVzdGVyIC1uIGFrcy1jbHVzdGVyDQoNCiMga3ViZWxvZ2luIGNvbnZlcnQta3ViZWNvbmZpZyAtbCBhenVyZWNsaQ0KDQojIGt1YmVjdGwgZ2V0IG5vZGVzDQojIGt1YmVjdGwgZ2V0IHBvZHMgLUENCiMga3ViZWN0bCBydW4gbmdpbnggLS1pbWFnZT1uZ2lueA0KIyBrdWJlY3RsIGV4ZWMgbmdpbnggLWl0IC0tIGxzDQojIGt1YmVjdGwgY3JlYXRlIGRlcGxveW1lbnQgbmdpbnggLS1pbWFnZT1uZ2lueCAtLXJlcGxpY2FzPTMNCg0KDQojICRBQ1JfTkFNRT0kKGF6IGFjciBsaXN0IC0tcXVlcnkgWzBdLm5hbWUgLW8gdHN2KQ0KIyAkQUNSX1RPS0VOPSQoYXogYWNyIGxvZ2luIC0tbmFtZSAkQUNSX05BTUUgLS1leHBvc2UtdG9rZW4gLS1vdXRwdXQgdHN2IC0tcXVlcnkgYWNjZXNzVG9rZW4pDQojIGRvY2tlciBsb2dpbiAkQUNSX05BTUUuYXp1cmVjci5pbyAtdSAkQUNSX05BTUUgLXAgJEFDUl9UT0tFTg0KDQojIGRvY2tlciBwdWxsICRBQ1JfTkFNRS5henVyZWNyLmlvL2hlbGxvLXdvcmxkOmxhdGVzdA0KDQojICMgSU1EUw0KIyBJbnZva2UtUmVzdE1ldGhvZCAtSGVhZGVycyBAeyJNZXRhZGF0YSI9InRydWUifSAtTWV0aG9kIEdFVCAtTm9Qcm94eSAtVXJpICJodHRwOi8vMTY5LjI1NC4xNjkuMjU0L21ldGFkYXRhL2luc3RhbmNlP2FwaS12ZXJzaW9uPTIwMjEtMDItMDEiIHwgQ29udmVydFRvLUpzb24gLURlcHRoIDY0DQoNCiMgSW5zdGFsbCBDYW10YXNpYQ0KDQpJbnZva2UtV2ViUmVxdWVzdCAtVXJpIGh0dHBzOi8vZG93bmxvYWQudGVjaHNtaXRoLmNvbS9jYW10YXNpYXN0dWRpby9yZWxlYXNlcy8yMjU0L2NhbXRhc2lhLm1zaSAtT3V0RmlsZSAuXGNhbXRhc2lhLm1zaTsgU3RhcnQtUHJvY2VzcyBtc2lleGVjLmV4ZSAtV2FpdCAtQXJndW1lbnRMaXN0ICcvSSBjYW10YXNpYS5tc2kgL3F1aWV0JzsNCiMgSW52b2tlLVdlYlJlcXVlc3QgLVVyaSBodHRwczovL25ldGNvbG9nbmUuZGwuc291cmNlZm9yZ2UubmV0L3Byb2plY3Qvc2hvdGN1dC92MjQuMDQuMjgvc2hvdGN1dC13aW42NC0yNDA0MjguZXhlIC1PdXRGaWxlIC5cc2hvdGN1dC13aW42NC0yNDA0MjguZXhlOyBTdGFydC1Qcm9jZXNzIG1zaWV4ZWMuZXhlIC1XYWl0IC1Bcmd1bWVudExpc3QgJy9JIGNhbXRhc2lhLm1zaSAvcXVpZXQnOw0KDQojIGluc3RhbGwgUG93ZXJzaGVsbCBDb3JlDQpjaG9jbyBpbnN0YWxsIHBvd2Vyc2hlbGwtY29yZSAteQ0KIyB3aW5nZXQgaW5zdGFsbCAtLWlkIE1pY3Jvc29mdC5Qb3dlcnNoZWxsIC0tc291cmNlIHdpbmdldA0KDQojICMgaW5zdGFsbCBQb3N0bWFuIENMSQ0KIyBwb3dlcnNoZWxsLmV4ZSAtTm9Qcm9maWxlIC1JbnB1dEZvcm1hdCBOb25lIC1FeGVjdXRpb25Qb2xpY3kgQWxsU2lnbmVkIC1Db21tYW5kICJbU3lzdGVtLk5ldC5TZXJ2aWNlUG9pbnRNYW5hZ2VyXTo6U2VjdXJpdHlQcm90b2NvbCA9IDMwNzI7IGlleCAoKE5ldy1PYmplY3QgU3lzdGVtLk5ldC5XZWJDbGllbnQpLkRvd25sb2FkU3RyaW5nKCdodHRwczovL2RsLWNsaS5wc3Rtbi5pby9pbnN0YWxsL3dpbjY0LnBzMScpKSINCg0KIyB3aW5nZXQgc2V0dGluZ3MgLS1lbmFibGUgSW5zdGFsbGVySGFzaE92ZXJyaWRlDQojIHdpbmdldCBpbnN0YWxsIC0taWQgTWljcm9zb2Z0LlBvd2VyQkkgLS1zb3VyY2Ugd2luZ2V0IC0taWdub3JlLXNlY3VyaXR5LWhhc2ggLS1hY2NlcHQtc291cmNlLWFncmVlbWVudHMNCiMgd2luZ2V0IGluc3RhbGwgTWljcm9zb2Z0LkRldlByb3h5IC0tc2lsZW50DQo=",
            "dedicated_host_group_id": "",
            "dedicated_host_id": "",
            "disk_controller_type": "SCSI",
            "edge_zone": "",
            "enable_automatic_updates": true,
            "encryption_at_host_enabled": false,
            "eviction_policy": "Deallocate",
            "extensions_time_budget": "PT1H30M",
            "gallery_application": [],
            "hotpatching_enabled": false,
            "id": "/subscriptions/dcef7009-6b94-4382-afdc-17eb160d709a/resourceGroups/rg-vm-win11-swc-001/providers/Microsoft.Compute/virtualMachines/vm-win11",
            "identity": [
              {
                "identity_ids": [
                  "/subscriptions/dcef7009-6b94-4382-afdc-17eb160d709a/resourceGroups/rg-vm-win11-swc-001/providers/Microsoft.ManagedIdentity/userAssignedIdentities/identity-vm"
                ],
                "principal_id": "b101eea7-f84c-417e-aed2-19896144acd6",
                "tenant_id": "93139d1e-a3c1-4d78-9ed5-878be090eba4",
                "type": "SystemAssigned, UserAssigned"
              }
            ],
            "license_type": "",
            "location": "swedencentral",
            "max_bid_price": -1,
            "name": "vm-win11",
            "network_interface_ids": [
              "/subscriptions/dcef7009-6b94-4382-afdc-17eb160d709a/resourceGroups/rg-vm-win11-swc-001/providers/Microsoft.Network/networkInterfaces/nic-vm-windows"
            ],
            "os_disk": [
              {
                "caching": "ReadWrite",
                "diff_disk_settings": [],
                "disk_encryption_set_id": "",
                "disk_size_gb": 127,
                "id": "/subscriptions/dcef7009-6b94-4382-afdc-17eb160d709a/resourceGroups/rg-vm-win11-swc-001/providers/Microsoft.Compute/disks/os-disk-vm-windows",
                "name": "os-disk-vm-windows",
                "secure_vm_disk_encryption_set_id": "",
                "security_encryption_type": "",
                "storage_account_type": "Standard_LRS",
                "write_accelerator_enabled": false
              }
            ],
            "os_image_notification": [],
            "patch_assessment_mode": "ImageDefault",
            "patch_mode": "AutomaticByOS",
            "plan": [],
            "platform_fault_domain": -1,
            "priority": "Spot",
            "private_ip_address": "10.10.0.4",
            "private_ip_addresses": [
              "10.10.0.4"
            ],
            "provision_vm_agent": true,
            "proximity_placement_group_id": "",
            "public_ip_address": "20.240.140.4",
            "public_ip_addresses": [
              "20.240.140.4"
            ],
            "reboot_setting": "",
            "resource_group_name": "rg-vm-win11-swc-001",
            "secret": [],
            "secure_boot_enabled": false,
            "size": "Standard_D4ads_v5",
            "source_image_id": "",
            "source_image_reference": [
              {
                "offer": "windows-11",
                "publisher": "MicrosoftWindowsDesktop",
                "sku": "win11-24h2-pro",
                "version": "latest"
              }
            ],
            "tags": {},
            "termination_notification": [],
            "timeouts": null,
            "timezone": "",
            "user_data": "",
            "virtual_machine_id": "d620b433-fff1-4ec3-b222-349dcaf267d3",
            "virtual_machine_scale_set_id": "",
            "vm_agent_platform_updates_enabled": true,
            "vtpm_enabled": false,
            "winrm_listener": [],
            "zone": ""
          },
          "sensitive_attributes": [
            [
              {
                "type": "get_attr",
                "value": "admin_password"
              }
            ],
            [
              {
                "type": "get_attr",
                "value": "custom_data"
              }
            ]
          ],
          "identity_schema_version": 0,
          "private": "eyJlMmJmYjczMC1lY2FhLTExZTYtOGY4OC0zNDM2M2JjN2M0YzAiOnsiY3JlYXRlIjoyNzAwMDAwMDAwMDAwLCJkZWxldGUiOjI3MDAwMDAwMDAwMDAsInJlYWQiOjMwMDAwMDAwMDAwMCwidXBkYXRlIjoyNzAwMDAwMDAwMDAwfX0=",
          "dependencies": [
            "azurerm_network_interface.nic-vm-windows",
            "azurerm_public_ip.pip-vm-windows",
            "azurerm_resource_group.rg",
            "azurerm_subnet.snet-vm",
            "azurerm_user_assigned_identity.identity",
            "azurerm_virtual_network.vnet-spoke-vm"
          ]
        }
      ]
    }
  ],
  "check_results": null
}
