{
  "version": 4,
  "terraform_version": "1.12.0",
  "serial": 21,
  "lineage": "07abfade-1bd4-bd80-190a-ea1e7edd65d6",
  "outputs": {},
  "resources": [
    {
      "mode": "data",
      "type": "azurerm_subscription",
      "name": "current",
      "provider": "provider[\"registry.terraform.io/hashicorp/azurerm\"]",
      "instances": [
        {
          "schema_version": 0,
          "attributes": {
            "display_name": "ME-MngEnvMCAP784683-hodellai-1",
            "id": "/subscriptions/dcef7009-6b94-4382-afdc-17eb160d709a",
            "location_placement_id": "Internal_2014-09-01",
            "quota_id": "Internal_2014-09-01",
            "spending_limit": "Off",
            "state": "Enabled",
            "subscription_id": "dcef7009-6b94-4382-afdc-17eb160d709a",
            "tags": {
              "Division": "Core",
              "Environment": "Hybrid",
              "Purpose": "UserTenant",
              "TimeZone": "_P29145_France_444350001"
            },
            "tenant_id": "93139d1e-a3c1-4d78-9ed5-878be090eba4",
            "timeouts": null
          },
          "sensitive_attributes": [],
          "identity_schema_version": 0
        }
      ]
    },
    {
      "mode": "managed",
      "type": "azurerm_bastion_host",
      "name": "bastion",
      "provider": "provider[\"registry.terraform.io/hashicorp/azurerm\"]",
      "instances": [
        {
          "schema_version": 0,
          "attributes": {
            "copy_paste_enabled": true,
            "dns_name": "bst-4a3f3514-1cf0-492e-87b0-68bd2c1d3a3a.bastion.azure.com",
            "file_copy_enabled": false,
            "id": "/subscriptions/dcef7009-6b94-4382-afdc-17eb160d709a/resourceGroups/rg-vm-win11-swc-001/providers/Microsoft.Network/bastionHosts/bastion",
            "ip_configuration": [
              {
                "name": "configuration",
                "public_ip_address_id": "/subscriptions/dcef7009-6b94-4382-afdc-17eb160d709a/resourceGroups/rg-vm-win11-swc-001/providers/Microsoft.Network/publicIPAddresses/pip-bastion",
                "subnet_id": "/subscriptions/dcef7009-6b94-4382-afdc-17eb160d709a/resourceGroups/rg-vm-win11-swc-001/providers/Microsoft.Network/virtualNetworks/vnet-spoke-vm/subnets/AzureBastionSubnet"
              }
            ],
            "ip_connect_enabled": false,
            "kerberos_enabled": false,
            "location": "swedencentral",
            "name": "bastion",
            "resource_group_name": "rg-vm-win11-swc-001",
            "scale_units": 2,
            "session_recording_enabled": false,
            "shareable_link_enabled": false,
            "sku": "Basic",
            "tags": {},
            "timeouts": null,
            "tunneling_enabled": false,
            "virtual_network_id": "",
            "zones": []
          },
          "sensitive_attributes": [],
          "identity_schema_version": 0,
          "private": "eyJlMmJmYjczMC1lY2FhLTExZTYtOGY4OC0zNDM2M2JjN2M0YzAiOnsiY3JlYXRlIjoxODAwMDAwMDAwMDAwLCJkZWxldGUiOjE4MDAwMDAwMDAwMDAsInJlYWQiOjMwMDAwMDAwMDAwMCwidXBkYXRlIjoxODAwMDAwMDAwMDAwfX0=",
          "dependencies": [
            "azurerm_public_ip.pip-bastion",
            "azurerm_resource_group.rg",
            "azurerm_subnet.snet-bastion",
            "azurerm_virtual_network.vnet-spoke-vm"
          ]
        }
      ]
    },
    {
      "mode": "managed",
      "type": "azurerm_network_interface",
      "name": "nic-vm-windows",
      "provider": "provider[\"registry.terraform.io/hashicorp/azurerm\"]",
      "instances": [
        {
          "schema_version": 0,
          "attributes": {
            "accelerated_networking_enabled": false,
            "applied_dns_servers": [],
            "auxiliary_mode": "",
            "auxiliary_sku": "",
            "dns_servers": null,
            "edge_zone": "",
            "id": "/subscriptions/dcef7009-6b94-4382-afdc-17eb160d709a/resourceGroups/rg-vm-win11-swc-001/providers/Microsoft.Network/networkInterfaces/nic-vm-windows",
            "internal_dns_name_label": "",
            "internal_domain_name_suffix": "axl11pdp20fu3kd00ap4lm1cod.gvxx.internal.cloudapp.net",
            "ip_configuration": [
              {
                "gateway_load_balancer_frontend_ip_configuration_id": "",
                "name": "internal",
                "primary": true,
                "private_ip_address": "10.10.0.4",
                "private_ip_address_allocation": "Dynamic",
                "private_ip_address_version": "IPv4",
                "public_ip_address_id": "/subscriptions/dcef7009-6b94-4382-afdc-17eb160d709a/resourceGroups/rg-vm-win11-swc-001/providers/Microsoft.Network/publicIPAddresses/pip-vm-windows",
                "subnet_id": "/subscriptions/dcef7009-6b94-4382-afdc-17eb160d709a/resourceGroups/rg-vm-win11-swc-001/providers/Microsoft.Network/virtualNetworks/vnet-spoke-vm/subnets/snet-vm"
              }
            ],
            "ip_forwarding_enabled": false,
            "location": "swedencentral",
            "mac_address": "",
            "name": "nic-vm-windows",
            "private_ip_address": "10.10.0.4",
            "private_ip_addresses": [
              "10.10.0.4"
            ],
            "resource_group_name": "rg-vm-win11-swc-001",
            "tags": null,
            "timeouts": null,
            "virtual_machine_id": ""
          },
          "sensitive_attributes": [],
          "identity_schema_version": 0,
          "private": "eyJlMmJmYjczMC1lY2FhLTExZTYtOGY4OC0zNDM2M2JjN2M0YzAiOnsiY3JlYXRlIjoxODAwMDAwMDAwMDAwLCJkZWxldGUiOjE4MDAwMDAwMDAwMDAsInJlYWQiOjMwMDAwMDAwMDAwMCwidXBkYXRlIjoxODAwMDAwMDAwMDAwfX0=",
          "dependencies": [
            "azurerm_public_ip.pip-vm-windows",
            "azurerm_resource_group.rg",
            "azurerm_subnet.snet-vm",
            "azurerm_virtual_network.vnet-spoke-vm"
          ]
        }
      ]
    },
    {
      "mode": "managed",
      "type": "azurerm_network_security_group",
      "name": "nsg-vm",
      "provider": "provider[\"registry.terraform.io/hashicorp/azurerm\"]",
      "instances": [
        {
          "schema_version": 0,
          "attributes": {
            "id": "/subscriptions/dcef7009-6b94-4382-afdc-17eb160d709a/resourceGroups/rg-vm-win11-swc-001/providers/Microsoft.Network/networkSecurityGroups/nsg-vm",
            "location": "swedencentral",
            "name": "nsg-vm",
            "resource_group_name": "rg-vm-win11-swc-001",
            "security_rule": [
              {
                "access": "Allow",
                "description": "",
                "destination_address_prefix": "",
                "destination_address_prefixes": [
                  "0.0.0.0/0"
                ],
                "destination_application_security_group_ids": [],
                "destination_port_range": "3389",
                "destination_port_ranges": [],
                "direction": "Inbound",
                "name": "allow-rdp",
                "priority": 1000,
                "protocol": "Tcp",
                "source_address_prefix": "176.177.25.47",
                "source_address_prefixes": [],
                "source_application_security_group_ids": [],
                "source_port_range": "*",
                "source_port_ranges": []
              }
            ],
            "tags": {},
            "timeouts": null
          },
          "sensitive_attributes": [],
          "identity_schema_version": 0,
          "private": "eyJlMmJmYjczMC1lY2FhLTExZTYtOGY4OC0zNDM2M2JjN2M0YzAiOnsiY3JlYXRlIjoxODAwMDAwMDAwMDAwLCJkZWxldGUiOjE4MDAwMDAwMDAwMDAsInJlYWQiOjMwMDAwMDAwMDAwMCwidXBkYXRlIjoxODAwMDAwMDAwMDAwfX0=",
          "dependencies": [
            "azurerm_resource_group.rg"
          ]
        }
      ]
    },
    {
      "mode": "managed",
      "type": "azurerm_network_security_rule",
      "name": "allow-rdp",
      "provider": "provider[\"registry.terraform.io/hashicorp/azurerm\"]",
      "instances": [
        {
          "schema_version": 0,
          "attributes": {
            "access": "Allow",
            "description": "",
            "destination_address_prefix": "",
            "destination_address_prefixes": [
              "0.0.0.0/0"
            ],
            "destination_application_security_group_ids": [],
            "destination_port_range": "3389",
            "destination_port_ranges": [],
            "direction": "Inbound",
            "id": "/subscriptions/dcef7009-6b94-4382-afdc-17eb160d709a/resourceGroups/rg-vm-win11-swc-001/providers/Microsoft.Network/networkSecurityGroups/nsg-vm/securityRules/allow-rdp",
            "name": "allow-rdp",
            "network_security_group_name": "nsg-vm",
            "priority": 1000,
            "protocol": "Tcp",
            "resource_group_name": "rg-vm-win11-swc-001",
            "source_address_prefix": "176.177.25.47",
            "source_address_prefixes": [],
            "source_application_security_group_ids": [],
            "source_port_range": "*",
            "source_port_ranges": [],
            "timeouts": null
          },
          "sensitive_attributes": [],
          "identity_schema_version": 0,
          "private": "eyJlMmJmYjczMC1lY2FhLTExZTYtOGY4OC0zNDM2M2JjN2M0YzAiOnsiY3JlYXRlIjoxODAwMDAwMDAwMDAwLCJkZWxldGUiOjE4MDAwMDAwMDAwMDAsInJlYWQiOjMwMDAwMDAwMDAwMCwidXBkYXRlIjoxODAwMDAwMDAwMDAwfX0=",
          "dependencies": [
            "azurerm_network_security_group.nsg-vm",
            "azurerm_resource_group.rg"
          ]
        }
      ]
    },
    {
      "mode": "managed",
      "type": "azurerm_public_ip",
      "name": "pip-bastion",
      "provider": "provider[\"registry.terraform.io/hashicorp/azurerm\"]",
      "instances": [
        {
          "schema_version": 0,
          "attributes": {
            "allocation_method": "Static",
            "ddos_protection_mode": "VirtualNetworkInherited",
            "ddos_protection_plan_id": null,
            "domain_name_label": null,
            "domain_name_label_scope": null,
            "edge_zone": "",
            "fqdn": null,
            "id": "/subscriptions/dcef7009-6b94-4382-afdc-17eb160d709a/resourceGroups/rg-vm-win11-swc-001/providers/Microsoft.Network/publicIPAddresses/pip-bastion",
            "idle_timeout_in_minutes": 4,
            "ip_address": "20.91.248.120",
            "ip_tags": {},
            "ip_version": "IPv4",
            "location": "swedencentral",
            "name": "pip-bastion",
            "public_ip_prefix_id": null,
            "resource_group_name": "rg-vm-win11-swc-001",
            "reverse_fqdn": null,
            "sku": "Standard",
            "sku_tier": "Regional",
            "tags": {},
            "timeouts": null,
            "zones": []
          },
          "sensitive_attributes": [],
          "identity_schema_version": 0,
          "private": "eyJlMmJmYjczMC1lY2FhLTExZTYtOGY4OC0zNDM2M2JjN2M0YzAiOnsiY3JlYXRlIjoxODAwMDAwMDAwMDAwLCJkZWxldGUiOjE4MDAwMDAwMDAwMDAsInJlYWQiOjMwMDAwMDAwMDAwMCwidXBkYXRlIjoxODAwMDAwMDAwMDAwfX0=",
          "dependencies": [
            "azurerm_resource_group.rg"
          ]
        }
      ]
    },
    {
      "mode": "managed",
      "type": "azurerm_public_ip",
      "name": "pip-vm-windows",
      "provider": "provider[\"registry.terraform.io/hashicorp/azurerm\"]",
      "instances": [
        {
          "schema_version": 0,
          "attributes": {
            "allocation_method": "Static",
            "ddos_protection_mode": "VirtualNetworkInherited",
            "ddos_protection_plan_id": null,
            "domain_name_label": null,
            "domain_name_label_scope": null,
            "edge_zone": "",
            "fqdn": null,
            "id": "/subscriptions/dcef7009-6b94-4382-afdc-17eb160d709a/resourceGroups/rg-vm-win11-swc-001/providers/Microsoft.Network/publicIPAddresses/pip-vm-windows",
            "idle_timeout_in_minutes": 4,
            "ip_address": "20.240.140.4",
            "ip_tags": null,
            "ip_version": "IPv4",
            "location": "swedencentral",
            "name": "pip-vm-windows",
            "public_ip_prefix_id": null,
            "resource_group_name": "rg-vm-win11-swc-001",
            "reverse_fqdn": null,
            "sku": "Standard",
            "sku_tier": "Regional",
            "tags": null,
            "timeouts": null,
            "zones": null
          },
          "sensitive_attributes": [],
          "identity_schema_version": 0,
          "private": "eyJlMmJmYjczMC1lY2FhLTExZTYtOGY4OC0zNDM2M2JjN2M0YzAiOnsiY3JlYXRlIjoxODAwMDAwMDAwMDAwLCJkZWxldGUiOjE4MDAwMDAwMDAwMDAsInJlYWQiOjMwMDAwMDAwMDAwMCwidXBkYXRlIjoxODAwMDAwMDAwMDAwfX0=",
          "dependencies": [
            "azurerm_resource_group.rg"
          ]
        }
      ]
    },
    {
      "mode": "managed",
      "type": "azurerm_resource_group",
      "name": "rg",
      "provider": "provider[\"registry.terraform.io/hashicorp/azurerm\"]",
      "instances": [
        {
          "schema_version": 0,
          "attributes": {
            "id": "/subscriptions/dcef7009-6b94-4382-afdc-17eb160d709a/resourceGroups/rg-vm-win11-swc-001",
            "location": "swedencentral",
            "managed_by": "",
            "name": "rg-vm-win11-swc-001",
            "tags": {},
            "timeouts": null
          },
          "sensitive_attributes": [],
          "identity_schema_version": 0,
          "private": "eyJlMmJmYjczMC1lY2FhLTExZTYtOGY4OC0zNDM2M2JjN2M0YzAiOnsiY3JlYXRlIjo1NDAwMDAwMDAwMDAwLCJkZWxldGUiOjU0MDAwMDAwMDAwMDAsInJlYWQiOjMwMDAwMDAwMDAwMCwidXBkYXRlIjo1NDAwMDAwMDAwMDAwfX0="
        }
      ]
    },
    {
      "mode": "managed",
      "type": "azurerm_role_assignment",
      "name": "owner",
      "provider": "provider[\"registry.terraform.io/hashicorp/azurerm\"]",
      "instances": [
        {
          "schema_version": 0,
          "attributes": {
            "condition": "",
            "condition_version": "",
            "delegated_managed_identity_resource_id": "",
            "description": "",
            "id": "/subscriptions/dcef7009-6b94-4382-afdc-17eb160d709a/providers/Microsoft.Authorization/roleAssignments/c5e47d54-f68d-2823-b801-0c0a08ed9f88",
            "name": "c5e47d54-f68d-2823-b801-0c0a08ed9f88",
            "principal_id": "ed788443-3396-4dbd-803e-4057d2d4c0ef",
            "principal_type": "ServicePrincipal",
            "role_definition_id": "/subscriptions/dcef7009-6b94-4382-afdc-17eb160d709a/providers/Microsoft.Authorization/roleDefinitions/8e3af657-a8ff-443c-a75c-2fe8c4bcb635",
            "role_definition_name": "Owner",
            "scope": "/subscriptions/dcef7009-6b94-4382-afdc-17eb160d709a",
            "skip_service_principal_aad_check": null,
            "timeouts": null
          },
          "sensitive_attributes": [],
          "identity_schema_version": 0,
          "private": "eyJlMmJmYjczMC1lY2FhLTExZTYtOGY4OC0zNDM2M2JjN2M0YzAiOnsiY3JlYXRlIjoxODAwMDAwMDAwMDAwLCJkZWxldGUiOjE4MDAwMDAwMDAwMDAsInJlYWQiOjMwMDAwMDAwMDAwMH19",
          "dependencies": [
            "azurerm_resource_group.rg",
            "azurerm_user_assigned_identity.identity",
            "data.azurerm_subscription.current"
          ]
        }
      ]
    },
    {
      "mode": "managed",
      "type": "azurerm_subnet",
      "name": "snet-bastion",
      "provider": "provider[\"registry.terraform.io/hashicorp/azurerm\"]",
      "instances": [
        {
          "schema_version": 0,
          "attributes": {
            "address_prefixes": [
              "10.10.1.0/24"
            ],
            "default_outbound_access_enabled": true,
            "delegation": [],
            "id": "/subscriptions/dcef7009-6b94-4382-afdc-17eb160d709a/resourceGroups/rg-vm-win11-swc-001/providers/Microsoft.Network/virtualNetworks/vnet-spoke-vm/subnets/AzureBastionSubnet",
            "name": "AzureBastionSubnet",
            "private_endpoint_network_policies": "Disabled",
            "private_link_service_network_policies_enabled": true,
            "resource_group_name": "rg-vm-win11-swc-001",
            "service_endpoint_policy_ids": [],
            "service_endpoints": [],
            "timeouts": null,
            "virtual_network_name": "vnet-spoke-vm"
          },
          "sensitive_attributes": [],
          "identity_schema_version": 0,
          "private": "eyJlMmJmYjczMC1lY2FhLTExZTYtOGY4OC0zNDM2M2JjN2M0YzAiOnsiY3JlYXRlIjoxODAwMDAwMDAwMDAwLCJkZWxldGUiOjE4MDAwMDAwMDAwMDAsInJlYWQiOjMwMDAwMDAwMDAwMCwidXBkYXRlIjoxODAwMDAwMDAwMDAwfX0=",
          "dependencies": [
            "azurerm_resource_group.rg",
            "azurerm_virtual_network.vnet-spoke-vm"
          ]
        }
      ]
    },
    {
      "mode": "managed",
      "type": "azurerm_subnet",
      "name": "snet-vm",
      "provider": "provider[\"registry.terraform.io/hashicorp/azurerm\"]",
      "instances": [
        {
          "schema_version": 0,
          "attributes": {
            "address_prefixes": [
              "10.10.0.0/24"
            ],
            "default_outbound_access_enabled": true,
            "delegation": [],
            "id": "/subscriptions/dcef7009-6b94-4382-afdc-17eb160d709a/resourceGroups/rg-vm-win11-swc-001/providers/Microsoft.Network/virtualNetworks/vnet-spoke-vm/subnets/snet-vm",
            "name": "snet-vm",
            "private_endpoint_network_policies": "Disabled",
            "private_link_service_network_policies_enabled": true,
            "resource_group_name": "rg-vm-win11-swc-001",
            "service_endpoint_policy_ids": [],
            "service_endpoints": [],
            "timeouts": null,
            "virtual_network_name": "vnet-spoke-vm"
          },
          "sensitive_attributes": [],
          "identity_schema_version": 0,
          "private": "eyJlMmJmYjczMC1lY2FhLTExZTYtOGY4OC0zNDM2M2JjN2M0YzAiOnsiY3JlYXRlIjoxODAwMDAwMDAwMDAwLCJkZWxldGUiOjE4MDAwMDAwMDAwMDAsInJlYWQiOjMwMDAwMDAwMDAwMCwidXBkYXRlIjoxODAwMDAwMDAwMDAwfX0=",
          "dependencies": [
            "azurerm_resource_group.rg",
            "azurerm_virtual_network.vnet-spoke-vm"
          ]
        }
      ]
    },
    {
      "mode": "managed",
      "type": "azurerm_subnet_network_security_group_association",
      "name": "nsg-association",
      "provider": "provider[\"registry.terraform.io/hashicorp/azurerm\"]",
      "instances": [
        {
          "schema_version": 0,
          "attributes": {
            "id": "/subscriptions/dcef7009-6b94-4382-afdc-17eb160d709a/resourceGroups/rg-vm-win11-swc-001/providers/Microsoft.Network/virtualNetworks/vnet-spoke-vm/subnets/snet-vm",
            "network_security_group_id": "/subscriptions/dcef7009-6b94-4382-afdc-17eb160d709a/resourceGroups/rg-vm-win11-swc-001/providers/Microsoft.Network/networkSecurityGroups/nsg-vm",
            "subnet_id": "/subscriptions/dcef7009-6b94-4382-afdc-17eb160d709a/resourceGroups/rg-vm-win11-swc-001/providers/Microsoft.Network/virtualNetworks/vnet-spoke-vm/subnets/snet-vm",
            "timeouts": null
          },
          "sensitive_attributes": [],
          "identity_schema_version": 0,
          "private": "eyJlMmJmYjczMC1lY2FhLTExZTYtOGY4OC0zNDM2M2JjN2M0YzAiOnsiY3JlYXRlIjoxODAwMDAwMDAwMDAwLCJkZWxldGUiOjE4MDAwMDAwMDAwMDAsInJlYWQiOjMwMDAwMDAwMDAwMH19",
          "dependencies": [
            "azurerm_network_security_group.nsg-vm",
            "azurerm_resource_group.rg",
            "azurerm_subnet.snet-vm",
            "azurerm_virtual_network.vnet-spoke-vm"
          ]
        }
      ]
    },
    {
      "mode": "managed",
      "type": "azurerm_user_assigned_identity",
      "name": "identity",
      "provider": "provider[\"registry.terraform.io/hashicorp/azurerm\"]",
      "instances": [
        {
          "schema_version": 1,
          "attributes": {
            "client_id": "ecc1b09a-2207-42d7-a825-6aa18b59f64f",
            "id": "/subscriptions/dcef7009-6b94-4382-afdc-17eb160d709a/resourceGroups/rg-vm-win11-swc-001/providers/Microsoft.ManagedIdentity/userAssignedIdentities/identity-vm",
            "location": "swedencentral",
            "name": "identity-vm",
            "principal_id": "ed788443-3396-4dbd-803e-4057d2d4c0ef",
            "resource_group_name": "rg-vm-win11-swc-001",
            "tags": {},
            "tenant_id": "93139d1e-a3c1-4d78-9ed5-878be090eba4",
            "timeouts": null
          },
          "sensitive_attributes": [],
          "identity_schema_version": 0,
          "private": "eyJlMmJmYjczMC1lY2FhLTExZTYtOGY4OC0zNDM2M2JjN2M0YzAiOnsiY3JlYXRlIjoxODAwMDAwMDAwMDAwLCJkZWxldGUiOjE4MDAwMDAwMDAwMDAsInJlYWQiOjMwMDAwMDAwMDAwMCwidXBkYXRlIjoxODAwMDAwMDAwMDAwfSwic2NoZW1hX3ZlcnNpb24iOiIxIn0=",
          "dependencies": [
            "azurerm_resource_group.rg"
          ]
        }
      ]
    },
    {
      "mode": "managed",
      "type": "azurerm_virtual_machine_extension",
      "name": "cse",
      "provider": "provider[\"registry.terraform.io/hashicorp/azurerm\"]",
      "instances": [
        {
          "schema_version": 0,
          "attributes": {
            "auto_upgrade_minor_version": false,
            "automatic_upgrade_enabled": false,
            "failure_suppression_enabled": false,
            "id": "/subscriptions/dcef7009-6b94-4382-afdc-17eb160d709a/resourceGroups/rg-vm-win11-swc-001/providers/Microsoft.Compute/virtualMachines/vm-win11/extensions/cse",
            "name": "cse",
            "protected_settings": null,
            "protected_settings_from_key_vault": [],
            "provision_after_extensions": null,
            "publisher": "Microsoft.Compute",
            "settings": "{\"commandToExecute\":\"powershell -ExecutionPolicy unrestricted -NoProfile -NonInteractive -command \\\"cp c:/azuredata/customdata.bin c:/azuredata/install.ps1; c:/azuredata/install.ps1\\\"\"}",
            "tags": null,
            "timeouts": null,
            "type": "CustomScriptExtension",
            "type_handler_version": "1.10",
            "virtual_machine_id": "/subscriptions/dcef7009-6b94-4382-afdc-17eb160d709a/resourceGroups/rg-vm-win11-swc-001/providers/Microsoft.Compute/virtualMachines/vm-win11"
          },
          "sensitive_attributes": [
            [
              {
                "type": "get_attr",
                "value": "protected_settings"
              }
            ]
          ],
          "identity_schema_version": 0,
          "private": "eyJlMmJmYjczMC1lY2FhLTExZTYtOGY4OC0zNDM2M2JjN2M0YzAiOnsiY3JlYXRlIjoxODAwMDAwMDAwMDAwLCJkZWxldGUiOjE4MDAwMDAwMDAwMDAsInJlYWQiOjMwMDAwMDAwMDAwMCwidXBkYXRlIjoxODAwMDAwMDAwMDAwfX0=",
          "dependencies": [
            "azurerm_network_interface.nic-vm-windows",
            "azurerm_public_ip.pip-vm-windows",
            "azurerm_resource_group.rg",
            "azurerm_subnet.snet-vm",
            "azurerm_user_assigned_identity.identity",
            "azurerm_virtual_network.vnet-spoke-vm",
            "azurerm_windows_virtual_machine.vm-windows"
          ]
        }
      ]
    },
    {
      "mode": "managed",
      "type": "azurerm_virtual_network",
      "name": "vnet-spoke-vm",
      "provider": "provider[\"registry.terraform.io/hashicorp/azurerm\"]",
      "instances": [
        {
          "schema_version": 0,
          "attributes": {
            "address_space": [
              "10.10.0.0/16"
            ],
            "bgp_community": "",
            "ddos_protection_plan": [],
            "dns_servers": [],
            "edge_zone": "",
            "encryption": [],
            "flow_timeout_in_minutes": 0,
            "guid": "bcbdd705-e66f-4e8b-a87a-d01fe5b36273",
            "id": "/subscriptions/dcef7009-6b94-4382-afdc-17eb160d709a/resourceGroups/rg-vm-win11-swc-001/providers/Microsoft.Network/virtualNetworks/vnet-spoke-vm",
            "location": "swedencentral",
            "name": "vnet-spoke-vm",
            "private_endpoint_vnet_policies": "Disabled",
            "resource_group_name": "rg-vm-win11-swc-001",
            "subnet": [
              {
                "address_prefixes": [
                  "10.10.0.0/24"
                ],
                "default_outbound_access_enabled": true,
                "delegation": [],
                "id": "/subscriptions/dcef7009-6b94-4382-afdc-17eb160d709a/resourceGroups/rg-vm-win11-swc-001/providers/Microsoft.Network/virtualNetworks/vnet-spoke-vm/subnets/snet-vm",
                "name": "snet-vm",
                "private_endpoint_network_policies": "Disabled",
                "private_link_service_network_policies_enabled": true,
                "route_table_id": "",
                "security_group": "/subscriptions/dcef7009-6b94-4382-afdc-17eb160d709a/resourceGroups/rg-vm-win11-swc-001/providers/Microsoft.Network/networkSecurityGroups/nsg-vm",
                "service_endpoint_policy_ids": [],
                "service_endpoints": []
              },
              {
                "address_prefixes": [
                  "10.10.1.0/24"
                ],
                "default_outbound_access_enabled": true,
                "delegation": [],
                "id": "/subscriptions/dcef7009-6b94-4382-afdc-17eb160d709a/resourceGroups/rg-vm-win11-swc-001/providers/Microsoft.Network/virtualNetworks/vnet-spoke-vm/subnets/AzureBastionSubnet",
                "name": "AzureBastionSubnet",
                "private_endpoint_network_policies": "Disabled",
                "private_link_service_network_policies_enabled": true,
                "route_table_id": "",
                "security_group": "",
                "service_endpoint_policy_ids": [],
                "service_endpoints": []
              }
            ],
            "tags": {},
            "timeouts": null
          },
          "sensitive_attributes": [],
          "identity_schema_version": 0,
          "private": "eyJlMmJmYjczMC1lY2FhLTExZTYtOGY4OC0zNDM2M2JjN2M0YzAiOnsiY3JlYXRlIjoxODAwMDAwMDAwMDAwLCJkZWxldGUiOjE4MDAwMDAwMDAwMDAsInJlYWQiOjMwMDAwMDAwMDAwMCwidXBkYXRlIjoxODAwMDAwMDAwMDAwfX0=",
          "dependencies": [
            "azurerm_resource_group.rg"
          ]
        }
      ]
    },
    {
      "mode": "managed",
      "type": "azurerm_windows_virtual_machine",
      "name": "vm-windows",
      "provider": "provider[\"registry.terraform.io/hashicorp/azurerm\"]",
      "instances": [
        {
          "schema_version": 0,
          "attributes": {
            "additional_capabilities": [],
            "additional_unattend_content": [],
            "admin_password": "@Aa123456789",
            "admin_username": "azureuser",
            "allow_extension_operations": true,
            "availability_set_id": "",
            "boot_diagnostics": [
              {
                "storage_account_uri": ""
              }
            ],
            "bypass_platform_safety_checks_on_user_schedule_enabled": false,
            "capacity_reservation_group_id": "",
            "computer_name": "vm-win11",
            "custom_data": "IyBUaGUgc2NyaXB0IHdpbGwgYmUgZG93bmxvYWRlZCBpbnRvIHRoZSBWTTogQzpcUGFja2FnZXNcUGx1Z2luc1xNaWNyb3NvZnQuQ29tcHV0ZS5DdXN0b21TY3JpcHRFeHRlbnNpb25cMS4xMC4xNVxEb3dubG9hZHNcMA0KDQojIEluc3RhbGwgY2hvY29sYXRlbHkNCiMgU2V0LUV4ZWN1dGlvblBvbGljeSBCeXBhc3MgLVNjb3BlIFByb2Nlc3MgLUZvcmNlOyBbU3lzdGVtLk5ldC5TZXJ2aWNlUG9pbnRNYW5hZ2VyXTo6U2VjdXJpdHlQcm90b2NvbCA9IFtTeXN0ZW0uTmV0LlNlcnZpY2VQb2ludE1hbmFnZXJdOjpTZWN1cml0eVByb3RvY29sIC1ib3IgMzA3MjsgaWV4ICgoTmV3LU9iamVjdCBTeXN0ZW0uTmV0LldlYkNsaWVudCkuRG93bmxvYWRTdHJpbmcoJ2h0dHBzOi8vY2hvY29sYXRleS5vcmcvaW5zdGFsbC5wczEnKSkNCg0KIyBJbnN0YWxsIEF6dXJlIENMSQ0Kd2luZ2V0IGluc3RhbGwgLWUgLS1pZCBNaWNyb3NvZnQuQXp1cmVDTEkgLS1hY2NlcHQtcGFja2FnZS1hZ3JlZW1lbnRzIC0tYWNjZXB0LXNvdXJjZS1hZ3JlZW1lbnRzIC0tc2lsZW50IC0tZm9yY2UNCg0KIyBJbnN0YWxsIEt1YmVybmV0ZXMgdG9vbHMNCg0Kd2luZ2V0IGluc3RhbGwgLWUgLS1pZCBLdWJlcm5ldGVzLmt1YmVjdGwgLS1hY2NlcHQtcGFja2FnZS1hZ3JlZW1lbnRzIC0tYWNjZXB0LXNvdXJjZS1hZ3JlZW1lbnRzIC0tc2lsZW50IC0tZm9yY2UNCg0Kd2luZ2V0IGluc3RhbGwgLWUgLS1pZCBNaWNyb3NvZnQuQXp1cmUuS3ViZWxvZ2luIC0tYWNjZXB0LXBhY2thZ2UtYWdyZWVtZW50cyAtLWFjY2VwdC1zb3VyY2UtYWdyZWVtZW50cyAtLXNpbGVudCAtLWZvcmNlDQoNCndpbmdldCBpbnN0YWxsIC1lIC0taWQgSGVsbS5IZWxtIC0tYWNjZXB0LXBhY2thZ2UtYWdyZWVtZW50cyAtLWFjY2VwdC1zb3VyY2UtYWdyZWVtZW50cyAtLXNpbGVudCAtLWZvcmNlDQoNCndpbmdldCBpbnN0YWxsIC1lIC0taWQgTWljcm9zb2Z0LlZpc3VhbFN0dWRpb0NvZGUgLS1hY2NlcHQtcGFja2FnZS1hZ3JlZW1lbnRzIC0tYWNjZXB0LXNvdXJjZS1hZ3JlZW1lbnRzDQoNCndpbmdldCBpbnN0YWxsIC1lIC0taWQgR2l0LkdpdCAtLWFjY2VwdC1wYWNrYWdlLWFncmVlbWVudHMgLS1hY2NlcHQtc291cmNlLWFncmVlbWVudHMNCg0Kd2luZ2V0IGluc3RhbGwgLWUgLS1pZCBjVVJMLmNVUkwgLS1hY2NlcHQtcGFja2FnZS1hZ3JlZW1lbnRzIC0tYWNjZXB0LXNvdXJjZS1hZ3JlZW1lbnRzDQoNCndpbmdldCBpbnN0YWxsIC1lIC0taWQgUHl0aG9uLlB5dGhvbi4zLjEzIC0tYWNjZXB0LXBhY2thZ2UtYWdyZWVtZW50cyAtLWFjY2VwdC1zb3VyY2UtYWdyZWVtZW50cw0KDQp3aW5nZXQgaW5zdGFsbCAtZSAtLWlkIFB5dGhvbi5QeXRob24uMy4xMiAtLWFjY2VwdC1wYWNrYWdlLWFncmVlbWVudHMgLS1hY2NlcHQtc291cmNlLWFncmVlbWVudHMNCg0Kd2luZ2V0IGluc3RhbGwgLWUgLS1pZCBNaWNyb3NvZnQuRG90TmV0LlNESy45IC0tYWNjZXB0LXBhY2thZ2UtYWdyZWVtZW50cyAtLWFjY2VwdC1zb3VyY2UtYWdyZWVtZW50cw0KDQp3aW5nZXQgaW5zdGFsbCAtZSAtLWlkIE1pY3Jvc29mdC5Eb3ROZXQuU0RLLjggLS1hY2NlcHQtcGFja2FnZS1hZ3JlZW1lbnRzIC0tYWNjZXB0LXNvdXJjZS1hZ3JlZW1lbnRzDQoNCndpbmdldCBpbnN0YWxsIC1lIC0taWQgTWljcm9zb2Z0LkRvdE5ldC5EZXNrdG9wUnVudGltZS45IC0tYWNjZXB0LXBhY2thZ2UtYWdyZWVtZW50cyAtLWFjY2VwdC1zb3VyY2UtYWdyZWVtZW50cw0KDQp3aW5nZXQgaW5zdGFsbCAtZSAtLWlkIE1pY3Jvc29mdC5Eb3ROZXQuQXNwTmV0Q29yZS45IC0tYWNjZXB0LXBhY2thZ2UtYWdyZWVtZW50cyAtLWFjY2VwdC1zb3VyY2UtYWdyZWVtZW50cw0KDQp3aW5nZXQgaW5zdGFsbCAtZSAtLWlkIE1pY3Jvc29mdC5BemQgLS1hY2NlcHQtcGFja2FnZS1hZ3JlZW1lbnRzIC0tYWNjZXB0LXNvdXJjZS1hZ3JlZW1lbnRzDQoNCndpbmdldCBpbnN0YWxsIC1lIC0taWQgTWljcm9zb2Z0LkJpY2VwIC0tYWNjZXB0LXBhY2thZ2UtYWdyZWVtZW50cyAtLWFjY2VwdC1zb3VyY2UtYWdyZWVtZW50cw0KDQp3aW5nZXQgaW5zdGFsbCAtZSAtLWlkIE1pY3Jvc29mdC5BenVyZS5BenRmRXhwb3J0IC0tYWNjZXB0LXBhY2thZ2UtYWdyZWVtZW50cyAtLWFjY2VwdC1zb3VyY2UtYWdyZWVtZW50cw0KDQp3aW5nZXQgaW5zdGFsbCAtZSAtLWlkIE1pY3Jvc29mdC5BenVyZS5GdW5jdGlvbnNDb3JlVG9vbHMgLS1hY2NlcHQtcGFja2FnZS1hZ3JlZW1lbnRzIC0tYWNjZXB0LXNvdXJjZS1hZ3JlZW1lbnRzDQoNCndpbmdldCBpbnN0YWxsIC1lIC0taWQgQnJhdmUuQnJhdmUgLS1hY2NlcHQtcGFja2FnZS1hZ3JlZW1lbnRzIC0tYWNjZXB0LXNvdXJjZS1hZ3JlZW1lbnRzDQoNCnBpcCBpbnN0YWxsIGF1dG8tZWRpdG9yDQoNClNldC1BbGlhcyAtTmFtZSBrIC1WYWx1ZSBrdWJlY3RsDQoNCiMgQ29uZmlndXJlIEF1dG8tQ29tcGxldGUNClNldC1FeGVjdXRpb25Qb2xpY3kgUmVtb3RlU2lnbmVkDQojIENyZWF0ZSBwcm9maWxlIHdoZW4gbm90IGV4aXN0DQppZiAoIShUZXN0LVBhdGggLVBhdGggJFBST0ZJTEUuQ3VycmVudFVzZXJBbGxIb3N0cykpIHsNCiAgTmV3LUl0ZW0gLUl0ZW1UeXBlIEZpbGUgLVBhdGggJFBST0ZJTEUuQ3VycmVudFVzZXJBbGxIb3N0cyAtRm9yY2UNCn0NCiMgT3BlbiB0aGUgcHJvZmlsZSB3aXRoIGFuIGVkaXRvciAoZS5nLiBnb29kIG9sZCBOb3RlcGFkKQ0KIyBpaSAkUFJPRklMRS5DdXJyZW50VXNlckFsbEhvc3RzDQojIEluIHRoZSBlZGl0b3IgYWRkIHRoZSBmb2xsb3dpbmcgbGluZXMgdG8gdGhlIHByb2ZpbGU6DQokcG93ZXJzaGVsbFByb2ZpbGU9QCINCiMgU2hvd3MgbmF2aWdhYmxlIG1lbnUgb2YgYWxsIG9wdGlvbnMgd2hlbiBoaXR0aW5nIFRhYg0KU2V0LVBTUmVhZGxpbmVLZXlIYW5kbGVyIC1LZXkgVGFiIC1GdW5jdGlvbiBNZW51Q29tcGxldGUNCg0KIyBBdXRvY29tcGxldGlvbiBmb3IgYXJyb3cga2V5cw0KU2V0LVBTUmVhZGxpbmVLZXlIYW5kbGVyIC1LZXkgVXBBcnJvdyAtRnVuY3Rpb24gSGlzdG9yeVNlYXJjaEJhY2t3YXJkDQpTZXQtUFNSZWFkbGluZUtleUhhbmRsZXIgLUtleSBEb3duQXJyb3cgLUZ1bmN0aW9uIEhpc3RvcnlTZWFyY2hGb3J3YXJkDQoNCkltcG9ydC1Nb2R1bGUgcG9zaC1naXQNCg0KSW1wb3J0LU1vZHVsZSBQU1JlYWRMaW5lDQpTZXQtUFNSZWFkTGluZU9wdGlvbiAtY29sb3JzIEB7IERlZmF1bHQgPSAiR3JlZW4ifQ0KU2V0LVBTUmVhZExpbmVPcHRpb24gLWNvbG9ycyBAeyBQYXJhbWV0ZXIgPSAiQmx1ZSJ9DQpTZXQtUFNSZWFkTGluZU9wdGlvbiAtY29sb3JzIEB7IENvbW1hbmQgPSAiTWFnZW50YSJ9DQoNCmZ1bmN0aW9uIHByb21wdCB7DQoiICQgIg0KfQ0KDQpDbGVhcg0KDQpwd2QNCg0KIkANCg0KJHBvd2Vyc2hlbGxQcm9maWxlID4gJFBTSE9NRVxQcm9maWxlLnBzMSAjICRQUk9GSUxFLkN1cnJlbnRVc2VyQWxsSG9zdHMNCg0KIyBzYXZlIGNvbW1hbmRzIGhpc3RvcnkNCiMgQ29weS1JdGVtIC1QYXRoIC5cQ29uc29sZUhvc3RfaGlzdG9yeS50eHQgLURlc3RpbmF0aW9uIChHZXQtUFNSZWFkbGluZU9wdGlvbikuSGlzdG9yeVNhdmVQYXRoIC1Gb3JjZQ==",
            "dedicated_host_group_id": "",
            "dedicated_host_id": "",
            "disk_controller_type": "SCSI",
            "edge_zone": "",
            "enable_automatic_updates": true,
            "encryption_at_host_enabled": false,
            "eviction_policy": "Deallocate",
            "extensions_time_budget": "PT1H30M",
            "gallery_application": [],
            "hotpatching_enabled": false,
            "id": "/subscriptions/dcef7009-6b94-4382-afdc-17eb160d709a/resourceGroups/rg-vm-win11-swc-001/providers/Microsoft.Compute/virtualMachines/vm-win11",
            "identity": [
              {
                "identity_ids": [
                  "/subscriptions/dcef7009-6b94-4382-afdc-17eb160d709a/resourceGroups/rg-vm-win11-swc-001/providers/Microsoft.ManagedIdentity/userAssignedIdentities/identity-vm"
                ],
                "principal_id": "0f49b848-42d1-451f-b551-743d7efcef76",
                "tenant_id": "93139d1e-a3c1-4d78-9ed5-878be090eba4",
                "type": "SystemAssigned, UserAssigned"
              }
            ],
            "license_type": "",
            "location": "swedencentral",
            "max_bid_price": -1,
            "name": "vm-win11",
            "network_interface_ids": [
              "/subscriptions/dcef7009-6b94-4382-afdc-17eb160d709a/resourceGroups/rg-vm-win11-swc-001/providers/Microsoft.Network/networkInterfaces/nic-vm-windows"
            ],
            "os_disk": [
              {
                "caching": "ReadWrite",
                "diff_disk_settings": [],
                "disk_encryption_set_id": "",
                "disk_size_gb": 127,
                "id": "/subscriptions/dcef7009-6b94-4382-afdc-17eb160d709a/resourceGroups/rg-vm-win11-swc-001/providers/Microsoft.Compute/disks/os-disk-vm-windows",
                "name": "os-disk-vm-windows",
                "secure_vm_disk_encryption_set_id": "",
                "security_encryption_type": "",
                "storage_account_type": "Standard_LRS",
                "write_accelerator_enabled": false
              }
            ],
            "os_image_notification": [],
            "patch_assessment_mode": "ImageDefault",
            "patch_mode": "AutomaticByOS",
            "plan": [],
            "platform_fault_domain": -1,
            "priority": "Spot",
            "private_ip_address": "10.10.0.4",
            "private_ip_addresses": [
              "10.10.0.4"
            ],
            "provision_vm_agent": true,
            "proximity_placement_group_id": "",
            "public_ip_address": "20.240.140.4",
            "public_ip_addresses": [
              "20.240.140.4"
            ],
            "reboot_setting": "",
            "resource_group_name": "rg-vm-win11-swc-001",
            "secret": [],
            "secure_boot_enabled": false,
            "size": "Standard_D4ads_v5",
            "source_image_id": "",
            "source_image_reference": [
              {
                "offer": "windows-11",
                "publisher": "MicrosoftWindowsDesktop",
                "sku": "win11-24h2-pro",
                "version": "latest"
              }
            ],
            "tags": null,
            "termination_notification": null,
            "timeouts": null,
            "timezone": "",
            "user_data": "",
            "virtual_machine_id": "730f8173-d165-406f-be46-4041185d84bc",
            "virtual_machine_scale_set_id": "",
            "vm_agent_platform_updates_enabled": true,
            "vtpm_enabled": false,
            "winrm_listener": [],
            "zone": ""
          },
          "sensitive_attributes": [
            [
              {
                "type": "get_attr",
                "value": "admin_password"
              }
            ],
            [
              {
                "type": "get_attr",
                "value": "custom_data"
              }
            ]
          ],
          "identity_schema_version": 0,
          "private": "eyJlMmJmYjczMC1lY2FhLTExZTYtOGY4OC0zNDM2M2JjN2M0YzAiOnsiY3JlYXRlIjoyNzAwMDAwMDAwMDAwLCJkZWxldGUiOjI3MDAwMDAwMDAwMDAsInJlYWQiOjMwMDAwMDAwMDAwMCwidXBkYXRlIjoyNzAwMDAwMDAwMDAwfX0=",
          "dependencies": [
            "azurerm_network_interface.nic-vm-windows",
            "azurerm_public_ip.pip-vm-windows",
            "azurerm_resource_group.rg",
            "azurerm_subnet.snet-vm",
            "azurerm_user_assigned_identity.identity",
            "azurerm_virtual_network.vnet-spoke-vm"
          ]
        }
      ]
    }
  ],
  "check_results": null
}
