{
  "version": 4,
  "terraform_version": "1.12.2",
  "serial": 39,
  "lineage": "24d4ef36-9e97-1be7-65cf-b26beef8552e",
  "outputs": {
    "vm_windows_private_ip": {
      "value": "10.10.0.4",
      "type": "string"
    },
    "vm_windows_public_ip": {
      "value": "135.225.76.190",
      "type": "string"
    }
  },
  "resources": [
    {
      "mode": "data",
      "type": "azurerm_subscription",
      "name": "current",
      "provider": "provider[\"registry.terraform.io/hashicorp/azurerm\"]",
      "instances": [
        {
          "schema_version": 0,
          "attributes": {
            "display_name": "ME-MngEnvMCAP784683-hodellai-1",
            "id": "/subscriptions/dcef7009-6b94-4382-afdc-17eb160d709a",
            "location_placement_id": "Internal_2014-09-01",
            "quota_id": "Internal_2014-09-01",
            "spending_limit": "Off",
            "state": "Enabled",
            "subscription_id": "dcef7009-6b94-4382-afdc-17eb160d709a",
            "tags": {
              "Division": "Core",
              "Environment": "Hybrid",
              "Purpose": "UserTenant",
              "TimeZone": "_P29145_France_444350001"
            },
            "tenant_id": "93139d1e-a3c1-4d78-9ed5-878be090eba4",
            "timeouts": null
          },
          "sensitive_attributes": [],
          "identity_schema_version": 0
        }
      ]
    },
    {
      "mode": "managed",
      "type": "azurerm_network_interface",
      "name": "nic-vm-windows",
      "provider": "provider[\"registry.terraform.io/hashicorp/azurerm\"]",
      "instances": [
        {
          "schema_version": 0,
          "attributes": {
            "accelerated_networking_enabled": false,
            "applied_dns_servers": [],
            "auxiliary_mode": "",
            "auxiliary_sku": "",
            "dns_servers": [],
            "edge_zone": "",
            "id": "/subscriptions/dcef7009-6b94-4382-afdc-17eb160d709a/resourceGroups/rg-vm-win11-swc/providers/Microsoft.Network/networkInterfaces/nic-vm-windows",
            "internal_dns_name_label": "",
            "internal_domain_name_suffix": "cexfob1lgosefno1bnz3a25hga.gvxx.internal.cloudapp.net",
            "ip_configuration": [
              {
                "gateway_load_balancer_frontend_ip_configuration_id": "",
                "name": "internal",
                "primary": true,
                "private_ip_address": "10.10.0.4",
                "private_ip_address_allocation": "Dynamic",
                "private_ip_address_version": "IPv4",
                "public_ip_address_id": "/subscriptions/dcef7009-6b94-4382-afdc-17eb160d709a/resourceGroups/rg-vm-win11-swc/providers/Microsoft.Network/publicIPAddresses/pip-vm-windows",
                "subnet_id": "/subscriptions/dcef7009-6b94-4382-afdc-17eb160d709a/resourceGroups/rg-vm-win11-swc/providers/Microsoft.Network/virtualNetworks/vnet-spoke-vm/subnets/snet-vm"
              }
            ],
            "ip_forwarding_enabled": false,
            "location": "swedencentral",
            "mac_address": "",
            "name": "nic-vm-windows",
            "private_ip_address": "10.10.0.4",
            "private_ip_addresses": [
              "10.10.0.4"
            ],
            "resource_group_name": "rg-vm-win11-swc",
            "tags": {},
            "timeouts": null,
            "virtual_machine_id": ""
          },
          "sensitive_attributes": [],
          "identity_schema_version": 0,
          "private": "eyJlMmJmYjczMC1lY2FhLTExZTYtOGY4OC0zNDM2M2JjN2M0YzAiOnsiY3JlYXRlIjoxODAwMDAwMDAwMDAwLCJkZWxldGUiOjE4MDAwMDAwMDAwMDAsInJlYWQiOjMwMDAwMDAwMDAwMCwidXBkYXRlIjoxODAwMDAwMDAwMDAwfX0=",
          "dependencies": [
            "azurerm_public_ip.pip-vm-windows",
            "azurerm_resource_group.rg",
            "azurerm_subnet.snet-vm",
            "azurerm_virtual_network.vnet-spoke-vm"
          ]
        }
      ]
    },
    {
      "mode": "managed",
      "type": "azurerm_network_security_group",
      "name": "nsg-vm",
      "provider": "provider[\"registry.terraform.io/hashicorp/azurerm\"]",
      "instances": [
        {
          "schema_version": 0,
          "attributes": {
            "id": "/subscriptions/dcef7009-6b94-4382-afdc-17eb160d709a/resourceGroups/rg-vm-win11-swc/providers/Microsoft.Network/networkSecurityGroups/nsg-vm",
            "location": "swedencentral",
            "name": "nsg-vm",
            "resource_group_name": "rg-vm-win11-swc",
            "security_rule": [
              {
                "access": "Allow",
                "description": "",
                "destination_address_prefix": "",
                "destination_address_prefixes": [
                  "0.0.0.0/0"
                ],
                "destination_application_security_group_ids": [],
                "destination_port_range": "3389",
                "destination_port_ranges": [],
                "direction": "Inbound",
                "name": "allow-rdp",
                "priority": 1000,
                "protocol": "Tcp",
                "source_address_prefix": "176.177.25.47",
                "source_address_prefixes": [],
                "source_application_security_group_ids": [],
                "source_port_range": "*",
                "source_port_ranges": []
              }
            ],
            "tags": {},
            "timeouts": null
          },
          "sensitive_attributes": [],
          "identity_schema_version": 0,
          "private": "eyJlMmJmYjczMC1lY2FhLTExZTYtOGY4OC0zNDM2M2JjN2M0YzAiOnsiY3JlYXRlIjoxODAwMDAwMDAwMDAwLCJkZWxldGUiOjE4MDAwMDAwMDAwMDAsInJlYWQiOjMwMDAwMDAwMDAwMCwidXBkYXRlIjoxODAwMDAwMDAwMDAwfX0=",
          "dependencies": [
            "azurerm_resource_group.rg"
          ]
        }
      ]
    },
    {
      "mode": "managed",
      "type": "azurerm_network_security_rule",
      "name": "allow-rdp",
      "provider": "provider[\"registry.terraform.io/hashicorp/azurerm\"]",
      "instances": [
        {
          "schema_version": 0,
          "attributes": {
            "access": "Allow",
            "description": "",
            "destination_address_prefix": "",
            "destination_address_prefixes": [
              "0.0.0.0/0"
            ],
            "destination_application_security_group_ids": [],
            "destination_port_range": "3389",
            "destination_port_ranges": [],
            "direction": "Inbound",
            "id": "/subscriptions/dcef7009-6b94-4382-afdc-17eb160d709a/resourceGroups/rg-vm-win11-swc/providers/Microsoft.Network/networkSecurityGroups/nsg-vm/securityRules/allow-rdp",
            "name": "allow-rdp",
            "network_security_group_name": "nsg-vm",
            "priority": 1000,
            "protocol": "Tcp",
            "resource_group_name": "rg-vm-win11-swc",
            "source_address_prefix": "176.177.25.47",
            "source_address_prefixes": [],
            "source_application_security_group_ids": [],
            "source_port_range": "*",
            "source_port_ranges": [],
            "timeouts": null
          },
          "sensitive_attributes": [],
          "identity_schema_version": 0,
          "private": "eyJlMmJmYjczMC1lY2FhLTExZTYtOGY4OC0zNDM2M2JjN2M0YzAiOnsiY3JlYXRlIjoxODAwMDAwMDAwMDAwLCJkZWxldGUiOjE4MDAwMDAwMDAwMDAsInJlYWQiOjMwMDAwMDAwMDAwMCwidXBkYXRlIjoxODAwMDAwMDAwMDAwfX0=",
          "dependencies": [
            "azurerm_network_security_group.nsg-vm",
            "azurerm_resource_group.rg"
          ]
        }
      ]
    },
    {
      "mode": "managed",
      "type": "azurerm_public_ip",
      "name": "pip-vm-windows",
      "provider": "provider[\"registry.terraform.io/hashicorp/azurerm\"]",
      "instances": [
        {
          "schema_version": 0,
          "attributes": {
            "allocation_method": "Static",
            "ddos_protection_mode": "VirtualNetworkInherited",
            "ddos_protection_plan_id": null,
            "domain_name_label": null,
            "domain_name_label_scope": null,
            "edge_zone": "",
            "fqdn": null,
            "id": "/subscriptions/dcef7009-6b94-4382-afdc-17eb160d709a/resourceGroups/rg-vm-win11-swc/providers/Microsoft.Network/publicIPAddresses/pip-vm-windows",
            "idle_timeout_in_minutes": 4,
            "ip_address": "135.225.76.190",
            "ip_tags": {},
            "ip_version": "IPv4",
            "location": "swedencentral",
            "name": "pip-vm-windows",
            "public_ip_prefix_id": null,
            "resource_group_name": "rg-vm-win11-swc",
            "reverse_fqdn": null,
            "sku": "Standard",
            "sku_tier": "Regional",
            "tags": {},
            "timeouts": null,
            "zones": []
          },
          "sensitive_attributes": [],
          "identity_schema_version": 0,
          "private": "eyJlMmJmYjczMC1lY2FhLTExZTYtOGY4OC0zNDM2M2JjN2M0YzAiOnsiY3JlYXRlIjoxODAwMDAwMDAwMDAwLCJkZWxldGUiOjE4MDAwMDAwMDAwMDAsInJlYWQiOjMwMDAwMDAwMDAwMCwidXBkYXRlIjoxODAwMDAwMDAwMDAwfX0=",
          "dependencies": [
            "azurerm_resource_group.rg"
          ]
        }
      ]
    },
    {
      "mode": "managed",
      "type": "azurerm_resource_group",
      "name": "rg",
      "provider": "provider[\"registry.terraform.io/hashicorp/azurerm\"]",
      "instances": [
        {
          "schema_version": 0,
          "attributes": {
            "id": "/subscriptions/dcef7009-6b94-4382-afdc-17eb160d709a/resourceGroups/rg-vm-win11-swc",
            "location": "swedencentral",
            "managed_by": "",
            "name": "rg-vm-win11-swc",
            "tags": {},
            "timeouts": null
          },
          "sensitive_attributes": [],
          "identity_schema_version": 0,
          "private": "eyJlMmJmYjczMC1lY2FhLTExZTYtOGY4OC0zNDM2M2JjN2M0YzAiOnsiY3JlYXRlIjo1NDAwMDAwMDAwMDAwLCJkZWxldGUiOjU0MDAwMDAwMDAwMDAsInJlYWQiOjMwMDAwMDAwMDAwMCwidXBkYXRlIjo1NDAwMDAwMDAwMDAwfX0="
        }
      ]
    },
    {
      "mode": "managed",
      "type": "azurerm_role_assignment",
      "name": "owner",
      "provider": "provider[\"registry.terraform.io/hashicorp/azurerm\"]",
      "instances": [
        {
          "schema_version": 0,
          "attributes": {
            "condition": "",
            "condition_version": "",
            "delegated_managed_identity_resource_id": "",
            "description": "",
            "id": "/subscriptions/dcef7009-6b94-4382-afdc-17eb160d709a/providers/Microsoft.Authorization/roleAssignments/2836d795-895f-1a4a-7b18-080c7ea6528b",
            "name": "2836d795-895f-1a4a-7b18-080c7ea6528b",
            "principal_id": "0fe82869-f0d2-4851-9788-77ef22506626",
            "principal_type": "ServicePrincipal",
            "role_definition_id": "/subscriptions/dcef7009-6b94-4382-afdc-17eb160d709a/providers/Microsoft.Authorization/roleDefinitions/8e3af657-a8ff-443c-a75c-2fe8c4bcb635",
            "role_definition_name": "Owner",
            "scope": "/subscriptions/dcef7009-6b94-4382-afdc-17eb160d709a",
            "skip_service_principal_aad_check": null,
            "timeouts": null
          },
          "sensitive_attributes": [],
          "identity_schema_version": 0,
          "private": "eyJlMmJmYjczMC1lY2FhLTExZTYtOGY4OC0zNDM2M2JjN2M0YzAiOnsiY3JlYXRlIjoxODAwMDAwMDAwMDAwLCJkZWxldGUiOjE4MDAwMDAwMDAwMDAsInJlYWQiOjMwMDAwMDAwMDAwMH19",
          "dependencies": [
            "azurerm_network_interface.nic-vm-windows",
            "azurerm_public_ip.pip-vm-windows",
            "azurerm_resource_group.rg",
            "azurerm_subnet.snet-vm",
            "azurerm_virtual_network.vnet-spoke-vm",
            "azurerm_windows_virtual_machine.vm-windows",
            "data.azurerm_subscription.current"
          ]
        }
      ]
    },
    {
      "mode": "managed",
      "type": "azurerm_subnet",
      "name": "snet-bastion",
      "provider": "provider[\"registry.terraform.io/hashicorp/azurerm\"]",
      "instances": [
        {
          "schema_version": 0,
          "attributes": {
            "address_prefixes": [
              "10.10.1.0/24"
            ],
            "default_outbound_access_enabled": true,
            "delegation": [],
            "id": "/subscriptions/dcef7009-6b94-4382-afdc-17eb160d709a/resourceGroups/rg-vm-win11-swc/providers/Microsoft.Network/virtualNetworks/vnet-spoke-vm/subnets/AzureBastionSubnet",
            "name": "AzureBastionSubnet",
            "private_endpoint_network_policies": "Disabled",
            "private_link_service_network_policies_enabled": true,
            "resource_group_name": "rg-vm-win11-swc",
            "service_endpoint_policy_ids": [],
            "service_endpoints": [],
            "timeouts": null,
            "virtual_network_name": "vnet-spoke-vm"
          },
          "sensitive_attributes": [],
          "identity_schema_version": 0,
          "private": "eyJlMmJmYjczMC1lY2FhLTExZTYtOGY4OC0zNDM2M2JjN2M0YzAiOnsiY3JlYXRlIjoxODAwMDAwMDAwMDAwLCJkZWxldGUiOjE4MDAwMDAwMDAwMDAsInJlYWQiOjMwMDAwMDAwMDAwMCwidXBkYXRlIjoxODAwMDAwMDAwMDAwfX0=",
          "dependencies": [
            "azurerm_resource_group.rg",
            "azurerm_virtual_network.vnet-spoke-vm"
          ]
        }
      ]
    },
    {
      "mode": "managed",
      "type": "azurerm_subnet",
      "name": "snet-vm",
      "provider": "provider[\"registry.terraform.io/hashicorp/azurerm\"]",
      "instances": [
        {
          "schema_version": 0,
          "attributes": {
            "address_prefixes": [
              "10.10.0.0/24"
            ],
            "default_outbound_access_enabled": true,
            "delegation": [],
            "id": "/subscriptions/dcef7009-6b94-4382-afdc-17eb160d709a/resourceGroups/rg-vm-win11-swc/providers/Microsoft.Network/virtualNetworks/vnet-spoke-vm/subnets/snet-vm",
            "name": "snet-vm",
            "private_endpoint_network_policies": "Disabled",
            "private_link_service_network_policies_enabled": true,
            "resource_group_name": "rg-vm-win11-swc",
            "service_endpoint_policy_ids": [],
            "service_endpoints": [],
            "timeouts": null,
            "virtual_network_name": "vnet-spoke-vm"
          },
          "sensitive_attributes": [],
          "identity_schema_version": 0,
          "private": "eyJlMmJmYjczMC1lY2FhLTExZTYtOGY4OC0zNDM2M2JjN2M0YzAiOnsiY3JlYXRlIjoxODAwMDAwMDAwMDAwLCJkZWxldGUiOjE4MDAwMDAwMDAwMDAsInJlYWQiOjMwMDAwMDAwMDAwMCwidXBkYXRlIjoxODAwMDAwMDAwMDAwfX0=",
          "dependencies": [
            "azurerm_resource_group.rg",
            "azurerm_virtual_network.vnet-spoke-vm"
          ]
        }
      ]
    },
    {
      "mode": "managed",
      "type": "azurerm_subnet_network_security_group_association",
      "name": "nsg-association",
      "provider": "provider[\"registry.terraform.io/hashicorp/azurerm\"]",
      "instances": [
        {
          "schema_version": 0,
          "attributes": {
            "id": "/subscriptions/dcef7009-6b94-4382-afdc-17eb160d709a/resourceGroups/rg-vm-win11-swc/providers/Microsoft.Network/virtualNetworks/vnet-spoke-vm/subnets/snet-vm",
            "network_security_group_id": "/subscriptions/dcef7009-6b94-4382-afdc-17eb160d709a/resourceGroups/rg-vm-win11-swc/providers/Microsoft.Network/networkSecurityGroups/nsg-vm",
            "subnet_id": "/subscriptions/dcef7009-6b94-4382-afdc-17eb160d709a/resourceGroups/rg-vm-win11-swc/providers/Microsoft.Network/virtualNetworks/vnet-spoke-vm/subnets/snet-vm",
            "timeouts": null
          },
          "sensitive_attributes": [],
          "identity_schema_version": 0,
          "private": "eyJlMmJmYjczMC1lY2FhLTExZTYtOGY4OC0zNDM2M2JjN2M0YzAiOnsiY3JlYXRlIjoxODAwMDAwMDAwMDAwLCJkZWxldGUiOjE4MDAwMDAwMDAwMDAsInJlYWQiOjMwMDAwMDAwMDAwMH19",
          "dependencies": [
            "azurerm_network_security_group.nsg-vm",
            "azurerm_resource_group.rg",
            "azurerm_subnet.snet-vm",
            "azurerm_virtual_network.vnet-spoke-vm"
          ]
        }
      ]
    },
    {
      "mode": "managed",
      "type": "azurerm_virtual_machine_extension",
      "name": "cse",
      "provider": "provider[\"registry.terraform.io/hashicorp/azurerm\"]",
      "instances": [
        {
          "schema_version": 0,
          "attributes": {
            "auto_upgrade_minor_version": false,
            "automatic_upgrade_enabled": false,
            "failure_suppression_enabled": false,
            "id": "/subscriptions/dcef7009-6b94-4382-afdc-17eb160d709a/resourceGroups/rg-vm-win11-swc/providers/Microsoft.Compute/virtualMachines/vm-win11/extensions/cse",
            "name": "cse",
            "protected_settings": null,
            "protected_settings_from_key_vault": [],
            "provision_after_extensions": null,
            "publisher": "Microsoft.Compute",
            "settings": "{\"commandToExecute\":\"powershell -ExecutionPolicy unrestricted -NoProfile -NonInteractive -command \\\"cp c:/azuredata/customdata.bin c:/azuredata/install.ps1; c:/azuredata/install.ps1 \\u003e c:/azuredata/install.ps1.log\\\"\"}",
            "tags": null,
            "timeouts": {
              "create": "60m",
              "delete": "30m",
              "read": "5m",
              "update": "30m"
            },
            "type": "CustomScriptExtension",
            "type_handler_version": "1.10",
            "virtual_machine_id": "/subscriptions/dcef7009-6b94-4382-afdc-17eb160d709a/resourceGroups/rg-vm-win11-swc/providers/Microsoft.Compute/virtualMachines/vm-win11"
          },
          "sensitive_attributes": [
            [
              {
                "type": "get_attr",
                "value": "protected_settings"
              }
            ]
          ],
          "identity_schema_version": 0,
          "private": "eyJlMmJmYjczMC1lY2FhLTExZTYtOGY4OC0zNDM2M2JjN2M0YzAiOnsiY3JlYXRlIjozNjAwMDAwMDAwMDAwLCJkZWxldGUiOjE4MDAwMDAwMDAwMDAsInJlYWQiOjMwMDAwMDAwMDAwMCwidXBkYXRlIjoxODAwMDAwMDAwMDAwfX0=",
          "dependencies": [
            "azurerm_network_interface.nic-vm-windows",
            "azurerm_public_ip.pip-vm-windows",
            "azurerm_resource_group.rg",
            "azurerm_subnet.snet-vm",
            "azurerm_virtual_network.vnet-spoke-vm",
            "azurerm_windows_virtual_machine.vm-windows"
          ]
        }
      ]
    },
    {
      "mode": "managed",
      "type": "azurerm_virtual_network",
      "name": "vnet-spoke-vm",
      "provider": "provider[\"registry.terraform.io/hashicorp/azurerm\"]",
      "instances": [
        {
          "schema_version": 0,
          "attributes": {
            "address_space": [
              "10.10.0.0/16"
            ],
            "bgp_community": "",
            "ddos_protection_plan": [],
            "dns_servers": [],
            "edge_zone": "",
            "encryption": [],
            "flow_timeout_in_minutes": 0,
            "guid": "07572e11-336b-42a4-b5db-0b73d073e730",
            "id": "/subscriptions/dcef7009-6b94-4382-afdc-17eb160d709a/resourceGroups/rg-vm-win11-swc/providers/Microsoft.Network/virtualNetworks/vnet-spoke-vm",
            "ip_address_pool": [],
            "location": "swedencentral",
            "name": "vnet-spoke-vm",
            "private_endpoint_vnet_policies": "Disabled",
            "resource_group_name": "rg-vm-win11-swc",
            "subnet": [
              {
                "address_prefixes": [
                  "10.10.0.0/24"
                ],
                "default_outbound_access_enabled": true,
                "delegation": [],
                "id": "/subscriptions/dcef7009-6b94-4382-afdc-17eb160d709a/resourceGroups/rg-vm-win11-swc/providers/Microsoft.Network/virtualNetworks/vnet-spoke-vm/subnets/snet-vm",
                "name": "snet-vm",
                "private_endpoint_network_policies": "Disabled",
                "private_link_service_network_policies_enabled": true,
                "route_table_id": "",
                "security_group": "/subscriptions/dcef7009-6b94-4382-afdc-17eb160d709a/resourceGroups/rg-vm-win11-swc/providers/Microsoft.Network/networkSecurityGroups/nsg-vm",
                "service_endpoint_policy_ids": [],
                "service_endpoints": []
              },
              {
                "address_prefixes": [
                  "10.10.1.0/24"
                ],
                "default_outbound_access_enabled": true,
                "delegation": [],
                "id": "/subscriptions/dcef7009-6b94-4382-afdc-17eb160d709a/resourceGroups/rg-vm-win11-swc/providers/Microsoft.Network/virtualNetworks/vnet-spoke-vm/subnets/AzureBastionSubnet",
                "name": "AzureBastionSubnet",
                "private_endpoint_network_policies": "Disabled",
                "private_link_service_network_policies_enabled": true,
                "route_table_id": "",
                "security_group": "",
                "service_endpoint_policy_ids": [],
                "service_endpoints": []
              }
            ],
            "tags": {},
            "timeouts": null
          },
          "sensitive_attributes": [],
          "identity_schema_version": 0,
          "private": "eyJlMmJmYjczMC1lY2FhLTExZTYtOGY4OC0zNDM2M2JjN2M0YzAiOnsiY3JlYXRlIjoxODAwMDAwMDAwMDAwLCJkZWxldGUiOjE4MDAwMDAwMDAwMDAsInJlYWQiOjMwMDAwMDAwMDAwMCwidXBkYXRlIjoxODAwMDAwMDAwMDAwfX0=",
          "dependencies": [
            "azurerm_resource_group.rg"
          ]
        }
      ]
    },
    {
      "mode": "managed",
      "type": "azurerm_windows_virtual_machine",
      "name": "vm-windows",
      "provider": "provider[\"registry.terraform.io/hashicorp/azurerm\"]",
      "instances": [
        {
          "schema_version": 0,
          "attributes": {
            "additional_capabilities": [],
            "additional_unattend_content": [],
            "admin_password": "@Aa123456789",
            "admin_username": "azureuser",
            "allow_extension_operations": true,
            "availability_set_id": "",
            "boot_diagnostics": [
              {
                "storage_account_uri": ""
              }
            ],
            "bypass_platform_safety_checks_on_user_schedule_enabled": false,
            "capacity_reservation_group_id": "",
            "computer_name": "vm-win11",
            "custom_data": "IyBUaGUgc2NyaXB0IHdpbGwgYmUgZG93bmxvYWRlZCBpbnRvIHRoZSBWTTogQzpcUGFja2FnZXNcUGx1Z2luc1xNaWNyb3NvZnQuQ29tcHV0ZS5DdXN0b21TY3JpcHRFeHRlbnNpb25cMS4xMC4xNVxEb3dubG9hZHNcMA0KDQojIEluc3RhbGwgY2hvY29sYXRlbHkNClNldC1FeGVjdXRpb25Qb2xpY3kgQnlwYXNzIC1TY29wZSBQcm9jZXNzIC1Gb3JjZTsgW1N5c3RlbS5OZXQuU2VydmljZVBvaW50TWFuYWdlcl06OlNlY3VyaXR5UHJvdG9jb2wgPSBbU3lzdGVtLk5ldC5TZXJ2aWNlUG9pbnRNYW5hZ2VyXTo6U2VjdXJpdHlQcm90b2NvbCAtYm9yIDMwNzI7IGlleCAoKE5ldy1PYmplY3QgU3lzdGVtLk5ldC5XZWJDbGllbnQpLkRvd25sb2FkU3RyaW5nKCdodHRwczovL2Nob2NvbGF0ZXkub3JnL2luc3RhbGwucHMxJykpDQoNCiMgSW5zdGFsbCBUZXJtaW5hbCAoYWxyZWFkeSBpbnN0YWxsZWQgaW4gV2luZG93cyAxMSkNCiMgY2hvY28gaW5zdGFsbCBtaWNyb3NvZnQtd2luZG93cy10ZXJtaW5hbCAteQ0KDQojIyBTdGFydCBUZXJtaW5hbA0KDQojIEluc3RhbGwgVlMgQ29kZQ0KY2hvY28gaW5zdGFsbCB2c2NvZGUgLXkNCg0KIyBJbnN0YWxsIEdpdA0KY2hvY28gaW5zdGFsbCBnaXQgLXkNCg0KIyBJbnN0YWxsIEF6dXJlIENMSQ0KY2hvY28gaW5zdGFsbCBhenVyZS1jbGkgLXkNCiMgSW52b2tlLVdlYlJlcXVlc3QgLVVyaSBodHRwczovL2FrYS5tcy9pbnN0YWxsYXp1cmVjbGl3aW5kb3dzIC1PdXRGaWxlIC5cQXp1cmVDTEkubXNpOyBTdGFydC1Qcm9jZXNzIG1zaWV4ZWMuZXhlIC1XYWl0IC1Bcmd1bWVudExpc3QgJy9JIEF6dXJlQ0xJLm1zaSAvcXVpZXQnOyBybSAuXEF6dXJlQ0xJLm1zaQ0KDQojIEluc3RhbGwgS3ViZXJuZXRlcyBDTEkNCmNob2NvIGluc3RhbGwga3ViZXJuZXRlcy1jbGkgLXkNCg0KIyBJbnN0YWxsIGt1YmVsb2dpbg0KY2hvY28gaW5zdGFsbCBhenVyZS1rdWJlbG9naW4gLXkNCg0KIyBJbnN0YWxsIEhlbG0gQ0xJDQpjaG9jbyBpbnN0YWxsIGt1YmVybmV0ZXMtaGVsbSAteQ0KDQojIEluc3RhbGwgVGVycmFmb3JtDQpjaG9jbyBpbnN0YWxsIHRlcnJhZm9ybSAteQ0KDQojIEluc3RhbGwgcHl0aG9uDQpjaG9jbyBpbnN0YWxsIHB5dGhvbiAteQ0KDQojIEluc3RhbGwganENCmNob2NvIGluc3RhbGwganEgLXkNCg0KIyBJbnN0YWxsIHlxDQpjaG9jbyBpbnN0YWxsIHlxIC15DQoNCiMgSW5zdGFsbCBFZGdlDQpjaG9jbyBpbnN0YWxsIG1pY3Jvc29mdC1lZGdlIC15DQoNCmNob2NvIGluc3RhbGwgYnJhdmUgLXkNCg0KIyBJbnN0YWxsIExlbnMNCmNob2NvIGluc3RhbGwgbGVucyAteQ0KDQpjaG9jbyBpbnN0YWxsIG9wZW5zc2wgLXkNCg0KIyBJbnN0YWxsIEF6dXJlIFN0b3JhZ2UgRXhwbG9yZXINCmNob2NvIGluc3RhbGwgbWljcm9zb2Z0YXp1cmVzdG9yYWdlZXhwbG9yZXIgLXkNCg0KIyBJbnN0YWxsIEF6dXJlIERhdGEgU3R1ZGlvDQpjaG9jbyBpbnN0YWxsIGF6dXJlLWRhdGEtc3R1ZGlvIC15DQoNCiMgSW5zdGFsbCBjdXJsDQpjaG9jbyBpbnN0YWxsIGN1cmwgLXkNCg0KIyBJbnN0YWxsIGZmbXBlZw0KY2hvY28gaW5zdGFsbCBmZm1wZWcgLXkNCg0KIyBpbnN0YWxsIGF1dG8tZWRpdG9yDQpweSAtbSBwaXAgaW5zdGFsbCBhdXRvLWVkaXRvcg0KDQojIGluc3RhbGwgVkxDDQpjaG9jbyBpbnN0YWxsIHZsYyAteQ0KDQojIGluc3RhbGwgd2lucmFyDQpjaG9jbyBpbnN0YWxsIHdpbnJhciAteQ0KDQojIGluc3RhbGwgb3BlbnNzbA0KY2hvY28gaW5zdGFsbCBvcGVuc3NsIC15DQoNCiMgaW5zdGFsbCBzcWxjbWQNCmNob2NvIGluc3RhbGwgc3FsY21kIC15DQoNCmNob2NvIGluc3RhbGwgaGVhZGxhbXAgLXkNCg0KY2hvY28gaW5zdGFsbCBsZW5zIC15DQoNCmNob2NvIGluc3RhbGwgd2lyZWd1YXJkIC15DQoNCmNob2NvIGluc3RhbGwgYXpkIC15DQoNCmNob2NvIGluc3RhbGwgYXp1cmUtZnVuY3Rpb25zLWNvcmUtdG9vbHMgLXkNCg0KY2hvY28gaW5zdGFsbCBzaG90Y3V0IC15DQoNCmNob2NvIGluc3RhbGwgZG90bmV0IC15DQoNCmNob2NvIGluc3RhbGwgZG90bmV0LXNkayAteQ0KDQpjaG9jbyBpbnN0YWxsIGRvdG5ldC04LjAtc2RrIC15DQoNCmNob2NvIGluc3RhbGwgdXYgLXkNCg0KY2hvY28gaW5zdGFsbCBwb3dlcmF1dG9tYXRlZGVza3RvcCAteQ0KDQpTZXQtQWxpYXMgLU5hbWUgayAtVmFsdWUga3ViZWN0bA0KDQojICMgKE9wdGlvbmFsKSBJbnN0YWxsIERvY2tlciBmb3IgRGVza3RvcA0KIyBjaG9jbyBpbnN0YWxsIGRvY2tlci1kZXNrdG9wIC15DQojIGNob2NvIGluc3RhbGwgZG9ja2VyLWNsaSAteQ0KDQojIENvbmZpZ3VyZSBBdXRvLUNvbXBsZXRlDQpTZXQtRXhlY3V0aW9uUG9saWN5IFJlbW90ZVNpZ25lZA0KIyBDcmVhdGUgcHJvZmlsZSB3aGVuIG5vdCBleGlzdA0KaWYgKCEoVGVzdC1QYXRoIC1QYXRoICRQUk9GSUxFLkN1cnJlbnRVc2VyQWxsSG9zdHMpKSB7DQogIE5ldy1JdGVtIC1JdGVtVHlwZSBGaWxlIC1QYXRoICRQUk9GSUxFLkN1cnJlbnRVc2VyQWxsSG9zdHMgLUZvcmNlDQp9DQojIE9wZW4gdGhlIHByb2ZpbGUgd2l0aCBhbiBlZGl0b3IgKGUuZy4gZ29vZCBvbGQgTm90ZXBhZCkNCiMgaWkgJFBST0ZJTEUuQ3VycmVudFVzZXJBbGxIb3N0cw0KIyBJbiB0aGUgZWRpdG9yIGFkZCB0aGUgZm9sbG93aW5nIGxpbmVzIHRvIHRoZSBwcm9maWxlOg0KJHBvd2Vyc2hlbGxQcm9maWxlPUAiDQojIFNob3dzIG5hdmlnYWJsZSBtZW51IG9mIGFsbCBvcHRpb25zIHdoZW4gaGl0dGluZyBUYWINClNldC1QU1JlYWRsaW5lS2V5SGFuZGxlciAtS2V5IFRhYiAtRnVuY3Rpb24gTWVudUNvbXBsZXRlDQoNCiMgQXV0b2NvbXBsZXRpb24gZm9yIGFycm93IGtleXMNClNldC1QU1JlYWRsaW5lS2V5SGFuZGxlciAtS2V5IFVwQXJyb3cgLUZ1bmN0aW9uIEhpc3RvcnlTZWFyY2hCYWNrd2FyZA0KU2V0LVBTUmVhZGxpbmVLZXlIYW5kbGVyIC1LZXkgRG93bkFycm93IC1GdW5jdGlvbiBIaXN0b3J5U2VhcmNoRm9yd2FyZA0KDQpJbXBvcnQtTW9kdWxlIHBvc2gtZ2l0DQoNCkltcG9ydC1Nb2R1bGUgUFNSZWFkTGluZQ0KU2V0LVBTUmVhZExpbmVPcHRpb24gLWNvbG9ycyBAeyBEZWZhdWx0ID0gIkdyZWVuIn0NClNldC1QU1JlYWRMaW5lT3B0aW9uIC1jb2xvcnMgQHsgUGFyYW1ldGVyID0gIkJsdWUifQ0KU2V0LVBTUmVhZExpbmVPcHRpb24gLWNvbG9ycyBAeyBDb21tYW5kID0gIk1hZ2VudGEifQ0KDQpmdW5jdGlvbiBwcm9tcHQgew0KIiAkICINCn0NCg0KSW1wb3J0LU1vZHVsZSBUZXJtaW5hbC1JY29ucw0KDQpDbGVhcg0KDQpwd2QNCg0KIkANCg0KJHBvd2Vyc2hlbGxQcm9maWxlID4gJFBTSE9NRVxQcm9maWxlLnBzMSAjICRQUk9GSUxFLkN1cnJlbnRVc2VyQWxsSG9zdHMNCg0KIyAjIFNldCB1cCBsYW5ndWFnZSBwcmVmZXJlbmNlDQojICRMYW5ndWFnZUxpc3QgPSBHZXQtV2luVXNlckxhbmd1YWdlTGlzdA0KIyAkTGFuZ3VhZ2VMaXN0LkFkZCgiZnItRlIiKQ0KIyBTZXQtV2luVXNlckxhbmd1YWdlTGlzdCAkTGFuZ3VhZ2VMaXN0DQoNCiMjIFJlc3RhcnQgVGVybWluYWwNCg0KIyAjIEluc3RhbGwgVGVycmFmb3JtIGV4dGVuc2lvbiBpbiBWUyBDb2RlDQpjb2RlIC0taW5zdGFsbC1leHRlbnNpb24gaGFzaGljb3JwLnRlcnJhZm9ybQ0KY29kZSAtLWluc3RhbGwtZXh0ZW5zaW9uIG1zLWF6dXJldG9vbHMudnNjb2RlLWF6dXJldGVycmFmb3JtDQoNCmNvZGUgLS1pbnN0YWxsLWV4dGVuc2lvbiBQb3N0bWFuLnBvc3RtYW4tZm9yLXZzY29kZQ0KDQpjb2RlIC0taW5zdGFsbC1leHRlbnNpb24gZ2l0aHViLmNvcGlsb3QNCg0KY29kZSAtLWluc3RhbGwtZXh0ZW5zaW9uIG1zLWt1YmVybmV0ZXMtdG9vbHMudnNjb2RlLWt1YmVybmV0ZXMtdG9vbHMNCmNvZGUgLS1pbnN0YWxsLWV4dGVuc2lvbiBtcy1rdWJlcm5ldGVzLXRvb2xzLnZzY29kZS1ha3MtdG9vbHMNCmNvZGUgLS1pbnN0YWxsLWV4dGVuc2lvbiBtcy1henVyZXRvb2xzLnZzY29kZS1henVyZWNvbnRhaW5lcmFwcHMNCmNvZGUgLS1pbnN0YWxsLWV4dGVuc2lvbiBtcy1henVyZXRvb2xzLnZzY29kZS1kb2NrZXINCg0KY29kZSAtLWluc3RhbGwtZXh0ZW5zaW9uIG1zLXZzY29kZS52c2NvZGUtbm9kZS1henVyZS1wYWNrDQpjb2RlIC0taW5zdGFsbC1leHRlbnNpb24gbXMtYXp1cmV0b29scy52c2NvZGUtYXp1cmVyZXNvdXJjZWdyb3Vwcw0KY29kZSAtLWluc3RhbGwtZXh0ZW5zaW9uIG1zLWF6dXJldG9vbHMudnNjb2RlLWF6dXJldmlydHVhbG1hY2hpbmVzDQpjb2RlIC0taW5zdGFsbC1leHRlbnNpb24gbXMtdnNjb2RlLmF6dXJlY2xpDQpjb2RlIC0taW5zdGFsbC1leHRlbnNpb24gbXMtYXp1cmUtZGV2b3BzLmF6dXJlLXBpcGVsaW5lcw0KDQojIGNkIC5cRGVza3RvcFwNCiMgZ2l0IGNsb25lIGh0dHBzOi8vZ2l0aHViLmNvbS9Ib3Vzc2VtRGVsbGFpL2Frcy1lbnRlcnByaXNlDQojIGNkIGFrcy1lbnRlcnByaXNlDQojIGNvZGUgLg0KDQojIGF6IGxvZ2luIC0taWRlbnRpdHkNCiMgYXogYWNjb3VudCBzZXQgLS1zdWJzY3JpcHRpb24gIk1pY3Jvc29mdC1BenVyZS1Ob25Qcm9kIg0KIyBheiBha3MgbGlzdCAtbyB0YWJsZQ0KIyBheiBha3MgZ2V0LWNyZWRlbnRpYWxzIC1nIHJnLWx6YWtzLXNwb2tlLXdldS1ha3MtY2x1c3RlciAtbiBha3MtY2x1c3Rlcg0KDQojIGt1YmVsb2dpbiBjb252ZXJ0LWt1YmVjb25maWcgLWwgYXp1cmVjbGkNCg0KIyBrdWJlY3RsIGdldCBub2Rlcw0KIyBrdWJlY3RsIGdldCBwb2RzIC1BDQojIGt1YmVjdGwgcnVuIG5naW54IC0taW1hZ2U9bmdpbngNCiMga3ViZWN0bCBleGVjIG5naW54IC1pdCAtLSBscw0KIyBrdWJlY3RsIGNyZWF0ZSBkZXBsb3ltZW50IG5naW54IC0taW1hZ2U9bmdpbnggLS1yZXBsaWNhcz0zDQoNCg0KIyAkQUNSX05BTUU9JChheiBhY3IgbGlzdCAtLXF1ZXJ5IFswXS5uYW1lIC1vIHRzdikNCiMgJEFDUl9UT0tFTj0kKGF6IGFjciBsb2dpbiAtLW5hbWUgJEFDUl9OQU1FIC0tZXhwb3NlLXRva2VuIC0tb3V0cHV0IHRzdiAtLXF1ZXJ5IGFjY2Vzc1Rva2VuKQ0KIyBkb2NrZXIgbG9naW4gJEFDUl9OQU1FLmF6dXJlY3IuaW8gLXUgJEFDUl9OQU1FIC1wICRBQ1JfVE9LRU4NCg0KIyBkb2NrZXIgcHVsbCAkQUNSX05BTUUuYXp1cmVjci5pby9oZWxsby13b3JsZDpsYXRlc3QNCg0KIyAjIElNRFMNCiMgSW52b2tlLVJlc3RNZXRob2QgLUhlYWRlcnMgQHsiTWV0YWRhdGEiPSJ0cnVlIn0gLU1ldGhvZCBHRVQgLU5vUHJveHkgLVVyaSAiaHR0cDovLzE2OS4yNTQuMTY5LjI1NC9tZXRhZGF0YS9pbnN0YW5jZT9hcGktdmVyc2lvbj0yMDIxLTAyLTAxIiB8IENvbnZlcnRUby1Kc29uIC1EZXB0aCA2NA0KDQojIEluc3RhbGwgQ2FtdGFzaWENCg0KSW52b2tlLVdlYlJlcXVlc3QgLVVyaSBodHRwczovL2Rvd25sb2FkLnRlY2hzbWl0aC5jb20vY2FtdGFzaWFzdHVkaW8vcmVsZWFzZXMvMjI1NC9jYW10YXNpYS5tc2kgLU91dEZpbGUgLlxjYW10YXNpYS5tc2k7IFN0YXJ0LVByb2Nlc3MgbXNpZXhlYy5leGUgLVdhaXQgLUFyZ3VtZW50TGlzdCAnL0kgY2FtdGFzaWEubXNpIC9xdWlldCc7DQojIEludm9rZS1XZWJSZXF1ZXN0IC1VcmkgaHR0cHM6Ly9uZXRjb2xvZ25lLmRsLnNvdXJjZWZvcmdlLm5ldC9wcm9qZWN0L3Nob3RjdXQvdjI0LjA0LjI4L3Nob3RjdXQtd2luNjQtMjQwNDI4LmV4ZSAtT3V0RmlsZSAuXHNob3RjdXQtd2luNjQtMjQwNDI4LmV4ZTsgU3RhcnQtUHJvY2VzcyBtc2lleGVjLmV4ZSAtV2FpdCAtQXJndW1lbnRMaXN0ICcvSSBjYW10YXNpYS5tc2kgL3F1aWV0JzsNCg0KIyBpbnN0YWxsIFBvd2Vyc2hlbGwgQ29yZQ0KY2hvY28gaW5zdGFsbCBwb3dlcnNoZWxsLWNvcmUgLXkNCiMgd2luZ2V0IGluc3RhbGwgLS1pZCBNaWNyb3NvZnQuUG93ZXJzaGVsbCAtLXNvdXJjZSB3aW5nZXQNCg0KIyAjIGluc3RhbGwgUG9zdG1hbiBDTEkNCiMgcG93ZXJzaGVsbC5leGUgLU5vUHJvZmlsZSAtSW5wdXRGb3JtYXQgTm9uZSAtRXhlY3V0aW9uUG9saWN5IEFsbFNpZ25lZCAtQ29tbWFuZCAiW1N5c3RlbS5OZXQuU2VydmljZVBvaW50TWFuYWdlcl06OlNlY3VyaXR5UHJvdG9jb2wgPSAzMDcyOyBpZXggKChOZXctT2JqZWN0IFN5c3RlbS5OZXQuV2ViQ2xpZW50KS5Eb3dubG9hZFN0cmluZygnaHR0cHM6Ly9kbC1jbGkucHN0bW4uaW8vaW5zdGFsbC93aW42NC5wczEnKSkiDQoNCiMgd2luZ2V0IHNldHRpbmdzIC0tZW5hYmxlIEluc3RhbGxlckhhc2hPdmVycmlkZQ0KIyB3aW5nZXQgaW5zdGFsbCAtLWlkIE1pY3Jvc29mdC5Qb3dlckJJIC0tc291cmNlIHdpbmdldCAtLWlnbm9yZS1zZWN1cml0eS1oYXNoIC0tYWNjZXB0LXNvdXJjZS1hZ3JlZW1lbnRzDQojIHdpbmdldCBpbnN0YWxsIE1pY3Jvc29mdC5EZXZQcm94eSAtLXNpbGVudA0K",
            "dedicated_host_group_id": "",
            "dedicated_host_id": "",
            "disk_controller_type": "NVMe",
            "edge_zone": "",
            "enable_automatic_updates": true,
            "encryption_at_host_enabled": false,
            "eviction_policy": "Delete",
            "extensions_time_budget": "PT1H30M",
            "gallery_application": [],
            "hotpatching_enabled": false,
            "id": "/subscriptions/dcef7009-6b94-4382-afdc-17eb160d709a/resourceGroups/rg-vm-win11-swc/providers/Microsoft.Compute/virtualMachines/vm-win11",
            "identity": [
              {
                "identity_ids": null,
                "principal_id": "0fe82869-f0d2-4851-9788-77ef22506626",
                "tenant_id": "93139d1e-a3c1-4d78-9ed5-878be090eba4",
                "type": "SystemAssigned"
              }
            ],
            "license_type": "Windows_Client",
            "location": "swedencentral",
            "max_bid_price": -1,
            "name": "vm-win11",
            "network_interface_ids": [
              "/subscriptions/dcef7009-6b94-4382-afdc-17eb160d709a/resourceGroups/rg-vm-win11-swc/providers/Microsoft.Network/networkInterfaces/nic-vm-windows"
            ],
            "os_disk": [
              {
                "caching": "ReadOnly",
                "diff_disk_settings": [],
                "disk_encryption_set_id": "",
                "disk_size_gb": 127,
                "id": "/subscriptions/dcef7009-6b94-4382-afdc-17eb160d709a/resourceGroups/rg-vm-win11-swc/providers/Microsoft.Compute/disks/os-disk-vm-windows",
                "name": "os-disk-vm-windows",
                "secure_vm_disk_encryption_set_id": "",
                "security_encryption_type": "",
                "storage_account_type": "StandardSSD_LRS",
                "write_accelerator_enabled": false
              }
            ],
            "os_image_notification": [],
            "patch_assessment_mode": "ImageDefault",
            "patch_mode": "AutomaticByOS",
            "plan": [],
            "platform_fault_domain": -1,
            "priority": "Spot",
            "private_ip_address": "10.10.0.4",
            "private_ip_addresses": [
              "10.10.0.4"
            ],
            "provision_vm_agent": true,
            "proximity_placement_group_id": "",
            "public_ip_address": "135.225.76.190",
            "public_ip_addresses": [
              "135.225.76.190"
            ],
            "reboot_setting": "",
            "resource_group_name": "rg-vm-win11-swc",
            "secret": [],
            "secure_boot_enabled": false,
            "size": "Standard_D4ads_v6",
            "source_image_id": "",
            "source_image_reference": [
              {
                "offer": "windows-11",
                "publisher": "MicrosoftWindowsDesktop",
                "sku": "win11-24h2-pro",
                "version": "latest"
              }
            ],
            "tags": null,
            "termination_notification": null,
            "timeouts": null,
            "timezone": "",
            "user_data": "",
            "virtual_machine_id": "ed039e75-1e45-42b1-bdb6-f98160d9fa21",
            "virtual_machine_scale_set_id": "",
            "vm_agent_platform_updates_enabled": true,
            "vtpm_enabled": false,
            "winrm_listener": [],
            "zone": ""
          },
          "sensitive_attributes": [
            [
              {
                "type": "get_attr",
                "value": "admin_password"
              }
            ],
            [
              {
                "type": "get_attr",
                "value": "custom_data"
              }
            ]
          ],
          "identity_schema_version": 0,
          "private": "eyJlMmJmYjczMC1lY2FhLTExZTYtOGY4OC0zNDM2M2JjN2M0YzAiOnsiY3JlYXRlIjoyNzAwMDAwMDAwMDAwLCJkZWxldGUiOjI3MDAwMDAwMDAwMDAsInJlYWQiOjMwMDAwMDAwMDAwMCwidXBkYXRlIjoyNzAwMDAwMDAwMDAwfX0=",
          "dependencies": [
            "azurerm_network_interface.nic-vm-windows",
            "azurerm_public_ip.pip-vm-windows",
            "azurerm_resource_group.rg",
            "azurerm_subnet.snet-vm",
            "azurerm_virtual_network.vnet-spoke-vm"
          ]
        }
      ]
    }
  ],
  "check_results": null
}
