{
  "version": 4,
  "terraform_version": "1.8.3",
  "serial": 11,
  "lineage": "f25be007-791a-900a-bb11-286b02091794",
  "outputs": {},
  "resources": [
    {
      "mode": "managed",
      "type": "azurerm_network_interface",
      "name": "nic-vm-windows",
      "provider": "provider[\"registry.terraform.io/hashicorp/azurerm\"]",
      "instances": [
        {
          "schema_version": 0,
          "attributes": {
            "applied_dns_servers": [],
            "auxiliary_mode": "",
            "auxiliary_sku": "",
            "dns_servers": [],
            "edge_zone": "",
            "enable_accelerated_networking": false,
            "enable_ip_forwarding": false,
            "id": "/subscriptions/38977b70-47bf-4da5-a492-88712fce8725/resourceGroups/rg-vm-win-swc/providers/Microsoft.Network/networkInterfaces/nic-vm-windows",
            "internal_dns_name_label": "",
            "internal_domain_name_suffix": "eiqnm5tmbjbedeb1pzbkn5xoqd.gvxx.internal.cloudapp.net",
            "ip_configuration": [
              {
                "gateway_load_balancer_frontend_ip_configuration_id": "",
                "name": "internal",
                "primary": true,
                "private_ip_address": "10.10.0.4",
                "private_ip_address_allocation": "Dynamic",
                "private_ip_address_version": "IPv4",
                "public_ip_address_id": "/subscriptions/38977b70-47bf-4da5-a492-88712fce8725/resourceGroups/rg-vm-win-swc/providers/Microsoft.Network/publicIPAddresses/pip-vm-windows",
                "subnet_id": "/subscriptions/38977b70-47bf-4da5-a492-88712fce8725/resourceGroups/rg-vm-win-swc/providers/Microsoft.Network/virtualNetworks/vnet-spoke-vm/subnets/snet-vm"
              }
            ],
            "location": "swedencentral",
            "mac_address": "",
            "name": "nic-vm-windows",
            "private_ip_address": "10.10.0.4",
            "private_ip_addresses": [
              "10.10.0.4"
            ],
            "resource_group_name": "rg-vm-win-swc",
            "tags": null,
            "timeouts": null,
            "virtual_machine_id": ""
          },
          "sensitive_attributes": [],
          "private": "eyJlMmJmYjczMC1lY2FhLTExZTYtOGY4OC0zNDM2M2JjN2M0YzAiOnsiY3JlYXRlIjoxODAwMDAwMDAwMDAwLCJkZWxldGUiOjE4MDAwMDAwMDAwMDAsInJlYWQiOjMwMDAwMDAwMDAwMCwidXBkYXRlIjoxODAwMDAwMDAwMDAwfX0=",
          "dependencies": [
            "azurerm_public_ip.pip-vm-windows",
            "azurerm_resource_group.rg",
            "azurerm_subnet.snet-vm",
            "azurerm_virtual_network.vnet-spoke-vm"
          ]
        }
      ]
    },
    {
      "mode": "managed",
      "type": "azurerm_network_security_group",
      "name": "nsg-vm",
      "provider": "provider[\"registry.terraform.io/hashicorp/azurerm\"]",
      "instances": [
        {
          "schema_version": 0,
          "attributes": {
            "id": "/subscriptions/38977b70-47bf-4da5-a492-88712fce8725/resourceGroups/rg-vm-win-swc/providers/Microsoft.Network/networkSecurityGroups/nsg-vm",
            "location": "swedencentral",
            "name": "nsg-vm",
            "resource_group_name": "rg-vm-win-swc",
            "security_rule": [],
            "tags": null,
            "timeouts": null
          },
          "sensitive_attributes": [],
          "private": "eyJlMmJmYjczMC1lY2FhLTExZTYtOGY4OC0zNDM2M2JjN2M0YzAiOnsiY3JlYXRlIjoxODAwMDAwMDAwMDAwLCJkZWxldGUiOjE4MDAwMDAwMDAwMDAsInJlYWQiOjMwMDAwMDAwMDAwMCwidXBkYXRlIjoxODAwMDAwMDAwMDAwfX0=",
          "dependencies": [
            "azurerm_resource_group.rg"
          ]
        }
      ]
    },
    {
      "mode": "managed",
      "type": "azurerm_network_security_rule",
      "name": "allow-rdp",
      "provider": "provider[\"registry.terraform.io/hashicorp/azurerm\"]",
      "instances": [
        {
          "schema_version": 0,
          "attributes": {
            "access": "Allow",
            "description": "",
            "destination_address_prefix": "",
            "destination_address_prefixes": [
              "0.0.0.0/0"
            ],
            "destination_application_security_group_ids": null,
            "destination_port_range": "3389",
            "destination_port_ranges": null,
            "direction": "Inbound",
            "id": "/subscriptions/38977b70-47bf-4da5-a492-88712fce8725/resourceGroups/rg-vm-win-swc/providers/Microsoft.Network/networkSecurityGroups/nsg-vm/securityRules/allow-rdp",
            "name": "allow-rdp",
            "network_security_group_name": "nsg-vm",
            "priority": 1000,
            "protocol": "Tcp",
            "resource_group_name": "rg-vm-win-swc",
            "source_address_prefix": "176.177.25.47",
            "source_address_prefixes": null,
            "source_application_security_group_ids": null,
            "source_port_range": "*",
            "source_port_ranges": null,
            "timeouts": null
          },
          "sensitive_attributes": [],
          "private": "eyJlMmJmYjczMC1lY2FhLTExZTYtOGY4OC0zNDM2M2JjN2M0YzAiOnsiY3JlYXRlIjoxODAwMDAwMDAwMDAwLCJkZWxldGUiOjE4MDAwMDAwMDAwMDAsInJlYWQiOjMwMDAwMDAwMDAwMCwidXBkYXRlIjoxODAwMDAwMDAwMDAwfX0=",
          "dependencies": [
            "azurerm_network_security_group.nsg-vm",
            "azurerm_resource_group.rg"
          ]
        }
      ]
    },
    {
      "mode": "managed",
      "type": "azurerm_public_ip",
      "name": "pip-vm-windows",
      "provider": "provider[\"registry.terraform.io/hashicorp/azurerm\"]",
      "instances": [
        {
          "schema_version": 0,
          "attributes": {
            "allocation_method": "Static",
            "ddos_protection_mode": "VirtualNetworkInherited",
            "ddos_protection_plan_id": null,
            "domain_name_label": null,
            "edge_zone": "",
            "fqdn": null,
            "id": "/subscriptions/38977b70-47bf-4da5-a492-88712fce8725/resourceGroups/rg-vm-win-swc/providers/Microsoft.Network/publicIPAddresses/pip-vm-windows",
            "idle_timeout_in_minutes": 4,
            "ip_address": "20.91.130.223",
            "ip_tags": null,
            "ip_version": "IPv4",
            "location": "swedencentral",
            "name": "pip-vm-windows",
            "public_ip_prefix_id": null,
            "resource_group_name": "rg-vm-win-swc",
            "reverse_fqdn": null,
            "sku": "Standard",
            "sku_tier": "Regional",
            "tags": null,
            "timeouts": null,
            "zones": null
          },
          "sensitive_attributes": [],
          "private": "eyJlMmJmYjczMC1lY2FhLTExZTYtOGY4OC0zNDM2M2JjN2M0YzAiOnsiY3JlYXRlIjoxODAwMDAwMDAwMDAwLCJkZWxldGUiOjE4MDAwMDAwMDAwMDAsInJlYWQiOjMwMDAwMDAwMDAwMCwidXBkYXRlIjoxODAwMDAwMDAwMDAwfX0=",
          "dependencies": [
            "azurerm_resource_group.rg"
          ]
        }
      ]
    },
    {
      "mode": "managed",
      "type": "azurerm_resource_group",
      "name": "rg",
      "provider": "provider[\"registry.terraform.io/hashicorp/azurerm\"]",
      "instances": [
        {
          "schema_version": 0,
          "attributes": {
            "id": "/subscriptions/38977b70-47bf-4da5-a492-88712fce8725/resourceGroups/rg-vm-win-swc",
            "location": "swedencentral",
            "managed_by": "",
            "name": "rg-vm-win-swc",
            "tags": null,
            "timeouts": null
          },
          "sensitive_attributes": [],
          "private": "eyJlMmJmYjczMC1lY2FhLTExZTYtOGY4OC0zNDM2M2JjN2M0YzAiOnsiY3JlYXRlIjo1NDAwMDAwMDAwMDAwLCJkZWxldGUiOjU0MDAwMDAwMDAwMDAsInJlYWQiOjMwMDAwMDAwMDAwMCwidXBkYXRlIjo1NDAwMDAwMDAwMDAwfX0="
        }
      ]
    },
    {
      "mode": "managed",
      "type": "azurerm_subnet",
      "name": "snet-vm",
      "provider": "provider[\"registry.terraform.io/hashicorp/azurerm\"]",
      "instances": [
        {
          "schema_version": 0,
          "attributes": {
            "address_prefixes": [
              "10.10.0.0/24"
            ],
            "delegation": [],
            "enforce_private_link_endpoint_network_policies": false,
            "enforce_private_link_service_network_policies": false,
            "id": "/subscriptions/38977b70-47bf-4da5-a492-88712fce8725/resourceGroups/rg-vm-win-swc/providers/Microsoft.Network/virtualNetworks/vnet-spoke-vm/subnets/snet-vm",
            "name": "snet-vm",
            "private_endpoint_network_policies": "Enabled",
            "private_endpoint_network_policies_enabled": true,
            "private_link_service_network_policies_enabled": true,
            "resource_group_name": "rg-vm-win-swc",
            "service_endpoint_policy_ids": null,
            "service_endpoints": null,
            "timeouts": null,
            "virtual_network_name": "vnet-spoke-vm"
          },
          "sensitive_attributes": [],
          "private": "eyJlMmJmYjczMC1lY2FhLTExZTYtOGY4OC0zNDM2M2JjN2M0YzAiOnsiY3JlYXRlIjoxODAwMDAwMDAwMDAwLCJkZWxldGUiOjE4MDAwMDAwMDAwMDAsInJlYWQiOjMwMDAwMDAwMDAwMCwidXBkYXRlIjoxODAwMDAwMDAwMDAwfX0=",
          "dependencies": [
            "azurerm_resource_group.rg",
            "azurerm_virtual_network.vnet-spoke-vm"
          ]
        }
      ]
    },
    {
      "mode": "managed",
      "type": "azurerm_subnet_network_security_group_association",
      "name": "nsg-association",
      "provider": "provider[\"registry.terraform.io/hashicorp/azurerm\"]",
      "instances": [
        {
          "schema_version": 0,
          "attributes": {
            "id": "/subscriptions/38977b70-47bf-4da5-a492-88712fce8725/resourceGroups/rg-vm-win-swc/providers/Microsoft.Network/virtualNetworks/vnet-spoke-vm/subnets/snet-vm",
            "network_security_group_id": "/subscriptions/38977b70-47bf-4da5-a492-88712fce8725/resourceGroups/rg-vm-win-swc/providers/Microsoft.Network/networkSecurityGroups/nsg-vm",
            "subnet_id": "/subscriptions/38977b70-47bf-4da5-a492-88712fce8725/resourceGroups/rg-vm-win-swc/providers/Microsoft.Network/virtualNetworks/vnet-spoke-vm/subnets/snet-vm",
            "timeouts": null
          },
          "sensitive_attributes": [],
          "private": "eyJlMmJmYjczMC1lY2FhLTExZTYtOGY4OC0zNDM2M2JjN2M0YzAiOnsiY3JlYXRlIjoxODAwMDAwMDAwMDAwLCJkZWxldGUiOjE4MDAwMDAwMDAwMDAsInJlYWQiOjMwMDAwMDAwMDAwMH19",
          "dependencies": [
            "azurerm_network_security_group.nsg-vm",
            "azurerm_resource_group.rg",
            "azurerm_subnet.snet-vm",
            "azurerm_virtual_network.vnet-spoke-vm"
          ]
        }
      ]
    },
    {
      "mode": "managed",
      "type": "azurerm_virtual_network",
      "name": "vnet-spoke-vm",
      "provider": "provider[\"registry.terraform.io/hashicorp/azurerm\"]",
      "instances": [
        {
          "schema_version": 0,
          "attributes": {
            "address_space": [
              "10.10.0.0/16"
            ],
            "bgp_community": "",
            "ddos_protection_plan": [],
            "dns_servers": [],
            "edge_zone": "",
            "encryption": [],
            "flow_timeout_in_minutes": 0,
            "guid": "7ed62022-0a6c-4142-903b-7e42a6feee83",
            "id": "/subscriptions/38977b70-47bf-4da5-a492-88712fce8725/resourceGroups/rg-vm-win-swc/providers/Microsoft.Network/virtualNetworks/vnet-spoke-vm",
            "location": "swedencentral",
            "name": "vnet-spoke-vm",
            "resource_group_name": "rg-vm-win-swc",
            "subnet": [],
            "tags": null,
            "timeouts": null
          },
          "sensitive_attributes": [],
          "private": "eyJlMmJmYjczMC1lY2FhLTExZTYtOGY4OC0zNDM2M2JjN2M0YzAiOnsiY3JlYXRlIjoxODAwMDAwMDAwMDAwLCJkZWxldGUiOjE4MDAwMDAwMDAwMDAsInJlYWQiOjMwMDAwMDAwMDAwMCwidXBkYXRlIjoxODAwMDAwMDAwMDAwfX0=",
          "dependencies": [
            "azurerm_resource_group.rg"
          ]
        }
      ]
    },
    {
      "mode": "managed",
      "type": "azurerm_windows_virtual_machine",
      "name": "vm-windows",
      "provider": "provider[\"registry.terraform.io/hashicorp/azurerm\"]",
      "instances": [
        {
          "schema_version": 0,
          "attributes": {
            "additional_capabilities": [],
            "additional_unattend_content": [],
            "admin_password": "@Aa123456789",
            "admin_username": "azureuser",
            "allow_extension_operations": true,
            "availability_set_id": "",
            "boot_diagnostics": [
              {
                "storage_account_uri": ""
              }
            ],
            "bypass_platform_safety_checks_on_user_schedule_enabled": false,
            "capacity_reservation_group_id": "",
            "computer_name": "vm-win11",
            "custom_data": "IyBUaGUgc2NyaXB0IHdpbGwgYmUgZG93bmxvYWRlZCBpbnRvIHRoZSBWTTogQzpcUGFja2FnZXNcUGx1Z2luc1xNaWNyb3NvZnQuQ29tcHV0ZS5DdXN0b21TY3JpcHRFeHRlbnNpb25cMS4xMC4xNVxEb3dubG9hZHNcMA0KDQojIEluc3RhbGwgY2hvY29sYXRlbHkNClNldC1FeGVjdXRpb25Qb2xpY3kgQnlwYXNzIC1TY29wZSBQcm9jZXNzIC1Gb3JjZTsgW1N5c3RlbS5OZXQuU2VydmljZVBvaW50TWFuYWdlcl06OlNlY3VyaXR5UHJvdG9jb2wgPSBbU3lzdGVtLk5ldC5TZXJ2aWNlUG9pbnRNYW5hZ2VyXTo6U2VjdXJpdHlQcm90b2NvbCAtYm9yIDMwNzI7IGlleCAoKE5ldy1PYmplY3QgU3lzdGVtLk5ldC5XZWJDbGllbnQpLkRvd25sb2FkU3RyaW5nKCdodHRwczovL2Nob2NvbGF0ZXkub3JnL2luc3RhbGwucHMxJykpDQoNCiMgSW5zdGFsbCBUZXJtaW5hbCAoYWxyZWFkeSBpbnN0YWxsZWQgaW4gV2luZG93cyAxMSkNCiMgY2hvY28gaW5zdGFsbCBtaWNyb3NvZnQtd2luZG93cy10ZXJtaW5hbCAteQ0KDQojIyBTdGFydCBUZXJtaW5hbA0KDQojIEluc3RhbGwgQXp1cmUgQ0xJDQpjaG9jbyBpbnN0YWxsIGF6dXJlLWNsaSAteQ0KIyBJbnZva2UtV2ViUmVxdWVzdCAtVXJpIGh0dHBzOi8vYWthLm1zL2luc3RhbGxhenVyZWNsaXdpbmRvd3MgLU91dEZpbGUgLlxBenVyZUNMSS5tc2k7IFN0YXJ0LVByb2Nlc3MgbXNpZXhlYy5leGUgLVdhaXQgLUFyZ3VtZW50TGlzdCAnL0kgQXp1cmVDTEkubXNpIC9xdWlldCc7IHJtIC5cQXp1cmVDTEkubXNpDQoNCiMgSW5zdGFsbCBLdWJlcm5ldGVzIENMSQ0KY2hvY28gaW5zdGFsbCBrdWJlcm5ldGVzLWNsaSAteQ0KDQojIEluc3RhbGwga3ViZWxvZ2luDQpjaG9jbyBpbnN0YWxsIGF6dXJlLWt1YmVsb2dpbiAteQ0KDQojIEluc3RhbGwgSGVsbSBDTEkNCmNob2NvIGluc3RhbGwga3ViZXJuZXRlcy1oZWxtIC15DQoNCiMgSW5zdGFsbCBUZXJyYWZvcm0NCmNob2NvIGluc3RhbGwgdGVycmFmb3JtIC15DQoNCiMgSW5zdGFsbCBqcQ0KY2hvY28gaW5zdGFsbCBqcSAteQ0KDQojIEluc3RhbGwgVlMgQ29kZQ0KY2hvY28gaW5zdGFsbCB2c2NvZGUgLXkNCg0KIyBJbnN0YWxsIEVkZ2UNCmNob2NvIGluc3RhbGwgbWljcm9zb2Z0LWVkZ2UgLXkNCg0KIyBJbnN0YWxsIEdpdA0KY2hvY28gaW5zdGFsbCBnaXQgLXkNCg0KIyBJbnN0YWxsIEF6dXJlIFN0b3JhZ2UgRXhwbG9yZXINCmNob2NvIGluc3RhbGwgbWljcm9zb2Z0YXp1cmVzdG9yYWdlZXhwbG9yZXIgLXkNCg0KIyBJbnN0YWxsIEF6dXJlIERhdGEgU3R1ZGlvDQpjaG9jbyBpbnN0YWxsIGF6dXJlLWRhdGEtc3R1ZGlvIC15DQoNCiMgSW5zdGFsbCBjdXJsDQpjaG9jbyBpbnN0YWxsIGN1cmwgLXkNCg0KIyBJbnN0YWxsIHB5dGhvbg0KY2hvY28gaW5zdGFsbCBweXRob24gLXkNCg0KIyBJbnN0YWxsIGZmbXBlZw0KY2hvY28gaW5zdGFsbCBmZm1wZWcgLXkNCg0KIyBpbnN0YWxsIGF1dG8tZWRpdG9yDQpweSAtbSBwaXAgaW5zdGFsbCBhdXRvLWVkaXRvcg0KDQojIGluc3RhbGwgVkxDDQpjaG9jbyBpbnN0YWxsIHZsYyAteQ0KDQojIGluc3RhbGwgd2lucmFyDQpjaG9jbyBpbnN0YWxsIHdpbnJhciAteQ0KDQojIGluc3RhbGwgb3BlbnNzbA0KY2hvY28gaW5zdGFsbCBvcGVuc3NsIC15DQoNCiMgaW5zdGFsbCBzcWxjbWQNCmNob2NvIGluc3RhbGwgc3FsY21kIC15DQoNCmNob2NvIGluc3RhbGwgbGVucyAteQ0KDQpTZXQtQWxpYXMgLU5hbWUgayAtVmFsdWUga3ViZWN0bA0KDQojICMgKE9wdGlvbmFsKSBJbnN0YWxsIERvY2tlciBmb3IgRGVza3RvcA0KIyBjaG9jbyBpbnN0YWxsIGRvY2tlci1kZXNrdG9wIC15DQojIGNob2NvIGluc3RhbGwgZG9ja2VyLWNsaSAteQ0KDQojIENvbmZpZ3VyZSBBdXRvLUNvbXBsZXRlDQpTZXQtRXhlY3V0aW9uUG9saWN5IFJlbW90ZVNpZ25lZA0KIyBDcmVhdGUgcHJvZmlsZSB3aGVuIG5vdCBleGlzdA0KaWYgKCEoVGVzdC1QYXRoIC1QYXRoICRQUk9GSUxFLkN1cnJlbnRVc2VyQWxsSG9zdHMpKSB7DQogIE5ldy1JdGVtIC1JdGVtVHlwZSBGaWxlIC1QYXRoICRQUk9GSUxFLkN1cnJlbnRVc2VyQWxsSG9zdHMgLUZvcmNlDQp9DQojIE9wZW4gdGhlIHByb2ZpbGUgd2l0aCBhbiBlZGl0b3IgKGUuZy4gZ29vZCBvbGQgTm90ZXBhZCkNCiMgaWkgJFBST0ZJTEUuQ3VycmVudFVzZXJBbGxIb3N0cw0KIyBJbiB0aGUgZWRpdG9yIGFkZCB0aGUgZm9sbG93aW5nIGxpbmVzIHRvIHRoZSBwcm9maWxlOg0KJHBvd2Vyc2hlbGxQcm9maWxlPUAiDQojIFNob3dzIG5hdmlnYWJsZSBtZW51IG9mIGFsbCBvcHRpb25zIHdoZW4gaGl0dGluZyBUYWINClNldC1QU1JlYWRsaW5lS2V5SGFuZGxlciAtS2V5IFRhYiAtRnVuY3Rpb24gTWVudUNvbXBsZXRlDQoNCiMgQXV0b2NvbXBsZXRpb24gZm9yIGFycm93IGtleXMNClNldC1QU1JlYWRsaW5lS2V5SGFuZGxlciAtS2V5IFVwQXJyb3cgLUZ1bmN0aW9uIEhpc3RvcnlTZWFyY2hCYWNrd2FyZA0KU2V0LVBTUmVhZGxpbmVLZXlIYW5kbGVyIC1LZXkgRG93bkFycm93IC1GdW5jdGlvbiBIaXN0b3J5U2VhcmNoRm9yd2FyZA0KDQpJbXBvcnQtTW9kdWxlIHBvc2gtZ2l0DQoNCkltcG9ydC1Nb2R1bGUgUFNSZWFkTGluZQ0KU2V0LVBTUmVhZExpbmVPcHRpb24gLWNvbG9ycyBAeyBEZWZhdWx0ID0gIkdyZWVuIn0NClNldC1QU1JlYWRMaW5lT3B0aW9uIC1jb2xvcnMgQHsgUGFyYW1ldGVyID0gIkJsdWUifQ0KU2V0LVBTUmVhZExpbmVPcHRpb24gLWNvbG9ycyBAeyBDb21tYW5kID0gIk1hZ2VudGEifQ0KDQpmdW5jdGlvbiBwcm9tcHQgew0KIiAkICINCn0NCg0KSW1wb3J0LU1vZHVsZSBUZXJtaW5hbC1JY29ucw0KDQpDbGVhcg0KDQpwd2QNCg0KIkANCg0KJHBvd2Vyc2hlbGxQcm9maWxlID4gJFBTSE9NRVxQcm9maWxlLnBzMSAjICRQUk9GSUxFLkN1cnJlbnRVc2VyQWxsSG9zdHMNCg0KIyAjIFNldCB1cCBsYW5ndWFnZSBwcmVmZXJlbmNlDQojICRMYW5ndWFnZUxpc3QgPSBHZXQtV2luVXNlckxhbmd1YWdlTGlzdA0KIyAkTGFuZ3VhZ2VMaXN0LkFkZCgiZnItRlIiKQ0KIyBTZXQtV2luVXNlckxhbmd1YWdlTGlzdCAkTGFuZ3VhZ2VMaXN0DQoNCiMjIFJlc3RhcnQgVGVybWluYWwNCg0KIyAjIEluc3RhbGwgVGVycmFmb3JtIGV4dGVuc2lvbiBpbiBWUyBDb2RlDQpjb2RlIC0taW5zdGFsbC1leHRlbnNpb24gaGFzaGljb3JwLnRlcnJhZm9ybQ0KY29kZSAtLWluc3RhbGwtZXh0ZW5zaW9uIG1zLWF6dXJldG9vbHMudnNjb2RlLWF6dXJldGVycmFmb3JtDQoNCmNvZGUgLS1pbnN0YWxsLWV4dGVuc2lvbiBQb3N0bWFuLnBvc3RtYW4tZm9yLXZzY29kZQ0KDQpjb2RlIC0taW5zdGFsbC1leHRlbnNpb24gZ2l0aHViLmNvcGlsb3QNCg0KY29kZSAtLWluc3RhbGwtZXh0ZW5zaW9uIG1zLWt1YmVybmV0ZXMtdG9vbHMudnNjb2RlLWt1YmVybmV0ZXMtdG9vbHMNCmNvZGUgLS1pbnN0YWxsLWV4dGVuc2lvbiBtcy1rdWJlcm5ldGVzLXRvb2xzLnZzY29kZS1ha3MtdG9vbHMNCmNvZGUgLS1pbnN0YWxsLWV4dGVuc2lvbiBtcy1henVyZXRvb2xzLnZzY29kZS1henVyZWNvbnRhaW5lcmFwcHMNCmNvZGUgLS1pbnN0YWxsLWV4dGVuc2lvbiBtcy1henVyZXRvb2xzLnZzY29kZS1kb2NrZXINCg0KY29kZSAtLWluc3RhbGwtZXh0ZW5zaW9uIG1zLXZzY29kZS52c2NvZGUtbm9kZS1henVyZS1wYWNrDQpjb2RlIC0taW5zdGFsbC1leHRlbnNpb24gbXMtYXp1cmV0b29scy52c2NvZGUtYXp1cmVyZXNvdXJjZWdyb3Vwcw0KY29kZSAtLWluc3RhbGwtZXh0ZW5zaW9uIG1zLWF6dXJldG9vbHMudnNjb2RlLWF6dXJldmlydHVhbG1hY2hpbmVzDQpjb2RlIC0taW5zdGFsbC1leHRlbnNpb24gbXMtdnNjb2RlLmF6dXJlY2xpDQpjb2RlIC0taW5zdGFsbC1leHRlbnNpb24gbXMtYXp1cmUtZGV2b3BzLmF6dXJlLXBpcGVsaW5lcw0KDQojIGNkIC5cRGVza3RvcFwNCiMgZ2l0IGNsb25lIGh0dHBzOi8vZ2l0aHViLmNvbS9Ib3Vzc2VtRGVsbGFpL2Frcy1lbnRlcnByaXNlDQojIGNkIGFrcy1lbnRlcnByaXNlDQojIGNvZGUgLg0KDQojIGF6IGxvZ2luIC0taWRlbnRpdHkNCiMgYXogYWNjb3VudCBzZXQgLS1zdWJzY3JpcHRpb24gIk1pY3Jvc29mdC1BenVyZS1Ob25Qcm9kIg0KIyBheiBha3MgbGlzdCAtbyB0YWJsZQ0KIyBheiBha3MgZ2V0LWNyZWRlbnRpYWxzIC1nIHJnLWx6YWtzLXNwb2tlLXdldS1ha3MtY2x1c3RlciAtbiBha3MtY2x1c3Rlcg0KDQojIGt1YmVsb2dpbiBjb252ZXJ0LWt1YmVjb25maWcgLWwgYXp1cmVjbGkNCg0KIyBrdWJlY3RsIGdldCBub2Rlcw0KIyBrdWJlY3RsIGdldCBwb2RzIC1BDQojIGt1YmVjdGwgcnVuIG5naW54IC0taW1hZ2U9bmdpbngNCiMga3ViZWN0bCBleGVjIG5naW54IC1pdCAtLSBscw0KIyBrdWJlY3RsIGNyZWF0ZSBkZXBsb3ltZW50IG5naW54IC0taW1hZ2U9bmdpbnggLS1yZXBsaWNhcz0zDQoNCg0KIyAkQUNSX05BTUU9JChheiBhY3IgbGlzdCAtLXF1ZXJ5IFswXS5uYW1lIC1vIHRzdikNCiMgJEFDUl9UT0tFTj0kKGF6IGFjciBsb2dpbiAtLW5hbWUgJEFDUl9OQU1FIC0tZXhwb3NlLXRva2VuIC0tb3V0cHV0IHRzdiAtLXF1ZXJ5IGFjY2Vzc1Rva2VuKQ0KIyBkb2NrZXIgbG9naW4gJEFDUl9OQU1FLmF6dXJlY3IuaW8gLXUgJEFDUl9OQU1FIC1wICRBQ1JfVE9LRU4NCg0KIyBkb2NrZXIgcHVsbCAkQUNSX05BTUUuYXp1cmVjci5pby9oZWxsby13b3JsZDpsYXRlc3QNCg0KIyAjIElNRFMNCiMgSW52b2tlLVJlc3RNZXRob2QgLUhlYWRlcnMgQHsiTWV0YWRhdGEiPSJ0cnVlIn0gLU1ldGhvZCBHRVQgLU5vUHJveHkgLVVyaSAiaHR0cDovLzE2OS4yNTQuMTY5LjI1NC9tZXRhZGF0YS9pbnN0YW5jZT9hcGktdmVyc2lvbj0yMDIxLTAyLTAxIiB8IENvbnZlcnRUby1Kc29uIC1EZXB0aCA2NA0KDQojIEluc3RhbGwgQ2FtdGFzaWENCg0KSW52b2tlLVdlYlJlcXVlc3QgLVVyaSBodHRwczovL2Rvd25sb2FkLnRlY2hzbWl0aC5jb20vY2FtdGFzaWFzdHVkaW8vcmVsZWFzZXMvMjI1NC9jYW10YXNpYS5tc2kgLU91dEZpbGUgLlxjYW10YXNpYS5tc2k7IFN0YXJ0LVByb2Nlc3MgbXNpZXhlYy5leGUgLVdhaXQgLUFyZ3VtZW50TGlzdCAnL0kgY2FtdGFzaWEubXNpIC9xdWlldCc7DQojIEludm9rZS1XZWJSZXF1ZXN0IC1VcmkgaHR0cHM6Ly9uZXRjb2xvZ25lLmRsLnNvdXJjZWZvcmdlLm5ldC9wcm9qZWN0L3Nob3RjdXQvdjI0LjA0LjI4L3Nob3RjdXQtd2luNjQtMjQwNDI4LmV4ZSAtT3V0RmlsZSAuXHNob3RjdXQtd2luNjQtMjQwNDI4LmV4ZTsgU3RhcnQtUHJvY2VzcyBtc2lleGVjLmV4ZSAtV2FpdCAtQXJndW1lbnRMaXN0ICcvSSBjYW10YXNpYS5tc2kgL3F1aWV0JzsNCg0KIyBpbnN0YWxsIFBvd2Vyc2hlbGwgQ29yZQ0KY2hvY28gaW5zdGFsbCBwb3dlcnNoZWxsLWNvcmUgLXkNCiMgd2luZ2V0IGluc3RhbGwgLS1pZCBNaWNyb3NvZnQuUG93ZXJzaGVsbCAtLXNvdXJjZSB3aW5nZXQNCg0KIyAjIGluc3RhbGwgUG9zdG1hbiBDTEkNCiMgcG93ZXJzaGVsbC5leGUgLU5vUHJvZmlsZSAtSW5wdXRGb3JtYXQgTm9uZSAtRXhlY3V0aW9uUG9saWN5IEFsbFNpZ25lZCAtQ29tbWFuZCAiW1N5c3RlbS5OZXQuU2VydmljZVBvaW50TWFuYWdlcl06OlNlY3VyaXR5UHJvdG9jb2wgPSAzMDcyOyBpZXggKChOZXctT2JqZWN0IFN5c3RlbS5OZXQuV2ViQ2xpZW50KS5Eb3dubG9hZFN0cmluZygnaHR0cHM6Ly9kbC1jbGkucHN0bW4uaW8vaW5zdGFsbC93aW42NC5wczEnKSkiDQoNCndpbmdldCBzZXR0aW5ncyAtLWVuYWJsZSBJbnN0YWxsZXJIYXNoT3ZlcnJpZGUNCndpbmdldCBpbnN0YWxsIC0taWQgTWljcm9zb2Z0LlBvd2VyQkkgLS1zb3VyY2Ugd2luZ2V0IC0taWdub3JlLXNlY3VyaXR5LWhhc2ggLS1hY2NlcHQtc291cmNlLWFncmVlbWVudHMNCndpbmdldCBpbnN0YWxsIE1pY3Jvc29mdC5EZXZQcm94eSAtLXNpbGVudA==",
            "dedicated_host_group_id": "",
            "dedicated_host_id": "",
            "disk_controller_type": "SCSI",
            "edge_zone": "",
            "enable_automatic_updates": true,
            "encryption_at_host_enabled": false,
            "eviction_policy": "Deallocate",
            "extensions_time_budget": "PT1H30M",
            "gallery_application": [],
            "hotpatching_enabled": false,
            "id": "/subscriptions/38977b70-47bf-4da5-a492-88712fce8725/resourceGroups/rg-vm-win-swc/providers/Microsoft.Compute/virtualMachines/vm-win11",
            "identity": [
              {
                "identity_ids": [],
                "principal_id": "f6c4f3c8-1ee4-48e5-969d-5050b70148f6",
                "tenant_id": "a8f7faa1-3e2e-4d84-a6cb-daf7eb97d6e4",
                "type": "SystemAssigned"
              }
            ],
            "license_type": "",
            "location": "swedencentral",
            "max_bid_price": -1,
            "name": "vm-win11",
            "network_interface_ids": [
              "/subscriptions/38977b70-47bf-4da5-a492-88712fce8725/resourceGroups/rg-vm-win-swc/providers/Microsoft.Network/networkInterfaces/nic-vm-windows"
            ],
            "os_disk": [
              {
                "caching": "ReadWrite",
                "diff_disk_settings": [],
                "disk_encryption_set_id": "",
                "disk_size_gb": 64,
                "name": "os-disk-vm-windows",
                "secure_vm_disk_encryption_set_id": "",
                "security_encryption_type": "",
                "storage_account_type": "Standard_LRS",
                "write_accelerator_enabled": false
              }
            ],
            "os_image_notification": [],
            "patch_assessment_mode": "ImageDefault",
            "patch_mode": "AutomaticByOS",
            "plan": [],
            "platform_fault_domain": -1,
            "priority": "Spot",
            "private_ip_address": "10.10.0.4",
            "private_ip_addresses": [
              "10.10.0.4"
            ],
            "provision_vm_agent": true,
            "proximity_placement_group_id": "",
            "public_ip_address": "20.91.130.223",
            "public_ip_addresses": [
              "20.91.130.223"
            ],
            "reboot_setting": "",
            "resource_group_name": "rg-vm-win-swc",
            "secret": [],
            "secure_boot_enabled": false,
            "size": "Standard_D4ds_v5",
            "source_image_id": "",
            "source_image_reference": [
              {
                "offer": "windows-ent-cpc",
                "publisher": "MicrosoftWindowsDesktop",
                "sku": "win11-23h2-ent-cpc-m365",
                "version": "latest"
              }
            ],
            "tags": null,
            "termination_notification": null,
            "timeouts": null,
            "timezone": "",
            "user_data": "",
            "virtual_machine_id": "2a265b22-18d4-45f9-ac0b-ae763ae1c10c",
            "virtual_machine_scale_set_id": "",
            "vm_agent_platform_updates_enabled": false,
            "vtpm_enabled": false,
            "winrm_listener": [],
            "zone": ""
          },
          "sensitive_attributes": [
            [
              {
                "type": "get_attr",
                "value": "admin_password"
              }
            ],
            [
              {
                "type": "get_attr",
                "value": "custom_data"
              }
            ]
          ],
          "private": "eyJlMmJmYjczMC1lY2FhLTExZTYtOGY4OC0zNDM2M2JjN2M0YzAiOnsiY3JlYXRlIjoyNzAwMDAwMDAwMDAwLCJkZWxldGUiOjI3MDAwMDAwMDAwMDAsInJlYWQiOjMwMDAwMDAwMDAwMCwidXBkYXRlIjoyNzAwMDAwMDAwMDAwfX0=",
          "dependencies": [
            "azurerm_network_interface.nic-vm-windows",
            "azurerm_public_ip.pip-vm-windows",
            "azurerm_resource_group.rg",
            "azurerm_subnet.snet-vm",
            "azurerm_virtual_network.vnet-spoke-vm"
          ]
        }
      ]
    }
  ],
  "check_results": null
}
