{
  "version": 4,
  "terraform_version": "1.9.8",
  "serial": 16,
  "lineage": "4494297b-90d8-b51f-0cb7-ffe553a61bbf",
  "outputs": {
    "vm_windows_public_ip": {
      "value": "135.225.89.52",
      "type": "string"
    }
  },
  "resources": [
    {
      "mode": "data",
      "type": "azurerm_subscription",
      "name": "current",
      "provider": "provider[\"registry.terraform.io/hashicorp/azurerm\"]",
      "instances": [
        {
          "schema_version": 0,
          "attributes": {
            "display_name": "ME-MngEnvMCAP784683-hodellai-1",
            "id": "/subscriptions/dcef7009-6b94-4382-afdc-17eb160d709a",
            "location_placement_id": "Internal_2014-09-01",
            "quota_id": "Internal_2014-09-01",
            "spending_limit": "Off",
            "state": "Enabled",
            "subscription_id": "dcef7009-6b94-4382-afdc-17eb160d709a",
            "tags": {
              "Division": "Core",
              "Environment": "Hybrid",
              "Purpose": "UserTenant",
              "TimeZone": "_P29145_France_444350001"
            },
            "tenant_id": "93139d1e-a3c1-4d78-9ed5-878be090eba4",
            "timeouts": null
          },
          "sensitive_attributes": []
        }
      ]
    },
    {
      "mode": "managed",
      "type": "azurerm_management_lock",
      "name": "lock-rg",
      "provider": "provider[\"registry.terraform.io/hashicorp/azurerm\"]",
      "instances": [
        {
          "schema_version": 0,
          "attributes": {
            "id": "/subscriptions/dcef7009-6b94-4382-afdc-17eb160d709a/resourceGroups/rg-vm-win-swc/providers/Microsoft.Authorization/locks/do-not-delete",
            "lock_level": "CanNotDelete",
            "name": "do-not-delete",
            "notes": "Items can't be deleted in this rg!",
            "scope": "/subscriptions/dcef7009-6b94-4382-afdc-17eb160d709a/resourceGroups/rg-vm-win-swc",
            "timeouts": null
          },
          "sensitive_attributes": [],
          "private": "eyJlMmJmYjczMC1lY2FhLTExZTYtOGY4OC0zNDM2M2JjN2M0YzAiOnsiY3JlYXRlIjoxODAwMDAwMDAwMDAwLCJkZWxldGUiOjE4MDAwMDAwMDAwMDAsInJlYWQiOjMwMDAwMDAwMDAwMH19",
          "dependencies": [
            "azurerm_resource_group.rg"
          ]
        }
      ]
    },
    {
      "mode": "managed",
      "type": "azurerm_network_interface",
      "name": "nic-vm-windows",
      "provider": "provider[\"registry.terraform.io/hashicorp/azurerm\"]",
      "instances": [
        {
          "schema_version": 0,
          "attributes": {
            "accelerated_networking_enabled": false,
            "applied_dns_servers": [],
            "auxiliary_mode": "",
            "auxiliary_sku": "",
            "dns_servers": [],
            "edge_zone": "",
            "id": "/subscriptions/dcef7009-6b94-4382-afdc-17eb160d709a/resourceGroups/rg-vm-win-swc/providers/Microsoft.Network/networkInterfaces/nic-vm-windows",
            "internal_dns_name_label": "",
            "internal_domain_name_suffix": "",
            "ip_configuration": [
              {
                "gateway_load_balancer_frontend_ip_configuration_id": "",
                "name": "internal",
                "primary": true,
                "private_ip_address": "10.10.0.4",
                "private_ip_address_allocation": "Dynamic",
                "private_ip_address_version": "IPv4",
                "public_ip_address_id": "/subscriptions/dcef7009-6b94-4382-afdc-17eb160d709a/resourceGroups/rg-vm-win-swc/providers/Microsoft.Network/publicIPAddresses/pip-vm-windows",
                "subnet_id": "/subscriptions/dcef7009-6b94-4382-afdc-17eb160d709a/resourceGroups/rg-vm-win-swc/providers/Microsoft.Network/virtualNetworks/vnet-spoke-vm/subnets/snet-vm"
              }
            ],
            "ip_forwarding_enabled": false,
            "location": "swedencentral",
            "mac_address": "7C-1E-52-40-45-7F",
            "name": "nic-vm-windows",
            "private_ip_address": "10.10.0.4",
            "private_ip_addresses": [
              "10.10.0.4"
            ],
            "resource_group_name": "rg-vm-win-swc",
            "tags": {},
            "timeouts": null,
            "virtual_machine_id": "/subscriptions/dcef7009-6b94-4382-afdc-17eb160d709a/resourceGroups/rg-vm-win-swc/providers/Microsoft.Compute/virtualMachines/vm-win11"
          },
          "sensitive_attributes": [],
          "private": "eyJlMmJmYjczMC1lY2FhLTExZTYtOGY4OC0zNDM2M2JjN2M0YzAiOnsiY3JlYXRlIjoxODAwMDAwMDAwMDAwLCJkZWxldGUiOjE4MDAwMDAwMDAwMDAsInJlYWQiOjMwMDAwMDAwMDAwMCwidXBkYXRlIjoxODAwMDAwMDAwMDAwfX0=",
          "dependencies": [
            "azurerm_public_ip.pip-vm-windows",
            "azurerm_resource_group.rg",
            "azurerm_subnet.snet-vm",
            "azurerm_virtual_network.vnet-spoke-vm"
          ]
        }
      ]
    },
    {
      "mode": "managed",
      "type": "azurerm_network_security_group",
      "name": "nsg-vm",
      "provider": "provider[\"registry.terraform.io/hashicorp/azurerm\"]",
      "instances": [
        {
          "schema_version": 0,
          "attributes": {
            "id": "/subscriptions/dcef7009-6b94-4382-afdc-17eb160d709a/resourceGroups/rg-vm-win-swc/providers/Microsoft.Network/networkSecurityGroups/nsg-vm",
            "location": "swedencentral",
            "name": "nsg-vm",
            "resource_group_name": "rg-vm-win-swc",
            "security_rule": [
              {
                "access": "Allow",
                "description": "",
                "destination_address_prefix": "",
                "destination_address_prefixes": [
                  "0.0.0.0/0"
                ],
                "destination_application_security_group_ids": [],
                "destination_port_range": "3389",
                "destination_port_ranges": [],
                "direction": "Inbound",
                "name": "allow-rdp",
                "priority": 1000,
                "protocol": "Tcp",
                "source_address_prefix": "176.177.25.47",
                "source_address_prefixes": [],
                "source_application_security_group_ids": [],
                "source_port_range": "*",
                "source_port_ranges": []
              }
            ],
            "tags": {},
            "timeouts": null
          },
          "sensitive_attributes": [],
          "private": "eyJlMmJmYjczMC1lY2FhLTExZTYtOGY4OC0zNDM2M2JjN2M0YzAiOnsiY3JlYXRlIjoxODAwMDAwMDAwMDAwLCJkZWxldGUiOjE4MDAwMDAwMDAwMDAsInJlYWQiOjMwMDAwMDAwMDAwMCwidXBkYXRlIjoxODAwMDAwMDAwMDAwfX0=",
          "dependencies": [
            "azurerm_resource_group.rg"
          ]
        }
      ]
    },
    {
      "mode": "managed",
      "type": "azurerm_network_security_rule",
      "name": "allow-rdp",
      "provider": "provider[\"registry.terraform.io/hashicorp/azurerm\"]",
      "instances": [
        {
          "schema_version": 0,
          "attributes": {
            "access": "Allow",
            "description": "",
            "destination_address_prefix": "",
            "destination_address_prefixes": [
              "0.0.0.0/0"
            ],
            "destination_application_security_group_ids": [],
            "destination_port_range": "3389",
            "destination_port_ranges": [],
            "direction": "Inbound",
            "id": "/subscriptions/dcef7009-6b94-4382-afdc-17eb160d709a/resourceGroups/rg-vm-win-swc/providers/Microsoft.Network/networkSecurityGroups/nsg-vm/securityRules/allow-rdp",
            "name": "allow-rdp",
            "network_security_group_name": "nsg-vm",
            "priority": 1000,
            "protocol": "Tcp",
            "resource_group_name": "rg-vm-win-swc",
            "source_address_prefix": "176.177.25.47",
            "source_address_prefixes": [],
            "source_application_security_group_ids": [],
            "source_port_range": "*",
            "source_port_ranges": [],
            "timeouts": null
          },
          "sensitive_attributes": [],
          "private": "eyJlMmJmYjczMC1lY2FhLTExZTYtOGY4OC0zNDM2M2JjN2M0YzAiOnsiY3JlYXRlIjoxODAwMDAwMDAwMDAwLCJkZWxldGUiOjE4MDAwMDAwMDAwMDAsInJlYWQiOjMwMDAwMDAwMDAwMCwidXBkYXRlIjoxODAwMDAwMDAwMDAwfX0=",
          "dependencies": [
            "azurerm_network_security_group.nsg-vm",
            "azurerm_resource_group.rg"
          ]
        }
      ]
    },
    {
      "mode": "managed",
      "type": "azurerm_public_ip",
      "name": "pip-vm-windows",
      "provider": "provider[\"registry.terraform.io/hashicorp/azurerm\"]",
      "instances": [
        {
          "schema_version": 0,
          "attributes": {
            "allocation_method": "Static",
            "ddos_protection_mode": "VirtualNetworkInherited",
            "ddos_protection_plan_id": null,
            "domain_name_label": null,
            "edge_zone": "",
            "fqdn": null,
            "id": "/subscriptions/dcef7009-6b94-4382-afdc-17eb160d709a/resourceGroups/rg-vm-win-swc/providers/Microsoft.Network/publicIPAddresses/pip-vm-windows",
            "idle_timeout_in_minutes": 4,
            "ip_address": "135.225.89.52",
            "ip_tags": {},
            "ip_version": "IPv4",
            "location": "swedencentral",
            "name": "pip-vm-windows",
            "public_ip_prefix_id": null,
            "resource_group_name": "rg-vm-win-swc",
            "reverse_fqdn": null,
            "sku": "Standard",
            "sku_tier": "Regional",
            "tags": {},
            "timeouts": null,
            "zones": []
          },
          "sensitive_attributes": [],
          "private": "eyJlMmJmYjczMC1lY2FhLTExZTYtOGY4OC0zNDM2M2JjN2M0YzAiOnsiY3JlYXRlIjoxODAwMDAwMDAwMDAwLCJkZWxldGUiOjE4MDAwMDAwMDAwMDAsInJlYWQiOjMwMDAwMDAwMDAwMCwidXBkYXRlIjoxODAwMDAwMDAwMDAwfX0=",
          "dependencies": [
            "azurerm_resource_group.rg"
          ]
        }
      ]
    },
    {
      "mode": "managed",
      "type": "azurerm_resource_group",
      "name": "rg",
      "provider": "provider[\"registry.terraform.io/hashicorp/azurerm\"]",
      "instances": [
        {
          "schema_version": 0,
          "attributes": {
            "id": "/subscriptions/dcef7009-6b94-4382-afdc-17eb160d709a/resourceGroups/rg-vm-win-swc",
            "location": "swedencentral",
            "managed_by": "",
            "name": "rg-vm-win-swc",
            "tags": {},
            "timeouts": null
          },
          "sensitive_attributes": [],
          "private": "eyJlMmJmYjczMC1lY2FhLTExZTYtOGY4OC0zNDM2M2JjN2M0YzAiOnsiY3JlYXRlIjo1NDAwMDAwMDAwMDAwLCJkZWxldGUiOjU0MDAwMDAwMDAwMDAsInJlYWQiOjMwMDAwMDAwMDAwMCwidXBkYXRlIjo1NDAwMDAwMDAwMDAwfX0="
        }
      ]
    },
    {
      "mode": "managed",
      "type": "azurerm_role_assignment",
      "name": "owner",
      "provider": "provider[\"registry.terraform.io/hashicorp/azurerm\"]",
      "instances": [
        {
          "schema_version": 0,
          "attributes": {
            "condition": "",
            "condition_version": "",
            "delegated_managed_identity_resource_id": "",
            "description": "",
            "id": "/subscriptions/dcef7009-6b94-4382-afdc-17eb160d709a/providers/Microsoft.Authorization/roleAssignments/b07597d0-7a1d-d118-0784-fd73ee5c7331",
            "name": "b07597d0-7a1d-d118-0784-fd73ee5c7331",
            "principal_id": "50101433-b8d6-45f0-aacb-19185664f358",
            "principal_type": "ServicePrincipal",
            "role_definition_id": "/subscriptions/dcef7009-6b94-4382-afdc-17eb160d709a/providers/Microsoft.Authorization/roleDefinitions/8e3af657-a8ff-443c-a75c-2fe8c4bcb635",
            "role_definition_name": "Owner",
            "scope": "/subscriptions/dcef7009-6b94-4382-afdc-17eb160d709a",
            "skip_service_principal_aad_check": null,
            "timeouts": null
          },
          "sensitive_attributes": [],
          "private": "eyJlMmJmYjczMC1lY2FhLTExZTYtOGY4OC0zNDM2M2JjN2M0YzAiOnsiY3JlYXRlIjoxODAwMDAwMDAwMDAwLCJkZWxldGUiOjE4MDAwMDAwMDAwMDAsInJlYWQiOjMwMDAwMDAwMDAwMH19",
          "dependencies": [
            "azurerm_resource_group.rg",
            "azurerm_user_assigned_identity.identity",
            "data.azurerm_subscription.current"
          ]
        }
      ]
    },
    {
      "mode": "managed",
      "type": "azurerm_subnet",
      "name": "snet-vm",
      "provider": "provider[\"registry.terraform.io/hashicorp/azurerm\"]",
      "instances": [
        {
          "schema_version": 0,
          "attributes": {
            "address_prefixes": [
              "10.10.0.0/24"
            ],
            "default_outbound_access_enabled": true,
            "delegation": [],
            "id": "/subscriptions/dcef7009-6b94-4382-afdc-17eb160d709a/resourceGroups/rg-vm-win-swc/providers/Microsoft.Network/virtualNetworks/vnet-spoke-vm/subnets/snet-vm",
            "name": "snet-vm",
            "private_endpoint_network_policies": "Disabled",
            "private_link_service_network_policies_enabled": true,
            "resource_group_name": "rg-vm-win-swc",
            "service_endpoint_policy_ids": [],
            "service_endpoints": [],
            "timeouts": null,
            "virtual_network_name": "vnet-spoke-vm"
          },
          "sensitive_attributes": [],
          "private": "eyJlMmJmYjczMC1lY2FhLTExZTYtOGY4OC0zNDM2M2JjN2M0YzAiOnsiY3JlYXRlIjoxODAwMDAwMDAwMDAwLCJkZWxldGUiOjE4MDAwMDAwMDAwMDAsInJlYWQiOjMwMDAwMDAwMDAwMCwidXBkYXRlIjoxODAwMDAwMDAwMDAwfX0=",
          "dependencies": [
            "azurerm_resource_group.rg",
            "azurerm_virtual_network.vnet-spoke-vm"
          ]
        }
      ]
    },
    {
      "mode": "managed",
      "type": "azurerm_subnet_network_security_group_association",
      "name": "nsg-association",
      "provider": "provider[\"registry.terraform.io/hashicorp/azurerm\"]",
      "instances": [
        {
          "schema_version": 0,
          "attributes": {
            "id": "/subscriptions/dcef7009-6b94-4382-afdc-17eb160d709a/resourceGroups/rg-vm-win-swc/providers/Microsoft.Network/virtualNetworks/vnet-spoke-vm/subnets/snet-vm",
            "network_security_group_id": "/subscriptions/dcef7009-6b94-4382-afdc-17eb160d709a/resourceGroups/rg-vm-win-swc/providers/Microsoft.Network/networkSecurityGroups/nsg-vm",
            "subnet_id": "/subscriptions/dcef7009-6b94-4382-afdc-17eb160d709a/resourceGroups/rg-vm-win-swc/providers/Microsoft.Network/virtualNetworks/vnet-spoke-vm/subnets/snet-vm",
            "timeouts": null
          },
          "sensitive_attributes": [],
          "private": "eyJlMmJmYjczMC1lY2FhLTExZTYtOGY4OC0zNDM2M2JjN2M0YzAiOnsiY3JlYXRlIjoxODAwMDAwMDAwMDAwLCJkZWxldGUiOjE4MDAwMDAwMDAwMDAsInJlYWQiOjMwMDAwMDAwMDAwMH19",
          "dependencies": [
            "azurerm_network_security_group.nsg-vm",
            "azurerm_resource_group.rg",
            "azurerm_subnet.snet-vm",
            "azurerm_virtual_network.vnet-spoke-vm"
          ]
        }
      ]
    },
    {
      "mode": "managed",
      "type": "azurerm_user_assigned_identity",
      "name": "identity",
      "provider": "provider[\"registry.terraform.io/hashicorp/azurerm\"]",
      "instances": [
        {
          "schema_version": 1,
          "attributes": {
            "client_id": "96e9b297-230c-4514-8952-497e1f0ffa63",
            "id": "/subscriptions/dcef7009-6b94-4382-afdc-17eb160d709a/resourceGroups/rg-vm-win-swc/providers/Microsoft.ManagedIdentity/userAssignedIdentities/identity-vm",
            "location": "swedencentral",
            "name": "identity-vm",
            "principal_id": "50101433-b8d6-45f0-aacb-19185664f358",
            "resource_group_name": "rg-vm-win-swc",
            "tags": {},
            "tenant_id": "93139d1e-a3c1-4d78-9ed5-878be090eba4",
            "timeouts": null
          },
          "sensitive_attributes": [],
          "private": "eyJlMmJmYjczMC1lY2FhLTExZTYtOGY4OC0zNDM2M2JjN2M0YzAiOnsiY3JlYXRlIjoxODAwMDAwMDAwMDAwLCJkZWxldGUiOjE4MDAwMDAwMDAwMDAsInJlYWQiOjMwMDAwMDAwMDAwMCwidXBkYXRlIjoxODAwMDAwMDAwMDAwfSwic2NoZW1hX3ZlcnNpb24iOiIxIn0=",
          "dependencies": [
            "azurerm_resource_group.rg"
          ]
        }
      ]
    },
    {
      "mode": "managed",
      "type": "azurerm_virtual_machine_extension",
      "name": "cse",
      "provider": "provider[\"registry.terraform.io/hashicorp/azurerm\"]",
      "instances": [
        {
          "schema_version": 0,
          "attributes": {
            "auto_upgrade_minor_version": false,
            "automatic_upgrade_enabled": false,
            "failure_suppression_enabled": false,
            "id": "/subscriptions/dcef7009-6b94-4382-afdc-17eb160d709a/resourceGroups/rg-vm-win-swc/providers/Microsoft.Compute/virtualMachines/vm-win11/extensions/cse",
            "name": "cse",
            "protected_settings": null,
            "protected_settings_from_key_vault": [],
            "provision_after_extensions": [],
            "publisher": "Microsoft.Compute",
            "settings": "{\"commandToExecute\":\"powershell -ExecutionPolicy unrestricted -NoProfile -NonInteractive -command \\\"cp c:/azuredata/customdata.bin c:/azuredata/install.ps1; c:/azuredata/install.ps1\\\"\"}",
            "tags": {},
            "timeouts": null,
            "type": "CustomScriptExtension",
            "type_handler_version": "1.10",
            "virtual_machine_id": "/subscriptions/dcef7009-6b94-4382-afdc-17eb160d709a/resourceGroups/rg-vm-win-swc/providers/Microsoft.Compute/virtualMachines/vm-win11"
          },
          "sensitive_attributes": [
            [
              {
                "type": "get_attr",
                "value": "protected_settings"
              }
            ]
          ],
          "private": "eyJlMmJmYjczMC1lY2FhLTExZTYtOGY4OC0zNDM2M2JjN2M0YzAiOnsiY3JlYXRlIjoxODAwMDAwMDAwMDAwLCJkZWxldGUiOjE4MDAwMDAwMDAwMDAsInJlYWQiOjMwMDAwMDAwMDAwMCwidXBkYXRlIjoxODAwMDAwMDAwMDAwfX0=",
          "dependencies": [
            "azurerm_network_interface.nic-vm-windows",
            "azurerm_public_ip.pip-vm-windows",
            "azurerm_resource_group.rg",
            "azurerm_subnet.snet-vm",
            "azurerm_user_assigned_identity.identity",
            "azurerm_virtual_network.vnet-spoke-vm",
            "azurerm_windows_virtual_machine.vm-windows"
          ]
        }
      ]
    },
    {
      "mode": "managed",
      "type": "azurerm_virtual_network",
      "name": "vnet-spoke-vm",
      "provider": "provider[\"registry.terraform.io/hashicorp/azurerm\"]",
      "instances": [
        {
          "schema_version": 0,
          "attributes": {
            "address_space": [
              "10.10.0.0/16"
            ],
            "bgp_community": "",
            "ddos_protection_plan": [],
            "dns_servers": [],
            "edge_zone": "",
            "encryption": [],
            "flow_timeout_in_minutes": 0,
            "guid": "ee2fd7a1-affb-4e9d-9e20-25b9d267395b",
            "id": "/subscriptions/dcef7009-6b94-4382-afdc-17eb160d709a/resourceGroups/rg-vm-win-swc/providers/Microsoft.Network/virtualNetworks/vnet-spoke-vm",
            "location": "swedencentral",
            "name": "vnet-spoke-vm",
            "resource_group_name": "rg-vm-win-swc",
            "subnet": [
              {
                "address_prefixes": [
                  "10.10.0.0/24"
                ],
                "default_outbound_access_enabled": true,
                "delegation": [],
                "id": "/subscriptions/dcef7009-6b94-4382-afdc-17eb160d709a/resourceGroups/rg-vm-win-swc/providers/Microsoft.Network/virtualNetworks/vnet-spoke-vm/subnets/snet-vm",
                "name": "snet-vm",
                "private_endpoint_network_policies": "Disabled",
                "private_link_service_network_policies_enabled": true,
                "route_table_id": "",
                "security_group": "/subscriptions/dcef7009-6b94-4382-afdc-17eb160d709a/resourceGroups/rg-vm-win-swc/providers/Microsoft.Network/networkSecurityGroups/nsg-vm",
                "service_endpoint_policy_ids": [],
                "service_endpoints": []
              }
            ],
            "tags": {},
            "timeouts": null
          },
          "sensitive_attributes": [],
          "private": "eyJlMmJmYjczMC1lY2FhLTExZTYtOGY4OC0zNDM2M2JjN2M0YzAiOnsiY3JlYXRlIjoxODAwMDAwMDAwMDAwLCJkZWxldGUiOjE4MDAwMDAwMDAwMDAsInJlYWQiOjMwMDAwMDAwMDAwMCwidXBkYXRlIjoxODAwMDAwMDAwMDAwfX0=",
          "dependencies": [
            "azurerm_resource_group.rg"
          ]
        }
      ]
    },
    {
      "mode": "managed",
      "type": "azurerm_windows_virtual_machine",
      "name": "vm-windows",
      "provider": "provider[\"registry.terraform.io/hashicorp/azurerm\"]",
      "instances": [
        {
          "schema_version": 0,
          "attributes": {
            "additional_capabilities": [],
            "additional_unattend_content": [],
            "admin_password": "@Aa123456789",
            "admin_username": "azureuser",
            "allow_extension_operations": true,
            "availability_set_id": "",
            "boot_diagnostics": [
              {
                "storage_account_uri": ""
              }
            ],
            "bypass_platform_safety_checks_on_user_schedule_enabled": false,
            "capacity_reservation_group_id": "",
            "computer_name": "vm-win11",
            "custom_data": "IyBUaGUgc2NyaXB0IHdpbGwgYmUgZG93bmxvYWRlZCBpbnRvIHRoZSBWTTogQzpcUGFja2FnZXNcUGx1Z2luc1xNaWNyb3NvZnQuQ29tcHV0ZS5DdXN0b21TY3JpcHRFeHRlbnNpb25cMS4xMC4xNVxEb3dubG9hZHNcMA0KDQojIEluc3RhbGwgY2hvY29sYXRlbHkNClNldC1FeGVjdXRpb25Qb2xpY3kgQnlwYXNzIC1TY29wZSBQcm9jZXNzIC1Gb3JjZTsgW1N5c3RlbS5OZXQuU2VydmljZVBvaW50TWFuYWdlcl06OlNlY3VyaXR5UHJvdG9jb2wgPSBbU3lzdGVtLk5ldC5TZXJ2aWNlUG9pbnRNYW5hZ2VyXTo6U2VjdXJpdHlQcm90b2NvbCAtYm9yIDMwNzI7IGlleCAoKE5ldy1PYmplY3QgU3lzdGVtLk5ldC5XZWJDbGllbnQpLkRvd25sb2FkU3RyaW5nKCdodHRwczovL2Nob2NvbGF0ZXkub3JnL2luc3RhbGwucHMxJykpDQoNCiMgSW5zdGFsbCBUZXJtaW5hbCAoYWxyZWFkeSBpbnN0YWxsZWQgaW4gV2luZG93cyAxMSkNCiMgY2hvY28gaW5zdGFsbCBtaWNyb3NvZnQtd2luZG93cy10ZXJtaW5hbCAteQ0KDQojIyBTdGFydCBUZXJtaW5hbA0KDQojIEluc3RhbGwgQXp1cmUgQ0xJDQpjaG9jbyBpbnN0YWxsIGF6dXJlLWNsaSAteQ0KIyBJbnZva2UtV2ViUmVxdWVzdCAtVXJpIGh0dHBzOi8vYWthLm1zL2luc3RhbGxhenVyZWNsaXdpbmRvd3MgLU91dEZpbGUgLlxBenVyZUNMSS5tc2k7IFN0YXJ0LVByb2Nlc3MgbXNpZXhlYy5leGUgLVdhaXQgLUFyZ3VtZW50TGlzdCAnL0kgQXp1cmVDTEkubXNpIC9xdWlldCc7IHJtIC5cQXp1cmVDTEkubXNpDQoNCiMgSW5zdGFsbCBLdWJlcm5ldGVzIENMSQ0KY2hvY28gaW5zdGFsbCBrdWJlcm5ldGVzLWNsaSAteQ0KDQojIEluc3RhbGwga3ViZWxvZ2luDQpjaG9jbyBpbnN0YWxsIGF6dXJlLWt1YmVsb2dpbiAteQ0KDQojIEluc3RhbGwgSGVsbSBDTEkNCmNob2NvIGluc3RhbGwga3ViZXJuZXRlcy1oZWxtIC15DQoNCiMgSW5zdGFsbCBUZXJyYWZvcm0NCmNob2NvIGluc3RhbGwgdGVycmFmb3JtIC15DQoNCiMgSW5zdGFsbCBqcQ0KY2hvY28gaW5zdGFsbCBqcSAteQ0KDQojIEluc3RhbGwgeXENCmNob2NvIGluc3RhbGwgeXEgLXkNCg0KIyBJbnN0YWxsIFZTIENvZGUNCmNob2NvIGluc3RhbGwgdnNjb2RlIC15DQoNCiMgSW5zdGFsbCBFZGdlDQpjaG9jbyBpbnN0YWxsIG1pY3Jvc29mdC1lZGdlIC15DQojIEluc3RhbGwgTGVucw0KY2hvY28gaW5zdGFsbCBsZW5zIC15DQoNCiMgSW5zdGFsbCBHaXQNCmNob2NvIGluc3RhbGwgZ2l0IC15DQoNCmNob2NvIGluc3RhbGwgb3BlbnNzbCAteQ0KDQojIEluc3RhbGwgQXp1cmUgU3RvcmFnZSBFeHBsb3Jlcg0KY2hvY28gaW5zdGFsbCBtaWNyb3NvZnRhenVyZXN0b3JhZ2VleHBsb3JlciAteQ0KDQojIEluc3RhbGwgQXp1cmUgRGF0YSBTdHVkaW8NCmNob2NvIGluc3RhbGwgYXp1cmUtZGF0YS1zdHVkaW8gLXkNCg0KIyBJbnN0YWxsIGN1cmwNCmNob2NvIGluc3RhbGwgY3VybCAteQ0KDQojIEluc3RhbGwgcHl0aG9uDQpjaG9jbyBpbnN0YWxsIHB5dGhvbiAteQ0KDQojIEluc3RhbGwgZmZtcGVnDQpjaG9jbyBpbnN0YWxsIGZmbXBlZyAteQ0KDQojIGluc3RhbGwgYXV0by1lZGl0b3INCnB5IC1tIHBpcCBpbnN0YWxsIGF1dG8tZWRpdG9yDQoNCiMgaW5zdGFsbCBWTEMNCmNob2NvIGluc3RhbGwgdmxjIC15DQoNCiMgaW5zdGFsbCB3aW5yYXINCmNob2NvIGluc3RhbGwgd2lucmFyIC15DQoNCiMgaW5zdGFsbCBvcGVuc3NsDQpjaG9jbyBpbnN0YWxsIG9wZW5zc2wgLXkNCg0KIyBpbnN0YWxsIHNxbGNtZA0KY2hvY28gaW5zdGFsbCBzcWxjbWQgLXkNCg0KY2hvY28gaW5zdGFsbCBsZW5zIC15DQoNClNldC1BbGlhcyAtTmFtZSBrIC1WYWx1ZSBrdWJlY3RsDQoNCiMgIyAoT3B0aW9uYWwpIEluc3RhbGwgRG9ja2VyIGZvciBEZXNrdG9wDQojIGNob2NvIGluc3RhbGwgZG9ja2VyLWRlc2t0b3AgLXkNCiMgY2hvY28gaW5zdGFsbCBkb2NrZXItY2xpIC15DQoNCiMgQ29uZmlndXJlIEF1dG8tQ29tcGxldGUNClNldC1FeGVjdXRpb25Qb2xpY3kgUmVtb3RlU2lnbmVkDQojIENyZWF0ZSBwcm9maWxlIHdoZW4gbm90IGV4aXN0DQppZiAoIShUZXN0LVBhdGggLVBhdGggJFBST0ZJTEUuQ3VycmVudFVzZXJBbGxIb3N0cykpIHsNCiAgTmV3LUl0ZW0gLUl0ZW1UeXBlIEZpbGUgLVBhdGggJFBST0ZJTEUuQ3VycmVudFVzZXJBbGxIb3N0cyAtRm9yY2UNCn0NCiMgT3BlbiB0aGUgcHJvZmlsZSB3aXRoIGFuIGVkaXRvciAoZS5nLiBnb29kIG9sZCBOb3RlcGFkKQ0KIyBpaSAkUFJPRklMRS5DdXJyZW50VXNlckFsbEhvc3RzDQojIEluIHRoZSBlZGl0b3IgYWRkIHRoZSBmb2xsb3dpbmcgbGluZXMgdG8gdGhlIHByb2ZpbGU6DQokcG93ZXJzaGVsbFByb2ZpbGU9QCINCiMgU2hvd3MgbmF2aWdhYmxlIG1lbnUgb2YgYWxsIG9wdGlvbnMgd2hlbiBoaXR0aW5nIFRhYg0KU2V0LVBTUmVhZGxpbmVLZXlIYW5kbGVyIC1LZXkgVGFiIC1GdW5jdGlvbiBNZW51Q29tcGxldGUNCg0KIyBBdXRvY29tcGxldGlvbiBmb3IgYXJyb3cga2V5cw0KU2V0LVBTUmVhZGxpbmVLZXlIYW5kbGVyIC1LZXkgVXBBcnJvdyAtRnVuY3Rpb24gSGlzdG9yeVNlYXJjaEJhY2t3YXJkDQpTZXQtUFNSZWFkbGluZUtleUhhbmRsZXIgLUtleSBEb3duQXJyb3cgLUZ1bmN0aW9uIEhpc3RvcnlTZWFyY2hGb3J3YXJkDQoNCkltcG9ydC1Nb2R1bGUgcG9zaC1naXQNCg0KSW1wb3J0LU1vZHVsZSBQU1JlYWRMaW5lDQpTZXQtUFNSZWFkTGluZU9wdGlvbiAtY29sb3JzIEB7IERlZmF1bHQgPSAiR3JlZW4ifQ0KU2V0LVBTUmVhZExpbmVPcHRpb24gLWNvbG9ycyBAeyBQYXJhbWV0ZXIgPSAiQmx1ZSJ9DQpTZXQtUFNSZWFkTGluZU9wdGlvbiAtY29sb3JzIEB7IENvbW1hbmQgPSAiTWFnZW50YSJ9DQoNCmZ1bmN0aW9uIHByb21wdCB7DQoiICQgIg0KfQ0KDQpJbXBvcnQtTW9kdWxlIFRlcm1pbmFsLUljb25zDQoNCkNsZWFyDQoNCnB3ZA0KDQoiQA0KDQokcG93ZXJzaGVsbFByb2ZpbGUgPiAkUFNIT01FXFByb2ZpbGUucHMxICMgJFBST0ZJTEUuQ3VycmVudFVzZXJBbGxIb3N0cw0KDQojICMgU2V0IHVwIGxhbmd1YWdlIHByZWZlcmVuY2UNCiMgJExhbmd1YWdlTGlzdCA9IEdldC1XaW5Vc2VyTGFuZ3VhZ2VMaXN0DQojICRMYW5ndWFnZUxpc3QuQWRkKCJmci1GUiIpDQojIFNldC1XaW5Vc2VyTGFuZ3VhZ2VMaXN0ICRMYW5ndWFnZUxpc3QNCg0KIyMgUmVzdGFydCBUZXJtaW5hbA0KDQojICMgSW5zdGFsbCBUZXJyYWZvcm0gZXh0ZW5zaW9uIGluIFZTIENvZGUNCmNvZGUgLS1pbnN0YWxsLWV4dGVuc2lvbiBoYXNoaWNvcnAudGVycmFmb3JtDQpjb2RlIC0taW5zdGFsbC1leHRlbnNpb24gbXMtYXp1cmV0b29scy52c2NvZGUtYXp1cmV0ZXJyYWZvcm0NCg0KY29kZSAtLWluc3RhbGwtZXh0ZW5zaW9uIFBvc3RtYW4ucG9zdG1hbi1mb3ItdnNjb2RlDQoNCmNvZGUgLS1pbnN0YWxsLWV4dGVuc2lvbiBnaXRodWIuY29waWxvdA0KDQpjb2RlIC0taW5zdGFsbC1leHRlbnNpb24gbXMta3ViZXJuZXRlcy10b29scy52c2NvZGUta3ViZXJuZXRlcy10b29scw0KY29kZSAtLWluc3RhbGwtZXh0ZW5zaW9uIG1zLWt1YmVybmV0ZXMtdG9vbHMudnNjb2RlLWFrcy10b29scw0KY29kZSAtLWluc3RhbGwtZXh0ZW5zaW9uIG1zLWF6dXJldG9vbHMudnNjb2RlLWF6dXJlY29udGFpbmVyYXBwcw0KY29kZSAtLWluc3RhbGwtZXh0ZW5zaW9uIG1zLWF6dXJldG9vbHMudnNjb2RlLWRvY2tlcg0KDQpjb2RlIC0taW5zdGFsbC1leHRlbnNpb24gbXMtdnNjb2RlLnZzY29kZS1ub2RlLWF6dXJlLXBhY2sNCmNvZGUgLS1pbnN0YWxsLWV4dGVuc2lvbiBtcy1henVyZXRvb2xzLnZzY29kZS1henVyZXJlc291cmNlZ3JvdXBzDQpjb2RlIC0taW5zdGFsbC1leHRlbnNpb24gbXMtYXp1cmV0b29scy52c2NvZGUtYXp1cmV2aXJ0dWFsbWFjaGluZXMNCmNvZGUgLS1pbnN0YWxsLWV4dGVuc2lvbiBtcy12c2NvZGUuYXp1cmVjbGkNCmNvZGUgLS1pbnN0YWxsLWV4dGVuc2lvbiBtcy1henVyZS1kZXZvcHMuYXp1cmUtcGlwZWxpbmVzDQoNCiMgY2QgLlxEZXNrdG9wXA0KIyBnaXQgY2xvbmUgaHR0cHM6Ly9naXRodWIuY29tL0hvdXNzZW1EZWxsYWkvYWtzLWVudGVycHJpc2UNCiMgY2QgYWtzLWVudGVycHJpc2UNCiMgY29kZSAuDQoNCiMgYXogbG9naW4gLS1pZGVudGl0eQ0KIyBheiBhY2NvdW50IHNldCAtLXN1YnNjcmlwdGlvbiAiTWljcm9zb2Z0LUF6dXJlLU5vblByb2QiDQojIGF6IGFrcyBsaXN0IC1vIHRhYmxlDQojIGF6IGFrcyBnZXQtY3JlZGVudGlhbHMgLWcgcmctbHpha3Mtc3Bva2Utd2V1LWFrcy1jbHVzdGVyIC1uIGFrcy1jbHVzdGVyDQoNCiMga3ViZWxvZ2luIGNvbnZlcnQta3ViZWNvbmZpZyAtbCBhenVyZWNsaQ0KDQojIGt1YmVjdGwgZ2V0IG5vZGVzDQojIGt1YmVjdGwgZ2V0IHBvZHMgLUENCiMga3ViZWN0bCBydW4gbmdpbnggLS1pbWFnZT1uZ2lueA0KIyBrdWJlY3RsIGV4ZWMgbmdpbnggLWl0IC0tIGxzDQojIGt1YmVjdGwgY3JlYXRlIGRlcGxveW1lbnQgbmdpbnggLS1pbWFnZT1uZ2lueCAtLXJlcGxpY2FzPTMNCg0KDQojICRBQ1JfTkFNRT0kKGF6IGFjciBsaXN0IC0tcXVlcnkgWzBdLm5hbWUgLW8gdHN2KQ0KIyAkQUNSX1RPS0VOPSQoYXogYWNyIGxvZ2luIC0tbmFtZSAkQUNSX05BTUUgLS1leHBvc2UtdG9rZW4gLS1vdXRwdXQgdHN2IC0tcXVlcnkgYWNjZXNzVG9rZW4pDQojIGRvY2tlciBsb2dpbiAkQUNSX05BTUUuYXp1cmVjci5pbyAtdSAkQUNSX05BTUUgLXAgJEFDUl9UT0tFTg0KDQojIGRvY2tlciBwdWxsICRBQ1JfTkFNRS5henVyZWNyLmlvL2hlbGxvLXdvcmxkOmxhdGVzdA0KDQojICMgSU1EUw0KIyBJbnZva2UtUmVzdE1ldGhvZCAtSGVhZGVycyBAeyJNZXRhZGF0YSI9InRydWUifSAtTWV0aG9kIEdFVCAtTm9Qcm94eSAtVXJpICJodHRwOi8vMTY5LjI1NC4xNjkuMjU0L21ldGFkYXRhL2luc3RhbmNlP2FwaS12ZXJzaW9uPTIwMjEtMDItMDEiIHwgQ29udmVydFRvLUpzb24gLURlcHRoIDY0DQoNCiMgSW5zdGFsbCBDYW10YXNpYQ0KDQpJbnZva2UtV2ViUmVxdWVzdCAtVXJpIGh0dHBzOi8vZG93bmxvYWQudGVjaHNtaXRoLmNvbS9jYW10YXNpYXN0dWRpby9yZWxlYXNlcy8yMjU0L2NhbXRhc2lhLm1zaSAtT3V0RmlsZSAuXGNhbXRhc2lhLm1zaTsgU3RhcnQtUHJvY2VzcyBtc2lleGVjLmV4ZSAtV2FpdCAtQXJndW1lbnRMaXN0ICcvSSBjYW10YXNpYS5tc2kgL3F1aWV0JzsNCiMgSW52b2tlLVdlYlJlcXVlc3QgLVVyaSBodHRwczovL25ldGNvbG9nbmUuZGwuc291cmNlZm9yZ2UubmV0L3Byb2plY3Qvc2hvdGN1dC92MjQuMDQuMjgvc2hvdGN1dC13aW42NC0yNDA0MjguZXhlIC1PdXRGaWxlIC5cc2hvdGN1dC13aW42NC0yNDA0MjguZXhlOyBTdGFydC1Qcm9jZXNzIG1zaWV4ZWMuZXhlIC1XYWl0IC1Bcmd1bWVudExpc3QgJy9JIGNhbXRhc2lhLm1zaSAvcXVpZXQnOw0KDQojIGluc3RhbGwgUG93ZXJzaGVsbCBDb3JlDQpjaG9jbyBpbnN0YWxsIHBvd2Vyc2hlbGwtY29yZSAteQ0KIyB3aW5nZXQgaW5zdGFsbCAtLWlkIE1pY3Jvc29mdC5Qb3dlcnNoZWxsIC0tc291cmNlIHdpbmdldA0KDQojICMgaW5zdGFsbCBQb3N0bWFuIENMSQ0KIyBwb3dlcnNoZWxsLmV4ZSAtTm9Qcm9maWxlIC1JbnB1dEZvcm1hdCBOb25lIC1FeGVjdXRpb25Qb2xpY3kgQWxsU2lnbmVkIC1Db21tYW5kICJbU3lzdGVtLk5ldC5TZXJ2aWNlUG9pbnRNYW5hZ2VyXTo6U2VjdXJpdHlQcm90b2NvbCA9IDMwNzI7IGlleCAoKE5ldy1PYmplY3QgU3lzdGVtLk5ldC5XZWJDbGllbnQpLkRvd25sb2FkU3RyaW5nKCdodHRwczovL2RsLWNsaS5wc3Rtbi5pby9pbnN0YWxsL3dpbjY0LnBzMScpKSINCg0Kd2luZ2V0IHNldHRpbmdzIC0tZW5hYmxlIEluc3RhbGxlckhhc2hPdmVycmlkZQ0Kd2luZ2V0IGluc3RhbGwgLS1pZCBNaWNyb3NvZnQuUG93ZXJCSSAtLXNvdXJjZSB3aW5nZXQgLS1pZ25vcmUtc2VjdXJpdHktaGFzaCAtLWFjY2VwdC1zb3VyY2UtYWdyZWVtZW50cw0Kd2luZ2V0IGluc3RhbGwgTWljcm9zb2Z0LkRldlByb3h5IC0tc2lsZW50DQo=",
            "dedicated_host_group_id": "",
            "dedicated_host_id": "",
            "disk_controller_type": "SCSI",
            "edge_zone": "",
            "enable_automatic_updates": true,
            "encryption_at_host_enabled": false,
            "eviction_policy": "Deallocate",
            "extensions_time_budget": "PT1H30M",
            "gallery_application": [],
            "hotpatching_enabled": false,
            "id": "/subscriptions/dcef7009-6b94-4382-afdc-17eb160d709a/resourceGroups/rg-vm-win-swc/providers/Microsoft.Compute/virtualMachines/vm-win11",
            "identity": [
              {
                "identity_ids": [
                  "/subscriptions/dcef7009-6b94-4382-afdc-17eb160d709a/resourceGroups/rg-vm-win-swc/providers/Microsoft.ManagedIdentity/userAssignedIdentities/identity-vm"
                ],
                "principal_id": "9401f9b5-6d80-4b5f-b1f8-ec55c99ebd51",
                "tenant_id": "93139d1e-a3c1-4d78-9ed5-878be090eba4",
                "type": "SystemAssigned, UserAssigned"
              }
            ],
            "license_type": "",
            "location": "swedencentral",
            "max_bid_price": -1,
            "name": "vm-win11",
            "network_interface_ids": [
              "/subscriptions/dcef7009-6b94-4382-afdc-17eb160d709a/resourceGroups/rg-vm-win-swc/providers/Microsoft.Network/networkInterfaces/nic-vm-windows"
            ],
            "os_disk": [
              {
                "caching": "ReadWrite",
                "diff_disk_settings": [],
                "disk_encryption_set_id": "",
                "disk_size_gb": 127,
                "name": "os-disk-vm-windows",
                "secure_vm_disk_encryption_set_id": "",
                "security_encryption_type": "",
                "storage_account_type": "Standard_LRS",
                "write_accelerator_enabled": false
              }
            ],
            "os_image_notification": [],
            "patch_assessment_mode": "ImageDefault",
            "patch_mode": "AutomaticByOS",
            "plan": [],
            "platform_fault_domain": -1,
            "priority": "Spot",
            "private_ip_address": "10.10.0.4",
            "private_ip_addresses": [
              "10.10.0.4"
            ],
            "provision_vm_agent": true,
            "proximity_placement_group_id": "",
            "public_ip_address": "135.225.89.52",
            "public_ip_addresses": [
              "135.225.89.52"
            ],
            "reboot_setting": "",
            "resource_group_name": "rg-vm-win-swc",
            "secret": [],
            "secure_boot_enabled": false,
            "size": "Standard_D4ds_v5",
            "source_image_id": "",
            "source_image_reference": [
              {
                "offer": "windows-11",
                "publisher": "MicrosoftWindowsDesktop",
                "sku": "win11-24h2-pro",
                "version": "latest"
              }
            ],
            "tags": {},
            "termination_notification": [],
            "timeouts": null,
            "timezone": "",
            "user_data": "",
            "virtual_machine_id": "d8b8a478-3500-4968-ad29-6395aac07fe4",
            "virtual_machine_scale_set_id": "",
            "vm_agent_platform_updates_enabled": true,
            "vtpm_enabled": false,
            "winrm_listener": [],
            "zone": ""
          },
          "sensitive_attributes": [
            [
              {
                "type": "get_attr",
                "value": "admin_password"
              }
            ],
            [
              {
                "type": "get_attr",
                "value": "custom_data"
              }
            ]
          ],
          "private": "eyJlMmJmYjczMC1lY2FhLTExZTYtOGY4OC0zNDM2M2JjN2M0YzAiOnsiY3JlYXRlIjoyNzAwMDAwMDAwMDAwLCJkZWxldGUiOjI3MDAwMDAwMDAwMDAsInJlYWQiOjMwMDAwMDAwMDAwMCwidXBkYXRlIjoyNzAwMDAwMDAwMDAwfX0=",
          "dependencies": [
            "azurerm_network_interface.nic-vm-windows",
            "azurerm_public_ip.pip-vm-windows",
            "azurerm_resource_group.rg",
            "azurerm_subnet.snet-vm",
            "azurerm_user_assigned_identity.identity",
            "azurerm_virtual_network.vnet-spoke-vm"
          ]
        }
      ]
    }
  ],
  "check_results": null
}
