{
  "version": 4,
  "terraform_version": "1.11.4",
  "serial": 15,
  "lineage": "8e95186d-d422-1e62-2938-6851326608b7",
  "outputs": {},
  "resources": [
    {
      "mode": "data",
      "type": "azurerm_subscription",
      "name": "current",
      "provider": "provider[\"registry.terraform.io/hashicorp/azurerm\"]",
      "instances": [
        {
          "schema_version": 0,
          "attributes": {
            "display_name": "ME-MngEnvMCAP784683-hodellai-1",
            "id": "/subscriptions/dcef7009-6b94-4382-afdc-17eb160d709a",
            "location_placement_id": "Internal_2014-09-01",
            "quota_id": "Internal_2014-09-01",
            "spending_limit": "Off",
            "state": "Enabled",
            "subscription_id": "dcef7009-6b94-4382-afdc-17eb160d709a",
            "tags": {
              "Division": "Core",
              "Environment": "Hybrid",
              "Purpose": "UserTenant",
              "TimeZone": "_P29145_France_444350001"
            },
            "tenant_id": "93139d1e-a3c1-4d78-9ed5-878be090eba4",
            "timeouts": null
          },
          "sensitive_attributes": []
        }
      ]
    },
    {
      "mode": "managed",
      "type": "azurerm_bastion_host",
      "name": "bastion-dev",
      "provider": "provider[\"registry.terraform.io/hashicorp/azurerm\"]",
      "instances": [
        {
          "schema_version": 0,
          "attributes": {
            "copy_paste_enabled": true,
            "dns_name": "omnibrain.francecentral.bastionglobal.azure.com",
            "file_copy_enabled": false,
            "id": "/subscriptions/dcef7009-6b94-4382-afdc-17eb160d709a/resourceGroups/rg-vm-win-frc-001/providers/Microsoft.Network/bastionHosts/bastion-dev",
            "ip_configuration": [],
            "ip_connect_enabled": false,
            "kerberos_enabled": false,
            "location": "francecentral",
            "name": "bastion-dev",
            "resource_group_name": "rg-vm-win-frc-001",
            "scale_units": 2,
            "session_recording_enabled": false,
            "shareable_link_enabled": false,
            "sku": "Developer",
            "tags": null,
            "timeouts": null,
            "tunneling_enabled": false,
            "virtual_network_id": "/subscriptions/dcef7009-6b94-4382-afdc-17eb160d709a/resourceGroups/rg-vm-win-frc-001/providers/Microsoft.Network/virtualNetworks/vnet-spoke-vm",
            "zones": null
          },
          "sensitive_attributes": [],
          "private": "eyJlMmJmYjczMC1lY2FhLTExZTYtOGY4OC0zNDM2M2JjN2M0YzAiOnsiY3JlYXRlIjoxODAwMDAwMDAwMDAwLCJkZWxldGUiOjE4MDAwMDAwMDAwMDAsInJlYWQiOjMwMDAwMDAwMDAwMCwidXBkYXRlIjoxODAwMDAwMDAwMDAwfX0=",
          "dependencies": [
            "azurerm_resource_group.rg",
            "azurerm_virtual_network.vnet-spoke-vm"
          ]
        }
      ]
    },
    {
      "mode": "managed",
      "type": "azurerm_management_lock",
      "name": "lock-rg",
      "provider": "provider[\"registry.terraform.io/hashicorp/azurerm\"]",
      "instances": [
        {
          "schema_version": 0,
          "attributes": {
            "id": "/subscriptions/dcef7009-6b94-4382-afdc-17eb160d709a/resourceGroups/rg-vm-win-frc-001/providers/Microsoft.Authorization/locks/do-not-delete",
            "lock_level": "CanNotDelete",
            "name": "do-not-delete",
            "notes": "Items can't be deleted in this rg!",
            "scope": "/subscriptions/dcef7009-6b94-4382-afdc-17eb160d709a/resourceGroups/rg-vm-win-frc-001",
            "timeouts": null
          },
          "sensitive_attributes": [],
          "private": "eyJlMmJmYjczMC1lY2FhLTExZTYtOGY4OC0zNDM2M2JjN2M0YzAiOnsiY3JlYXRlIjoxODAwMDAwMDAwMDAwLCJkZWxldGUiOjE4MDAwMDAwMDAwMDAsInJlYWQiOjMwMDAwMDAwMDAwMH19",
          "dependencies": [
            "azurerm_resource_group.rg"
          ]
        }
      ]
    },
    {
      "mode": "managed",
      "type": "azurerm_network_interface",
      "name": "nic-vm-windows",
      "provider": "provider[\"registry.terraform.io/hashicorp/azurerm\"]",
      "instances": [
        {
          "schema_version": 0,
          "attributes": {
            "accelerated_networking_enabled": false,
            "applied_dns_servers": [],
            "auxiliary_mode": "",
            "auxiliary_sku": "",
            "dns_servers": null,
            "edge_zone": "",
            "id": "/subscriptions/dcef7009-6b94-4382-afdc-17eb160d709a/resourceGroups/rg-vm-win-frc-001/providers/Microsoft.Network/networkInterfaces/nic-vm-windows",
            "internal_dns_name_label": "",
            "internal_domain_name_suffix": "lodnuvq1ydxernfbkn5go1cgyc.parx.internal.cloudapp.net",
            "ip_configuration": [
              {
                "gateway_load_balancer_frontend_ip_configuration_id": "",
                "name": "internal",
                "primary": true,
                "private_ip_address": "10.10.0.4",
                "private_ip_address_allocation": "Dynamic",
                "private_ip_address_version": "IPv4",
                "public_ip_address_id": "/subscriptions/dcef7009-6b94-4382-afdc-17eb160d709a/resourceGroups/rg-vm-win-frc-001/providers/Microsoft.Network/publicIPAddresses/pip-vm-windows",
                "subnet_id": "/subscriptions/dcef7009-6b94-4382-afdc-17eb160d709a/resourceGroups/rg-vm-win-frc-001/providers/Microsoft.Network/virtualNetworks/vnet-spoke-vm/subnets/snet-vm"
              }
            ],
            "ip_forwarding_enabled": false,
            "location": "francecentral",
            "mac_address": "",
            "name": "nic-vm-windows",
            "private_ip_address": "10.10.0.4",
            "private_ip_addresses": [
              "10.10.0.4"
            ],
            "resource_group_name": "rg-vm-win-frc-001",
            "tags": null,
            "timeouts": null,
            "virtual_machine_id": ""
          },
          "sensitive_attributes": [],
          "private": "eyJlMmJmYjczMC1lY2FhLTExZTYtOGY4OC0zNDM2M2JjN2M0YzAiOnsiY3JlYXRlIjoxODAwMDAwMDAwMDAwLCJkZWxldGUiOjE4MDAwMDAwMDAwMDAsInJlYWQiOjMwMDAwMDAwMDAwMCwidXBkYXRlIjoxODAwMDAwMDAwMDAwfX0=",
          "dependencies": [
            "azurerm_public_ip.pip-vm-windows",
            "azurerm_resource_group.rg",
            "azurerm_subnet.snet-vm",
            "azurerm_virtual_network.vnet-spoke-vm"
          ]
        }
      ]
    },
    {
      "mode": "managed",
      "type": "azurerm_network_security_group",
      "name": "nsg-vm",
      "provider": "provider[\"registry.terraform.io/hashicorp/azurerm\"]",
      "instances": [
        {
          "schema_version": 0,
          "attributes": {
            "id": "/subscriptions/dcef7009-6b94-4382-afdc-17eb160d709a/resourceGroups/rg-vm-win-frc-001/providers/Microsoft.Network/networkSecurityGroups/nsg-vm",
            "location": "francecentral",
            "name": "nsg-vm",
            "resource_group_name": "rg-vm-win-frc-001",
            "security_rule": [],
            "tags": null,
            "timeouts": null
          },
          "sensitive_attributes": [],
          "private": "eyJlMmJmYjczMC1lY2FhLTExZTYtOGY4OC0zNDM2M2JjN2M0YzAiOnsiY3JlYXRlIjoxODAwMDAwMDAwMDAwLCJkZWxldGUiOjE4MDAwMDAwMDAwMDAsInJlYWQiOjMwMDAwMDAwMDAwMCwidXBkYXRlIjoxODAwMDAwMDAwMDAwfX0=",
          "dependencies": [
            "azurerm_resource_group.rg"
          ]
        }
      ]
    },
    {
      "mode": "managed",
      "type": "azurerm_network_security_rule",
      "name": "allow-rdp",
      "provider": "provider[\"registry.terraform.io/hashicorp/azurerm\"]",
      "instances": [
        {
          "schema_version": 0,
          "attributes": {
            "access": "Allow",
            "description": "",
            "destination_address_prefix": "",
            "destination_address_prefixes": [
              "0.0.0.0/0"
            ],
            "destination_application_security_group_ids": null,
            "destination_port_range": "3389",
            "destination_port_ranges": null,
            "direction": "Inbound",
            "id": "/subscriptions/dcef7009-6b94-4382-afdc-17eb160d709a/resourceGroups/rg-vm-win-frc-001/providers/Microsoft.Network/networkSecurityGroups/nsg-vm/securityRules/allow-rdp",
            "name": "allow-rdp",
            "network_security_group_name": "nsg-vm",
            "priority": 1000,
            "protocol": "Tcp",
            "resource_group_name": "rg-vm-win-frc-001",
            "source_address_prefix": "176.177.25.47",
            "source_address_prefixes": null,
            "source_application_security_group_ids": null,
            "source_port_range": "*",
            "source_port_ranges": null,
            "timeouts": null
          },
          "sensitive_attributes": [],
          "private": "eyJlMmJmYjczMC1lY2FhLTExZTYtOGY4OC0zNDM2M2JjN2M0YzAiOnsiY3JlYXRlIjoxODAwMDAwMDAwMDAwLCJkZWxldGUiOjE4MDAwMDAwMDAwMDAsInJlYWQiOjMwMDAwMDAwMDAwMCwidXBkYXRlIjoxODAwMDAwMDAwMDAwfX0=",
          "dependencies": [
            "azurerm_network_security_group.nsg-vm",
            "azurerm_resource_group.rg"
          ]
        }
      ]
    },
    {
      "mode": "managed",
      "type": "azurerm_public_ip",
      "name": "pip-vm-windows",
      "provider": "provider[\"registry.terraform.io/hashicorp/azurerm\"]",
      "instances": [
        {
          "schema_version": 0,
          "attributes": {
            "allocation_method": "Static",
            "ddos_protection_mode": "VirtualNetworkInherited",
            "ddos_protection_plan_id": null,
            "domain_name_label": null,
            "domain_name_label_scope": null,
            "edge_zone": "",
            "fqdn": null,
            "id": "/subscriptions/dcef7009-6b94-4382-afdc-17eb160d709a/resourceGroups/rg-vm-win-frc-001/providers/Microsoft.Network/publicIPAddresses/pip-vm-windows",
            "idle_timeout_in_minutes": 4,
            "ip_address": "4.211.105.12",
            "ip_tags": null,
            "ip_version": "IPv4",
            "location": "francecentral",
            "name": "pip-vm-windows",
            "public_ip_prefix_id": null,
            "resource_group_name": "rg-vm-win-frc-001",
            "reverse_fqdn": null,
            "sku": "Standard",
            "sku_tier": "Regional",
            "tags": null,
            "timeouts": null,
            "zones": null
          },
          "sensitive_attributes": [],
          "private": "eyJlMmJmYjczMC1lY2FhLTExZTYtOGY4OC0zNDM2M2JjN2M0YzAiOnsiY3JlYXRlIjoxODAwMDAwMDAwMDAwLCJkZWxldGUiOjE4MDAwMDAwMDAwMDAsInJlYWQiOjMwMDAwMDAwMDAwMCwidXBkYXRlIjoxODAwMDAwMDAwMDAwfX0=",
          "dependencies": [
            "azurerm_resource_group.rg"
          ]
        }
      ]
    },
    {
      "mode": "managed",
      "type": "azurerm_resource_group",
      "name": "rg",
      "provider": "provider[\"registry.terraform.io/hashicorp/azurerm\"]",
      "instances": [
        {
          "schema_version": 0,
          "attributes": {
            "id": "/subscriptions/dcef7009-6b94-4382-afdc-17eb160d709a/resourceGroups/rg-vm-win-frc-001",
            "location": "francecentral",
            "managed_by": "",
            "name": "rg-vm-win-frc-001",
            "tags": null,
            "timeouts": null
          },
          "sensitive_attributes": [],
          "private": "eyJlMmJmYjczMC1lY2FhLTExZTYtOGY4OC0zNDM2M2JjN2M0YzAiOnsiY3JlYXRlIjo1NDAwMDAwMDAwMDAwLCJkZWxldGUiOjU0MDAwMDAwMDAwMDAsInJlYWQiOjMwMDAwMDAwMDAwMCwidXBkYXRlIjo1NDAwMDAwMDAwMDAwfX0="
        }
      ]
    },
    {
      "mode": "managed",
      "type": "azurerm_role_assignment",
      "name": "owner",
      "provider": "provider[\"registry.terraform.io/hashicorp/azurerm\"]",
      "instances": [
        {
          "schema_version": 0,
          "attributes": {
            "condition": "",
            "condition_version": "",
            "delegated_managed_identity_resource_id": "",
            "description": "",
            "id": "/subscriptions/dcef7009-6b94-4382-afdc-17eb160d709a/providers/Microsoft.Authorization/roleAssignments/9451153c-8cd0-d4b4-e42e-a3386c79afe3",
            "name": "9451153c-8cd0-d4b4-e42e-a3386c79afe3",
            "principal_id": "974f4679-f1fa-4459-abd9-bf228b3a91d7",
            "principal_type": "ServicePrincipal",
            "role_definition_id": "/subscriptions/dcef7009-6b94-4382-afdc-17eb160d709a/providers/Microsoft.Authorization/roleDefinitions/8e3af657-a8ff-443c-a75c-2fe8c4bcb635",
            "role_definition_name": "Owner",
            "scope": "/subscriptions/dcef7009-6b94-4382-afdc-17eb160d709a",
            "skip_service_principal_aad_check": null,
            "timeouts": null
          },
          "sensitive_attributes": [],
          "private": "eyJlMmJmYjczMC1lY2FhLTExZTYtOGY4OC0zNDM2M2JjN2M0YzAiOnsiY3JlYXRlIjoxODAwMDAwMDAwMDAwLCJkZWxldGUiOjE4MDAwMDAwMDAwMDAsInJlYWQiOjMwMDAwMDAwMDAwMH19",
          "dependencies": [
            "azurerm_resource_group.rg",
            "azurerm_user_assigned_identity.identity",
            "data.azurerm_subscription.current"
          ]
        }
      ]
    },
    {
      "mode": "managed",
      "type": "azurerm_subnet",
      "name": "snet-vm",
      "provider": "provider[\"registry.terraform.io/hashicorp/azurerm\"]",
      "instances": [
        {
          "schema_version": 0,
          "attributes": {
            "address_prefixes": [
              "10.10.0.0/24"
            ],
            "default_outbound_access_enabled": true,
            "delegation": [],
            "id": "/subscriptions/dcef7009-6b94-4382-afdc-17eb160d709a/resourceGroups/rg-vm-win-frc-001/providers/Microsoft.Network/virtualNetworks/vnet-spoke-vm/subnets/snet-vm",
            "name": "snet-vm",
            "private_endpoint_network_policies": "Disabled",
            "private_link_service_network_policies_enabled": true,
            "resource_group_name": "rg-vm-win-frc-001",
            "service_endpoint_policy_ids": null,
            "service_endpoints": null,
            "timeouts": null,
            "virtual_network_name": "vnet-spoke-vm"
          },
          "sensitive_attributes": [],
          "private": "eyJlMmJmYjczMC1lY2FhLTExZTYtOGY4OC0zNDM2M2JjN2M0YzAiOnsiY3JlYXRlIjoxODAwMDAwMDAwMDAwLCJkZWxldGUiOjE4MDAwMDAwMDAwMDAsInJlYWQiOjMwMDAwMDAwMDAwMCwidXBkYXRlIjoxODAwMDAwMDAwMDAwfX0=",
          "dependencies": [
            "azurerm_resource_group.rg",
            "azurerm_virtual_network.vnet-spoke-vm"
          ]
        }
      ]
    },
    {
      "mode": "managed",
      "type": "azurerm_subnet_network_security_group_association",
      "name": "nsg-association",
      "provider": "provider[\"registry.terraform.io/hashicorp/azurerm\"]",
      "instances": [
        {
          "schema_version": 0,
          "attributes": {
            "id": "/subscriptions/dcef7009-6b94-4382-afdc-17eb160d709a/resourceGroups/rg-vm-win-frc-001/providers/Microsoft.Network/virtualNetworks/vnet-spoke-vm/subnets/snet-vm",
            "network_security_group_id": "/subscriptions/dcef7009-6b94-4382-afdc-17eb160d709a/resourceGroups/rg-vm-win-frc-001/providers/Microsoft.Network/networkSecurityGroups/nsg-vm",
            "subnet_id": "/subscriptions/dcef7009-6b94-4382-afdc-17eb160d709a/resourceGroups/rg-vm-win-frc-001/providers/Microsoft.Network/virtualNetworks/vnet-spoke-vm/subnets/snet-vm",
            "timeouts": null
          },
          "sensitive_attributes": [],
          "private": "eyJlMmJmYjczMC1lY2FhLTExZTYtOGY4OC0zNDM2M2JjN2M0YzAiOnsiY3JlYXRlIjoxODAwMDAwMDAwMDAwLCJkZWxldGUiOjE4MDAwMDAwMDAwMDAsInJlYWQiOjMwMDAwMDAwMDAwMH19",
          "dependencies": [
            "azurerm_network_security_group.nsg-vm",
            "azurerm_resource_group.rg",
            "azurerm_subnet.snet-vm",
            "azurerm_virtual_network.vnet-spoke-vm"
          ]
        }
      ]
    },
    {
      "mode": "managed",
      "type": "azurerm_user_assigned_identity",
      "name": "identity",
      "provider": "provider[\"registry.terraform.io/hashicorp/azurerm\"]",
      "instances": [
        {
          "schema_version": 1,
          "attributes": {
            "client_id": "75255512-8176-4d8f-a280-64909303c525",
            "id": "/subscriptions/dcef7009-6b94-4382-afdc-17eb160d709a/resourceGroups/rg-vm-win-frc-001/providers/Microsoft.ManagedIdentity/userAssignedIdentities/identity-vm",
            "location": "francecentral",
            "name": "identity-vm",
            "principal_id": "974f4679-f1fa-4459-abd9-bf228b3a91d7",
            "resource_group_name": "rg-vm-win-frc-001",
            "tags": null,
            "tenant_id": "93139d1e-a3c1-4d78-9ed5-878be090eba4",
            "timeouts": null
          },
          "sensitive_attributes": [],
          "private": "eyJlMmJmYjczMC1lY2FhLTExZTYtOGY4OC0zNDM2M2JjN2M0YzAiOnsiY3JlYXRlIjoxODAwMDAwMDAwMDAwLCJkZWxldGUiOjE4MDAwMDAwMDAwMDAsInJlYWQiOjMwMDAwMDAwMDAwMCwidXBkYXRlIjoxODAwMDAwMDAwMDAwfSwic2NoZW1hX3ZlcnNpb24iOiIxIn0=",
          "dependencies": [
            "azurerm_resource_group.rg"
          ]
        }
      ]
    },
    {
      "mode": "managed",
      "type": "azurerm_virtual_machine_extension",
      "name": "cse",
      "provider": "provider[\"registry.terraform.io/hashicorp/azurerm\"]",
      "instances": [
        {
          "schema_version": 0,
          "attributes": {
            "auto_upgrade_minor_version": false,
            "automatic_upgrade_enabled": false,
            "failure_suppression_enabled": false,
            "id": "/subscriptions/dcef7009-6b94-4382-afdc-17eb160d709a/resourceGroups/rg-vm-win-frc-001/providers/Microsoft.Compute/virtualMachines/vm-win11/extensions/cse",
            "name": "cse",
            "protected_settings": null,
            "protected_settings_from_key_vault": [],
            "provision_after_extensions": null,
            "publisher": "Microsoft.Compute",
            "settings": "{\"commandToExecute\":\"powershell -ExecutionPolicy unrestricted -NoProfile -NonInteractive -command \\\"cp c:/azuredata/customdata.bin c:/azuredata/install.ps1; c:/azuredata/install.ps1\\\"\"}",
            "tags": null,
            "timeouts": null,
            "type": "CustomScriptExtension",
            "type_handler_version": "1.10",
            "virtual_machine_id": "/subscriptions/dcef7009-6b94-4382-afdc-17eb160d709a/resourceGroups/rg-vm-win-frc-001/providers/Microsoft.Compute/virtualMachines/vm-win11"
          },
          "sensitive_attributes": [
            [
              {
                "type": "get_attr",
                "value": "protected_settings"
              }
            ]
          ],
          "private": "eyJlMmJmYjczMC1lY2FhLTExZTYtOGY4OC0zNDM2M2JjN2M0YzAiOnsiY3JlYXRlIjoxODAwMDAwMDAwMDAwLCJkZWxldGUiOjE4MDAwMDAwMDAwMDAsInJlYWQiOjMwMDAwMDAwMDAwMCwidXBkYXRlIjoxODAwMDAwMDAwMDAwfX0=",
          "dependencies": [
            "azurerm_network_interface.nic-vm-windows",
            "azurerm_public_ip.pip-vm-windows",
            "azurerm_resource_group.rg",
            "azurerm_subnet.snet-vm",
            "azurerm_user_assigned_identity.identity",
            "azurerm_virtual_network.vnet-spoke-vm",
            "azurerm_windows_virtual_machine.vm-windows"
          ]
        }
      ]
    },
    {
      "mode": "managed",
      "type": "azurerm_virtual_network",
      "name": "vnet-spoke-vm",
      "provider": "provider[\"registry.terraform.io/hashicorp/azurerm\"]",
      "instances": [
        {
          "schema_version": 0,
          "attributes": {
            "address_space": [
              "10.10.0.0/16"
            ],
            "bgp_community": "",
            "ddos_protection_plan": [],
            "dns_servers": [],
            "edge_zone": "",
            "encryption": [],
            "flow_timeout_in_minutes": 0,
            "guid": "56da865b-c01b-48ee-b4a1-537e676c46c2",
            "id": "/subscriptions/dcef7009-6b94-4382-afdc-17eb160d709a/resourceGroups/rg-vm-win-frc-001/providers/Microsoft.Network/virtualNetworks/vnet-spoke-vm",
            "location": "francecentral",
            "name": "vnet-spoke-vm",
            "private_endpoint_vnet_policies": "Disabled",
            "resource_group_name": "rg-vm-win-frc-001",
            "subnet": [],
            "tags": null,
            "timeouts": null
          },
          "sensitive_attributes": [],
          "private": "eyJlMmJmYjczMC1lY2FhLTExZTYtOGY4OC0zNDM2M2JjN2M0YzAiOnsiY3JlYXRlIjoxODAwMDAwMDAwMDAwLCJkZWxldGUiOjE4MDAwMDAwMDAwMDAsInJlYWQiOjMwMDAwMDAwMDAwMCwidXBkYXRlIjoxODAwMDAwMDAwMDAwfX0=",
          "dependencies": [
            "azurerm_resource_group.rg"
          ]
        }
      ]
    },
    {
      "mode": "managed",
      "type": "azurerm_windows_virtual_machine",
      "name": "vm-windows",
      "provider": "provider[\"registry.terraform.io/hashicorp/azurerm\"]",
      "instances": [
        {
          "schema_version": 0,
          "attributes": {
            "additional_capabilities": [],
            "additional_unattend_content": [],
            "admin_password": "@Aa123456789",
            "admin_username": "azureuser",
            "allow_extension_operations": true,
            "availability_set_id": "",
            "boot_diagnostics": [
              {
                "storage_account_uri": ""
              }
            ],
            "bypass_platform_safety_checks_on_user_schedule_enabled": false,
            "capacity_reservation_group_id": "",
            "computer_name": "vm-win11",
            "custom_data": "IyBUaGUgc2NyaXB0IHdpbGwgYmUgZG93bmxvYWRlZCBpbnRvIHRoZSBWTTogQzpcUGFja2FnZXNcUGx1Z2luc1xNaWNyb3NvZnQuQ29tcHV0ZS5DdXN0b21TY3JpcHRFeHRlbnNpb25cMS4xMC4xNVxEb3dubG9hZHNcMA0KDQojIEluc3RhbGwgY2hvY29sYXRlbHkNCiMgU2V0LUV4ZWN1dGlvblBvbGljeSBCeXBhc3MgLVNjb3BlIFByb2Nlc3MgLUZvcmNlOyBbU3lzdGVtLk5ldC5TZXJ2aWNlUG9pbnRNYW5hZ2VyXTo6U2VjdXJpdHlQcm90b2NvbCA9IFtTeXN0ZW0uTmV0LlNlcnZpY2VQb2ludE1hbmFnZXJdOjpTZWN1cml0eVByb3RvY29sIC1ib3IgMzA3MjsgaWV4ICgoTmV3LU9iamVjdCBTeXN0ZW0uTmV0LldlYkNsaWVudCkuRG93bmxvYWRTdHJpbmcoJ2h0dHBzOi8vY2hvY29sYXRleS5vcmcvaW5zdGFsbC5wczEnKSkNCg0KIyBJbnN0YWxsIEF6dXJlIENMSQ0Kd2luZ2V0IGluc3RhbGwgLWUgLS1pZCBNaWNyb3NvZnQuQXp1cmVDTEkgLS1hY2NlcHQtcGFja2FnZS1hZ3JlZW1lbnRzIC0tYWNjZXB0LXNvdXJjZS1hZ3JlZW1lbnRzIC0tc2lsZW50IC0tZm9yY2UNCg0KIyBJbnN0YWxsIEt1YmVybmV0ZXMgdG9vbHMNCg0Kd2luZ2V0IGluc3RhbGwgLWUgLS1pZCBLdWJlcm5ldGVzLmt1YmVjdGwgLS1hY2NlcHQtcGFja2FnZS1hZ3JlZW1lbnRzIC0tYWNjZXB0LXNvdXJjZS1hZ3JlZW1lbnRzIC0tc2lsZW50IC0tZm9yY2UNCg0Kd2luZ2V0IGluc3RhbGwgLWUgLS1pZCBNaWNyb3NvZnQuQXp1cmUuS3ViZWxvZ2luIC0tYWNjZXB0LXBhY2thZ2UtYWdyZWVtZW50cyAtLWFjY2VwdC1zb3VyY2UtYWdyZWVtZW50cyAtLXNpbGVudCAtLWZvcmNlDQoNCndpbmdldCBpbnN0YWxsIC1lIC0taWQgSGVsbS5IZWxtIC0tYWNjZXB0LXBhY2thZ2UtYWdyZWVtZW50cyAtLWFjY2VwdC1zb3VyY2UtYWdyZWVtZW50cyAtLXNpbGVudCAtLWZvcmNlDQoNCndpbmdldCBpbnN0YWxsIC1lIC0taWQgSGVhZGxhbXAuSGVhZGxhbXAgLS1hY2NlcHQtcGFja2FnZS1hZ3JlZW1lbnRzIC0tYWNjZXB0LXNvdXJjZS1hZ3JlZW1lbnRzDQoNCndpbmdldCBpbnN0YWxsIC1lIC0taWQgYXJnb3Byb2ouYXJnb2NkIC0tYWNjZXB0LXBhY2thZ2UtYWdyZWVtZW50cyAtLWFjY2VwdC1zb3VyY2UtYWdyZWVtZW50cw0KDQp3aW5nZXQgaW5zdGFsbCAtZSAtLWlkIEhhc2hpY29ycC5UZXJyYWZvcm0gLS1hY2NlcHQtcGFja2FnZS1hZ3JlZW1lbnRzIC0tYWNjZXB0LXNvdXJjZS1hZ3JlZW1lbnRzDQoNCndpbmdldCBpbnN0YWxsIC1lIC0taWQgc3RlZG9sYW4uanEgLS1hY2NlcHQtcGFja2FnZS1hZ3JlZW1lbnRzIC0tYWNjZXB0LXNvdXJjZS1hZ3JlZW1lbnRzDQoNCndpbmdldCBpbnN0YWxsIC1lIC0taWQgTWlrZUZhcmFoLnlxIC0tYWNjZXB0LXBhY2thZ2UtYWdyZWVtZW50cyAtLWFjY2VwdC1zb3VyY2UtYWdyZWVtZW50cw0KDQp3aW5nZXQgaW5zdGFsbCAtZSAtLWlkIE1pY3Jvc29mdC5WaXN1YWxTdHVkaW9Db2RlIC0tYWNjZXB0LXBhY2thZ2UtYWdyZWVtZW50cyAtLWFjY2VwdC1zb3VyY2UtYWdyZWVtZW50cw0KDQp3aW5nZXQgaW5zdGFsbCAtZSAtLWlkIEdpdC5HaXQgLS1hY2NlcHQtcGFja2FnZS1hZ3JlZW1lbnRzIC0tYWNjZXB0LXNvdXJjZS1hZ3JlZW1lbnRzDQoNCndpbmdldCBpbnN0YWxsIC1lIC0taWQgTWljcm9zb2Z0LkF6dXJlLlN0b3JhZ2VFeHBsb3JlciAtLWFjY2VwdC1wYWNrYWdlLWFncmVlbWVudHMgLS1hY2NlcHQtc291cmNlLWFncmVlbWVudHMNCg0Kd2luZ2V0IGluc3RhbGwgLWUgLS1pZCBjVVJMLmNVUkwgLS1hY2NlcHQtcGFja2FnZS1hZ3JlZW1lbnRzIC0tYWNjZXB0LXNvdXJjZS1hZ3JlZW1lbnRzDQoNCndpbmdldCBpbnN0YWxsIC1lIC0taWQgUHl0aG9uLlB5dGhvbi4zLjEzIC0tYWNjZXB0LXBhY2thZ2UtYWdyZWVtZW50cyAtLWFjY2VwdC1zb3VyY2UtYWdyZWVtZW50cw0KDQp3aW5nZXQgaW5zdGFsbCAtZSAtLWlkIFB5dGhvbi5QeXRob24uMy4xMiAtLWFjY2VwdC1wYWNrYWdlLWFncmVlbWVudHMgLS1hY2NlcHQtc291cmNlLWFncmVlbWVudHMNCg0Kd2luZ2V0IGluc3RhbGwgLWUgLS1pZCBNaWNyb3NvZnQuRG90TmV0LlNESy45IC0tYWNjZXB0LXBhY2thZ2UtYWdyZWVtZW50cyAtLWFjY2VwdC1zb3VyY2UtYWdyZWVtZW50cw0KDQp3aW5nZXQgaW5zdGFsbCAtZSAtLWlkIE1pY3Jvc29mdC5Eb3ROZXQuU0RLLjggLS1hY2NlcHQtcGFja2FnZS1hZ3JlZW1lbnRzIC0tYWNjZXB0LXNvdXJjZS1hZ3JlZW1lbnRzDQoNCndpbmdldCBpbnN0YWxsIC1lIC0taWQgTWljcm9zb2Z0LkRvdE5ldC5EZXNrdG9wUnVudGltZS45IC0tYWNjZXB0LXBhY2thZ2UtYWdyZWVtZW50cyAtLWFjY2VwdC1zb3VyY2UtYWdyZWVtZW50cw0KDQp3aW5nZXQgaW5zdGFsbCAtZSAtLWlkIE1pY3Jvc29mdC5Eb3ROZXQuQXNwTmV0Q29yZS45IC0tYWNjZXB0LXBhY2thZ2UtYWdyZWVtZW50cyAtLWFjY2VwdC1zb3VyY2UtYWdyZWVtZW50cw0KDQp3aW5nZXQgaW5zdGFsbCAtZSAtLWlkIE1pY3Jvc29mdC5Eb3ROZXQuU0RLLlByZXZpZXcgLS1hY2NlcHQtcGFja2FnZS1hZ3JlZW1lbnRzIC0tYWNjZXB0LXNvdXJjZS1hZ3JlZW1lbnRzDQoNCndpbmdldCBpbnN0YWxsIC1lIC0taWQgTWljcm9zb2Z0LkF6ZCAtLWFjY2VwdC1wYWNrYWdlLWFncmVlbWVudHMgLS1hY2NlcHQtc291cmNlLWFncmVlbWVudHMNCg0Kd2luZ2V0IGluc3RhbGwgLWUgLS1pZCBNaWNyb3NvZnQuQmljZXAgLS1hY2NlcHQtcGFja2FnZS1hZ3JlZW1lbnRzIC0tYWNjZXB0LXNvdXJjZS1hZ3JlZW1lbnRzDQoNCndpbmdldCBpbnN0YWxsIC1lIC0taWQgTWljcm9zb2Z0LkF6dXJlLkF6dGZFeHBvcnQgLS1hY2NlcHQtcGFja2FnZS1hZ3JlZW1lbnRzIC0tYWNjZXB0LXNvdXJjZS1hZ3JlZW1lbnRzDQoNCndpbmdldCBpbnN0YWxsIC1lIC0taWQgTWljcm9zb2Z0LkF6dXJlLkZ1bmN0aW9uc0NvcmVUb29scyAtLWFjY2VwdC1wYWNrYWdlLWFncmVlbWVudHMgLS1hY2NlcHQtc291cmNlLWFncmVlbWVudHMNCg0Kd2luZ2V0IGluc3RhbGwgLWUgLS1pZCBCcmF2ZS5CcmF2ZSAtLWFjY2VwdC1wYWNrYWdlLWFncmVlbWVudHMgLS1hY2NlcHQtc291cmNlLWFncmVlbWVudHMNCg0Kd2luZ2V0IGluc3RhbGwgLWUgLS1pZCBCcmF2ZS5CcmF2ZS5EZXYgLS1hY2NlcHQtcGFja2FnZS1hZ3JlZW1lbnRzIC0tYWNjZXB0LXNvdXJjZS1hZ3JlZW1lbnRzDQoNCndpbmdldCBpbnN0YWxsIC1lIC0taWQgTWljcm9zb2Z0LlNxbGNtZCAtLWFjY2VwdC1wYWNrYWdlLWFncmVlbWVudHMgLS1hY2NlcHQtc291cmNlLWFncmVlbWVudHMgDQoNCndpbmdldCBpbnN0YWxsIC1lIC0taWQ9TWljcm9zb2Z0LkF6dXJlRGF0YVN0dWRpbyAtLWFjY2VwdC1wYWNrYWdlLWFncmVlbWVudHMgLS1hY2NlcHQtc291cmNlLWFncmVlbWVudHMNCg0Kd2luZ2V0IGluc3RhbGwgLWUgLS1pZCBBbmFjb25kYS5NaW5pY29uZGEzIC0tYWNjZXB0LXBhY2thZ2UtYWdyZWVtZW50cyAtLWFjY2VwdC1zb3VyY2UtYWdyZWVtZW50cw0KDQp3aW5nZXQgaW5zdGFsbCAtZSAtLWlkIE1pY3Jvc29mdC5SZW1vdGVEZXNrdG9wQ2xpZW50IC0tYWNjZXB0LXBhY2thZ2UtYWdyZWVtZW50cyAtLWFjY2VwdC1zb3VyY2UtYWdyZWVtZW50cw0KDQp3aW5nZXQgaW5zdGFsbCAtZSAtLWlkIE1pY3Jvc29mdC5Qb3dlclRveXMgLS1hY2NlcHQtcGFja2FnZS1hZ3JlZW1lbnRzIC0tYWNjZXB0LXNvdXJjZS1hZ3JlZW1lbnRzDQoNCndpbmdldCBpbnN0YWxsIC1lIC0taWQgTWljcm9zb2Z0LlN5c2ludGVybmFscy5CR0luZm8gLS1hY2NlcHQtcGFja2FnZS1hZ3JlZW1lbnRzIC0tYWNjZXB0LXNvdXJjZS1hZ3JlZW1lbnRzDQoNCndpbmdldCBpbnN0YWxsIC1lIC0taWQ9YXN0cmFsLXNoLnV2IC0tYWNjZXB0LXBhY2thZ2UtYWdyZWVtZW50cyAtLWFjY2VwdC1zb3VyY2UtYWdyZWVtZW50cw0KDQp3aW5nZXQgaW5zdGFsbCAtZSAtLWlkIExvZ2l0ZWNoLkdIVUIgLS1hY2NlcHQtcGFja2FnZS1hZ3JlZW1lbnRzIC0tYWNjZXB0LXNvdXJjZS1hZ3JlZW1lbnRzDQoNCndpbmdldCBpbnN0YWxsIC1lIC0taWQgRG9ja2VyLkRvY2tlckRlc2t0b3AgLS1hY2NlcHQtcGFja2FnZS1hZ3JlZW1lbnRzIC0tYWNjZXB0LXNvdXJjZS1hZ3JlZW1lbnRzDQoNCndpbmdldCBpbnN0YWxsIC1lIC0taWQgTWVsdHl0ZWNoLlNob3RjdXQgLS1hY2NlcHQtcGFja2FnZS1hZ3JlZW1lbnRzIC0tYWNjZXB0LXNvdXJjZS1hZ3JlZW1lbnRzDQoNCndpbmdldCBpbnN0YWxsIC1lIC0taWQgV2lyZXNoYXJrRm91bmRhdGlvbi5XaXJlc2hhcmsgLS1hY2NlcHQtcGFja2FnZS1hZ3JlZW1lbnRzIC0tYWNjZXB0LXNvdXJjZS1hZ3JlZW1lbnRzDQoNCndpbmdldCBpbnN0YWxsIC1lIC0taWQgRGFpeXV1Tm9ib3JpLldpbjEwUGNhcCAtLWFjY2VwdC1wYWNrYWdlLWFncmVlbWVudHMgLS1hY2NlcHQtc291cmNlLWFncmVlbWVudHMNCg0KIyB3aW5nZXQgaW5zdGFsbCAtZSAtLWlkIE1pY3Jvc29mdC5WaXN1YWxTdHVkaW8uMjAyMi5Qcm9mZXNzaW9uYWwgLS1hY2NlcHQtcGFja2FnZS1hZ3JlZW1lbnRzIC0tYWNjZXB0LXNvdXJjZS1hZ3JlZW1lbnRzDQoNCmRvdG5ldCB0b29sIGluc3RhbGwgLS1nbG9iYWwgYXp1cmUtY29zdC1jbGkNCg0KcGlwIGluc3RhbGwgYXV0by1lZGl0b3INCg0KU2V0LUFsaWFzIC1OYW1lIGsgLVZhbHVlIGt1YmVjdGwNCg0KIyBDb25maWd1cmUgQXV0by1Db21wbGV0ZQ0KU2V0LUV4ZWN1dGlvblBvbGljeSBSZW1vdGVTaWduZWQNCiMgQ3JlYXRlIHByb2ZpbGUgd2hlbiBub3QgZXhpc3QNCmlmICghKFRlc3QtUGF0aCAtUGF0aCAkUFJPRklMRS5DdXJyZW50VXNlckFsbEhvc3RzKSkgew0KICBOZXctSXRlbSAtSXRlbVR5cGUgRmlsZSAtUGF0aCAkUFJPRklMRS5DdXJyZW50VXNlckFsbEhvc3RzIC1Gb3JjZQ0KfQ0KIyBPcGVuIHRoZSBwcm9maWxlIHdpdGggYW4gZWRpdG9yIChlLmcuIGdvb2Qgb2xkIE5vdGVwYWQpDQojIGlpICRQUk9GSUxFLkN1cnJlbnRVc2VyQWxsSG9zdHMNCiMgSW4gdGhlIGVkaXRvciBhZGQgdGhlIGZvbGxvd2luZyBsaW5lcyB0byB0aGUgcHJvZmlsZToNCiRwb3dlcnNoZWxsUHJvZmlsZT1AIg0KIyBTaG93cyBuYXZpZ2FibGUgbWVudSBvZiBhbGwgb3B0aW9ucyB3aGVuIGhpdHRpbmcgVGFiDQpTZXQtUFNSZWFkbGluZUtleUhhbmRsZXIgLUtleSBUYWIgLUZ1bmN0aW9uIE1lbnVDb21wbGV0ZQ0KDQojIEF1dG9jb21wbGV0aW9uIGZvciBhcnJvdyBrZXlzDQpTZXQtUFNSZWFkbGluZUtleUhhbmRsZXIgLUtleSBVcEFycm93IC1GdW5jdGlvbiBIaXN0b3J5U2VhcmNoQmFja3dhcmQNClNldC1QU1JlYWRsaW5lS2V5SGFuZGxlciAtS2V5IERvd25BcnJvdyAtRnVuY3Rpb24gSGlzdG9yeVNlYXJjaEZvcndhcmQNCg0KSW1wb3J0LU1vZHVsZSBwb3NoLWdpdA0KDQpJbXBvcnQtTW9kdWxlIFBTUmVhZExpbmUNClNldC1QU1JlYWRMaW5lT3B0aW9uIC1jb2xvcnMgQHsgRGVmYXVsdCA9ICJHcmVlbiJ9DQpTZXQtUFNSZWFkTGluZU9wdGlvbiAtY29sb3JzIEB7IFBhcmFtZXRlciA9ICJCbHVlIn0NClNldC1QU1JlYWRMaW5lT3B0aW9uIC1jb2xvcnMgQHsgQ29tbWFuZCA9ICJNYWdlbnRhIn0NCg0KZnVuY3Rpb24gcHJvbXB0IHsNCiIgJCAiDQp9DQoNCkltcG9ydC1Nb2R1bGUgVGVybWluYWwtSWNvbnMNCg0KQ2xlYXINCg0KcHdkDQoNCiJADQoNCiRwb3dlcnNoZWxsUHJvZmlsZSA+ICRQU0hPTUVcUHJvZmlsZS5wczEgIyAkUFJPRklMRS5DdXJyZW50VXNlckFsbEhvc3RzDQoNCiMgc2F2ZSBjb21tYW5kcyBoaXN0b3J5DQpDb3B5LUl0ZW0gLVBhdGggLlxDb25zb2xlSG9zdF9oaXN0b3J5LnR4dCAtRGVzdGluYXRpb24gKEdldC1QU1JlYWRsaW5lT3B0aW9uKS5IaXN0b3J5U2F2ZVBhdGggLUZvcmNlDQoNCiMgY2xvbmUgZ2l0aHViIHJlcG8NCmdpdCBjbG9uZSBodHRwczovL2dpdGh1Yi5jb20vSG91c3NlbURlbGxhaS9haS1jb3Vyc2UNCg0KDQojICMgU2V0IHVwIGxhbmd1YWdlIHByZWZlcmVuY2UNCiMgJExhbmd1YWdlTGlzdCA9IEdldC1XaW5Vc2VyTGFuZ3VhZ2VMaXN0DQojICRMYW5ndWFnZUxpc3QuQWRkKCJmci1GUiIpDQojIFNldC1XaW5Vc2VyTGFuZ3VhZ2VMaXN0ICRMYW5ndWFnZUxpc3QNCg0KIyMgUmVzdGFydCBUZXJtaW5hbA0KDQojICMgSW5zdGFsbCBUZXJyYWZvcm0gZXh0ZW5zaW9uIGluIFZTIENvZGUNCiMgY29kZSAtLWluc3RhbGwtZXh0ZW5zaW9uIGhhc2hpY29ycC50ZXJyYWZvcm0NCg0KIyBjZCAuXERlc2t0b3BcDQojIGdpdCBjbG9uZSBodHRwczovL2dpdGh1Yi5jb20vSG91c3NlbURlbGxhaS9ha3MtZW50ZXJwcmlzZQ0KIyBjZCBha3MtZW50ZXJwcmlzZQ0KIyBjb2RlIC4NCg0KIyBheiBsb2dpbiAtLWlkZW50aXR5DQojIGF6IGFjY291bnQgc2V0IC0tc3Vic2NyaXB0aW9uICJNaWNyb3NvZnQtQXp1cmUtTm9uUHJvZCINCiMgYXogYWtzIGxpc3QgLW8gdGFibGUNCiMgYXogYWtzIGdldC1jcmVkZW50aWFscyAtZyByZy1semFrcy1zcG9rZS13ZXUtYWtzLWNsdXN0ZXIgLW4gYWtzLWNsdXN0ZXINCg0KIyBrdWJlbG9naW4gY29udmVydC1rdWJlY29uZmlnIC1sIGF6dXJlY2xpDQoNCiMga3ViZWN0bCBnZXQgbm9kZXMNCiMga3ViZWN0bCBnZXQgcG9kcyAtQQ0KIyBrdWJlY3RsIHJ1biBuZ2lueCAtLWltYWdlPW5naW54DQojIGt1YmVjdGwgZXhlYyBuZ2lueCAtaXQgLS0gbHMNCiMga3ViZWN0bCBjcmVhdGUgZGVwbG95bWVudCBuZ2lueCAtLWltYWdlPW5naW54IC0tcmVwbGljYXM9Mw0KDQoNCiMgJEFDUl9OQU1FPSQoYXogYWNyIGxpc3QgLS1xdWVyeSBbMF0ubmFtZSAtbyB0c3YpDQojICRBQ1JfVE9LRU49JChheiBhY3IgbG9naW4gLS1uYW1lICRBQ1JfTkFNRSAtLWV4cG9zZS10b2tlbiAtLW91dHB1dCB0c3YgLS1xdWVyeSBhY2Nlc3NUb2tlbikNCiMgZG9ja2VyIGxvZ2luICRBQ1JfTkFNRS5henVyZWNyLmlvIC11ICRBQ1JfTkFNRSAtcCAkQUNSX1RPS0VODQoNCiMgZG9ja2VyIHB1bGwgJEFDUl9OQU1FLmF6dXJlY3IuaW8vaGVsbG8td29ybGQ6bGF0ZXN0DQoNCiMgIyBJTURTDQojIEludm9rZS1SZXN0TWV0aG9kIC1IZWFkZXJzIEB7Ik1ldGFkYXRhIj0idHJ1ZSJ9IC1NZXRob2QgR0VUIC1Ob1Byb3h5IC1VcmkgImh0dHA6Ly8xNjkuMjU0LjE2OS4yNTQvbWV0YWRhdGEvaW5zdGFuY2U/YXBpLXZlcnNpb249MjAyMS0wMi0wMSIgfCBDb252ZXJ0VG8tSnNvbiAtRGVwdGggNjQ=",
            "dedicated_host_group_id": "",
            "dedicated_host_id": "",
            "disk_controller_type": "SCSI",
            "edge_zone": "",
            "enable_automatic_updates": true,
            "encryption_at_host_enabled": false,
            "eviction_policy": "Deallocate",
            "extensions_time_budget": "PT1H30M",
            "gallery_application": [],
            "hotpatching_enabled": false,
            "id": "/subscriptions/dcef7009-6b94-4382-afdc-17eb160d709a/resourceGroups/rg-vm-win-frc-001/providers/Microsoft.Compute/virtualMachines/vm-win11",
            "identity": [
              {
                "identity_ids": [
                  "/subscriptions/dcef7009-6b94-4382-afdc-17eb160d709a/resourceGroups/rg-vm-win-frc-001/providers/Microsoft.ManagedIdentity/userAssignedIdentities/identity-vm"
                ],
                "principal_id": "6d203397-46bb-462a-a0ed-5626470f7f13",
                "tenant_id": "93139d1e-a3c1-4d78-9ed5-878be090eba4",
                "type": "SystemAssigned, UserAssigned"
              }
            ],
            "license_type": "",
            "location": "francecentral",
            "max_bid_price": -1,
            "name": "vm-win11",
            "network_interface_ids": [
              "/subscriptions/dcef7009-6b94-4382-afdc-17eb160d709a/resourceGroups/rg-vm-win-frc-001/providers/Microsoft.Network/networkInterfaces/nic-vm-windows"
            ],
            "os_disk": [
              {
                "caching": "ReadWrite",
                "diff_disk_settings": [],
                "disk_encryption_set_id": "",
                "disk_size_gb": 127,
                "id": "/subscriptions/dcef7009-6b94-4382-afdc-17eb160d709a/resourceGroups/rg-vm-win-frc-001/providers/Microsoft.Compute/disks/os-disk-vm-windows",
                "name": "os-disk-vm-windows",
                "secure_vm_disk_encryption_set_id": "",
                "security_encryption_type": "",
                "storage_account_type": "Standard_LRS",
                "write_accelerator_enabled": false
              }
            ],
            "os_image_notification": [],
            "patch_assessment_mode": "ImageDefault",
            "patch_mode": "AutomaticByOS",
            "plan": [],
            "platform_fault_domain": -1,
            "priority": "Spot",
            "private_ip_address": "10.10.0.4",
            "private_ip_addresses": [
              "10.10.0.4"
            ],
            "provision_vm_agent": true,
            "proximity_placement_group_id": "",
            "public_ip_address": "4.211.105.12",
            "public_ip_addresses": [
              "4.211.105.12"
            ],
            "reboot_setting": "",
            "resource_group_name": "rg-vm-win-frc-001",
            "secret": [],
            "secure_boot_enabled": false,
            "size": "Standard_D4ads_v5",
            "source_image_id": "",
            "source_image_reference": [
              {
                "offer": "windows-11",
                "publisher": "MicrosoftWindowsDesktop",
                "sku": "win11-24h2-pro",
                "version": "latest"
              }
            ],
            "tags": null,
            "termination_notification": null,
            "timeouts": null,
            "timezone": "",
            "user_data": "",
            "virtual_machine_id": "f75592dc-d77d-4dd3-93f6-10a1ba65f6bb",
            "virtual_machine_scale_set_id": "",
            "vm_agent_platform_updates_enabled": true,
            "vtpm_enabled": false,
            "winrm_listener": [],
            "zone": ""
          },
          "sensitive_attributes": [
            [
              {
                "type": "get_attr",
                "value": "custom_data"
              }
            ],
            [
              {
                "type": "get_attr",
                "value": "admin_password"
              }
            ]
          ],
          "private": "eyJlMmJmYjczMC1lY2FhLTExZTYtOGY4OC0zNDM2M2JjN2M0YzAiOnsiY3JlYXRlIjoyNzAwMDAwMDAwMDAwLCJkZWxldGUiOjI3MDAwMDAwMDAwMDAsInJlYWQiOjMwMDAwMDAwMDAwMCwidXBkYXRlIjoyNzAwMDAwMDAwMDAwfX0=",
          "dependencies": [
            "azurerm_network_interface.nic-vm-windows",
            "azurerm_public_ip.pip-vm-windows",
            "azurerm_resource_group.rg",
            "azurerm_subnet.snet-vm",
            "azurerm_user_assigned_identity.identity",
            "azurerm_virtual_network.vnet-spoke-vm"
          ]
        }
      ]
    }
  ],
  "check_results": null
}
