{
  "version": 4,
  "terraform_version": "1.6.6",
  "serial": 59,
  "lineage": "0c781630-3136-012a-37b4-890ae8af3b00",
  "outputs": {
    "apim_developer_portal_url": {
      "value": "https://apim-external-705.developer.azure-api.net",
      "type": "string"
    },
    "apim_gateway_url": {
      "value": "https://apim-external-705.azure-api.net",
      "type": "string"
    },
    "apim_management_url": {
      "value": "https://apim-external-705.management.azure-api.net",
      "type": "string"
    },
    "function_url": {
      "value": "function-linux-container-705.azurewebsites.net",
      "type": "string"
    }
  },
  "resources": [
    {
      "mode": "managed",
      "type": "azurerm_api_management",
      "name": "apim",
      "provider": "provider[\"registry.terraform.io/hashicorp/azurerm\"]",
      "instances": [
        {
          "schema_version": 0,
          "attributes": {
            "additional_location": [],
            "certificate": [],
            "client_certificate_enabled": false,
            "delegation": [
              {
                "subscriptions_enabled": false,
                "url": "",
                "user_registration_enabled": false,
                "validation_key": ""
              }
            ],
            "developer_portal_url": "https://apim-external-705.developer.azure-api.net",
            "gateway_disabled": false,
            "gateway_regional_url": "https://apim-external-705-westeurope-01.regional.azure-api.net",
            "gateway_url": "https://apim-external-705.azure-api.net",
            "hostname_configuration": [
              {
                "developer_portal": [],
                "management": [],
                "portal": [],
                "proxy": [
                  {
                    "certificate": "",
                    "certificate_password": "",
                    "certificate_source": "BuiltIn",
                    "certificate_status": "",
                    "default_ssl_binding": true,
                    "expiry": "",
                    "host_name": "apim-external-705.azure-api.net",
                    "key_vault_id": "",
                    "negotiate_client_certificate": false,
                    "ssl_keyvault_identity_client_id": "",
                    "subject": "",
                    "thumbprint": ""
                  }
                ],
                "scm": []
              }
            ],
            "id": "/subscriptions/38977b70-47bf-4da5-a492-88712fce8725/resourceGroups/rg-apim-external-705/providers/Microsoft.ApiManagement/service/apim-external-705",
            "identity": [],
            "location": "westeurope",
            "management_api_url": "https://apim-external-705.management.azure-api.net",
            "min_api_version": "",
            "name": "apim-external-705",
            "notification_sender_email": "apimgmt-noreply@mail.windowsazure.com",
            "policy": [
              {
                "xml_content": "\u003c!--\r\n    IMPORTANT:\r\n    - Policy elements can appear only within the \u003cinbound\u003e, \u003coutbound\u003e, \u003cbackend\u003e section elements.\r\n    - Only the \u003cforward-request\u003e policy element can appear within the \u003cbackend\u003e section element.\r\n    - To apply a policy to the incoming request (before it is forwarded to the backend service), place a corresponding policy element within the \u003cinbound\u003e section element.\r\n    - To apply a policy to the outgoing response (before it is sent back to the caller), place a corresponding policy element within the \u003coutbound\u003e section element.\r\n    - To add a policy position the cursor at the desired insertion point and click on the round button associated with the policy.\r\n    - To remove a policy, delete the corresponding policy statement from the policy document.\r\n    - Policies are applied in the order of their appearance, from the top down.\r\n--\u003e\r\n\u003cpolicies\u003e\r\n\t\u003cinbound /\u003e\r\n\t\u003cbackend\u003e\r\n\t\t\u003cforward-request /\u003e\r\n\t\u003c/backend\u003e\r\n\t\u003coutbound /\u003e\r\n\u003c/policies\u003e",
                "xml_link": ""
              }
            ],
            "portal_url": "https://apim-external-705.portal.azure-api.net",
            "private_ip_addresses": [],
            "protocols": [
              {
                "enable_http2": false
              }
            ],
            "public_ip_address_id": "/subscriptions/38977b70-47bf-4da5-a492-88712fce8725/resourceGroups/rg-apim-external-705/providers/Microsoft.Network/publicIPAddresses/pip-apim",
            "public_ip_addresses": [
              "74.234.138.175"
            ],
            "public_network_access_enabled": true,
            "publisher_email": "houssem.dellai@live.com",
            "publisher_name": "My Company",
            "resource_group_name": "rg-apim-external-705",
            "scm_url": "https://apim-external-705.scm.azure-api.net",
            "security": [
              {
                "enable_backend_ssl30": false,
                "enable_backend_tls10": false,
                "enable_backend_tls11": false,
                "enable_frontend_ssl30": false,
                "enable_frontend_tls10": false,
                "enable_frontend_tls11": false,
                "tls_ecdhe_ecdsa_with_aes128_cbc_sha_ciphers_enabled": false,
                "tls_ecdhe_ecdsa_with_aes256_cbc_sha_ciphers_enabled": false,
                "tls_ecdhe_rsa_with_aes128_cbc_sha_ciphers_enabled": false,
                "tls_ecdhe_rsa_with_aes256_cbc_sha_ciphers_enabled": false,
                "tls_rsa_with_aes128_cbc_sha256_ciphers_enabled": false,
                "tls_rsa_with_aes128_cbc_sha_ciphers_enabled": false,
                "tls_rsa_with_aes128_gcm_sha256_ciphers_enabled": false,
                "tls_rsa_with_aes256_cbc_sha256_ciphers_enabled": false,
                "tls_rsa_with_aes256_cbc_sha_ciphers_enabled": false,
                "tls_rsa_with_aes256_gcm_sha384_ciphers_enabled": false,
                "triple_des_ciphers_enabled": false
              }
            ],
            "sign_in": [
              {
                "enabled": false
              }
            ],
            "sign_up": [
              {
                "enabled": false,
                "terms_of_service": [
                  {
                    "consent_required": false,
                    "enabled": false,
                    "text": ""
                  }
                ]
              }
            ],
            "sku_name": "Developer_1",
            "tags": {},
            "tenant_access": [
              {
                "enabled": false,
                "primary_key": "RAjCMVkl/+M7JWihllsIKF5jLVmepWp//RsiT4VWORi8RacBwaEjH9vZ9+qDkIWdc4ooYp8r8x4QzQUFJL3QXA==",
                "secondary_key": "tkUOp0NlaAGAxi8xRciogUtgji8ELTLqv0ciqQHxEsgLOhOsbAxftZfH11w1gv9QGmZMur3431mr9ch7e7Fupg==",
                "tenant_id": "/tenant/access"
              }
            ],
            "timeouts": null,
            "virtual_network_configuration": [
              {
                "subnet_id": "/subscriptions/38977b70-47bf-4da5-a492-88712fce8725/resourceGroups/rg-apim-external-705/providers/Microsoft.Network/virtualNetworks/vnet-app/subnets/subnet-apim"
              }
            ],
            "virtual_network_type": "External",
            "zones": []
          },
          "sensitive_attributes": [],
          "private": "eyJlMmJmYjczMC1lY2FhLTExZTYtOGY4OC0zNDM2M2JjN2M0YzAiOnsiY3JlYXRlIjoxMDgwMDAwMDAwMDAwMCwiZGVsZXRlIjoxMDgwMDAwMDAwMDAwMCwicmVhZCI6MzAwMDAwMDAwMDAwLCJ1cGRhdGUiOjEwODAwMDAwMDAwMDAwfX0=",
          "dependencies": [
            "azurerm_network_security_group.nsg-apim",
            "azurerm_public_ip.pip-apim",
            "azurerm_resource_group.rg",
            "azurerm_subnet.subnet-apim",
            "azurerm_subnet_network_security_group_association.nsg-association",
            "azurerm_virtual_network.vnet-app"
          ]
        }
      ]
    },
    {
      "mode": "managed",
      "type": "azurerm_api_management_api",
      "name": "api-azure-function",
      "provider": "provider[\"registry.terraform.io/hashicorp/azurerm\"]",
      "instances": [
        {
          "schema_version": 0,
          "attributes": {
            "api_management_name": "apim-external-705",
            "api_type": "http",
            "contact": [],
            "description": "",
            "display_name": "Demo API",
            "id": "/subscriptions/38977b70-47bf-4da5-a492-88712fce8725/resourceGroups/rg-apim-external-705/providers/Microsoft.ApiManagement/service/apim-external-705/apis/api-demo",
            "import": [],
            "is_current": true,
            "is_online": false,
            "license": [],
            "name": "api-demo",
            "oauth2_authorization": [],
            "openid_authentication": [],
            "path": "api",
            "protocols": [
              "http",
              "https"
            ],
            "resource_group_name": "rg-apim-external-705",
            "revision": "1",
            "revision_description": "",
            "service_url": "https://function-linux-container-705.azurewebsites.net/api",
            "soap_pass_through": false,
            "source_api_id": null,
            "subscription_key_parameter_names": [
              {
                "header": "Ocp-Apim-Subscription-Key",
                "query": "subscription-key"
              }
            ],
            "subscription_required": false,
            "terms_of_service_url": "",
            "timeouts": null,
            "version": "",
            "version_description": "",
            "version_set_id": ""
          },
          "sensitive_attributes": [],
          "private": "eyJlMmJmYjczMC1lY2FhLTExZTYtOGY4OC0zNDM2M2JjN2M0YzAiOnsiY3JlYXRlIjoxODAwMDAwMDAwMDAwLCJkZWxldGUiOjE4MDAwMDAwMDAwMDAsInJlYWQiOjMwMDAwMDAwMDAwMCwidXBkYXRlIjoxODAwMDAwMDAwMDAwfX0=",
          "dependencies": [
            "azurerm_api_management.apim",
            "azurerm_linux_function_app.function-linux-container",
            "azurerm_network_security_group.nsg-apim",
            "azurerm_public_ip.pip-apim",
            "azurerm_resource_group.rg",
            "azurerm_service_plan.plan",
            "azurerm_storage_account.sa",
            "azurerm_subnet.subnet-apim",
            "azurerm_subnet_network_security_group_association.nsg-association",
            "azurerm_virtual_network.vnet-app"
          ]
        }
      ]
    },
    {
      "mode": "managed",
      "type": "azurerm_api_management_api",
      "name": "api-mock",
      "provider": "provider[\"registry.terraform.io/hashicorp/azurerm\"]",
      "instances": [
        {
          "schema_version": 0,
          "attributes": {
            "api_management_name": "apim-external-705",
            "api_type": "http",
            "contact": [],
            "description": "",
            "display_name": "Mock API",
            "id": "/subscriptions/38977b70-47bf-4da5-a492-88712fce8725/resourceGroups/rg-apim-external-705/providers/Microsoft.ApiManagement/service/apim-external-705/apis/api-mock",
            "import": [],
            "is_current": true,
            "is_online": false,
            "license": [],
            "name": "api-mock",
            "oauth2_authorization": [],
            "openid_authentication": [],
            "path": "mock",
            "protocols": [
              "https"
            ],
            "resource_group_name": "rg-apim-external-705",
            "revision": "v1",
            "revision_description": "",
            "service_url": "",
            "soap_pass_through": false,
            "source_api_id": null,
            "subscription_key_parameter_names": [
              {
                "header": "Ocp-Apim-Subscription-Key",
                "query": "subscription-key"
              }
            ],
            "subscription_required": false,
            "terms_of_service_url": "",
            "timeouts": null,
            "version": "",
            "version_description": "",
            "version_set_id": ""
          },
          "sensitive_attributes": [],
          "private": "eyJlMmJmYjczMC1lY2FhLTExZTYtOGY4OC0zNDM2M2JjN2M0YzAiOnsiY3JlYXRlIjoxODAwMDAwMDAwMDAwLCJkZWxldGUiOjE4MDAwMDAwMDAwMDAsInJlYWQiOjMwMDAwMDAwMDAwMCwidXBkYXRlIjoxODAwMDAwMDAwMDAwfX0=",
          "dependencies": [
            "azurerm_api_management.apim",
            "azurerm_network_security_group.nsg-apim",
            "azurerm_public_ip.pip-apim",
            "azurerm_resource_group.rg",
            "azurerm_subnet.subnet-apim",
            "azurerm_subnet_network_security_group_association.nsg-association",
            "azurerm_virtual_network.vnet-app"
          ]
        }
      ]
    },
    {
      "mode": "managed",
      "type": "azurerm_api_management_api",
      "name": "api-myip",
      "provider": "provider[\"registry.terraform.io/hashicorp/azurerm\"]",
      "instances": [
        {
          "schema_version": 0,
          "attributes": {
            "api_management_name": "apim-external-705",
            "api_type": "http",
            "contact": [],
            "description": "",
            "display_name": "MyIP API",
            "id": "/subscriptions/38977b70-47bf-4da5-a492-88712fce8725/resourceGroups/rg-apim-external-705/providers/Microsoft.ApiManagement/service/apim-external-705/apis/api-myip",
            "import": [],
            "is_current": true,
            "is_online": false,
            "license": [],
            "name": "api-myip",
            "oauth2_authorization": [],
            "openid_authentication": [],
            "path": "ip",
            "protocols": [
              "http",
              "https"
            ],
            "resource_group_name": "rg-apim-external-705",
            "revision": "1",
            "revision_description": "",
            "service_url": "https://ifconfig.me/ip",
            "soap_pass_through": false,
            "source_api_id": null,
            "subscription_key_parameter_names": [
              {
                "header": "Ocp-Apim-Subscription-Key",
                "query": "subscription-key"
              }
            ],
            "subscription_required": false,
            "terms_of_service_url": "",
            "timeouts": null,
            "version": "",
            "version_description": "",
            "version_set_id": ""
          },
          "sensitive_attributes": [],
          "private": "eyJlMmJmYjczMC1lY2FhLTExZTYtOGY4OC0zNDM2M2JjN2M0YzAiOnsiY3JlYXRlIjoxODAwMDAwMDAwMDAwLCJkZWxldGUiOjE4MDAwMDAwMDAwMDAsInJlYWQiOjMwMDAwMDAwMDAwMCwidXBkYXRlIjoxODAwMDAwMDAwMDAwfX0=",
          "dependencies": [
            "azurerm_api_management.apim",
            "azurerm_network_security_group.nsg-apim",
            "azurerm_public_ip.pip-apim",
            "azurerm_resource_group.rg",
            "azurerm_subnet.subnet-apim",
            "azurerm_subnet_network_security_group_association.nsg-association",
            "azurerm_virtual_network.vnet-app"
          ]
        }
      ]
    },
    {
      "mode": "managed",
      "type": "azurerm_api_management_api_operation",
      "name": "operation-azure-function-get",
      "provider": "provider[\"registry.terraform.io/hashicorp/azurerm\"]",
      "instances": [
        {
          "schema_version": 0,
          "attributes": {
            "api_management_name": "apim-external-705",
            "api_name": "api-demo",
            "description": "GET returns sample JSON file.",
            "display_name": "Demo API GET",
            "id": "/subscriptions/38977b70-47bf-4da5-a492-88712fce8725/resourceGroups/rg-apim-external-705/providers/Microsoft.ApiManagement/service/apim-external-705/apis/api-demo/operations/api-demo-get",
            "method": "GET",
            "operation_id": "api-demo-get",
            "request": [
              {
                "description": "",
                "header": [],
                "query_parameter": [],
                "representation": []
              }
            ],
            "resource_group_name": "rg-apim-external-705",
            "response": [],
            "template_parameter": [],
            "timeouts": null,
            "url_template": "/"
          },
          "sensitive_attributes": [],
          "private": "eyJlMmJmYjczMC1lY2FhLTExZTYtOGY4OC0zNDM2M2JjN2M0YzAiOnsiY3JlYXRlIjoxODAwMDAwMDAwMDAwLCJkZWxldGUiOjE4MDAwMDAwMDAwMDAsInJlYWQiOjMwMDAwMDAwMDAwMCwidXBkYXRlIjoxODAwMDAwMDAwMDAwfX0=",
          "dependencies": [
            "azurerm_api_management.apim",
            "azurerm_api_management_api.api-azure-function",
            "azurerm_linux_function_app.function-linux-container",
            "azurerm_network_security_group.nsg-apim",
            "azurerm_public_ip.pip-apim",
            "azurerm_resource_group.rg",
            "azurerm_service_plan.plan",
            "azurerm_storage_account.sa",
            "azurerm_subnet.subnet-apim",
            "azurerm_subnet_network_security_group_association.nsg-association",
            "azurerm_virtual_network.vnet-app"
          ]
        }
      ]
    },
    {
      "mode": "managed",
      "type": "azurerm_api_management_api_operation",
      "name": "operation-mock-get",
      "provider": "provider[\"registry.terraform.io/hashicorp/azurerm\"]",
      "instances": [
        {
          "schema_version": 0,
          "attributes": {
            "api_management_name": "apim-external-705",
            "api_name": "api-mock",
            "description": "GET returns sample JSON file.",
            "display_name": "Mock API GET",
            "id": "/subscriptions/38977b70-47bf-4da5-a492-88712fce8725/resourceGroups/rg-apim-external-705/providers/Microsoft.ApiManagement/service/apim-external-705/apis/api-mock/operations/api-mock-get",
            "method": "GET",
            "operation_id": "api-mock-get",
            "request": [
              {
                "description": "",
                "header": [],
                "query_parameter": [],
                "representation": []
              }
            ],
            "resource_group_name": "rg-apim-external-705",
            "response": [
              {
                "description": "",
                "header": [],
                "representation": [
                  {
                    "content_type": "application/json",
                    "example": [
                      {
                        "description": "",
                        "external_value": "",
                        "name": "default",
                        "summary": "",
                        "value": "{\r\n  \"title\": \"This is a mock API.\"\r\n  \"description\": \"This a Mock response from API Management.\"\r\n  \"purpose\": \"Mock API\"\r\n}\r\n"
                      }
                    ],
                    "form_parameter": [],
                    "schema_id": "",
                    "type_name": ""
                  }
                ],
                "status_code": 200
              }
            ],
            "template_parameter": [],
            "timeouts": null,
            "url_template": "/"
          },
          "sensitive_attributes": [],
          "private": "eyJlMmJmYjczMC1lY2FhLTExZTYtOGY4OC0zNDM2M2JjN2M0YzAiOnsiY3JlYXRlIjoxODAwMDAwMDAwMDAwLCJkZWxldGUiOjE4MDAwMDAwMDAwMDAsInJlYWQiOjMwMDAwMDAwMDAwMCwidXBkYXRlIjoxODAwMDAwMDAwMDAwfX0=",
          "dependencies": [
            "azurerm_api_management.apim",
            "azurerm_api_management_api.api-mock",
            "azurerm_network_security_group.nsg-apim",
            "azurerm_public_ip.pip-apim",
            "azurerm_resource_group.rg",
            "azurerm_subnet.subnet-apim",
            "azurerm_subnet_network_security_group_association.nsg-association",
            "azurerm_virtual_network.vnet-app"
          ]
        }
      ]
    },
    {
      "mode": "managed",
      "type": "azurerm_api_management_api_operation",
      "name": "operation-myip-get",
      "provider": "provider[\"registry.terraform.io/hashicorp/azurerm\"]",
      "instances": [
        {
          "schema_version": 0,
          "attributes": {
            "api_management_name": "apim-external-705",
            "api_name": "api-myip",
            "description": "GET returns IP used by APIM for outbound traffic.",
            "display_name": "MyIP API GET",
            "id": "/subscriptions/38977b70-47bf-4da5-a492-88712fce8725/resourceGroups/rg-apim-external-705/providers/Microsoft.ApiManagement/service/apim-external-705/apis/api-myip/operations/api-myip-get",
            "method": "GET",
            "operation_id": "api-myip-get",
            "request": [
              {
                "description": "",
                "header": [],
                "query_parameter": [],
                "representation": []
              }
            ],
            "resource_group_name": "rg-apim-external-705",
            "response": [],
            "template_parameter": [],
            "timeouts": null,
            "url_template": "/"
          },
          "sensitive_attributes": [],
          "private": "eyJlMmJmYjczMC1lY2FhLTExZTYtOGY4OC0zNDM2M2JjN2M0YzAiOnsiY3JlYXRlIjoxODAwMDAwMDAwMDAwLCJkZWxldGUiOjE4MDAwMDAwMDAwMDAsInJlYWQiOjMwMDAwMDAwMDAwMCwidXBkYXRlIjoxODAwMDAwMDAwMDAwfX0=",
          "dependencies": [
            "azurerm_api_management.apim",
            "azurerm_api_management_api.api-myip",
            "azurerm_network_security_group.nsg-apim",
            "azurerm_public_ip.pip-apim",
            "azurerm_resource_group.rg",
            "azurerm_subnet.subnet-apim",
            "azurerm_subnet_network_security_group_association.nsg-association",
            "azurerm_virtual_network.vnet-app"
          ]
        }
      ]
    },
    {
      "mode": "managed",
      "type": "azurerm_api_management_api_operation_policy",
      "name": "mock-get-policy",
      "provider": "provider[\"registry.terraform.io/hashicorp/azurerm\"]",
      "instances": [
        {
          "schema_version": 2,
          "attributes": {
            "api_management_name": "apim-external-705",
            "api_name": "api-mock",
            "id": "/subscriptions/38977b70-47bf-4da5-a492-88712fce8725/resourceGroups/rg-apim-external-705/providers/Microsoft.ApiManagement/service/apim-external-705/apis/api-mock/operations/api-mock-get",
            "operation_id": "api-mock-get",
            "resource_group_name": "rg-apim-external-705",
            "timeouts": null,
            "xml_content": "\u003cpolicies\u003e\r\n\t\u003cinbound\u003e\r\n\t\t\u003cbase /\u003e\r\n\t\t\u003cmock-response status-code=\"200\" content-type=\"application/json\" /\u003e\r\n\t\u003c/inbound\u003e\r\n\u003c/policies\u003e",
            "xml_link": null
          },
          "sensitive_attributes": [],
          "private": "eyJlMmJmYjczMC1lY2FhLTExZTYtOGY4OC0zNDM2M2JjN2M0YzAiOnsiY3JlYXRlIjoxODAwMDAwMDAwMDAwLCJkZWxldGUiOjE4MDAwMDAwMDAwMDAsInJlYWQiOjMwMDAwMDAwMDAwMCwidXBkYXRlIjoxODAwMDAwMDAwMDAwfSwic2NoZW1hX3ZlcnNpb24iOiIyIn0=",
          "dependencies": [
            "azurerm_api_management.apim",
            "azurerm_api_management_api.api-mock",
            "azurerm_api_management_api_operation.operation-mock-get",
            "azurerm_network_security_group.nsg-apim",
            "azurerm_public_ip.pip-apim",
            "azurerm_resource_group.rg",
            "azurerm_subnet.subnet-apim",
            "azurerm_subnet_network_security_group_association.nsg-association",
            "azurerm_virtual_network.vnet-app"
          ]
        }
      ]
    },
    {
      "mode": "managed",
      "type": "azurerm_linux_function_app",
      "name": "function-linux-container",
      "provider": "provider[\"registry.terraform.io/hashicorp/azurerm\"]",
      "instances": [
        {
          "schema_version": 0,
          "attributes": {
            "app_settings": {},
            "auth_settings": [],
            "auth_settings_v2": [],
            "backup": [],
            "builtin_logging_enabled": true,
            "client_certificate_enabled": false,
            "client_certificate_exclusion_paths": "",
            "client_certificate_mode": "Optional",
            "connection_string": [],
            "content_share_force_disabled": false,
            "custom_domain_verification_id": "2AE36349F34CF07C26682CAB69940DF26614B5B61797CA2B82A7EC6564045909",
            "daily_memory_time_quota": 0,
            "default_hostname": "function-linux-container-705.azurewebsites.net",
            "enabled": true,
            "ftp_publish_basic_authentication_enabled": true,
            "functions_extension_version": "~4",
            "hosting_environment_id": "",
            "https_only": true,
            "id": "/subscriptions/38977b70-47bf-4da5-a492-88712fce8725/resourceGroups/rg-apim-external-705/providers/Microsoft.Web/sites/function-linux-container-705",
            "identity": [],
            "key_vault_reference_identity_id": "SystemAssigned",
            "kind": "functionapp,linux,container",
            "location": "westeurope",
            "name": "function-linux-container-705",
            "outbound_ip_address_list": [
              "52.157.250.234",
              "52.157.251.31",
              "52.157.251.212",
              "52.157.252.88",
              "52.157.252.97",
              "52.157.252.154",
              "20.50.2.81"
            ],
            "outbound_ip_addresses": "52.157.250.234,52.157.251.31,52.157.251.212,52.157.252.88,52.157.252.97,52.157.252.154,20.50.2.81",
            "possible_outbound_ip_address_list": [
              "52.157.250.234",
              "52.157.251.31",
              "52.157.251.212",
              "52.157.252.88",
              "52.157.252.97",
              "52.157.252.154",
              "52.157.252.208",
              "52.157.252.252",
              "52.157.253.7",
              "52.157.253.50",
              "52.157.253.158",
              "52.157.253.184",
              "52.157.253.219",
              "52.157.254.17",
              "52.157.254.30",
              "52.157.254.42",
              "52.157.254.117",
              "52.157.254.130",
              "20.82.66.239",
              "20.82.68.13",
              "20.82.68.152",
              "20.82.68.155",
              "20.82.68.161",
              "20.82.68.162",
              "20.50.2.81"
            ],
            "possible_outbound_ip_addresses": "52.157.250.234,52.157.251.31,52.157.251.212,52.157.252.88,52.157.252.97,52.157.252.154,52.157.252.208,52.157.252.252,52.157.253.7,52.157.253.50,52.157.253.158,52.157.253.184,52.157.253.219,52.157.254.17,52.157.254.30,52.157.254.42,52.157.254.117,52.157.254.130,20.82.66.239,20.82.68.13,20.82.68.152,20.82.68.155,20.82.68.161,20.82.68.162,20.50.2.81",
            "public_network_access_enabled": true,
            "resource_group_name": "rg-apim-external-705",
            "service_plan_id": "/subscriptions/38977b70-47bf-4da5-a492-88712fce8725/resourceGroups/rg-apim-external-705/providers/Microsoft.Web/serverfarms/plan-functions",
            "site_config": [
              {
                "always_on": true,
                "api_definition_url": "",
                "api_management_api_id": "",
                "app_command_line": "",
                "app_scale_limit": 0,
                "app_service_logs": [],
                "application_insights_connection_string": "",
                "application_insights_key": "",
                "application_stack": [
                  {
                    "docker": [
                      {
                        "image_name": "houssemdocker/backend-api",
                        "image_tag": "1.0",
                        "registry_password": "",
                        "registry_url": "https://index.docker.io",
                        "registry_username": ""
                      }
                    ],
                    "dotnet_version": "",
                    "java_version": "",
                    "node_version": "",
                    "powershell_core_version": "",
                    "python_version": "",
                    "use_custom_runtime": false,
                    "use_dotnet_isolated_runtime": false
                  }
                ],
                "container_registry_managed_identity_client_id": "",
                "container_registry_use_managed_identity": false,
                "cors": [],
                "default_documents": [
                  "Default.htm",
                  "Default.html",
                  "Default.asp",
                  "index.htm",
                  "index.html",
                  "iisstart.htm",
                  "default.aspx",
                  "index.php"
                ],
                "detailed_error_logging_enabled": false,
                "elastic_instance_minimum": 0,
                "ftps_state": "Disabled",
                "health_check_eviction_time_in_min": 0,
                "health_check_path": "",
                "http2_enabled": false,
                "ip_restriction": [
                  {
                    "action": "Allow",
                    "headers": [],
                    "ip_address": "",
                    "name": "",
                    "priority": 65000,
                    "service_tag": "",
                    "virtual_network_subnet_id": "/subscriptions/38977b70-47bf-4da5-a492-88712fce8725/resourceGroups/rg-apim-external-705/providers/Microsoft.Network/virtualNetworks/vnet-app/subnets/subnet-apim"
                  }
                ],
                "linux_fx_version": "DOCKER|index.docker.io/houssemdocker/backend-api:1.0",
                "load_balancing_mode": "LeastRequests",
                "managed_pipeline_mode": "Integrated",
                "minimum_tls_version": "1.2",
                "pre_warmed_instance_count": 0,
                "remote_debugging_enabled": false,
                "remote_debugging_version": "",
                "runtime_scale_monitoring_enabled": false,
                "scm_ip_restriction": [],
                "scm_minimum_tls_version": "1.2",
                "scm_type": "None",
                "scm_use_main_ip_restriction": false,
                "use_32_bit_worker": false,
                "vnet_route_all_enabled": false,
                "websockets_enabled": false,
                "worker_count": 1
              }
            ],
            "site_credential": [
              {
                "name": "$function-linux-container-705",
                "password": "qk4Jhc2fyhJusv13RQ5k8kRzQY8enCavo8ZQKx3rSrn8dsnne0PKnn6EFp3m"
              }
            ],
            "sticky_settings": [],
            "storage_account": [],
            "storage_account_access_key": "olKHNrnQ68yuIZHzMHSE4fYgtZi5FHY3uXqBni8x6t97viW+qBawtoDaJQGYxDNkUt8/Z890pu+O+AStH4OpeA==",
            "storage_account_name": "storagefunction705",
            "storage_key_vault_secret_id": "",
            "storage_uses_managed_identity": false,
            "tags": {},
            "timeouts": null,
            "virtual_network_subnet_id": "",
            "webdeploy_publish_basic_authentication_enabled": true,
            "zip_deploy_file": ""
          },
          "sensitive_attributes": [
            [
              {
                "type": "get_attr",
                "value": "storage_account_access_key"
              }
            ]
          ],
          "private": "eyJlMmJmYjczMC1lY2FhLTExZTYtOGY4OC0zNDM2M2JjN2M0YzAiOnsiY3JlYXRlIjoxODAwMDAwMDAwMDAwLCJkZWxldGUiOjE4MDAwMDAwMDAwMDAsInJlYWQiOjMwMDAwMDAwMDAwMCwidXBkYXRlIjoxODAwMDAwMDAwMDAwfX0=",
          "dependencies": [
            "azurerm_resource_group.rg",
            "azurerm_service_plan.plan",
            "azurerm_storage_account.sa",
            "azurerm_subnet.subnet-apim",
            "azurerm_virtual_network.vnet-app"
          ]
        }
      ]
    },
    {
      "mode": "managed",
      "type": "azurerm_network_security_group",
      "name": "nsg-apim",
      "provider": "provider[\"registry.terraform.io/hashicorp/azurerm\"]",
      "instances": [
        {
          "schema_version": 0,
          "attributes": {
            "id": "/subscriptions/38977b70-47bf-4da5-a492-88712fce8725/resourceGroups/rg-apim-external-705/providers/Microsoft.Network/networkSecurityGroups/nsg-apim",
            "location": "westeurope",
            "name": "nsg-apim",
            "resource_group_name": "rg-apim-external-705",
            "security_rule": [
              {
                "access": "Allow",
                "description": "",
                "destination_address_prefix": "AzureKeyVault",
                "destination_address_prefixes": [],
                "destination_application_security_group_ids": [],
                "destination_port_range": "443",
                "destination_port_ranges": [],
                "direction": "Outbound",
                "name": "allow-outbound-keyvault",
                "priority": 1040,
                "protocol": "Tcp",
                "source_address_prefix": "VirtualNetwork",
                "source_address_prefixes": [],
                "source_application_security_group_ids": [],
                "source_port_range": "*",
                "source_port_ranges": []
              },
              {
                "access": "Allow",
                "description": "",
                "destination_address_prefix": "SQL",
                "destination_address_prefixes": [],
                "destination_application_security_group_ids": [],
                "destination_port_range": "1443",
                "destination_port_ranges": [],
                "direction": "Outbound",
                "name": "allow-outbound-azure-sql",
                "priority": 1030,
                "protocol": "Tcp",
                "source_address_prefix": "VirtualNetwork",
                "source_address_prefixes": [],
                "source_application_security_group_ids": [],
                "source_port_range": "*",
                "source_port_ranges": []
              },
              {
                "access": "Allow",
                "description": "",
                "destination_address_prefix": "Storage",
                "destination_address_prefixes": [],
                "destination_application_security_group_ids": [],
                "destination_port_range": "443",
                "destination_port_ranges": [],
                "direction": "Outbound",
                "name": "allow-outbound-storage",
                "priority": 1020,
                "protocol": "Tcp",
                "source_address_prefix": "VirtualNetwork",
                "source_address_prefixes": [],
                "source_application_security_group_ids": [],
                "source_port_range": "*",
                "source_port_ranges": []
              },
              {
                "access": "Allow",
                "description": "",
                "destination_address_prefix": "VirtualNetwork",
                "destination_address_prefixes": [],
                "destination_application_security_group_ids": [],
                "destination_port_range": "3443",
                "destination_port_ranges": [],
                "direction": "Inbound",
                "name": "allow-inbound-apim",
                "priority": 1010,
                "protocol": "Tcp",
                "source_address_prefix": "ApiManagement",
                "source_address_prefixes": [],
                "source_application_security_group_ids": [],
                "source_port_range": "*",
                "source_port_ranges": []
              },
              {
                "access": "Allow",
                "description": "",
                "destination_address_prefix": "VirtualNetwork",
                "destination_address_prefixes": [],
                "destination_application_security_group_ids": [],
                "destination_port_range": "443",
                "destination_port_ranges": [],
                "direction": "Inbound",
                "name": "allow-inbound-internet-https",
                "priority": 1030,
                "protocol": "Tcp",
                "source_address_prefix": "Internet",
                "source_address_prefixes": [],
                "source_application_security_group_ids": [],
                "source_port_range": "*",
                "source_port_ranges": []
              },
              {
                "access": "Allow",
                "description": "",
                "destination_address_prefix": "VirtualNetwork",
                "destination_address_prefixes": [],
                "destination_application_security_group_ids": [],
                "destination_port_range": "6390",
                "destination_port_ranges": [],
                "direction": "Inbound",
                "name": "allow-inbound-infra-lb",
                "priority": 1000,
                "protocol": "Tcp",
                "source_address_prefix": "AzureLoadBalancer",
                "source_address_prefixes": [],
                "source_application_security_group_ids": [],
                "source_port_range": "*",
                "source_port_ranges": []
              },
              {
                "access": "Allow",
                "description": "",
                "destination_address_prefix": "VirtualNetwork",
                "destination_address_prefixes": [],
                "destination_application_security_group_ids": [],
                "destination_port_range": "80",
                "destination_port_ranges": [],
                "direction": "Inbound",
                "name": "allow-inbound-internet-http",
                "priority": 1020,
                "protocol": "Tcp",
                "source_address_prefix": "Internet",
                "source_address_prefixes": [],
                "source_application_security_group_ids": [],
                "source_port_range": "*",
                "source_port_ranges": []
              }
            ],
            "tags": {},
            "timeouts": null
          },
          "sensitive_attributes": [],
          "private": "eyJlMmJmYjczMC1lY2FhLTExZTYtOGY4OC0zNDM2M2JjN2M0YzAiOnsiY3JlYXRlIjoxODAwMDAwMDAwMDAwLCJkZWxldGUiOjE4MDAwMDAwMDAwMDAsInJlYWQiOjMwMDAwMDAwMDAwMCwidXBkYXRlIjoxODAwMDAwMDAwMDAwfX0=",
          "dependencies": [
            "azurerm_resource_group.rg"
          ]
        }
      ]
    },
    {
      "mode": "managed",
      "type": "azurerm_network_security_rule",
      "name": "allow-inbound-apim",
      "provider": "provider[\"registry.terraform.io/hashicorp/azurerm\"]",
      "instances": [
        {
          "schema_version": 0,
          "attributes": {
            "access": "Allow",
            "description": "",
            "destination_address_prefix": "VirtualNetwork",
            "destination_address_prefixes": [],
            "destination_application_security_group_ids": [],
            "destination_port_range": "3443",
            "destination_port_ranges": [],
            "direction": "Inbound",
            "id": "/subscriptions/38977b70-47bf-4da5-a492-88712fce8725/resourceGroups/rg-apim-external-705/providers/Microsoft.Network/networkSecurityGroups/nsg-apim/securityRules/allow-inbound-apim",
            "name": "allow-inbound-apim",
            "network_security_group_name": "nsg-apim",
            "priority": 1010,
            "protocol": "Tcp",
            "resource_group_name": "rg-apim-external-705",
            "source_address_prefix": "ApiManagement",
            "source_address_prefixes": [],
            "source_application_security_group_ids": [],
            "source_port_range": "*",
            "source_port_ranges": [],
            "timeouts": null
          },
          "sensitive_attributes": [],
          "private": "eyJlMmJmYjczMC1lY2FhLTExZTYtOGY4OC0zNDM2M2JjN2M0YzAiOnsiY3JlYXRlIjoxODAwMDAwMDAwMDAwLCJkZWxldGUiOjE4MDAwMDAwMDAwMDAsInJlYWQiOjMwMDAwMDAwMDAwMCwidXBkYXRlIjoxODAwMDAwMDAwMDAwfX0=",
          "dependencies": [
            "azurerm_network_security_group.nsg-apim",
            "azurerm_resource_group.rg"
          ]
        }
      ]
    },
    {
      "mode": "managed",
      "type": "azurerm_network_security_rule",
      "name": "allow-inbound-infra-lb",
      "provider": "provider[\"registry.terraform.io/hashicorp/azurerm\"]",
      "instances": [
        {
          "schema_version": 0,
          "attributes": {
            "access": "Allow",
            "description": "",
            "destination_address_prefix": "VirtualNetwork",
            "destination_address_prefixes": [],
            "destination_application_security_group_ids": [],
            "destination_port_range": "6390",
            "destination_port_ranges": [],
            "direction": "Inbound",
            "id": "/subscriptions/38977b70-47bf-4da5-a492-88712fce8725/resourceGroups/rg-apim-external-705/providers/Microsoft.Network/networkSecurityGroups/nsg-apim/securityRules/allow-inbound-infra-lb",
            "name": "allow-inbound-infra-lb",
            "network_security_group_name": "nsg-apim",
            "priority": 1000,
            "protocol": "Tcp",
            "resource_group_name": "rg-apim-external-705",
            "source_address_prefix": "AzureLoadBalancer",
            "source_address_prefixes": [],
            "source_application_security_group_ids": [],
            "source_port_range": "*",
            "source_port_ranges": [],
            "timeouts": null
          },
          "sensitive_attributes": [],
          "private": "eyJlMmJmYjczMC1lY2FhLTExZTYtOGY4OC0zNDM2M2JjN2M0YzAiOnsiY3JlYXRlIjoxODAwMDAwMDAwMDAwLCJkZWxldGUiOjE4MDAwMDAwMDAwMDAsInJlYWQiOjMwMDAwMDAwMDAwMCwidXBkYXRlIjoxODAwMDAwMDAwMDAwfX0=",
          "dependencies": [
            "azurerm_network_security_group.nsg-apim",
            "azurerm_resource_group.rg"
          ]
        }
      ]
    },
    {
      "mode": "managed",
      "type": "azurerm_network_security_rule",
      "name": "allow-inbound-internet-http",
      "provider": "provider[\"registry.terraform.io/hashicorp/azurerm\"]",
      "instances": [
        {
          "schema_version": 0,
          "attributes": {
            "access": "Allow",
            "description": "",
            "destination_address_prefix": "VirtualNetwork",
            "destination_address_prefixes": [],
            "destination_application_security_group_ids": [],
            "destination_port_range": "80",
            "destination_port_ranges": [],
            "direction": "Inbound",
            "id": "/subscriptions/38977b70-47bf-4da5-a492-88712fce8725/resourceGroups/rg-apim-external-705/providers/Microsoft.Network/networkSecurityGroups/nsg-apim/securityRules/allow-inbound-internet-http",
            "name": "allow-inbound-internet-http",
            "network_security_group_name": "nsg-apim",
            "priority": 1020,
            "protocol": "Tcp",
            "resource_group_name": "rg-apim-external-705",
            "source_address_prefix": "Internet",
            "source_address_prefixes": [],
            "source_application_security_group_ids": [],
            "source_port_range": "*",
            "source_port_ranges": [],
            "timeouts": null
          },
          "sensitive_attributes": [],
          "private": "eyJlMmJmYjczMC1lY2FhLTExZTYtOGY4OC0zNDM2M2JjN2M0YzAiOnsiY3JlYXRlIjoxODAwMDAwMDAwMDAwLCJkZWxldGUiOjE4MDAwMDAwMDAwMDAsInJlYWQiOjMwMDAwMDAwMDAwMCwidXBkYXRlIjoxODAwMDAwMDAwMDAwfX0=",
          "dependencies": [
            "azurerm_network_security_group.nsg-apim",
            "azurerm_resource_group.rg"
          ]
        }
      ]
    },
    {
      "mode": "managed",
      "type": "azurerm_network_security_rule",
      "name": "allow-inbound-internet-https",
      "provider": "provider[\"registry.terraform.io/hashicorp/azurerm\"]",
      "instances": [
        {
          "schema_version": 0,
          "attributes": {
            "access": "Allow",
            "description": "",
            "destination_address_prefix": "VirtualNetwork",
            "destination_address_prefixes": [],
            "destination_application_security_group_ids": [],
            "destination_port_range": "443",
            "destination_port_ranges": [],
            "direction": "Inbound",
            "id": "/subscriptions/38977b70-47bf-4da5-a492-88712fce8725/resourceGroups/rg-apim-external-705/providers/Microsoft.Network/networkSecurityGroups/nsg-apim/securityRules/allow-inbound-internet-https",
            "name": "allow-inbound-internet-https",
            "network_security_group_name": "nsg-apim",
            "priority": 1030,
            "protocol": "Tcp",
            "resource_group_name": "rg-apim-external-705",
            "source_address_prefix": "Internet",
            "source_address_prefixes": [],
            "source_application_security_group_ids": [],
            "source_port_range": "*",
            "source_port_ranges": [],
            "timeouts": null
          },
          "sensitive_attributes": [],
          "private": "eyJlMmJmYjczMC1lY2FhLTExZTYtOGY4OC0zNDM2M2JjN2M0YzAiOnsiY3JlYXRlIjoxODAwMDAwMDAwMDAwLCJkZWxldGUiOjE4MDAwMDAwMDAwMDAsInJlYWQiOjMwMDAwMDAwMDAwMCwidXBkYXRlIjoxODAwMDAwMDAwMDAwfX0=",
          "dependencies": [
            "azurerm_network_security_group.nsg-apim",
            "azurerm_resource_group.rg"
          ]
        }
      ]
    },
    {
      "mode": "managed",
      "type": "azurerm_network_security_rule",
      "name": "allow-outbound-azuresql",
      "provider": "provider[\"registry.terraform.io/hashicorp/azurerm\"]",
      "instances": [
        {
          "index_key": 0,
          "schema_version": 0,
          "attributes": {
            "access": "Allow",
            "description": "",
            "destination_address_prefix": "SQL",
            "destination_address_prefixes": [],
            "destination_application_security_group_ids": [],
            "destination_port_range": "1443",
            "destination_port_ranges": [],
            "direction": "Outbound",
            "id": "/subscriptions/38977b70-47bf-4da5-a492-88712fce8725/resourceGroups/rg-apim-external-705/providers/Microsoft.Network/networkSecurityGroups/nsg-apim/securityRules/allow-outbound-azure-sql",
            "name": "allow-outbound-azure-sql",
            "network_security_group_name": "nsg-apim",
            "priority": 1030,
            "protocol": "Tcp",
            "resource_group_name": "rg-apim-external-705",
            "source_address_prefix": "VirtualNetwork",
            "source_address_prefixes": [],
            "source_application_security_group_ids": [],
            "source_port_range": "*",
            "source_port_ranges": [],
            "timeouts": null
          },
          "sensitive_attributes": [],
          "private": "eyJlMmJmYjczMC1lY2FhLTExZTYtOGY4OC0zNDM2M2JjN2M0YzAiOnsiY3JlYXRlIjoxODAwMDAwMDAwMDAwLCJkZWxldGUiOjE4MDAwMDAwMDAwMDAsInJlYWQiOjMwMDAwMDAwMDAwMCwidXBkYXRlIjoxODAwMDAwMDAwMDAwfX0=",
          "dependencies": [
            "azurerm_network_security_group.nsg-apim",
            "azurerm_resource_group.rg"
          ]
        }
      ]
    },
    {
      "mode": "managed",
      "type": "azurerm_network_security_rule",
      "name": "allow-outbound-keyvault",
      "provider": "provider[\"registry.terraform.io/hashicorp/azurerm\"]",
      "instances": [
        {
          "index_key": 0,
          "schema_version": 0,
          "attributes": {
            "access": "Allow",
            "description": "",
            "destination_address_prefix": "AzureKeyVault",
            "destination_address_prefixes": [],
            "destination_application_security_group_ids": [],
            "destination_port_range": "443",
            "destination_port_ranges": [],
            "direction": "Outbound",
            "id": "/subscriptions/38977b70-47bf-4da5-a492-88712fce8725/resourceGroups/rg-apim-external-705/providers/Microsoft.Network/networkSecurityGroups/nsg-apim/securityRules/allow-outbound-keyvault",
            "name": "allow-outbound-keyvault",
            "network_security_group_name": "nsg-apim",
            "priority": 1040,
            "protocol": "Tcp",
            "resource_group_name": "rg-apim-external-705",
            "source_address_prefix": "VirtualNetwork",
            "source_address_prefixes": [],
            "source_application_security_group_ids": [],
            "source_port_range": "*",
            "source_port_ranges": [],
            "timeouts": null
          },
          "sensitive_attributes": [],
          "private": "eyJlMmJmYjczMC1lY2FhLTExZTYtOGY4OC0zNDM2M2JjN2M0YzAiOnsiY3JlYXRlIjoxODAwMDAwMDAwMDAwLCJkZWxldGUiOjE4MDAwMDAwMDAwMDAsInJlYWQiOjMwMDAwMDAwMDAwMCwidXBkYXRlIjoxODAwMDAwMDAwMDAwfX0=",
          "dependencies": [
            "azurerm_network_security_group.nsg-apim",
            "azurerm_resource_group.rg"
          ]
        }
      ]
    },
    {
      "mode": "managed",
      "type": "azurerm_network_security_rule",
      "name": "allow-outbound-storage",
      "provider": "provider[\"registry.terraform.io/hashicorp/azurerm\"]",
      "instances": [
        {
          "index_key": 0,
          "schema_version": 0,
          "attributes": {
            "access": "Allow",
            "description": "",
            "destination_address_prefix": "Storage",
            "destination_address_prefixes": [],
            "destination_application_security_group_ids": [],
            "destination_port_range": "443",
            "destination_port_ranges": [],
            "direction": "Outbound",
            "id": "/subscriptions/38977b70-47bf-4da5-a492-88712fce8725/resourceGroups/rg-apim-external-705/providers/Microsoft.Network/networkSecurityGroups/nsg-apim/securityRules/allow-outbound-storage",
            "name": "allow-outbound-storage",
            "network_security_group_name": "nsg-apim",
            "priority": 1020,
            "protocol": "Tcp",
            "resource_group_name": "rg-apim-external-705",
            "source_address_prefix": "VirtualNetwork",
            "source_address_prefixes": [],
            "source_application_security_group_ids": [],
            "source_port_range": "*",
            "source_port_ranges": [],
            "timeouts": null
          },
          "sensitive_attributes": [],
          "private": "eyJlMmJmYjczMC1lY2FhLTExZTYtOGY4OC0zNDM2M2JjN2M0YzAiOnsiY3JlYXRlIjoxODAwMDAwMDAwMDAwLCJkZWxldGUiOjE4MDAwMDAwMDAwMDAsInJlYWQiOjMwMDAwMDAwMDAwMCwidXBkYXRlIjoxODAwMDAwMDAwMDAwfX0=",
          "dependencies": [
            "azurerm_network_security_group.nsg-apim",
            "azurerm_resource_group.rg"
          ]
        }
      ]
    },
    {
      "mode": "managed",
      "type": "azurerm_public_ip",
      "name": "pip-apim",
      "provider": "provider[\"registry.terraform.io/hashicorp/azurerm\"]",
      "instances": [
        {
          "schema_version": 0,
          "attributes": {
            "allocation_method": "Static",
            "ddos_protection_mode": "VirtualNetworkInherited",
            "ddos_protection_plan_id": null,
            "domain_name_label": "apim-external-705",
            "edge_zone": "",
            "fqdn": "apim-external-705.westeurope.cloudapp.azure.com",
            "id": "/subscriptions/38977b70-47bf-4da5-a492-88712fce8725/resourceGroups/rg-apim-external-705/providers/Microsoft.Network/publicIPAddresses/pip-apim",
            "idle_timeout_in_minutes": 4,
            "ip_address": "74.234.138.175",
            "ip_tags": {},
            "ip_version": "IPv4",
            "location": "westeurope",
            "name": "pip-apim",
            "public_ip_prefix_id": null,
            "resource_group_name": "rg-apim-external-705",
            "reverse_fqdn": "",
            "sku": "Standard",
            "sku_tier": "Regional",
            "tags": {},
            "timeouts": null,
            "zones": [
              "1"
            ]
          },
          "sensitive_attributes": [],
          "private": "eyJlMmJmYjczMC1lY2FhLTExZTYtOGY4OC0zNDM2M2JjN2M0YzAiOnsiY3JlYXRlIjoxODAwMDAwMDAwMDAwLCJkZWxldGUiOjE4MDAwMDAwMDAwMDAsInJlYWQiOjMwMDAwMDAwMDAwMCwidXBkYXRlIjoxODAwMDAwMDAwMDAwfX0=",
          "dependencies": [
            "azurerm_resource_group.rg"
          ]
        }
      ]
    },
    {
      "mode": "managed",
      "type": "azurerm_resource_group",
      "name": "rg",
      "provider": "provider[\"registry.terraform.io/hashicorp/azurerm\"]",
      "instances": [
        {
          "schema_version": 0,
          "attributes": {
            "id": "/subscriptions/38977b70-47bf-4da5-a492-88712fce8725/resourceGroups/rg-apim-external-705",
            "location": "westeurope",
            "managed_by": "",
            "name": "rg-apim-external-705",
            "tags": {},
            "timeouts": null
          },
          "sensitive_attributes": [],
          "private": "eyJlMmJmYjczMC1lY2FhLTExZTYtOGY4OC0zNDM2M2JjN2M0YzAiOnsiY3JlYXRlIjo1NDAwMDAwMDAwMDAwLCJkZWxldGUiOjU0MDAwMDAwMDAwMDAsInJlYWQiOjMwMDAwMDAwMDAwMCwidXBkYXRlIjo1NDAwMDAwMDAwMDAwfX0="
        }
      ]
    },
    {
      "mode": "managed",
      "type": "azurerm_service_plan",
      "name": "plan",
      "provider": "provider[\"registry.terraform.io/hashicorp/azurerm\"]",
      "instances": [
        {
          "schema_version": 0,
          "attributes": {
            "app_service_environment_id": "",
            "id": "/subscriptions/38977b70-47bf-4da5-a492-88712fce8725/resourceGroups/rg-apim-external-705/providers/Microsoft.Web/serverfarms/plan-functions",
            "kind": "linux",
            "location": "westeurope",
            "maximum_elastic_worker_count": 1,
            "name": "plan-functions",
            "os_type": "Linux",
            "per_site_scaling_enabled": false,
            "reserved": true,
            "resource_group_name": "rg-apim-external-705",
            "sku_name": "B1",
            "tags": {},
            "timeouts": null,
            "worker_count": 1,
            "zone_balancing_enabled": false
          },
          "sensitive_attributes": [],
          "private": "eyJlMmJmYjczMC1lY2FhLTExZTYtOGY4OC0zNDM2M2JjN2M0YzAiOnsiY3JlYXRlIjozNjAwMDAwMDAwMDAwLCJkZWxldGUiOjM2MDAwMDAwMDAwMDAsInJlYWQiOjMwMDAwMDAwMDAwMCwidXBkYXRlIjozNjAwMDAwMDAwMDAwfX0=",
          "dependencies": [
            "azurerm_resource_group.rg"
          ]
        }
      ]
    },
    {
      "mode": "managed",
      "type": "azurerm_storage_account",
      "name": "sa",
      "provider": "provider[\"registry.terraform.io/hashicorp/azurerm\"]",
      "instances": [
        {
          "schema_version": 4,
          "attributes": {
            "access_tier": "Hot",
            "account_kind": "StorageV2",
            "account_replication_type": "LRS",
            "account_tier": "Standard",
            "allow_nested_items_to_be_public": true,
            "allowed_copy_scope": "",
            "azure_files_authentication": [],
            "blob_properties": [
              {
                "change_feed_enabled": false,
                "change_feed_retention_in_days": 0,
                "container_delete_retention_policy": [],
                "cors_rule": [],
                "default_service_version": "",
                "delete_retention_policy": [],
                "last_access_time_enabled": false,
                "restore_policy": [],
                "versioning_enabled": false
              }
            ],
            "cross_tenant_replication_enabled": true,
            "custom_domain": [],
            "customer_managed_key": [],
            "default_to_oauth_authentication": false,
            "edge_zone": "",
            "enable_https_traffic_only": true,
            "id": "/subscriptions/38977b70-47bf-4da5-a492-88712fce8725/resourceGroups/rg-apim-external-705/providers/Microsoft.Storage/storageAccounts/storagefunction705",
            "identity": [],
            "immutability_policy": [],
            "infrastructure_encryption_enabled": false,
            "is_hns_enabled": false,
            "large_file_share_enabled": null,
            "location": "westeurope",
            "min_tls_version": "TLS1_2",
            "name": "storagefunction705",
            "network_rules": [
              {
                "bypass": [
                  "AzureServices"
                ],
                "default_action": "Allow",
                "ip_rules": [],
                "private_link_access": [],
                "virtual_network_subnet_ids": []
              }
            ],
            "nfsv3_enabled": false,
            "primary_access_key": "olKHNrnQ68yuIZHzMHSE4fYgtZi5FHY3uXqBni8x6t97viW+qBawtoDaJQGYxDNkUt8/Z890pu+O+AStH4OpeA==",
            "primary_blob_connection_string": "DefaultEndpointsProtocol=https;BlobEndpoint=https://storagefunction705.blob.core.windows.net/;AccountName=storagefunction705;AccountKey=olKHNrnQ68yuIZHzMHSE4fYgtZi5FHY3uXqBni8x6t97viW+qBawtoDaJQGYxDNkUt8/Z890pu+O+AStH4OpeA==",
            "primary_blob_endpoint": "https://storagefunction705.blob.core.windows.net/",
            "primary_blob_host": "storagefunction705.blob.core.windows.net",
            "primary_blob_internet_endpoint": null,
            "primary_blob_internet_host": null,
            "primary_blob_microsoft_endpoint": null,
            "primary_blob_microsoft_host": null,
            "primary_connection_string": "DefaultEndpointsProtocol=https;AccountName=storagefunction705;AccountKey=olKHNrnQ68yuIZHzMHSE4fYgtZi5FHY3uXqBni8x6t97viW+qBawtoDaJQGYxDNkUt8/Z890pu+O+AStH4OpeA==;EndpointSuffix=core.windows.net",
            "primary_dfs_endpoint": "https://storagefunction705.dfs.core.windows.net/",
            "primary_dfs_host": "storagefunction705.dfs.core.windows.net",
            "primary_dfs_internet_endpoint": null,
            "primary_dfs_internet_host": null,
            "primary_dfs_microsoft_endpoint": null,
            "primary_dfs_microsoft_host": null,
            "primary_file_endpoint": "https://storagefunction705.file.core.windows.net/",
            "primary_file_host": "storagefunction705.file.core.windows.net",
            "primary_file_internet_endpoint": null,
            "primary_file_internet_host": null,
            "primary_file_microsoft_endpoint": null,
            "primary_file_microsoft_host": null,
            "primary_location": "westeurope",
            "primary_queue_endpoint": "https://storagefunction705.queue.core.windows.net/",
            "primary_queue_host": "storagefunction705.queue.core.windows.net",
            "primary_queue_microsoft_endpoint": null,
            "primary_queue_microsoft_host": null,
            "primary_table_endpoint": "https://storagefunction705.table.core.windows.net/",
            "primary_table_host": "storagefunction705.table.core.windows.net",
            "primary_table_microsoft_endpoint": null,
            "primary_table_microsoft_host": null,
            "primary_web_endpoint": "https://storagefunction705.z6.web.core.windows.net/",
            "primary_web_host": "storagefunction705.z6.web.core.windows.net",
            "primary_web_internet_endpoint": null,
            "primary_web_internet_host": null,
            "primary_web_microsoft_endpoint": null,
            "primary_web_microsoft_host": null,
            "public_network_access_enabled": true,
            "queue_encryption_key_type": "Service",
            "queue_properties": [
              {
                "cors_rule": [],
                "hour_metrics": [
                  {
                    "enabled": true,
                    "include_apis": true,
                    "retention_policy_days": 7,
                    "version": "1.0"
                  }
                ],
                "logging": [
                  {
                    "delete": false,
                    "read": false,
                    "retention_policy_days": 0,
                    "version": "1.0",
                    "write": false
                  }
                ],
                "minute_metrics": [
                  {
                    "enabled": false,
                    "include_apis": false,
                    "retention_policy_days": 0,
                    "version": "1.0"
                  }
                ]
              }
            ],
            "resource_group_name": "rg-apim-external-705",
            "routing": [],
            "sas_policy": [],
            "secondary_access_key": "FDvmwfimVHqoBTRcwRsdKzVQqmmPF3wVhqM9hRXbN06vYiJB5wZGwUFx7QQqK+jYRZJnLtt2Onyu+AStZXLYng==",
            "secondary_blob_connection_string": "",
            "secondary_blob_endpoint": null,
            "secondary_blob_host": null,
            "secondary_blob_internet_endpoint": null,
            "secondary_blob_internet_host": null,
            "secondary_blob_microsoft_endpoint": null,
            "secondary_blob_microsoft_host": null,
            "secondary_connection_string": "DefaultEndpointsProtocol=https;AccountName=storagefunction705;AccountKey=FDvmwfimVHqoBTRcwRsdKzVQqmmPF3wVhqM9hRXbN06vYiJB5wZGwUFx7QQqK+jYRZJnLtt2Onyu+AStZXLYng==;EndpointSuffix=core.windows.net",
            "secondary_dfs_endpoint": null,
            "secondary_dfs_host": null,
            "secondary_dfs_internet_endpoint": null,
            "secondary_dfs_internet_host": null,
            "secondary_dfs_microsoft_endpoint": null,
            "secondary_dfs_microsoft_host": null,
            "secondary_file_endpoint": null,
            "secondary_file_host": null,
            "secondary_file_internet_endpoint": null,
            "secondary_file_internet_host": null,
            "secondary_file_microsoft_endpoint": null,
            "secondary_file_microsoft_host": null,
            "secondary_location": "",
            "secondary_queue_endpoint": null,
            "secondary_queue_host": null,
            "secondary_queue_microsoft_endpoint": null,
            "secondary_queue_microsoft_host": null,
            "secondary_table_endpoint": null,
            "secondary_table_host": null,
            "secondary_table_microsoft_endpoint": null,
            "secondary_table_microsoft_host": null,
            "secondary_web_endpoint": null,
            "secondary_web_host": null,
            "secondary_web_internet_endpoint": null,
            "secondary_web_internet_host": null,
            "secondary_web_microsoft_endpoint": null,
            "secondary_web_microsoft_host": null,
            "sftp_enabled": false,
            "share_properties": [
              {
                "cors_rule": [],
                "retention_policy": [
                  {
                    "days": 7
                  }
                ],
                "smb": []
              }
            ],
            "shared_access_key_enabled": true,
            "static_website": [],
            "table_encryption_key_type": "Service",
            "tags": {},
            "timeouts": null
          },
          "sensitive_attributes": [],
          "private": "eyJlMmJmYjczMC1lY2FhLTExZTYtOGY4OC0zNDM2M2JjN2M0YzAiOnsiY3JlYXRlIjozNjAwMDAwMDAwMDAwLCJkZWxldGUiOjM2MDAwMDAwMDAwMDAsInJlYWQiOjMwMDAwMDAwMDAwMCwidXBkYXRlIjozNjAwMDAwMDAwMDAwfSwic2NoZW1hX3ZlcnNpb24iOiI0In0=",
          "dependencies": [
            "azurerm_resource_group.rg"
          ]
        }
      ]
    },
    {
      "mode": "managed",
      "type": "azurerm_subnet",
      "name": "subnet-apim",
      "provider": "provider[\"registry.terraform.io/hashicorp/azurerm\"]",
      "instances": [
        {
          "schema_version": 0,
          "attributes": {
            "address_prefixes": [
              "10.0.0.0/24"
            ],
            "delegation": [],
            "enforce_private_link_endpoint_network_policies": false,
            "enforce_private_link_service_network_policies": false,
            "id": "/subscriptions/38977b70-47bf-4da5-a492-88712fce8725/resourceGroups/rg-apim-external-705/providers/Microsoft.Network/virtualNetworks/vnet-app/subnets/subnet-apim",
            "name": "subnet-apim",
            "private_endpoint_network_policies_enabled": true,
            "private_link_service_network_policies_enabled": true,
            "resource_group_name": "rg-apim-external-705",
            "service_endpoint_policy_ids": [],
            "service_endpoints": [
              "Microsoft.Web"
            ],
            "timeouts": null,
            "virtual_network_name": "vnet-app"
          },
          "sensitive_attributes": [],
          "private": "eyJlMmJmYjczMC1lY2FhLTExZTYtOGY4OC0zNDM2M2JjN2M0YzAiOnsiY3JlYXRlIjoxODAwMDAwMDAwMDAwLCJkZWxldGUiOjE4MDAwMDAwMDAwMDAsInJlYWQiOjMwMDAwMDAwMDAwMCwidXBkYXRlIjoxODAwMDAwMDAwMDAwfX0=",
          "dependencies": [
            "azurerm_resource_group.rg",
            "azurerm_virtual_network.vnet-app"
          ]
        }
      ]
    },
    {
      "mode": "managed",
      "type": "azurerm_subnet_network_security_group_association",
      "name": "nsg-association",
      "provider": "provider[\"registry.terraform.io/hashicorp/azurerm\"]",
      "instances": [
        {
          "schema_version": 0,
          "attributes": {
            "id": "/subscriptions/38977b70-47bf-4da5-a492-88712fce8725/resourceGroups/rg-apim-external-705/providers/Microsoft.Network/virtualNetworks/vnet-app/subnets/subnet-apim",
            "network_security_group_id": "/subscriptions/38977b70-47bf-4da5-a492-88712fce8725/resourceGroups/rg-apim-external-705/providers/Microsoft.Network/networkSecurityGroups/nsg-apim",
            "subnet_id": "/subscriptions/38977b70-47bf-4da5-a492-88712fce8725/resourceGroups/rg-apim-external-705/providers/Microsoft.Network/virtualNetworks/vnet-app/subnets/subnet-apim",
            "timeouts": null
          },
          "sensitive_attributes": [],
          "private": "eyJlMmJmYjczMC1lY2FhLTExZTYtOGY4OC0zNDM2M2JjN2M0YzAiOnsiY3JlYXRlIjoxODAwMDAwMDAwMDAwLCJkZWxldGUiOjE4MDAwMDAwMDAwMDAsInJlYWQiOjMwMDAwMDAwMDAwMH19",
          "dependencies": [
            "azurerm_network_security_group.nsg-apim",
            "azurerm_resource_group.rg",
            "azurerm_subnet.subnet-apim",
            "azurerm_virtual_network.vnet-app"
          ]
        }
      ]
    },
    {
      "mode": "managed",
      "type": "azurerm_virtual_network",
      "name": "vnet-app",
      "provider": "provider[\"registry.terraform.io/hashicorp/azurerm\"]",
      "instances": [
        {
          "schema_version": 0,
          "attributes": {
            "address_space": [
              "10.0.0.0/16"
            ],
            "bgp_community": "",
            "ddos_protection_plan": [],
            "dns_servers": [],
            "edge_zone": "",
            "encryption": [],
            "flow_timeout_in_minutes": 0,
            "guid": "147ae015-3de8-4644-89be-4cb4fd20ae26",
            "id": "/subscriptions/38977b70-47bf-4da5-a492-88712fce8725/resourceGroups/rg-apim-external-705/providers/Microsoft.Network/virtualNetworks/vnet-app",
            "location": "westeurope",
            "name": "vnet-app",
            "resource_group_name": "rg-apim-external-705",
            "subnet": [
              {
                "address_prefix": "10.0.0.0/24",
                "id": "/subscriptions/38977b70-47bf-4da5-a492-88712fce8725/resourceGroups/rg-apim-external-705/providers/Microsoft.Network/virtualNetworks/vnet-app/subnets/subnet-apim",
                "name": "subnet-apim",
                "security_group": "/subscriptions/38977b70-47bf-4da5-a492-88712fce8725/resourceGroups/rg-apim-external-705/providers/Microsoft.Network/networkSecurityGroups/nsg-apim"
              }
            ],
            "tags": {},
            "timeouts": null
          },
          "sensitive_attributes": [],
          "private": "eyJlMmJmYjczMC1lY2FhLTExZTYtOGY4OC0zNDM2M2JjN2M0YzAiOnsiY3JlYXRlIjoxODAwMDAwMDAwMDAwLCJkZWxldGUiOjE4MDAwMDAwMDAwMDAsInJlYWQiOjMwMDAwMDAwMDAwMCwidXBkYXRlIjoxODAwMDAwMDAwMDAwfX0=",
          "dependencies": [
            "azurerm_resource_group.rg"
          ]
        }
      ]
    }
  ],
  "check_results": null
}
