{
  "version": 4,
  "terraform_version": "1.9.1",
  "serial": 48,
  "lineage": "0fca418e-aeb8-7b02-9951-0e0789347281",
  "outputs": {
    "frontDoorEndpointHostName": {
      "value": "afd-fad84634adf6b8af-dphrafgyc3fzh9fb.b01.azurefd.net",
      "type": "string"
    }
  },
  "resources": [
    {
      "mode": "managed",
      "type": "azapi_resource",
      "name": "my_storage_container",
      "provider": "provider[\"registry.terraform.io/azure/azapi\"]",
      "instances": [
        {
          "schema_version": 0,
          "attributes": {
            "body": "{\"properties\":{\"publicAccess\":\"Blob\"}}",
            "id": "/subscriptions/38977b70-47bf-4da5-a492-88712fce8725/resourceGroups/FrontDoor-settling-guinea/providers/Microsoft.Storage/storageAccounts/stor82da683cdac1aa83/blobServices/default/containers/mycontainer",
            "identity": [],
            "ignore_casing": false,
            "ignore_missing_property": true,
            "location": "",
            "locks": null,
            "name": "mycontainer",
            "output": "{}",
            "parent_id": "/subscriptions/38977b70-47bf-4da5-a492-88712fce8725/resourceGroups/FrontDoor-settling-guinea/providers/Microsoft.Storage/storageAccounts/stor82da683cdac1aa83/blobServices/default",
            "response_export_values": null,
            "schema_validation_enabled": true,
            "tags": {},
            "timeouts": null,
            "type": "Microsoft.Storage/storageAccounts/blobServices/containers@2021-04-01"
          },
          "sensitive_attributes": [],
          "private": "eyJlMmJmYjczMC1lY2FhLTExZTYtOGY4OC0zNDM2M2JjN2M0YzAiOnsiY3JlYXRlIjoxODAwMDAwMDAwMDAwLCJkZWxldGUiOjE4MDAwMDAwMDAwMDAsInJlYWQiOjMwMDAwMDAwMDAwMCwidXBkYXRlIjoxODAwMDAwMDAwMDAwfX0=",
          "dependencies": [
            "azurerm_resource_group.my_resource_group",
            "azurerm_storage_account.my_storage_account",
            "random_id.storage_account_name",
            "random_pet.rg"
          ]
        }
      ]
    },
    {
      "mode": "managed",
      "type": "azurerm_cdn_frontdoor_custom_domain",
      "name": "my_custom_domain",
      "provider": "provider[\"registry.terraform.io/hashicorp/azurerm\"]",
      "instances": [
        {
          "schema_version": 0,
          "attributes": {
            "cdn_frontdoor_profile_id": "/subscriptions/38977b70-47bf-4da5-a492-88712fce8725/resourceGroups/FrontDoor-settling-guinea/providers/Microsoft.Cdn/profiles/MyFrontDoor",
            "dns_zone_id": "",
            "expiration_date": "2024-07-25T15:09:25.6359025+00:00",
            "host_name": "contoso.fabrikam.com",
            "id": "/subscriptions/38977b70-47bf-4da5-a492-88712fce8725/resourceGroups/FrontDoor-settling-guinea/providers/Microsoft.Cdn/profiles/MyFrontDoor/customDomains/MyCustomDomain",
            "name": "MyCustomDomain",
            "timeouts": null,
            "tls": [
              {
                "cdn_frontdoor_secret_id": "",
                "certificate_type": "ManagedCertificate",
                "minimum_tls_version": "TLS12"
              }
            ],
            "validation_token": "_txhw7xpm7puxckhukm7ako7paey3dmp"
          },
          "sensitive_attributes": [],
          "private": "eyJlMmJmYjczMC1lY2FhLTExZTYtOGY4OC0zNDM2M2JjN2M0YzAiOnsiY3JlYXRlIjo0MzIwMDAwMDAwMDAwMCwiZGVsZXRlIjo0MzIwMDAwMDAwMDAwMCwicmVhZCI6MzAwMDAwMDAwMDAwLCJ1cGRhdGUiOjg2NDAwMDAwMDAwMDAwfX0=",
          "dependencies": [
            "azurerm_cdn_frontdoor_profile.my_front_door",
            "azurerm_resource_group.my_resource_group",
            "random_pet.rg"
          ]
        }
      ]
    },
    {
      "mode": "managed",
      "type": "azurerm_cdn_frontdoor_endpoint",
      "name": "my_endpoint",
      "provider": "provider[\"registry.terraform.io/hashicorp/azurerm\"]",
      "instances": [
        {
          "schema_version": 0,
          "attributes": {
            "cdn_frontdoor_profile_id": "/subscriptions/38977b70-47bf-4da5-a492-88712fce8725/resourceGroups/FrontDoor-settling-guinea/providers/Microsoft.Cdn/profiles/MyFrontDoor",
            "enabled": true,
            "host_name": "afd-fad84634adf6b8af-dphrafgyc3fzh9fb.b01.azurefd.net",
            "id": "/subscriptions/38977b70-47bf-4da5-a492-88712fce8725/resourceGroups/FrontDoor-settling-guinea/providers/Microsoft.Cdn/profiles/MyFrontDoor/afdEndpoints/afd-fad84634adf6b8af",
            "name": "afd-fad84634adf6b8af",
            "tags": {},
            "timeouts": null
          },
          "sensitive_attributes": [],
          "private": "eyJlMmJmYjczMC1lY2FhLTExZTYtOGY4OC0zNDM2M2JjN2M0YzAiOnsiY3JlYXRlIjoxODAwMDAwMDAwMDAwLCJkZWxldGUiOjE4MDAwMDAwMDAwMDAsInJlYWQiOjMwMDAwMDAwMDAwMCwidXBkYXRlIjoxODAwMDAwMDAwMDAwfX0=",
          "dependencies": [
            "azurerm_cdn_frontdoor_profile.my_front_door",
            "azurerm_resource_group.my_resource_group",
            "random_id.front_door_endpoint_name",
            "random_pet.rg"
          ]
        }
      ]
    },
    {
      "mode": "managed",
      "type": "azurerm_cdn_frontdoor_firewall_policy",
      "name": "my_waf_policy",
      "provider": "provider[\"registry.terraform.io/hashicorp/azurerm\"]",
      "instances": [
        {
          "schema_version": 0,
          "attributes": {
            "custom_block_response_body": "",
            "custom_block_response_status_code": 0,
            "custom_rule": [],
            "enabled": true,
            "frontend_endpoint_ids": [],
            "id": "/subscriptions/38977b70-47bf-4da5-a492-88712fce8725/resourceGroups/FrontDoor-settling-guinea/providers/Microsoft.Network/frontDoorWebApplicationFirewallPolicies/MyWAFPolicy",
            "managed_rule": [
              {
                "action": "Block",
                "exclusion": [],
                "override": [],
                "type": "Microsoft_DefaultRuleSet",
                "version": "2.1"
              },
              {
                "action": "Block",
                "exclusion": [],
                "override": [],
                "type": "Microsoft_BotManagerRuleSet",
                "version": "1.0"
              }
            ],
            "mode": "Prevention",
            "name": "MyWAFPolicy",
            "redirect_url": "",
            "request_body_check_enabled": true,
            "resource_group_name": "FrontDoor-settling-guinea",
            "sku_name": "Premium_AzureFrontDoor",
            "tags": {},
            "timeouts": null
          },
          "sensitive_attributes": [],
          "private": "eyJlMmJmYjczMC1lY2FhLTExZTYtOGY4OC0zNDM2M2JjN2M0YzAiOnsiY3JlYXRlIjoxODAwMDAwMDAwMDAwLCJkZWxldGUiOjE4MDAwMDAwMDAwMDAsInJlYWQiOjMwMDAwMDAwMDAwMCwidXBkYXRlIjoxODAwMDAwMDAwMDAwfX0=",
          "dependencies": [
            "azurerm_resource_group.my_resource_group",
            "random_pet.rg"
          ]
        }
      ]
    },
    {
      "mode": "managed",
      "type": "azurerm_cdn_frontdoor_origin",
      "name": "my_blob_container_origin",
      "provider": "provider[\"registry.terraform.io/hashicorp/azurerm\"]",
      "instances": [
        {
          "schema_version": 0,
          "attributes": {
            "cdn_frontdoor_origin_group_id": "/subscriptions/38977b70-47bf-4da5-a492-88712fce8725/resourceGroups/FrontDoor-settling-guinea/providers/Microsoft.Cdn/profiles/MyFrontDoor/originGroups/MyOriginGroup",
            "certificate_name_check_enabled": true,
            "enabled": true,
            "health_probes_enabled": true,
            "host_name": "stor82da683cdac1aa83.blob.core.windows.net",
            "http_port": 80,
            "https_port": 443,
            "id": "/subscriptions/38977b70-47bf-4da5-a492-88712fce8725/resourceGroups/FrontDoor-settling-guinea/providers/Microsoft.Cdn/profiles/MyFrontDoor/originGroups/MyOriginGroup/origins/MyBlobContainerOrigin",
            "name": "MyBlobContainerOrigin",
            "origin_host_header": "stor82da683cdac1aa83.blob.core.windows.net",
            "priority": 1,
            "private_link": [
              {
                "location": "westus3",
                "private_link_target_id": "/subscriptions/38977b70-47bf-4da5-a492-88712fce8725/resourceGroups/FrontDoor-settling-guinea/providers/Microsoft.Storage/storageAccounts/stor82da683cdac1aa83",
                "request_message": "Request access for Azure Front Door Private Link origin",
                "target_type": "blob"
              }
            ],
            "timeouts": null,
            "weight": 1000
          },
          "sensitive_attributes": [],
          "private": "eyJlMmJmYjczMC1lY2FhLTExZTYtOGY4OC0zNDM2M2JjN2M0YzAiOnsiY3JlYXRlIjoxODAwMDAwMDAwMDAwLCJkZWxldGUiOjE4MDAwMDAwMDAwMDAsInJlYWQiOjMwMDAwMDAwMDAwMCwidXBkYXRlIjoxODAwMDAwMDAwMDAwfX0=",
          "dependencies": [
            "azurerm_cdn_frontdoor_origin_group.my_origin_group",
            "azurerm_cdn_frontdoor_profile.my_front_door",
            "azurerm_resource_group.my_resource_group",
            "azurerm_storage_account.my_storage_account",
            "random_id.storage_account_name",
            "random_pet.rg"
          ]
        }
      ]
    },
    {
      "mode": "managed",
      "type": "azurerm_cdn_frontdoor_origin_group",
      "name": "my_origin_group",
      "provider": "provider[\"registry.terraform.io/hashicorp/azurerm\"]",
      "instances": [
        {
          "schema_version": 0,
          "attributes": {
            "cdn_frontdoor_profile_id": "/subscriptions/38977b70-47bf-4da5-a492-88712fce8725/resourceGroups/FrontDoor-settling-guinea/providers/Microsoft.Cdn/profiles/MyFrontDoor",
            "health_probe": [
              {
                "interval_in_seconds": 100,
                "path": "/",
                "protocol": "Https",
                "request_type": "HEAD"
              }
            ],
            "id": "/subscriptions/38977b70-47bf-4da5-a492-88712fce8725/resourceGroups/FrontDoor-settling-guinea/providers/Microsoft.Cdn/profiles/MyFrontDoor/originGroups/MyOriginGroup",
            "load_balancing": [
              {
                "additional_latency_in_milliseconds": 50,
                "sample_size": 4,
                "successful_samples_required": 3
              }
            ],
            "name": "MyOriginGroup",
            "restore_traffic_time_to_healed_or_new_endpoint_in_minutes": 10,
            "session_affinity_enabled": true,
            "timeouts": null
          },
          "sensitive_attributes": [],
          "private": "eyJlMmJmYjczMC1lY2FhLTExZTYtOGY4OC0zNDM2M2JjN2M0YzAiOnsiY3JlYXRlIjoxODAwMDAwMDAwMDAwLCJkZWxldGUiOjE4MDAwMDAwMDAwMDAsInJlYWQiOjMwMDAwMDAwMDAwMCwidXBkYXRlIjoxODAwMDAwMDAwMDAwfX0=",
          "dependencies": [
            "azurerm_cdn_frontdoor_profile.my_front_door",
            "azurerm_resource_group.my_resource_group",
            "random_pet.rg"
          ]
        }
      ]
    },
    {
      "mode": "managed",
      "type": "azurerm_cdn_frontdoor_profile",
      "name": "my_front_door",
      "provider": "provider[\"registry.terraform.io/hashicorp/azurerm\"]",
      "instances": [
        {
          "schema_version": 0,
          "attributes": {
            "id": "/subscriptions/38977b70-47bf-4da5-a492-88712fce8725/resourceGroups/FrontDoor-settling-guinea/providers/Microsoft.Cdn/profiles/MyFrontDoor",
            "name": "MyFrontDoor",
            "resource_group_name": "FrontDoor-settling-guinea",
            "resource_guid": "668f5875-520c-40ee-8aaa-426db628e41d",
            "response_timeout_seconds": 120,
            "sku_name": "Premium_AzureFrontDoor",
            "tags": {},
            "timeouts": null
          },
          "sensitive_attributes": [],
          "private": "eyJlMmJmYjczMC1lY2FhLTExZTYtOGY4OC0zNDM2M2JjN2M0YzAiOnsiY3JlYXRlIjoxODAwMDAwMDAwMDAwLCJkZWxldGUiOjE4MDAwMDAwMDAwMDAsInJlYWQiOjMwMDAwMDAwMDAwMCwidXBkYXRlIjoxODAwMDAwMDAwMDAwfX0=",
          "dependencies": [
            "azurerm_resource_group.my_resource_group",
            "random_pet.rg"
          ]
        }
      ]
    },
    {
      "mode": "managed",
      "type": "azurerm_cdn_frontdoor_route",
      "name": "my_route",
      "provider": "provider[\"registry.terraform.io/hashicorp/azurerm\"]",
      "instances": [
        {
          "schema_version": 0,
          "attributes": {
            "cache": [],
            "cdn_frontdoor_custom_domain_ids": [
              "/subscriptions/38977b70-47bf-4da5-a492-88712fce8725/resourceGroups/FrontDoor-settling-guinea/providers/Microsoft.Cdn/profiles/MyFrontDoor/customDomains/MyCustomDomain"
            ],
            "cdn_frontdoor_endpoint_id": "/subscriptions/38977b70-47bf-4da5-a492-88712fce8725/resourceGroups/FrontDoor-settling-guinea/providers/Microsoft.Cdn/profiles/MyFrontDoor/afdEndpoints/afd-fad84634adf6b8af",
            "cdn_frontdoor_origin_group_id": "/subscriptions/38977b70-47bf-4da5-a492-88712fce8725/resourceGroups/FrontDoor-settling-guinea/providers/Microsoft.Cdn/profiles/MyFrontDoor/originGroups/MyOriginGroup",
            "cdn_frontdoor_origin_ids": [
              "/subscriptions/38977b70-47bf-4da5-a492-88712fce8725/resourceGroups/FrontDoor-settling-guinea/providers/Microsoft.Cdn/profiles/MyFrontDoor/originGroups/MyOriginGroup/origins/MyBlobContainerOrigin"
            ],
            "cdn_frontdoor_origin_path": "/mycontainer",
            "cdn_frontdoor_rule_set_ids": [],
            "enabled": true,
            "forwarding_protocol": "HttpsOnly",
            "https_redirect_enabled": true,
            "id": "/subscriptions/38977b70-47bf-4da5-a492-88712fce8725/resourceGroups/FrontDoor-settling-guinea/providers/Microsoft.Cdn/profiles/MyFrontDoor/afdEndpoints/afd-fad84634adf6b8af/routes/MyRoute",
            "link_to_default_domain": true,
            "name": "MyRoute",
            "patterns_to_match": [
              "/*"
            ],
            "supported_protocols": [
              "Http",
              "Https"
            ],
            "timeouts": null
          },
          "sensitive_attributes": [],
          "private": "eyJlMmJmYjczMC1lY2FhLTExZTYtOGY4OC0zNDM2M2JjN2M0YzAiOnsiY3JlYXRlIjoxODAwMDAwMDAwMDAwLCJkZWxldGUiOjE4MDAwMDAwMDAwMDAsInJlYWQiOjMwMDAwMDAwMDAwMCwidXBkYXRlIjoxODAwMDAwMDAwMDAwfX0=",
          "dependencies": [
            "azurerm_cdn_frontdoor_custom_domain.my_custom_domain",
            "azurerm_cdn_frontdoor_endpoint.my_endpoint",
            "azurerm_cdn_frontdoor_origin.my_blob_container_origin",
            "azurerm_cdn_frontdoor_origin_group.my_origin_group",
            "azurerm_cdn_frontdoor_profile.my_front_door",
            "azurerm_resource_group.my_resource_group",
            "azurerm_storage_account.my_storage_account",
            "random_id.front_door_endpoint_name",
            "random_id.storage_account_name",
            "random_pet.rg"
          ]
        }
      ]
    },
    {
      "mode": "managed",
      "type": "azurerm_cdn_frontdoor_security_policy",
      "name": "my_security_policy",
      "provider": "provider[\"registry.terraform.io/hashicorp/azurerm\"]",
      "instances": [
        {
          "schema_version": 0,
          "attributes": {
            "cdn_frontdoor_profile_id": "/subscriptions/38977b70-47bf-4da5-a492-88712fce8725/resourceGroups/FrontDoor-settling-guinea/providers/Microsoft.Cdn/profiles/MyFrontDoor",
            "id": "/subscriptions/38977b70-47bf-4da5-a492-88712fce8725/resourceGroups/FrontDoor-settling-guinea/providers/Microsoft.Cdn/profiles/MyFrontDoor/securityPolicies/MySecurityPolicy",
            "name": "MySecurityPolicy",
            "security_policies": [
              {
                "firewall": [
                  {
                    "association": [
                      {
                        "domain": [
                          {
                            "active": false,
                            "cdn_frontdoor_domain_id": "/subscriptions/38977b70-47bf-4da5-a492-88712fce8725/resourceGroups/FrontDoor-settling-guinea/providers/Microsoft.Cdn/profiles/MyFrontDoor/customDomains/MyCustomDomain"
                          }
                        ],
                        "patterns_to_match": [
                          "/*"
                        ]
                      }
                    ],
                    "cdn_frontdoor_firewall_policy_id": "/subscriptions/38977b70-47bf-4da5-a492-88712fce8725/resourceGroups/FrontDoor-settling-guinea/providers/Microsoft.Network/frontDoorWebApplicationFirewallPolicies/MyWAFPolicy"
                  }
                ]
              }
            ],
            "timeouts": null
          },
          "sensitive_attributes": [],
          "private": "eyJlMmJmYjczMC1lY2FhLTExZTYtOGY4OC0zNDM2M2JjN2M0YzAiOnsiY3JlYXRlIjoxODAwMDAwMDAwMDAwLCJkZWxldGUiOjE4MDAwMDAwMDAwMDAsInJlYWQiOjMwMDAwMDAwMDAwMH19",
          "dependencies": [
            "azurerm_cdn_frontdoor_custom_domain.my_custom_domain",
            "azurerm_cdn_frontdoor_firewall_policy.my_waf_policy",
            "azurerm_cdn_frontdoor_profile.my_front_door",
            "azurerm_resource_group.my_resource_group",
            "random_pet.rg"
          ]
        }
      ]
    },
    {
      "mode": "managed",
      "type": "azurerm_kubernetes_cluster",
      "name": "aks",
      "provider": "provider[\"registry.terraform.io/hashicorp/azurerm\"]",
      "instances": [
        {
          "schema_version": 2,
          "attributes": {
            "aci_connector_linux": [],
            "api_server_access_profile": [],
            "api_server_authorized_ip_ranges": [],
            "auto_scaler_profile": [],
            "automatic_channel_upgrade": "",
            "azure_active_directory_role_based_access_control": [],
            "azure_policy_enabled": null,
            "confidential_computing": [],
            "cost_analysis_enabled": false,
            "current_kubernetes_version": "1.30.0",
            "custom_ca_trust_certificates_base64": [],
            "default_node_pool": [
              {
                "capacity_reservation_group_id": "",
                "custom_ca_trust_enabled": false,
                "enable_auto_scaling": false,
                "enable_host_encryption": false,
                "enable_node_public_ip": false,
                "fips_enabled": false,
                "gpu_instance": "",
                "host_group_id": "",
                "kubelet_config": [],
                "kubelet_disk_type": "OS",
                "linux_os_config": [],
                "max_count": 0,
                "max_pods": 250,
                "message_of_the_day": "",
                "min_count": 0,
                "name": "mainpool",
                "node_count": 3,
                "node_labels": {},
                "node_network_profile": [],
                "node_public_ip_prefix_id": "",
                "node_taints": [],
                "only_critical_addons_enabled": false,
                "orchestrator_version": "1.30.0",
                "os_disk_size_gb": 128,
                "os_disk_type": "Managed",
                "os_sku": "AzureLinux",
                "pod_subnet_id": "",
                "proximity_placement_group_id": "",
                "scale_down_mode": "Delete",
                "snapshot_id": "",
                "tags": {},
                "temporary_name_for_rotation": "",
                "type": "VirtualMachineScaleSets",
                "ultra_ssd_enabled": false,
                "upgrade_settings": [
                  {
                    "drain_timeout_in_minutes": 0,
                    "max_surge": "10%",
                    "node_soak_duration_in_minutes": 0
                  }
                ],
                "vm_size": "Standard_B2als_v2",
                "vnet_subnet_id": "/subscriptions/38977b70-47bf-4da5-a492-88712fce8725/resourceGroups/rg-aks-frontdoor-240/providers/Microsoft.Network/virtualNetworks/vnet-spoke/subnets/snet-aks",
                "workload_runtime": "",
                "zones": []
              }
            ],
            "disk_encryption_set_id": "",
            "dns_prefix": "aks",
            "dns_prefix_private_cluster": "",
            "edge_zone": "",
            "enable_pod_security_policy": false,
            "fqdn": "aks-n348qunn.hcp.swedencentral.azmk8s.io",
            "http_application_routing_enabled": null,
            "http_application_routing_zone_name": null,
            "http_proxy_config": [],
            "id": "/subscriptions/38977b70-47bf-4da5-a492-88712fce8725/resourceGroups/rg-aks-frontdoor-240/providers/Microsoft.ContainerService/managedClusters/aks-cluster",
            "identity": [
              {
                "identity_ids": [],
                "principal_id": "f461244c-b7af-4479-8d4f-fe6b9758037a",
                "tenant_id": "a8f7faa1-3e2e-4d84-a6cb-daf7eb97d6e4",
                "type": "SystemAssigned"
              }
            ],
            "image_cleaner_enabled": false,
            "image_cleaner_interval_hours": 48,
            "ingress_application_gateway": [],
            "key_management_service": [],
            "key_vault_secrets_provider": [],
            "kube_admin_config": [],
            "kube_admin_config_raw": "",
            "kube_config": [
              {
                "client_certificate": "LS0tLS1CRUdJTiBDRVJUSUZJQ0FURS0tLS0tCk1JSUZIakNDQXdhZ0F3SUJBZ0lSQUxCWUxERlhPQW51dUx6bFVJcnhUcDh3RFFZSktvWklodmNOQVFFTEJRQXcKRFRFTE1Ba0dBMVVFQXhNQ1kyRXdIaGNOTWpRd056RTRNVFExT0RNMFdoY05Nall3TnpFNE1UVXdPRE0wV2pBdwpNUmN3RlFZRFZRUUtFdzV6ZVhOMFpXMDZiV0Z6ZEdWeWN6RVZNQk1HQTFVRUF4TU1iV0Z6ZEdWeVkyeHBaVzUwCk1JSUNJakFOQmdrcWhraUc5dzBCQVFFRkFBT0NBZzhBTUlJQ0NnS0NBZ0VBNFp4c29tblUyODVwY0NkVEYxTGUKWUVaVWVqSE4zLzUrNVFtVFpCR29NOVBsUm4vd2duWHRIN3NSelFGS2V3Vk9hQUs2VitPNUhHWGRSK21YSDRQNwpBVG42a2Z3MFk3YjlybXdzZS8yaXRGb3gvOVZiQmo5QjN0cW9sT1o4Qm05Ui9GTTB1R1dWN2pPR0p1SGlYeFRxCm9CSk9qVU5acndFdmI0M2tGOVptRTlWVjgwRkZVa3o3R2RwSHJsRjlYQXFzOUJ2QU85UlZ3WW5Zdzg0NWloMDEKYXV6TFFwSTBMejZLTm5kVVBXcU1MMzVTYURPcEFHQkMzM2tKSXhtakhhZXl6WkNmdXRPZ0FJRXc0NE93bGt1aAp2QW95RFdHS1dobmxVNnB3cDFFRGVKOUs1cVFjamliNzdhOXA5V0tUU0VaUDZFS3hwTGVhRGxRaWpld2lQZFcyCmp2czhPQzB0VVlLK3c5eXBnT01ZOUxsSGZwUWdkZHpYaXZqczZ2RXZMbXhzVmN4Q3VNbDlkMENOc0ZKNE1FdVAKVjRSZ2RzYXBYdnlIaXFRS0Y2NzVpMUpYNHJQNWVkWFYwc1dIYkU5S3A1REQ3Z2xEaUR2Tm1QMDdZVHJkWldLbQpzbG1vSXF6L0M1L1VaR0pOVGc4cU51VU9qaENxR2FRdFpBUmhRSVk2WEU3YjU3TEU1QUFBUS9KZWVUU3ZRSVBzCmluMWZGWnRGZ2ZLZlVjWnY0bytNZmhKRnpCc0hsakJIL3V2dWVqakpHU1AwaUo5dE9wYW9hcEtYd2hXcUhyWmMKYnJlMHVYaXlUa0tIVUc4Zkd0K1VVMHQyTkNHS1o3b0tORmNNdjB4UWptMCtGcGNVcmJQVml3eUgzcmFHcEZzVQptOUhhQ0xJbG1Qem53aU9VdjRoR1VQY0NBd0VBQWFOV01GUXdEZ1lEVlIwUEFRSC9CQVFEQWdXZ01CTUdBMVVkCkpRUU1NQW9HQ0NzR0FRVUZCd01DTUF3R0ExVWRFd0VCL3dRQ01BQXdId1lEVlIwakJCZ3dGb0FVUkhLLzBOdXkKc202Q3MzejRqZXV3MGNYQmZtNHdEUVlKS29aSWh2Y05BUUVMQlFBRGdnSUJBRWZLRk9xaHBiOTVqRmlRUWhQZwovOU5mdFkwd2Vhd1RHL1J5ZG9nSFBoOUhqcDhraDRMd2RKVlFjVlN6cnltcVNUU0FKSzRIUzBlZzl1OWduWDNoCmhxT2NsN2hqdUpYQitsTjIzTWtLZFVYK1Rocm9kRDZiRkhhR0I2cElRTml3b0o0ZGtkR2RmV25md05NZHZTZ08KY2VJaEIxRURWakdzbXl1K1h0bTREWkNycnhZV25HdEVXR2hJSkVxNXFFbFFOQ2pOaHBwWmJoQjRhbnU0R1VHSQpBRENzR01wU0hoMHRNYTRQb21nK25FcVN0UnJ4UU5xQXEzSGMrWEVjVWRxTW1JQjZBVENFdGw1RHo2WHBBQkJHCnYwdElMNTloMUg5TUVoVzRsZnBrYXVWMXcwR2dubTdLYk5tWnBaNEt0aDJid0xsYVpyM2pZYitxUVBveEk1ZGkKMU5wdEJPVVZERHE4YmRUR3dsNGF3QXlScVlQTTNUVVZkcTB6ZnJYY0U3Skc2WC9LdmpFOUNIV1JvMi9rU2RkNgpmZlpHM0YyZzIyU0tSQkx6UC9sNjZOT0owdjFDYjFhQlVQUnJHQW5iSFphQ2ZFOXZWZUx3djFVb3l4b1NzbXZuCndGdzFmZGIycFZoQXdNMmhyTkthNSs5UGVWanlySm5FWUVWUS9lZ2tjaGIyRE9aSjVSOWNVb3FSa3NJbmRLSFEKeHhhakQvRldrQTM5ZGFjMDhRMytEWVIyZW4ybFV5bjBrcHZzTXNxaENSSHhaNlVxTndqQjEzekRzT3lMQ0pJZgpxMXpHMDJSOVVPcXRaNld0NS9rWUJWcDBFeUJuMWI5V2wxL2hsMFJMejVMQlE1OFVUTklodTI4RUJ2WloyVjdVCnFCQmRzbHNycUFGbHB0UHZ3OGtEVmFEUgotLS0tLUVORCBDRVJUSUZJQ0FURS0tLS0tCg==",
                "client_key": "LS0tLS1CRUdJTiBSU0EgUFJJVkFURSBLRVktLS0tLQpNSUlKS0FJQkFBS0NBZ0VBNFp4c29tblUyODVwY0NkVEYxTGVZRVpVZWpITjMvNSs1UW1UWkJHb005UGxSbi93CmduWHRIN3NSelFGS2V3Vk9hQUs2VitPNUhHWGRSK21YSDRQN0FUbjZrZncwWTdiOXJtd3NlLzJpdEZveC85VmIKQmo5QjN0cW9sT1o4Qm05Ui9GTTB1R1dWN2pPR0p1SGlYeFRxb0JKT2pVTlpyd0V2YjQza0Y5Wm1FOVZWODBGRgpVa3o3R2RwSHJsRjlYQXFzOUJ2QU85UlZ3WW5Zdzg0NWloMDFhdXpMUXBJMEx6NktObmRVUFdxTUwzNVNhRE9wCkFHQkMzM2tKSXhtakhhZXl6WkNmdXRPZ0FJRXc0NE93bGt1aHZBb3lEV0dLV2hubFU2cHdwMUVEZUo5SzVxUWMKamliNzdhOXA5V0tUU0VaUDZFS3hwTGVhRGxRaWpld2lQZFcyanZzOE9DMHRVWUsrdzl5cGdPTVk5TGxIZnBRZwpkZHpYaXZqczZ2RXZMbXhzVmN4Q3VNbDlkMENOc0ZKNE1FdVBWNFJnZHNhcFh2eUhpcVFLRjY3NWkxSlg0clA1CmVkWFYwc1dIYkU5S3A1REQ3Z2xEaUR2Tm1QMDdZVHJkWldLbXNsbW9JcXovQzUvVVpHSk5UZzhxTnVVT2poQ3EKR2FRdFpBUmhRSVk2WEU3YjU3TEU1QUFBUS9KZWVUU3ZRSVBzaW4xZkZadEZnZktmVWNadjRvK01maEpGekJzSApsakJIL3V2dWVqakpHU1AwaUo5dE9wYW9hcEtYd2hXcUhyWmNicmUwdVhpeVRrS0hVRzhmR3QrVVUwdDJOQ0dLClo3b0tORmNNdjB4UWptMCtGcGNVcmJQVml3eUgzcmFHcEZzVW05SGFDTElsbVB6bndpT1V2NGhHVVBjQ0F3RUEKQVFLQ0FnQUdXUlJsYlh6andtY05GTTR0dGRNeitrYWVPWkNGWU8vSkdmL2ZyTytDcGMrcHNDZmdROWtzTDJOTQoxV0IzSGFzYkdoaU1LSWdvMkdUbGhSa1BkZk0yRVorUFEvMWxZTnk2YjZqQXhGNHpuT1lUUUxtUzcyeTNESWY1CnlKSnN5KzBPb0hpM1I0UjBjMWF1K1dRWk1NbDVQNHFlUnVyYkZibHo5aFlZNVp0eHEyc0RzUzUySmx4YVdkM3kKZGJDRlNuZWJWcnlOOG1lSFRvMmUxTXFockRpNGpYa2FvbXA5ZWRFQnYxSExlSmdCTGhpN2ZkaWZmaFhqbTlBNgpBSnFxVnZHYy94aS9kUHpuaHJzTmE4TW9OM0NSamVmaW9ILzRFUXAyMUREZlJGUklySks2OHBzckZNVzU1bG1nCjRla3ErMjk4SllSQ0VqaHZkc2FTSDdiRzdxQjRUK3IwbTBzc0huTlMzYWFzMEhETUlJSTBhSFJuOVgvaUdGVEcKZTdjRUlycUhtUGZKWDdLYW0yNDIzd1ZLaXJHa1l5RXpMRm5aNnhxa3o5KzJITmtKQmJzRGdhMFBEVi9ZM1oxOQp3dTdRcXFjaitwN3N1UFNFSldJb1RXRXJrK3BPR056TWNwUUs4UXZncXE0a1NxL1NpVWtxaHpXKzVDNXJOc2tmCjJzeXg3MUFrcVZCOWJ2a3dGUFZJMm9OSkgvVkJ3UXNuTFBnaGoyQ2docnEyaFRuaytsOENLQ2xmQ3ZaaXFsQjMKOVZCdmsyK2p4Zno5VGhGY3ZrVzBwQTVETE9BaElVVFBseUxOWWpwcGROM09wNmZNaGZJazRHZEd4NVdvUTJ0UQp1M2tXc005NFAvS01PYzN4UGIwT2RGdmpPd3R4RzF4UXRkaCs0U0ZudC9lbkQ3cW40UUtDQVFFQTdhSndmTGl6Cm9kS1VQRnVpM0lIdWpHU2NUT3RpNjZUQlZTVEp4MWRpd3JWclpuZm0rcFEwNXFuS08wdUh0ZVp5V05CbjE4U1UKaHFQa1M3UVhLMWtwdkRJTlVBTWcxTG8vZWgxb0VQdFM5N1o2MWhlcEUreEk2T0xnQjUwTEpva21pdnJRVjFLRgo0SHF4NXlLeHNhemMwNzdHenZ3aTZmRW9TdlA1UmpFVzQ0K0FhTlJ3amxpMDZYWTRjZm9GRURKTlVOdkp1NTZLCkJnQXVGZUJpNzBYc213eWphSE5vdkt2OW9jNHQ4Rzc5VEtsT2l1dkh5T0ZpSUVtemtLbE1SY3NSODFFQkVmZ0cKVlNiblpzZmVxTWwrT1pCd1ZOamRNaFdPdGRFcTdWZ1dRWUtLZVl6d29Zanc3RytzR2QvUTFZTEM5VFVYd2hrZQo2dmMrdlRJNVFSYTdrd0tDQVFFQTh3d2FIbkJCZUpuUkZsOUxpNlJGMnU1ckVsYmtCL3o2ZWtvODNISXhtVDJJCnUyVnRYaTkyMHRXeVJscUlZT0VjQ2dZRlJ3dm5ORWk2aXN3Q0dqd3FPZlhubnI5Rk93Tml4M28xRFZ5MnIwcTUKZXZXS3c4QmxlUmZhcTR6YVhKNFpoekhjSTZDbVhCenVHWmkwcnhya0wrVXZERlRTWFZEZEoxVUlncGorNUorMApSbktSZ1dVTldUejI3bzczUU56OGNDS2tKdFFuTWJ0NVRDZDdNU2U0VFFWeEFQR1VzWnM1UjNoSENZdjJweGNqCkZoRFJWcEhqU29tZ1VwOHhoS2ZhRXZtSk5QajFtUDlHSmQvb3RycTBFR3FtQTZYK01kSTlGTXZ3dUszQnc1YS8KMXl3V2JhQUlIemhoRDlUNWJtNUpNNkdaZEF2U0k2dUpVVjdGcTNXYmpRS0NBUUJ5d2d4eW5ydlkvUm1ySUZIQgpEVnBISUZzKzVqbXFOTEZNemV4SHdSS25sdmNiei9HU3R6bm8zcndUOElERVBscWdPMXk2bld0Z3Jnc1U2QTU4ClY1M0pEWjdTTWdDTDJybkczaWFnZE01M1kvOWtIcDcvU1E5WXNCK2liWnV4NjIvYWxBOUM3RTVNdnRQbEhDTVYKKzdYVTUvK1llN2pjb3lKak4vajhoYjVZL0xiMWFRcEdJOTZTRkE1a05HcDNqT003bGppUXk1bzZGYUlyM0dYSwp5VWpmQTdaeVBiR3AwNkV6bjU4ZHltdTJ0dGlBVENiNkFxWGhrOVlNbVVXRk92RWJRTlkwZUVPT29iQUVPYWQwCmVZSGtpTFZHdEVmMTVPVTdOcHoxYTZHcjF6L0tQVjhEazE5TnZ3d3NucUo2U2FDZXpCb0NHU0dPTlFKdVdhKysKbUJ6VEFvSUJBUUROZnBiNjAyalh3aDNCcjdMZEQzaXNvZGJQdTcyemIxYU1YUVpXVVFyVWlPMTVuRWs3VUNCRQpKTUJGc2JnTFNXbCtwQmFFT25FeWlLZUlRUE1xSVdLR2ZQNW4vMHBXbWdkRHAzVUJwamtqdnFkU2FoYjRhVXlpCmRPUERGaVZ1RjVKMzkxVXNubURxRXQvUnJvWmVZdnM1NzZtMjRHUzQxMjBWRzFWRnJud2M2MWJ1RldJbktEeUEKRGdhdUx4eW9yKytVRkFYOGVuWGxHNkIwSGhHUHZ3aVp2cGNMK0RZRGNMMmVTdmlzL3JUK0U1YnJ5aTVrNXBacAphREd3aWI3QmJYWDVneGhhUElEUzZrcnlMUDNDdWRzUzRra1pYcGlzb1JoWjVCRFU1THltVldoQVVwdG45dDNICkg5RVpKTFg4ZzZ6S3hjQk1HTTZFc0QwN0drbEJMZi9sQW9JQkFBWnNHMDNiU1BWN3N6RTJIdmRCcFowZVRhM1MKS3VJWU9xSGNLOWw5MlhpV0txdGFaZytpME00VHhPeGZTRlRvQS93U2JGZkpBL2phdnp4cVd2TmsxeHhXUXEvTQpvZXcrVmRGSVcwK2J4YjdWSkNZVHBwbTRyTi9XMGQrd29yaEZGendGdVh0bklmN3NTMUxBQzBQd09FZ296QlU4CmR0SGdoc09tUEFsMGVwNEp5VGxvamlxZ1NvV3ZPcjFCSGhvYUZPZGk3aFZlbUd0cWdJVkxXME8wcE1oMCtlUDMKZGtTOUI1L3JFOEpjWFBqZjAyeVBnOWQ0UERZQnRIdjRJOVY4TjBKdUpNTEhhT2h1SG1XSUtXK24vbmxKeTA2VgpkMlkvMGh5eUNkam9CRWZjSVN0bC9rY042WGU1dnp6ME1vcWRHVzJzN0JLbVFTdEltMVpQMWtvMmdMcz0KLS0tLS1FTkQgUlNBIFBSSVZBVEUgS0VZLS0tLS0K",
                "cluster_ca_certificate": "LS0tLS1CRUdJTiBDRVJUSUZJQ0FURS0tLS0tCk1JSUU2VENDQXRHZ0F3SUJBZ0lSQU5QS2hTdTA1L3Y2akpFWkJ4OVVKRUV3RFFZSktvWklodmNOQVFFTEJRQXcKRFRFTE1Ba0dBMVVFQXhNQ1kyRXdJQmNOTWpRd056RTRNVFExT0RNMFdoZ1BNakExTkRBM01UZ3hOVEE0TXpSYQpNQTB4Q3pBSkJnTlZCQU1UQW1OaE1JSUNJakFOQmdrcWhraUc5dzBCQVFFRkFBT0NBZzhBTUlJQ0NnS0NBZ0VBCnV0Z2tvWWpab2dNajFRVTNINlRRbG1EMFdzbFJjSUZxcXFVaFJCcTJoa2ZrZ1pqbjBJd2xKUlI0WDc0c0dhMmMKd2c4VEJtU2xNQVRQczZ3V2gySFU4WEg5NVBaSzBVdWVIQWtPcWYzSTk2Y2R4WjJKbTFad0xiek5GS0w5bnA2QQpWb2xZM0VJZERhTisrdEFCMng1UHkycVAvN0o3cmJSSFZBdERSbDhyK0x4cUZKSVlrYmhXQUVXZHdIa2FaUVpDClFMdExlT3VEM1M5V2JCQWVoZWVvZU53QStybkpHR0VocUFyUVJOdEtZY0w4bS9RVnZ6QTVmbDFzMjdqcWQwQkoKZmVCaWQ5dUlnT3EraldWS1RKZHpUdFN1SXdlNXJncW1pOVJHVEl2RHN6c0xXMTFWUXA5L3BOYWR4S0YvUHlSZwpBMm0vSEtaWStVT1R1czZEZTk3c3dZUWJ5RGpDU0N2dy9uUkw0YUNLV3pLeGl3NzlJK3pTcEdERUhXcUZjem5mClFhWGVmSHJ3YUZubHNoZ0dCV0MyUjcyd1hONGJ2SVdVVXpraUM3RGtxS1dmczdCN0xBVFI1djBLaUdoRisyemwKd0UyWFhZTHJZWnNMTmZsVi9MckJSbmdrTHo5ckZaUVhzdVlwb2doN0dkNUkxNzBDNE1tZVV3em42eW9MUytJVApMYnBvWjhWVXorTU96OHpDNVQwOGg0STFSY3V0c05xTWNaSlZvVDZidHlzNE1XRDkrWmp6bzZlUktSVVlVZkhhCmd3QUJhK2lXd0wxWEwwR2l5cHBxTmRxVGZ0dE1pd0JNR3ppa3VtMVI5WVA5NjZ6MDE5aFJ4L0tUVmljd0RYd20KUXMrZGJCd3VKY2JpSUVabUZzODhYUC94REVqOG1BY0ZmcEJaMHpJSlJqc0NBd0VBQWFOQ01FQXdEZ1lEVlIwUApBUUgvQkFRREFnS2tNQThHQTFVZEV3RUIvd1FGTUFNQkFmOHdIUVlEVlIwT0JCWUVGRVJ5djlEYnNySnVnck44CitJM3JzTkhGd1g1dU1BMEdDU3FHU0liM0RRRUJDd1VBQTRJQ0FRQUNEai95Wm01dDFhelJxeXpvR2NOSzc5TUgKVlNJUUNQcFZzM2YrcGl6MkhjMlhNa08wb05RQWtBOFY5RnByRnRaNGdQdnJHVzduMkxFMWxjQUNKUXQ1U01Oago1NWpoUCtCZGFkSjZ2SVlVOWFzSWdVQmJyQ1IrK2VXUnZnU3VETE9HdFEwZXRqZk50TVlnM1l6MUJSZDN0QXFECkJCNGRFaHlDUzdEZ04yN21GampucXVJb3A3clp4RUl1KzJFU2MvQjBpVWtWc2hEM0d6VXNIU1JVeXMyZDFnMmQKcUduVTFSdW9yYm9CYWhBWEVuVFROSDNjSWg1enArTkNpZkZKazlDRkRVZ2N1ak9EcDU5Qm4vM0lHaTh6WHRpSgowNjNrbGhZbnd3UTlFbVNLbTJmNUlaK0FnUU1uNEN5ZERsbnBTZndoenk1Tzl3UTc0Tjl1bjJGVDJYV1JaWCsrCmt4MDA5STJUQmwza0poc1g1OGJ6K21PYmU0dTNEMFB4NzVSejlFeGRvY3Q2ZWRZSnI0YkYybzVvbmkxV3FVbjIKYXJicy9kZktiMEl4Sm1rWkpjcG5mc0J3Ky83cHJqTHQram5pa2JlWG5RZzYxL1hLekUxaEY0d1lyTlBMTnBZWQorTHdMR3RqUWZMUHU1d2oxbmxoQTFVNHNvU0F2T2hsZ002NXFrTXBzU2pYR2FkbmRpSmREUFFZd3ZUTnErL3VWClpDNkx5WFBKb2lIOFdPZmdZQUc1RlFsb1pKa0FRYUI3TWl3TFRpOGs4ZEZQSXVkcjdwb2JadGFqNDM1TEYzMncKUmxwVFp3clJyNlFqMlFWVDVoa3RiN3NteHlOQ1A1Uks0QmptVGEvTC82RjJVTkhXUlIzR2lCdFVKUTMwbmd5VQppNHFrWDhrbG9RNTkwTEJnZnc9PQotLS0tLUVORCBDRVJUSUZJQ0FURS0tLS0tCg==",
                "host": "https://aks-n348qunn.hcp.swedencentral.azmk8s.io:443",
                "password": "3i8upgoakimg5lwl4pfkd20pwv4ylrkbjdqjvoxlmb3p9dzsz5snwglch2kauhq0lwhorgsc47qpd54bcoih85xqfmd8856losj6pn4kckbcwiz9hdxpe580hh1d2l7u",
                "username": "clusterUser_rg-aks-frontdoor-240_aks-cluster"
              }
            ],
            "kube_config_raw": "apiVersion: v1\nclusters:\n- cluster:\n    certificate-authority-data: LS0tLS1CRUdJTiBDRVJUSUZJQ0FURS0tLS0tCk1JSUU2VENDQXRHZ0F3SUJBZ0lSQU5QS2hTdTA1L3Y2akpFWkJ4OVVKRUV3RFFZSktvWklodmNOQVFFTEJRQXcKRFRFTE1Ba0dBMVVFQXhNQ1kyRXdJQmNOTWpRd056RTRNVFExT0RNMFdoZ1BNakExTkRBM01UZ3hOVEE0TXpSYQpNQTB4Q3pBSkJnTlZCQU1UQW1OaE1JSUNJakFOQmdrcWhraUc5dzBCQVFFRkFBT0NBZzhBTUlJQ0NnS0NBZ0VBCnV0Z2tvWWpab2dNajFRVTNINlRRbG1EMFdzbFJjSUZxcXFVaFJCcTJoa2ZrZ1pqbjBJd2xKUlI0WDc0c0dhMmMKd2c4VEJtU2xNQVRQczZ3V2gySFU4WEg5NVBaSzBVdWVIQWtPcWYzSTk2Y2R4WjJKbTFad0xiek5GS0w5bnA2QQpWb2xZM0VJZERhTisrdEFCMng1UHkycVAvN0o3cmJSSFZBdERSbDhyK0x4cUZKSVlrYmhXQUVXZHdIa2FaUVpDClFMdExlT3VEM1M5V2JCQWVoZWVvZU53QStybkpHR0VocUFyUVJOdEtZY0w4bS9RVnZ6QTVmbDFzMjdqcWQwQkoKZmVCaWQ5dUlnT3EraldWS1RKZHpUdFN1SXdlNXJncW1pOVJHVEl2RHN6c0xXMTFWUXA5L3BOYWR4S0YvUHlSZwpBMm0vSEtaWStVT1R1czZEZTk3c3dZUWJ5RGpDU0N2dy9uUkw0YUNLV3pLeGl3NzlJK3pTcEdERUhXcUZjem5mClFhWGVmSHJ3YUZubHNoZ0dCV0MyUjcyd1hONGJ2SVdVVXpraUM3RGtxS1dmczdCN0xBVFI1djBLaUdoRisyemwKd0UyWFhZTHJZWnNMTmZsVi9MckJSbmdrTHo5ckZaUVhzdVlwb2doN0dkNUkxNzBDNE1tZVV3em42eW9MUytJVApMYnBvWjhWVXorTU96OHpDNVQwOGg0STFSY3V0c05xTWNaSlZvVDZidHlzNE1XRDkrWmp6bzZlUktSVVlVZkhhCmd3QUJhK2lXd0wxWEwwR2l5cHBxTmRxVGZ0dE1pd0JNR3ppa3VtMVI5WVA5NjZ6MDE5aFJ4L0tUVmljd0RYd20KUXMrZGJCd3VKY2JpSUVabUZzODhYUC94REVqOG1BY0ZmcEJaMHpJSlJqc0NBd0VBQWFOQ01FQXdEZ1lEVlIwUApBUUgvQkFRREFnS2tNQThHQTFVZEV3RUIvd1FGTUFNQkFmOHdIUVlEVlIwT0JCWUVGRVJ5djlEYnNySnVnck44CitJM3JzTkhGd1g1dU1BMEdDU3FHU0liM0RRRUJDd1VBQTRJQ0FRQUNEai95Wm01dDFhelJxeXpvR2NOSzc5TUgKVlNJUUNQcFZzM2YrcGl6MkhjMlhNa08wb05RQWtBOFY5RnByRnRaNGdQdnJHVzduMkxFMWxjQUNKUXQ1U01Oago1NWpoUCtCZGFkSjZ2SVlVOWFzSWdVQmJyQ1IrK2VXUnZnU3VETE9HdFEwZXRqZk50TVlnM1l6MUJSZDN0QXFECkJCNGRFaHlDUzdEZ04yN21GampucXVJb3A3clp4RUl1KzJFU2MvQjBpVWtWc2hEM0d6VXNIU1JVeXMyZDFnMmQKcUduVTFSdW9yYm9CYWhBWEVuVFROSDNjSWg1enArTkNpZkZKazlDRkRVZ2N1ak9EcDU5Qm4vM0lHaTh6WHRpSgowNjNrbGhZbnd3UTlFbVNLbTJmNUlaK0FnUU1uNEN5ZERsbnBTZndoenk1Tzl3UTc0Tjl1bjJGVDJYV1JaWCsrCmt4MDA5STJUQmwza0poc1g1OGJ6K21PYmU0dTNEMFB4NzVSejlFeGRvY3Q2ZWRZSnI0YkYybzVvbmkxV3FVbjIKYXJicy9kZktiMEl4Sm1rWkpjcG5mc0J3Ky83cHJqTHQram5pa2JlWG5RZzYxL1hLekUxaEY0d1lyTlBMTnBZWQorTHdMR3RqUWZMUHU1d2oxbmxoQTFVNHNvU0F2T2hsZ002NXFrTXBzU2pYR2FkbmRpSmREUFFZd3ZUTnErL3VWClpDNkx5WFBKb2lIOFdPZmdZQUc1RlFsb1pKa0FRYUI3TWl3TFRpOGs4ZEZQSXVkcjdwb2JadGFqNDM1TEYzMncKUmxwVFp3clJyNlFqMlFWVDVoa3RiN3NteHlOQ1A1Uks0QmptVGEvTC82RjJVTkhXUlIzR2lCdFVKUTMwbmd5VQppNHFrWDhrbG9RNTkwTEJnZnc9PQotLS0tLUVORCBDRVJUSUZJQ0FURS0tLS0tCg==\n    server: https://aks-n348qunn.hcp.swedencentral.azmk8s.io:443\n  name: aks-cluster\ncontexts:\n- context:\n    cluster: aks-cluster\n    user: clusterUser_rg-aks-frontdoor-240_aks-cluster\n  name: aks-cluster\ncurrent-context: aks-cluster\nkind: Config\npreferences: {}\nusers:\n- name: clusterUser_rg-aks-frontdoor-240_aks-cluster\n  user:\n    client-certificate-data: LS0tLS1CRUdJTiBDRVJUSUZJQ0FURS0tLS0tCk1JSUZIakNDQXdhZ0F3SUJBZ0lSQUxCWUxERlhPQW51dUx6bFVJcnhUcDh3RFFZSktvWklodmNOQVFFTEJRQXcKRFRFTE1Ba0dBMVVFQXhNQ1kyRXdIaGNOTWpRd056RTRNVFExT0RNMFdoY05Nall3TnpFNE1UVXdPRE0wV2pBdwpNUmN3RlFZRFZRUUtFdzV6ZVhOMFpXMDZiV0Z6ZEdWeWN6RVZNQk1HQTFVRUF4TU1iV0Z6ZEdWeVkyeHBaVzUwCk1JSUNJakFOQmdrcWhraUc5dzBCQVFFRkFBT0NBZzhBTUlJQ0NnS0NBZ0VBNFp4c29tblUyODVwY0NkVEYxTGUKWUVaVWVqSE4zLzUrNVFtVFpCR29NOVBsUm4vd2duWHRIN3NSelFGS2V3Vk9hQUs2VitPNUhHWGRSK21YSDRQNwpBVG42a2Z3MFk3YjlybXdzZS8yaXRGb3gvOVZiQmo5QjN0cW9sT1o4Qm05Ui9GTTB1R1dWN2pPR0p1SGlYeFRxCm9CSk9qVU5acndFdmI0M2tGOVptRTlWVjgwRkZVa3o3R2RwSHJsRjlYQXFzOUJ2QU85UlZ3WW5Zdzg0NWloMDEKYXV6TFFwSTBMejZLTm5kVVBXcU1MMzVTYURPcEFHQkMzM2tKSXhtakhhZXl6WkNmdXRPZ0FJRXc0NE93bGt1aAp2QW95RFdHS1dobmxVNnB3cDFFRGVKOUs1cVFjamliNzdhOXA5V0tUU0VaUDZFS3hwTGVhRGxRaWpld2lQZFcyCmp2czhPQzB0VVlLK3c5eXBnT01ZOUxsSGZwUWdkZHpYaXZqczZ2RXZMbXhzVmN4Q3VNbDlkMENOc0ZKNE1FdVAKVjRSZ2RzYXBYdnlIaXFRS0Y2NzVpMUpYNHJQNWVkWFYwc1dIYkU5S3A1REQ3Z2xEaUR2Tm1QMDdZVHJkWldLbQpzbG1vSXF6L0M1L1VaR0pOVGc4cU51VU9qaENxR2FRdFpBUmhRSVk2WEU3YjU3TEU1QUFBUS9KZWVUU3ZRSVBzCmluMWZGWnRGZ2ZLZlVjWnY0bytNZmhKRnpCc0hsakJIL3V2dWVqakpHU1AwaUo5dE9wYW9hcEtYd2hXcUhyWmMKYnJlMHVYaXlUa0tIVUc4Zkd0K1VVMHQyTkNHS1o3b0tORmNNdjB4UWptMCtGcGNVcmJQVml3eUgzcmFHcEZzVQptOUhhQ0xJbG1Qem53aU9VdjRoR1VQY0NBd0VBQWFOV01GUXdEZ1lEVlIwUEFRSC9CQVFEQWdXZ01CTUdBMVVkCkpRUU1NQW9HQ0NzR0FRVUZCd01DTUF3R0ExVWRFd0VCL3dRQ01BQXdId1lEVlIwakJCZ3dGb0FVUkhLLzBOdXkKc202Q3MzejRqZXV3MGNYQmZtNHdEUVlKS29aSWh2Y05BUUVMQlFBRGdnSUJBRWZLRk9xaHBiOTVqRmlRUWhQZwovOU5mdFkwd2Vhd1RHL1J5ZG9nSFBoOUhqcDhraDRMd2RKVlFjVlN6cnltcVNUU0FKSzRIUzBlZzl1OWduWDNoCmhxT2NsN2hqdUpYQitsTjIzTWtLZFVYK1Rocm9kRDZiRkhhR0I2cElRTml3b0o0ZGtkR2RmV25md05NZHZTZ08KY2VJaEIxRURWakdzbXl1K1h0bTREWkNycnhZV25HdEVXR2hJSkVxNXFFbFFOQ2pOaHBwWmJoQjRhbnU0R1VHSQpBRENzR01wU0hoMHRNYTRQb21nK25FcVN0UnJ4UU5xQXEzSGMrWEVjVWRxTW1JQjZBVENFdGw1RHo2WHBBQkJHCnYwdElMNTloMUg5TUVoVzRsZnBrYXVWMXcwR2dubTdLYk5tWnBaNEt0aDJid0xsYVpyM2pZYitxUVBveEk1ZGkKMU5wdEJPVVZERHE4YmRUR3dsNGF3QXlScVlQTTNUVVZkcTB6ZnJYY0U3Skc2WC9LdmpFOUNIV1JvMi9rU2RkNgpmZlpHM0YyZzIyU0tSQkx6UC9sNjZOT0owdjFDYjFhQlVQUnJHQW5iSFphQ2ZFOXZWZUx3djFVb3l4b1NzbXZuCndGdzFmZGIycFZoQXdNMmhyTkthNSs5UGVWanlySm5FWUVWUS9lZ2tjaGIyRE9aSjVSOWNVb3FSa3NJbmRLSFEKeHhhakQvRldrQTM5ZGFjMDhRMytEWVIyZW4ybFV5bjBrcHZzTXNxaENSSHhaNlVxTndqQjEzekRzT3lMQ0pJZgpxMXpHMDJSOVVPcXRaNld0NS9rWUJWcDBFeUJuMWI5V2wxL2hsMFJMejVMQlE1OFVUTklodTI4RUJ2WloyVjdVCnFCQmRzbHNycUFGbHB0UHZ3OGtEVmFEUgotLS0tLUVORCBDRVJUSUZJQ0FURS0tLS0tCg==\n    client-key-data: LS0tLS1CRUdJTiBSU0EgUFJJVkFURSBLRVktLS0tLQpNSUlKS0FJQkFBS0NBZ0VBNFp4c29tblUyODVwY0NkVEYxTGVZRVpVZWpITjMvNSs1UW1UWkJHb005UGxSbi93CmduWHRIN3NSelFGS2V3Vk9hQUs2VitPNUhHWGRSK21YSDRQN0FUbjZrZncwWTdiOXJtd3NlLzJpdEZveC85VmIKQmo5QjN0cW9sT1o4Qm05Ui9GTTB1R1dWN2pPR0p1SGlYeFRxb0JKT2pVTlpyd0V2YjQza0Y5Wm1FOVZWODBGRgpVa3o3R2RwSHJsRjlYQXFzOUJ2QU85UlZ3WW5Zdzg0NWloMDFhdXpMUXBJMEx6NktObmRVUFdxTUwzNVNhRE9wCkFHQkMzM2tKSXhtakhhZXl6WkNmdXRPZ0FJRXc0NE93bGt1aHZBb3lEV0dLV2hubFU2cHdwMUVEZUo5SzVxUWMKamliNzdhOXA5V0tUU0VaUDZFS3hwTGVhRGxRaWpld2lQZFcyanZzOE9DMHRVWUsrdzl5cGdPTVk5TGxIZnBRZwpkZHpYaXZqczZ2RXZMbXhzVmN4Q3VNbDlkMENOc0ZKNE1FdVBWNFJnZHNhcFh2eUhpcVFLRjY3NWkxSlg0clA1CmVkWFYwc1dIYkU5S3A1REQ3Z2xEaUR2Tm1QMDdZVHJkWldLbXNsbW9JcXovQzUvVVpHSk5UZzhxTnVVT2poQ3EKR2FRdFpBUmhRSVk2WEU3YjU3TEU1QUFBUS9KZWVUU3ZRSVBzaW4xZkZadEZnZktmVWNadjRvK01maEpGekJzSApsakJIL3V2dWVqakpHU1AwaUo5dE9wYW9hcEtYd2hXcUhyWmNicmUwdVhpeVRrS0hVRzhmR3QrVVUwdDJOQ0dLClo3b0tORmNNdjB4UWptMCtGcGNVcmJQVml3eUgzcmFHcEZzVW05SGFDTElsbVB6bndpT1V2NGhHVVBjQ0F3RUEKQVFLQ0FnQUdXUlJsYlh6andtY05GTTR0dGRNeitrYWVPWkNGWU8vSkdmL2ZyTytDcGMrcHNDZmdROWtzTDJOTQoxV0IzSGFzYkdoaU1LSWdvMkdUbGhSa1BkZk0yRVorUFEvMWxZTnk2YjZqQXhGNHpuT1lUUUxtUzcyeTNESWY1CnlKSnN5KzBPb0hpM1I0UjBjMWF1K1dRWk1NbDVQNHFlUnVyYkZibHo5aFlZNVp0eHEyc0RzUzUySmx4YVdkM3kKZGJDRlNuZWJWcnlOOG1lSFRvMmUxTXFockRpNGpYa2FvbXA5ZWRFQnYxSExlSmdCTGhpN2ZkaWZmaFhqbTlBNgpBSnFxVnZHYy94aS9kUHpuaHJzTmE4TW9OM0NSamVmaW9ILzRFUXAyMUREZlJGUklySks2OHBzckZNVzU1bG1nCjRla3ErMjk4SllSQ0VqaHZkc2FTSDdiRzdxQjRUK3IwbTBzc0huTlMzYWFzMEhETUlJSTBhSFJuOVgvaUdGVEcKZTdjRUlycUhtUGZKWDdLYW0yNDIzd1ZLaXJHa1l5RXpMRm5aNnhxa3o5KzJITmtKQmJzRGdhMFBEVi9ZM1oxOQp3dTdRcXFjaitwN3N1UFNFSldJb1RXRXJrK3BPR056TWNwUUs4UXZncXE0a1NxL1NpVWtxaHpXKzVDNXJOc2tmCjJzeXg3MUFrcVZCOWJ2a3dGUFZJMm9OSkgvVkJ3UXNuTFBnaGoyQ2docnEyaFRuaytsOENLQ2xmQ3ZaaXFsQjMKOVZCdmsyK2p4Zno5VGhGY3ZrVzBwQTVETE9BaElVVFBseUxOWWpwcGROM09wNmZNaGZJazRHZEd4NVdvUTJ0UQp1M2tXc005NFAvS01PYzN4UGIwT2RGdmpPd3R4RzF4UXRkaCs0U0ZudC9lbkQ3cW40UUtDQVFFQTdhSndmTGl6Cm9kS1VQRnVpM0lIdWpHU2NUT3RpNjZUQlZTVEp4MWRpd3JWclpuZm0rcFEwNXFuS08wdUh0ZVp5V05CbjE4U1UKaHFQa1M3UVhLMWtwdkRJTlVBTWcxTG8vZWgxb0VQdFM5N1o2MWhlcEUreEk2T0xnQjUwTEpva21pdnJRVjFLRgo0SHF4NXlLeHNhemMwNzdHenZ3aTZmRW9TdlA1UmpFVzQ0K0FhTlJ3amxpMDZYWTRjZm9GRURKTlVOdkp1NTZLCkJnQXVGZUJpNzBYc213eWphSE5vdkt2OW9jNHQ4Rzc5VEtsT2l1dkh5T0ZpSUVtemtLbE1SY3NSODFFQkVmZ0cKVlNiblpzZmVxTWwrT1pCd1ZOamRNaFdPdGRFcTdWZ1dRWUtLZVl6d29Zanc3RytzR2QvUTFZTEM5VFVYd2hrZQo2dmMrdlRJNVFSYTdrd0tDQVFFQTh3d2FIbkJCZUpuUkZsOUxpNlJGMnU1ckVsYmtCL3o2ZWtvODNISXhtVDJJCnUyVnRYaTkyMHRXeVJscUlZT0VjQ2dZRlJ3dm5ORWk2aXN3Q0dqd3FPZlhubnI5Rk93Tml4M28xRFZ5MnIwcTUKZXZXS3c4QmxlUmZhcTR6YVhKNFpoekhjSTZDbVhCenVHWmkwcnhya0wrVXZERlRTWFZEZEoxVUlncGorNUorMApSbktSZ1dVTldUejI3bzczUU56OGNDS2tKdFFuTWJ0NVRDZDdNU2U0VFFWeEFQR1VzWnM1UjNoSENZdjJweGNqCkZoRFJWcEhqU29tZ1VwOHhoS2ZhRXZtSk5QajFtUDlHSmQvb3RycTBFR3FtQTZYK01kSTlGTXZ3dUszQnc1YS8KMXl3V2JhQUlIemhoRDlUNWJtNUpNNkdaZEF2U0k2dUpVVjdGcTNXYmpRS0NBUUJ5d2d4eW5ydlkvUm1ySUZIQgpEVnBISUZzKzVqbXFOTEZNemV4SHdSS25sdmNiei9HU3R6bm8zcndUOElERVBscWdPMXk2bld0Z3Jnc1U2QTU4ClY1M0pEWjdTTWdDTDJybkczaWFnZE01M1kvOWtIcDcvU1E5WXNCK2liWnV4NjIvYWxBOUM3RTVNdnRQbEhDTVYKKzdYVTUvK1llN2pjb3lKak4vajhoYjVZL0xiMWFRcEdJOTZTRkE1a05HcDNqT003bGppUXk1bzZGYUlyM0dYSwp5VWpmQTdaeVBiR3AwNkV6bjU4ZHltdTJ0dGlBVENiNkFxWGhrOVlNbVVXRk92RWJRTlkwZUVPT29iQUVPYWQwCmVZSGtpTFZHdEVmMTVPVTdOcHoxYTZHcjF6L0tQVjhEazE5TnZ3d3NucUo2U2FDZXpCb0NHU0dPTlFKdVdhKysKbUJ6VEFvSUJBUUROZnBiNjAyalh3aDNCcjdMZEQzaXNvZGJQdTcyemIxYU1YUVpXVVFyVWlPMTVuRWs3VUNCRQpKTUJGc2JnTFNXbCtwQmFFT25FeWlLZUlRUE1xSVdLR2ZQNW4vMHBXbWdkRHAzVUJwamtqdnFkU2FoYjRhVXlpCmRPUERGaVZ1RjVKMzkxVXNubURxRXQvUnJvWmVZdnM1NzZtMjRHUzQxMjBWRzFWRnJud2M2MWJ1RldJbktEeUEKRGdhdUx4eW9yKytVRkFYOGVuWGxHNkIwSGhHUHZ3aVp2cGNMK0RZRGNMMmVTdmlzL3JUK0U1YnJ5aTVrNXBacAphREd3aWI3QmJYWDVneGhhUElEUzZrcnlMUDNDdWRzUzRra1pYcGlzb1JoWjVCRFU1THltVldoQVVwdG45dDNICkg5RVpKTFg4ZzZ6S3hjQk1HTTZFc0QwN0drbEJMZi9sQW9JQkFBWnNHMDNiU1BWN3N6RTJIdmRCcFowZVRhM1MKS3VJWU9xSGNLOWw5MlhpV0txdGFaZytpME00VHhPeGZTRlRvQS93U2JGZkpBL2phdnp4cVd2TmsxeHhXUXEvTQpvZXcrVmRGSVcwK2J4YjdWSkNZVHBwbTRyTi9XMGQrd29yaEZGendGdVh0bklmN3NTMUxBQzBQd09FZ296QlU4CmR0SGdoc09tUEFsMGVwNEp5VGxvamlxZ1NvV3ZPcjFCSGhvYUZPZGk3aFZlbUd0cWdJVkxXME8wcE1oMCtlUDMKZGtTOUI1L3JFOEpjWFBqZjAyeVBnOWQ0UERZQnRIdjRJOVY4TjBKdUpNTEhhT2h1SG1XSUtXK24vbmxKeTA2VgpkMlkvMGh5eUNkam9CRWZjSVN0bC9rY042WGU1dnp6ME1vcWRHVzJzN0JLbVFTdEltMVpQMWtvMmdMcz0KLS0tLS1FTkQgUlNBIFBSSVZBVEUgS0VZLS0tLS0K\n    token: 3i8upgoakimg5lwl4pfkd20pwv4ylrkbjdqjvoxlmb3p9dzsz5snwglch2kauhq0lwhorgsc47qpd54bcoih85xqfmd8856losj6pn4kckbcwiz9hdxpe580hh1d2l7u\n",
            "kubelet_identity": [
              {
                "client_id": "c37f6876-7b56-45f5-b3d0-fc616323cefb",
                "object_id": "731f9b34-c336-4430-ac65-06bfe43a24d6",
                "user_assigned_identity_id": "/subscriptions/38977b70-47bf-4da5-a492-88712fce8725/resourceGroups/MC_rg-aks-frontdoor-240_aks-cluster_swedencentral/providers/Microsoft.ManagedIdentity/userAssignedIdentities/aks-cluster-agentpool"
              }
            ],
            "kubernetes_version": "1.30.0",
            "linux_profile": [],
            "local_account_disabled": false,
            "location": "swedencentral",
            "maintenance_window": [],
            "maintenance_window_auto_upgrade": [],
            "maintenance_window_node_os": [],
            "microsoft_defender": [],
            "monitor_metrics": [],
            "name": "aks-cluster",
            "network_profile": [
              {
                "dns_service_ip": "10.0.0.10",
                "docker_bridge_cidr": "",
                "ebpf_data_plane": "",
                "ip_versions": [
                  "IPv4"
                ],
                "load_balancer_profile": [
                  {
                    "effective_outbound_ips": [
                      "/subscriptions/38977b70-47bf-4da5-a492-88712fce8725/resourceGroups/MC_rg-aks-frontdoor-240_aks-cluster_swedencentral/providers/Microsoft.Network/publicIPAddresses/1a657a9d-e5a4-4d99-bd6d-831baf9265d6"
                    ],
                    "idle_timeout_in_minutes": 0,
                    "managed_outbound_ip_count": 1,
                    "managed_outbound_ipv6_count": 0,
                    "outbound_ip_address_ids": [],
                    "outbound_ip_prefix_ids": [],
                    "outbound_ports_allocated": 0
                  }
                ],
                "load_balancer_sku": "standard",
                "nat_gateway_profile": [],
                "network_data_plane": "azure",
                "network_mode": "",
                "network_plugin": "azure",
                "network_plugin_mode": "overlay",
                "network_policy": "",
                "outbound_ip_address_ids": [],
                "outbound_ip_prefix_ids": [],
                "outbound_type": "loadBalancer",
                "pod_cidr": "10.244.0.0/16",
                "pod_cidrs": [
                  "10.244.0.0/16"
                ],
                "service_cidr": "10.0.0.0/16",
                "service_cidrs": [
                  "10.0.0.0/16"
                ]
              }
            ],
            "node_os_channel_upgrade": null,
            "node_resource_group": "MC_rg-aks-frontdoor-240_aks-cluster_swedencentral",
            "node_resource_group_id": "/subscriptions/38977b70-47bf-4da5-a492-88712fce8725/resourceGroups/MC_rg-aks-frontdoor-240_aks-cluster_swedencentral",
            "oidc_issuer_enabled": false,
            "oidc_issuer_url": "",
            "oms_agent": [],
            "open_service_mesh_enabled": null,
            "portal_fqdn": "aks-n348qunn.portal.hcp.swedencentral.azmk8s.io",
            "private_cluster_enabled": false,
            "private_cluster_public_fqdn_enabled": false,
            "private_dns_zone_id": null,
            "private_fqdn": "",
            "public_network_access_enabled": true,
            "resource_group_name": "rg-aks-frontdoor-240",
            "role_based_access_control_enabled": true,
            "run_command_enabled": true,
            "service_mesh_profile": [],
            "service_principal": [],
            "sku_tier": "Free",
            "storage_profile": [],
            "support_plan": "KubernetesOfficial",
            "tags": {},
            "timeouts": null,
            "web_app_routing": [
              {
                "dns_zone_id": "",
                "dns_zone_ids": [],
                "web_app_routing_identity": [
                  {
                    "client_id": "c6f475a9-220a-4547-aa9c-7fc2ea74664f",
                    "object_id": "dc6dc941-92ac-4e62-aa9f-4ce9f28080f5",
                    "user_assigned_identity_id": "/subscriptions/38977b70-47bf-4da5-a492-88712fce8725/resourcegroups/MC_rg-aks-frontdoor-240_aks-cluster_swedencentral/providers/Microsoft.ManagedIdentity/userAssignedIdentities/webapprouting-aks-cluster"
                  }
                ]
              }
            ],
            "windows_profile": [
              {
                "admin_password": "",
                "admin_username": "azureuser",
                "gmsa": [],
                "license": ""
              }
            ],
            "workload_autoscaler_profile": [],
            "workload_identity_enabled": false
          },
          "sensitive_attributes": [
            [
              {
                "type": "get_attr",
                "value": "kube_config"
              }
            ],
            [
              {
                "type": "get_attr",
                "value": "kube_admin_config"
              }
            ],
            [
              {
                "type": "get_attr",
                "value": "kube_config_raw"
              }
            ],
            [
              {
                "type": "get_attr",
                "value": "windows_profile"
              },
              {
                "type": "index",
                "value": {
                  "value": 0,
                  "type": "number"
                }
              },
              {
                "type": "get_attr",
                "value": "admin_password"
              }
            ],
            [
              {
                "type": "get_attr",
                "value": "kube_admin_config_raw"
              }
            ]
          ],
          "private": "eyJlMmJmYjczMC1lY2FhLTExZTYtOGY4OC0zNDM2M2JjN2M0YzAiOnsiY3JlYXRlIjo1NDAwMDAwMDAwMDAwLCJkZWxldGUiOjU0MDAwMDAwMDAwMDAsInJlYWQiOjMwMDAwMDAwMDAwMCwidXBkYXRlIjo1NDAwMDAwMDAwMDAwfSwic2NoZW1hX3ZlcnNpb24iOiIyIn0=",
          "dependencies": [
            "azurerm_resource_group.rg",
            "azurerm_subnet.snet-aks",
            "azurerm_virtual_network.vnet-spoke"
          ]
        }
      ]
    },
    {
      "mode": "managed",
      "type": "azurerm_resource_group",
      "name": "my_resource_group",
      "provider": "provider[\"registry.terraform.io/hashicorp/azurerm\"]",
      "instances": [
        {
          "schema_version": 0,
          "attributes": {
            "id": "/subscriptions/38977b70-47bf-4da5-a492-88712fce8725/resourceGroups/FrontDoor-settling-guinea",
            "location": "swedencentral",
            "managed_by": "",
            "name": "FrontDoor-settling-guinea",
            "tags": {},
            "timeouts": null
          },
          "sensitive_attributes": [],
          "private": "eyJlMmJmYjczMC1lY2FhLTExZTYtOGY4OC0zNDM2M2JjN2M0YzAiOnsiY3JlYXRlIjo1NDAwMDAwMDAwMDAwLCJkZWxldGUiOjU0MDAwMDAwMDAwMDAsInJlYWQiOjMwMDAwMDAwMDAwMCwidXBkYXRlIjo1NDAwMDAwMDAwMDAwfX0=",
          "dependencies": [
            "random_pet.rg"
          ]
        }
      ]
    },
    {
      "mode": "managed",
      "type": "azurerm_resource_group",
      "name": "rg",
      "provider": "provider[\"registry.terraform.io/hashicorp/azurerm\"]",
      "instances": [
        {
          "schema_version": 0,
          "attributes": {
            "id": "/subscriptions/38977b70-47bf-4da5-a492-88712fce8725/resourceGroups/rg-aks-frontdoor-240",
            "location": "swedencentral",
            "managed_by": "",
            "name": "rg-aks-frontdoor-240",
            "tags": {},
            "timeouts": null
          },
          "sensitive_attributes": [],
          "private": "eyJlMmJmYjczMC1lY2FhLTExZTYtOGY4OC0zNDM2M2JjN2M0YzAiOnsiY3JlYXRlIjo1NDAwMDAwMDAwMDAwLCJkZWxldGUiOjU0MDAwMDAwMDAwMDAsInJlYWQiOjMwMDAwMDAwMDAwMCwidXBkYXRlIjo1NDAwMDAwMDAwMDAwfX0="
        }
      ]
    },
    {
      "mode": "managed",
      "type": "azurerm_role_assignment",
      "name": "network-contributor",
      "provider": "provider[\"registry.terraform.io/hashicorp/azurerm\"]",
      "instances": [
        {
          "schema_version": 0,
          "attributes": {
            "condition": "",
            "condition_version": "",
            "delegated_managed_identity_resource_id": "",
            "description": "",
            "id": "/subscriptions/38977b70-47bf-4da5-a492-88712fce8725/resourceGroups/rg-aks-frontdoor-240/providers/Microsoft.Network/virtualNetworks/vnet-spoke/subnets/snet-aks/providers/Microsoft.Authorization/roleAssignments/87284cd6-0708-ba3b-95aa-9e7dbc0a7b47",
            "name": "87284cd6-0708-ba3b-95aa-9e7dbc0a7b47",
            "principal_id": "f461244c-b7af-4479-8d4f-fe6b9758037a",
            "principal_type": "ServicePrincipal",
            "role_definition_id": "/subscriptions/38977b70-47bf-4da5-a492-88712fce8725/providers/Microsoft.Authorization/roleDefinitions/4d97b98b-1d4f-4787-a291-c67834d212e7",
            "role_definition_name": "Network Contributor",
            "scope": "/subscriptions/38977b70-47bf-4da5-a492-88712fce8725/resourceGroups/rg-aks-frontdoor-240/providers/Microsoft.Network/virtualNetworks/vnet-spoke/subnets/snet-aks",
            "skip_service_principal_aad_check": null,
            "timeouts": null
          },
          "sensitive_attributes": [],
          "private": "eyJlMmJmYjczMC1lY2FhLTExZTYtOGY4OC0zNDM2M2JjN2M0YzAiOnsiY3JlYXRlIjoxODAwMDAwMDAwMDAwLCJkZWxldGUiOjE4MDAwMDAwMDAwMDAsInJlYWQiOjMwMDAwMDAwMDAwMH19",
          "dependencies": [
            "azurerm_kubernetes_cluster.aks",
            "azurerm_resource_group.rg",
            "azurerm_subnet.snet-aks",
            "azurerm_virtual_network.vnet-spoke"
          ]
        }
      ]
    },
    {
      "mode": "managed",
      "type": "azurerm_storage_account",
      "name": "my_storage_account",
      "provider": "provider[\"registry.terraform.io/hashicorp/azurerm\"]",
      "instances": [
        {
          "schema_version": 4,
          "attributes": {
            "access_tier": "Hot",
            "account_kind": "StorageV2",
            "account_replication_type": "LRS",
            "account_tier": "Standard",
            "allow_nested_items_to_be_public": true,
            "allowed_copy_scope": "",
            "azure_files_authentication": [],
            "blob_properties": [
              {
                "change_feed_enabled": false,
                "change_feed_retention_in_days": 0,
                "container_delete_retention_policy": [],
                "cors_rule": [],
                "default_service_version": "",
                "delete_retention_policy": [],
                "last_access_time_enabled": false,
                "restore_policy": [],
                "versioning_enabled": false
              }
            ],
            "cross_tenant_replication_enabled": true,
            "custom_domain": [],
            "customer_managed_key": [],
            "default_to_oauth_authentication": false,
            "dns_endpoint_type": "Standard",
            "edge_zone": "",
            "enable_https_traffic_only": true,
            "id": "/subscriptions/38977b70-47bf-4da5-a492-88712fce8725/resourceGroups/FrontDoor-settling-guinea/providers/Microsoft.Storage/storageAccounts/stor82da683cdac1aa83",
            "identity": [],
            "immutability_policy": [],
            "infrastructure_encryption_enabled": false,
            "is_hns_enabled": false,
            "large_file_share_enabled": null,
            "local_user_enabled": true,
            "location": "swedencentral",
            "min_tls_version": "TLS1_2",
            "name": "stor82da683cdac1aa83",
            "network_rules": [
              {
                "bypass": [
                  "AzureServices"
                ],
                "default_action": "Deny",
                "ip_rules": [],
                "private_link_access": [],
                "virtual_network_subnet_ids": []
              }
            ],
            "nfsv3_enabled": false,
            "primary_access_key": "tayaJQQjHbM8P/qXs1jB4OWEEBKqE8MX3xPTDT7f+khenerCVaSkUT/yhLvtldBjRQqeNYJtUOy3+AStjciYvA==",
            "primary_blob_connection_string": "DefaultEndpointsProtocol=https;BlobEndpoint=https://stor82da683cdac1aa83.blob.core.windows.net/;AccountName=stor82da683cdac1aa83;AccountKey=tayaJQQjHbM8P/qXs1jB4OWEEBKqE8MX3xPTDT7f+khenerCVaSkUT/yhLvtldBjRQqeNYJtUOy3+AStjciYvA==",
            "primary_blob_endpoint": "https://stor82da683cdac1aa83.blob.core.windows.net/",
            "primary_blob_host": "stor82da683cdac1aa83.blob.core.windows.net",
            "primary_blob_internet_endpoint": "",
            "primary_blob_internet_host": "",
            "primary_blob_microsoft_endpoint": "",
            "primary_blob_microsoft_host": "",
            "primary_connection_string": "DefaultEndpointsProtocol=https;AccountName=stor82da683cdac1aa83;AccountKey=tayaJQQjHbM8P/qXs1jB4OWEEBKqE8MX3xPTDT7f+khenerCVaSkUT/yhLvtldBjRQqeNYJtUOy3+AStjciYvA==;EndpointSuffix=core.windows.net",
            "primary_dfs_endpoint": "https://stor82da683cdac1aa83.dfs.core.windows.net/",
            "primary_dfs_host": "stor82da683cdac1aa83.dfs.core.windows.net",
            "primary_dfs_internet_endpoint": "",
            "primary_dfs_internet_host": "",
            "primary_dfs_microsoft_endpoint": "",
            "primary_dfs_microsoft_host": "",
            "primary_file_endpoint": "https://stor82da683cdac1aa83.file.core.windows.net/",
            "primary_file_host": "stor82da683cdac1aa83.file.core.windows.net",
            "primary_file_internet_endpoint": "",
            "primary_file_internet_host": "",
            "primary_file_microsoft_endpoint": "",
            "primary_file_microsoft_host": "",
            "primary_location": "swedencentral",
            "primary_queue_endpoint": "https://stor82da683cdac1aa83.queue.core.windows.net/",
            "primary_queue_host": "stor82da683cdac1aa83.queue.core.windows.net",
            "primary_queue_microsoft_endpoint": "",
            "primary_queue_microsoft_host": "",
            "primary_table_endpoint": "https://stor82da683cdac1aa83.table.core.windows.net/",
            "primary_table_host": "stor82da683cdac1aa83.table.core.windows.net",
            "primary_table_microsoft_endpoint": "",
            "primary_table_microsoft_host": "",
            "primary_web_endpoint": "https://stor82da683cdac1aa83.z1.web.core.windows.net/",
            "primary_web_host": "stor82da683cdac1aa83.z1.web.core.windows.net",
            "primary_web_internet_endpoint": "",
            "primary_web_internet_host": "",
            "primary_web_microsoft_endpoint": "",
            "primary_web_microsoft_host": "",
            "public_network_access_enabled": false,
            "queue_encryption_key_type": "Service",
            "queue_properties": [
              {
                "cors_rule": [],
                "hour_metrics": [
                  {
                    "enabled": true,
                    "include_apis": true,
                    "retention_policy_days": 7,
                    "version": "1.0"
                  }
                ],
                "logging": [
                  {
                    "delete": false,
                    "read": false,
                    "retention_policy_days": 0,
                    "version": "1.0",
                    "write": false
                  }
                ],
                "minute_metrics": [
                  {
                    "enabled": false,
                    "include_apis": false,
                    "retention_policy_days": 0,
                    "version": "1.0"
                  }
                ]
              }
            ],
            "resource_group_name": "FrontDoor-settling-guinea",
            "routing": [],
            "sas_policy": [],
            "secondary_access_key": "WIFUCRxdQQ0YtOSfs5zOVFdN58YLLS/3jpIFCTmvFqFfn73zsEf/lAnXZ0xdBrHC/oK7i8CfjEqt+AStob0t7A==",
            "secondary_blob_connection_string": "",
            "secondary_blob_endpoint": null,
            "secondary_blob_host": null,
            "secondary_blob_internet_endpoint": null,
            "secondary_blob_internet_host": null,
            "secondary_blob_microsoft_endpoint": null,
            "secondary_blob_microsoft_host": null,
            "secondary_connection_string": "DefaultEndpointsProtocol=https;AccountName=stor82da683cdac1aa83;AccountKey=WIFUCRxdQQ0YtOSfs5zOVFdN58YLLS/3jpIFCTmvFqFfn73zsEf/lAnXZ0xdBrHC/oK7i8CfjEqt+AStob0t7A==;EndpointSuffix=core.windows.net",
            "secondary_dfs_endpoint": null,
            "secondary_dfs_host": null,
            "secondary_dfs_internet_endpoint": null,
            "secondary_dfs_internet_host": null,
            "secondary_dfs_microsoft_endpoint": null,
            "secondary_dfs_microsoft_host": null,
            "secondary_file_endpoint": null,
            "secondary_file_host": null,
            "secondary_file_internet_endpoint": null,
            "secondary_file_internet_host": null,
            "secondary_file_microsoft_endpoint": null,
            "secondary_file_microsoft_host": null,
            "secondary_location": "",
            "secondary_queue_endpoint": null,
            "secondary_queue_host": null,
            "secondary_queue_microsoft_endpoint": null,
            "secondary_queue_microsoft_host": null,
            "secondary_table_endpoint": null,
            "secondary_table_host": null,
            "secondary_table_microsoft_endpoint": null,
            "secondary_table_microsoft_host": null,
            "secondary_web_endpoint": null,
            "secondary_web_host": null,
            "secondary_web_internet_endpoint": null,
            "secondary_web_internet_host": null,
            "secondary_web_microsoft_endpoint": null,
            "secondary_web_microsoft_host": null,
            "sftp_enabled": false,
            "share_properties": [
              {
                "cors_rule": [],
                "retention_policy": [
                  {
                    "days": 7
                  }
                ],
                "smb": []
              }
            ],
            "shared_access_key_enabled": true,
            "static_website": [],
            "table_encryption_key_type": "Service",
            "tags": {},
            "timeouts": null
          },
          "sensitive_attributes": [
            [
              {
                "type": "get_attr",
                "value": "primary_access_key"
              }
            ],
            [
              {
                "type": "get_attr",
                "value": "secondary_connection_string"
              }
            ],
            [
              {
                "type": "get_attr",
                "value": "primary_connection_string"
              }
            ],
            [
              {
                "type": "get_attr",
                "value": "primary_blob_connection_string"
              }
            ],
            [
              {
                "type": "get_attr",
                "value": "secondary_access_key"
              }
            ],
            [
              {
                "type": "get_attr",
                "value": "secondary_blob_connection_string"
              }
            ]
          ],
          "private": "eyJlMmJmYjczMC1lY2FhLTExZTYtOGY4OC0zNDM2M2JjN2M0YzAiOnsiY3JlYXRlIjozNjAwMDAwMDAwMDAwLCJkZWxldGUiOjM2MDAwMDAwMDAwMDAsInJlYWQiOjMwMDAwMDAwMDAwMCwidXBkYXRlIjozNjAwMDAwMDAwMDAwfSwic2NoZW1hX3ZlcnNpb24iOiI0In0=",
          "dependencies": [
            "azurerm_resource_group.my_resource_group",
            "random_id.storage_account_name",
            "random_pet.rg"
          ]
        }
      ]
    },
    {
      "mode": "managed",
      "type": "azurerm_storage_account_network_rules",
      "name": "my_network_rules",
      "provider": "provider[\"registry.terraform.io/hashicorp/azurerm\"]",
      "instances": [
        {
          "schema_version": 0,
          "attributes": {
            "bypass": [
              "AzureServices"
            ],
            "default_action": "Deny",
            "id": "/subscriptions/38977b70-47bf-4da5-a492-88712fce8725/resourceGroups/FrontDoor-settling-guinea/providers/Microsoft.Storage/storageAccounts/stor82da683cdac1aa83",
            "ip_rules": [],
            "private_link_access": [],
            "storage_account_id": "/subscriptions/38977b70-47bf-4da5-a492-88712fce8725/resourceGroups/FrontDoor-settling-guinea/providers/Microsoft.Storage/storageAccounts/stor82da683cdac1aa83",
            "timeouts": null,
            "virtual_network_subnet_ids": []
          },
          "sensitive_attributes": [],
          "private": "eyJlMmJmYjczMC1lY2FhLTExZTYtOGY4OC0zNDM2M2JjN2M0YzAiOnsiY3JlYXRlIjozNjAwMDAwMDAwMDAwLCJkZWxldGUiOjM2MDAwMDAwMDAwMDAsInJlYWQiOjMwMDAwMDAwMDAwMCwidXBkYXRlIjozNjAwMDAwMDAwMDAwfX0=",
          "dependencies": [
            "azurerm_resource_group.my_resource_group",
            "azurerm_storage_account.my_storage_account",
            "random_id.storage_account_name",
            "random_pet.rg"
          ]
        }
      ]
    },
    {
      "mode": "managed",
      "type": "azurerm_subnet",
      "name": "snet-aks",
      "provider": "provider[\"registry.terraform.io/hashicorp/azurerm\"]",
      "instances": [
        {
          "schema_version": 0,
          "attributes": {
            "address_prefixes": [
              "10.10.0.0/24"
            ],
            "default_outbound_access_enabled": true,
            "delegation": [],
            "enforce_private_link_endpoint_network_policies": false,
            "enforce_private_link_service_network_policies": false,
            "id": "/subscriptions/38977b70-47bf-4da5-a492-88712fce8725/resourceGroups/rg-aks-frontdoor-240/providers/Microsoft.Network/virtualNetworks/vnet-spoke/subnets/snet-aks",
            "name": "snet-aks",
            "private_endpoint_network_policies": "Enabled",
            "private_endpoint_network_policies_enabled": true,
            "private_link_service_network_policies_enabled": true,
            "resource_group_name": "rg-aks-frontdoor-240",
            "service_endpoint_policy_ids": [],
            "service_endpoints": [],
            "timeouts": null,
            "virtual_network_name": "vnet-spoke"
          },
          "sensitive_attributes": [],
          "private": "eyJlMmJmYjczMC1lY2FhLTExZTYtOGY4OC0zNDM2M2JjN2M0YzAiOnsiY3JlYXRlIjoxODAwMDAwMDAwMDAwLCJkZWxldGUiOjE4MDAwMDAwMDAwMDAsInJlYWQiOjMwMDAwMDAwMDAwMCwidXBkYXRlIjoxODAwMDAwMDAwMDAwfX0=",
          "dependencies": [
            "azurerm_resource_group.rg",
            "azurerm_virtual_network.vnet-spoke"
          ]
        }
      ]
    },
    {
      "mode": "managed",
      "type": "azurerm_subnet",
      "name": "snet-frontdoor",
      "provider": "provider[\"registry.terraform.io/hashicorp/azurerm\"]",
      "instances": [
        {
          "schema_version": 0,
          "attributes": {
            "address_prefixes": [
              "10.10.1.0/24"
            ],
            "default_outbound_access_enabled": true,
            "delegation": [],
            "enforce_private_link_endpoint_network_policies": false,
            "enforce_private_link_service_network_policies": false,
            "id": "/subscriptions/38977b70-47bf-4da5-a492-88712fce8725/resourceGroups/rg-aks-frontdoor-240/providers/Microsoft.Network/virtualNetworks/vnet-spoke/subnets/snet-frontdoor",
            "name": "snet-frontdoor",
            "private_endpoint_network_policies": "Enabled",
            "private_endpoint_network_policies_enabled": true,
            "private_link_service_network_policies_enabled": true,
            "resource_group_name": "rg-aks-frontdoor-240",
            "service_endpoint_policy_ids": [],
            "service_endpoints": [],
            "timeouts": null,
            "virtual_network_name": "vnet-spoke"
          },
          "sensitive_attributes": [],
          "private": "eyJlMmJmYjczMC1lY2FhLTExZTYtOGY4OC0zNDM2M2JjN2M0YzAiOnsiY3JlYXRlIjoxODAwMDAwMDAwMDAwLCJkZWxldGUiOjE4MDAwMDAwMDAwMDAsInJlYWQiOjMwMDAwMDAwMDAwMCwidXBkYXRlIjoxODAwMDAwMDAwMDAwfX0=",
          "dependencies": [
            "azurerm_resource_group.rg",
            "azurerm_virtual_network.vnet-spoke"
          ]
        }
      ]
    },
    {
      "mode": "managed",
      "type": "azurerm_virtual_network",
      "name": "vnet-spoke",
      "provider": "provider[\"registry.terraform.io/hashicorp/azurerm\"]",
      "instances": [
        {
          "schema_version": 0,
          "attributes": {
            "address_space": [
              "10.10.0.0/16"
            ],
            "bgp_community": "",
            "ddos_protection_plan": [],
            "dns_servers": [],
            "edge_zone": "",
            "encryption": [],
            "flow_timeout_in_minutes": 0,
            "guid": "3ec014a0-1168-42d6-8a2f-976f3825a971",
            "id": "/subscriptions/38977b70-47bf-4da5-a492-88712fce8725/resourceGroups/rg-aks-frontdoor-240/providers/Microsoft.Network/virtualNetworks/vnet-spoke",
            "location": "swedencentral",
            "name": "vnet-spoke",
            "resource_group_name": "rg-aks-frontdoor-240",
            "subnet": [
              {
                "address_prefix": "10.10.0.0/24",
                "id": "/subscriptions/38977b70-47bf-4da5-a492-88712fce8725/resourceGroups/rg-aks-frontdoor-240/providers/Microsoft.Network/virtualNetworks/vnet-spoke/subnets/snet-aks",
                "name": "snet-aks",
                "security_group": ""
              },
              {
                "address_prefix": "10.10.1.0/24",
                "id": "/subscriptions/38977b70-47bf-4da5-a492-88712fce8725/resourceGroups/rg-aks-frontdoor-240/providers/Microsoft.Network/virtualNetworks/vnet-spoke/subnets/snet-frontdoor",
                "name": "snet-frontdoor",
                "security_group": ""
              }
            ],
            "tags": {},
            "timeouts": null
          },
          "sensitive_attributes": [],
          "private": "eyJlMmJmYjczMC1lY2FhLTExZTYtOGY4OC0zNDM2M2JjN2M0YzAiOnsiY3JlYXRlIjoxODAwMDAwMDAwMDAwLCJkZWxldGUiOjE4MDAwMDAwMDAwMDAsInJlYWQiOjMwMDAwMDAwMDAwMCwidXBkYXRlIjoxODAwMDAwMDAwMDAwfX0=",
          "dependencies": [
            "azurerm_resource_group.rg"
          ]
        }
      ]
    },
    {
      "mode": "managed",
      "type": "random_id",
      "name": "front_door_endpoint_name",
      "provider": "provider[\"registry.terraform.io/hashicorp/random\"]",
      "instances": [
        {
          "schema_version": 0,
          "attributes": {
            "b64_std": "+thGNK32uK8=",
            "b64_url": "-thGNK32uK8",
            "byte_length": 8,
            "dec": "18075274296522356911",
            "hex": "fad84634adf6b8af",
            "id": "-thGNK32uK8",
            "keepers": null,
            "prefix": null
          },
          "sensitive_attributes": []
        }
      ]
    },
    {
      "mode": "managed",
      "type": "random_id",
      "name": "storage_account_name",
      "provider": "provider[\"registry.terraform.io/hashicorp/random\"]",
      "instances": [
        {
          "schema_version": 0,
          "attributes": {
            "b64_std": "gtpoPNrBqoM=",
            "b64_url": "gtpoPNrBqoM",
            "byte_length": 8,
            "dec": "9428963380431006339",
            "hex": "82da683cdac1aa83",
            "id": "gtpoPNrBqoM",
            "keepers": null,
            "prefix": null
          },
          "sensitive_attributes": []
        }
      ]
    },
    {
      "mode": "managed",
      "type": "random_pet",
      "name": "rg",
      "provider": "provider[\"registry.terraform.io/hashicorp/random\"]",
      "instances": [
        {
          "schema_version": 0,
          "attributes": {
            "id": "settling-guinea",
            "keepers": null,
            "length": 2,
            "prefix": null,
            "separator": "-"
          },
          "sensitive_attributes": []
        }
      ]
    },
    {
      "mode": "managed",
      "type": "terraform_data",
      "name": "aks-get-credentials",
      "provider": "provider[\"terraform.io/builtin/terraform\"]",
      "instances": [
        {
          "schema_version": 0,
          "attributes": {
            "id": "19413a02-3c90-3e45-263a-343bd0082852",
            "input": null,
            "output": null,
            "triggers_replace": {
              "value": [
                "/subscriptions/38977b70-47bf-4da5-a492-88712fce8725/resourceGroups/rg-aks-frontdoor-240/providers/Microsoft.ContainerService/managedClusters/aks-cluster"
              ],
              "type": [
                "tuple",
                [
                  "string"
                ]
              ]
            }
          },
          "sensitive_attributes": [],
          "dependencies": [
            "azurerm_kubernetes_cluster.aks",
            "azurerm_resource_group.rg",
            "azurerm_subnet.snet-aks",
            "azurerm_virtual_network.vnet-spoke"
          ]
        }
      ]
    }
  ],
  "check_results": null
}
