{
  "version": 4,
  "terraform_version": "1.7.3",
  "serial": 21,
  "lineage": "fffd2c4b-0033-fc49-36c1-2f44bca2346b",
  "outputs": {
    "vm-linux-hub-ip": {
      "value": "10.0.0.4",
      "type": "string"
    },
    "vm-linux-onprem-ip": {
      "value": "172.16.0.4",
      "type": "string"
    }
  },
  "resources": [
    {
      "mode": "managed",
      "type": "azurerm_linux_virtual_machine",
      "name": "vm-hub",
      "provider": "provider[\"registry.terraform.io/hashicorp/azurerm\"]",
      "instances": [
        {
          "schema_version": 0,
          "attributes": {
            "additional_capabilities": [],
            "admin_password": "@Aa123456789",
            "admin_ssh_key": [],
            "admin_username": "azureuser",
            "allow_extension_operations": true,
            "availability_set_id": "",
            "boot_diagnostics": [
              {
                "storage_account_uri": ""
              }
            ],
            "bypass_platform_safety_checks_on_user_schedule_enabled": false,
            "capacity_reservation_group_id": "",
            "computer_name": "vm-linux-hub",
            "custom_data": "IyEvYmluL2Jhc2gKCnN1ZG8gYXB0IC1xcSB1cGRhdGUKCnN1ZG8gYXB0IC1xcSBpbnN0YWxsIG5naW54IC15CgpJUD0kKGhvc3RuYW1lIC1pKQoKZWNobyAiSGVsbG8gZnJvbSB2aXJ0dWFsIG1hY2hpbmU6ICRIT1NUTkFNRSwgd2l0aCBJUCBhZGRyZXNzOiAkSVAiID4gL3Zhci93d3cvaHRtbC9pbmRleC5odG1s",
            "dedicated_host_group_id": "",
            "dedicated_host_id": "",
            "disable_password_authentication": false,
            "edge_zone": "",
            "encryption_at_host_enabled": false,
            "eviction_policy": "Deallocate",
            "extensions_time_budget": "PT1H30M",
            "gallery_application": [],
            "id": "/subscriptions/38977b70-47bf-4da5-a492-88712fce8725/resourceGroups/rg-hub-820/providers/Microsoft.Compute/virtualMachines/vm-linux-hub",
            "identity": [],
            "license_type": "",
            "location": "swedencentral",
            "max_bid_price": -1,
            "name": "vm-linux-hub",
            "network_interface_ids": [
              "/subscriptions/38977b70-47bf-4da5-a492-88712fce8725/resourceGroups/rg-hub-820/providers/Microsoft.Network/networkInterfaces/nic-vm-hub"
            ],
            "os_disk": [
              {
                "caching": "ReadWrite",
                "diff_disk_settings": [],
                "disk_encryption_set_id": "",
                "disk_size_gb": 30,
                "name": "os-disk-vm-hub",
                "secure_vm_disk_encryption_set_id": "",
                "security_encryption_type": "",
                "storage_account_type": "Standard_LRS",
                "write_accelerator_enabled": false
              }
            ],
            "patch_assessment_mode": "ImageDefault",
            "patch_mode": "ImageDefault",
            "plan": [],
            "platform_fault_domain": -1,
            "priority": "Spot",
            "private_ip_address": "10.0.0.4",
            "private_ip_addresses": [
              "10.0.0.4"
            ],
            "provision_vm_agent": true,
            "proximity_placement_group_id": "",
            "public_ip_address": "",
            "public_ip_addresses": [],
            "reboot_setting": "",
            "resource_group_name": "rg-hub-820",
            "secret": [],
            "secure_boot_enabled": false,
            "size": "Standard_B2ats_v2",
            "source_image_id": "",
            "source_image_reference": [
              {
                "offer": "0001-com-ubuntu-server-jammy",
                "publisher": "canonical",
                "sku": "22_04-lts-gen2",
                "version": "latest"
              }
            ],
            "tags": null,
            "termination_notification": null,
            "timeouts": null,
            "user_data": "",
            "virtual_machine_id": "62b96201-922b-4aab-859a-f5b9f4237db0",
            "virtual_machine_scale_set_id": "",
            "vtpm_enabled": false,
            "zone": ""
          },
          "sensitive_attributes": [],
          "private": "eyJlMmJmYjczMC1lY2FhLTExZTYtOGY4OC0zNDM2M2JjN2M0YzAiOnsiY3JlYXRlIjoyNzAwMDAwMDAwMDAwLCJkZWxldGUiOjI3MDAwMDAwMDAwMDAsInJlYWQiOjMwMDAwMDAwMDAwMCwidXBkYXRlIjoyNzAwMDAwMDAwMDAwfX0=",
          "dependencies": [
            "azurerm_network_interface.nic-vm-hub",
            "azurerm_resource_group.rg-hub",
            "azurerm_subnet.subnet-hub-vm",
            "azurerm_virtual_network.vnet-hub"
          ]
        }
      ]
    },
    {
      "mode": "managed",
      "type": "azurerm_linux_virtual_machine",
      "name": "vm-onprem",
      "provider": "provider[\"registry.terraform.io/hashicorp/azurerm\"]",
      "instances": [
        {
          "schema_version": 0,
          "attributes": {
            "additional_capabilities": [],
            "admin_password": "@Aa123456789",
            "admin_ssh_key": [],
            "admin_username": "azureuser",
            "allow_extension_operations": true,
            "availability_set_id": "",
            "boot_diagnostics": [
              {
                "storage_account_uri": ""
              }
            ],
            "bypass_platform_safety_checks_on_user_schedule_enabled": false,
            "capacity_reservation_group_id": "",
            "computer_name": "vm-linux-onprem",
            "custom_data": "IyEvYmluL2Jhc2gKCnN1ZG8gYXB0IC1xcSB1cGRhdGUKCnN1ZG8gYXB0IC1xcSBpbnN0YWxsIG5naW54IC15CgpJUD0kKGhvc3RuYW1lIC1pKQoKZWNobyAiSGVsbG8gZnJvbSB2aXJ0dWFsIG1hY2hpbmU6ICRIT1NUTkFNRSwgd2l0aCBJUCBhZGRyZXNzOiAkSVAiID4gL3Zhci93d3cvaHRtbC9pbmRleC5odG1s",
            "dedicated_host_group_id": "",
            "dedicated_host_id": "",
            "disable_password_authentication": false,
            "edge_zone": "",
            "encryption_at_host_enabled": false,
            "eviction_policy": "Deallocate",
            "extensions_time_budget": "PT1H30M",
            "gallery_application": [],
            "id": "/subscriptions/38977b70-47bf-4da5-a492-88712fce8725/resourceGroups/rg-onprem-820/providers/Microsoft.Compute/virtualMachines/vm-linux-onprem",
            "identity": [],
            "license_type": "",
            "location": "swedencentral",
            "max_bid_price": -1,
            "name": "vm-linux-onprem",
            "network_interface_ids": [
              "/subscriptions/38977b70-47bf-4da5-a492-88712fce8725/resourceGroups/rg-onprem-820/providers/Microsoft.Network/networkInterfaces/nic-vm-onprem"
            ],
            "os_disk": [
              {
                "caching": "ReadWrite",
                "diff_disk_settings": [],
                "disk_encryption_set_id": "",
                "disk_size_gb": 30,
                "name": "os-disk-vm-onprem",
                "secure_vm_disk_encryption_set_id": "",
                "security_encryption_type": "",
                "storage_account_type": "Standard_LRS",
                "write_accelerator_enabled": false
              }
            ],
            "patch_assessment_mode": "ImageDefault",
            "patch_mode": "ImageDefault",
            "plan": [],
            "platform_fault_domain": -1,
            "priority": "Spot",
            "private_ip_address": "172.16.0.4",
            "private_ip_addresses": [
              "172.16.0.4"
            ],
            "provision_vm_agent": true,
            "proximity_placement_group_id": "",
            "public_ip_address": "",
            "public_ip_addresses": [],
            "reboot_setting": "",
            "resource_group_name": "rg-onprem-820",
            "secret": [],
            "secure_boot_enabled": false,
            "size": "Standard_B2ats_v2",
            "source_image_id": "",
            "source_image_reference": [
              {
                "offer": "0001-com-ubuntu-server-jammy",
                "publisher": "canonical",
                "sku": "22_04-lts-gen2",
                "version": "latest"
              }
            ],
            "tags": null,
            "termination_notification": null,
            "timeouts": null,
            "user_data": "",
            "virtual_machine_id": "1c6b7e5b-556c-4e66-bd30-129704fba64c",
            "virtual_machine_scale_set_id": "",
            "vtpm_enabled": false,
            "zone": ""
          },
          "sensitive_attributes": [],
          "private": "eyJlMmJmYjczMC1lY2FhLTExZTYtOGY4OC0zNDM2M2JjN2M0YzAiOnsiY3JlYXRlIjoyNzAwMDAwMDAwMDAwLCJkZWxldGUiOjI3MDAwMDAwMDAwMDAsInJlYWQiOjMwMDAwMDAwMDAwMCwidXBkYXRlIjoyNzAwMDAwMDAwMDAwfX0=",
          "dependencies": [
            "azurerm_network_interface.nic-vm-onprem",
            "azurerm_resource_group.rg-onprem",
            "azurerm_subnet.subnet-onprem-vm",
            "azurerm_virtual_network.vnet-onprem"
          ]
        }
      ]
    },
    {
      "mode": "managed",
      "type": "azurerm_local_network_gateway",
      "name": "lng-hub",
      "provider": "provider[\"registry.terraform.io/hashicorp/azurerm\"]",
      "instances": [
        {
          "schema_version": 0,
          "attributes": {
            "address_space": [
              "172.16.1.254/32"
            ],
            "bgp_settings": [
              {
                "asn": 64000,
                "bgp_peering_address": "172.16.1.254",
                "peer_weight": 0
              }
            ],
            "gateway_address": "4.223.113.238",
            "gateway_fqdn": "",
            "id": "/subscriptions/38977b70-47bf-4da5-a492-88712fce8725/resourceGroups/rg-hub-820/providers/Microsoft.Network/localNetworkGateways/lng-hub",
            "location": "swedencentral",
            "name": "lng-hub",
            "resource_group_name": "rg-hub-820",
            "tags": null,
            "timeouts": null
          },
          "sensitive_attributes": [],
          "private": "eyJlMmJmYjczMC1lY2FhLTExZTYtOGY4OC0zNDM2M2JjN2M0YzAiOnsiY3JlYXRlIjoxODAwMDAwMDAwMDAwLCJkZWxldGUiOjE4MDAwMDAwMDAwMDAsInJlYWQiOjMwMDAwMDAwMDAwMCwidXBkYXRlIjoxODAwMDAwMDAwMDAwfX0=",
          "dependencies": [
            "azurerm_public_ip.pip-vpngateway-onprem",
            "azurerm_resource_group.rg-hub",
            "azurerm_resource_group.rg-onprem",
            "azurerm_subnet.subnet-onprem-vpngateway",
            "azurerm_virtual_network.vnet-onprem",
            "azurerm_virtual_network_gateway.vpngateway-onprem"
          ]
        }
      ]
    },
    {
      "mode": "managed",
      "type": "azurerm_local_network_gateway",
      "name": "lng-onprem",
      "provider": "provider[\"registry.terraform.io/hashicorp/azurerm\"]",
      "instances": [
        {
          "schema_version": 0,
          "attributes": {
            "address_space": [
              "10.0.1.254/32"
            ],
            "bgp_settings": [
              {
                "asn": 65000,
                "bgp_peering_address": "10.0.1.254",
                "peer_weight": 0
              }
            ],
            "gateway_address": "4.223.113.234",
            "gateway_fqdn": "",
            "id": "/subscriptions/38977b70-47bf-4da5-a492-88712fce8725/resourceGroups/rg-onprem-820/providers/Microsoft.Network/localNetworkGateways/lng-onprem",
            "location": "swedencentral",
            "name": "lng-onprem",
            "resource_group_name": "rg-onprem-820",
            "tags": null,
            "timeouts": null
          },
          "sensitive_attributes": [],
          "private": "eyJlMmJmYjczMC1lY2FhLTExZTYtOGY4OC0zNDM2M2JjN2M0YzAiOnsiY3JlYXRlIjoxODAwMDAwMDAwMDAwLCJkZWxldGUiOjE4MDAwMDAwMDAwMDAsInJlYWQiOjMwMDAwMDAwMDAwMCwidXBkYXRlIjoxODAwMDAwMDAwMDAwfX0=",
          "dependencies": [
            "azurerm_public_ip.pip-vpngateway-hub",
            "azurerm_resource_group.rg-hub",
            "azurerm_resource_group.rg-onprem",
            "azurerm_subnet.subnet-hub-gateway",
            "azurerm_virtual_network.vnet-hub",
            "azurerm_virtual_network_gateway.vpngateway-hub"
          ]
        }
      ]
    },
    {
      "mode": "managed",
      "type": "azurerm_network_interface",
      "name": "nic-vm-hub",
      "provider": "provider[\"registry.terraform.io/hashicorp/azurerm\"]",
      "instances": [
        {
          "schema_version": 0,
          "attributes": {
            "applied_dns_servers": [],
            "auxiliary_mode": "",
            "auxiliary_sku": "",
            "dns_servers": [],
            "edge_zone": "",
            "enable_accelerated_networking": false,
            "enable_ip_forwarding": false,
            "id": "/subscriptions/38977b70-47bf-4da5-a492-88712fce8725/resourceGroups/rg-hub-820/providers/Microsoft.Network/networkInterfaces/nic-vm-hub",
            "internal_dns_name_label": "",
            "internal_domain_name_suffix": "gx0xwcqtmffeppu2tlcczi3hnh.gvxx.internal.cloudapp.net",
            "ip_configuration": [
              {
                "gateway_load_balancer_frontend_ip_configuration_id": "",
                "name": "internal",
                "primary": true,
                "private_ip_address": "10.0.0.4",
                "private_ip_address_allocation": "Dynamic",
                "private_ip_address_version": "IPv4",
                "public_ip_address_id": "",
                "subnet_id": "/subscriptions/38977b70-47bf-4da5-a492-88712fce8725/resourceGroups/rg-hub-820/providers/Microsoft.Network/virtualNetworks/vnet-hub/subnets/subnet-hub-vm"
              }
            ],
            "location": "swedencentral",
            "mac_address": "",
            "name": "nic-vm-hub",
            "private_ip_address": "10.0.0.4",
            "private_ip_addresses": [
              "10.0.0.4"
            ],
            "resource_group_name": "rg-hub-820",
            "tags": null,
            "timeouts": null,
            "virtual_machine_id": ""
          },
          "sensitive_attributes": [],
          "private": "eyJlMmJmYjczMC1lY2FhLTExZTYtOGY4OC0zNDM2M2JjN2M0YzAiOnsiY3JlYXRlIjoxODAwMDAwMDAwMDAwLCJkZWxldGUiOjE4MDAwMDAwMDAwMDAsInJlYWQiOjMwMDAwMDAwMDAwMCwidXBkYXRlIjoxODAwMDAwMDAwMDAwfX0=",
          "dependencies": [
            "azurerm_resource_group.rg-hub",
            "azurerm_subnet.subnet-hub-vm",
            "azurerm_virtual_network.vnet-hub"
          ]
        }
      ]
    },
    {
      "mode": "managed",
      "type": "azurerm_network_interface",
      "name": "nic-vm-onprem",
      "provider": "provider[\"registry.terraform.io/hashicorp/azurerm\"]",
      "instances": [
        {
          "schema_version": 0,
          "attributes": {
            "applied_dns_servers": [],
            "auxiliary_mode": "",
            "auxiliary_sku": "",
            "dns_servers": [],
            "edge_zone": "",
            "enable_accelerated_networking": false,
            "enable_ip_forwarding": false,
            "id": "/subscriptions/38977b70-47bf-4da5-a492-88712fce8725/resourceGroups/rg-onprem-820/providers/Microsoft.Network/networkInterfaces/nic-vm-onprem",
            "internal_dns_name_label": "",
            "internal_domain_name_suffix": "v3u2r4fzyxwerj1m4gujy4ge0f.gvxx.internal.cloudapp.net",
            "ip_configuration": [
              {
                "gateway_load_balancer_frontend_ip_configuration_id": "",
                "name": "internal",
                "primary": true,
                "private_ip_address": "172.16.0.4",
                "private_ip_address_allocation": "Dynamic",
                "private_ip_address_version": "IPv4",
                "public_ip_address_id": "",
                "subnet_id": "/subscriptions/38977b70-47bf-4da5-a492-88712fce8725/resourceGroups/rg-onprem-820/providers/Microsoft.Network/virtualNetworks/vnet-onprem/subnets/subnet-onprem-vm"
              }
            ],
            "location": "swedencentral",
            "mac_address": "",
            "name": "nic-vm-onprem",
            "private_ip_address": "172.16.0.4",
            "private_ip_addresses": [
              "172.16.0.4"
            ],
            "resource_group_name": "rg-onprem-820",
            "tags": null,
            "timeouts": null,
            "virtual_machine_id": ""
          },
          "sensitive_attributes": [],
          "private": "eyJlMmJmYjczMC1lY2FhLTExZTYtOGY4OC0zNDM2M2JjN2M0YzAiOnsiY3JlYXRlIjoxODAwMDAwMDAwMDAwLCJkZWxldGUiOjE4MDAwMDAwMDAwMDAsInJlYWQiOjMwMDAwMDAwMDAwMCwidXBkYXRlIjoxODAwMDAwMDAwMDAwfX0=",
          "dependencies": [
            "azurerm_resource_group.rg-onprem",
            "azurerm_subnet.subnet-onprem-vm",
            "azurerm_virtual_network.vnet-onprem"
          ]
        }
      ]
    },
    {
      "mode": "managed",
      "type": "azurerm_public_ip",
      "name": "pip-vpngateway-hub",
      "provider": "provider[\"registry.terraform.io/hashicorp/azurerm\"]",
      "instances": [
        {
          "schema_version": 0,
          "attributes": {
            "allocation_method": "Static",
            "ddos_protection_mode": "VirtualNetworkInherited",
            "ddos_protection_plan_id": null,
            "domain_name_label": null,
            "edge_zone": "",
            "fqdn": null,
            "id": "/subscriptions/38977b70-47bf-4da5-a492-88712fce8725/resourceGroups/rg-hub-820/providers/Microsoft.Network/publicIPAddresses/pip-vpngateway-hub",
            "idle_timeout_in_minutes": 4,
            "ip_address": "4.223.113.234",
            "ip_tags": null,
            "ip_version": "IPv4",
            "location": "swedencentral",
            "name": "pip-vpngateway-hub",
            "public_ip_prefix_id": null,
            "resource_group_name": "rg-hub-820",
            "reverse_fqdn": null,
            "sku": "Standard",
            "sku_tier": "Regional",
            "tags": null,
            "timeouts": null,
            "zones": null
          },
          "sensitive_attributes": [],
          "private": "eyJlMmJmYjczMC1lY2FhLTExZTYtOGY4OC0zNDM2M2JjN2M0YzAiOnsiY3JlYXRlIjoxODAwMDAwMDAwMDAwLCJkZWxldGUiOjE4MDAwMDAwMDAwMDAsInJlYWQiOjMwMDAwMDAwMDAwMCwidXBkYXRlIjoxODAwMDAwMDAwMDAwfX0=",
          "dependencies": [
            "azurerm_resource_group.rg-hub"
          ]
        }
      ]
    },
    {
      "mode": "managed",
      "type": "azurerm_public_ip",
      "name": "pip-vpngateway-onprem",
      "provider": "provider[\"registry.terraform.io/hashicorp/azurerm\"]",
      "instances": [
        {
          "schema_version": 0,
          "attributes": {
            "allocation_method": "Static",
            "ddos_protection_mode": "VirtualNetworkInherited",
            "ddos_protection_plan_id": null,
            "domain_name_label": null,
            "edge_zone": "",
            "fqdn": null,
            "id": "/subscriptions/38977b70-47bf-4da5-a492-88712fce8725/resourceGroups/rg-onprem-820/providers/Microsoft.Network/publicIPAddresses/pip-vpngateway-onprem",
            "idle_timeout_in_minutes": 4,
            "ip_address": "4.223.113.238",
            "ip_tags": null,
            "ip_version": "IPv4",
            "location": "swedencentral",
            "name": "pip-vpngateway-onprem",
            "public_ip_prefix_id": null,
            "resource_group_name": "rg-onprem-820",
            "reverse_fqdn": null,
            "sku": "Standard",
            "sku_tier": "Regional",
            "tags": null,
            "timeouts": null,
            "zones": null
          },
          "sensitive_attributes": [],
          "private": "eyJlMmJmYjczMC1lY2FhLTExZTYtOGY4OC0zNDM2M2JjN2M0YzAiOnsiY3JlYXRlIjoxODAwMDAwMDAwMDAwLCJkZWxldGUiOjE4MDAwMDAwMDAwMDAsInJlYWQiOjMwMDAwMDAwMDAwMCwidXBkYXRlIjoxODAwMDAwMDAwMDAwfX0=",
          "dependencies": [
            "azurerm_resource_group.rg-onprem"
          ]
        }
      ]
    },
    {
      "mode": "managed",
      "type": "azurerm_resource_group",
      "name": "rg-hub",
      "provider": "provider[\"registry.terraform.io/hashicorp/azurerm\"]",
      "instances": [
        {
          "schema_version": 0,
          "attributes": {
            "id": "/subscriptions/38977b70-47bf-4da5-a492-88712fce8725/resourceGroups/rg-hub-820",
            "location": "swedencentral",
            "managed_by": "",
            "name": "rg-hub-820",
            "tags": null,
            "timeouts": null
          },
          "sensitive_attributes": [],
          "private": "eyJlMmJmYjczMC1lY2FhLTExZTYtOGY4OC0zNDM2M2JjN2M0YzAiOnsiY3JlYXRlIjo1NDAwMDAwMDAwMDAwLCJkZWxldGUiOjU0MDAwMDAwMDAwMDAsInJlYWQiOjMwMDAwMDAwMDAwMCwidXBkYXRlIjo1NDAwMDAwMDAwMDAwfX0="
        }
      ]
    },
    {
      "mode": "managed",
      "type": "azurerm_resource_group",
      "name": "rg-onprem",
      "provider": "provider[\"registry.terraform.io/hashicorp/azurerm\"]",
      "instances": [
        {
          "schema_version": 0,
          "attributes": {
            "id": "/subscriptions/38977b70-47bf-4da5-a492-88712fce8725/resourceGroups/rg-onprem-820",
            "location": "swedencentral",
            "managed_by": "",
            "name": "rg-onprem-820",
            "tags": null,
            "timeouts": null
          },
          "sensitive_attributes": [],
          "private": "eyJlMmJmYjczMC1lY2FhLTExZTYtOGY4OC0zNDM2M2JjN2M0YzAiOnsiY3JlYXRlIjo1NDAwMDAwMDAwMDAwLCJkZWxldGUiOjU0MDAwMDAwMDAwMDAsInJlYWQiOjMwMDAwMDAwMDAwMCwidXBkYXRlIjo1NDAwMDAwMDAwMDAwfX0="
        }
      ]
    },
    {
      "mode": "managed",
      "type": "azurerm_subnet",
      "name": "subnet-hub-gateway",
      "provider": "provider[\"registry.terraform.io/hashicorp/azurerm\"]",
      "instances": [
        {
          "schema_version": 0,
          "attributes": {
            "address_prefixes": [
              "10.0.1.0/24"
            ],
            "delegation": [],
            "enforce_private_link_endpoint_network_policies": false,
            "enforce_private_link_service_network_policies": false,
            "id": "/subscriptions/38977b70-47bf-4da5-a492-88712fce8725/resourceGroups/rg-hub-820/providers/Microsoft.Network/virtualNetworks/vnet-hub/subnets/GatewaySubnet",
            "name": "GatewaySubnet",
            "private_endpoint_network_policies_enabled": true,
            "private_link_service_network_policies_enabled": true,
            "resource_group_name": "rg-hub-820",
            "service_endpoint_policy_ids": null,
            "service_endpoints": null,
            "timeouts": null,
            "virtual_network_name": "vnet-hub"
          },
          "sensitive_attributes": [],
          "private": "eyJlMmJmYjczMC1lY2FhLTExZTYtOGY4OC0zNDM2M2JjN2M0YzAiOnsiY3JlYXRlIjoxODAwMDAwMDAwMDAwLCJkZWxldGUiOjE4MDAwMDAwMDAwMDAsInJlYWQiOjMwMDAwMDAwMDAwMCwidXBkYXRlIjoxODAwMDAwMDAwMDAwfX0=",
          "dependencies": [
            "azurerm_resource_group.rg-hub",
            "azurerm_virtual_network.vnet-hub"
          ]
        }
      ]
    },
    {
      "mode": "managed",
      "type": "azurerm_subnet",
      "name": "subnet-hub-vm",
      "provider": "provider[\"registry.terraform.io/hashicorp/azurerm\"]",
      "instances": [
        {
          "schema_version": 0,
          "attributes": {
            "address_prefixes": [
              "10.0.0.0/24"
            ],
            "delegation": [],
            "enforce_private_link_endpoint_network_policies": false,
            "enforce_private_link_service_network_policies": false,
            "id": "/subscriptions/38977b70-47bf-4da5-a492-88712fce8725/resourceGroups/rg-hub-820/providers/Microsoft.Network/virtualNetworks/vnet-hub/subnets/subnet-hub-vm",
            "name": "subnet-hub-vm",
            "private_endpoint_network_policies_enabled": true,
            "private_link_service_network_policies_enabled": true,
            "resource_group_name": "rg-hub-820",
            "service_endpoint_policy_ids": null,
            "service_endpoints": null,
            "timeouts": null,
            "virtual_network_name": "vnet-hub"
          },
          "sensitive_attributes": [],
          "private": "eyJlMmJmYjczMC1lY2FhLTExZTYtOGY4OC0zNDM2M2JjN2M0YzAiOnsiY3JlYXRlIjoxODAwMDAwMDAwMDAwLCJkZWxldGUiOjE4MDAwMDAwMDAwMDAsInJlYWQiOjMwMDAwMDAwMDAwMCwidXBkYXRlIjoxODAwMDAwMDAwMDAwfX0=",
          "dependencies": [
            "azurerm_resource_group.rg-hub",
            "azurerm_virtual_network.vnet-hub"
          ]
        }
      ]
    },
    {
      "mode": "managed",
      "type": "azurerm_subnet",
      "name": "subnet-onprem-vm",
      "provider": "provider[\"registry.terraform.io/hashicorp/azurerm\"]",
      "instances": [
        {
          "schema_version": 0,
          "attributes": {
            "address_prefixes": [
              "172.16.0.0/24"
            ],
            "delegation": [],
            "enforce_private_link_endpoint_network_policies": false,
            "enforce_private_link_service_network_policies": false,
            "id": "/subscriptions/38977b70-47bf-4da5-a492-88712fce8725/resourceGroups/rg-onprem-820/providers/Microsoft.Network/virtualNetworks/vnet-onprem/subnets/subnet-onprem-vm",
            "name": "subnet-onprem-vm",
            "private_endpoint_network_policies_enabled": true,
            "private_link_service_network_policies_enabled": true,
            "resource_group_name": "rg-onprem-820",
            "service_endpoint_policy_ids": null,
            "service_endpoints": null,
            "timeouts": null,
            "virtual_network_name": "vnet-onprem"
          },
          "sensitive_attributes": [],
          "private": "eyJlMmJmYjczMC1lY2FhLTExZTYtOGY4OC0zNDM2M2JjN2M0YzAiOnsiY3JlYXRlIjoxODAwMDAwMDAwMDAwLCJkZWxldGUiOjE4MDAwMDAwMDAwMDAsInJlYWQiOjMwMDAwMDAwMDAwMCwidXBkYXRlIjoxODAwMDAwMDAwMDAwfX0=",
          "dependencies": [
            "azurerm_resource_group.rg-onprem",
            "azurerm_virtual_network.vnet-onprem"
          ]
        }
      ]
    },
    {
      "mode": "managed",
      "type": "azurerm_subnet",
      "name": "subnet-onprem-vpngateway",
      "provider": "provider[\"registry.terraform.io/hashicorp/azurerm\"]",
      "instances": [
        {
          "schema_version": 0,
          "attributes": {
            "address_prefixes": [
              "172.16.1.0/24"
            ],
            "delegation": [],
            "enforce_private_link_endpoint_network_policies": false,
            "enforce_private_link_service_network_policies": false,
            "id": "/subscriptions/38977b70-47bf-4da5-a492-88712fce8725/resourceGroups/rg-onprem-820/providers/Microsoft.Network/virtualNetworks/vnet-onprem/subnets/GatewaySubnet",
            "name": "GatewaySubnet",
            "private_endpoint_network_policies_enabled": true,
            "private_link_service_network_policies_enabled": true,
            "resource_group_name": "rg-onprem-820",
            "service_endpoint_policy_ids": null,
            "service_endpoints": null,
            "timeouts": null,
            "virtual_network_name": "vnet-onprem"
          },
          "sensitive_attributes": [],
          "private": "eyJlMmJmYjczMC1lY2FhLTExZTYtOGY4OC0zNDM2M2JjN2M0YzAiOnsiY3JlYXRlIjoxODAwMDAwMDAwMDAwLCJkZWxldGUiOjE4MDAwMDAwMDAwMDAsInJlYWQiOjMwMDAwMDAwMDAwMCwidXBkYXRlIjoxODAwMDAwMDAwMDAwfX0=",
          "dependencies": [
            "azurerm_resource_group.rg-onprem",
            "azurerm_virtual_network.vnet-onprem"
          ]
        }
      ]
    },
    {
      "mode": "managed",
      "type": "azurerm_virtual_network",
      "name": "vnet-hub",
      "provider": "provider[\"registry.terraform.io/hashicorp/azurerm\"]",
      "instances": [
        {
          "schema_version": 0,
          "attributes": {
            "address_space": [
              "10.0.0.0/16"
            ],
            "bgp_community": "",
            "ddos_protection_plan": [],
            "dns_servers": [],
            "edge_zone": "",
            "encryption": [],
            "flow_timeout_in_minutes": 0,
            "guid": "0a7bf535-6113-474a-be9c-9ac42ca3a76f",
            "id": "/subscriptions/38977b70-47bf-4da5-a492-88712fce8725/resourceGroups/rg-hub-820/providers/Microsoft.Network/virtualNetworks/vnet-hub",
            "location": "swedencentral",
            "name": "vnet-hub",
            "resource_group_name": "rg-hub-820",
            "subnet": [],
            "tags": null,
            "timeouts": null
          },
          "sensitive_attributes": [],
          "private": "eyJlMmJmYjczMC1lY2FhLTExZTYtOGY4OC0zNDM2M2JjN2M0YzAiOnsiY3JlYXRlIjoxODAwMDAwMDAwMDAwLCJkZWxldGUiOjE4MDAwMDAwMDAwMDAsInJlYWQiOjMwMDAwMDAwMDAwMCwidXBkYXRlIjoxODAwMDAwMDAwMDAwfX0=",
          "dependencies": [
            "azurerm_resource_group.rg-hub"
          ]
        }
      ]
    },
    {
      "mode": "managed",
      "type": "azurerm_virtual_network",
      "name": "vnet-onprem",
      "provider": "provider[\"registry.terraform.io/hashicorp/azurerm\"]",
      "instances": [
        {
          "schema_version": 0,
          "attributes": {
            "address_space": [
              "172.16.0.0/12"
            ],
            "bgp_community": "",
            "ddos_protection_plan": [],
            "dns_servers": [],
            "edge_zone": "",
            "encryption": [],
            "flow_timeout_in_minutes": 0,
            "guid": "f8c869af-c5b9-48ec-a76c-f1a89c78c4d5",
            "id": "/subscriptions/38977b70-47bf-4da5-a492-88712fce8725/resourceGroups/rg-onprem-820/providers/Microsoft.Network/virtualNetworks/vnet-onprem",
            "location": "swedencentral",
            "name": "vnet-onprem",
            "resource_group_name": "rg-onprem-820",
            "subnet": [],
            "tags": null,
            "timeouts": null
          },
          "sensitive_attributes": [],
          "private": "eyJlMmJmYjczMC1lY2FhLTExZTYtOGY4OC0zNDM2M2JjN2M0YzAiOnsiY3JlYXRlIjoxODAwMDAwMDAwMDAwLCJkZWxldGUiOjE4MDAwMDAwMDAwMDAsInJlYWQiOjMwMDAwMDAwMDAwMCwidXBkYXRlIjoxODAwMDAwMDAwMDAwfX0=",
          "dependencies": [
            "azurerm_resource_group.rg-onprem"
          ]
        }
      ]
    },
    {
      "mode": "managed",
      "type": "azurerm_virtual_network_gateway",
      "name": "vpngateway-hub",
      "provider": "provider[\"registry.terraform.io/hashicorp/azurerm\"]",
      "instances": [
        {
          "schema_version": 0,
          "attributes": {
            "active_active": false,
            "bgp_route_translation_for_nat_enabled": false,
            "bgp_settings": [
              {
                "asn": 65000,
                "peer_weight": 0,
                "peering_addresses": [
                  {
                    "apipa_addresses": [],
                    "default_addresses": [
                      "10.0.1.254"
                    ],
                    "ip_configuration_name": "vpngw-ip-config",
                    "tunnel_ip_addresses": [
                      "4.223.113.234"
                    ]
                  }
                ]
              }
            ],
            "custom_route": [],
            "default_local_network_gateway_id": null,
            "dns_forwarding_enabled": false,
            "edge_zone": "",
            "enable_bgp": false,
            "generation": "Generation1",
            "id": "/subscriptions/38977b70-47bf-4da5-a492-88712fce8725/resourceGroups/rg-hub-820/providers/Microsoft.Network/virtualNetworkGateways/vpngateway-hub",
            "ip_configuration": [
              {
                "name": "vpngw-ip-config",
                "private_ip_address_allocation": "Dynamic",
                "public_ip_address_id": "/subscriptions/38977b70-47bf-4da5-a492-88712fce8725/resourceGroups/rg-hub-820/providers/Microsoft.Network/publicIPAddresses/pip-vpngateway-hub",
                "subnet_id": "/subscriptions/38977b70-47bf-4da5-a492-88712fce8725/resourceGroups/rg-hub-820/providers/Microsoft.Network/virtualNetworks/vnet-hub/subnets/GatewaySubnet"
              }
            ],
            "ip_sec_replay_protection_enabled": true,
            "location": "swedencentral",
            "name": "vpngateway-hub",
            "policy_group": [],
            "private_ip_address_enabled": false,
            "remote_vnet_traffic_enabled": false,
            "resource_group_name": "rg-hub-820",
            "sku": "VpnGw1",
            "tags": null,
            "timeouts": null,
            "type": "Vpn",
            "virtual_wan_traffic_enabled": false,
            "vpn_client_configuration": [],
            "vpn_type": "RouteBased"
          },
          "sensitive_attributes": [],
          "private": "eyJlMmJmYjczMC1lY2FhLTExZTYtOGY4OC0zNDM2M2JjN2M0YzAiOnsiY3JlYXRlIjo1NDAwMDAwMDAwMDAwLCJkZWxldGUiOjM2MDAwMDAwMDAwMDAsInJlYWQiOjMwMDAwMDAwMDAwMCwidXBkYXRlIjozNjAwMDAwMDAwMDAwfX0=",
          "dependencies": [
            "azurerm_public_ip.pip-vpngateway-hub",
            "azurerm_resource_group.rg-hub",
            "azurerm_subnet.subnet-hub-gateway",
            "azurerm_virtual_network.vnet-hub"
          ]
        }
      ]
    },
    {
      "mode": "managed",
      "type": "azurerm_virtual_network_gateway",
      "name": "vpngateway-onprem",
      "provider": "provider[\"registry.terraform.io/hashicorp/azurerm\"]",
      "instances": [
        {
          "schema_version": 0,
          "attributes": {
            "active_active": false,
            "bgp_route_translation_for_nat_enabled": false,
            "bgp_settings": [
              {
                "asn": 64000,
                "peer_weight": 0,
                "peering_addresses": [
                  {
                    "apipa_addresses": [],
                    "default_addresses": [
                      "172.16.1.254"
                    ],
                    "ip_configuration_name": "vpngw-ip-config",
                    "tunnel_ip_addresses": [
                      "4.223.113.238"
                    ]
                  }
                ]
              }
            ],
            "custom_route": [],
            "default_local_network_gateway_id": null,
            "dns_forwarding_enabled": false,
            "edge_zone": "",
            "enable_bgp": false,
            "generation": "Generation1",
            "id": "/subscriptions/38977b70-47bf-4da5-a492-88712fce8725/resourceGroups/rg-onprem-820/providers/Microsoft.Network/virtualNetworkGateways/vpngateway-onprem",
            "ip_configuration": [
              {
                "name": "vpngw-ip-config",
                "private_ip_address_allocation": "Dynamic",
                "public_ip_address_id": "/subscriptions/38977b70-47bf-4da5-a492-88712fce8725/resourceGroups/rg-onprem-820/providers/Microsoft.Network/publicIPAddresses/pip-vpngateway-onprem",
                "subnet_id": "/subscriptions/38977b70-47bf-4da5-a492-88712fce8725/resourceGroups/rg-onprem-820/providers/Microsoft.Network/virtualNetworks/vnet-onprem/subnets/GatewaySubnet"
              }
            ],
            "ip_sec_replay_protection_enabled": true,
            "location": "swedencentral",
            "name": "vpngateway-onprem",
            "policy_group": [],
            "private_ip_address_enabled": false,
            "remote_vnet_traffic_enabled": false,
            "resource_group_name": "rg-onprem-820",
            "sku": "VpnGw1",
            "tags": null,
            "timeouts": null,
            "type": "Vpn",
            "virtual_wan_traffic_enabled": false,
            "vpn_client_configuration": [],
            "vpn_type": "RouteBased"
          },
          "sensitive_attributes": [],
          "private": "eyJlMmJmYjczMC1lY2FhLTExZTYtOGY4OC0zNDM2M2JjN2M0YzAiOnsiY3JlYXRlIjo1NDAwMDAwMDAwMDAwLCJkZWxldGUiOjM2MDAwMDAwMDAwMDAsInJlYWQiOjMwMDAwMDAwMDAwMCwidXBkYXRlIjozNjAwMDAwMDAwMDAwfX0=",
          "dependencies": [
            "azurerm_public_ip.pip-vpngateway-onprem",
            "azurerm_resource_group.rg-onprem",
            "azurerm_subnet.subnet-onprem-vpngateway",
            "azurerm_virtual_network.vnet-onprem"
          ]
        }
      ]
    },
    {
      "mode": "managed",
      "type": "azurerm_virtual_network_gateway_connection",
      "name": "hub-to-onprem",
      "provider": "provider[\"registry.terraform.io/hashicorp/azurerm\"]",
      "instances": [
        {
          "schema_version": 0,
          "attributes": {
            "authorization_key": "",
            "connection_mode": "Default",
            "connection_protocol": "IKEv2",
            "custom_bgp_addresses": [],
            "dpd_timeout_seconds": 0,
            "egress_nat_rule_ids": null,
            "enable_bgp": true,
            "express_route_circuit_id": null,
            "express_route_gateway_bypass": false,
            "id": "/subscriptions/38977b70-47bf-4da5-a492-88712fce8725/resourceGroups/rg-hub-820/providers/Microsoft.Network/connections/hub-to-onprem",
            "ingress_nat_rule_ids": null,
            "ipsec_policy": [],
            "local_azure_ip_address_enabled": false,
            "local_network_gateway_id": "/subscriptions/38977b70-47bf-4da5-a492-88712fce8725/resourceGroups/rg-hub-820/providers/Microsoft.Network/localNetworkGateways/lng-hub",
            "location": "swedencentral",
            "name": "hub-to-onprem",
            "peer_virtual_network_gateway_id": null,
            "resource_group_name": "rg-hub-820",
            "routing_weight": 0,
            "shared_key": "sample-shared-key",
            "tags": null,
            "timeouts": null,
            "traffic_selector_policy": [],
            "type": "IPsec",
            "use_policy_based_traffic_selectors": false,
            "virtual_network_gateway_id": "/subscriptions/38977b70-47bf-4da5-a492-88712fce8725/resourceGroups/rg-hub-820/providers/Microsoft.Network/virtualNetworkGateways/vpngateway-hub"
          },
          "sensitive_attributes": [],
          "private": "eyJlMmJmYjczMC1lY2FhLTExZTYtOGY4OC0zNDM2M2JjN2M0YzAiOnsiY3JlYXRlIjoxODAwMDAwMDAwMDAwLCJkZWxldGUiOjE4MDAwMDAwMDAwMDAsInJlYWQiOjMwMDAwMDAwMDAwMCwidXBkYXRlIjoxODAwMDAwMDAwMDAwfX0=",
          "dependencies": [
            "azurerm_local_network_gateway.lng-hub",
            "azurerm_public_ip.pip-vpngateway-hub",
            "azurerm_public_ip.pip-vpngateway-onprem",
            "azurerm_resource_group.rg-hub",
            "azurerm_resource_group.rg-onprem",
            "azurerm_subnet.subnet-hub-gateway",
            "azurerm_subnet.subnet-onprem-vpngateway",
            "azurerm_virtual_network.vnet-hub",
            "azurerm_virtual_network.vnet-onprem",
            "azurerm_virtual_network_gateway.vpngateway-hub",
            "azurerm_virtual_network_gateway.vpngateway-onprem"
          ]
        }
      ]
    },
    {
      "mode": "managed",
      "type": "azurerm_virtual_network_gateway_connection",
      "name": "onprem-to-hub",
      "provider": "provider[\"registry.terraform.io/hashicorp/azurerm\"]",
      "instances": [
        {
          "schema_version": 0,
          "attributes": {
            "authorization_key": "",
            "connection_mode": "Default",
            "connection_protocol": "IKEv2",
            "custom_bgp_addresses": [],
            "dpd_timeout_seconds": 0,
            "egress_nat_rule_ids": null,
            "enable_bgp": true,
            "express_route_circuit_id": null,
            "express_route_gateway_bypass": false,
            "id": "/subscriptions/38977b70-47bf-4da5-a492-88712fce8725/resourceGroups/rg-onprem-820/providers/Microsoft.Network/connections/onprem-to-hub",
            "ingress_nat_rule_ids": null,
            "ipsec_policy": [],
            "local_azure_ip_address_enabled": false,
            "local_network_gateway_id": "/subscriptions/38977b70-47bf-4da5-a492-88712fce8725/resourceGroups/rg-onprem-820/providers/Microsoft.Network/localNetworkGateways/lng-onprem",
            "location": "swedencentral",
            "name": "onprem-to-hub",
            "peer_virtual_network_gateway_id": null,
            "resource_group_name": "rg-onprem-820",
            "routing_weight": 0,
            "shared_key": "sample-shared-key",
            "tags": null,
            "timeouts": null,
            "traffic_selector_policy": [],
            "type": "IPsec",
            "use_policy_based_traffic_selectors": false,
            "virtual_network_gateway_id": "/subscriptions/38977b70-47bf-4da5-a492-88712fce8725/resourceGroups/rg-onprem-820/providers/Microsoft.Network/virtualNetworkGateways/vpngateway-onprem"
          },
          "sensitive_attributes": [],
          "private": "eyJlMmJmYjczMC1lY2FhLTExZTYtOGY4OC0zNDM2M2JjN2M0YzAiOnsiY3JlYXRlIjoxODAwMDAwMDAwMDAwLCJkZWxldGUiOjE4MDAwMDAwMDAwMDAsInJlYWQiOjMwMDAwMDAwMDAwMCwidXBkYXRlIjoxODAwMDAwMDAwMDAwfX0=",
          "dependencies": [
            "azurerm_local_network_gateway.lng-onprem",
            "azurerm_public_ip.pip-vpngateway-hub",
            "azurerm_public_ip.pip-vpngateway-onprem",
            "azurerm_resource_group.rg-hub",
            "azurerm_resource_group.rg-onprem",
            "azurerm_subnet.subnet-hub-gateway",
            "azurerm_subnet.subnet-onprem-vpngateway",
            "azurerm_virtual_network.vnet-hub",
            "azurerm_virtual_network.vnet-onprem",
            "azurerm_virtual_network_gateway.vpngateway-hub",
            "azurerm_virtual_network_gateway.vpngateway-onprem"
          ]
        }
      ]
    }
  ],
  "check_results": null
}
