{
  "version": 4,
  "terraform_version": "1.6.6",
  "serial": 33,
  "lineage": "d4ac0dcf-7166-e21a-79b9-1b66a604b735",
  "outputs": {
    "appgateway_ip": {
      "value": "137.117.240.230",
      "type": "string"
    },
    "subscription": {
      "value": {
        "display_name": "Microsoft-Azure-T",
        "id": "/subscriptions/38977b70-47bf-4da5-a492-88712fce8725",
        "location_placement_id": "Internal_2014-09-01",
        "quota_id": "Internal_2014-09-01",
        "spending_limit": "Off",
        "state": "Enabled",
        "subscription_id": "38977b70-47bf-4da5-a492-88712fce8725",
        "tags": {
          "Division": "Core",
          "Environment": "Hybrid",
          "Purpose": "UserTenant",
          "TimeZone": "_P29145_France_444350001"
        },
        "tenant_id": "a8f7faa1-3e2e-4d84-a6cb-daf7eb97d6e4",
        "timeouts": null
      },
      "type": [
        "object",
        {
          "display_name": "string",
          "id": "string",
          "location_placement_id": "string",
          "quota_id": "string",
          "spending_limit": "string",
          "state": "string",
          "subscription_id": "string",
          "tags": [
            "map",
            "string"
          ],
          "tenant_id": "string",
          "timeouts": [
            "object",
            {
              "read": "string"
            }
          ]
        }
      ]
    }
  },
  "resources": [
    {
      "mode": "data",
      "type": "azurerm_client_config",
      "name": "current",
      "provider": "provider[\"registry.terraform.io/hashicorp/azurerm\"]",
      "instances": [
        {
          "schema_version": 0,
          "attributes": {
            "client_id": "04b07795-8ddb-461a-bbee-02f9e1bf7b46",
            "id": "Y2xpZW50Q29uZmlncy9jbGllbnRJZD0wNGIwNzc5NS04ZGRiLTQ2MWEtYmJlZS0wMmY5ZTFiZjdiNDY7b2JqZWN0SWQ9MGE4NjQ4YmYtMjhlYy00YTdmLWJlNjUtMGQ2ZDhhMTcyMjgyO3N1YnNjcmlwdGlvbklkPTM4OTc3YjcwLTQ3YmYtNGRhNS1hNDkyLTg4NzEyZmNlODcyNTt0ZW5hbnRJZD1hOGY3ZmFhMS0zZTJlLTRkODQtYTZjYi1kYWY3ZWI5N2Q2ZTQ=",
            "object_id": "0a8648bf-28ec-4a7f-be65-0d6d8a172282",
            "subscription_id": "38977b70-47bf-4da5-a492-88712fce8725",
            "tenant_id": "a8f7faa1-3e2e-4d84-a6cb-daf7eb97d6e4",
            "timeouts": null
          },
          "sensitive_attributes": []
        }
      ]
    },
    {
      "mode": "data",
      "type": "azurerm_subscription",
      "name": "current",
      "provider": "provider[\"registry.terraform.io/hashicorp/azurerm\"]",
      "instances": [
        {
          "schema_version": 0,
          "attributes": {
            "display_name": "Microsoft-Azure-T",
            "id": "/subscriptions/38977b70-47bf-4da5-a492-88712fce8725",
            "location_placement_id": "Internal_2014-09-01",
            "quota_id": "Internal_2014-09-01",
            "spending_limit": "Off",
            "state": "Enabled",
            "subscription_id": "38977b70-47bf-4da5-a492-88712fce8725",
            "tags": {
              "Division": "Core",
              "Environment": "Hybrid",
              "Purpose": "UserTenant",
              "TimeZone": "_P29145_France_444350001"
            },
            "tenant_id": "a8f7faa1-3e2e-4d84-a6cb-daf7eb97d6e4",
            "timeouts": null
          },
          "sensitive_attributes": []
        }
      ]
    },
    {
      "mode": "managed",
      "type": "azapi_resource",
      "name": "appservice_domain",
      "provider": "provider[\"registry.terraform.io/azure/azapi\"]",
      "instances": [
        {
          "schema_version": 0,
          "attributes": {
            "body": "{\"properties\":{\"autoRenew\":false,\"consent\":{\"agreedAt\":\"2023-08-10T11:50:59.264Z\",\"agreedBy\":\"2a04:cec0:11d9:24c8:8898:3820:8631:d83\",\"agreementKeys\":[\"DNRA\"]},\"contactAdmin\":{\"addressMailing\":{\"address1\":\"1 Microsoft Way\",\"city\":\"Redmond\",\"country\":\"US\",\"postalCode\":\"98052\",\"state\":\"WA\"},\"email\":\"houssem.dellai@live.com\",\"nameFirst\":\"Houssem\",\"nameLast\":\"Dellai\",\"phone\":\"+33.762954328\"},\"contactBilling\":{\"addressMailing\":{\"address1\":\"1 Microsoft Way\",\"city\":\"Redmond\",\"country\":\"US\",\"postalCode\":\"98052\",\"state\":\"WA\"},\"email\":\"houssem.dellai@live.com\",\"nameFirst\":\"Houssem\",\"nameLast\":\"Dellai\",\"phone\":\"+33.762954328\"},\"contactRegistrant\":{\"addressMailing\":{\"address1\":\"1 Microsoft Way\",\"city\":\"Redmond\",\"country\":\"US\",\"postalCode\":\"98052\",\"state\":\"WA\"},\"email\":\"houssem.dellai@live.com\",\"nameFirst\":\"Houssem\",\"nameLast\":\"Dellai\",\"phone\":\"+33.762954328\"},\"contactTech\":{\"addressMailing\":{\"address1\":\"1 Microsoft Way\",\"city\":\"Redmond\",\"country\":\"US\",\"postalCode\":\"98052\",\"state\":\"WA\"},\"email\":\"houssem.dellai@live.com\",\"nameFirst\":\"Houssem\",\"nameLast\":\"Dellai\",\"phone\":\"+33.762954328\"},\"dnsType\":\"AzureDns\",\"dnsZoneId\":\"/subscriptions/38977b70-47bf-4da5-a492-88712fce8725/resourceGroups/rg-appgateway-vmss-tls-510prod/providers/Microsoft.Network/dnsZones/azureappgw.com\",\"privacy\":false}}",
            "id": "/subscriptions/38977b70-47bf-4da5-a492-88712fce8725/resourceGroups/rg-appgateway-vmss-tls-510prod/providers/Microsoft.DomainRegistration/domains/azureappgw.com",
            "identity": [],
            "ignore_body_changes": null,
            "ignore_casing": false,
            "ignore_missing_property": true,
            "location": "global",
            "locks": null,
            "name": "azureappgw.com",
            "output": "{}",
            "parent_id": "/subscriptions/38977b70-47bf-4da5-a492-88712fce8725/resourceGroups/rg-appgateway-vmss-tls-510prod",
            "removing_special_chars": false,
            "response_export_values": null,
            "schema_validation_enabled": true,
            "tags": {},
            "timeouts": null,
            "type": "Microsoft.DomainRegistration/domains@2022-09-01"
          },
          "sensitive_attributes": [],
          "private": "eyJlMmJmYjczMC1lY2FhLTExZTYtOGY4OC0zNDM2M2JjN2M0YzAiOnsiY3JlYXRlIjoxODAwMDAwMDAwMDAwLCJkZWxldGUiOjE4MDAwMDAwMDAwMDAsInJlYWQiOjMwMDAwMDAwMDAwMCwidXBkYXRlIjoxODAwMDAwMDAwMDAwfX0=",
          "dependencies": [
            "azurerm_dns_zone.dns_zone",
            "azurerm_resource_group.rg"
          ]
        }
      ]
    },
    {
      "mode": "managed",
      "type": "azurerm_application_gateway",
      "name": "appgateway",
      "provider": "provider[\"registry.terraform.io/hashicorp/azurerm\"]",
      "instances": [
        {
          "schema_version": 0,
          "attributes": {
            "authentication_certificate": [],
            "autoscale_configuration": [],
            "backend_address_pool": [
              {
                "fqdns": [],
                "id": "/subscriptions/38977b70-47bf-4da5-a492-88712fce8725/resourceGroups/rg-appgateway-vmss-tls-510prod/providers/Microsoft.Network/applicationGateways/appgateway/backendAddressPools/backend-address-pool",
                "ip_addresses": [],
                "name": "backend-address-pool"
              }
            ],
            "backend_http_settings": [
              {
                "affinity_cookie_name": "ApplicationGatewayAffinity",
                "authentication_certificate": [],
                "connection_draining": [],
                "cookie_based_affinity": "Disabled",
                "host_name": "",
                "id": "/subscriptions/38977b70-47bf-4da5-a492-88712fce8725/resourceGroups/rg-appgateway-vmss-tls-510prod/providers/Microsoft.Network/applicationGateways/appgateway/backendHttpSettingsCollection/backend-http-settings-http",
                "name": "backend-http-settings-http",
                "path": "",
                "pick_host_name_from_backend_address": true,
                "port": 80,
                "probe_id": "/subscriptions/38977b70-47bf-4da5-a492-88712fce8725/resourceGroups/rg-appgateway-vmss-tls-510prod/providers/Microsoft.Network/applicationGateways/appgateway/probes/http-health-probe",
                "probe_name": "http-health-probe",
                "protocol": "Http",
                "request_timeout": 20,
                "trusted_root_certificate_names": []
              }
            ],
            "custom_error_configuration": [],
            "enable_http2": false,
            "fips_enabled": false,
            "firewall_policy_id": "",
            "force_firewall_policy_association": false,
            "frontend_ip_configuration": [
              {
                "id": "/subscriptions/38977b70-47bf-4da5-a492-88712fce8725/resourceGroups/rg-appgateway-vmss-tls-510prod/providers/Microsoft.Network/applicationGateways/appgateway/frontendIPConfigurations/frontend-ip-configuration",
                "name": "frontend-ip-configuration",
                "private_ip_address": "",
                "private_ip_address_allocation": "Dynamic",
                "private_link_configuration_id": "",
                "private_link_configuration_name": "",
                "public_ip_address_id": "/subscriptions/38977b70-47bf-4da5-a492-88712fce8725/resourceGroups/rg-appgateway-vmss-tls-510prod/providers/Microsoft.Network/publicIPAddresses/pip-appgateway",
                "subnet_id": ""
              }
            ],
            "frontend_port": [
              {
                "id": "/subscriptions/38977b70-47bf-4da5-a492-88712fce8725/resourceGroups/rg-appgateway-vmss-tls-510prod/providers/Microsoft.Network/applicationGateways/appgateway/frontendPorts/frontend-port-http",
                "name": "frontend-port-http",
                "port": 80
              },
              {
                "id": "/subscriptions/38977b70-47bf-4da5-a492-88712fce8725/resourceGroups/rg-appgateway-vmss-tls-510prod/providers/Microsoft.Network/applicationGateways/appgateway/frontendPorts/frontend-port-https",
                "name": "frontend-port-https",
                "port": 443
              }
            ],
            "gateway_ip_configuration": [
              {
                "id": "/subscriptions/38977b70-47bf-4da5-a492-88712fce8725/resourceGroups/rg-appgateway-vmss-tls-510prod/providers/Microsoft.Network/applicationGateways/appgateway/gatewayIPConfigurations/appgateway-ip-configuration",
                "name": "appgateway-ip-configuration",
                "subnet_id": "/subscriptions/38977b70-47bf-4da5-a492-88712fce8725/resourceGroups/rg-appgateway-vmss-tls-510prod/providers/Microsoft.Network/virtualNetworks/vnet-app/subnets/subnet-frontend"
              }
            ],
            "global": [],
            "http_listener": [
              {
                "custom_error_configuration": [],
                "firewall_policy_id": "",
                "frontend_ip_configuration_id": "/subscriptions/38977b70-47bf-4da5-a492-88712fce8725/resourceGroups/rg-appgateway-vmss-tls-510prod/providers/Microsoft.Network/applicationGateways/appgateway/frontendIPConfigurations/frontend-ip-configuration",
                "frontend_ip_configuration_name": "frontend-ip-configuration",
                "frontend_port_id": "/subscriptions/38977b70-47bf-4da5-a492-88712fce8725/resourceGroups/rg-appgateway-vmss-tls-510prod/providers/Microsoft.Network/applicationGateways/appgateway/frontendPorts/frontend-port-http",
                "frontend_port_name": "frontend-port-http",
                "host_name": "",
                "host_names": [],
                "id": "/subscriptions/38977b70-47bf-4da5-a492-88712fce8725/resourceGroups/rg-appgateway-vmss-tls-510prod/providers/Microsoft.Network/applicationGateways/appgateway/httpListeners/listener-http",
                "name": "listener-http",
                "protocol": "Http",
                "require_sni": false,
                "ssl_certificate_id": "",
                "ssl_certificate_name": "",
                "ssl_profile_id": "",
                "ssl_profile_name": ""
              },
              {
                "custom_error_configuration": [],
                "firewall_policy_id": "",
                "frontend_ip_configuration_id": "/subscriptions/38977b70-47bf-4da5-a492-88712fce8725/resourceGroups/rg-appgateway-vmss-tls-510prod/providers/Microsoft.Network/applicationGateways/appgateway/frontendIPConfigurations/frontend-ip-configuration",
                "frontend_ip_configuration_name": "frontend-ip-configuration",
                "frontend_port_id": "/subscriptions/38977b70-47bf-4da5-a492-88712fce8725/resourceGroups/rg-appgateway-vmss-tls-510prod/providers/Microsoft.Network/applicationGateways/appgateway/frontendPorts/frontend-port-https",
                "frontend_port_name": "frontend-port-https",
                "host_name": "",
                "host_names": [],
                "id": "/subscriptions/38977b70-47bf-4da5-a492-88712fce8725/resourceGroups/rg-appgateway-vmss-tls-510prod/providers/Microsoft.Network/applicationGateways/appgateway/httpListeners/listener-https",
                "name": "listener-https",
                "protocol": "Https",
                "require_sni": false,
                "ssl_certificate_id": "/subscriptions/38977b70-47bf-4da5-a492-88712fce8725/resourceGroups/rg-appgateway-vmss-tls-510prod/providers/Microsoft.Network/applicationGateways/appgateway/sslCertificates/azureappgw.com",
                "ssl_certificate_name": "azureappgw.com",
                "ssl_profile_id": "",
                "ssl_profile_name": ""
              }
            ],
            "id": "/subscriptions/38977b70-47bf-4da5-a492-88712fce8725/resourceGroups/rg-appgateway-vmss-tls-510prod/providers/Microsoft.Network/applicationGateways/appgateway",
            "identity": [
              {
                "identity_ids": [
                  "/subscriptions/38977b70-47bf-4da5-a492-88712fce8725/resourceGroups/rg-appgateway-vmss-tls-510prod/providers/Microsoft.ManagedIdentity/userAssignedIdentities/identity-appgw"
                ],
                "type": "UserAssigned"
              }
            ],
            "location": "westeurope",
            "name": "appgateway",
            "private_endpoint_connection": [],
            "private_link_configuration": [],
            "probe": [
              {
                "host": "",
                "id": "/subscriptions/38977b70-47bf-4da5-a492-88712fce8725/resourceGroups/rg-appgateway-vmss-tls-510prod/providers/Microsoft.Network/applicationGateways/appgateway/probes/http-health-probe",
                "interval": 30,
                "match": [
                  {
                    "body": "",
                    "status_code": [
                      "200-399"
                    ]
                  }
                ],
                "minimum_servers": 0,
                "name": "http-health-probe",
                "path": "/",
                "pick_host_name_from_backend_http_settings": true,
                "port": 0,
                "protocol": "Http",
                "timeout": 30,
                "unhealthy_threshold": 3
              }
            ],
            "redirect_configuration": [
              {
                "id": "/subscriptions/38977b70-47bf-4da5-a492-88712fce8725/resourceGroups/rg-appgateway-vmss-tls-510prod/providers/Microsoft.Network/applicationGateways/appgateway/redirectConfigurations/redirect-configuration",
                "include_path": true,
                "include_query_string": true,
                "name": "redirect-configuration",
                "redirect_type": "Permanent",
                "target_listener_id": "/subscriptions/38977b70-47bf-4da5-a492-88712fce8725/resourceGroups/rg-appgateway-vmss-tls-510prod/providers/Microsoft.Network/applicationGateways/appgateway/httpListeners/listener-https",
                "target_listener_name": "listener-https",
                "target_url": ""
              }
            ],
            "request_routing_rule": [
              {
                "backend_address_pool_id": "",
                "backend_address_pool_name": "",
                "backend_http_settings_id": "",
                "backend_http_settings_name": "",
                "http_listener_id": "/subscriptions/38977b70-47bf-4da5-a492-88712fce8725/resourceGroups/rg-appgateway-vmss-tls-510prod/providers/Microsoft.Network/applicationGateways/appgateway/httpListeners/listener-http",
                "http_listener_name": "listener-http",
                "id": "/subscriptions/38977b70-47bf-4da5-a492-88712fce8725/resourceGroups/rg-appgateway-vmss-tls-510prod/providers/Microsoft.Network/applicationGateways/appgateway/requestRoutingRules/request-routing-rule-http",
                "name": "request-routing-rule-http",
                "priority": 1,
                "redirect_configuration_id": "/subscriptions/38977b70-47bf-4da5-a492-88712fce8725/resourceGroups/rg-appgateway-vmss-tls-510prod/providers/Microsoft.Network/applicationGateways/appgateway/redirectConfigurations/redirect-configuration",
                "redirect_configuration_name": "redirect-configuration",
                "rewrite_rule_set_id": "",
                "rewrite_rule_set_name": "",
                "rule_type": "Basic",
                "url_path_map_id": "",
                "url_path_map_name": ""
              },
              {
                "backend_address_pool_id": "/subscriptions/38977b70-47bf-4da5-a492-88712fce8725/resourceGroups/rg-appgateway-vmss-tls-510prod/providers/Microsoft.Network/applicationGateways/appgateway/backendAddressPools/backend-address-pool",
                "backend_address_pool_name": "backend-address-pool",
                "backend_http_settings_id": "/subscriptions/38977b70-47bf-4da5-a492-88712fce8725/resourceGroups/rg-appgateway-vmss-tls-510prod/providers/Microsoft.Network/applicationGateways/appgateway/backendHttpSettingsCollection/backend-http-settings-http",
                "backend_http_settings_name": "backend-http-settings-http",
                "http_listener_id": "/subscriptions/38977b70-47bf-4da5-a492-88712fce8725/resourceGroups/rg-appgateway-vmss-tls-510prod/providers/Microsoft.Network/applicationGateways/appgateway/httpListeners/listener-https",
                "http_listener_name": "listener-https",
                "id": "/subscriptions/38977b70-47bf-4da5-a492-88712fce8725/resourceGroups/rg-appgateway-vmss-tls-510prod/providers/Microsoft.Network/applicationGateways/appgateway/requestRoutingRules/request-routing-rule-https",
                "name": "request-routing-rule-https",
                "priority": 2,
                "redirect_configuration_id": "",
                "redirect_configuration_name": "",
                "rewrite_rule_set_id": "",
                "rewrite_rule_set_name": "",
                "rule_type": "Basic",
                "url_path_map_id": "",
                "url_path_map_name": ""
              }
            ],
            "resource_group_name": "rg-appgateway-vmss-tls-510prod",
            "rewrite_rule_set": [],
            "sku": [
              {
                "capacity": 1,
                "name": "Standard_v2",
                "tier": "Standard_v2"
              }
            ],
            "ssl_certificate": [
              {
                "data": "",
                "id": "/subscriptions/38977b70-47bf-4da5-a492-88712fce8725/resourceGroups/rg-appgateway-vmss-tls-510prod/providers/Microsoft.Network/applicationGateways/appgateway/sslCertificates/azureappgw.com",
                "key_vault_secret_id": "https://kv-appgw-510prod.vault.azure.net/secrets/generated-cert/65ead52a2ba7495bb9f579e2d7ef4d7c",
                "name": "azureappgw.com",
                "password": "",
                "public_cert_data": ""
              }
            ],
            "ssl_policy": [
              {
                "cipher_suites": [],
                "disabled_protocols": [],
                "min_protocol_version": "",
                "policy_name": "AppGwSslPolicy20150501",
                "policy_type": "Predefined"
              }
            ],
            "ssl_profile": [],
            "tags": {},
            "timeouts": null,
            "trusted_client_certificate": [],
            "trusted_root_certificate": [],
            "url_path_map": [],
            "waf_configuration": [],
            "zones": []
          },
          "sensitive_attributes": [],
          "private": "eyJlMmJmYjczMC1lY2FhLTExZTYtOGY4OC0zNDM2M2JjN2M0YzAiOnsiY3JlYXRlIjo1NDAwMDAwMDAwMDAwLCJkZWxldGUiOjU0MDAwMDAwMDAwMDAsInJlYWQiOjMwMDAwMDAwMDAwMCwidXBkYXRlIjo1NDAwMDAwMDAwMDAwfX0=",
          "dependencies": [
            "azurerm_key_vault.keyvault",
            "azurerm_key_vault_certificate.local_domain_certs",
            "azurerm_public_ip.pip-appgateway",
            "azurerm_resource_group.rg",
            "azurerm_role_assignment.role-certificates-officer",
            "azurerm_subnet.subnet-frontend",
            "azurerm_user_assigned_identity.identity-appgw",
            "azurerm_virtual_network.vnet-app",
            "data.azurerm_client_config.current"
          ]
        }
      ]
    },
    {
      "mode": "managed",
      "type": "azurerm_dns_a_record",
      "name": "dns_a_record",
      "provider": "provider[\"registry.terraform.io/hashicorp/azurerm\"]",
      "instances": [
        {
          "schema_version": 1,
          "attributes": {
            "fqdn": "test.azureappgw.com.",
            "id": "/subscriptions/38977b70-47bf-4da5-a492-88712fce8725/resourceGroups/rg-appgateway-vmss-tls-510prod/providers/Microsoft.Network/dnsZones/azureappgw.com/A/test",
            "name": "test",
            "records": [
              "1.2.3.4"
            ],
            "resource_group_name": "rg-appgateway-vmss-tls-510prod",
            "tags": {},
            "target_resource_id": "",
            "timeouts": null,
            "ttl": 300,
            "zone_name": "azureappgw.com"
          },
          "sensitive_attributes": [],
          "private": "eyJlMmJmYjczMC1lY2FhLTExZTYtOGY4OC0zNDM2M2JjN2M0YzAiOnsiY3JlYXRlIjoxODAwMDAwMDAwMDAwLCJkZWxldGUiOjE4MDAwMDAwMDAwMDAsInJlYWQiOjMwMDAwMDAwMDAwMCwidXBkYXRlIjoxODAwMDAwMDAwMDAwfSwic2NoZW1hX3ZlcnNpb24iOiIxIn0=",
          "dependencies": [
            "azurerm_dns_zone.dns_zone",
            "azurerm_resource_group.rg"
          ]
        }
      ]
    },
    {
      "mode": "managed",
      "type": "azurerm_dns_a_record",
      "name": "dns_a_record_appgw",
      "provider": "provider[\"registry.terraform.io/hashicorp/azurerm\"]",
      "instances": [
        {
          "schema_version": 1,
          "attributes": {
            "fqdn": "azureappgw.com.",
            "id": "/subscriptions/38977b70-47bf-4da5-a492-88712fce8725/resourceGroups/rg-appgateway-vmss-tls-510prod/providers/Microsoft.Network/dnsZones/azureappgw.com/A/@",
            "name": "@",
            "records": [
              "137.117.240.230"
            ],
            "resource_group_name": "rg-appgateway-vmss-tls-510prod",
            "tags": {},
            "target_resource_id": "",
            "timeouts": null,
            "ttl": 300,
            "zone_name": "azureappgw.com"
          },
          "sensitive_attributes": [],
          "private": "eyJlMmJmYjczMC1lY2FhLTExZTYtOGY4OC0zNDM2M2JjN2M0YzAiOnsiY3JlYXRlIjoxODAwMDAwMDAwMDAwLCJkZWxldGUiOjE4MDAwMDAwMDAwMDAsInJlYWQiOjMwMDAwMDAwMDAwMCwidXBkYXRlIjoxODAwMDAwMDAwMDAwfSwic2NoZW1hX3ZlcnNpb24iOiIxIn0=",
          "dependencies": [
            "azurerm_dns_zone.dns_zone",
            "azurerm_public_ip.pip-appgateway",
            "azurerm_resource_group.rg"
          ]
        }
      ]
    },
    {
      "mode": "managed",
      "type": "azurerm_dns_zone",
      "name": "dns_zone",
      "provider": "provider[\"registry.terraform.io/hashicorp/azurerm\"]",
      "instances": [
        {
          "schema_version": 2,
          "attributes": {
            "id": "/subscriptions/38977b70-47bf-4da5-a492-88712fce8725/resourceGroups/rg-appgateway-vmss-tls-510prod/providers/Microsoft.Network/dnsZones/azureappgw.com",
            "max_number_of_record_sets": 10000,
            "name": "azureappgw.com",
            "name_servers": [
              "ns1-33.azure-dns.com.",
              "ns2-33.azure-dns.net.",
              "ns3-33.azure-dns.org.",
              "ns4-33.azure-dns.info."
            ],
            "number_of_record_sets": 4,
            "resource_group_name": "rg-appgateway-vmss-tls-510prod",
            "soa_record": [
              {
                "email": "azuredns-hostmaster.microsoft.com",
                "expire_time": 2419200,
                "fqdn": "azureappgw.com.",
                "host_name": "ns1-33.azure-dns.com.",
                "minimum_ttl": 300,
                "refresh_time": 3600,
                "retry_time": 300,
                "serial_number": 1,
                "tags": {},
                "ttl": 3600
              }
            ],
            "tags": {},
            "timeouts": null
          },
          "sensitive_attributes": [],
          "private": "eyJlMmJmYjczMC1lY2FhLTExZTYtOGY4OC0zNDM2M2JjN2M0YzAiOnsiY3JlYXRlIjoxODAwMDAwMDAwMDAwLCJkZWxldGUiOjE4MDAwMDAwMDAwMDAsInJlYWQiOjMwMDAwMDAwMDAwMCwidXBkYXRlIjoxODAwMDAwMDAwMDAwfSwic2NoZW1hX3ZlcnNpb24iOiIyIn0=",
          "dependencies": [
            "azurerm_resource_group.rg"
          ]
        }
      ]
    },
    {
      "mode": "managed",
      "type": "azurerm_key_vault",
      "name": "keyvault",
      "provider": "provider[\"registry.terraform.io/hashicorp/azurerm\"]",
      "instances": [
        {
          "schema_version": 2,
          "attributes": {
            "access_policy": [],
            "contact": [],
            "enable_rbac_authorization": true,
            "enabled_for_deployment": false,
            "enabled_for_disk_encryption": false,
            "enabled_for_template_deployment": false,
            "id": "/subscriptions/38977b70-47bf-4da5-a492-88712fce8725/resourceGroups/rg-appgateway-vmss-tls-510prod/providers/Microsoft.KeyVault/vaults/kv-appgw-510prod",
            "location": "westeurope",
            "name": "kv-appgw-510prod",
            "network_acls": [
              {
                "bypass": "AzureServices",
                "default_action": "Allow",
                "ip_rules": [],
                "virtual_network_subnet_ids": []
              }
            ],
            "public_network_access_enabled": true,
            "purge_protection_enabled": false,
            "resource_group_name": "rg-appgateway-vmss-tls-510prod",
            "sku_name": "standard",
            "soft_delete_retention_days": 7,
            "tags": {},
            "tenant_id": "a8f7faa1-3e2e-4d84-a6cb-daf7eb97d6e4",
            "timeouts": null,
            "vault_uri": "https://kv-appgw-510prod.vault.azure.net/"
          },
          "sensitive_attributes": [],
          "private": "eyJlMmJmYjczMC1lY2FhLTExZTYtOGY4OC0zNDM2M2JjN2M0YzAiOnsiY3JlYXRlIjoxODAwMDAwMDAwMDAwLCJkZWxldGUiOjE4MDAwMDAwMDAwMDAsInJlYWQiOjMwMDAwMDAwMDAwMCwidXBkYXRlIjoxODAwMDAwMDAwMDAwfSwic2NoZW1hX3ZlcnNpb24iOiIyIn0=",
          "dependencies": [
            "azurerm_resource_group.rg",
            "data.azurerm_client_config.current"
          ]
        }
      ]
    },
    {
      "mode": "managed",
      "type": "azurerm_key_vault_certificate",
      "name": "local_domain_certs",
      "provider": "provider[\"registry.terraform.io/hashicorp/azurerm\"]",
      "instances": [
        {
          "schema_version": 0,
          "attributes": {
            "certificate": [],
            "certificate_attribute": [
              {
                "created": "2024-01-04T22:27:14Z",
                "enabled": true,
                "expires": "2025-01-04T22:27:14Z",
                "not_before": "2024-01-04T22:17:14Z",
                "recovery_level": "CustomizedRecoverable+Purgeable",
                "updated": "2024-01-04T22:27:14Z"
              }
            ],
            "certificate_data": "3082034B30820233A00302010202104C49F44DE25A4469953B9B146FEE2039300D06092A864886F70D01010B05003019311730150603550403130E617A75726561707067772E636F6D301E170D3234303130343232313731345A170D3235303130343232323731345A3019311730150603550403130E617A75726561707067772E636F6D30820122300D06092A864886F70D01010105000382010F003082010A0282010100F587DF4D0861448E2E0CEF751088F7EE14AD464B8E73B1242DE2D65377FD7D499DC64989F7D35F9D95ACEACC39A9AC655C7591E64155B2AC4208095C8B79E191B30A3A6BFEB816C719399E7EBDB1996A24D38BB8F69513838DC6AE9A70B21BC934979586FF170365FA191B7C59C540E334C1BB6A8E0BCF6DF494004913EAE20E2146B969D18AE6CD9A7A61347AE9979DCDA5F63F79B9E7AEDEA1C49878C04055C5FB3AD6614C896D3DB7077765F002010A5DB611E822DC67543F2A9733389D3FD0C2A05021BD0666A22CDE65B3AC4B2422DDCDA19B98B8935F53814A2EDB241A9F48B18ECA1B180DF8481AF65789666D40345BD49AC9F805C2EFB2EC2C17D5450203010001A3818E30818B300E0603551D0F0101FF0404030205A030090603551D130402300030130603551D25040C300A06082B0601050507030130190603551D1104123010820E617A75726561707067772E636F6D301F0603551D23041830168014CDA8E8A83AFA2F4FDBAA37D19D0319B0383666A4301D0603551D0E04160414CDA8E8A83AFA2F4FDBAA37D19D0319B0383666A4300D06092A864886F70D01010B050003820101009D65A7662B5777AAC02523974C16EE6C587CBFC4DD9180908EEF4E10C26FD6882B90D1C58628014A8DEC18A5431555517C164BAB04CE2CDEC2ECDBB18F8D44D11AA41199681197A86C3422E76C60375839054BF9E330795ABA2425527B1F27759B68F890BDC38D55B301898C32236B4DB915128903007CBD7D0E241312036D8CBA322DF1E1227BAC956FBEE2913BB46B3EA21FE86C709E4F0B10001CFA50180D600DB91DA0D4735BB42D9D6F591FA58CF8A89B1EF164127FEB18380B899959BC5740D7D89EC654F51A5B05C602D5E3DA237403A29FDA4E9813C3E81B337E2E3338BF20E4213A444174585600D4659352BE4024BC5CA704CE00B97DCB8C31E29E",
            "certificate_data_base64": "MIIDSzCCAjOgAwIBAgIQTEn0TeJaRGmVO5sUb+4gOTANBgkqhkiG9w0BAQsFADAZMRcwFQYDVQQDEw5henVyZWFwcGd3LmNvbTAeFw0yNDAxMDQyMjE3MTRaFw0yNTAxMDQyMjI3MTRaMBkxFzAVBgNVBAMTDmF6dXJlYXBwZ3cuY29tMIIBIjANBgkqhkiG9w0BAQEFAAOCAQ8AMIIBCgKCAQEA9YffTQhhRI4uDO91EIj37hStRkuOc7EkLeLWU3f9fUmdxkmJ99NfnZWs6sw5qaxlXHWR5kFVsqxCCAlci3nhkbMKOmv+uBbHGTmefr2xmWok04u49pUTg43GrppwshvJNJeVhv8XA2X6GRt8WcVA4zTBu2qOC89t9JQASRPq4g4hRrlp0YrmzZp6YTR66ZedzaX2P3m5567eocSYeMBAVcX7OtZhTIltPbcHd2XwAgEKXbYR6CLcZ1Q/KpczOJ0/0MKgUCG9BmaiLN5ls6xLJCLdzaGbmLiTX1OBSi7bJBqfSLGOyhsYDfhIGvZXiWZtQDRb1JrJ+AXC77LsLBfVRQIDAQABo4GOMIGLMA4GA1UdDwEB/wQEAwIFoDAJBgNVHRMEAjAAMBMGA1UdJQQMMAoGCCsGAQUFBwMBMBkGA1UdEQQSMBCCDmF6dXJlYXBwZ3cuY29tMB8GA1UdIwQYMBaAFM2o6Kg6+i9P26o30Z0DGbA4NmakMB0GA1UdDgQWBBTNqOioOvovT9uqN9GdAxmwODZmpDANBgkqhkiG9w0BAQsFAAOCAQEAnWWnZitXd6rAJSOXTBbubFh8v8TdkYCQju9OEMJv1ogrkNHFhigBSo3sGKVDFVVRfBZLqwTOLN7C7Nuxj41E0RqkEZloEZeobDQi52xgN1g5BUv54zB5WrokJVJ7Hyd1m2j4kL3DjVWzAYmMMiNrTbkVEokDAHy9fQ4kExIDbYy6Mi3x4SJ7rJVvvuKRO7RrPqIf6Gxwnk8LEAAc+lAYDWANuR2g1HNbtC2db1kfpYz4qJse8WQSf+sYOAuJmVm8V0DX2J7GVPUaWwXGAtXj2iN0A6Kf2k6YE8PoGzN+LjM4vyDkITpEQXRYVgDUZZNSvkAkvFynBM4AuX3LjDHing==",
            "certificate_policy": [
              {
                "issuer_parameters": [
                  {
                    "name": "Self"
                  }
                ],
                "key_properties": [
                  {
                    "curve": "",
                    "exportable": true,
                    "key_size": 2048,
                    "key_type": "RSA",
                    "reuse_key": true
                  }
                ],
                "lifetime_action": [
                  {
                    "action": [
                      {
                        "action_type": "AutoRenew"
                      }
                    ],
                    "trigger": [
                      {
                        "days_before_expiry": 30,
                        "lifetime_percentage": 0
                      }
                    ]
                  }
                ],
                "secret_properties": [
                  {
                    "content_type": "application/x-pkcs12"
                  }
                ],
                "x509_certificate_properties": [
                  {
                    "extended_key_usage": [
                      "1.3.6.1.5.5.7.3.1"
                    ],
                    "key_usage": [
                      "digitalSignature",
                      "keyEncipherment"
                    ],
                    "subject": "CN=azureappgw.com",
                    "subject_alternative_names": [
                      {
                        "dns_names": [
                          "azureappgw.com"
                        ],
                        "emails": [],
                        "upns": []
                      }
                    ],
                    "validity_in_months": 12
                  }
                ]
              }
            ],
            "id": "https://kv-appgw-510prod.vault.azure.net/certificates/generated-cert/65ead52a2ba7495bb9f579e2d7ef4d7c",
            "key_vault_id": "/subscriptions/38977b70-47bf-4da5-a492-88712fce8725/resourceGroups/rg-appgateway-vmss-tls-510prod/providers/Microsoft.KeyVault/vaults/kv-appgw-510prod",
            "name": "generated-cert",
            "resource_manager_id": "/subscriptions/38977b70-47bf-4da5-a492-88712fce8725/resourceGroups/rg-appgateway-vmss-tls-510prod/providers/Microsoft.KeyVault/vaults/kv-appgw-510prod/certificates/generated-cert/versions/65ead52a2ba7495bb9f579e2d7ef4d7c",
            "resource_manager_versionless_id": "/subscriptions/38977b70-47bf-4da5-a492-88712fce8725/resourceGroups/rg-appgateway-vmss-tls-510prod/providers/Microsoft.KeyVault/vaults/kv-appgw-510prod/certificates/generated-cert",
            "secret_id": "https://kv-appgw-510prod.vault.azure.net/secrets/generated-cert/65ead52a2ba7495bb9f579e2d7ef4d7c",
            "tags": {},
            "thumbprint": "43EDBC1216A76CB99AEF39542EBAA1410097C615",
            "timeouts": null,
            "version": "65ead52a2ba7495bb9f579e2d7ef4d7c",
            "versionless_id": "https://kv-appgw-510prod.vault.azure.net/certificates/generated-cert",
            "versionless_secret_id": "https://kv-appgw-510prod.vault.azure.net/secrets/generated-cert"
          },
          "sensitive_attributes": [],
          "private": "eyJlMmJmYjczMC1lY2FhLTExZTYtOGY4OC0zNDM2M2JjN2M0YzAiOnsiY3JlYXRlIjozNjAwMDAwMDAwMDAwLCJkZWxldGUiOjE4MDAwMDAwMDAwMDAsInJlYWQiOjE4MDAwMDAwMDAwMDAsInVwZGF0ZSI6MTgwMDAwMDAwMDAwMH19",
          "dependencies": [
            "azurerm_key_vault.keyvault",
            "azurerm_resource_group.rg",
            "azurerm_role_assignment.role-certificates-officer",
            "data.azurerm_client_config.current"
          ]
        }
      ]
    },
    {
      "mode": "managed",
      "type": "azurerm_linux_virtual_machine_scale_set",
      "name": "vmss",
      "provider": "provider[\"registry.terraform.io/hashicorp/azurerm\"]",
      "instances": [
        {
          "schema_version": 0,
          "attributes": {
            "additional_capabilities": [],
            "admin_password": "@Aa123456789",
            "admin_ssh_key": [],
            "admin_username": "azureuser",
            "automatic_instance_repair": [
              {
                "enabled": false,
                "grace_period": "PT30M"
              }
            ],
            "automatic_os_upgrade_policy": [],
            "boot_diagnostics": [],
            "capacity_reservation_group_id": "",
            "computer_name_prefix": "vmss-app",
            "custom_data": "IyEvYmluL2Jhc2gKCnN1ZG8gYXB0IHVwZGF0ZQoKIyBJbnN0YWxsIE5HSU5YIHdlYiBzZXJ2ZXIKc3VkbyBhcHQgaW5zdGFsbCBuZ2lueCAteQoKSVA9JChob3N0bmFtZSAtaSkKCmVjaG8gIkhlbGxvIGZyb20gdmlydHVhbCBtYWNoaW5lOiAkSE9TVE5BTUUsIHdpdGggSVAgYWRkcmVzczogJElQIiA+IC92YXIvd3d3L2h0bWwvaW5kZXguaHRtbAoKIyBzdWRvIGFwdCB1cGRhdGU7IHN1ZG8gYXB0IGluc3RhbGwgbmdpbnggLXk7IElQPSQoaG9zdG5hbWUgLWkpOyBlY2hvICJIZWxsbyBmcm9tIHZpcnR1YWwgbWFjaGluZTogJEhPU1ROQU1FLCB3aXRoIElQIGFkZHJlc3M6ICRJUCIgPiAvdmFyL3d3dy9odG1sL2luZGV4Lmh0bWwK",
            "data_disk": [],
            "disable_password_authentication": false,
            "do_not_run_extensions_on_overprovisioned_machines": false,
            "edge_zone": "",
            "encryption_at_host_enabled": false,
            "eviction_policy": "",
            "extension": [],
            "extension_operations_enabled": true,
            "extensions_time_budget": "PT1H30M",
            "gallery_application": [],
            "gallery_applications": [],
            "health_probe_id": "",
            "host_group_id": null,
            "id": "/subscriptions/38977b70-47bf-4da5-a492-88712fce8725/resourceGroups/rg-appgateway-vmss-tls-510prod/providers/Microsoft.Compute/virtualMachineScaleSets/vmss-app",
            "identity": [],
            "instances": 3,
            "location": "westeurope",
            "max_bid_price": -1,
            "name": "vmss-app",
            "network_interface": [
              {
                "dns_servers": [],
                "enable_accelerated_networking": false,
                "enable_ip_forwarding": false,
                "ip_configuration": [
                  {
                    "application_gateway_backend_address_pool_ids": [
                      "/subscriptions/38977b70-47bf-4da5-a492-88712fce8725/resourceGroups/rg-appgateway-vmss-tls-510prod/providers/Microsoft.Network/applicationGateways/appgateway/backendAddressPools/backend-address-pool"
                    ],
                    "application_security_group_ids": [],
                    "load_balancer_backend_address_pool_ids": [],
                    "load_balancer_inbound_nat_rules_ids": [],
                    "name": "internal",
                    "primary": true,
                    "public_ip_address": [],
                    "subnet_id": "/subscriptions/38977b70-47bf-4da5-a492-88712fce8725/resourceGroups/rg-appgateway-vmss-tls-510prod/providers/Microsoft.Network/virtualNetworks/vnet-app/subnets/subnet-backend",
                    "version": "IPv4"
                  }
                ],
                "name": "nic-vmss",
                "network_security_group_id": "",
                "primary": true
              }
            ],
            "os_disk": [
              {
                "caching": "ReadWrite",
                "diff_disk_settings": [],
                "disk_encryption_set_id": "",
                "disk_size_gb": 30,
                "secure_vm_disk_encryption_set_id": "",
                "security_encryption_type": "",
                "storage_account_type": "Standard_LRS",
                "write_accelerator_enabled": false
              }
            ],
            "overprovision": true,
            "plan": [],
            "platform_fault_domain_count": 5,
            "priority": "Regular",
            "provision_vm_agent": true,
            "proximity_placement_group_id": "",
            "resource_group_name": "rg-appgateway-vmss-tls-510prod",
            "rolling_upgrade_policy": [],
            "scale_in": [
              {
                "force_deletion_enabled": false,
                "rule": "Default"
              }
            ],
            "scale_in_policy": "Default",
            "secret": [],
            "secure_boot_enabled": false,
            "single_placement_group": true,
            "sku": "Standard_B2als_v2",
            "source_image_id": "",
            "source_image_reference": [
              {
                "offer": "0001-com-ubuntu-server-jammy",
                "publisher": "Canonical",
                "sku": "22_04-lts",
                "version": "latest"
              }
            ],
            "spot_restore": [],
            "tags": {},
            "terminate_notification": [],
            "termination_notification": [],
            "timeouts": null,
            "unique_id": "12be1424-c485-4f36-a534-4d56d3540fb5",
            "upgrade_mode": "Manual",
            "user_data": "",
            "vtpm_enabled": false,
            "zone_balance": false,
            "zones": [
              "1",
              "2",
              "3"
            ]
          },
          "sensitive_attributes": [],
          "private": "eyJlMmJmYjczMC1lY2FhLTExZTYtOGY4OC0zNDM2M2JjN2M0YzAiOnsiY3JlYXRlIjozNjAwMDAwMDAwMDAwLCJkZWxldGUiOjM2MDAwMDAwMDAwMDAsInJlYWQiOjMwMDAwMDAwMDAwMCwidXBkYXRlIjozNjAwMDAwMDAwMDAwfX0=",
          "dependencies": [
            "azurerm_application_gateway.appgateway",
            "azurerm_key_vault.keyvault",
            "azurerm_key_vault_certificate.local_domain_certs",
            "azurerm_public_ip.pip-appgateway",
            "azurerm_resource_group.rg",
            "azurerm_role_assignment.identity-appgw-secret-user",
            "azurerm_role_assignment.role-certificates-officer",
            "azurerm_subnet.subnet-backend",
            "azurerm_subnet.subnet-frontend",
            "azurerm_user_assigned_identity.identity-appgw",
            "azurerm_virtual_network.vnet-app",
            "data.azurerm_client_config.current"
          ]
        }
      ]
    },
    {
      "mode": "managed",
      "type": "azurerm_network_interface",
      "name": "nic-vm-windows",
      "provider": "provider[\"registry.terraform.io/hashicorp/azurerm\"]",
      "instances": [
        {
          "schema_version": 0,
          "attributes": {
            "applied_dns_servers": [],
            "auxiliary_mode": "",
            "auxiliary_sku": "",
            "dns_servers": [],
            "edge_zone": "",
            "enable_accelerated_networking": false,
            "enable_ip_forwarding": false,
            "id": "/subscriptions/38977b70-47bf-4da5-a492-88712fce8725/resourceGroups/rg-appgateway-vmss-tls-510prod/providers/Microsoft.Network/networkInterfaces/nic-vm-windows",
            "internal_dns_name_label": "",
            "internal_domain_name_suffix": "keniaf33sgpujhkz1goymtre2f.ax.internal.cloudapp.net",
            "ip_configuration": [
              {
                "gateway_load_balancer_frontend_ip_configuration_id": "",
                "name": "internal",
                "primary": true,
                "private_ip_address": "10.0.3.4",
                "private_ip_address_allocation": "Dynamic",
                "private_ip_address_version": "IPv4",
                "public_ip_address_id": "",
                "subnet_id": "/subscriptions/38977b70-47bf-4da5-a492-88712fce8725/resourceGroups/rg-appgateway-vmss-tls-510prod/providers/Microsoft.Network/virtualNetworks/vnet-app/subnets/subnet-jumpbox"
              }
            ],
            "location": "westeurope",
            "mac_address": "60-45-BD-9A-26-02",
            "name": "nic-vm-windows",
            "private_ip_address": "10.0.3.4",
            "private_ip_addresses": [
              "10.0.3.4"
            ],
            "resource_group_name": "rg-appgateway-vmss-tls-510prod",
            "tags": {},
            "timeouts": null,
            "virtual_machine_id": "/subscriptions/38977b70-47bf-4da5-a492-88712fce8725/resourceGroups/rg-appgateway-vmss-tls-510prod/providers/Microsoft.Compute/virtualMachines/vm-windows-w11"
          },
          "sensitive_attributes": [],
          "private": "eyJlMmJmYjczMC1lY2FhLTExZTYtOGY4OC0zNDM2M2JjN2M0YzAiOnsiY3JlYXRlIjoxODAwMDAwMDAwMDAwLCJkZWxldGUiOjE4MDAwMDAwMDAwMDAsInJlYWQiOjMwMDAwMDAwMDAwMCwidXBkYXRlIjoxODAwMDAwMDAwMDAwfX0=",
          "dependencies": [
            "azurerm_resource_group.rg",
            "azurerm_subnet.subnet-jumpbox",
            "azurerm_virtual_network.vnet-app"
          ]
        }
      ]
    },
    {
      "mode": "managed",
      "type": "azurerm_public_ip",
      "name": "pip-appgateway",
      "provider": "provider[\"registry.terraform.io/hashicorp/azurerm\"]",
      "instances": [
        {
          "schema_version": 0,
          "attributes": {
            "allocation_method": "Static",
            "ddos_protection_mode": "VirtualNetworkInherited",
            "ddos_protection_plan_id": null,
            "domain_name_label": null,
            "edge_zone": "",
            "fqdn": null,
            "id": "/subscriptions/38977b70-47bf-4da5-a492-88712fce8725/resourceGroups/rg-appgateway-vmss-tls-510prod/providers/Microsoft.Network/publicIPAddresses/pip-appgateway",
            "idle_timeout_in_minutes": 4,
            "ip_address": "137.117.240.230",
            "ip_tags": {},
            "ip_version": "IPv4",
            "location": "westeurope",
            "name": "pip-appgateway",
            "public_ip_prefix_id": null,
            "resource_group_name": "rg-appgateway-vmss-tls-510prod",
            "reverse_fqdn": null,
            "sku": "Standard",
            "sku_tier": "Regional",
            "tags": {},
            "timeouts": null,
            "zones": []
          },
          "sensitive_attributes": [],
          "private": "eyJlMmJmYjczMC1lY2FhLTExZTYtOGY4OC0zNDM2M2JjN2M0YzAiOnsiY3JlYXRlIjoxODAwMDAwMDAwMDAwLCJkZWxldGUiOjE4MDAwMDAwMDAwMDAsInJlYWQiOjMwMDAwMDAwMDAwMCwidXBkYXRlIjoxODAwMDAwMDAwMDAwfX0=",
          "dependencies": [
            "azurerm_resource_group.rg"
          ]
        }
      ]
    },
    {
      "mode": "managed",
      "type": "azurerm_resource_group",
      "name": "rg",
      "provider": "provider[\"registry.terraform.io/hashicorp/azurerm\"]",
      "instances": [
        {
          "schema_version": 0,
          "attributes": {
            "id": "/subscriptions/38977b70-47bf-4da5-a492-88712fce8725/resourceGroups/rg-appgateway-vmss-tls-510prod",
            "location": "westeurope",
            "managed_by": "",
            "name": "rg-appgateway-vmss-tls-510prod",
            "tags": {},
            "timeouts": null
          },
          "sensitive_attributes": [],
          "private": "eyJlMmJmYjczMC1lY2FhLTExZTYtOGY4OC0zNDM2M2JjN2M0YzAiOnsiY3JlYXRlIjo1NDAwMDAwMDAwMDAwLCJkZWxldGUiOjU0MDAwMDAwMDAwMDAsInJlYWQiOjMwMDAwMDAwMDAwMCwidXBkYXRlIjo1NDAwMDAwMDAwMDAwfX0="
        }
      ]
    },
    {
      "mode": "managed",
      "type": "azurerm_role_assignment",
      "name": "identity-appgw-secret-user",
      "provider": "provider[\"registry.terraform.io/hashicorp/azurerm\"]",
      "instances": [
        {
          "schema_version": 0,
          "attributes": {
            "condition": "",
            "condition_version": "",
            "delegated_managed_identity_resource_id": "",
            "description": "",
            "id": "/subscriptions/38977b70-47bf-4da5-a492-88712fce8725/resourceGroups/rg-appgateway-vmss-tls-510prod/providers/Microsoft.KeyVault/vaults/kv-appgw-510prod/providers/Microsoft.Authorization/roleAssignments/cac00ace-34a7-b119-3929-abf1a7785114",
            "name": "cac00ace-34a7-b119-3929-abf1a7785114",
            "principal_id": "ebb94bd7-78d1-4ba0-a8ab-f51a233bed8c",
            "principal_type": "ServicePrincipal",
            "role_definition_id": "/subscriptions/38977b70-47bf-4da5-a492-88712fce8725/providers/Microsoft.Authorization/roleDefinitions/4633458b-17de-408a-b874-0445c86b69e6",
            "role_definition_name": "Key Vault Secrets User",
            "scope": "/subscriptions/38977b70-47bf-4da5-a492-88712fce8725/resourceGroups/rg-appgateway-vmss-tls-510prod/providers/Microsoft.KeyVault/vaults/kv-appgw-510prod",
            "skip_service_principal_aad_check": null,
            "timeouts": null
          },
          "sensitive_attributes": [],
          "private": "eyJlMmJmYjczMC1lY2FhLTExZTYtOGY4OC0zNDM2M2JjN2M0YzAiOnsiY3JlYXRlIjoxODAwMDAwMDAwMDAwLCJkZWxldGUiOjE4MDAwMDAwMDAwMDAsInJlYWQiOjMwMDAwMDAwMDAwMH19",
          "dependencies": [
            "azurerm_key_vault.keyvault",
            "azurerm_resource_group.rg",
            "azurerm_user_assigned_identity.identity-appgw",
            "data.azurerm_client_config.current"
          ]
        }
      ]
    },
    {
      "mode": "managed",
      "type": "azurerm_role_assignment",
      "name": "role-certificates-officer",
      "provider": "provider[\"registry.terraform.io/hashicorp/azurerm\"]",
      "instances": [
        {
          "schema_version": 0,
          "attributes": {
            "condition": "",
            "condition_version": "",
            "delegated_managed_identity_resource_id": "",
            "description": "",
            "id": "/subscriptions/38977b70-47bf-4da5-a492-88712fce8725/resourceGroups/rg-appgateway-vmss-tls-510prod/providers/Microsoft.KeyVault/vaults/kv-appgw-510prod/providers/Microsoft.Authorization/roleAssignments/4a10f894-ffd8-3d4b-79d5-842d4da6d94c",
            "name": "4a10f894-ffd8-3d4b-79d5-842d4da6d94c",
            "principal_id": "0a8648bf-28ec-4a7f-be65-0d6d8a172282",
            "principal_type": "User",
            "role_definition_id": "/subscriptions/38977b70-47bf-4da5-a492-88712fce8725/providers/Microsoft.Authorization/roleDefinitions/a4417e6f-fecd-4de8-b567-7b0420556985",
            "role_definition_name": "Key Vault Certificates Officer",
            "scope": "/subscriptions/38977b70-47bf-4da5-a492-88712fce8725/resourceGroups/rg-appgateway-vmss-tls-510prod/providers/Microsoft.KeyVault/vaults/kv-appgw-510prod",
            "skip_service_principal_aad_check": null,
            "timeouts": null
          },
          "sensitive_attributes": [],
          "private": "eyJlMmJmYjczMC1lY2FhLTExZTYtOGY4OC0zNDM2M2JjN2M0YzAiOnsiY3JlYXRlIjoxODAwMDAwMDAwMDAwLCJkZWxldGUiOjE4MDAwMDAwMDAwMDAsInJlYWQiOjMwMDAwMDAwMDAwMH19",
          "dependencies": [
            "azurerm_key_vault.keyvault",
            "azurerm_resource_group.rg",
            "data.azurerm_client_config.current"
          ]
        }
      ]
    },
    {
      "mode": "managed",
      "type": "azurerm_subnet",
      "name": "subnet-backend",
      "provider": "provider[\"registry.terraform.io/hashicorp/azurerm\"]",
      "instances": [
        {
          "schema_version": 0,
          "attributes": {
            "address_prefixes": [
              "10.0.1.0/24"
            ],
            "delegation": [],
            "enforce_private_link_endpoint_network_policies": false,
            "enforce_private_link_service_network_policies": false,
            "id": "/subscriptions/38977b70-47bf-4da5-a492-88712fce8725/resourceGroups/rg-appgateway-vmss-tls-510prod/providers/Microsoft.Network/virtualNetworks/vnet-app/subnets/subnet-backend",
            "name": "subnet-backend",
            "private_endpoint_network_policies_enabled": true,
            "private_link_service_network_policies_enabled": true,
            "resource_group_name": "rg-appgateway-vmss-tls-510prod",
            "service_endpoint_policy_ids": [],
            "service_endpoints": [],
            "timeouts": null,
            "virtual_network_name": "vnet-app"
          },
          "sensitive_attributes": [],
          "private": "eyJlMmJmYjczMC1lY2FhLTExZTYtOGY4OC0zNDM2M2JjN2M0YzAiOnsiY3JlYXRlIjoxODAwMDAwMDAwMDAwLCJkZWxldGUiOjE4MDAwMDAwMDAwMDAsInJlYWQiOjMwMDAwMDAwMDAwMCwidXBkYXRlIjoxODAwMDAwMDAwMDAwfX0=",
          "dependencies": [
            "azurerm_resource_group.rg",
            "azurerm_virtual_network.vnet-app"
          ]
        }
      ]
    },
    {
      "mode": "managed",
      "type": "azurerm_subnet",
      "name": "subnet-frontend",
      "provider": "provider[\"registry.terraform.io/hashicorp/azurerm\"]",
      "instances": [
        {
          "schema_version": 0,
          "attributes": {
            "address_prefixes": [
              "10.0.0.0/24"
            ],
            "delegation": [],
            "enforce_private_link_endpoint_network_policies": false,
            "enforce_private_link_service_network_policies": false,
            "id": "/subscriptions/38977b70-47bf-4da5-a492-88712fce8725/resourceGroups/rg-appgateway-vmss-tls-510prod/providers/Microsoft.Network/virtualNetworks/vnet-app/subnets/subnet-frontend",
            "name": "subnet-frontend",
            "private_endpoint_network_policies_enabled": true,
            "private_link_service_network_policies_enabled": true,
            "resource_group_name": "rg-appgateway-vmss-tls-510prod",
            "service_endpoint_policy_ids": [],
            "service_endpoints": [],
            "timeouts": null,
            "virtual_network_name": "vnet-app"
          },
          "sensitive_attributes": [],
          "private": "eyJlMmJmYjczMC1lY2FhLTExZTYtOGY4OC0zNDM2M2JjN2M0YzAiOnsiY3JlYXRlIjoxODAwMDAwMDAwMDAwLCJkZWxldGUiOjE4MDAwMDAwMDAwMDAsInJlYWQiOjMwMDAwMDAwMDAwMCwidXBkYXRlIjoxODAwMDAwMDAwMDAwfX0=",
          "dependencies": [
            "azurerm_resource_group.rg",
            "azurerm_virtual_network.vnet-app"
          ]
        }
      ]
    },
    {
      "mode": "managed",
      "type": "azurerm_subnet",
      "name": "subnet-jumpbox",
      "provider": "provider[\"registry.terraform.io/hashicorp/azurerm\"]",
      "instances": [
        {
          "schema_version": 0,
          "attributes": {
            "address_prefixes": [
              "10.0.3.0/24"
            ],
            "delegation": [],
            "enforce_private_link_endpoint_network_policies": false,
            "enforce_private_link_service_network_policies": false,
            "id": "/subscriptions/38977b70-47bf-4da5-a492-88712fce8725/resourceGroups/rg-appgateway-vmss-tls-510prod/providers/Microsoft.Network/virtualNetworks/vnet-app/subnets/subnet-jumpbox",
            "name": "subnet-jumpbox",
            "private_endpoint_network_policies_enabled": true,
            "private_link_service_network_policies_enabled": true,
            "resource_group_name": "rg-appgateway-vmss-tls-510prod",
            "service_endpoint_policy_ids": [],
            "service_endpoints": [],
            "timeouts": null,
            "virtual_network_name": "vnet-app"
          },
          "sensitive_attributes": [],
          "private": "eyJlMmJmYjczMC1lY2FhLTExZTYtOGY4OC0zNDM2M2JjN2M0YzAiOnsiY3JlYXRlIjoxODAwMDAwMDAwMDAwLCJkZWxldGUiOjE4MDAwMDAwMDAwMDAsInJlYWQiOjMwMDAwMDAwMDAwMCwidXBkYXRlIjoxODAwMDAwMDAwMDAwfX0=",
          "dependencies": [
            "azurerm_resource_group.rg",
            "azurerm_virtual_network.vnet-app"
          ]
        }
      ]
    },
    {
      "mode": "managed",
      "type": "azurerm_user_assigned_identity",
      "name": "identity-appgw",
      "provider": "provider[\"registry.terraform.io/hashicorp/azurerm\"]",
      "instances": [
        {
          "schema_version": 1,
          "attributes": {
            "client_id": "a1147ce3-9a94-4a94-bf49-64a53be05d29",
            "id": "/subscriptions/38977b70-47bf-4da5-a492-88712fce8725/resourceGroups/rg-appgateway-vmss-tls-510prod/providers/Microsoft.ManagedIdentity/userAssignedIdentities/identity-appgw",
            "location": "westeurope",
            "name": "identity-appgw",
            "principal_id": "ebb94bd7-78d1-4ba0-a8ab-f51a233bed8c",
            "resource_group_name": "rg-appgateway-vmss-tls-510prod",
            "tags": {},
            "tenant_id": "a8f7faa1-3e2e-4d84-a6cb-daf7eb97d6e4",
            "timeouts": null
          },
          "sensitive_attributes": [],
          "private": "eyJlMmJmYjczMC1lY2FhLTExZTYtOGY4OC0zNDM2M2JjN2M0YzAiOnsiY3JlYXRlIjoxODAwMDAwMDAwMDAwLCJkZWxldGUiOjE4MDAwMDAwMDAwMDAsInJlYWQiOjMwMDAwMDAwMDAwMCwidXBkYXRlIjoxODAwMDAwMDAwMDAwfSwic2NoZW1hX3ZlcnNpb24iOiIxIn0=",
          "dependencies": [
            "azurerm_resource_group.rg"
          ]
        }
      ]
    },
    {
      "mode": "managed",
      "type": "azurerm_virtual_network",
      "name": "vnet-app",
      "provider": "provider[\"registry.terraform.io/hashicorp/azurerm\"]",
      "instances": [
        {
          "schema_version": 0,
          "attributes": {
            "address_space": [
              "10.0.0.0/16"
            ],
            "bgp_community": "",
            "ddos_protection_plan": [],
            "dns_servers": [],
            "edge_zone": "",
            "encryption": [],
            "flow_timeout_in_minutes": 0,
            "guid": "17801a51-91bd-449f-9d59-d99d864e24e5",
            "id": "/subscriptions/38977b70-47bf-4da5-a492-88712fce8725/resourceGroups/rg-appgateway-vmss-tls-510prod/providers/Microsoft.Network/virtualNetworks/vnet-app",
            "location": "westeurope",
            "name": "vnet-app",
            "resource_group_name": "rg-appgateway-vmss-tls-510prod",
            "subnet": [
              {
                "address_prefix": "10.0.0.0/24",
                "id": "/subscriptions/38977b70-47bf-4da5-a492-88712fce8725/resourceGroups/rg-appgateway-vmss-tls-510prod/providers/Microsoft.Network/virtualNetworks/vnet-app/subnets/subnet-frontend",
                "name": "subnet-frontend",
                "security_group": ""
              },
              {
                "address_prefix": "10.0.1.0/24",
                "id": "/subscriptions/38977b70-47bf-4da5-a492-88712fce8725/resourceGroups/rg-appgateway-vmss-tls-510prod/providers/Microsoft.Network/virtualNetworks/vnet-app/subnets/subnet-backend",
                "name": "subnet-backend",
                "security_group": ""
              },
              {
                "address_prefix": "10.0.3.0/24",
                "id": "/subscriptions/38977b70-47bf-4da5-a492-88712fce8725/resourceGroups/rg-appgateway-vmss-tls-510prod/providers/Microsoft.Network/virtualNetworks/vnet-app/subnets/subnet-jumpbox",
                "name": "subnet-jumpbox",
                "security_group": ""
              }
            ],
            "tags": {},
            "timeouts": null
          },
          "sensitive_attributes": [],
          "private": "eyJlMmJmYjczMC1lY2FhLTExZTYtOGY4OC0zNDM2M2JjN2M0YzAiOnsiY3JlYXRlIjoxODAwMDAwMDAwMDAwLCJkZWxldGUiOjE4MDAwMDAwMDAwMDAsInJlYWQiOjMwMDAwMDAwMDAwMCwidXBkYXRlIjoxODAwMDAwMDAwMDAwfX0=",
          "dependencies": [
            "azurerm_resource_group.rg"
          ]
        }
      ]
    },
    {
      "mode": "managed",
      "type": "azurerm_windows_virtual_machine",
      "name": "vm-windows",
      "provider": "provider[\"registry.terraform.io/hashicorp/azurerm\"]",
      "instances": [
        {
          "schema_version": 0,
          "attributes": {
            "additional_capabilities": [],
            "additional_unattend_content": [],
            "admin_password": "@Aa123456789",
            "admin_username": "azureuser",
            "allow_extension_operations": true,
            "availability_set_id": "",
            "boot_diagnostics": [
              {
                "storage_account_uri": ""
              }
            ],
            "bypass_platform_safety_checks_on_user_schedule_enabled": false,
            "capacity_reservation_group_id": "",
            "computer_name": "vm-windows-w11",
            "custom_data": null,
            "dedicated_host_group_id": "",
            "dedicated_host_id": "",
            "edge_zone": "",
            "enable_automatic_updates": true,
            "encryption_at_host_enabled": false,
            "eviction_policy": "",
            "extensions_time_budget": "PT1H30M",
            "gallery_application": [],
            "hotpatching_enabled": false,
            "id": "/subscriptions/38977b70-47bf-4da5-a492-88712fce8725/resourceGroups/rg-appgateway-vmss-tls-510prod/providers/Microsoft.Compute/virtualMachines/vm-windows-w11",
            "identity": [],
            "license_type": "",
            "location": "westeurope",
            "max_bid_price": -1,
            "name": "vm-windows-w11",
            "network_interface_ids": [
              "/subscriptions/38977b70-47bf-4da5-a492-88712fce8725/resourceGroups/rg-appgateway-vmss-tls-510prod/providers/Microsoft.Network/networkInterfaces/nic-vm-windows"
            ],
            "os_disk": [
              {
                "caching": "ReadWrite",
                "diff_disk_settings": [],
                "disk_encryption_set_id": "",
                "disk_size_gb": 127,
                "name": "vm-windows-w11_disk1_16051169debf46c38d02f092a9afffcf",
                "secure_vm_disk_encryption_set_id": "",
                "security_encryption_type": "",
                "storage_account_type": "Standard_LRS",
                "write_accelerator_enabled": false
              }
            ],
            "patch_assessment_mode": "ImageDefault",
            "patch_mode": "AutomaticByOS",
            "plan": [],
            "platform_fault_domain": -1,
            "priority": "Regular",
            "private_ip_address": "10.0.3.4",
            "private_ip_addresses": [
              "10.0.3.4"
            ],
            "provision_vm_agent": true,
            "proximity_placement_group_id": "",
            "public_ip_address": "",
            "public_ip_addresses": [],
            "reboot_setting": "",
            "resource_group_name": "rg-appgateway-vmss-tls-510prod",
            "secret": [],
            "secure_boot_enabled": false,
            "size": "Standard_B2als_v2",
            "source_image_id": "",
            "source_image_reference": [
              {
                "offer": "windows-11",
                "publisher": "MicrosoftWindowsDesktop",
                "sku": "win11-23h2-pro",
                "version": "latest"
              }
            ],
            "tags": {},
            "termination_notification": [],
            "timeouts": null,
            "timezone": "",
            "user_data": "",
            "virtual_machine_id": "c1e5f9ab-3a38-4e07-aa16-9be8e23e695c",
            "virtual_machine_scale_set_id": "",
            "vtpm_enabled": false,
            "winrm_listener": [],
            "zone": ""
          },
          "sensitive_attributes": [],
          "private": "eyJlMmJmYjczMC1lY2FhLTExZTYtOGY4OC0zNDM2M2JjN2M0YzAiOnsiY3JlYXRlIjoyNzAwMDAwMDAwMDAwLCJkZWxldGUiOjI3MDAwMDAwMDAwMDAsInJlYWQiOjMwMDAwMDAwMDAwMCwidXBkYXRlIjoyNzAwMDAwMDAwMDAwfX0=",
          "dependencies": [
            "azurerm_network_interface.nic-vm-windows",
            "azurerm_resource_group.rg",
            "azurerm_subnet.subnet-jumpbox",
            "azurerm_virtual_network.vnet-app"
          ]
        }
      ]
    }
  ],
  "check_results": null
}
