{
  "version": 4,
  "terraform_version": "1.6.6",
  "serial": 72,
  "lineage": "c4a5900a-9dc3-7dd6-033a-9828f60e1832",
  "outputs": {
    "apim_developer_portal_url": {
      "value": "https://apim-internal-715pprod.developer.azure-api.net",
      "type": "string"
    },
    "apim_gateway_url": {
      "value": "https://apim-internal-715pprod.azure-api.net",
      "type": "string"
    },
    "apim_management_url": {
      "value": "https://apim-internal-715pprod.management.azure-api.net",
      "type": "string"
    },
    "appgw_public_ip": {
      "value": "20.16.6.200",
      "type": "string"
    },
    "custom_domain_name": {
      "value": "apim-azure.com",
      "type": "string"
    },
    "function_url": {
      "value": "function-linux-container-715pprod.azurewebsites.net",
      "type": "string"
    }
  },
  "resources": [
    {
      "mode": "data",
      "type": "azurerm_client_config",
      "name": "current",
      "provider": "provider[\"registry.terraform.io/hashicorp/azurerm\"]",
      "instances": [
        {
          "schema_version": 0,
          "attributes": {
            "client_id": "04b07795-8ddb-461a-bbee-02f9e1bf7b46",
            "id": "Y2xpZW50Q29uZmlncy9jbGllbnRJZD0wNGIwNzc5NS04ZGRiLTQ2MWEtYmJlZS0wMmY5ZTFiZjdiNDY7b2JqZWN0SWQ9MGE4NjQ4YmYtMjhlYy00YTdmLWJlNjUtMGQ2ZDhhMTcyMjgyO3N1YnNjcmlwdGlvbklkPTM4OTc3YjcwLTQ3YmYtNGRhNS1hNDkyLTg4NzEyZmNlODcyNTt0ZW5hbnRJZD1hOGY3ZmFhMS0zZTJlLTRkODQtYTZjYi1kYWY3ZWI5N2Q2ZTQ=",
            "object_id": "0a8648bf-28ec-4a7f-be65-0d6d8a172282",
            "subscription_id": "38977b70-47bf-4da5-a492-88712fce8725",
            "tenant_id": "a8f7faa1-3e2e-4d84-a6cb-daf7eb97d6e4",
            "timeouts": null
          },
          "sensitive_attributes": []
        }
      ]
    },
    {
      "mode": "managed",
      "type": "azurerm_api_management",
      "name": "apim",
      "provider": "provider[\"registry.terraform.io/hashicorp/azurerm\"]",
      "instances": [
        {
          "schema_version": 0,
          "attributes": {
            "additional_location": [],
            "certificate": [],
            "client_certificate_enabled": false,
            "delegation": [
              {
                "subscriptions_enabled": false,
                "url": "",
                "user_registration_enabled": false,
                "validation_key": ""
              }
            ],
            "developer_portal_url": "https://apim-internal-715pprod.developer.azure-api.net",
            "gateway_disabled": false,
            "gateway_regional_url": "https://apim-internal-715pprod-westeurope-01.regional.azure-api.net",
            "gateway_url": "https://apim-internal-715pprod.azure-api.net",
            "hostname_configuration": [
              {
                "developer_portal": [],
                "management": [],
                "portal": [],
                "proxy": [
                  {
                    "certificate": "",
                    "certificate_password": "",
                    "certificate_source": "BuiltIn",
                    "certificate_status": "",
                    "default_ssl_binding": true,
                    "expiry": "",
                    "host_name": "apim-internal-715pprod.azure-api.net",
                    "key_vault_id": "",
                    "negotiate_client_certificate": false,
                    "ssl_keyvault_identity_client_id": "",
                    "subject": "",
                    "thumbprint": ""
                  }
                ],
                "scm": []
              }
            ],
            "id": "/subscriptions/38977b70-47bf-4da5-a492-88712fce8725/resourceGroups/rg-apim-internal-appgw-715pprod/providers/Microsoft.ApiManagement/service/apim-internal-715pprod",
            "identity": [],
            "location": "westeurope",
            "management_api_url": "https://apim-internal-715pprod.management.azure-api.net",
            "min_api_version": "",
            "name": "apim-internal-715pprod",
            "notification_sender_email": "apimgmt-noreply@mail.windowsazure.com",
            "policy": [
              {
                "xml_content": "\u003c!--\r\n    IMPORTANT:\r\n    - Policy elements can appear only within the \u003cinbound\u003e, \u003coutbound\u003e, \u003cbackend\u003e section elements.\r\n    - Only the \u003cforward-request\u003e policy element can appear within the \u003cbackend\u003e section element.\r\n    - To apply a policy to the incoming request (before it is forwarded to the backend service), place a corresponding policy element within the \u003cinbound\u003e section element.\r\n    - To apply a policy to the outgoing response (before it is sent back to the caller), place a corresponding policy element within the \u003coutbound\u003e section element.\r\n    - To add a policy position the cursor at the desired insertion point and click on the round button associated with the policy.\r\n    - To remove a policy, delete the corresponding policy statement from the policy document.\r\n    - Policies are applied in the order of their appearance, from the top down.\r\n--\u003e\r\n\u003cpolicies\u003e\r\n\t\u003cinbound /\u003e\r\n\t\u003cbackend\u003e\r\n\t\t\u003cforward-request /\u003e\r\n\t\u003c/backend\u003e\r\n\t\u003coutbound /\u003e\r\n\u003c/policies\u003e",
                "xml_link": ""
              }
            ],
            "portal_url": "https://apim-internal-715pprod.portal.azure-api.net",
            "private_ip_addresses": [
              "10.0.0.4"
            ],
            "protocols": [
              {
                "enable_http2": false
              }
            ],
            "public_ip_address_id": "/subscriptions/38977b70-47bf-4da5-a492-88712fce8725/resourceGroups/rg-apim-internal-appgw-715pprod/providers/Microsoft.Network/publicIPAddresses/pip-apim",
            "public_ip_addresses": [
              "20.123.214.69"
            ],
            "public_network_access_enabled": true,
            "publisher_email": "houssem.dellai@live.com",
            "publisher_name": "My Company",
            "resource_group_name": "rg-apim-internal-appgw-715pprod",
            "scm_url": "https://apim-internal-715pprod.scm.azure-api.net",
            "security": [
              {
                "enable_backend_ssl30": false,
                "enable_backend_tls10": false,
                "enable_backend_tls11": false,
                "enable_frontend_ssl30": false,
                "enable_frontend_tls10": false,
                "enable_frontend_tls11": false,
                "tls_ecdhe_ecdsa_with_aes128_cbc_sha_ciphers_enabled": false,
                "tls_ecdhe_ecdsa_with_aes256_cbc_sha_ciphers_enabled": false,
                "tls_ecdhe_rsa_with_aes128_cbc_sha_ciphers_enabled": false,
                "tls_ecdhe_rsa_with_aes256_cbc_sha_ciphers_enabled": false,
                "tls_rsa_with_aes128_cbc_sha256_ciphers_enabled": false,
                "tls_rsa_with_aes128_cbc_sha_ciphers_enabled": false,
                "tls_rsa_with_aes128_gcm_sha256_ciphers_enabled": false,
                "tls_rsa_with_aes256_cbc_sha256_ciphers_enabled": false,
                "tls_rsa_with_aes256_cbc_sha_ciphers_enabled": false,
                "tls_rsa_with_aes256_gcm_sha384_ciphers_enabled": false,
                "triple_des_ciphers_enabled": false
              }
            ],
            "sign_in": [
              {
                "enabled": false
              }
            ],
            "sign_up": [
              {
                "enabled": false,
                "terms_of_service": [
                  {
                    "consent_required": false,
                    "enabled": false,
                    "text": ""
                  }
                ]
              }
            ],
            "sku_name": "Developer_1",
            "tags": {},
            "tenant_access": [
              {
                "enabled": false,
                "primary_key": "kXffZYlCEWuEp0iWz+JdnFFB6FMd/g/C+fWb9WhEkxgWFAtIYRs3DN4Jkpvw7jsyui7hZ5doLR3tdKpVqqiU7w==",
                "secondary_key": "x5lbE2DPed3ktjkvyhuDv+nWR3lALGvAbNBjfi0eqqgfSaL9eMzfowhG7TjJvLlAMzH7v1lA2b9McQNrPKkg+w==",
                "tenant_id": "/tenant/access"
              }
            ],
            "timeouts": null,
            "virtual_network_configuration": [
              {
                "subnet_id": "/subscriptions/38977b70-47bf-4da5-a492-88712fce8725/resourceGroups/rg-apim-internal-appgw-715pprod/providers/Microsoft.Network/virtualNetworks/vnet-app/subnets/subnet-apim"
              }
            ],
            "virtual_network_type": "Internal",
            "zones": []
          },
          "sensitive_attributes": [],
          "private": "eyJlMmJmYjczMC1lY2FhLTExZTYtOGY4OC0zNDM2M2JjN2M0YzAiOnsiY3JlYXRlIjoxMDgwMDAwMDAwMDAwMCwiZGVsZXRlIjoxMDgwMDAwMDAwMDAwMCwicmVhZCI6MzAwMDAwMDAwMDAwLCJ1cGRhdGUiOjEwODAwMDAwMDAwMDAwfX0=",
          "dependencies": [
            "azurerm_network_security_group.nsg-apim",
            "azurerm_public_ip.pip-apim",
            "azurerm_resource_group.rg",
            "azurerm_subnet.subnet-apim",
            "azurerm_subnet_network_security_group_association.nsg-association",
            "azurerm_virtual_network.vnet-app"
          ]
        }
      ]
    },
    {
      "mode": "managed",
      "type": "azurerm_api_management_api",
      "name": "api-azure-function",
      "provider": "provider[\"registry.terraform.io/hashicorp/azurerm\"]",
      "instances": [
        {
          "schema_version": 0,
          "attributes": {
            "api_management_name": "apim-internal-715pprod",
            "api_type": "http",
            "contact": [],
            "description": "",
            "display_name": "Demo API",
            "id": "/subscriptions/38977b70-47bf-4da5-a492-88712fce8725/resourceGroups/rg-apim-internal-appgw-715pprod/providers/Microsoft.ApiManagement/service/apim-internal-715pprod/apis/api-demo",
            "import": [],
            "is_current": true,
            "is_online": false,
            "license": [],
            "name": "api-demo",
            "oauth2_authorization": [],
            "openid_authentication": [],
            "path": "api",
            "protocols": [
              "http",
              "https"
            ],
            "resource_group_name": "rg-apim-internal-appgw-715pprod",
            "revision": "1",
            "revision_description": "",
            "service_url": "https://function-linux-container-715pprod.azurewebsites.net/api",
            "soap_pass_through": false,
            "source_api_id": null,
            "subscription_key_parameter_names": [
              {
                "header": "Ocp-Apim-Subscription-Key",
                "query": "subscription-key"
              }
            ],
            "subscription_required": false,
            "terms_of_service_url": "",
            "timeouts": null,
            "version": "",
            "version_description": "",
            "version_set_id": ""
          },
          "sensitive_attributes": [],
          "private": "eyJlMmJmYjczMC1lY2FhLTExZTYtOGY4OC0zNDM2M2JjN2M0YzAiOnsiY3JlYXRlIjoxODAwMDAwMDAwMDAwLCJkZWxldGUiOjE4MDAwMDAwMDAwMDAsInJlYWQiOjMwMDAwMDAwMDAwMCwidXBkYXRlIjoxODAwMDAwMDAwMDAwfX0=",
          "dependencies": [
            "azurerm_api_management.apim",
            "azurerm_linux_function_app.function-linux-container",
            "azurerm_network_security_group.nsg-apim",
            "azurerm_public_ip.pip-apim",
            "azurerm_resource_group.rg",
            "azurerm_service_plan.plan",
            "azurerm_storage_account.sa",
            "azurerm_subnet.subnet-apim",
            "azurerm_subnet_network_security_group_association.nsg-association",
            "azurerm_virtual_network.vnet-app"
          ]
        }
      ]
    },
    {
      "mode": "managed",
      "type": "azurerm_api_management_api",
      "name": "api-mock",
      "provider": "provider[\"registry.terraform.io/hashicorp/azurerm\"]",
      "instances": [
        {
          "schema_version": 0,
          "attributes": {
            "api_management_name": "apim-internal-715pprod",
            "api_type": "http",
            "contact": [],
            "description": "",
            "display_name": "Mock API",
            "id": "/subscriptions/38977b70-47bf-4da5-a492-88712fce8725/resourceGroups/rg-apim-internal-appgw-715pprod/providers/Microsoft.ApiManagement/service/apim-internal-715pprod/apis/api-mock",
            "import": [],
            "is_current": true,
            "is_online": false,
            "license": [],
            "name": "api-mock",
            "oauth2_authorization": [],
            "openid_authentication": [],
            "path": "mock",
            "protocols": [
              "https"
            ],
            "resource_group_name": "rg-apim-internal-appgw-715pprod",
            "revision": "v1",
            "revision_description": "",
            "service_url": "",
            "soap_pass_through": false,
            "source_api_id": null,
            "subscription_key_parameter_names": [
              {
                "header": "Ocp-Apim-Subscription-Key",
                "query": "subscription-key"
              }
            ],
            "subscription_required": false,
            "terms_of_service_url": "",
            "timeouts": null,
            "version": "",
            "version_description": "",
            "version_set_id": ""
          },
          "sensitive_attributes": [],
          "private": "eyJlMmJmYjczMC1lY2FhLTExZTYtOGY4OC0zNDM2M2JjN2M0YzAiOnsiY3JlYXRlIjoxODAwMDAwMDAwMDAwLCJkZWxldGUiOjE4MDAwMDAwMDAwMDAsInJlYWQiOjMwMDAwMDAwMDAwMCwidXBkYXRlIjoxODAwMDAwMDAwMDAwfX0=",
          "dependencies": [
            "azurerm_api_management.apim",
            "azurerm_network_security_group.nsg-apim",
            "azurerm_public_ip.pip-apim",
            "azurerm_resource_group.rg",
            "azurerm_subnet.subnet-apim",
            "azurerm_subnet_network_security_group_association.nsg-association",
            "azurerm_virtual_network.vnet-app"
          ]
        }
      ]
    },
    {
      "mode": "managed",
      "type": "azurerm_api_management_api",
      "name": "api-myip",
      "provider": "provider[\"registry.terraform.io/hashicorp/azurerm\"]",
      "instances": [
        {
          "schema_version": 0,
          "attributes": {
            "api_management_name": "apim-internal-715pprod",
            "api_type": "http",
            "contact": [],
            "description": "",
            "display_name": "MyIP API",
            "id": "/subscriptions/38977b70-47bf-4da5-a492-88712fce8725/resourceGroups/rg-apim-internal-appgw-715pprod/providers/Microsoft.ApiManagement/service/apim-internal-715pprod/apis/api-myip",
            "import": [],
            "is_current": true,
            "is_online": false,
            "license": [],
            "name": "api-myip",
            "oauth2_authorization": [],
            "openid_authentication": [],
            "path": "ip",
            "protocols": [
              "http",
              "https"
            ],
            "resource_group_name": "rg-apim-internal-appgw-715pprod",
            "revision": "1",
            "revision_description": "",
            "service_url": "https://ifconfig.me/ip",
            "soap_pass_through": false,
            "source_api_id": null,
            "subscription_key_parameter_names": [
              {
                "header": "Ocp-Apim-Subscription-Key",
                "query": "subscription-key"
              }
            ],
            "subscription_required": false,
            "terms_of_service_url": "",
            "timeouts": null,
            "version": "",
            "version_description": "",
            "version_set_id": ""
          },
          "sensitive_attributes": [],
          "private": "eyJlMmJmYjczMC1lY2FhLTExZTYtOGY4OC0zNDM2M2JjN2M0YzAiOnsiY3JlYXRlIjoxODAwMDAwMDAwMDAwLCJkZWxldGUiOjE4MDAwMDAwMDAwMDAsInJlYWQiOjMwMDAwMDAwMDAwMCwidXBkYXRlIjoxODAwMDAwMDAwMDAwfX0=",
          "dependencies": [
            "azurerm_api_management.apim",
            "azurerm_network_security_group.nsg-apim",
            "azurerm_public_ip.pip-apim",
            "azurerm_resource_group.rg",
            "azurerm_subnet.subnet-apim",
            "azurerm_subnet_network_security_group_association.nsg-association",
            "azurerm_virtual_network.vnet-app"
          ]
        }
      ]
    },
    {
      "mode": "managed",
      "type": "azurerm_api_management_api_operation",
      "name": "operation-azure-function-get",
      "provider": "provider[\"registry.terraform.io/hashicorp/azurerm\"]",
      "instances": [
        {
          "schema_version": 0,
          "attributes": {
            "api_management_name": "apim-internal-715pprod",
            "api_name": "api-demo",
            "description": "GET returns sample JSON file.",
            "display_name": "Demo API GET",
            "id": "/subscriptions/38977b70-47bf-4da5-a492-88712fce8725/resourceGroups/rg-apim-internal-appgw-715pprod/providers/Microsoft.ApiManagement/service/apim-internal-715pprod/apis/api-demo/operations/api-demo-get",
            "method": "GET",
            "operation_id": "api-demo-get",
            "request": [
              {
                "description": "",
                "header": [],
                "query_parameter": [],
                "representation": []
              }
            ],
            "resource_group_name": "rg-apim-internal-appgw-715pprod",
            "response": [],
            "template_parameter": [],
            "timeouts": null,
            "url_template": "/"
          },
          "sensitive_attributes": [],
          "private": "eyJlMmJmYjczMC1lY2FhLTExZTYtOGY4OC0zNDM2M2JjN2M0YzAiOnsiY3JlYXRlIjoxODAwMDAwMDAwMDAwLCJkZWxldGUiOjE4MDAwMDAwMDAwMDAsInJlYWQiOjMwMDAwMDAwMDAwMCwidXBkYXRlIjoxODAwMDAwMDAwMDAwfX0=",
          "dependencies": [
            "azurerm_api_management.apim",
            "azurerm_api_management_api.api-azure-function",
            "azurerm_linux_function_app.function-linux-container",
            "azurerm_network_security_group.nsg-apim",
            "azurerm_public_ip.pip-apim",
            "azurerm_resource_group.rg",
            "azurerm_service_plan.plan",
            "azurerm_storage_account.sa",
            "azurerm_subnet.subnet-apim",
            "azurerm_subnet_network_security_group_association.nsg-association",
            "azurerm_virtual_network.vnet-app"
          ]
        }
      ]
    },
    {
      "mode": "managed",
      "type": "azurerm_api_management_api_operation",
      "name": "operation-mock-get",
      "provider": "provider[\"registry.terraform.io/hashicorp/azurerm\"]",
      "instances": [
        {
          "schema_version": 0,
          "attributes": {
            "api_management_name": "apim-internal-715pprod",
            "api_name": "api-mock",
            "description": "GET returns sample JSON file.",
            "display_name": "Mock API GET",
            "id": "/subscriptions/38977b70-47bf-4da5-a492-88712fce8725/resourceGroups/rg-apim-internal-appgw-715pprod/providers/Microsoft.ApiManagement/service/apim-internal-715pprod/apis/api-mock/operations/api-mock-get",
            "method": "GET",
            "operation_id": "api-mock-get",
            "request": [
              {
                "description": "",
                "header": [],
                "query_parameter": [],
                "representation": []
              }
            ],
            "resource_group_name": "rg-apim-internal-appgw-715pprod",
            "response": [
              {
                "description": "",
                "header": [],
                "representation": [
                  {
                    "content_type": "application/json",
                    "example": [
                      {
                        "description": "",
                        "external_value": "",
                        "name": "default",
                        "summary": "",
                        "value": "{\"description\":\"This a Mock response from API Management.\",\"purpose\":\"Mock API\",\"title\":\"This is a mock API.\"}"
                      }
                    ],
                    "form_parameter": [],
                    "schema_id": "",
                    "type_name": ""
                  }
                ],
                "status_code": 200
              }
            ],
            "template_parameter": [],
            "timeouts": null,
            "url_template": "/"
          },
          "sensitive_attributes": [],
          "private": "eyJlMmJmYjczMC1lY2FhLTExZTYtOGY4OC0zNDM2M2JjN2M0YzAiOnsiY3JlYXRlIjoxODAwMDAwMDAwMDAwLCJkZWxldGUiOjE4MDAwMDAwMDAwMDAsInJlYWQiOjMwMDAwMDAwMDAwMCwidXBkYXRlIjoxODAwMDAwMDAwMDAwfX0=",
          "dependencies": [
            "azurerm_api_management.apim",
            "azurerm_api_management_api.api-mock",
            "azurerm_network_security_group.nsg-apim",
            "azurerm_public_ip.pip-apim",
            "azurerm_resource_group.rg",
            "azurerm_subnet.subnet-apim",
            "azurerm_subnet_network_security_group_association.nsg-association",
            "azurerm_virtual_network.vnet-app"
          ]
        }
      ]
    },
    {
      "mode": "managed",
      "type": "azurerm_api_management_api_operation",
      "name": "operation-myip-get",
      "provider": "provider[\"registry.terraform.io/hashicorp/azurerm\"]",
      "instances": [
        {
          "schema_version": 0,
          "attributes": {
            "api_management_name": "apim-internal-715pprod",
            "api_name": "api-myip",
            "description": "GET returns IP used by APIM for outbound traffic.",
            "display_name": "MyIP API GET",
            "id": "/subscriptions/38977b70-47bf-4da5-a492-88712fce8725/resourceGroups/rg-apim-internal-appgw-715pprod/providers/Microsoft.ApiManagement/service/apim-internal-715pprod/apis/api-myip/operations/api-myip-get",
            "method": "GET",
            "operation_id": "api-myip-get",
            "request": [
              {
                "description": "",
                "header": [],
                "query_parameter": [],
                "representation": []
              }
            ],
            "resource_group_name": "rg-apim-internal-appgw-715pprod",
            "response": [],
            "template_parameter": [],
            "timeouts": null,
            "url_template": "/"
          },
          "sensitive_attributes": [],
          "private": "eyJlMmJmYjczMC1lY2FhLTExZTYtOGY4OC0zNDM2M2JjN2M0YzAiOnsiY3JlYXRlIjoxODAwMDAwMDAwMDAwLCJkZWxldGUiOjE4MDAwMDAwMDAwMDAsInJlYWQiOjMwMDAwMDAwMDAwMCwidXBkYXRlIjoxODAwMDAwMDAwMDAwfX0=",
          "dependencies": [
            "azurerm_api_management.apim",
            "azurerm_api_management_api.api-myip",
            "azurerm_network_security_group.nsg-apim",
            "azurerm_public_ip.pip-apim",
            "azurerm_resource_group.rg",
            "azurerm_subnet.subnet-apim",
            "azurerm_subnet_network_security_group_association.nsg-association",
            "azurerm_virtual_network.vnet-app"
          ]
        }
      ]
    },
    {
      "mode": "managed",
      "type": "azurerm_api_management_api_operation_policy",
      "name": "mock-get-policy",
      "provider": "provider[\"registry.terraform.io/hashicorp/azurerm\"]",
      "instances": [
        {
          "schema_version": 2,
          "attributes": {
            "api_management_name": "apim-internal-715pprod",
            "api_name": "api-mock",
            "id": "/subscriptions/38977b70-47bf-4da5-a492-88712fce8725/resourceGroups/rg-apim-internal-appgw-715pprod/providers/Microsoft.ApiManagement/service/apim-internal-715pprod/apis/api-mock/operations/api-mock-get",
            "operation_id": "api-mock-get",
            "resource_group_name": "rg-apim-internal-appgw-715pprod",
            "timeouts": null,
            "xml_content": "\u003cpolicies\u003e\r\n\t\u003cinbound\u003e\r\n\t\t\u003cbase /\u003e\r\n\t\t\u003cmock-response status-code=\"200\" content-type=\"application/json\" /\u003e\r\n\t\u003c/inbound\u003e\r\n\u003c/policies\u003e",
            "xml_link": null
          },
          "sensitive_attributes": [],
          "private": "eyJlMmJmYjczMC1lY2FhLTExZTYtOGY4OC0zNDM2M2JjN2M0YzAiOnsiY3JlYXRlIjoxODAwMDAwMDAwMDAwLCJkZWxldGUiOjE4MDAwMDAwMDAwMDAsInJlYWQiOjMwMDAwMDAwMDAwMCwidXBkYXRlIjoxODAwMDAwMDAwMDAwfSwic2NoZW1hX3ZlcnNpb24iOiIyIn0=",
          "dependencies": [
            "azurerm_api_management.apim",
            "azurerm_api_management_api.api-mock",
            "azurerm_api_management_api_operation.operation-mock-get",
            "azurerm_network_security_group.nsg-apim",
            "azurerm_public_ip.pip-apim",
            "azurerm_resource_group.rg",
            "azurerm_subnet.subnet-apim",
            "azurerm_subnet_network_security_group_association.nsg-association",
            "azurerm_virtual_network.vnet-app"
          ]
        }
      ]
    },
    {
      "mode": "managed",
      "type": "azurerm_application_gateway",
      "name": "appgateway",
      "provider": "provider[\"registry.terraform.io/hashicorp/azurerm\"]",
      "instances": [
        {
          "schema_version": 0,
          "attributes": {
            "authentication_certificate": [],
            "autoscale_configuration": [],
            "backend_address_pool": [
              {
                "fqdns": [
                  "apim-internal-715pprod.azure-api.net"
                ],
                "id": "/subscriptions/38977b70-47bf-4da5-a492-88712fce8725/resourceGroups/rg-apim-internal-appgw-715pprod/providers/Microsoft.Network/applicationGateways/appgateway/backendAddressPools/backend-address-pool",
                "ip_addresses": [],
                "name": "backend-address-pool"
              }
            ],
            "backend_http_settings": [
              {
                "affinity_cookie_name": "",
                "authentication_certificate": [],
                "connection_draining": [],
                "cookie_based_affinity": "Disabled",
                "host_name": "apim-internal-715pprod.azure-api.net",
                "id": "/subscriptions/38977b70-47bf-4da5-a492-88712fce8725/resourceGroups/rg-apim-internal-appgw-715pprod/providers/Microsoft.Network/applicationGateways/appgateway/backendHttpSettingsCollection/backend-http-settings-https",
                "name": "backend-http-settings-https",
                "path": "",
                "pick_host_name_from_backend_address": false,
                "port": 443,
                "probe_id": "/subscriptions/38977b70-47bf-4da5-a492-88712fce8725/resourceGroups/rg-apim-internal-appgw-715pprod/providers/Microsoft.Network/applicationGateways/appgateway/probes/http-health-probe-apim",
                "probe_name": "http-health-probe-apim",
                "protocol": "Https",
                "request_timeout": 20,
                "trusted_root_certificate_names": []
              },
              {
                "affinity_cookie_name": "ApplicationGatewayAffinity",
                "authentication_certificate": [],
                "connection_draining": [],
                "cookie_based_affinity": "Disabled",
                "host_name": "",
                "id": "/subscriptions/38977b70-47bf-4da5-a492-88712fce8725/resourceGroups/rg-apim-internal-appgw-715pprod/providers/Microsoft.Network/applicationGateways/appgateway/backendHttpSettingsCollection/default",
                "name": "default",
                "path": "",
                "pick_host_name_from_backend_address": false,
                "port": 80,
                "probe_id": "",
                "probe_name": "",
                "protocol": "Http",
                "request_timeout": 20,
                "trusted_root_certificate_names": []
              }
            ],
            "custom_error_configuration": [],
            "enable_http2": true,
            "fips_enabled": false,
            "firewall_policy_id": "",
            "force_firewall_policy_association": false,
            "frontend_ip_configuration": [
              {
                "id": "/subscriptions/38977b70-47bf-4da5-a492-88712fce8725/resourceGroups/rg-apim-internal-appgw-715pprod/providers/Microsoft.Network/applicationGateways/appgateway/frontendIPConfigurations/frontend_ip_configuration",
                "name": "frontend_ip_configuration",
                "private_ip_address": "",
                "private_ip_address_allocation": "Dynamic",
                "private_link_configuration_id": "",
                "private_link_configuration_name": "",
                "public_ip_address_id": "/subscriptions/38977b70-47bf-4da5-a492-88712fce8725/resourceGroups/rg-apim-internal-appgw-715pprod/providers/Microsoft.Network/publicIPAddresses/pip-appgateway",
                "subnet_id": ""
              }
            ],
            "frontend_port": [
              {
                "id": "/subscriptions/38977b70-47bf-4da5-a492-88712fce8725/resourceGroups/rg-apim-internal-appgw-715pprod/providers/Microsoft.Network/applicationGateways/appgateway/frontendPorts/frontend-port-http",
                "name": "frontend-port-http",
                "port": 80
              },
              {
                "id": "/subscriptions/38977b70-47bf-4da5-a492-88712fce8725/resourceGroups/rg-apim-internal-appgw-715pprod/providers/Microsoft.Network/applicationGateways/appgateway/frontendPorts/frontend-port-https",
                "name": "frontend-port-https",
                "port": 443
              }
            ],
            "gateway_ip_configuration": [
              {
                "id": "/subscriptions/38977b70-47bf-4da5-a492-88712fce8725/resourceGroups/rg-apim-internal-appgw-715pprod/providers/Microsoft.Network/applicationGateways/appgateway/gatewayIPConfigurations/my-gateway-ip-configuration",
                "name": "my-gateway-ip-configuration",
                "subnet_id": "/subscriptions/38977b70-47bf-4da5-a492-88712fce8725/resourceGroups/rg-apim-internal-appgw-715pprod/providers/Microsoft.Network/virtualNetworks/vnet-app/subnets/subnet-appgw"
              }
            ],
            "global": [],
            "http_listener": [
              {
                "custom_error_configuration": [],
                "firewall_policy_id": "",
                "frontend_ip_configuration_id": "/subscriptions/38977b70-47bf-4da5-a492-88712fce8725/resourceGroups/rg-apim-internal-appgw-715pprod/providers/Microsoft.Network/applicationGateways/appgateway/frontendIPConfigurations/frontend_ip_configuration",
                "frontend_ip_configuration_name": "frontend_ip_configuration",
                "frontend_port_id": "/subscriptions/38977b70-47bf-4da5-a492-88712fce8725/resourceGroups/rg-apim-internal-appgw-715pprod/providers/Microsoft.Network/applicationGateways/appgateway/frontendPorts/frontend-port-http",
                "frontend_port_name": "frontend-port-http",
                "host_name": "",
                "host_names": [],
                "id": "/subscriptions/38977b70-47bf-4da5-a492-88712fce8725/resourceGroups/rg-apim-internal-appgw-715pprod/providers/Microsoft.Network/applicationGateways/appgateway/httpListeners/listener-http",
                "name": "listener-http",
                "protocol": "Http",
                "require_sni": false,
                "ssl_certificate_id": "",
                "ssl_certificate_name": "",
                "ssl_profile_id": "",
                "ssl_profile_name": ""
              },
              {
                "custom_error_configuration": [],
                "firewall_policy_id": "",
                "frontend_ip_configuration_id": "/subscriptions/38977b70-47bf-4da5-a492-88712fce8725/resourceGroups/rg-apim-internal-appgw-715pprod/providers/Microsoft.Network/applicationGateways/appgateway/frontendIPConfigurations/frontend_ip_configuration",
                "frontend_ip_configuration_name": "frontend_ip_configuration",
                "frontend_port_id": "/subscriptions/38977b70-47bf-4da5-a492-88712fce8725/resourceGroups/rg-apim-internal-appgw-715pprod/providers/Microsoft.Network/applicationGateways/appgateway/frontendPorts/frontend-port-https",
                "frontend_port_name": "frontend-port-https",
                "host_name": "",
                "host_names": [],
                "id": "/subscriptions/38977b70-47bf-4da5-a492-88712fce8725/resourceGroups/rg-apim-internal-appgw-715pprod/providers/Microsoft.Network/applicationGateways/appgateway/httpListeners/listener-https",
                "name": "listener-https",
                "protocol": "Https",
                "require_sni": false,
                "ssl_certificate_id": "/subscriptions/38977b70-47bf-4da5-a492-88712fce8725/resourceGroups/rg-apim-internal-appgw-715pprod/providers/Microsoft.Network/applicationGateways/appgateway/sslCertificates/apim-azure.com",
                "ssl_certificate_name": "apim-azure.com",
                "ssl_profile_id": "",
                "ssl_profile_name": ""
              }
            ],
            "id": "/subscriptions/38977b70-47bf-4da5-a492-88712fce8725/resourceGroups/rg-apim-internal-appgw-715pprod/providers/Microsoft.Network/applicationGateways/appgateway",
            "identity": [
              {
                "identity_ids": [
                  "/subscriptions/38977b70-47bf-4da5-a492-88712fce8725/resourceGroups/rg-apim-internal-appgw-715pprod/providers/Microsoft.ManagedIdentity/userAssignedIdentities/identity-appgw"
                ],
                "type": "UserAssigned"
              }
            ],
            "location": "westeurope",
            "name": "appgateway",
            "private_endpoint_connection": [],
            "private_link_configuration": [],
            "probe": [
              {
                "host": "apim-internal-715pprod.azure-api.net",
                "id": "/subscriptions/38977b70-47bf-4da5-a492-88712fce8725/resourceGroups/rg-apim-internal-appgw-715pprod/providers/Microsoft.Network/applicationGateways/appgateway/probes/http-health-probe-apim",
                "interval": 30,
                "match": [
                  {
                    "body": "",
                    "status_code": [
                      "200-399"
                    ]
                  }
                ],
                "minimum_servers": 0,
                "name": "http-health-probe-apim",
                "path": "/api",
                "pick_host_name_from_backend_http_settings": false,
                "port": 0,
                "protocol": "Https",
                "timeout": 30,
                "unhealthy_threshold": 3
              }
            ],
            "redirect_configuration": [],
            "request_routing_rule": [
              {
                "backend_address_pool_id": "/subscriptions/38977b70-47bf-4da5-a492-88712fce8725/resourceGroups/rg-apim-internal-appgw-715pprod/providers/Microsoft.Network/applicationGateways/appgateway/backendAddressPools/backend-address-pool",
                "backend_address_pool_name": "backend-address-pool",
                "backend_http_settings_id": "/subscriptions/38977b70-47bf-4da5-a492-88712fce8725/resourceGroups/rg-apim-internal-appgw-715pprod/providers/Microsoft.Network/applicationGateways/appgateway/backendHttpSettingsCollection/backend-http-settings-https",
                "backend_http_settings_name": "backend-http-settings-https",
                "http_listener_id": "/subscriptions/38977b70-47bf-4da5-a492-88712fce8725/resourceGroups/rg-apim-internal-appgw-715pprod/providers/Microsoft.Network/applicationGateways/appgateway/httpListeners/listener-https",
                "http_listener_name": "listener-https",
                "id": "/subscriptions/38977b70-47bf-4da5-a492-88712fce8725/resourceGroups/rg-apim-internal-appgw-715pprod/providers/Microsoft.Network/applicationGateways/appgateway/requestRoutingRules/request-routing-rule",
                "name": "request-routing-rule",
                "priority": 100,
                "redirect_configuration_id": "",
                "redirect_configuration_name": "",
                "rewrite_rule_set_id": "",
                "rewrite_rule_set_name": "",
                "rule_type": "Basic",
                "url_path_map_id": "",
                "url_path_map_name": ""
              }
            ],
            "resource_group_name": "rg-apim-internal-appgw-715pprod",
            "rewrite_rule_set": [],
            "sku": [
              {
                "capacity": 1,
                "name": "Standard_v2",
                "tier": "Standard_v2"
              }
            ],
            "ssl_certificate": [
              {
                "data": "",
                "id": "/subscriptions/38977b70-47bf-4da5-a492-88712fce8725/resourceGroups/rg-apim-internal-appgw-715pprod/providers/Microsoft.Network/applicationGateways/appgateway/sslCertificates/apim-azure.com",
                "key_vault_secret_id": "https://kv-apgw-715pprod.vault.azure.net/secrets/generated-cert/91881a72338f486da05c581aa2a28407",
                "name": "apim-azure.com",
                "password": "",
                "public_cert_data": ""
              }
            ],
            "ssl_policy": [
              {
                "cipher_suites": [],
                "disabled_protocols": [],
                "min_protocol_version": "",
                "policy_name": "AppGwSslPolicy20150501",
                "policy_type": "Predefined"
              }
            ],
            "ssl_profile": [],
            "tags": {},
            "timeouts": null,
            "trusted_client_certificate": [],
            "trusted_root_certificate": [],
            "url_path_map": [],
            "waf_configuration": [],
            "zones": []
          },
          "sensitive_attributes": [],
          "private": "eyJlMmJmYjczMC1lY2FhLTExZTYtOGY4OC0zNDM2M2JjN2M0YzAiOnsiY3JlYXRlIjo1NDAwMDAwMDAwMDAwLCJkZWxldGUiOjU0MDAwMDAwMDAwMDAsInJlYWQiOjMwMDAwMDAwMDAwMCwidXBkYXRlIjo1NDAwMDAwMDAwMDAwfX0=",
          "dependencies": [
            "azurerm_api_management.apim",
            "azurerm_key_vault.keyvault",
            "azurerm_key_vault_certificate.local_domain_certs",
            "azurerm_network_security_group.nsg-apim",
            "azurerm_public_ip.pip-apim",
            "azurerm_public_ip.pip-appgateway",
            "azurerm_resource_group.rg",
            "azurerm_role_assignment.identity-appgw-secret-user",
            "azurerm_role_assignment.role-certificates-officer",
            "azurerm_subnet.subnet-apim",
            "azurerm_subnet.subnet-appgw",
            "azurerm_subnet_network_security_group_association.nsg-association",
            "azurerm_user_assigned_identity.identity-appgw",
            "azurerm_virtual_network.vnet-app",
            "data.azurerm_client_config.current"
          ]
        }
      ]
    },
    {
      "mode": "managed",
      "type": "azurerm_bastion_host",
      "name": "bastion",
      "provider": "provider[\"registry.terraform.io/hashicorp/azurerm\"]",
      "instances": [
        {
          "schema_version": 0,
          "attributes": {
            "copy_paste_enabled": true,
            "dns_name": "bst-6142ec42-009c-4c4d-843e-3b993a800b27.bastion.azure.com",
            "file_copy_enabled": false,
            "id": "/subscriptions/38977b70-47bf-4da5-a492-88712fce8725/resourceGroups/rg-apim-internal-appgw-715pprod/providers/Microsoft.Network/bastionHosts/bastion",
            "ip_configuration": [
              {
                "name": "configuration",
                "public_ip_address_id": "/subscriptions/38977b70-47bf-4da5-a492-88712fce8725/resourceGroups/rg-apim-internal-appgw-715pprod/providers/Microsoft.Network/publicIPAddresses/pip-bastion",
                "subnet_id": "/subscriptions/38977b70-47bf-4da5-a492-88712fce8725/resourceGroups/rg-apim-internal-appgw-715pprod/providers/Microsoft.Network/virtualNetworks/vnet-app/subnets/AzureBastionSubnet"
              }
            ],
            "ip_connect_enabled": false,
            "location": "westeurope",
            "name": "bastion",
            "resource_group_name": "rg-apim-internal-appgw-715pprod",
            "scale_units": 2,
            "shareable_link_enabled": false,
            "sku": "Basic",
            "tags": {},
            "timeouts": null,
            "tunneling_enabled": false
          },
          "sensitive_attributes": [],
          "private": "eyJlMmJmYjczMC1lY2FhLTExZTYtOGY4OC0zNDM2M2JjN2M0YzAiOnsiY3JlYXRlIjoxODAwMDAwMDAwMDAwLCJkZWxldGUiOjE4MDAwMDAwMDAwMDAsInJlYWQiOjMwMDAwMDAwMDAwMCwidXBkYXRlIjoxODAwMDAwMDAwMDAwfSwic2NoZW1hX3ZlcnNpb24iOiIwIn0=",
          "dependencies": [
            "azurerm_public_ip.pip-bastion",
            "azurerm_resource_group.rg",
            "azurerm_subnet.subnet-bastion",
            "azurerm_virtual_network.vnet-app"
          ]
        }
      ]
    },
    {
      "mode": "managed",
      "type": "azurerm_key_vault",
      "name": "keyvault",
      "provider": "provider[\"registry.terraform.io/hashicorp/azurerm\"]",
      "instances": [
        {
          "schema_version": 2,
          "attributes": {
            "access_policy": [],
            "contact": [],
            "enable_rbac_authorization": true,
            "enabled_for_deployment": false,
            "enabled_for_disk_encryption": false,
            "enabled_for_template_deployment": false,
            "id": "/subscriptions/38977b70-47bf-4da5-a492-88712fce8725/resourceGroups/rg-apim-internal-appgw-715pprod/providers/Microsoft.KeyVault/vaults/kv-apgw-715pprod",
            "location": "westeurope",
            "name": "kv-apgw-715pprod",
            "network_acls": [
              {
                "bypass": "AzureServices",
                "default_action": "Allow",
                "ip_rules": [],
                "virtual_network_subnet_ids": []
              }
            ],
            "public_network_access_enabled": true,
            "purge_protection_enabled": false,
            "resource_group_name": "rg-apim-internal-appgw-715pprod",
            "sku_name": "standard",
            "soft_delete_retention_days": 7,
            "tags": {},
            "tenant_id": "a8f7faa1-3e2e-4d84-a6cb-daf7eb97d6e4",
            "timeouts": null,
            "vault_uri": "https://kv-apgw-715pprod.vault.azure.net/"
          },
          "sensitive_attributes": [],
          "private": "eyJlMmJmYjczMC1lY2FhLTExZTYtOGY4OC0zNDM2M2JjN2M0YzAiOnsiY3JlYXRlIjoxODAwMDAwMDAwMDAwLCJkZWxldGUiOjE4MDAwMDAwMDAwMDAsInJlYWQiOjMwMDAwMDAwMDAwMCwidXBkYXRlIjoxODAwMDAwMDAwMDAwfSwic2NoZW1hX3ZlcnNpb24iOiIyIn0=",
          "dependencies": [
            "azurerm_resource_group.rg",
            "data.azurerm_client_config.current"
          ]
        }
      ]
    },
    {
      "mode": "managed",
      "type": "azurerm_key_vault_certificate",
      "name": "local_domain_certs",
      "provider": "provider[\"registry.terraform.io/hashicorp/azurerm\"]",
      "instances": [
        {
          "schema_version": 0,
          "attributes": {
            "certificate": [],
            "certificate_attribute": [
              {
                "created": "2024-01-03T18:53:47Z",
                "enabled": true,
                "expires": "2025-01-03T18:53:47Z",
                "not_before": "2024-01-03T18:43:47Z",
                "recovery_level": "CustomizedRecoverable+Purgeable",
                "updated": "2024-01-03T18:53:47Z"
              }
            ],
            "certificate_data": "3082034B30820233A00302010202105BF767766790402BBB7C36548A0088C0300D06092A864886F70D01010B05003019311730150603550403130E6170696D2D617A7572652E636F6D301E170D3234303130333138343334375A170D3235303130333138353334375A3019311730150603550403130E6170696D2D617A7572652E636F6D30820122300D06092A864886F70D01010105000382010F003082010A0282010100A51158722484C4906D4717F4F798B344C4D7FE4EE3A854102D0FB21AA96455D7547F3414DEA321E612E6B198C1EA72BB88613C501A807D3321F284EF81784B1D5986E2521371412469510EC5F409C7481232CD15E19B6FA5788FCD1CDD9255EAC4BEDAA9E28ED1AF126688759E5FA2B5C8101D2DA7519D90FCDAABD8A0B35BFF2FEBCE7C4588D843A4FE1CFC1C305D9552A38A9E4197BB24B991F3BEA8951367C8470EE9293FF3F28E1F9A94903220B33B33B3BDDA28C83F91AE7E88BACC4BCEEFE1332F844F32CB48185517EDC518C21824D203F224BA37A11A36AE3B048921E707FCE3920B8C37C8D7F30A46532BAA565326CBCE7D8BF22A07FE8AEA499E8D0203010001A3818E30818B300E0603551D0F0101FF0404030205A030090603551D130402300030130603551D25040C300A06082B0601050507030130190603551D1104123010820E6170696D2D617A7572652E636F6D301F0603551D2304183016801433A77B7A42A8B4476DBF24B08C437F20B6A2F09D301D0603551D0E0416041433A77B7A42A8B4476DBF24B08C437F20B6A2F09D300D06092A864886F70D01010B050003820101002C02C8F897B39F0E6B824431375EE998A4C5CFECBDD65382A542BA3CEB64665B467C597A7F6A1DB302F1E4F50C91371A84C550DED81ED8B62F9DF0265412420C30BFD83D3BE84983FFC5AA3DDFDABD7D2BF68C5CDADDCA688AA4F918EB8C9762004C4B592DCBBD6F7A678C95ABCD3EB486CF19D48068427B968D7D290F96FABAA978D8FD51F3B5D118723EB0D0CFB2141B08FF48AA6D0E1916EBEA032B5191FCDEF9CCA269DA6EDCA27A0D9BDAA8D0A0E1D2D4E72368AE36EE4387E9920908B23F265407CD322DD028AC86789A1A5B20545B32E310548DE466644DEEC80B37166070FF85C3ADF7AEAF7B5C7DD340CCAE6DBB730FC4716B13FA01E8D1B31B60B7",
            "certificate_data_base64": "MIIDSzCCAjOgAwIBAgIQW/dndmeQQCu7fDZUigCIwDANBgkqhkiG9w0BAQsFADAZMRcwFQYDVQQDEw5hcGltLWF6dXJlLmNvbTAeFw0yNDAxMDMxODQzNDdaFw0yNTAxMDMxODUzNDdaMBkxFzAVBgNVBAMTDmFwaW0tYXp1cmUuY29tMIIBIjANBgkqhkiG9w0BAQEFAAOCAQ8AMIIBCgKCAQEApRFYciSExJBtRxf095izRMTX/k7jqFQQLQ+yGqlkVddUfzQU3qMh5hLmsZjB6nK7iGE8UBqAfTMh8oTvgXhLHVmG4lITcUEkaVEOxfQJx0gSMs0V4ZtvpXiPzRzdklXqxL7aqeKO0a8SZoh1nl+itcgQHS2nUZ2Q/Nqr2KCzW/8v6858RYjYQ6T+HPwcMF2VUqOKnkGXuyS5kfO+qJUTZ8hHDukpP/Pyjh+alJAyILM7M7O92ijIP5Gufoi6zEvO7+EzL4RPMstIGFUX7cUYwhgk0gPyJLo3oRo2rjsEiSHnB/zjkguMN8jX8wpGUyuqVlMmy859i/IqB/6K6kmejQIDAQABo4GOMIGLMA4GA1UdDwEB/wQEAwIFoDAJBgNVHRMEAjAAMBMGA1UdJQQMMAoGCCsGAQUFBwMBMBkGA1UdEQQSMBCCDmFwaW0tYXp1cmUuY29tMB8GA1UdIwQYMBaAFDOne3pCqLRHbb8ksIxDfyC2ovCdMB0GA1UdDgQWBBQzp3t6Qqi0R22/JLCMQ38gtqLwnTANBgkqhkiG9w0BAQsFAAOCAQEALALI+Jeznw5rgkQxN17pmKTFz+y91lOCpUK6POtkZltGfFl6f2odswLx5PUMkTcahMVQ3tge2LYvnfAmVBJCDDC/2D076EmD/8WqPd/avX0r9oxc2t3KaIqk+RjrjJdiAExLWS3LvW96Z4yVq80+tIbPGdSAaEJ7lo19KQ+W+rqpeNj9UfO10RhyPrDQz7IUGwj/SKptDhkW6+oDK1GR/N75zKJp2m7conoNm9qo0KDh0tTnI2iuNu5Dh+mSCQiyPyZUB80yLdAorIZ4mhpbIFRbMuMQVI3kZmRN7sgLNxZgcP+Fw633rq97XH3TQMyubbtzD8RxaxP6AejRsxtgtw==",
            "certificate_policy": [
              {
                "issuer_parameters": [
                  {
                    "name": "Self"
                  }
                ],
                "key_properties": [
                  {
                    "curve": "",
                    "exportable": true,
                    "key_size": 2048,
                    "key_type": "RSA",
                    "reuse_key": true
                  }
                ],
                "lifetime_action": [
                  {
                    "action": [
                      {
                        "action_type": "AutoRenew"
                      }
                    ],
                    "trigger": [
                      {
                        "days_before_expiry": 30,
                        "lifetime_percentage": 0
                      }
                    ]
                  }
                ],
                "secret_properties": [
                  {
                    "content_type": "application/x-pkcs12"
                  }
                ],
                "x509_certificate_properties": [
                  {
                    "extended_key_usage": [
                      "1.3.6.1.5.5.7.3.1"
                    ],
                    "key_usage": [
                      "digitalSignature",
                      "keyEncipherment"
                    ],
                    "subject": "CN=apim-azure.com",
                    "subject_alternative_names": [
                      {
                        "dns_names": [
                          "apim-azure.com"
                        ],
                        "emails": [],
                        "upns": []
                      }
                    ],
                    "validity_in_months": 12
                  }
                ]
              }
            ],
            "id": "https://kv-apgw-715pprod.vault.azure.net/certificates/generated-cert/91881a72338f486da05c581aa2a28407",
            "key_vault_id": "/subscriptions/38977b70-47bf-4da5-a492-88712fce8725/resourceGroups/rg-apim-internal-appgw-715pprod/providers/Microsoft.KeyVault/vaults/kv-apgw-715pprod",
            "name": "generated-cert",
            "resource_manager_id": "/subscriptions/38977b70-47bf-4da5-a492-88712fce8725/resourceGroups/rg-apim-internal-appgw-715pprod/providers/Microsoft.KeyVault/vaults/kv-apgw-715pprod/certificates/generated-cert/versions/91881a72338f486da05c581aa2a28407",
            "resource_manager_versionless_id": "/subscriptions/38977b70-47bf-4da5-a492-88712fce8725/resourceGroups/rg-apim-internal-appgw-715pprod/providers/Microsoft.KeyVault/vaults/kv-apgw-715pprod/certificates/generated-cert",
            "secret_id": "https://kv-apgw-715pprod.vault.azure.net/secrets/generated-cert/91881a72338f486da05c581aa2a28407",
            "tags": {},
            "thumbprint": "43371A1058D62AFCA451AD032ADBC23DE6CB8DF9",
            "timeouts": null,
            "version": "91881a72338f486da05c581aa2a28407",
            "versionless_id": "https://kv-apgw-715pprod.vault.azure.net/certificates/generated-cert",
            "versionless_secret_id": "https://kv-apgw-715pprod.vault.azure.net/secrets/generated-cert"
          },
          "sensitive_attributes": [],
          "private": "eyJlMmJmYjczMC1lY2FhLTExZTYtOGY4OC0zNDM2M2JjN2M0YzAiOnsiY3JlYXRlIjozNjAwMDAwMDAwMDAwLCJkZWxldGUiOjE4MDAwMDAwMDAwMDAsInJlYWQiOjE4MDAwMDAwMDAwMDAsInVwZGF0ZSI6MTgwMDAwMDAwMDAwMH19",
          "dependencies": [
            "azurerm_key_vault.keyvault",
            "azurerm_resource_group.rg",
            "azurerm_role_assignment.role-certificates-officer",
            "data.azurerm_client_config.current"
          ]
        }
      ]
    },
    {
      "mode": "managed",
      "type": "azurerm_linux_function_app",
      "name": "function-linux-container",
      "provider": "provider[\"registry.terraform.io/hashicorp/azurerm\"]",
      "instances": [
        {
          "schema_version": 0,
          "attributes": {
            "app_settings": {},
            "auth_settings": [],
            "auth_settings_v2": [],
            "backup": [],
            "builtin_logging_enabled": true,
            "client_certificate_enabled": false,
            "client_certificate_exclusion_paths": "",
            "client_certificate_mode": "Optional",
            "connection_string": [],
            "content_share_force_disabled": false,
            "custom_domain_verification_id": "2AE36349F34CF07C26682CAB69940DF26614B5B61797CA2B82A7EC6564045909",
            "daily_memory_time_quota": 0,
            "default_hostname": "function-linux-container-715pprod.azurewebsites.net",
            "enabled": true,
            "ftp_publish_basic_authentication_enabled": true,
            "functions_extension_version": "~4",
            "hosting_environment_id": "",
            "https_only": true,
            "id": "/subscriptions/38977b70-47bf-4da5-a492-88712fce8725/resourceGroups/rg-apim-internal-appgw-715pprod/providers/Microsoft.Web/sites/function-linux-container-715pprod",
            "identity": [],
            "key_vault_reference_identity_id": "SystemAssigned",
            "kind": "functionapp,linux,container",
            "location": "westeurope",
            "name": "function-linux-container-715pprod",
            "outbound_ip_address_list": [
              "20.126.197.114",
              "20.126.197.172",
              "20.126.198.164",
              "20.126.199.116",
              "20.31.113.91",
              "20.31.113.173",
              "20.4.203.38",
              "4.231.64.183",
              "4.231.65.2",
              "4.231.65.39",
              "20.82.43.153",
              "20.82.45.44",
              "20.105.232.51"
            ],
            "outbound_ip_addresses": "20.126.197.114,20.126.197.172,20.126.198.164,20.126.199.116,20.31.113.91,20.31.113.173,20.4.203.38,4.231.64.183,4.231.65.2,4.231.65.39,20.82.43.153,20.82.45.44,20.105.232.51",
            "possible_outbound_ip_address_list": [
              "20.126.197.114",
              "20.126.197.172",
              "20.126.198.164",
              "20.126.199.116",
              "20.31.113.91",
              "20.31.113.173",
              "20.4.203.38",
              "4.231.64.183",
              "4.231.65.2",
              "4.231.65.39",
              "20.82.43.153",
              "20.82.45.44",
              "20.82.45.199",
              "20.82.47.136",
              "20.93.235.51",
              "20.93.238.224",
              "20.93.239.76",
              "20.103.184.53",
              "20.103.187.167",
              "20.103.188.18",
              "20.103.191.194",
              "20.126.195.188",
              "20.126.195.207",
              "20.126.196.59",
              "20.126.197.114",
              "20.126.197.172",
              "20.126.198.164",
              "20.126.199.116",
              "20.31.113.91",
              "20.31.113.173",
              "20.31.113.203",
              "20.31.114.2",
              "20.31.114.38",
              "20.31.114.76",
              "20.31.114.240",
              "20.31.116.186",
              "20.105.232.51"
            ],
            "possible_outbound_ip_addresses": "20.126.197.114,20.126.197.172,20.126.198.164,20.126.199.116,20.31.113.91,20.31.113.173,20.4.203.38,4.231.64.183,4.231.65.2,4.231.65.39,20.82.43.153,20.82.45.44,20.82.45.199,20.82.47.136,20.93.235.51,20.93.238.224,20.93.239.76,20.103.184.53,20.103.187.167,20.103.188.18,20.103.191.194,20.126.195.188,20.126.195.207,20.126.196.59,20.126.197.114,20.126.197.172,20.126.198.164,20.126.199.116,20.31.113.91,20.31.113.173,20.31.113.203,20.31.114.2,20.31.114.38,20.31.114.76,20.31.114.240,20.31.116.186,20.105.232.51",
            "public_network_access_enabled": true,
            "resource_group_name": "rg-apim-internal-appgw-715pprod",
            "service_plan_id": "/subscriptions/38977b70-47bf-4da5-a492-88712fce8725/resourceGroups/rg-apim-internal-appgw-715pprod/providers/Microsoft.Web/serverfarms/plan-functions",
            "site_config": [
              {
                "always_on": true,
                "api_definition_url": "",
                "api_management_api_id": "",
                "app_command_line": "",
                "app_scale_limit": 0,
                "app_service_logs": [],
                "application_insights_connection_string": "",
                "application_insights_key": "",
                "application_stack": [
                  {
                    "docker": [
                      {
                        "image_name": "houssemdocker/backend-api",
                        "image_tag": "1.0",
                        "registry_password": "",
                        "registry_url": "https://index.docker.io",
                        "registry_username": ""
                      }
                    ],
                    "dotnet_version": "",
                    "java_version": "",
                    "node_version": "",
                    "powershell_core_version": "",
                    "python_version": "",
                    "use_custom_runtime": false,
                    "use_dotnet_isolated_runtime": false
                  }
                ],
                "container_registry_managed_identity_client_id": "",
                "container_registry_use_managed_identity": false,
                "cors": [],
                "default_documents": [
                  "Default.htm",
                  "Default.html",
                  "Default.asp",
                  "index.htm",
                  "index.html",
                  "iisstart.htm",
                  "default.aspx",
                  "index.php"
                ],
                "detailed_error_logging_enabled": false,
                "elastic_instance_minimum": 0,
                "ftps_state": "Disabled",
                "health_check_eviction_time_in_min": 0,
                "health_check_path": "",
                "http2_enabled": false,
                "ip_restriction": [
                  {
                    "action": "Allow",
                    "headers": [],
                    "ip_address": "",
                    "name": "",
                    "priority": 65000,
                    "service_tag": "",
                    "virtual_network_subnet_id": "/subscriptions/38977b70-47bf-4da5-a492-88712fce8725/resourceGroups/rg-apim-internal-appgw-715pprod/providers/Microsoft.Network/virtualNetworks/vnet-app/subnets/subnet-apim"
                  }
                ],
                "linux_fx_version": "DOCKER|index.docker.io/houssemdocker/backend-api:1.0",
                "load_balancing_mode": "LeastRequests",
                "managed_pipeline_mode": "Integrated",
                "minimum_tls_version": "1.2",
                "pre_warmed_instance_count": 0,
                "remote_debugging_enabled": false,
                "remote_debugging_version": "",
                "runtime_scale_monitoring_enabled": false,
                "scm_ip_restriction": [],
                "scm_minimum_tls_version": "1.2",
                "scm_type": "None",
                "scm_use_main_ip_restriction": false,
                "use_32_bit_worker": false,
                "vnet_route_all_enabled": false,
                "websockets_enabled": false,
                "worker_count": 1
              }
            ],
            "site_credential": [
              {
                "name": "$function-linux-container-715pprod",
                "password": "l0TGhLmXNf1oPo8kswRxtDe96JafRezeFCxjPbnLCztrhp6v0WoEzgbbPZfE"
              }
            ],
            "sticky_settings": [],
            "storage_account": [],
            "storage_account_access_key": "9N3+NvEw+7RvSbCyaat7p54Yf/Kqf73msUARzfZyo7oWG2InSQtGM0ylHvgIwY/+/DDb4m+9Jtcs+AStnwW5XA==",
            "storage_account_name": "storagefunction715pprod",
            "storage_key_vault_secret_id": "",
            "storage_uses_managed_identity": false,
            "tags": {},
            "timeouts": null,
            "virtual_network_subnet_id": "",
            "webdeploy_publish_basic_authentication_enabled": true,
            "zip_deploy_file": ""
          },
          "sensitive_attributes": [
            [
              {
                "type": "get_attr",
                "value": "storage_account_access_key"
              }
            ]
          ],
          "private": "eyJlMmJmYjczMC1lY2FhLTExZTYtOGY4OC0zNDM2M2JjN2M0YzAiOnsiY3JlYXRlIjoxODAwMDAwMDAwMDAwLCJkZWxldGUiOjE4MDAwMDAwMDAwMDAsInJlYWQiOjMwMDAwMDAwMDAwMCwidXBkYXRlIjoxODAwMDAwMDAwMDAwfX0=",
          "dependencies": [
            "azurerm_resource_group.rg",
            "azurerm_service_plan.plan",
            "azurerm_storage_account.sa",
            "azurerm_subnet.subnet-apim",
            "azurerm_virtual_network.vnet-app"
          ]
        }
      ]
    },
    {
      "mode": "managed",
      "type": "azurerm_network_interface",
      "name": "nic-vm-windows",
      "provider": "provider[\"registry.terraform.io/hashicorp/azurerm\"]",
      "instances": [
        {
          "schema_version": 0,
          "attributes": {
            "applied_dns_servers": [],
            "auxiliary_mode": "",
            "auxiliary_sku": "",
            "dns_servers": [],
            "edge_zone": "",
            "enable_accelerated_networking": false,
            "enable_ip_forwarding": false,
            "id": "/subscriptions/38977b70-47bf-4da5-a492-88712fce8725/resourceGroups/rg-apim-internal-appgw-715pprod/providers/Microsoft.Network/networkInterfaces/nic-vm-windows",
            "internal_dns_name_label": "",
            "internal_domain_name_suffix": "xrgsp0kkwdqetknlkhym45pzwh.ax.internal.cloudapp.net",
            "ip_configuration": [
              {
                "gateway_load_balancer_frontend_ip_configuration_id": "",
                "name": "internal",
                "primary": true,
                "private_ip_address": "10.0.1.4",
                "private_ip_address_allocation": "Dynamic",
                "private_ip_address_version": "IPv4",
                "public_ip_address_id": "",
                "subnet_id": "/subscriptions/38977b70-47bf-4da5-a492-88712fce8725/resourceGroups/rg-apim-internal-appgw-715pprod/providers/Microsoft.Network/virtualNetworks/vnet-app/subnets/subnet-jumpbox"
              }
            ],
            "location": "westeurope",
            "mac_address": "00-0D-3A-2A-30-85",
            "name": "nic-vm-windows",
            "private_ip_address": "10.0.1.4",
            "private_ip_addresses": [
              "10.0.1.4"
            ],
            "resource_group_name": "rg-apim-internal-appgw-715pprod",
            "tags": {},
            "timeouts": null,
            "virtual_machine_id": "/subscriptions/38977b70-47bf-4da5-a492-88712fce8725/resourceGroups/rg-apim-internal-appgw-715pprod/providers/Microsoft.Compute/virtualMachines/vm-windows-w11"
          },
          "sensitive_attributes": [],
          "private": "eyJlMmJmYjczMC1lY2FhLTExZTYtOGY4OC0zNDM2M2JjN2M0YzAiOnsiY3JlYXRlIjoxODAwMDAwMDAwMDAwLCJkZWxldGUiOjE4MDAwMDAwMDAwMDAsInJlYWQiOjMwMDAwMDAwMDAwMCwidXBkYXRlIjoxODAwMDAwMDAwMDAwfX0=",
          "dependencies": [
            "azurerm_resource_group.rg",
            "azurerm_subnet.subnet-jumpbox",
            "azurerm_virtual_network.vnet-app"
          ]
        }
      ]
    },
    {
      "mode": "managed",
      "type": "azurerm_network_security_group",
      "name": "nsg-apim",
      "provider": "provider[\"registry.terraform.io/hashicorp/azurerm\"]",
      "instances": [
        {
          "schema_version": 0,
          "attributes": {
            "id": "/subscriptions/38977b70-47bf-4da5-a492-88712fce8725/resourceGroups/rg-apim-internal-appgw-715pprod/providers/Microsoft.Network/networkSecurityGroups/nsg-apim",
            "location": "westeurope",
            "name": "nsg-apim",
            "resource_group_name": "rg-apim-internal-appgw-715pprod",
            "security_rule": [
              {
                "access": "Allow",
                "description": "",
                "destination_address_prefix": "AzureKeyVault",
                "destination_address_prefixes": [],
                "destination_application_security_group_ids": [],
                "destination_port_range": "443",
                "destination_port_ranges": [],
                "direction": "Outbound",
                "name": "allow-outbound-keyvault",
                "priority": 1040,
                "protocol": "Tcp",
                "source_address_prefix": "VirtualNetwork",
                "source_address_prefixes": [],
                "source_application_security_group_ids": [],
                "source_port_range": "*",
                "source_port_ranges": []
              },
              {
                "access": "Allow",
                "description": "",
                "destination_address_prefix": "SQL",
                "destination_address_prefixes": [],
                "destination_application_security_group_ids": [],
                "destination_port_range": "1443",
                "destination_port_ranges": [],
                "direction": "Outbound",
                "name": "allow-outbound-azure-sql",
                "priority": 1030,
                "protocol": "Tcp",
                "source_address_prefix": "VirtualNetwork",
                "source_address_prefixes": [],
                "source_application_security_group_ids": [],
                "source_port_range": "*",
                "source_port_ranges": []
              },
              {
                "access": "Allow",
                "description": "",
                "destination_address_prefix": "Storage",
                "destination_address_prefixes": [],
                "destination_application_security_group_ids": [],
                "destination_port_range": "443",
                "destination_port_ranges": [],
                "direction": "Outbound",
                "name": "allow-outbound-storage",
                "priority": 1020,
                "protocol": "Tcp",
                "source_address_prefix": "VirtualNetwork",
                "source_address_prefixes": [],
                "source_application_security_group_ids": [],
                "source_port_range": "*",
                "source_port_ranges": []
              },
              {
                "access": "Allow",
                "description": "",
                "destination_address_prefix": "VirtualNetwork",
                "destination_address_prefixes": [],
                "destination_application_security_group_ids": [],
                "destination_port_range": "3443",
                "destination_port_ranges": [],
                "direction": "Inbound",
                "name": "allow-inbound-apim",
                "priority": 1010,
                "protocol": "Tcp",
                "source_address_prefix": "ApiManagement",
                "source_address_prefixes": [],
                "source_application_security_group_ids": [],
                "source_port_range": "*",
                "source_port_ranges": []
              },
              {
                "access": "Allow",
                "description": "",
                "destination_address_prefix": "VirtualNetwork",
                "destination_address_prefixes": [],
                "destination_application_security_group_ids": [],
                "destination_port_range": "443",
                "destination_port_ranges": [],
                "direction": "Inbound",
                "name": "allow-inbound-internet-https",
                "priority": 1030,
                "protocol": "Tcp",
                "source_address_prefix": "Internet",
                "source_address_prefixes": [],
                "source_application_security_group_ids": [],
                "source_port_range": "*",
                "source_port_ranges": []
              },
              {
                "access": "Allow",
                "description": "",
                "destination_address_prefix": "VirtualNetwork",
                "destination_address_prefixes": [],
                "destination_application_security_group_ids": [],
                "destination_port_range": "6390",
                "destination_port_ranges": [],
                "direction": "Inbound",
                "name": "allow-inbound-infra-lb",
                "priority": 1000,
                "protocol": "Tcp",
                "source_address_prefix": "AzureLoadBalancer",
                "source_address_prefixes": [],
                "source_application_security_group_ids": [],
                "source_port_range": "*",
                "source_port_ranges": []
              },
              {
                "access": "Allow",
                "description": "",
                "destination_address_prefix": "VirtualNetwork",
                "destination_address_prefixes": [],
                "destination_application_security_group_ids": [],
                "destination_port_range": "80",
                "destination_port_ranges": [],
                "direction": "Inbound",
                "name": "allow-inbound-internet-http",
                "priority": 1020,
                "protocol": "Tcp",
                "source_address_prefix": "Internet",
                "source_address_prefixes": [],
                "source_application_security_group_ids": [],
                "source_port_range": "*",
                "source_port_ranges": []
              }
            ],
            "tags": {},
            "timeouts": null
          },
          "sensitive_attributes": [],
          "private": "eyJlMmJmYjczMC1lY2FhLTExZTYtOGY4OC0zNDM2M2JjN2M0YzAiOnsiY3JlYXRlIjoxODAwMDAwMDAwMDAwLCJkZWxldGUiOjE4MDAwMDAwMDAwMDAsInJlYWQiOjMwMDAwMDAwMDAwMCwidXBkYXRlIjoxODAwMDAwMDAwMDAwfX0=",
          "dependencies": [
            "azurerm_resource_group.rg"
          ]
        }
      ]
    },
    {
      "mode": "managed",
      "type": "azurerm_network_security_rule",
      "name": "allow-inbound-apim",
      "provider": "provider[\"registry.terraform.io/hashicorp/azurerm\"]",
      "instances": [
        {
          "schema_version": 0,
          "attributes": {
            "access": "Allow",
            "description": "",
            "destination_address_prefix": "VirtualNetwork",
            "destination_address_prefixes": [],
            "destination_application_security_group_ids": [],
            "destination_port_range": "3443",
            "destination_port_ranges": [],
            "direction": "Inbound",
            "id": "/subscriptions/38977b70-47bf-4da5-a492-88712fce8725/resourceGroups/rg-apim-internal-appgw-715pprod/providers/Microsoft.Network/networkSecurityGroups/nsg-apim/securityRules/allow-inbound-apim",
            "name": "allow-inbound-apim",
            "network_security_group_name": "nsg-apim",
            "priority": 1010,
            "protocol": "Tcp",
            "resource_group_name": "rg-apim-internal-appgw-715pprod",
            "source_address_prefix": "ApiManagement",
            "source_address_prefixes": [],
            "source_application_security_group_ids": [],
            "source_port_range": "*",
            "source_port_ranges": [],
            "timeouts": null
          },
          "sensitive_attributes": [],
          "private": "eyJlMmJmYjczMC1lY2FhLTExZTYtOGY4OC0zNDM2M2JjN2M0YzAiOnsiY3JlYXRlIjoxODAwMDAwMDAwMDAwLCJkZWxldGUiOjE4MDAwMDAwMDAwMDAsInJlYWQiOjMwMDAwMDAwMDAwMCwidXBkYXRlIjoxODAwMDAwMDAwMDAwfX0=",
          "dependencies": [
            "azurerm_network_security_group.nsg-apim",
            "azurerm_resource_group.rg"
          ]
        }
      ]
    },
    {
      "mode": "managed",
      "type": "azurerm_network_security_rule",
      "name": "allow-inbound-infra-lb",
      "provider": "provider[\"registry.terraform.io/hashicorp/azurerm\"]",
      "instances": [
        {
          "schema_version": 0,
          "attributes": {
            "access": "Allow",
            "description": "",
            "destination_address_prefix": "VirtualNetwork",
            "destination_address_prefixes": [],
            "destination_application_security_group_ids": [],
            "destination_port_range": "6390",
            "destination_port_ranges": [],
            "direction": "Inbound",
            "id": "/subscriptions/38977b70-47bf-4da5-a492-88712fce8725/resourceGroups/rg-apim-internal-appgw-715pprod/providers/Microsoft.Network/networkSecurityGroups/nsg-apim/securityRules/allow-inbound-infra-lb",
            "name": "allow-inbound-infra-lb",
            "network_security_group_name": "nsg-apim",
            "priority": 1000,
            "protocol": "Tcp",
            "resource_group_name": "rg-apim-internal-appgw-715pprod",
            "source_address_prefix": "AzureLoadBalancer",
            "source_address_prefixes": [],
            "source_application_security_group_ids": [],
            "source_port_range": "*",
            "source_port_ranges": [],
            "timeouts": null
          },
          "sensitive_attributes": [],
          "private": "eyJlMmJmYjczMC1lY2FhLTExZTYtOGY4OC0zNDM2M2JjN2M0YzAiOnsiY3JlYXRlIjoxODAwMDAwMDAwMDAwLCJkZWxldGUiOjE4MDAwMDAwMDAwMDAsInJlYWQiOjMwMDAwMDAwMDAwMCwidXBkYXRlIjoxODAwMDAwMDAwMDAwfX0=",
          "dependencies": [
            "azurerm_network_security_group.nsg-apim",
            "azurerm_resource_group.rg"
          ]
        }
      ]
    },
    {
      "mode": "managed",
      "type": "azurerm_network_security_rule",
      "name": "allow-inbound-internet-http",
      "provider": "provider[\"registry.terraform.io/hashicorp/azurerm\"]",
      "instances": [
        {
          "schema_version": 0,
          "attributes": {
            "access": "Allow",
            "description": "",
            "destination_address_prefix": "VirtualNetwork",
            "destination_address_prefixes": [],
            "destination_application_security_group_ids": [],
            "destination_port_range": "80",
            "destination_port_ranges": [],
            "direction": "Inbound",
            "id": "/subscriptions/38977b70-47bf-4da5-a492-88712fce8725/resourceGroups/rg-apim-internal-appgw-715pprod/providers/Microsoft.Network/networkSecurityGroups/nsg-apim/securityRules/allow-inbound-internet-http",
            "name": "allow-inbound-internet-http",
            "network_security_group_name": "nsg-apim",
            "priority": 1020,
            "protocol": "Tcp",
            "resource_group_name": "rg-apim-internal-appgw-715pprod",
            "source_address_prefix": "Internet",
            "source_address_prefixes": [],
            "source_application_security_group_ids": [],
            "source_port_range": "*",
            "source_port_ranges": [],
            "timeouts": null
          },
          "sensitive_attributes": [],
          "private": "eyJlMmJmYjczMC1lY2FhLTExZTYtOGY4OC0zNDM2M2JjN2M0YzAiOnsiY3JlYXRlIjoxODAwMDAwMDAwMDAwLCJkZWxldGUiOjE4MDAwMDAwMDAwMDAsInJlYWQiOjMwMDAwMDAwMDAwMCwidXBkYXRlIjoxODAwMDAwMDAwMDAwfX0=",
          "dependencies": [
            "azurerm_network_security_group.nsg-apim",
            "azurerm_resource_group.rg"
          ]
        }
      ]
    },
    {
      "mode": "managed",
      "type": "azurerm_network_security_rule",
      "name": "allow-inbound-internet-https",
      "provider": "provider[\"registry.terraform.io/hashicorp/azurerm\"]",
      "instances": [
        {
          "schema_version": 0,
          "attributes": {
            "access": "Allow",
            "description": "",
            "destination_address_prefix": "VirtualNetwork",
            "destination_address_prefixes": [],
            "destination_application_security_group_ids": [],
            "destination_port_range": "443",
            "destination_port_ranges": [],
            "direction": "Inbound",
            "id": "/subscriptions/38977b70-47bf-4da5-a492-88712fce8725/resourceGroups/rg-apim-internal-appgw-715pprod/providers/Microsoft.Network/networkSecurityGroups/nsg-apim/securityRules/allow-inbound-internet-https",
            "name": "allow-inbound-internet-https",
            "network_security_group_name": "nsg-apim",
            "priority": 1030,
            "protocol": "Tcp",
            "resource_group_name": "rg-apim-internal-appgw-715pprod",
            "source_address_prefix": "Internet",
            "source_address_prefixes": [],
            "source_application_security_group_ids": [],
            "source_port_range": "*",
            "source_port_ranges": [],
            "timeouts": null
          },
          "sensitive_attributes": [],
          "private": "eyJlMmJmYjczMC1lY2FhLTExZTYtOGY4OC0zNDM2M2JjN2M0YzAiOnsiY3JlYXRlIjoxODAwMDAwMDAwMDAwLCJkZWxldGUiOjE4MDAwMDAwMDAwMDAsInJlYWQiOjMwMDAwMDAwMDAwMCwidXBkYXRlIjoxODAwMDAwMDAwMDAwfX0=",
          "dependencies": [
            "azurerm_network_security_group.nsg-apim",
            "azurerm_resource_group.rg"
          ]
        }
      ]
    },
    {
      "mode": "managed",
      "type": "azurerm_network_security_rule",
      "name": "allow-outbound-azuresql",
      "provider": "provider[\"registry.terraform.io/hashicorp/azurerm\"]",
      "instances": [
        {
          "index_key": 0,
          "schema_version": 0,
          "attributes": {
            "access": "Allow",
            "description": "",
            "destination_address_prefix": "SQL",
            "destination_address_prefixes": [],
            "destination_application_security_group_ids": [],
            "destination_port_range": "1443",
            "destination_port_ranges": [],
            "direction": "Outbound",
            "id": "/subscriptions/38977b70-47bf-4da5-a492-88712fce8725/resourceGroups/rg-apim-internal-appgw-715pprod/providers/Microsoft.Network/networkSecurityGroups/nsg-apim/securityRules/allow-outbound-azure-sql",
            "name": "allow-outbound-azure-sql",
            "network_security_group_name": "nsg-apim",
            "priority": 1030,
            "protocol": "Tcp",
            "resource_group_name": "rg-apim-internal-appgw-715pprod",
            "source_address_prefix": "VirtualNetwork",
            "source_address_prefixes": [],
            "source_application_security_group_ids": [],
            "source_port_range": "*",
            "source_port_ranges": [],
            "timeouts": null
          },
          "sensitive_attributes": [],
          "private": "eyJlMmJmYjczMC1lY2FhLTExZTYtOGY4OC0zNDM2M2JjN2M0YzAiOnsiY3JlYXRlIjoxODAwMDAwMDAwMDAwLCJkZWxldGUiOjE4MDAwMDAwMDAwMDAsInJlYWQiOjMwMDAwMDAwMDAwMCwidXBkYXRlIjoxODAwMDAwMDAwMDAwfX0=",
          "dependencies": [
            "azurerm_network_security_group.nsg-apim",
            "azurerm_resource_group.rg"
          ]
        }
      ]
    },
    {
      "mode": "managed",
      "type": "azurerm_network_security_rule",
      "name": "allow-outbound-keyvault",
      "provider": "provider[\"registry.terraform.io/hashicorp/azurerm\"]",
      "instances": [
        {
          "index_key": 0,
          "schema_version": 0,
          "attributes": {
            "access": "Allow",
            "description": "",
            "destination_address_prefix": "AzureKeyVault",
            "destination_address_prefixes": [],
            "destination_application_security_group_ids": [],
            "destination_port_range": "443",
            "destination_port_ranges": [],
            "direction": "Outbound",
            "id": "/subscriptions/38977b70-47bf-4da5-a492-88712fce8725/resourceGroups/rg-apim-internal-appgw-715pprod/providers/Microsoft.Network/networkSecurityGroups/nsg-apim/securityRules/allow-outbound-keyvault",
            "name": "allow-outbound-keyvault",
            "network_security_group_name": "nsg-apim",
            "priority": 1040,
            "protocol": "Tcp",
            "resource_group_name": "rg-apim-internal-appgw-715pprod",
            "source_address_prefix": "VirtualNetwork",
            "source_address_prefixes": [],
            "source_application_security_group_ids": [],
            "source_port_range": "*",
            "source_port_ranges": [],
            "timeouts": null
          },
          "sensitive_attributes": [],
          "private": "eyJlMmJmYjczMC1lY2FhLTExZTYtOGY4OC0zNDM2M2JjN2M0YzAiOnsiY3JlYXRlIjoxODAwMDAwMDAwMDAwLCJkZWxldGUiOjE4MDAwMDAwMDAwMDAsInJlYWQiOjMwMDAwMDAwMDAwMCwidXBkYXRlIjoxODAwMDAwMDAwMDAwfX0=",
          "dependencies": [
            "azurerm_network_security_group.nsg-apim",
            "azurerm_resource_group.rg"
          ]
        }
      ]
    },
    {
      "mode": "managed",
      "type": "azurerm_network_security_rule",
      "name": "allow-outbound-storage",
      "provider": "provider[\"registry.terraform.io/hashicorp/azurerm\"]",
      "instances": [
        {
          "index_key": 0,
          "schema_version": 0,
          "attributes": {
            "access": "Allow",
            "description": "",
            "destination_address_prefix": "Storage",
            "destination_address_prefixes": [],
            "destination_application_security_group_ids": [],
            "destination_port_range": "443",
            "destination_port_ranges": [],
            "direction": "Outbound",
            "id": "/subscriptions/38977b70-47bf-4da5-a492-88712fce8725/resourceGroups/rg-apim-internal-appgw-715pprod/providers/Microsoft.Network/networkSecurityGroups/nsg-apim/securityRules/allow-outbound-storage",
            "name": "allow-outbound-storage",
            "network_security_group_name": "nsg-apim",
            "priority": 1020,
            "protocol": "Tcp",
            "resource_group_name": "rg-apim-internal-appgw-715pprod",
            "source_address_prefix": "VirtualNetwork",
            "source_address_prefixes": [],
            "source_application_security_group_ids": [],
            "source_port_range": "*",
            "source_port_ranges": [],
            "timeouts": null
          },
          "sensitive_attributes": [],
          "private": "eyJlMmJmYjczMC1lY2FhLTExZTYtOGY4OC0zNDM2M2JjN2M0YzAiOnsiY3JlYXRlIjoxODAwMDAwMDAwMDAwLCJkZWxldGUiOjE4MDAwMDAwMDAwMDAsInJlYWQiOjMwMDAwMDAwMDAwMCwidXBkYXRlIjoxODAwMDAwMDAwMDAwfX0=",
          "dependencies": [
            "azurerm_network_security_group.nsg-apim",
            "azurerm_resource_group.rg"
          ]
        }
      ]
    },
    {
      "mode": "managed",
      "type": "azurerm_private_dns_a_record",
      "name": "dev_portal_record",
      "provider": "provider[\"registry.terraform.io/hashicorp/azurerm\"]",
      "instances": [
        {
          "schema_version": 0,
          "attributes": {
            "fqdn": "apim-internal-715pprod.portal.azure-api.net.",
            "id": "/subscriptions/38977b70-47bf-4da5-a492-88712fce8725/resourceGroups/rg-apim-internal-appgw-715pprod/providers/Microsoft.Network/privateDnsZones/portal.azure-api.net/A/apim-internal-715pprod",
            "name": "apim-internal-715pprod",
            "records": [
              "10.0.0.4"
            ],
            "resource_group_name": "rg-apim-internal-appgw-715pprod",
            "tags": {},
            "timeouts": null,
            "ttl": 300,
            "zone_name": "portal.azure-api.net"
          },
          "sensitive_attributes": [],
          "private": "eyJlMmJmYjczMC1lY2FhLTExZTYtOGY4OC0zNDM2M2JjN2M0YzAiOnsiY3JlYXRlIjoxODAwMDAwMDAwMDAwLCJkZWxldGUiOjE4MDAwMDAwMDAwMDAsInJlYWQiOjMwMDAwMDAwMDAwMCwidXBkYXRlIjoxODAwMDAwMDAwMDAwfX0=",
          "dependencies": [
            "azurerm_api_management.apim",
            "azurerm_network_security_group.nsg-apim",
            "azurerm_private_dns_zone.dev_portal",
            "azurerm_public_ip.pip-apim",
            "azurerm_resource_group.rg",
            "azurerm_subnet.subnet-apim",
            "azurerm_subnet_network_security_group_association.nsg-association",
            "azurerm_virtual_network.vnet-app"
          ]
        }
      ]
    },
    {
      "mode": "managed",
      "type": "azurerm_private_dns_a_record",
      "name": "gateway_record",
      "provider": "provider[\"registry.terraform.io/hashicorp/azurerm\"]",
      "instances": [
        {
          "schema_version": 0,
          "attributes": {
            "fqdn": "apim-internal-715pprod.azure-api.net.",
            "id": "/subscriptions/38977b70-47bf-4da5-a492-88712fce8725/resourceGroups/rg-apim-internal-appgw-715pprod/providers/Microsoft.Network/privateDnsZones/azure-api.net/A/apim-internal-715pprod",
            "name": "apim-internal-715pprod",
            "records": [
              "10.0.0.4"
            ],
            "resource_group_name": "rg-apim-internal-appgw-715pprod",
            "tags": {},
            "timeouts": null,
            "ttl": 36000,
            "zone_name": "azure-api.net"
          },
          "sensitive_attributes": [],
          "private": "eyJlMmJmYjczMC1lY2FhLTExZTYtOGY4OC0zNDM2M2JjN2M0YzAiOnsiY3JlYXRlIjoxODAwMDAwMDAwMDAwLCJkZWxldGUiOjE4MDAwMDAwMDAwMDAsInJlYWQiOjMwMDAwMDAwMDAwMCwidXBkYXRlIjoxODAwMDAwMDAwMDAwfX0=",
          "dependencies": [
            "azurerm_api_management.apim",
            "azurerm_network_security_group.nsg-apim",
            "azurerm_private_dns_zone.gateway",
            "azurerm_public_ip.pip-apim",
            "azurerm_resource_group.rg",
            "azurerm_subnet.subnet-apim",
            "azurerm_subnet_network_security_group_association.nsg-association",
            "azurerm_virtual_network.vnet-app"
          ]
        }
      ]
    },
    {
      "mode": "managed",
      "type": "azurerm_private_dns_a_record",
      "name": "mgmt_portal_record",
      "provider": "provider[\"registry.terraform.io/hashicorp/azurerm\"]",
      "instances": [
        {
          "schema_version": 0,
          "attributes": {
            "fqdn": "apim-internal-715pprod.management.azure-api.net.",
            "id": "/subscriptions/38977b70-47bf-4da5-a492-88712fce8725/resourceGroups/rg-apim-internal-appgw-715pprod/providers/Microsoft.Network/privateDnsZones/management.azure-api.net/A/apim-internal-715pprod",
            "name": "apim-internal-715pprod",
            "records": [
              "10.0.0.4"
            ],
            "resource_group_name": "rg-apim-internal-appgw-715pprod",
            "tags": {},
            "timeouts": null,
            "ttl": 300,
            "zone_name": "management.azure-api.net"
          },
          "sensitive_attributes": [],
          "private": "eyJlMmJmYjczMC1lY2FhLTExZTYtOGY4OC0zNDM2M2JjN2M0YzAiOnsiY3JlYXRlIjoxODAwMDAwMDAwMDAwLCJkZWxldGUiOjE4MDAwMDAwMDAwMDAsInJlYWQiOjMwMDAwMDAwMDAwMCwidXBkYXRlIjoxODAwMDAwMDAwMDAwfX0=",
          "dependencies": [
            "azurerm_api_management.apim",
            "azurerm_network_security_group.nsg-apim",
            "azurerm_private_dns_zone.mgmt_portal",
            "azurerm_public_ip.pip-apim",
            "azurerm_resource_group.rg",
            "azurerm_subnet.subnet-apim",
            "azurerm_subnet_network_security_group_association.nsg-association",
            "azurerm_virtual_network.vnet-app"
          ]
        }
      ]
    },
    {
      "mode": "managed",
      "type": "azurerm_private_dns_a_record",
      "name": "new_dev_portal_record",
      "provider": "provider[\"registry.terraform.io/hashicorp/azurerm\"]",
      "instances": [
        {
          "schema_version": 0,
          "attributes": {
            "fqdn": "apim-internal-715pprod.developer.azure-api.net.",
            "id": "/subscriptions/38977b70-47bf-4da5-a492-88712fce8725/resourceGroups/rg-apim-internal-appgw-715pprod/providers/Microsoft.Network/privateDnsZones/developer.azure-api.net/A/apim-internal-715pprod",
            "name": "apim-internal-715pprod",
            "records": [
              "10.0.0.4"
            ],
            "resource_group_name": "rg-apim-internal-appgw-715pprod",
            "tags": {},
            "timeouts": null,
            "ttl": 300,
            "zone_name": "developer.azure-api.net"
          },
          "sensitive_attributes": [],
          "private": "eyJlMmJmYjczMC1lY2FhLTExZTYtOGY4OC0zNDM2M2JjN2M0YzAiOnsiY3JlYXRlIjoxODAwMDAwMDAwMDAwLCJkZWxldGUiOjE4MDAwMDAwMDAwMDAsInJlYWQiOjMwMDAwMDAwMDAwMCwidXBkYXRlIjoxODAwMDAwMDAwMDAwfX0=",
          "dependencies": [
            "azurerm_api_management.apim",
            "azurerm_network_security_group.nsg-apim",
            "azurerm_private_dns_zone.new_dev_portal",
            "azurerm_public_ip.pip-apim",
            "azurerm_resource_group.rg",
            "azurerm_subnet.subnet-apim",
            "azurerm_subnet_network_security_group_association.nsg-association",
            "azurerm_virtual_network.vnet-app"
          ]
        }
      ]
    },
    {
      "mode": "managed",
      "type": "azurerm_private_dns_a_record",
      "name": "scm_record",
      "provider": "provider[\"registry.terraform.io/hashicorp/azurerm\"]",
      "instances": [
        {
          "schema_version": 0,
          "attributes": {
            "fqdn": "apim-internal-715pprod.scm.azure-api.net.",
            "id": "/subscriptions/38977b70-47bf-4da5-a492-88712fce8725/resourceGroups/rg-apim-internal-appgw-715pprod/providers/Microsoft.Network/privateDnsZones/scm.azure-api.net/A/apim-internal-715pprod",
            "name": "apim-internal-715pprod",
            "records": [
              "10.0.0.4"
            ],
            "resource_group_name": "rg-apim-internal-appgw-715pprod",
            "tags": {},
            "timeouts": null,
            "ttl": 300,
            "zone_name": "scm.azure-api.net"
          },
          "sensitive_attributes": [],
          "private": "eyJlMmJmYjczMC1lY2FhLTExZTYtOGY4OC0zNDM2M2JjN2M0YzAiOnsiY3JlYXRlIjoxODAwMDAwMDAwMDAwLCJkZWxldGUiOjE4MDAwMDAwMDAwMDAsInJlYWQiOjMwMDAwMDAwMDAwMCwidXBkYXRlIjoxODAwMDAwMDAwMDAwfX0=",
          "dependencies": [
            "azurerm_api_management.apim",
            "azurerm_network_security_group.nsg-apim",
            "azurerm_private_dns_zone.scm",
            "azurerm_public_ip.pip-apim",
            "azurerm_resource_group.rg",
            "azurerm_subnet.subnet-apim",
            "azurerm_subnet_network_security_group_association.nsg-association",
            "azurerm_virtual_network.vnet-app"
          ]
        }
      ]
    },
    {
      "mode": "managed",
      "type": "azurerm_private_dns_zone",
      "name": "dev_portal",
      "provider": "provider[\"registry.terraform.io/hashicorp/azurerm\"]",
      "instances": [
        {
          "schema_version": 0,
          "attributes": {
            "id": "/subscriptions/38977b70-47bf-4da5-a492-88712fce8725/resourceGroups/rg-apim-internal-appgw-715pprod/providers/Microsoft.Network/privateDnsZones/portal.azure-api.net",
            "max_number_of_record_sets": 25000,
            "max_number_of_virtual_network_links": 1000,
            "max_number_of_virtual_network_links_with_registration": 100,
            "name": "portal.azure-api.net",
            "number_of_record_sets": 2,
            "resource_group_name": "rg-apim-internal-appgw-715pprod",
            "soa_record": [
              {
                "email": "azureprivatedns-host.microsoft.com",
                "expire_time": 2419200,
                "fqdn": "portal.azure-api.net.",
                "host_name": "azureprivatedns.net",
                "minimum_ttl": 10,
                "refresh_time": 3600,
                "retry_time": 300,
                "serial_number": 1,
                "tags": {},
                "ttl": 3600
              }
            ],
            "tags": {},
            "timeouts": null
          },
          "sensitive_attributes": [],
          "private": "eyJlMmJmYjczMC1lY2FhLTExZTYtOGY4OC0zNDM2M2JjN2M0YzAiOnsiY3JlYXRlIjoxODAwMDAwMDAwMDAwLCJkZWxldGUiOjE4MDAwMDAwMDAwMDAsInJlYWQiOjMwMDAwMDAwMDAwMCwidXBkYXRlIjoxODAwMDAwMDAwMDAwfX0=",
          "dependencies": [
            "azurerm_resource_group.rg"
          ]
        }
      ]
    },
    {
      "mode": "managed",
      "type": "azurerm_private_dns_zone",
      "name": "gateway",
      "provider": "provider[\"registry.terraform.io/hashicorp/azurerm\"]",
      "instances": [
        {
          "schema_version": 0,
          "attributes": {
            "id": "/subscriptions/38977b70-47bf-4da5-a492-88712fce8725/resourceGroups/rg-apim-internal-appgw-715pprod/providers/Microsoft.Network/privateDnsZones/azure-api.net",
            "max_number_of_record_sets": 25000,
            "max_number_of_virtual_network_links": 1000,
            "max_number_of_virtual_network_links_with_registration": 100,
            "name": "azure-api.net",
            "number_of_record_sets": 2,
            "resource_group_name": "rg-apim-internal-appgw-715pprod",
            "soa_record": [
              {
                "email": "azureprivatedns-host.microsoft.com",
                "expire_time": 2419200,
                "fqdn": "azure-api.net.",
                "host_name": "azureprivatedns.net",
                "minimum_ttl": 10,
                "refresh_time": 3600,
                "retry_time": 300,
                "serial_number": 1,
                "tags": {},
                "ttl": 3600
              }
            ],
            "tags": {},
            "timeouts": null
          },
          "sensitive_attributes": [],
          "private": "eyJlMmJmYjczMC1lY2FhLTExZTYtOGY4OC0zNDM2M2JjN2M0YzAiOnsiY3JlYXRlIjoxODAwMDAwMDAwMDAwLCJkZWxldGUiOjE4MDAwMDAwMDAwMDAsInJlYWQiOjMwMDAwMDAwMDAwMCwidXBkYXRlIjoxODAwMDAwMDAwMDAwfX0=",
          "dependencies": [
            "azurerm_resource_group.rg"
          ]
        }
      ]
    },
    {
      "mode": "managed",
      "type": "azurerm_private_dns_zone",
      "name": "mgmt_portal",
      "provider": "provider[\"registry.terraform.io/hashicorp/azurerm\"]",
      "instances": [
        {
          "schema_version": 0,
          "attributes": {
            "id": "/subscriptions/38977b70-47bf-4da5-a492-88712fce8725/resourceGroups/rg-apim-internal-appgw-715pprod/providers/Microsoft.Network/privateDnsZones/management.azure-api.net",
            "max_number_of_record_sets": 25000,
            "max_number_of_virtual_network_links": 1000,
            "max_number_of_virtual_network_links_with_registration": 100,
            "name": "management.azure-api.net",
            "number_of_record_sets": 2,
            "resource_group_name": "rg-apim-internal-appgw-715pprod",
            "soa_record": [
              {
                "email": "azureprivatedns-host.microsoft.com",
                "expire_time": 2419200,
                "fqdn": "management.azure-api.net.",
                "host_name": "azureprivatedns.net",
                "minimum_ttl": 10,
                "refresh_time": 3600,
                "retry_time": 300,
                "serial_number": 1,
                "tags": {},
                "ttl": 3600
              }
            ],
            "tags": {},
            "timeouts": null
          },
          "sensitive_attributes": [],
          "private": "eyJlMmJmYjczMC1lY2FhLTExZTYtOGY4OC0zNDM2M2JjN2M0YzAiOnsiY3JlYXRlIjoxODAwMDAwMDAwMDAwLCJkZWxldGUiOjE4MDAwMDAwMDAwMDAsInJlYWQiOjMwMDAwMDAwMDAwMCwidXBkYXRlIjoxODAwMDAwMDAwMDAwfX0=",
          "dependencies": [
            "azurerm_resource_group.rg"
          ]
        }
      ]
    },
    {
      "mode": "managed",
      "type": "azurerm_private_dns_zone",
      "name": "new_dev_portal",
      "provider": "provider[\"registry.terraform.io/hashicorp/azurerm\"]",
      "instances": [
        {
          "schema_version": 0,
          "attributes": {
            "id": "/subscriptions/38977b70-47bf-4da5-a492-88712fce8725/resourceGroups/rg-apim-internal-appgw-715pprod/providers/Microsoft.Network/privateDnsZones/developer.azure-api.net",
            "max_number_of_record_sets": 25000,
            "max_number_of_virtual_network_links": 1000,
            "max_number_of_virtual_network_links_with_registration": 100,
            "name": "developer.azure-api.net",
            "number_of_record_sets": 2,
            "resource_group_name": "rg-apim-internal-appgw-715pprod",
            "soa_record": [
              {
                "email": "azureprivatedns-host.microsoft.com",
                "expire_time": 2419200,
                "fqdn": "developer.azure-api.net.",
                "host_name": "azureprivatedns.net",
                "minimum_ttl": 10,
                "refresh_time": 3600,
                "retry_time": 300,
                "serial_number": 1,
                "tags": {},
                "ttl": 3600
              }
            ],
            "tags": {},
            "timeouts": null
          },
          "sensitive_attributes": [],
          "private": "eyJlMmJmYjczMC1lY2FhLTExZTYtOGY4OC0zNDM2M2JjN2M0YzAiOnsiY3JlYXRlIjoxODAwMDAwMDAwMDAwLCJkZWxldGUiOjE4MDAwMDAwMDAwMDAsInJlYWQiOjMwMDAwMDAwMDAwMCwidXBkYXRlIjoxODAwMDAwMDAwMDAwfX0=",
          "dependencies": [
            "azurerm_resource_group.rg"
          ]
        }
      ]
    },
    {
      "mode": "managed",
      "type": "azurerm_private_dns_zone",
      "name": "scm",
      "provider": "provider[\"registry.terraform.io/hashicorp/azurerm\"]",
      "instances": [
        {
          "schema_version": 0,
          "attributes": {
            "id": "/subscriptions/38977b70-47bf-4da5-a492-88712fce8725/resourceGroups/rg-apim-internal-appgw-715pprod/providers/Microsoft.Network/privateDnsZones/scm.azure-api.net",
            "max_number_of_record_sets": 25000,
            "max_number_of_virtual_network_links": 1000,
            "max_number_of_virtual_network_links_with_registration": 100,
            "name": "scm.azure-api.net",
            "number_of_record_sets": 2,
            "resource_group_name": "rg-apim-internal-appgw-715pprod",
            "soa_record": [
              {
                "email": "azureprivatedns-host.microsoft.com",
                "expire_time": 2419200,
                "fqdn": "scm.azure-api.net.",
                "host_name": "azureprivatedns.net",
                "minimum_ttl": 10,
                "refresh_time": 3600,
                "retry_time": 300,
                "serial_number": 1,
                "tags": {},
                "ttl": 3600
              }
            ],
            "tags": {},
            "timeouts": null
          },
          "sensitive_attributes": [],
          "private": "eyJlMmJmYjczMC1lY2FhLTExZTYtOGY4OC0zNDM2M2JjN2M0YzAiOnsiY3JlYXRlIjoxODAwMDAwMDAwMDAwLCJkZWxldGUiOjE4MDAwMDAwMDAwMDAsInJlYWQiOjMwMDAwMDAwMDAwMCwidXBkYXRlIjoxODAwMDAwMDAwMDAwfX0=",
          "dependencies": [
            "azurerm_resource_group.rg"
          ]
        }
      ]
    },
    {
      "mode": "managed",
      "type": "azurerm_private_dns_zone_virtual_network_link",
      "name": "dev_portal_vnetlink",
      "provider": "provider[\"registry.terraform.io/hashicorp/azurerm\"]",
      "instances": [
        {
          "schema_version": 0,
          "attributes": {
            "id": "/subscriptions/38977b70-47bf-4da5-a492-88712fce8725/resourceGroups/rg-apim-internal-appgw-715pprod/providers/Microsoft.Network/privateDnsZones/portal.azure-api.net/virtualNetworkLinks/portal-vnet-link",
            "name": "portal-vnet-link",
            "private_dns_zone_name": "portal.azure-api.net",
            "registration_enabled": false,
            "resource_group_name": "rg-apim-internal-appgw-715pprod",
            "tags": {},
            "timeouts": null,
            "virtual_network_id": "/subscriptions/38977b70-47bf-4da5-a492-88712fce8725/resourceGroups/rg-apim-internal-appgw-715pprod/providers/Microsoft.Network/virtualNetworks/vnet-app"
          },
          "sensitive_attributes": [],
          "private": "eyJlMmJmYjczMC1lY2FhLTExZTYtOGY4OC0zNDM2M2JjN2M0YzAiOnsiY3JlYXRlIjoxODAwMDAwMDAwMDAwLCJkZWxldGUiOjE4MDAwMDAwMDAwMDAsInJlYWQiOjMwMDAwMDAwMDAwMCwidXBkYXRlIjoxODAwMDAwMDAwMDAwfX0=",
          "dependencies": [
            "azurerm_private_dns_zone.dev_portal",
            "azurerm_resource_group.rg",
            "azurerm_virtual_network.vnet-app"
          ]
        }
      ]
    },
    {
      "mode": "managed",
      "type": "azurerm_private_dns_zone_virtual_network_link",
      "name": "gateway_vnetlink",
      "provider": "provider[\"registry.terraform.io/hashicorp/azurerm\"]",
      "instances": [
        {
          "schema_version": 0,
          "attributes": {
            "id": "/subscriptions/38977b70-47bf-4da5-a492-88712fce8725/resourceGroups/rg-apim-internal-appgw-715pprod/providers/Microsoft.Network/privateDnsZones/azure-api.net/virtualNetworkLinks/gateway-vnet-link",
            "name": "gateway-vnet-link",
            "private_dns_zone_name": "azure-api.net",
            "registration_enabled": false,
            "resource_group_name": "rg-apim-internal-appgw-715pprod",
            "tags": {},
            "timeouts": null,
            "virtual_network_id": "/subscriptions/38977b70-47bf-4da5-a492-88712fce8725/resourceGroups/rg-apim-internal-appgw-715pprod/providers/Microsoft.Network/virtualNetworks/vnet-app"
          },
          "sensitive_attributes": [],
          "private": "eyJlMmJmYjczMC1lY2FhLTExZTYtOGY4OC0zNDM2M2JjN2M0YzAiOnsiY3JlYXRlIjoxODAwMDAwMDAwMDAwLCJkZWxldGUiOjE4MDAwMDAwMDAwMDAsInJlYWQiOjMwMDAwMDAwMDAwMCwidXBkYXRlIjoxODAwMDAwMDAwMDAwfX0=",
          "dependencies": [
            "azurerm_private_dns_zone.gateway",
            "azurerm_resource_group.rg",
            "azurerm_virtual_network.vnet-app"
          ]
        }
      ]
    },
    {
      "mode": "managed",
      "type": "azurerm_private_dns_zone_virtual_network_link",
      "name": "mgmt_vnetlink",
      "provider": "provider[\"registry.terraform.io/hashicorp/azurerm\"]",
      "instances": [
        {
          "schema_version": 0,
          "attributes": {
            "id": "/subscriptions/38977b70-47bf-4da5-a492-88712fce8725/resourceGroups/rg-apim-internal-appgw-715pprod/providers/Microsoft.Network/privateDnsZones/management.azure-api.net/virtualNetworkLinks/mgmt-vnet-link",
            "name": "mgmt-vnet-link",
            "private_dns_zone_name": "management.azure-api.net",
            "registration_enabled": false,
            "resource_group_name": "rg-apim-internal-appgw-715pprod",
            "tags": {},
            "timeouts": null,
            "virtual_network_id": "/subscriptions/38977b70-47bf-4da5-a492-88712fce8725/resourceGroups/rg-apim-internal-appgw-715pprod/providers/Microsoft.Network/virtualNetworks/vnet-app"
          },
          "sensitive_attributes": [],
          "private": "eyJlMmJmYjczMC1lY2FhLTExZTYtOGY4OC0zNDM2M2JjN2M0YzAiOnsiY3JlYXRlIjoxODAwMDAwMDAwMDAwLCJkZWxldGUiOjE4MDAwMDAwMDAwMDAsInJlYWQiOjMwMDAwMDAwMDAwMCwidXBkYXRlIjoxODAwMDAwMDAwMDAwfX0=",
          "dependencies": [
            "azurerm_private_dns_zone.mgmt_portal",
            "azurerm_resource_group.rg",
            "azurerm_virtual_network.vnet-app"
          ]
        }
      ]
    },
    {
      "mode": "managed",
      "type": "azurerm_private_dns_zone_virtual_network_link",
      "name": "new_dev_portal_vnetlink",
      "provider": "provider[\"registry.terraform.io/hashicorp/azurerm\"]",
      "instances": [
        {
          "schema_version": 0,
          "attributes": {
            "id": "/subscriptions/38977b70-47bf-4da5-a492-88712fce8725/resourceGroups/rg-apim-internal-appgw-715pprod/providers/Microsoft.Network/privateDnsZones/developer.azure-api.net/virtualNetworkLinks/dev-portal-vnet-link",
            "name": "dev-portal-vnet-link",
            "private_dns_zone_name": "developer.azure-api.net",
            "registration_enabled": false,
            "resource_group_name": "rg-apim-internal-appgw-715pprod",
            "tags": {},
            "timeouts": null,
            "virtual_network_id": "/subscriptions/38977b70-47bf-4da5-a492-88712fce8725/resourceGroups/rg-apim-internal-appgw-715pprod/providers/Microsoft.Network/virtualNetworks/vnet-app"
          },
          "sensitive_attributes": [],
          "private": "eyJlMmJmYjczMC1lY2FhLTExZTYtOGY4OC0zNDM2M2JjN2M0YzAiOnsiY3JlYXRlIjoxODAwMDAwMDAwMDAwLCJkZWxldGUiOjE4MDAwMDAwMDAwMDAsInJlYWQiOjMwMDAwMDAwMDAwMCwidXBkYXRlIjoxODAwMDAwMDAwMDAwfX0=",
          "dependencies": [
            "azurerm_private_dns_zone.new_dev_portal",
            "azurerm_resource_group.rg",
            "azurerm_virtual_network.vnet-app"
          ]
        }
      ]
    },
    {
      "mode": "managed",
      "type": "azurerm_private_dns_zone_virtual_network_link",
      "name": "scm_vnetlink",
      "provider": "provider[\"registry.terraform.io/hashicorp/azurerm\"]",
      "instances": [
        {
          "schema_version": 0,
          "attributes": {
            "id": "/subscriptions/38977b70-47bf-4da5-a492-88712fce8725/resourceGroups/rg-apim-internal-appgw-715pprod/providers/Microsoft.Network/privateDnsZones/scm.azure-api.net/virtualNetworkLinks/scm-vnet-link",
            "name": "scm-vnet-link",
            "private_dns_zone_name": "scm.azure-api.net",
            "registration_enabled": false,
            "resource_group_name": "rg-apim-internal-appgw-715pprod",
            "tags": {},
            "timeouts": null,
            "virtual_network_id": "/subscriptions/38977b70-47bf-4da5-a492-88712fce8725/resourceGroups/rg-apim-internal-appgw-715pprod/providers/Microsoft.Network/virtualNetworks/vnet-app"
          },
          "sensitive_attributes": [],
          "private": "eyJlMmJmYjczMC1lY2FhLTExZTYtOGY4OC0zNDM2M2JjN2M0YzAiOnsiY3JlYXRlIjoxODAwMDAwMDAwMDAwLCJkZWxldGUiOjE4MDAwMDAwMDAwMDAsInJlYWQiOjMwMDAwMDAwMDAwMCwidXBkYXRlIjoxODAwMDAwMDAwMDAwfX0=",
          "dependencies": [
            "azurerm_private_dns_zone.scm",
            "azurerm_resource_group.rg",
            "azurerm_virtual_network.vnet-app"
          ]
        }
      ]
    },
    {
      "mode": "managed",
      "type": "azurerm_public_ip",
      "name": "pip-apim",
      "provider": "provider[\"registry.terraform.io/hashicorp/azurerm\"]",
      "instances": [
        {
          "schema_version": 0,
          "attributes": {
            "allocation_method": "Static",
            "ddos_protection_mode": "VirtualNetworkInherited",
            "ddos_protection_plan_id": null,
            "domain_name_label": "apim-internal-715pprod",
            "edge_zone": "",
            "fqdn": "apim-internal-715pprod.westeurope.cloudapp.azure.com",
            "id": "/subscriptions/38977b70-47bf-4da5-a492-88712fce8725/resourceGroups/rg-apim-internal-appgw-715pprod/providers/Microsoft.Network/publicIPAddresses/pip-apim",
            "idle_timeout_in_minutes": 4,
            "ip_address": "20.123.214.69",
            "ip_tags": {},
            "ip_version": "IPv4",
            "location": "westeurope",
            "name": "pip-apim",
            "public_ip_prefix_id": null,
            "resource_group_name": "rg-apim-internal-appgw-715pprod",
            "reverse_fqdn": "",
            "sku": "Standard",
            "sku_tier": "Regional",
            "tags": {},
            "timeouts": null,
            "zones": [
              "1"
            ]
          },
          "sensitive_attributes": [],
          "private": "eyJlMmJmYjczMC1lY2FhLTExZTYtOGY4OC0zNDM2M2JjN2M0YzAiOnsiY3JlYXRlIjoxODAwMDAwMDAwMDAwLCJkZWxldGUiOjE4MDAwMDAwMDAwMDAsInJlYWQiOjMwMDAwMDAwMDAwMCwidXBkYXRlIjoxODAwMDAwMDAwMDAwfX0=",
          "dependencies": [
            "azurerm_resource_group.rg"
          ]
        }
      ]
    },
    {
      "mode": "managed",
      "type": "azurerm_public_ip",
      "name": "pip-appgateway",
      "provider": "provider[\"registry.terraform.io/hashicorp/azurerm\"]",
      "instances": [
        {
          "schema_version": 0,
          "attributes": {
            "allocation_method": "Static",
            "ddos_protection_mode": "VirtualNetworkInherited",
            "ddos_protection_plan_id": null,
            "domain_name_label": null,
            "edge_zone": "",
            "fqdn": null,
            "id": "/subscriptions/38977b70-47bf-4da5-a492-88712fce8725/resourceGroups/rg-apim-internal-appgw-715pprod/providers/Microsoft.Network/publicIPAddresses/pip-appgateway",
            "idle_timeout_in_minutes": 4,
            "ip_address": "20.16.6.200",
            "ip_tags": {},
            "ip_version": "IPv4",
            "location": "westeurope",
            "name": "pip-appgateway",
            "public_ip_prefix_id": null,
            "resource_group_name": "rg-apim-internal-appgw-715pprod",
            "reverse_fqdn": null,
            "sku": "Standard",
            "sku_tier": "Regional",
            "tags": {},
            "timeouts": null,
            "zones": []
          },
          "sensitive_attributes": [],
          "private": "eyJlMmJmYjczMC1lY2FhLTExZTYtOGY4OC0zNDM2M2JjN2M0YzAiOnsiY3JlYXRlIjoxODAwMDAwMDAwMDAwLCJkZWxldGUiOjE4MDAwMDAwMDAwMDAsInJlYWQiOjMwMDAwMDAwMDAwMCwidXBkYXRlIjoxODAwMDAwMDAwMDAwfX0=",
          "dependencies": [
            "azurerm_resource_group.rg"
          ]
        }
      ]
    },
    {
      "mode": "managed",
      "type": "azurerm_public_ip",
      "name": "pip-bastion",
      "provider": "provider[\"registry.terraform.io/hashicorp/azurerm\"]",
      "instances": [
        {
          "schema_version": 0,
          "attributes": {
            "allocation_method": "Static",
            "ddos_protection_mode": "VirtualNetworkInherited",
            "ddos_protection_plan_id": null,
            "domain_name_label": null,
            "edge_zone": "",
            "fqdn": null,
            "id": "/subscriptions/38977b70-47bf-4da5-a492-88712fce8725/resourceGroups/rg-apim-internal-appgw-715pprod/providers/Microsoft.Network/publicIPAddresses/pip-bastion",
            "idle_timeout_in_minutes": 4,
            "ip_address": "20.16.6.70",
            "ip_tags": {},
            "ip_version": "IPv4",
            "location": "westeurope",
            "name": "pip-bastion",
            "public_ip_prefix_id": null,
            "resource_group_name": "rg-apim-internal-appgw-715pprod",
            "reverse_fqdn": null,
            "sku": "Standard",
            "sku_tier": "Regional",
            "tags": {},
            "timeouts": null,
            "zones": []
          },
          "sensitive_attributes": [],
          "private": "eyJlMmJmYjczMC1lY2FhLTExZTYtOGY4OC0zNDM2M2JjN2M0YzAiOnsiY3JlYXRlIjoxODAwMDAwMDAwMDAwLCJkZWxldGUiOjE4MDAwMDAwMDAwMDAsInJlYWQiOjMwMDAwMDAwMDAwMCwidXBkYXRlIjoxODAwMDAwMDAwMDAwfX0=",
          "dependencies": [
            "azurerm_resource_group.rg"
          ]
        }
      ]
    },
    {
      "mode": "managed",
      "type": "azurerm_resource_group",
      "name": "rg",
      "provider": "provider[\"registry.terraform.io/hashicorp/azurerm\"]",
      "instances": [
        {
          "schema_version": 0,
          "attributes": {
            "id": "/subscriptions/38977b70-47bf-4da5-a492-88712fce8725/resourceGroups/rg-apim-internal-appgw-715pprod",
            "location": "westeurope",
            "managed_by": "",
            "name": "rg-apim-internal-appgw-715pprod",
            "tags": {},
            "timeouts": null
          },
          "sensitive_attributes": [],
          "private": "eyJlMmJmYjczMC1lY2FhLTExZTYtOGY4OC0zNDM2M2JjN2M0YzAiOnsiY3JlYXRlIjo1NDAwMDAwMDAwMDAwLCJkZWxldGUiOjU0MDAwMDAwMDAwMDAsInJlYWQiOjMwMDAwMDAwMDAwMCwidXBkYXRlIjo1NDAwMDAwMDAwMDAwfX0="
        }
      ]
    },
    {
      "mode": "managed",
      "type": "azurerm_role_assignment",
      "name": "identity-appgw-secret-user",
      "provider": "provider[\"registry.terraform.io/hashicorp/azurerm\"]",
      "instances": [
        {
          "schema_version": 0,
          "attributes": {
            "condition": "",
            "condition_version": "",
            "delegated_managed_identity_resource_id": "",
            "description": "",
            "id": "/subscriptions/38977b70-47bf-4da5-a492-88712fce8725/resourceGroups/rg-apim-internal-appgw-715pprod/providers/Microsoft.KeyVault/vaults/kv-apgw-715pprod/providers/Microsoft.Authorization/roleAssignments/a3722ea5-7868-6dca-56cf-10438c0df09a",
            "name": "a3722ea5-7868-6dca-56cf-10438c0df09a",
            "principal_id": "561ff928-7d52-41c3-adf6-1c9357bf9764",
            "principal_type": "ServicePrincipal",
            "role_definition_id": "/subscriptions/38977b70-47bf-4da5-a492-88712fce8725/providers/Microsoft.Authorization/roleDefinitions/4633458b-17de-408a-b874-0445c86b69e6",
            "role_definition_name": "Key Vault Secrets User",
            "scope": "/subscriptions/38977b70-47bf-4da5-a492-88712fce8725/resourceGroups/rg-apim-internal-appgw-715pprod/providers/Microsoft.KeyVault/vaults/kv-apgw-715pprod",
            "skip_service_principal_aad_check": null,
            "timeouts": null
          },
          "sensitive_attributes": [],
          "private": "eyJlMmJmYjczMC1lY2FhLTExZTYtOGY4OC0zNDM2M2JjN2M0YzAiOnsiY3JlYXRlIjoxODAwMDAwMDAwMDAwLCJkZWxldGUiOjE4MDAwMDAwMDAwMDAsInJlYWQiOjMwMDAwMDAwMDAwMH19",
          "dependencies": [
            "azurerm_key_vault.keyvault",
            "azurerm_resource_group.rg",
            "azurerm_user_assigned_identity.identity-appgw",
            "data.azurerm_client_config.current"
          ]
        }
      ]
    },
    {
      "mode": "managed",
      "type": "azurerm_role_assignment",
      "name": "role-certificates-officer",
      "provider": "provider[\"registry.terraform.io/hashicorp/azurerm\"]",
      "instances": [
        {
          "schema_version": 0,
          "attributes": {
            "condition": "",
            "condition_version": "",
            "delegated_managed_identity_resource_id": "",
            "description": "",
            "id": "/subscriptions/38977b70-47bf-4da5-a492-88712fce8725/resourceGroups/rg-apim-internal-appgw-715pprod/providers/Microsoft.KeyVault/vaults/kv-apgw-715pprod/providers/Microsoft.Authorization/roleAssignments/415e7e4e-6910-3003-9c94-3dd569d67955",
            "name": "415e7e4e-6910-3003-9c94-3dd569d67955",
            "principal_id": "0a8648bf-28ec-4a7f-be65-0d6d8a172282",
            "principal_type": "User",
            "role_definition_id": "/subscriptions/38977b70-47bf-4da5-a492-88712fce8725/providers/Microsoft.Authorization/roleDefinitions/a4417e6f-fecd-4de8-b567-7b0420556985",
            "role_definition_name": "Key Vault Certificates Officer",
            "scope": "/subscriptions/38977b70-47bf-4da5-a492-88712fce8725/resourceGroups/rg-apim-internal-appgw-715pprod/providers/Microsoft.KeyVault/vaults/kv-apgw-715pprod",
            "skip_service_principal_aad_check": null,
            "timeouts": null
          },
          "sensitive_attributes": [],
          "private": "eyJlMmJmYjczMC1lY2FhLTExZTYtOGY4OC0zNDM2M2JjN2M0YzAiOnsiY3JlYXRlIjoxODAwMDAwMDAwMDAwLCJkZWxldGUiOjE4MDAwMDAwMDAwMDAsInJlYWQiOjMwMDAwMDAwMDAwMH19",
          "dependencies": [
            "azurerm_key_vault.keyvault",
            "azurerm_resource_group.rg",
            "data.azurerm_client_config.current"
          ]
        }
      ]
    },
    {
      "mode": "managed",
      "type": "azurerm_service_plan",
      "name": "plan",
      "provider": "provider[\"registry.terraform.io/hashicorp/azurerm\"]",
      "instances": [
        {
          "schema_version": 0,
          "attributes": {
            "app_service_environment_id": "",
            "id": "/subscriptions/38977b70-47bf-4da5-a492-88712fce8725/resourceGroups/rg-apim-internal-appgw-715pprod/providers/Microsoft.Web/serverfarms/plan-functions",
            "kind": "linux",
            "location": "westeurope",
            "maximum_elastic_worker_count": 1,
            "name": "plan-functions",
            "os_type": "Linux",
            "per_site_scaling_enabled": false,
            "reserved": true,
            "resource_group_name": "rg-apim-internal-appgw-715pprod",
            "sku_name": "B1",
            "tags": {},
            "timeouts": null,
            "worker_count": 1,
            "zone_balancing_enabled": false
          },
          "sensitive_attributes": [],
          "private": "eyJlMmJmYjczMC1lY2FhLTExZTYtOGY4OC0zNDM2M2JjN2M0YzAiOnsiY3JlYXRlIjozNjAwMDAwMDAwMDAwLCJkZWxldGUiOjM2MDAwMDAwMDAwMDAsInJlYWQiOjMwMDAwMDAwMDAwMCwidXBkYXRlIjozNjAwMDAwMDAwMDAwfX0=",
          "dependencies": [
            "azurerm_resource_group.rg"
          ]
        }
      ]
    },
    {
      "mode": "managed",
      "type": "azurerm_storage_account",
      "name": "sa",
      "provider": "provider[\"registry.terraform.io/hashicorp/azurerm\"]",
      "instances": [
        {
          "schema_version": 4,
          "attributes": {
            "access_tier": "Hot",
            "account_kind": "StorageV2",
            "account_replication_type": "LRS",
            "account_tier": "Standard",
            "allow_nested_items_to_be_public": true,
            "allowed_copy_scope": "",
            "azure_files_authentication": [],
            "blob_properties": [
              {
                "change_feed_enabled": false,
                "change_feed_retention_in_days": 0,
                "container_delete_retention_policy": [],
                "cors_rule": [],
                "default_service_version": "",
                "delete_retention_policy": [],
                "last_access_time_enabled": false,
                "restore_policy": [],
                "versioning_enabled": false
              }
            ],
            "cross_tenant_replication_enabled": true,
            "custom_domain": [],
            "customer_managed_key": [],
            "default_to_oauth_authentication": false,
            "edge_zone": "",
            "enable_https_traffic_only": true,
            "id": "/subscriptions/38977b70-47bf-4da5-a492-88712fce8725/resourceGroups/rg-apim-internal-appgw-715pprod/providers/Microsoft.Storage/storageAccounts/storagefunction715pprod",
            "identity": [],
            "immutability_policy": [],
            "infrastructure_encryption_enabled": false,
            "is_hns_enabled": false,
            "large_file_share_enabled": null,
            "location": "westeurope",
            "min_tls_version": "TLS1_2",
            "name": "storagefunction715pprod",
            "network_rules": [
              {
                "bypass": [
                  "AzureServices"
                ],
                "default_action": "Allow",
                "ip_rules": [],
                "private_link_access": [],
                "virtual_network_subnet_ids": []
              }
            ],
            "nfsv3_enabled": false,
            "primary_access_key": "9N3+NvEw+7RvSbCyaat7p54Yf/Kqf73msUARzfZyo7oWG2InSQtGM0ylHvgIwY/+/DDb4m+9Jtcs+AStnwW5XA==",
            "primary_blob_connection_string": "DefaultEndpointsProtocol=https;BlobEndpoint=https://storagefunction715pprod.blob.core.windows.net/;AccountName=storagefunction715pprod;AccountKey=9N3+NvEw+7RvSbCyaat7p54Yf/Kqf73msUARzfZyo7oWG2InSQtGM0ylHvgIwY/+/DDb4m+9Jtcs+AStnwW5XA==",
            "primary_blob_endpoint": "https://storagefunction715pprod.blob.core.windows.net/",
            "primary_blob_host": "storagefunction715pprod.blob.core.windows.net",
            "primary_blob_internet_endpoint": null,
            "primary_blob_internet_host": null,
            "primary_blob_microsoft_endpoint": null,
            "primary_blob_microsoft_host": null,
            "primary_connection_string": "DefaultEndpointsProtocol=https;AccountName=storagefunction715pprod;AccountKey=9N3+NvEw+7RvSbCyaat7p54Yf/Kqf73msUARzfZyo7oWG2InSQtGM0ylHvgIwY/+/DDb4m+9Jtcs+AStnwW5XA==;EndpointSuffix=core.windows.net",
            "primary_dfs_endpoint": "https://storagefunction715pprod.dfs.core.windows.net/",
            "primary_dfs_host": "storagefunction715pprod.dfs.core.windows.net",
            "primary_dfs_internet_endpoint": null,
            "primary_dfs_internet_host": null,
            "primary_dfs_microsoft_endpoint": null,
            "primary_dfs_microsoft_host": null,
            "primary_file_endpoint": "https://storagefunction715pprod.file.core.windows.net/",
            "primary_file_host": "storagefunction715pprod.file.core.windows.net",
            "primary_file_internet_endpoint": null,
            "primary_file_internet_host": null,
            "primary_file_microsoft_endpoint": null,
            "primary_file_microsoft_host": null,
            "primary_location": "westeurope",
            "primary_queue_endpoint": "https://storagefunction715pprod.queue.core.windows.net/",
            "primary_queue_host": "storagefunction715pprod.queue.core.windows.net",
            "primary_queue_microsoft_endpoint": null,
            "primary_queue_microsoft_host": null,
            "primary_table_endpoint": "https://storagefunction715pprod.table.core.windows.net/",
            "primary_table_host": "storagefunction715pprod.table.core.windows.net",
            "primary_table_microsoft_endpoint": null,
            "primary_table_microsoft_host": null,
            "primary_web_endpoint": "https://storagefunction715pprod.z6.web.core.windows.net/",
            "primary_web_host": "storagefunction715pprod.z6.web.core.windows.net",
            "primary_web_internet_endpoint": null,
            "primary_web_internet_host": null,
            "primary_web_microsoft_endpoint": null,
            "primary_web_microsoft_host": null,
            "public_network_access_enabled": true,
            "queue_encryption_key_type": "Service",
            "queue_properties": [
              {
                "cors_rule": [],
                "hour_metrics": [
                  {
                    "enabled": true,
                    "include_apis": true,
                    "retention_policy_days": 7,
                    "version": "1.0"
                  }
                ],
                "logging": [
                  {
                    "delete": false,
                    "read": false,
                    "retention_policy_days": 0,
                    "version": "1.0",
                    "write": false
                  }
                ],
                "minute_metrics": [
                  {
                    "enabled": false,
                    "include_apis": false,
                    "retention_policy_days": 0,
                    "version": "1.0"
                  }
                ]
              }
            ],
            "resource_group_name": "rg-apim-internal-appgw-715pprod",
            "routing": [],
            "sas_policy": [],
            "secondary_access_key": "dfbVfol6FWcVGjABW7nuZ2ghF0pJEcgLrGus6g9JgxNTWu5GzEd6fRftjQUgNjgAWCGgWHZPRxi3+AStdNmZ9A==",
            "secondary_blob_connection_string": "",
            "secondary_blob_endpoint": null,
            "secondary_blob_host": null,
            "secondary_blob_internet_endpoint": null,
            "secondary_blob_internet_host": null,
            "secondary_blob_microsoft_endpoint": null,
            "secondary_blob_microsoft_host": null,
            "secondary_connection_string": "DefaultEndpointsProtocol=https;AccountName=storagefunction715pprod;AccountKey=dfbVfol6FWcVGjABW7nuZ2ghF0pJEcgLrGus6g9JgxNTWu5GzEd6fRftjQUgNjgAWCGgWHZPRxi3+AStdNmZ9A==;EndpointSuffix=core.windows.net",
            "secondary_dfs_endpoint": null,
            "secondary_dfs_host": null,
            "secondary_dfs_internet_endpoint": null,
            "secondary_dfs_internet_host": null,
            "secondary_dfs_microsoft_endpoint": null,
            "secondary_dfs_microsoft_host": null,
            "secondary_file_endpoint": null,
            "secondary_file_host": null,
            "secondary_file_internet_endpoint": null,
            "secondary_file_internet_host": null,
            "secondary_file_microsoft_endpoint": null,
            "secondary_file_microsoft_host": null,
            "secondary_location": "",
            "secondary_queue_endpoint": null,
            "secondary_queue_host": null,
            "secondary_queue_microsoft_endpoint": null,
            "secondary_queue_microsoft_host": null,
            "secondary_table_endpoint": null,
            "secondary_table_host": null,
            "secondary_table_microsoft_endpoint": null,
            "secondary_table_microsoft_host": null,
            "secondary_web_endpoint": null,
            "secondary_web_host": null,
            "secondary_web_internet_endpoint": null,
            "secondary_web_internet_host": null,
            "secondary_web_microsoft_endpoint": null,
            "secondary_web_microsoft_host": null,
            "sftp_enabled": false,
            "share_properties": [
              {
                "cors_rule": [],
                "retention_policy": [
                  {
                    "days": 7
                  }
                ],
                "smb": []
              }
            ],
            "shared_access_key_enabled": true,
            "static_website": [],
            "table_encryption_key_type": "Service",
            "tags": {},
            "timeouts": null
          },
          "sensitive_attributes": [],
          "private": "eyJlMmJmYjczMC1lY2FhLTExZTYtOGY4OC0zNDM2M2JjN2M0YzAiOnsiY3JlYXRlIjozNjAwMDAwMDAwMDAwLCJkZWxldGUiOjM2MDAwMDAwMDAwMDAsInJlYWQiOjMwMDAwMDAwMDAwMCwidXBkYXRlIjozNjAwMDAwMDAwMDAwfSwic2NoZW1hX3ZlcnNpb24iOiI0In0=",
          "dependencies": [
            "azurerm_resource_group.rg"
          ]
        }
      ]
    },
    {
      "mode": "managed",
      "type": "azurerm_subnet",
      "name": "subnet-apim",
      "provider": "provider[\"registry.terraform.io/hashicorp/azurerm\"]",
      "instances": [
        {
          "schema_version": 0,
          "attributes": {
            "address_prefixes": [
              "10.0.0.0/24"
            ],
            "delegation": [],
            "enforce_private_link_endpoint_network_policies": false,
            "enforce_private_link_service_network_policies": false,
            "id": "/subscriptions/38977b70-47bf-4da5-a492-88712fce8725/resourceGroups/rg-apim-internal-appgw-715pprod/providers/Microsoft.Network/virtualNetworks/vnet-app/subnets/subnet-apim",
            "name": "subnet-apim",
            "private_endpoint_network_policies_enabled": true,
            "private_link_service_network_policies_enabled": true,
            "resource_group_name": "rg-apim-internal-appgw-715pprod",
            "service_endpoint_policy_ids": [],
            "service_endpoints": [
              "Microsoft.Web"
            ],
            "timeouts": null,
            "virtual_network_name": "vnet-app"
          },
          "sensitive_attributes": [],
          "private": "eyJlMmJmYjczMC1lY2FhLTExZTYtOGY4OC0zNDM2M2JjN2M0YzAiOnsiY3JlYXRlIjoxODAwMDAwMDAwMDAwLCJkZWxldGUiOjE4MDAwMDAwMDAwMDAsInJlYWQiOjMwMDAwMDAwMDAwMCwidXBkYXRlIjoxODAwMDAwMDAwMDAwfX0=",
          "dependencies": [
            "azurerm_resource_group.rg",
            "azurerm_virtual_network.vnet-app"
          ]
        }
      ]
    },
    {
      "mode": "managed",
      "type": "azurerm_subnet",
      "name": "subnet-appgw",
      "provider": "provider[\"registry.terraform.io/hashicorp/azurerm\"]",
      "instances": [
        {
          "schema_version": 0,
          "attributes": {
            "address_prefixes": [
              "10.0.3.0/24"
            ],
            "delegation": [],
            "enforce_private_link_endpoint_network_policies": false,
            "enforce_private_link_service_network_policies": false,
            "id": "/subscriptions/38977b70-47bf-4da5-a492-88712fce8725/resourceGroups/rg-apim-internal-appgw-715pprod/providers/Microsoft.Network/virtualNetworks/vnet-app/subnets/subnet-appgw",
            "name": "subnet-appgw",
            "private_endpoint_network_policies_enabled": true,
            "private_link_service_network_policies_enabled": true,
            "resource_group_name": "rg-apim-internal-appgw-715pprod",
            "service_endpoint_policy_ids": [],
            "service_endpoints": [],
            "timeouts": null,
            "virtual_network_name": "vnet-app"
          },
          "sensitive_attributes": [],
          "private": "eyJlMmJmYjczMC1lY2FhLTExZTYtOGY4OC0zNDM2M2JjN2M0YzAiOnsiY3JlYXRlIjoxODAwMDAwMDAwMDAwLCJkZWxldGUiOjE4MDAwMDAwMDAwMDAsInJlYWQiOjMwMDAwMDAwMDAwMCwidXBkYXRlIjoxODAwMDAwMDAwMDAwfX0=",
          "dependencies": [
            "azurerm_resource_group.rg",
            "azurerm_virtual_network.vnet-app"
          ]
        }
      ]
    },
    {
      "mode": "managed",
      "type": "azurerm_subnet",
      "name": "subnet-bastion",
      "provider": "provider[\"registry.terraform.io/hashicorp/azurerm\"]",
      "instances": [
        {
          "schema_version": 0,
          "attributes": {
            "address_prefixes": [
              "10.0.2.0/24"
            ],
            "delegation": [],
            "enforce_private_link_endpoint_network_policies": false,
            "enforce_private_link_service_network_policies": false,
            "id": "/subscriptions/38977b70-47bf-4da5-a492-88712fce8725/resourceGroups/rg-apim-internal-appgw-715pprod/providers/Microsoft.Network/virtualNetworks/vnet-app/subnets/AzureBastionSubnet",
            "name": "AzureBastionSubnet",
            "private_endpoint_network_policies_enabled": true,
            "private_link_service_network_policies_enabled": true,
            "resource_group_name": "rg-apim-internal-appgw-715pprod",
            "service_endpoint_policy_ids": [],
            "service_endpoints": [],
            "timeouts": null,
            "virtual_network_name": "vnet-app"
          },
          "sensitive_attributes": [],
          "private": "eyJlMmJmYjczMC1lY2FhLTExZTYtOGY4OC0zNDM2M2JjN2M0YzAiOnsiY3JlYXRlIjoxODAwMDAwMDAwMDAwLCJkZWxldGUiOjE4MDAwMDAwMDAwMDAsInJlYWQiOjMwMDAwMDAwMDAwMCwidXBkYXRlIjoxODAwMDAwMDAwMDAwfX0=",
          "dependencies": [
            "azurerm_resource_group.rg",
            "azurerm_virtual_network.vnet-app"
          ]
        }
      ]
    },
    {
      "mode": "managed",
      "type": "azurerm_subnet",
      "name": "subnet-jumpbox",
      "provider": "provider[\"registry.terraform.io/hashicorp/azurerm\"]",
      "instances": [
        {
          "schema_version": 0,
          "attributes": {
            "address_prefixes": [
              "10.0.1.0/24"
            ],
            "delegation": [],
            "enforce_private_link_endpoint_network_policies": false,
            "enforce_private_link_service_network_policies": false,
            "id": "/subscriptions/38977b70-47bf-4da5-a492-88712fce8725/resourceGroups/rg-apim-internal-appgw-715pprod/providers/Microsoft.Network/virtualNetworks/vnet-app/subnets/subnet-jumpbox",
            "name": "subnet-jumpbox",
            "private_endpoint_network_policies_enabled": true,
            "private_link_service_network_policies_enabled": true,
            "resource_group_name": "rg-apim-internal-appgw-715pprod",
            "service_endpoint_policy_ids": [],
            "service_endpoints": [],
            "timeouts": null,
            "virtual_network_name": "vnet-app"
          },
          "sensitive_attributes": [],
          "private": "eyJlMmJmYjczMC1lY2FhLTExZTYtOGY4OC0zNDM2M2JjN2M0YzAiOnsiY3JlYXRlIjoxODAwMDAwMDAwMDAwLCJkZWxldGUiOjE4MDAwMDAwMDAwMDAsInJlYWQiOjMwMDAwMDAwMDAwMCwidXBkYXRlIjoxODAwMDAwMDAwMDAwfX0=",
          "dependencies": [
            "azurerm_resource_group.rg",
            "azurerm_virtual_network.vnet-app"
          ]
        }
      ]
    },
    {
      "mode": "managed",
      "type": "azurerm_subnet_network_security_group_association",
      "name": "nsg-association",
      "provider": "provider[\"registry.terraform.io/hashicorp/azurerm\"]",
      "instances": [
        {
          "schema_version": 0,
          "attributes": {
            "id": "/subscriptions/38977b70-47bf-4da5-a492-88712fce8725/resourceGroups/rg-apim-internal-appgw-715pprod/providers/Microsoft.Network/virtualNetworks/vnet-app/subnets/subnet-apim",
            "network_security_group_id": "/subscriptions/38977b70-47bf-4da5-a492-88712fce8725/resourceGroups/rg-apim-internal-appgw-715pprod/providers/Microsoft.Network/networkSecurityGroups/nsg-apim",
            "subnet_id": "/subscriptions/38977b70-47bf-4da5-a492-88712fce8725/resourceGroups/rg-apim-internal-appgw-715pprod/providers/Microsoft.Network/virtualNetworks/vnet-app/subnets/subnet-apim",
            "timeouts": null
          },
          "sensitive_attributes": [],
          "private": "eyJlMmJmYjczMC1lY2FhLTExZTYtOGY4OC0zNDM2M2JjN2M0YzAiOnsiY3JlYXRlIjoxODAwMDAwMDAwMDAwLCJkZWxldGUiOjE4MDAwMDAwMDAwMDAsInJlYWQiOjMwMDAwMDAwMDAwMH19",
          "dependencies": [
            "azurerm_network_security_group.nsg-apim",
            "azurerm_resource_group.rg",
            "azurerm_subnet.subnet-apim",
            "azurerm_virtual_network.vnet-app"
          ]
        }
      ]
    },
    {
      "mode": "managed",
      "type": "azurerm_user_assigned_identity",
      "name": "identity-appgw",
      "provider": "provider[\"registry.terraform.io/hashicorp/azurerm\"]",
      "instances": [
        {
          "schema_version": 1,
          "attributes": {
            "client_id": "8ef52d00-3838-47f6-a04b-e59de465a4cd",
            "id": "/subscriptions/38977b70-47bf-4da5-a492-88712fce8725/resourceGroups/rg-apim-internal-appgw-715pprod/providers/Microsoft.ManagedIdentity/userAssignedIdentities/identity-appgw",
            "location": "westeurope",
            "name": "identity-appgw",
            "principal_id": "561ff928-7d52-41c3-adf6-1c9357bf9764",
            "resource_group_name": "rg-apim-internal-appgw-715pprod",
            "tags": {},
            "tenant_id": "a8f7faa1-3e2e-4d84-a6cb-daf7eb97d6e4",
            "timeouts": null
          },
          "sensitive_attributes": [],
          "private": "eyJlMmJmYjczMC1lY2FhLTExZTYtOGY4OC0zNDM2M2JjN2M0YzAiOnsiY3JlYXRlIjoxODAwMDAwMDAwMDAwLCJkZWxldGUiOjE4MDAwMDAwMDAwMDAsInJlYWQiOjMwMDAwMDAwMDAwMCwidXBkYXRlIjoxODAwMDAwMDAwMDAwfSwic2NoZW1hX3ZlcnNpb24iOiIxIn0=",
          "dependencies": [
            "azurerm_resource_group.rg"
          ]
        }
      ]
    },
    {
      "mode": "managed",
      "type": "azurerm_virtual_network",
      "name": "vnet-app",
      "provider": "provider[\"registry.terraform.io/hashicorp/azurerm\"]",
      "instances": [
        {
          "schema_version": 0,
          "attributes": {
            "address_space": [
              "10.0.0.0/16"
            ],
            "bgp_community": "",
            "ddos_protection_plan": [],
            "dns_servers": [],
            "edge_zone": "",
            "encryption": [],
            "flow_timeout_in_minutes": 0,
            "guid": "e9274dbc-b04a-49e0-a9ab-51f0cf7df9b7",
            "id": "/subscriptions/38977b70-47bf-4da5-a492-88712fce8725/resourceGroups/rg-apim-internal-appgw-715pprod/providers/Microsoft.Network/virtualNetworks/vnet-app",
            "location": "westeurope",
            "name": "vnet-app",
            "resource_group_name": "rg-apim-internal-appgw-715pprod",
            "subnet": [
              {
                "address_prefix": "10.0.0.0/24",
                "id": "/subscriptions/38977b70-47bf-4da5-a492-88712fce8725/resourceGroups/rg-apim-internal-appgw-715pprod/providers/Microsoft.Network/virtualNetworks/vnet-app/subnets/subnet-apim",
                "name": "subnet-apim",
                "security_group": "/subscriptions/38977b70-47bf-4da5-a492-88712fce8725/resourceGroups/rg-apim-internal-appgw-715pprod/providers/Microsoft.Network/networkSecurityGroups/nsg-apim"
              },
              {
                "address_prefix": "10.0.1.0/24",
                "id": "/subscriptions/38977b70-47bf-4da5-a492-88712fce8725/resourceGroups/rg-apim-internal-appgw-715pprod/providers/Microsoft.Network/virtualNetworks/vnet-app/subnets/subnet-jumpbox",
                "name": "subnet-jumpbox",
                "security_group": ""
              },
              {
                "address_prefix": "10.0.2.0/24",
                "id": "/subscriptions/38977b70-47bf-4da5-a492-88712fce8725/resourceGroups/rg-apim-internal-appgw-715pprod/providers/Microsoft.Network/virtualNetworks/vnet-app/subnets/AzureBastionSubnet",
                "name": "AzureBastionSubnet",
                "security_group": ""
              },
              {
                "address_prefix": "10.0.3.0/24",
                "id": "/subscriptions/38977b70-47bf-4da5-a492-88712fce8725/resourceGroups/rg-apim-internal-appgw-715pprod/providers/Microsoft.Network/virtualNetworks/vnet-app/subnets/subnet-appgw",
                "name": "subnet-appgw",
                "security_group": ""
              }
            ],
            "tags": {},
            "timeouts": null
          },
          "sensitive_attributes": [],
          "private": "eyJlMmJmYjczMC1lY2FhLTExZTYtOGY4OC0zNDM2M2JjN2M0YzAiOnsiY3JlYXRlIjoxODAwMDAwMDAwMDAwLCJkZWxldGUiOjE4MDAwMDAwMDAwMDAsInJlYWQiOjMwMDAwMDAwMDAwMCwidXBkYXRlIjoxODAwMDAwMDAwMDAwfX0=",
          "dependencies": [
            "azurerm_resource_group.rg"
          ]
        }
      ]
    },
    {
      "mode": "managed",
      "type": "azurerm_windows_virtual_machine",
      "name": "vm-windows",
      "provider": "provider[\"registry.terraform.io/hashicorp/azurerm\"]",
      "instances": [
        {
          "schema_version": 0,
          "attributes": {
            "additional_capabilities": [],
            "additional_unattend_content": [],
            "admin_password": "@Aa123456789",
            "admin_username": "azureuser",
            "allow_extension_operations": true,
            "availability_set_id": "",
            "boot_diagnostics": [
              {
                "storage_account_uri": ""
              }
            ],
            "bypass_platform_safety_checks_on_user_schedule_enabled": false,
            "capacity_reservation_group_id": "",
            "computer_name": "vm-windows-w11",
            "custom_data": null,
            "dedicated_host_group_id": "",
            "dedicated_host_id": "",
            "edge_zone": "",
            "enable_automatic_updates": true,
            "encryption_at_host_enabled": false,
            "eviction_policy": "",
            "extensions_time_budget": "PT1H30M",
            "gallery_application": [],
            "hotpatching_enabled": false,
            "id": "/subscriptions/38977b70-47bf-4da5-a492-88712fce8725/resourceGroups/rg-apim-internal-appgw-715pprod/providers/Microsoft.Compute/virtualMachines/vm-windows-w11",
            "identity": [],
            "license_type": "",
            "location": "westeurope",
            "max_bid_price": -1,
            "name": "vm-windows-w11",
            "network_interface_ids": [
              "/subscriptions/38977b70-47bf-4da5-a492-88712fce8725/resourceGroups/rg-apim-internal-appgw-715pprod/providers/Microsoft.Network/networkInterfaces/nic-vm-windows"
            ],
            "os_disk": [
              {
                "caching": "ReadWrite",
                "diff_disk_settings": [],
                "disk_encryption_set_id": "",
                "disk_size_gb": 127,
                "name": "vm-windows-w11_disk1_fb4af42be9804b8c918b8a0932f1ab2f",
                "secure_vm_disk_encryption_set_id": "",
                "security_encryption_type": "",
                "storage_account_type": "Standard_LRS",
                "write_accelerator_enabled": false
              }
            ],
            "patch_assessment_mode": "ImageDefault",
            "patch_mode": "AutomaticByOS",
            "plan": [],
            "platform_fault_domain": -1,
            "priority": "Regular",
            "private_ip_address": "10.0.1.4",
            "private_ip_addresses": [
              "10.0.1.4"
            ],
            "provision_vm_agent": true,
            "proximity_placement_group_id": "",
            "public_ip_address": "",
            "public_ip_addresses": [],
            "reboot_setting": "",
            "resource_group_name": "rg-apim-internal-appgw-715pprod",
            "secret": [],
            "secure_boot_enabled": false,
            "size": "Standard_B2als_v2",
            "source_image_id": "",
            "source_image_reference": [
              {
                "offer": "windows-11",
                "publisher": "MicrosoftWindowsDesktop",
                "sku": "win11-23h2-pro",
                "version": "latest"
              }
            ],
            "tags": {},
            "termination_notification": [],
            "timeouts": null,
            "timezone": "",
            "user_data": "",
            "virtual_machine_id": "395f4e95-d79d-42fb-81bd-018d91aca6f3",
            "virtual_machine_scale_set_id": "",
            "vtpm_enabled": false,
            "winrm_listener": [],
            "zone": ""
          },
          "sensitive_attributes": [],
          "private": "eyJlMmJmYjczMC1lY2FhLTExZTYtOGY4OC0zNDM2M2JjN2M0YzAiOnsiY3JlYXRlIjoyNzAwMDAwMDAwMDAwLCJkZWxldGUiOjI3MDAwMDAwMDAwMDAsInJlYWQiOjMwMDAwMDAwMDAwMCwidXBkYXRlIjoyNzAwMDAwMDAwMDAwfX0=",
          "dependencies": [
            "azurerm_network_interface.nic-vm-windows",
            "azurerm_resource_group.rg",
            "azurerm_subnet.subnet-jumpbox",
            "azurerm_virtual_network.vnet-app"
          ]
        }
      ]
    }
  ],
  "check_results": null
}
