{
  "version": 4,
  "terraform_version": "1.6.2",
  "serial": 38,
  "lineage": "74d18dea-e265-4c39-dc85-8d78097d5723",
  "outputs": {},
  "resources": [
    {
      "mode": "managed",
      "type": "azurerm_resource_group",
      "name": "rg-1",
      "provider": "provider[\"registry.terraform.io/hashicorp/azurerm\"]",
      "instances": [
        {
          "schema_version": 0,
          "attributes": {
            "id": "/subscriptions/38977b70-47bf-4da5-a492-88712fce8725/resourceGroups/rg-1",
            "location": "westeurope",
            "managed_by": "",
            "name": "rg-1",
            "tags": null,
            "timeouts": null
          },
          "sensitive_attributes": [],
          "private": "eyJlMmJmYjczMC1lY2FhLTExZTYtOGY4OC0zNDM2M2JjN2M0YzAiOnsiY3JlYXRlIjo1NDAwMDAwMDAwMDAwLCJkZWxldGUiOjU0MDAwMDAwMDAwMDAsInJlYWQiOjMwMDAwMDAwMDAwMCwidXBkYXRlIjo1NDAwMDAwMDAwMDAwfX0="
        }
      ]
    },
    {
      "mode": "managed",
      "type": "azurerm_resource_group",
      "name": "rg-2",
      "provider": "provider[\"registry.terraform.io/hashicorp/azurerm\"]",
      "instances": [
        {
          "schema_version": 0,
          "attributes": {
            "id": "/subscriptions/38977b70-47bf-4da5-a492-88712fce8725/resourceGroups/rg-2",
            "location": "westeurope",
            "managed_by": "",
            "name": "rg-2",
            "tags": null,
            "timeouts": null
          },
          "sensitive_attributes": [],
          "private": "eyJlMmJmYjczMC1lY2FhLTExZTYtOGY4OC0zNDM2M2JjN2M0YzAiOnsiY3JlYXRlIjo1NDAwMDAwMDAwMDAwLCJkZWxldGUiOjU0MDAwMDAwMDAwMDAsInJlYWQiOjMwMDAwMDAwMDAwMCwidXBkYXRlIjo1NDAwMDAwMDAwMDAwfX0="
        }
      ]
    },
    {
      "mode": "managed",
      "type": "azurerm_subnet",
      "name": "subnet-1",
      "provider": "provider[\"registry.terraform.io/hashicorp/azurerm\"]",
      "instances": [
        {
          "schema_version": 0,
          "attributes": {
            "address_prefixes": [
              "10.1.0.0/24"
            ],
            "delegation": [],
            "enforce_private_link_endpoint_network_policies": true,
            "enforce_private_link_service_network_policies": false,
            "id": "/subscriptions/38977b70-47bf-4da5-a492-88712fce8725/resourceGroups/rg-1/providers/Microsoft.Network/virtualNetworks/vnet-1/subnets/subnet-1",
            "name": "subnet-1",
            "private_endpoint_network_policies_enabled": false,
            "private_link_service_network_policies_enabled": true,
            "resource_group_name": "rg-1",
            "service_endpoint_policy_ids": null,
            "service_endpoints": null,
            "timeouts": null,
            "virtual_network_name": "vnet-1"
          },
          "sensitive_attributes": [],
          "private": "eyJlMmJmYjczMC1lY2FhLTExZTYtOGY4OC0zNDM2M2JjN2M0YzAiOnsiY3JlYXRlIjoxODAwMDAwMDAwMDAwLCJkZWxldGUiOjE4MDAwMDAwMDAwMDAsInJlYWQiOjMwMDAwMDAwMDAwMCwidXBkYXRlIjoxODAwMDAwMDAwMDAwfX0=",
          "dependencies": [
            "azurerm_resource_group.rg-1",
            "azurerm_virtual_network.vnet-1"
          ]
        }
      ]
    },
    {
      "mode": "managed",
      "type": "azurerm_subnet",
      "name": "subnet-2",
      "provider": "provider[\"registry.terraform.io/hashicorp/azurerm\"]",
      "instances": [
        {
          "schema_version": 0,
          "attributes": {
            "address_prefixes": [
              "10.2.0.0/24"
            ],
            "delegation": [],
            "enforce_private_link_endpoint_network_policies": true,
            "enforce_private_link_service_network_policies": false,
            "id": "/subscriptions/38977b70-47bf-4da5-a492-88712fce8725/resourceGroups/rg-2/providers/Microsoft.Network/virtualNetworks/vnet-2/subnets/subnet-2",
            "name": "subnet-2",
            "private_endpoint_network_policies_enabled": false,
            "private_link_service_network_policies_enabled": true,
            "resource_group_name": "rg-2",
            "service_endpoint_policy_ids": null,
            "service_endpoints": null,
            "timeouts": null,
            "virtual_network_name": "vnet-2"
          },
          "sensitive_attributes": [],
          "private": "eyJlMmJmYjczMC1lY2FhLTExZTYtOGY4OC0zNDM2M2JjN2M0YzAiOnsiY3JlYXRlIjoxODAwMDAwMDAwMDAwLCJkZWxldGUiOjE4MDAwMDAwMDAwMDAsInJlYWQiOjMwMDAwMDAwMDAwMCwidXBkYXRlIjoxODAwMDAwMDAwMDAwfX0=",
          "dependencies": [
            "azurerm_resource_group.rg-2",
            "azurerm_virtual_network.vnet-2"
          ]
        }
      ]
    },
    {
      "mode": "managed",
      "type": "azurerm_subnet",
      "name": "subnet-bastion",
      "provider": "provider[\"registry.terraform.io/hashicorp/azurerm\"]",
      "instances": [
        {
          "schema_version": 0,
          "attributes": {
            "address_prefixes": [
              "10.1.1.0/27"
            ],
            "delegation": [],
            "enforce_private_link_endpoint_network_policies": false,
            "enforce_private_link_service_network_policies": false,
            "id": "/subscriptions/38977b70-47bf-4da5-a492-88712fce8725/resourceGroups/rg-1/providers/Microsoft.Network/virtualNetworks/vnet-1/subnets/AzureBastionSubnet",
            "name": "AzureBastionSubnet",
            "private_endpoint_network_policies_enabled": true,
            "private_link_service_network_policies_enabled": true,
            "resource_group_name": "rg-1",
            "service_endpoint_policy_ids": null,
            "service_endpoints": null,
            "timeouts": null,
            "virtual_network_name": "vnet-1"
          },
          "sensitive_attributes": [],
          "private": "eyJlMmJmYjczMC1lY2FhLTExZTYtOGY4OC0zNDM2M2JjN2M0YzAiOnsiY3JlYXRlIjoxODAwMDAwMDAwMDAwLCJkZWxldGUiOjE4MDAwMDAwMDAwMDAsInJlYWQiOjMwMDAwMDAwMDAwMCwidXBkYXRlIjoxODAwMDAwMDAwMDAwfX0=",
          "dependencies": [
            "azurerm_resource_group.rg-1",
            "azurerm_virtual_network.vnet-1"
          ]
        }
      ]
    },
    {
      "mode": "managed",
      "type": "azurerm_virtual_network",
      "name": "vnet-1",
      "provider": "provider[\"registry.terraform.io/hashicorp/azurerm\"]",
      "instances": [
        {
          "schema_version": 0,
          "attributes": {
            "address_space": [
              "10.1.0.0/16"
            ],
            "bgp_community": "",
            "ddos_protection_plan": [],
            "dns_servers": [],
            "edge_zone": "",
            "encryption": [],
            "flow_timeout_in_minutes": 0,
            "guid": "655daf68-6309-4575-abfe-38eb510e2ff5",
            "id": "/subscriptions/38977b70-47bf-4da5-a492-88712fce8725/resourceGroups/rg-1/providers/Microsoft.Network/virtualNetworks/vnet-1",
            "location": "westeurope",
            "name": "vnet-1",
            "resource_group_name": "rg-1",
            "subnet": [],
            "tags": null,
            "timeouts": null
          },
          "sensitive_attributes": [],
          "private": "eyJlMmJmYjczMC1lY2FhLTExZTYtOGY4OC0zNDM2M2JjN2M0YzAiOnsiY3JlYXRlIjoxODAwMDAwMDAwMDAwLCJkZWxldGUiOjE4MDAwMDAwMDAwMDAsInJlYWQiOjMwMDAwMDAwMDAwMCwidXBkYXRlIjoxODAwMDAwMDAwMDAwfX0=",
          "dependencies": [
            "azurerm_resource_group.rg-1"
          ]
        }
      ]
    },
    {
      "mode": "managed",
      "type": "azurerm_virtual_network",
      "name": "vnet-2",
      "provider": "provider[\"registry.terraform.io/hashicorp/azurerm\"]",
      "instances": [
        {
          "schema_version": 0,
          "attributes": {
            "address_space": [
              "10.2.0.0/16"
            ],
            "bgp_community": "",
            "ddos_protection_plan": [],
            "dns_servers": [],
            "edge_zone": "",
            "encryption": [],
            "flow_timeout_in_minutes": 0,
            "guid": "d50138d9-adb1-42bd-9a4c-5fd7f6786fc7",
            "id": "/subscriptions/38977b70-47bf-4da5-a492-88712fce8725/resourceGroups/rg-2/providers/Microsoft.Network/virtualNetworks/vnet-2",
            "location": "westeurope",
            "name": "vnet-2",
            "resource_group_name": "rg-2",
            "subnet": [],
            "tags": null,
            "timeouts": null
          },
          "sensitive_attributes": [],
          "private": "eyJlMmJmYjczMC1lY2FhLTExZTYtOGY4OC0zNDM2M2JjN2M0YzAiOnsiY3JlYXRlIjoxODAwMDAwMDAwMDAwLCJkZWxldGUiOjE4MDAwMDAwMDAwMDAsInJlYWQiOjMwMDAwMDAwMDAwMCwidXBkYXRlIjoxODAwMDAwMDAwMDAwfX0=",
          "dependencies": [
            "azurerm_resource_group.rg-2"
          ]
        }
      ]
    },
    {
      "mode": "managed",
      "type": "azurerm_virtual_network_peering",
      "name": "peering-vnet-1-to-vnet-2",
      "provider": "provider[\"registry.terraform.io/hashicorp/azurerm\"]",
      "instances": [
        {
          "schema_version": 0,
          "attributes": {
            "allow_forwarded_traffic": true,
            "allow_gateway_transit": false,
            "allow_virtual_network_access": true,
            "id": "/subscriptions/38977b70-47bf-4da5-a492-88712fce8725/resourceGroups/rg-1/providers/Microsoft.Network/virtualNetworks/vnet-1/virtualNetworkPeerings/peering-vnet-1-to-vnet-2",
            "name": "peering-vnet-1-to-vnet-2",
            "remote_virtual_network_id": "/subscriptions/38977b70-47bf-4da5-a492-88712fce8725/resourceGroups/rg-2/providers/Microsoft.Network/virtualNetworks/vnet-2",
            "resource_group_name": "rg-1",
            "timeouts": null,
            "triggers": null,
            "use_remote_gateways": false,
            "virtual_network_name": "vnet-1"
          },
          "sensitive_attributes": [],
          "private": "eyJlMmJmYjczMC1lY2FhLTExZTYtOGY4OC0zNDM2M2JjN2M0YzAiOnsiY3JlYXRlIjoxODAwMDAwMDAwMDAwLCJkZWxldGUiOjE4MDAwMDAwMDAwMDAsInJlYWQiOjMwMDAwMDAwMDAwMCwidXBkYXRlIjoxODAwMDAwMDAwMDAwfX0=",
          "dependencies": [
            "azurerm_resource_group.rg-1",
            "azurerm_resource_group.rg-2",
            "azurerm_virtual_network.vnet-1",
            "azurerm_virtual_network.vnet-2"
          ]
        }
      ]
    },
    {
      "mode": "managed",
      "type": "azurerm_virtual_network_peering",
      "name": "peering-vnet-2-to-vnet-1",
      "provider": "provider[\"registry.terraform.io/hashicorp/azurerm\"]",
      "instances": [
        {
          "schema_version": 0,
          "attributes": {
            "allow_forwarded_traffic": true,
            "allow_gateway_transit": false,
            "allow_virtual_network_access": true,
            "id": "/subscriptions/38977b70-47bf-4da5-a492-88712fce8725/resourceGroups/rg-2/providers/Microsoft.Network/virtualNetworks/vnet-2/virtualNetworkPeerings/peering-vnet-2-to-vnet-1",
            "name": "peering-vnet-2-to-vnet-1",
            "remote_virtual_network_id": "/subscriptions/38977b70-47bf-4da5-a492-88712fce8725/resourceGroups/rg-1/providers/Microsoft.Network/virtualNetworks/vnet-1",
            "resource_group_name": "rg-2",
            "timeouts": null,
            "triggers": null,
            "use_remote_gateways": false,
            "virtual_network_name": "vnet-2"
          },
          "sensitive_attributes": [],
          "private": "eyJlMmJmYjczMC1lY2FhLTExZTYtOGY4OC0zNDM2M2JjN2M0YzAiOnsiY3JlYXRlIjoxODAwMDAwMDAwMDAwLCJkZWxldGUiOjE4MDAwMDAwMDAwMDAsInJlYWQiOjMwMDAwMDAwMDAwMCwidXBkYXRlIjoxODAwMDAwMDAwMDAwfX0=",
          "dependencies": [
            "azurerm_resource_group.rg-1",
            "azurerm_resource_group.rg-2",
            "azurerm_virtual_network.vnet-1",
            "azurerm_virtual_network.vnet-2"
          ]
        }
      ]
    },
    {
      "module": "module.bastion",
      "mode": "managed",
      "type": "azurerm_bastion_host",
      "name": "bastion",
      "provider": "provider[\"registry.terraform.io/hashicorp/azurerm\"]",
      "instances": [
        {
          "schema_version": 0,
          "attributes": {
            "copy_paste_enabled": true,
            "dns_name": "bst-7290cc00-6997-45da-bc9b-da8cc2c7e228.bastion.azure.com",
            "file_copy_enabled": true,
            "id": "/subscriptions/38977b70-47bf-4da5-a492-88712fce8725/resourceGroups/rg-bastion/providers/Microsoft.Network/bastionHosts/bastion-host",
            "ip_configuration": [
              {
                "name": "configuration",
                "public_ip_address_id": "/subscriptions/38977b70-47bf-4da5-a492-88712fce8725/resourceGroups/rg-bastion/providers/Microsoft.Network/publicIPAddresses/pip-bastion",
                "subnet_id": "/subscriptions/38977b70-47bf-4da5-a492-88712fce8725/resourceGroups/rg-1/providers/Microsoft.Network/virtualNetworks/vnet-1/subnets/AzureBastionSubnet"
              }
            ],
            "ip_connect_enabled": false,
            "location": "westeurope",
            "name": "bastion-host",
            "resource_group_name": "rg-bastion",
            "scale_units": 2,
            "shareable_link_enabled": true,
            "sku": "Standard",
            "tags": null,
            "timeouts": null,
            "tunneling_enabled": true
          },
          "sensitive_attributes": [],
          "private": "eyJlMmJmYjczMC1lY2FhLTExZTYtOGY4OC0zNDM2M2JjN2M0YzAiOnsiY3JlYXRlIjoxODAwMDAwMDAwMDAwLCJkZWxldGUiOjE4MDAwMDAwMDAwMDAsInJlYWQiOjMwMDAwMDAwMDAwMCwidXBkYXRlIjoxODAwMDAwMDAwMDAwfX0=",
          "dependencies": [
            "azurerm_resource_group.rg-1",
            "azurerm_subnet.subnet-bastion",
            "azurerm_virtual_network.vnet-1",
            "module.bastion.azurerm_public_ip.pip",
            "module.bastion.azurerm_resource_group.rg"
          ]
        }
      ]
    },
    {
      "module": "module.bastion",
      "mode": "managed",
      "type": "azurerm_public_ip",
      "name": "pip",
      "provider": "provider[\"registry.terraform.io/hashicorp/azurerm\"]",
      "instances": [
        {
          "schema_version": 0,
          "attributes": {
            "allocation_method": "Static",
            "ddos_protection_mode": "VirtualNetworkInherited",
            "ddos_protection_plan_id": null,
            "domain_name_label": null,
            "edge_zone": "",
            "fqdn": null,
            "id": "/subscriptions/38977b70-47bf-4da5-a492-88712fce8725/resourceGroups/rg-bastion/providers/Microsoft.Network/publicIPAddresses/pip-bastion",
            "idle_timeout_in_minutes": 4,
            "ip_address": "13.80.132.141",
            "ip_tags": null,
            "ip_version": "IPv4",
            "location": "westeurope",
            "name": "pip-bastion",
            "public_ip_prefix_id": null,
            "resource_group_name": "rg-bastion",
            "reverse_fqdn": null,
            "sku": "Standard",
            "sku_tier": "Regional",
            "tags": null,
            "timeouts": null,
            "zones": null
          },
          "sensitive_attributes": [],
          "private": "eyJlMmJmYjczMC1lY2FhLTExZTYtOGY4OC0zNDM2M2JjN2M0YzAiOnsiY3JlYXRlIjoxODAwMDAwMDAwMDAwLCJkZWxldGUiOjE4MDAwMDAwMDAwMDAsInJlYWQiOjMwMDAwMDAwMDAwMCwidXBkYXRlIjoxODAwMDAwMDAwMDAwfX0=",
          "dependencies": [
            "azurerm_resource_group.rg-1",
            "module.bastion.azurerm_resource_group.rg"
          ]
        }
      ]
    },
    {
      "module": "module.bastion",
      "mode": "managed",
      "type": "azurerm_resource_group",
      "name": "rg",
      "provider": "provider[\"registry.terraform.io/hashicorp/azurerm\"]",
      "instances": [
        {
          "schema_version": 0,
          "attributes": {
            "id": "/subscriptions/38977b70-47bf-4da5-a492-88712fce8725/resourceGroups/rg-bastion",
            "location": "westeurope",
            "managed_by": "",
            "name": "rg-bastion",
            "tags": null,
            "timeouts": null
          },
          "sensitive_attributes": [],
          "private": "eyJlMmJmYjczMC1lY2FhLTExZTYtOGY4OC0zNDM2M2JjN2M0YzAiOnsiY3JlYXRlIjo1NDAwMDAwMDAwMDAwLCJkZWxldGUiOjU0MDAwMDAwMDAwMDAsInJlYWQiOjMwMDAwMDAwMDAwMCwidXBkYXRlIjo1NDAwMDAwMDAwMDAwfX0=",
          "dependencies": [
            "azurerm_resource_group.rg-1"
          ]
        }
      ]
    },
    {
      "module": "module.vm-1",
      "mode": "managed",
      "type": "azurerm_linux_virtual_machine",
      "name": "vm",
      "provider": "provider[\"registry.terraform.io/hashicorp/azurerm\"]",
      "instances": [
        {
          "schema_version": 0,
          "attributes": {
            "additional_capabilities": [],
            "admin_password": "@Aa123456789",
            "admin_ssh_key": [],
            "admin_username": "azureuser",
            "allow_extension_operations": true,
            "availability_set_id": "",
            "boot_diagnostics": [
              {
                "storage_account_uri": ""
              }
            ],
            "bypass_platform_safety_checks_on_user_schedule_enabled": false,
            "capacity_reservation_group_id": "",
            "computer_name": "vm-1",
            "custom_data": "IyEvYmluL2Jhc2gKCnN1ZG8gYXB0IC1xcSB1cGRhdGUKCiMgSW5zdGFsbCBjdXJsIGFuZCB0cmFjZXJvdXRlIGFuZCBqcQpzdWRvIGFwdCAtcXEgaW5zdGFsbCBjdXJsIHRyYWNlcm91dGUgaW5ldHV0aWxzLXRyYWNlcm91dGUganEgLXkKCiMgSW5zdGFsbCBOR0lOWCB3ZWIgc2VydmVyCnN1ZG8gYXB0IC1xcSBpbnN0YWxsIG5naW54IC15CgpJUD0kKGhvc3RuYW1lIC1pKQoKZWNobyAiSGVsbG8gZnJvbSB2aXJ0dWFsIG1hY2hpbmU6ICRIT1NUTkFNRSwgd2l0aCBJUCBhZGRyZXNzOiAkSVAiID4gL3Zhci93d3cvaHRtbC9pbmRleC5odG1sCgojIyMjIyMjIyMjIyMjIyMjIyMjIyMjIyMjIyMjIyMjIyMjIyMjIyMjIyMjIyMjIyMjIyMjIyMjIyMjIyMjIyMjCiMgT3B0aW9uYWwsIGNoYW5nZSBjb21tYW5kIGxpbmUgc3R5bGUKIyMjIyMjIyMjIyMjIyMjIyMjIyMjIyMjIyMjIyMjIyMjIyMjIyMjIyMjIyMjIyMjIyMjIyMjIyMjIyMjIyMjIwoKc3VkbyBhcHQgLXFxIGluc3RhbGwgYmFzaC1jb21wbGV0aW9uIC15CgpjYXQgPDxFT0YgPiB+Ly5pbnB1dHJjCnNldCBzaG93LWFsbC1pZi1hbWJpZ3VvdXMgb24Kc2V0IHNob3ctYWxsLWlmLXVubW9kaWZpZWQgb24Kc2V0IG1lbnUtY29tcGxldGUtZGlzcGxheS1wcmVmaXggb24KIi90IjogbWVudS1jb21wbGV0ZQoiXGVbWiI6IG1lbnUtY29tcGxldGUtYmFja3dhcmQKIlxlW0EiOiBoaXN0b3J5LXNlYXJjaC1iYWNrd2FyZAoiXGVbQiI6IGhpc3Rvcnktc2VhcmNoLWZvcndhcmQKIlxlT0EiOiBoaXN0b3J5LXNlYXJjaC1iYWNrd2FyZAoiXGVPQiI6IGhpc3Rvcnktc2VhcmNoLWZvcndhcmQKRU9GCgojIFNjcmlwdCB0byBmb3JjZSBlbmFibGUgY29sb3IgcHJvbXB0IG9uIFVidW50dSBhbmQgb3RoZXIgTGludXggZGlzdHJvcy4Kc2VkIC1pICdzLyNmb3JjZV9jb2xvcl9wcm9tcHQ9eWVzL2ZvcmNlX2NvbG9yX3Byb21wdD15ZXMvZycgfi8uYmFzaHJjCgojIFJlbG9hZCB0aGUgLmJhc2hyYyBmaWxlCnNvdXJjZSB+Ly5iYXNocmM=",
            "dedicated_host_group_id": "",
            "dedicated_host_id": "",
            "disable_password_authentication": false,
            "edge_zone": "",
            "encryption_at_host_enabled": false,
            "eviction_policy": "",
            "extensions_time_budget": "PT1H30M",
            "gallery_application": [],
            "id": "/subscriptions/38977b70-47bf-4da5-a492-88712fce8725/resourceGroups/rg-vm-1/providers/Microsoft.Compute/virtualMachines/vm-1",
            "identity": [],
            "license_type": "",
            "location": "westeurope",
            "max_bid_price": -1,
            "name": "vm-1",
            "network_interface_ids": [
              "/subscriptions/38977b70-47bf-4da5-a492-88712fce8725/resourceGroups/rg-vm-1/providers/Microsoft.Network/networkInterfaces/nic-vm"
            ],
            "os_disk": [
              {
                "caching": "ReadWrite",
                "diff_disk_settings": [],
                "disk_encryption_set_id": "",
                "disk_size_gb": 30,
                "name": "vm-1_OsDisk_1_e1c7976c93a9488bbcdf1b653875056f",
                "secure_vm_disk_encryption_set_id": "",
                "security_encryption_type": "",
                "storage_account_type": "Standard_LRS",
                "write_accelerator_enabled": false
              }
            ],
            "patch_assessment_mode": "ImageDefault",
            "patch_mode": "ImageDefault",
            "plan": [],
            "platform_fault_domain": -1,
            "priority": "Regular",
            "private_ip_address": "10.1.0.5",
            "private_ip_addresses": [
              "10.1.0.5"
            ],
            "provision_vm_agent": true,
            "proximity_placement_group_id": "",
            "public_ip_address": "",
            "public_ip_addresses": [],
            "reboot_setting": "",
            "resource_group_name": "rg-vm-1",
            "secret": [],
            "secure_boot_enabled": false,
            "size": "Standard_B2als_v2",
            "source_image_id": "",
            "source_image_reference": [
              {
                "offer": "0001-com-ubuntu-server-jammy",
                "publisher": "canonical",
                "sku": "22_04-lts-gen2",
                "version": "latest"
              }
            ],
            "tags": null,
            "termination_notification": null,
            "timeouts": null,
            "user_data": "",
            "virtual_machine_id": "9d08b5d3-ef08-40b5-aa7b-369ff09346c0",
            "virtual_machine_scale_set_id": "",
            "vtpm_enabled": false,
            "zone": ""
          },
          "sensitive_attributes": [],
          "private": "eyJlMmJmYjczMC1lY2FhLTExZTYtOGY4OC0zNDM2M2JjN2M0YzAiOnsiY3JlYXRlIjoyNzAwMDAwMDAwMDAwLCJkZWxldGUiOjI3MDAwMDAwMDAwMDAsInJlYWQiOjMwMDAwMDAwMDAwMCwidXBkYXRlIjoyNzAwMDAwMDAwMDAwfX0=",
          "dependencies": [
            "azurerm_resource_group.rg-1",
            "azurerm_subnet.subnet-1",
            "azurerm_virtual_network.vnet-1",
            "module.vm-1.azurerm_network_interface.nic_vm",
            "module.vm-1.azurerm_public_ip.pip_vm",
            "module.vm-1.azurerm_resource_group.rg"
          ]
        }
      ]
    },
    {
      "module": "module.vm-1",
      "mode": "managed",
      "type": "azurerm_network_interface",
      "name": "nic_vm",
      "provider": "provider[\"registry.terraform.io/hashicorp/azurerm\"]",
      "instances": [
        {
          "schema_version": 0,
          "attributes": {
            "applied_dns_servers": [],
            "auxiliary_mode": "",
            "auxiliary_sku": "",
            "dns_servers": [],
            "edge_zone": "",
            "enable_accelerated_networking": false,
            "enable_ip_forwarding": false,
            "id": "/subscriptions/38977b70-47bf-4da5-a492-88712fce8725/resourceGroups/rg-vm-1/providers/Microsoft.Network/networkInterfaces/nic-vm",
            "internal_dns_name_label": "",
            "internal_domain_name_suffix": "ncxv0zijmn0ulk54hdvvcdrp4f.ax.internal.cloudapp.net",
            "ip_configuration": [
              {
                "gateway_load_balancer_frontend_ip_configuration_id": "",
                "name": "internal",
                "primary": true,
                "private_ip_address": "10.1.0.5",
                "private_ip_address_allocation": "Dynamic",
                "private_ip_address_version": "IPv4",
                "public_ip_address_id": "",
                "subnet_id": "/subscriptions/38977b70-47bf-4da5-a492-88712fce8725/resourceGroups/rg-1/providers/Microsoft.Network/virtualNetworks/vnet-1/subnets/subnet-1"
              }
            ],
            "location": "westeurope",
            "mac_address": "",
            "name": "nic-vm",
            "private_ip_address": "10.1.0.5",
            "private_ip_addresses": [
              "10.1.0.5"
            ],
            "resource_group_name": "rg-vm-1",
            "tags": null,
            "timeouts": null,
            "virtual_machine_id": ""
          },
          "sensitive_attributes": [],
          "private": "eyJlMmJmYjczMC1lY2FhLTExZTYtOGY4OC0zNDM2M2JjN2M0YzAiOnsiY3JlYXRlIjoxODAwMDAwMDAwMDAwLCJkZWxldGUiOjE4MDAwMDAwMDAwMDAsInJlYWQiOjMwMDAwMDAwMDAwMCwidXBkYXRlIjoxODAwMDAwMDAwMDAwfX0=",
          "dependencies": [
            "azurerm_resource_group.rg-1",
            "azurerm_subnet.subnet-1",
            "azurerm_virtual_network.vnet-1",
            "module.vm-1.azurerm_public_ip.pip_vm",
            "module.vm-1.azurerm_resource_group.rg"
          ]
        }
      ]
    },
    {
      "module": "module.vm-1",
      "mode": "managed",
      "type": "azurerm_resource_group",
      "name": "rg",
      "provider": "provider[\"registry.terraform.io/hashicorp/azurerm\"]",
      "instances": [
        {
          "schema_version": 0,
          "attributes": {
            "id": "/subscriptions/38977b70-47bf-4da5-a492-88712fce8725/resourceGroups/rg-vm-1",
            "location": "westeurope",
            "managed_by": "",
            "name": "rg-vm-1",
            "tags": null,
            "timeouts": null
          },
          "sensitive_attributes": [],
          "private": "eyJlMmJmYjczMC1lY2FhLTExZTYtOGY4OC0zNDM2M2JjN2M0YzAiOnsiY3JlYXRlIjo1NDAwMDAwMDAwMDAwLCJkZWxldGUiOjU0MDAwMDAwMDAwMDAsInJlYWQiOjMwMDAwMDAwMDAwMCwidXBkYXRlIjo1NDAwMDAwMDAwMDAwfX0=",
          "dependencies": [
            "azurerm_resource_group.rg-1"
          ]
        }
      ]
    },
    {
      "module": "module.vm-2",
      "mode": "managed",
      "type": "azurerm_linux_virtual_machine",
      "name": "vm",
      "provider": "provider[\"registry.terraform.io/hashicorp/azurerm\"]",
      "instances": [
        {
          "schema_version": 0,
          "attributes": {
            "additional_capabilities": [],
            "admin_password": "@Aa123456789",
            "admin_ssh_key": [],
            "admin_username": "azureuser",
            "allow_extension_operations": true,
            "availability_set_id": "",
            "boot_diagnostics": [
              {
                "storage_account_uri": ""
              }
            ],
            "bypass_platform_safety_checks_on_user_schedule_enabled": false,
            "capacity_reservation_group_id": "",
            "computer_name": "vm-2",
            "custom_data": "IyEvYmluL2Jhc2gKCnN1ZG8gYXB0IC1xcSB1cGRhdGUKCiMgSW5zdGFsbCBjdXJsIGFuZCB0cmFjZXJvdXRlIGFuZCBqcQpzdWRvIGFwdCAtcXEgaW5zdGFsbCBjdXJsIHRyYWNlcm91dGUgaW5ldHV0aWxzLXRyYWNlcm91dGUganEgLXkKCiMgSW5zdGFsbCBOR0lOWCB3ZWIgc2VydmVyCnN1ZG8gYXB0IC1xcSBpbnN0YWxsIG5naW54IC15CgpJUD0kKGhvc3RuYW1lIC1pKQoKZWNobyAiSGVsbG8gZnJvbSB2aXJ0dWFsIG1hY2hpbmU6ICRIT1NUTkFNRSwgd2l0aCBJUCBhZGRyZXNzOiAkSVAiID4gL3Zhci93d3cvaHRtbC9pbmRleC5odG1sCgojIyMjIyMjIyMjIyMjIyMjIyMjIyMjIyMjIyMjIyMjIyMjIyMjIyMjIyMjIyMjIyMjIyMjIyMjIyMjIyMjIyMjCiMgT3B0aW9uYWwsIGNoYW5nZSBjb21tYW5kIGxpbmUgc3R5bGUKIyMjIyMjIyMjIyMjIyMjIyMjIyMjIyMjIyMjIyMjIyMjIyMjIyMjIyMjIyMjIyMjIyMjIyMjIyMjIyMjIyMjIwoKc3VkbyBhcHQgLXFxIGluc3RhbGwgYmFzaC1jb21wbGV0aW9uIC15CgpjYXQgPDxFT0YgPiB+Ly5pbnB1dHJjCnNldCBzaG93LWFsbC1pZi1hbWJpZ3VvdXMgb24Kc2V0IHNob3ctYWxsLWlmLXVubW9kaWZpZWQgb24Kc2V0IG1lbnUtY29tcGxldGUtZGlzcGxheS1wcmVmaXggb24KIi90IjogbWVudS1jb21wbGV0ZQoiXGVbWiI6IG1lbnUtY29tcGxldGUtYmFja3dhcmQKIlxlW0EiOiBoaXN0b3J5LXNlYXJjaC1iYWNrd2FyZAoiXGVbQiI6IGhpc3Rvcnktc2VhcmNoLWZvcndhcmQKIlxlT0EiOiBoaXN0b3J5LXNlYXJjaC1iYWNrd2FyZAoiXGVPQiI6IGhpc3Rvcnktc2VhcmNoLWZvcndhcmQKRU9GCgojIFNjcmlwdCB0byBmb3JjZSBlbmFibGUgY29sb3IgcHJvbXB0IG9uIFVidW50dSBhbmQgb3RoZXIgTGludXggZGlzdHJvcy4Kc2VkIC1pICdzLyNmb3JjZV9jb2xvcl9wcm9tcHQ9eWVzL2ZvcmNlX2NvbG9yX3Byb21wdD15ZXMvZycgfi8uYmFzaHJjCgojIFJlbG9hZCB0aGUgLmJhc2hyYyBmaWxlCnNvdXJjZSB+Ly5iYXNocmM=",
            "dedicated_host_group_id": "",
            "dedicated_host_id": "",
            "disable_password_authentication": false,
            "edge_zone": "",
            "encryption_at_host_enabled": false,
            "eviction_policy": "",
            "extensions_time_budget": "PT1H30M",
            "gallery_application": [],
            "id": "/subscriptions/38977b70-47bf-4da5-a492-88712fce8725/resourceGroups/rg-vm-2/providers/Microsoft.Compute/virtualMachines/vm-2",
            "identity": [],
            "license_type": "",
            "location": "westeurope",
            "max_bid_price": -1,
            "name": "vm-2",
            "network_interface_ids": [
              "/subscriptions/38977b70-47bf-4da5-a492-88712fce8725/resourceGroups/rg-vm-2/providers/Microsoft.Network/networkInterfaces/nic-vm"
            ],
            "os_disk": [
              {
                "caching": "ReadWrite",
                "diff_disk_settings": [],
                "disk_encryption_set_id": "",
                "disk_size_gb": 30,
                "name": "vm-2_OsDisk_1_beec4697d9e2444a952e1aad7b67b12d",
                "secure_vm_disk_encryption_set_id": "",
                "security_encryption_type": "",
                "storage_account_type": "Standard_LRS",
                "write_accelerator_enabled": false
              }
            ],
            "patch_assessment_mode": "ImageDefault",
            "patch_mode": "ImageDefault",
            "plan": [],
            "platform_fault_domain": -1,
            "priority": "Regular",
            "private_ip_address": "10.1.0.4",
            "private_ip_addresses": [
              "10.1.0.4"
            ],
            "provision_vm_agent": true,
            "proximity_placement_group_id": "",
            "public_ip_address": "",
            "public_ip_addresses": [],
            "reboot_setting": "",
            "resource_group_name": "rg-vm-2",
            "secret": [],
            "secure_boot_enabled": false,
            "size": "Standard_B2als_v2",
            "source_image_id": "",
            "source_image_reference": [
              {
                "offer": "0001-com-ubuntu-server-jammy",
                "publisher": "canonical",
                "sku": "22_04-lts-gen2",
                "version": "latest"
              }
            ],
            "tags": null,
            "termination_notification": null,
            "timeouts": null,
            "user_data": "",
            "virtual_machine_id": "a3fee309-e0e2-4260-a039-7ad23d4dba6a",
            "virtual_machine_scale_set_id": "",
            "vtpm_enabled": false,
            "zone": ""
          },
          "sensitive_attributes": [],
          "private": "eyJlMmJmYjczMC1lY2FhLTExZTYtOGY4OC0zNDM2M2JjN2M0YzAiOnsiY3JlYXRlIjoyNzAwMDAwMDAwMDAwLCJkZWxldGUiOjI3MDAwMDAwMDAwMDAsInJlYWQiOjMwMDAwMDAwMDAwMCwidXBkYXRlIjoyNzAwMDAwMDAwMDAwfX0=",
          "dependencies": [
            "azurerm_resource_group.rg-1",
            "azurerm_subnet.subnet-1",
            "azurerm_virtual_network.vnet-1",
            "module.vm-2.azurerm_network_interface.nic_vm",
            "module.vm-2.azurerm_public_ip.pip_vm",
            "module.vm-2.azurerm_resource_group.rg"
          ]
        }
      ]
    },
    {
      "module": "module.vm-2",
      "mode": "managed",
      "type": "azurerm_network_interface",
      "name": "nic_vm",
      "provider": "provider[\"registry.terraform.io/hashicorp/azurerm\"]",
      "instances": [
        {
          "schema_version": 0,
          "attributes": {
            "applied_dns_servers": [],
            "auxiliary_mode": "",
            "auxiliary_sku": "",
            "dns_servers": [],
            "edge_zone": "",
            "enable_accelerated_networking": false,
            "enable_ip_forwarding": false,
            "id": "/subscriptions/38977b70-47bf-4da5-a492-88712fce8725/resourceGroups/rg-vm-2/providers/Microsoft.Network/networkInterfaces/nic-vm",
            "internal_dns_name_label": "",
            "internal_domain_name_suffix": "ncxv0zijmn0ulk54hdvvcdrp4f.ax.internal.cloudapp.net",
            "ip_configuration": [
              {
                "gateway_load_balancer_frontend_ip_configuration_id": "",
                "name": "internal",
                "primary": true,
                "private_ip_address": "10.1.0.4",
                "private_ip_address_allocation": "Dynamic",
                "private_ip_address_version": "IPv4",
                "public_ip_address_id": "",
                "subnet_id": "/subscriptions/38977b70-47bf-4da5-a492-88712fce8725/resourceGroups/rg-1/providers/Microsoft.Network/virtualNetworks/vnet-1/subnets/subnet-1"
              }
            ],
            "location": "westeurope",
            "mac_address": "",
            "name": "nic-vm",
            "private_ip_address": "10.1.0.4",
            "private_ip_addresses": [
              "10.1.0.4"
            ],
            "resource_group_name": "rg-vm-2",
            "tags": null,
            "timeouts": null,
            "virtual_machine_id": ""
          },
          "sensitive_attributes": [],
          "private": "eyJlMmJmYjczMC1lY2FhLTExZTYtOGY4OC0zNDM2M2JjN2M0YzAiOnsiY3JlYXRlIjoxODAwMDAwMDAwMDAwLCJkZWxldGUiOjE4MDAwMDAwMDAwMDAsInJlYWQiOjMwMDAwMDAwMDAwMCwidXBkYXRlIjoxODAwMDAwMDAwMDAwfX0=",
          "dependencies": [
            "azurerm_resource_group.rg-1",
            "azurerm_subnet.subnet-1",
            "azurerm_virtual_network.vnet-1",
            "module.vm-2.azurerm_public_ip.pip_vm",
            "module.vm-2.azurerm_resource_group.rg"
          ]
        }
      ]
    },
    {
      "module": "module.vm-2",
      "mode": "managed",
      "type": "azurerm_resource_group",
      "name": "rg",
      "provider": "provider[\"registry.terraform.io/hashicorp/azurerm\"]",
      "instances": [
        {
          "schema_version": 0,
          "attributes": {
            "id": "/subscriptions/38977b70-47bf-4da5-a492-88712fce8725/resourceGroups/rg-vm-2",
            "location": "westeurope",
            "managed_by": "",
            "name": "rg-vm-2",
            "tags": null,
            "timeouts": null
          },
          "sensitive_attributes": [],
          "private": "eyJlMmJmYjczMC1lY2FhLTExZTYtOGY4OC0zNDM2M2JjN2M0YzAiOnsiY3JlYXRlIjo1NDAwMDAwMDAwMDAwLCJkZWxldGUiOjU0MDAwMDAwMDAwMDAsInJlYWQiOjMwMDAwMDAwMDAwMCwidXBkYXRlIjo1NDAwMDAwMDAwMDAwfX0=",
          "dependencies": [
            "azurerm_resource_group.rg-1"
          ]
        }
      ]
    }
  ],
  "check_results": null
}
