{
  "version": 4,
  "terraform_version": "1.6.2",
  "serial": 27,
  "lineage": "f4cc4fff-6393-b82d-ad42-6c04aa0bd239",
  "outputs": {},
  "resources": [
    {
      "mode": "managed",
      "type": "azurerm_resource_group",
      "name": "rg-hub",
      "provider": "provider[\"registry.terraform.io/hashicorp/azurerm\"]",
      "instances": [
        {
          "schema_version": 0,
          "attributes": {
            "id": "/subscriptions/38977b70-47bf-4da5-a492-88712fce8725/resourceGroups/rg-hub",
            "location": "westeurope",
            "managed_by": "",
            "name": "rg-hub",
            "tags": {},
            "timeouts": null
          },
          "sensitive_attributes": [],
          "private": "eyJlMmJmYjczMC1lY2FhLTExZTYtOGY4OC0zNDM2M2JjN2M0YzAiOnsiY3JlYXRlIjo1NDAwMDAwMDAwMDAwLCJkZWxldGUiOjU0MDAwMDAwMDAwMDAsInJlYWQiOjMwMDAwMDAwMDAwMCwidXBkYXRlIjo1NDAwMDAwMDAwMDAwfSwic2NoZW1hX3ZlcnNpb24iOiIwIn0="
        }
      ]
    },
    {
      "mode": "managed",
      "type": "azurerm_resource_group",
      "name": "rg-spoke",
      "provider": "provider[\"registry.terraform.io/hashicorp/azurerm\"]",
      "instances": [
        {
          "schema_version": 0,
          "attributes": {
            "id": "/subscriptions/38977b70-47bf-4da5-a492-88712fce8725/resourceGroups/rg-spoke",
            "location": "westeurope",
            "managed_by": "",
            "name": "rg-spoke",
            "tags": {},
            "timeouts": null
          },
          "sensitive_attributes": [],
          "private": "eyJlMmJmYjczMC1lY2FhLTExZTYtOGY4OC0zNDM2M2JjN2M0YzAiOnsiY3JlYXRlIjo1NDAwMDAwMDAwMDAwLCJkZWxldGUiOjU0MDAwMDAwMDAwMDAsInJlYWQiOjMwMDAwMDAwMDAwMCwidXBkYXRlIjo1NDAwMDAwMDAwMDAwfX0="
        }
      ]
    },
    {
      "mode": "managed",
      "type": "azurerm_subnet",
      "name": "subnet-bastion",
      "provider": "provider[\"registry.terraform.io/hashicorp/azurerm\"]",
      "instances": [
        {
          "schema_version": 0,
          "attributes": {
            "address_prefixes": [
              "172.16.0.0/27"
            ],
            "delegation": [],
            "enforce_private_link_endpoint_network_policies": false,
            "enforce_private_link_service_network_policies": false,
            "id": "/subscriptions/38977b70-47bf-4da5-a492-88712fce8725/resourceGroups/rg-hub/providers/Microsoft.Network/virtualNetworks/vnet-hub/subnets/AzureBastionSubnet",
            "name": "AzureBastionSubnet",
            "private_endpoint_network_policies_enabled": true,
            "private_link_service_network_policies_enabled": true,
            "resource_group_name": "rg-hub",
            "service_endpoint_policy_ids": [],
            "service_endpoints": [],
            "timeouts": null,
            "virtual_network_name": "vnet-hub"
          },
          "sensitive_attributes": [],
          "private": "eyJlMmJmYjczMC1lY2FhLTExZTYtOGY4OC0zNDM2M2JjN2M0YzAiOnsiY3JlYXRlIjoxODAwMDAwMDAwMDAwLCJkZWxldGUiOjE4MDAwMDAwMDAwMDAsInJlYWQiOjMwMDAwMDAwMDAwMCwidXBkYXRlIjoxODAwMDAwMDAwMDAwfSwic2NoZW1hX3ZlcnNpb24iOiIwIn0=",
          "dependencies": [
            "azurerm_resource_group.rg-hub",
            "azurerm_virtual_network.vnet-hub"
          ]
        }
      ]
    },
    {
      "mode": "managed",
      "type": "azurerm_subnet",
      "name": "subnet-vm",
      "provider": "provider[\"registry.terraform.io/hashicorp/azurerm\"]",
      "instances": [
        {
          "schema_version": 0,
          "attributes": {
            "address_prefixes": [
              "10.0.1.0/24"
            ],
            "delegation": [],
            "enforce_private_link_endpoint_network_policies": true,
            "enforce_private_link_service_network_policies": false,
            "id": "/subscriptions/38977b70-47bf-4da5-a492-88712fce8725/resourceGroups/rg-spoke/providers/Microsoft.Network/virtualNetworks/vnet-spoke/subnets/subnet-vm",
            "name": "subnet-vm",
            "private_endpoint_network_policies_enabled": false,
            "private_link_service_network_policies_enabled": true,
            "resource_group_name": "rg-spoke",
            "service_endpoint_policy_ids": [],
            "service_endpoints": [],
            "timeouts": null,
            "virtual_network_name": "vnet-spoke"
          },
          "sensitive_attributes": [],
          "private": "eyJlMmJmYjczMC1lY2FhLTExZTYtOGY4OC0zNDM2M2JjN2M0YzAiOnsiY3JlYXRlIjoxODAwMDAwMDAwMDAwLCJkZWxldGUiOjE4MDAwMDAwMDAwMDAsInJlYWQiOjMwMDAwMDAwMDAwMCwidXBkYXRlIjoxODAwMDAwMDAwMDAwfX0=",
          "dependencies": [
            "azurerm_resource_group.rg-spoke",
            "azurerm_virtual_network.vnet-spoke"
          ]
        }
      ]
    },
    {
      "mode": "managed",
      "type": "azurerm_virtual_network",
      "name": "vnet-hub",
      "provider": "provider[\"registry.terraform.io/hashicorp/azurerm\"]",
      "instances": [
        {
          "schema_version": 0,
          "attributes": {
            "address_space": [
              "172.16.0.0/16"
            ],
            "bgp_community": "",
            "ddos_protection_plan": [],
            "dns_servers": [],
            "edge_zone": "",
            "encryption": [],
            "flow_timeout_in_minutes": 0,
            "guid": "f46be828-aaa5-4ca5-8570-12b346b9ed9f",
            "id": "/subscriptions/38977b70-47bf-4da5-a492-88712fce8725/resourceGroups/rg-hub/providers/Microsoft.Network/virtualNetworks/vnet-hub",
            "location": "westeurope",
            "name": "vnet-hub",
            "resource_group_name": "rg-hub",
            "subnet": [
              {
                "address_prefix": "172.16.0.0/27",
                "id": "/subscriptions/38977b70-47bf-4da5-a492-88712fce8725/resourceGroups/rg-hub/providers/Microsoft.Network/virtualNetworks/vnet-hub/subnets/AzureBastionSubnet",
                "name": "AzureBastionSubnet",
                "security_group": ""
              }
            ],
            "tags": {},
            "timeouts": null
          },
          "sensitive_attributes": [],
          "private": "eyJlMmJmYjczMC1lY2FhLTExZTYtOGY4OC0zNDM2M2JjN2M0YzAiOnsiY3JlYXRlIjoxODAwMDAwMDAwMDAwLCJkZWxldGUiOjE4MDAwMDAwMDAwMDAsInJlYWQiOjMwMDAwMDAwMDAwMCwidXBkYXRlIjoxODAwMDAwMDAwMDAwfSwic2NoZW1hX3ZlcnNpb24iOiIwIn0=",
          "dependencies": [
            "azurerm_resource_group.rg-hub"
          ]
        }
      ]
    },
    {
      "mode": "managed",
      "type": "azurerm_virtual_network",
      "name": "vnet-spoke",
      "provider": "provider[\"registry.terraform.io/hashicorp/azurerm\"]",
      "instances": [
        {
          "schema_version": 0,
          "attributes": {
            "address_space": [
              "10.0.0.0/16"
            ],
            "bgp_community": "",
            "ddos_protection_plan": [],
            "dns_servers": [],
            "edge_zone": "",
            "encryption": [],
            "flow_timeout_in_minutes": 0,
            "guid": "5b60bd58-87c9-4a94-9c3f-926f57db0327",
            "id": "/subscriptions/38977b70-47bf-4da5-a492-88712fce8725/resourceGroups/rg-spoke/providers/Microsoft.Network/virtualNetworks/vnet-spoke",
            "location": "westeurope",
            "name": "vnet-spoke",
            "resource_group_name": "rg-spoke",
            "subnet": [
              {
                "address_prefix": "10.0.1.0/24",
                "id": "/subscriptions/38977b70-47bf-4da5-a492-88712fce8725/resourceGroups/rg-spoke/providers/Microsoft.Network/virtualNetworks/vnet-spoke/subnets/subnet-vm",
                "name": "subnet-vm",
                "security_group": ""
              }
            ],
            "tags": {},
            "timeouts": null
          },
          "sensitive_attributes": [],
          "private": "eyJlMmJmYjczMC1lY2FhLTExZTYtOGY4OC0zNDM2M2JjN2M0YzAiOnsiY3JlYXRlIjoxODAwMDAwMDAwMDAwLCJkZWxldGUiOjE4MDAwMDAwMDAwMDAsInJlYWQiOjMwMDAwMDAwMDAwMCwidXBkYXRlIjoxODAwMDAwMDAwMDAwfX0=",
          "dependencies": [
            "azurerm_resource_group.rg-spoke"
          ]
        }
      ]
    },
    {
      "mode": "managed",
      "type": "azurerm_virtual_network_peering",
      "name": "peering-hub-to-spoke",
      "provider": "provider[\"registry.terraform.io/hashicorp/azurerm\"]",
      "instances": [
        {
          "schema_version": 0,
          "attributes": {
            "allow_forwarded_traffic": true,
            "allow_gateway_transit": false,
            "allow_virtual_network_access": true,
            "id": "/subscriptions/38977b70-47bf-4da5-a492-88712fce8725/resourceGroups/rg-hub/providers/Microsoft.Network/virtualNetworks/vnet-hub/virtualNetworkPeerings/peering-hub-to-spoke",
            "name": "peering-hub-to-spoke",
            "remote_virtual_network_id": "/subscriptions/38977b70-47bf-4da5-a492-88712fce8725/resourceGroups/rg-spoke/providers/Microsoft.Network/virtualNetworks/vnet-spoke",
            "resource_group_name": "rg-hub",
            "timeouts": null,
            "triggers": null,
            "use_remote_gateways": false,
            "virtual_network_name": "vnet-hub"
          },
          "sensitive_attributes": [],
          "private": "eyJlMmJmYjczMC1lY2FhLTExZTYtOGY4OC0zNDM2M2JjN2M0YzAiOnsiY3JlYXRlIjoxODAwMDAwMDAwMDAwLCJkZWxldGUiOjE4MDAwMDAwMDAwMDAsInJlYWQiOjMwMDAwMDAwMDAwMCwidXBkYXRlIjoxODAwMDAwMDAwMDAwfX0=",
          "dependencies": [
            "azurerm_resource_group.rg-hub",
            "azurerm_resource_group.rg-spoke",
            "azurerm_virtual_network.vnet-hub",
            "azurerm_virtual_network.vnet-spoke"
          ]
        }
      ]
    },
    {
      "mode": "managed",
      "type": "azurerm_virtual_network_peering",
      "name": "peering-spoke-to-hub",
      "provider": "provider[\"registry.terraform.io/hashicorp/azurerm\"]",
      "instances": [
        {
          "schema_version": 0,
          "attributes": {
            "allow_forwarded_traffic": true,
            "allow_gateway_transit": false,
            "allow_virtual_network_access": true,
            "id": "/subscriptions/38977b70-47bf-4da5-a492-88712fce8725/resourceGroups/rg-spoke/providers/Microsoft.Network/virtualNetworks/vnet-spoke/virtualNetworkPeerings/peering-spoke-to-hub",
            "name": "peering-spoke-to-hub",
            "remote_virtual_network_id": "/subscriptions/38977b70-47bf-4da5-a492-88712fce8725/resourceGroups/rg-hub/providers/Microsoft.Network/virtualNetworks/vnet-hub",
            "resource_group_name": "rg-spoke",
            "timeouts": null,
            "triggers": null,
            "use_remote_gateways": false,
            "virtual_network_name": "vnet-spoke"
          },
          "sensitive_attributes": [],
          "private": "eyJlMmJmYjczMC1lY2FhLTExZTYtOGY4OC0zNDM2M2JjN2M0YzAiOnsiY3JlYXRlIjoxODAwMDAwMDAwMDAwLCJkZWxldGUiOjE4MDAwMDAwMDAwMDAsInJlYWQiOjMwMDAwMDAwMDAwMCwidXBkYXRlIjoxODAwMDAwMDAwMDAwfX0=",
          "dependencies": [
            "azurerm_resource_group.rg-hub",
            "azurerm_resource_group.rg-spoke",
            "azurerm_virtual_network.vnet-hub",
            "azurerm_virtual_network.vnet-spoke"
          ]
        }
      ]
    },
    {
      "module": "module.bastion",
      "mode": "managed",
      "type": "azurerm_bastion_host",
      "name": "bastion",
      "provider": "provider[\"registry.terraform.io/hashicorp/azurerm\"]",
      "instances": [
        {
          "schema_version": 0,
          "attributes": {
            "copy_paste_enabled": true,
            "dns_name": "bst-c328ccb8-b82e-4a12-8b15-c6c2e374e8b3.bastion.azure.com",
            "file_copy_enabled": true,
            "id": "/subscriptions/38977b70-47bf-4da5-a492-88712fce8725/resourceGroups/rg-bastion/providers/Microsoft.Network/bastionHosts/bastion-host",
            "ip_configuration": [
              {
                "name": "configuration",
                "public_ip_address_id": "/subscriptions/38977b70-47bf-4da5-a492-88712fce8725/resourceGroups/rg-bastion/providers/Microsoft.Network/publicIPAddresses/pip-bastion",
                "subnet_id": "/subscriptions/38977b70-47bf-4da5-a492-88712fce8725/resourceGroups/rg-hub/providers/Microsoft.Network/virtualNetworks/vnet-hub/subnets/AzureBastionSubnet"
              }
            ],
            "ip_connect_enabled": false,
            "location": "westeurope",
            "name": "bastion-host",
            "resource_group_name": "rg-bastion",
            "scale_units": 2,
            "shareable_link_enabled": true,
            "sku": "Standard",
            "tags": {},
            "timeouts": null,
            "tunneling_enabled": true
          },
          "sensitive_attributes": [],
          "private": "eyJlMmJmYjczMC1lY2FhLTExZTYtOGY4OC0zNDM2M2JjN2M0YzAiOnsiY3JlYXRlIjoxODAwMDAwMDAwMDAwLCJkZWxldGUiOjE4MDAwMDAwMDAwMDAsInJlYWQiOjMwMDAwMDAwMDAwMCwidXBkYXRlIjoxODAwMDAwMDAwMDAwfX0=",
          "dependencies": [
            "azurerm_resource_group.rg-hub",
            "azurerm_subnet.subnet-bastion",
            "azurerm_virtual_network.vnet-hub",
            "module.bastion.azurerm_public_ip.pip",
            "module.bastion.azurerm_resource_group.rg"
          ]
        }
      ]
    },
    {
      "module": "module.bastion",
      "mode": "managed",
      "type": "azurerm_public_ip",
      "name": "pip",
      "provider": "provider[\"registry.terraform.io/hashicorp/azurerm\"]",
      "instances": [
        {
          "schema_version": 0,
          "attributes": {
            "allocation_method": "Static",
            "ddos_protection_mode": "VirtualNetworkInherited",
            "ddos_protection_plan_id": null,
            "domain_name_label": null,
            "edge_zone": "",
            "fqdn": null,
            "id": "/subscriptions/38977b70-47bf-4da5-a492-88712fce8725/resourceGroups/rg-bastion/providers/Microsoft.Network/publicIPAddresses/pip-bastion",
            "idle_timeout_in_minutes": 4,
            "ip_address": "104.47.167.20",
            "ip_tags": {},
            "ip_version": "IPv4",
            "location": "westeurope",
            "name": "pip-bastion",
            "public_ip_prefix_id": null,
            "resource_group_name": "rg-bastion",
            "reverse_fqdn": null,
            "sku": "Standard",
            "sku_tier": "Regional",
            "tags": {},
            "timeouts": null,
            "zones": []
          },
          "sensitive_attributes": [],
          "private": "eyJlMmJmYjczMC1lY2FhLTExZTYtOGY4OC0zNDM2M2JjN2M0YzAiOnsiY3JlYXRlIjoxODAwMDAwMDAwMDAwLCJkZWxldGUiOjE4MDAwMDAwMDAwMDAsInJlYWQiOjMwMDAwMDAwMDAwMCwidXBkYXRlIjoxODAwMDAwMDAwMDAwfX0=",
          "dependencies": [
            "azurerm_resource_group.rg-hub",
            "module.bastion.azurerm_resource_group.rg"
          ]
        }
      ]
    },
    {
      "module": "module.bastion",
      "mode": "managed",
      "type": "azurerm_resource_group",
      "name": "rg",
      "provider": "provider[\"registry.terraform.io/hashicorp/azurerm\"]",
      "instances": [
        {
          "schema_version": 0,
          "attributes": {
            "id": "/subscriptions/38977b70-47bf-4da5-a492-88712fce8725/resourceGroups/rg-bastion",
            "location": "westeurope",
            "managed_by": "",
            "name": "rg-bastion",
            "tags": {},
            "timeouts": null
          },
          "sensitive_attributes": [],
          "private": "eyJlMmJmYjczMC1lY2FhLTExZTYtOGY4OC0zNDM2M2JjN2M0YzAiOnsiY3JlYXRlIjo1NDAwMDAwMDAwMDAwLCJkZWxldGUiOjU0MDAwMDAwMDAwMDAsInJlYWQiOjMwMDAwMDAwMDAwMCwidXBkYXRlIjo1NDAwMDAwMDAwMDAwfX0=",
          "dependencies": [
            "azurerm_resource_group.rg-hub"
          ]
        }
      ]
    },
    {
      "module": "module.vm-linux",
      "mode": "managed",
      "type": "azurerm_linux_virtual_machine",
      "name": "vm",
      "provider": "provider[\"registry.terraform.io/hashicorp/azurerm\"]",
      "instances": [
        {
          "schema_version": 0,
          "attributes": {
            "additional_capabilities": [],
            "admin_password": "@Aa123456789",
            "admin_ssh_key": [],
            "admin_username": "azureuser",
            "allow_extension_operations": true,
            "availability_set_id": "",
            "boot_diagnostics": [
              {
                "storage_account_uri": ""
              }
            ],
            "bypass_platform_safety_checks_on_user_schedule_enabled": false,
            "capacity_reservation_group_id": "",
            "computer_name": "vm-linux",
            "custom_data": "IyEvYmluL2Jhc2gKCnN1ZG8gYXB0IC1xcSB1cGRhdGUKCiMgSW5zdGFsbCBjdXJsIGFuZCB0cmFjZXJvdXRlIGFuZCBqcQpzdWRvIGFwdCAtcXEgaW5zdGFsbCBjdXJsIHRyYWNlcm91dGUgaW5ldHV0aWxzLXRyYWNlcm91dGUganEgLXkKCiMgSW5zdGFsbCBOR0lOWCB3ZWIgc2VydmVyCnN1ZG8gYXB0IC1xcSBpbnN0YWxsIG5naW54IC15CgpJUD0kKGhvc3RuYW1lIC1pKQoKZWNobyAiSGVsbG8gZnJvbSB2aXJ0dWFsIG1hY2hpbmU6ICRIT1NUTkFNRSwgd2l0aCBJUCBhZGRyZXNzOiAkSVAiID4gL3Zhci93d3cvaHRtbC9pbmRleC5odG1sCgojIyMjIyMjIyMjIyMjIyMjIyMjIyMjIyMjIyMjIyMjIyMjIyMjIyMjIyMjIyMjIyMjIyMjIyMjIyMjIyMjIyMjCiMgT3B0aW9uYWwsIGNoYW5nZSBjb21tYW5kIGxpbmUgc3R5bGUKIyMjIyMjIyMjIyMjIyMjIyMjIyMjIyMjIyMjIyMjIyMjIyMjIyMjIyMjIyMjIyMjIyMjIyMjIyMjIyMjIyMjIwoKc3VkbyBhcHQgLXFxIGluc3RhbGwgYmFzaC1jb21wbGV0aW9uIC15CgpjYXQgPDxFT0YgPiB+Ly5pbnB1dHJjCnNldCBzaG93LWFsbC1pZi1hbWJpZ3VvdXMgb24Kc2V0IHNob3ctYWxsLWlmLXVubW9kaWZpZWQgb24Kc2V0IG1lbnUtY29tcGxldGUtZGlzcGxheS1wcmVmaXggb24KIi90IjogbWVudS1jb21wbGV0ZQoiXGVbWiI6IG1lbnUtY29tcGxldGUtYmFja3dhcmQKIlxlW0EiOiBoaXN0b3J5LXNlYXJjaC1iYWNrd2FyZAoiXGVbQiI6IGhpc3Rvcnktc2VhcmNoLWZvcndhcmQKIlxlT0EiOiBoaXN0b3J5LXNlYXJjaC1iYWNrd2FyZAoiXGVPQiI6IGhpc3Rvcnktc2VhcmNoLWZvcndhcmQKRU9GCgojIFNjcmlwdCB0byBmb3JjZSBlbmFibGUgY29sb3IgcHJvbXB0IG9uIFVidW50dSBhbmQgb3RoZXIgTGludXggZGlzdHJvcy4Kc2VkIC1pICdzLyNmb3JjZV9jb2xvcl9wcm9tcHQ9eWVzL2ZvcmNlX2NvbG9yX3Byb21wdD15ZXMvZycgfi8uYmFzaHJjCgojIFJlbG9hZCB0aGUgLmJhc2hyYyBmaWxlCnNvdXJjZSB+Ly5iYXNocmM=",
            "dedicated_host_group_id": "",
            "dedicated_host_id": "",
            "disable_password_authentication": false,
            "edge_zone": "",
            "encryption_at_host_enabled": false,
            "eviction_policy": "",
            "extensions_time_budget": "PT1H30M",
            "gallery_application": [],
            "id": "/subscriptions/38977b70-47bf-4da5-a492-88712fce8725/resourceGroups/rg-vm-linux/providers/Microsoft.Compute/virtualMachines/vm-linux",
            "identity": [],
            "license_type": "",
            "location": "westeurope",
            "max_bid_price": -1,
            "name": "vm-linux",
            "network_interface_ids": [
              "/subscriptions/38977b70-47bf-4da5-a492-88712fce8725/resourceGroups/rg-vm-linux/providers/Microsoft.Network/networkInterfaces/nic-vm"
            ],
            "os_disk": [
              {
                "caching": "ReadWrite",
                "diff_disk_settings": [],
                "disk_encryption_set_id": "",
                "disk_size_gb": 30,
                "name": "vm-linux_disk1_99ad34c1f2a748588958936487b6c311",
                "secure_vm_disk_encryption_set_id": "",
                "security_encryption_type": "",
                "storage_account_type": "Standard_LRS",
                "write_accelerator_enabled": false
              }
            ],
            "patch_assessment_mode": "ImageDefault",
            "patch_mode": "ImageDefault",
            "plan": [],
            "platform_fault_domain": -1,
            "priority": "Regular",
            "private_ip_address": "10.0.1.4",
            "private_ip_addresses": [
              "10.0.1.4"
            ],
            "provision_vm_agent": true,
            "proximity_placement_group_id": "",
            "public_ip_address": "",
            "public_ip_addresses": [],
            "reboot_setting": "",
            "resource_group_name": "rg-vm-linux",
            "secret": [],
            "secure_boot_enabled": false,
            "size": "Standard_B2als_v2",
            "source_image_id": "",
            "source_image_reference": [
              {
                "offer": "0001-com-ubuntu-server-jammy",
                "publisher": "canonical",
                "sku": "22_04-lts-gen2",
                "version": "latest"
              }
            ],
            "tags": {},
            "termination_notification": [],
            "timeouts": null,
            "user_data": "",
            "virtual_machine_id": "6226bb7a-0709-4aa1-bad4-48ba40b38de5",
            "virtual_machine_scale_set_id": "",
            "vtpm_enabled": false,
            "zone": ""
          },
          "sensitive_attributes": [],
          "private": "eyJlMmJmYjczMC1lY2FhLTExZTYtOGY4OC0zNDM2M2JjN2M0YzAiOnsiY3JlYXRlIjoyNzAwMDAwMDAwMDAwLCJkZWxldGUiOjI3MDAwMDAwMDAwMDAsInJlYWQiOjMwMDAwMDAwMDAwMCwidXBkYXRlIjoyNzAwMDAwMDAwMDAwfX0=",
          "dependencies": [
            "azurerm_resource_group.rg-spoke",
            "azurerm_subnet.subnet-vm",
            "azurerm_virtual_network.vnet-spoke",
            "module.vm-linux.azurerm_network_interface.nic_vm",
            "module.vm-linux.azurerm_public_ip.pip_vm",
            "module.vm-linux.azurerm_resource_group.rg"
          ]
        }
      ]
    },
    {
      "module": "module.vm-linux",
      "mode": "managed",
      "type": "azurerm_network_interface",
      "name": "nic_vm",
      "provider": "provider[\"registry.terraform.io/hashicorp/azurerm\"]",
      "instances": [
        {
          "schema_version": 0,
          "attributes": {
            "applied_dns_servers": [],
            "auxiliary_mode": "",
            "auxiliary_sku": "",
            "dns_servers": [],
            "edge_zone": "",
            "enable_accelerated_networking": false,
            "enable_ip_forwarding": false,
            "id": "/subscriptions/38977b70-47bf-4da5-a492-88712fce8725/resourceGroups/rg-vm-linux/providers/Microsoft.Network/networkInterfaces/nic-vm",
            "internal_dns_name_label": "",
            "internal_domain_name_suffix": "lc4waw4jq4kevhb5sjxvpwydeh.ax.internal.cloudapp.net",
            "ip_configuration": [
              {
                "gateway_load_balancer_frontend_ip_configuration_id": "",
                "name": "internal",
                "primary": true,
                "private_ip_address": "10.0.1.4",
                "private_ip_address_allocation": "Dynamic",
                "private_ip_address_version": "IPv4",
                "public_ip_address_id": "",
                "subnet_id": "/subscriptions/38977b70-47bf-4da5-a492-88712fce8725/resourceGroups/rg-spoke/providers/Microsoft.Network/virtualNetworks/vnet-spoke/subnets/subnet-vm"
              }
            ],
            "location": "westeurope",
            "mac_address": "00-22-48-87-8F-67",
            "name": "nic-vm",
            "private_ip_address": "10.0.1.4",
            "private_ip_addresses": [
              "10.0.1.4"
            ],
            "resource_group_name": "rg-vm-linux",
            "tags": {},
            "timeouts": null,
            "virtual_machine_id": "/subscriptions/38977b70-47bf-4da5-a492-88712fce8725/resourceGroups/rg-vm-linux/providers/Microsoft.Compute/virtualMachines/vm-linux"
          },
          "sensitive_attributes": [],
          "private": "eyJlMmJmYjczMC1lY2FhLTExZTYtOGY4OC0zNDM2M2JjN2M0YzAiOnsiY3JlYXRlIjoxODAwMDAwMDAwMDAwLCJkZWxldGUiOjE4MDAwMDAwMDAwMDAsInJlYWQiOjMwMDAwMDAwMDAwMCwidXBkYXRlIjoxODAwMDAwMDAwMDAwfX0=",
          "dependencies": [
            "azurerm_resource_group.rg-spoke",
            "azurerm_subnet.subnet-vm",
            "azurerm_virtual_network.vnet-spoke",
            "module.vm-linux.azurerm_public_ip.pip_vm",
            "module.vm-linux.azurerm_resource_group.rg"
          ]
        }
      ]
    },
    {
      "module": "module.vm-linux",
      "mode": "managed",
      "type": "azurerm_resource_group",
      "name": "rg",
      "provider": "provider[\"registry.terraform.io/hashicorp/azurerm\"]",
      "instances": [
        {
          "schema_version": 0,
          "attributes": {
            "id": "/subscriptions/38977b70-47bf-4da5-a492-88712fce8725/resourceGroups/rg-vm-linux",
            "location": "westeurope",
            "managed_by": "",
            "name": "rg-vm-linux",
            "tags": {},
            "timeouts": null
          },
          "sensitive_attributes": [],
          "private": "eyJlMmJmYjczMC1lY2FhLTExZTYtOGY4OC0zNDM2M2JjN2M0YzAiOnsiY3JlYXRlIjo1NDAwMDAwMDAwMDAwLCJkZWxldGUiOjU0MDAwMDAwMDAwMDAsInJlYWQiOjMwMDAwMDAwMDAwMCwidXBkYXRlIjo1NDAwMDAwMDAwMDAwfX0=",
          "dependencies": [
            "azurerm_resource_group.rg-spoke"
          ]
        }
      ]
    },
    {
      "module": "module.vm-windows",
      "mode": "managed",
      "type": "azurerm_network_interface",
      "name": "nic_vm",
      "provider": "provider[\"registry.terraform.io/hashicorp/azurerm\"]",
      "instances": [
        {
          "schema_version": 0,
          "attributes": {
            "applied_dns_servers": [],
            "auxiliary_mode": "",
            "auxiliary_sku": "",
            "dns_servers": [],
            "edge_zone": "",
            "enable_accelerated_networking": false,
            "enable_ip_forwarding": false,
            "id": "/subscriptions/38977b70-47bf-4da5-a492-88712fce8725/resourceGroups/rg-vm-windows/providers/Microsoft.Network/networkInterfaces/nic-vm",
            "internal_dns_name_label": "",
            "internal_domain_name_suffix": "lc4waw4jq4kevhb5sjxvpwydeh.ax.internal.cloudapp.net",
            "ip_configuration": [
              {
                "gateway_load_balancer_frontend_ip_configuration_id": "",
                "name": "internal",
                "primary": true,
                "private_ip_address": "10.0.1.5",
                "private_ip_address_allocation": "Dynamic",
                "private_ip_address_version": "IPv4",
                "public_ip_address_id": "",
                "subnet_id": "/subscriptions/38977b70-47bf-4da5-a492-88712fce8725/resourceGroups/rg-spoke/providers/Microsoft.Network/virtualNetworks/vnet-spoke/subnets/subnet-vm"
              }
            ],
            "location": "westeurope",
            "mac_address": "00-0D-3A-AB-CB-A5",
            "name": "nic-vm",
            "private_ip_address": "10.0.1.5",
            "private_ip_addresses": [
              "10.0.1.5"
            ],
            "resource_group_name": "rg-vm-windows",
            "tags": {},
            "timeouts": null,
            "virtual_machine_id": "/subscriptions/38977b70-47bf-4da5-a492-88712fce8725/resourceGroups/rg-vm-windows/providers/Microsoft.Compute/virtualMachines/vm-windows"
          },
          "sensitive_attributes": [],
          "private": "eyJlMmJmYjczMC1lY2FhLTExZTYtOGY4OC0zNDM2M2JjN2M0YzAiOnsiY3JlYXRlIjoxODAwMDAwMDAwMDAwLCJkZWxldGUiOjE4MDAwMDAwMDAwMDAsInJlYWQiOjMwMDAwMDAwMDAwMCwidXBkYXRlIjoxODAwMDAwMDAwMDAwfX0=",
          "dependencies": [
            "azurerm_resource_group.rg-spoke",
            "azurerm_subnet.subnet-vm",
            "azurerm_virtual_network.vnet-spoke",
            "module.vm-windows.azurerm_public_ip.pip_vm",
            "module.vm-windows.azurerm_resource_group.rg"
          ]
        }
      ]
    },
    {
      "module": "module.vm-windows",
      "mode": "managed",
      "type": "azurerm_resource_group",
      "name": "rg",
      "provider": "provider[\"registry.terraform.io/hashicorp/azurerm\"]",
      "instances": [
        {
          "schema_version": 0,
          "attributes": {
            "id": "/subscriptions/38977b70-47bf-4da5-a492-88712fce8725/resourceGroups/rg-vm-windows",
            "location": "westeurope",
            "managed_by": "",
            "name": "rg-vm-windows",
            "tags": {},
            "timeouts": null
          },
          "sensitive_attributes": [],
          "private": "eyJlMmJmYjczMC1lY2FhLTExZTYtOGY4OC0zNDM2M2JjN2M0YzAiOnsiY3JlYXRlIjo1NDAwMDAwMDAwMDAwLCJkZWxldGUiOjU0MDAwMDAwMDAwMDAsInJlYWQiOjMwMDAwMDAwMDAwMCwidXBkYXRlIjo1NDAwMDAwMDAwMDAwfX0=",
          "dependencies": [
            "azurerm_resource_group.rg-spoke"
          ]
        }
      ]
    },
    {
      "module": "module.vm-windows",
      "mode": "managed",
      "type": "azurerm_virtual_machine_extension",
      "name": "cloudinit",
      "provider": "provider[\"registry.terraform.io/hashicorp/azurerm\"]",
      "instances": [
        {
          "schema_version": 0,
          "attributes": {
            "auto_upgrade_minor_version": false,
            "automatic_upgrade_enabled": false,
            "failure_suppression_enabled": false,
            "id": "/subscriptions/38977b70-47bf-4da5-a492-88712fce8725/resourceGroups/rg-vm-windows/providers/Microsoft.Compute/virtualMachines/vm-windows/extensions/cloudinit",
            "name": "cloudinit",
            "protected_settings": null,
            "protected_settings_from_key_vault": [],
            "provision_after_extensions": null,
            "publisher": "Microsoft.Compute",
            "settings": "{\"commandToExecute\":\"powershell -ExecutionPolicy unrestricted -NoProfile -NonInteractive -command \\\"cp c:/azuredata/customdata.bin c:/azuredata/install.ps1; c:/azuredata/install.ps1\\\"\"}",
            "tags": null,
            "timeouts": null,
            "type": "CustomScriptExtension",
            "type_handler_version": "1.10",
            "virtual_machine_id": "/subscriptions/38977b70-47bf-4da5-a492-88712fce8725/resourceGroups/rg-vm-windows/providers/Microsoft.Compute/virtualMachines/vm-windows"
          },
          "sensitive_attributes": [],
          "private": "eyJlMmJmYjczMC1lY2FhLTExZTYtOGY4OC0zNDM2M2JjN2M0YzAiOnsiY3JlYXRlIjoxODAwMDAwMDAwMDAwLCJkZWxldGUiOjE4MDAwMDAwMDAwMDAsInJlYWQiOjMwMDAwMDAwMDAwMCwidXBkYXRlIjoxODAwMDAwMDAwMDAwfX0=",
          "dependencies": [
            "azurerm_resource_group.rg-spoke",
            "azurerm_subnet.subnet-vm",
            "azurerm_virtual_network.vnet-spoke",
            "module.vm-windows.azurerm_network_interface.nic_vm",
            "module.vm-windows.azurerm_public_ip.pip_vm",
            "module.vm-windows.azurerm_resource_group.rg",
            "module.vm-windows.azurerm_windows_virtual_machine.vm"
          ]
        }
      ]
    },
    {
      "module": "module.vm-windows",
      "mode": "managed",
      "type": "azurerm_windows_virtual_machine",
      "name": "vm",
      "provider": "provider[\"registry.terraform.io/hashicorp/azurerm\"]",
      "instances": [
        {
          "schema_version": 0,
          "attributes": {
            "additional_capabilities": [],
            "additional_unattend_content": [],
            "admin_password": "@Aa123456789",
            "admin_username": "azureuser",
            "allow_extension_operations": true,
            "availability_set_id": "",
            "boot_diagnostics": [
              {
                "storage_account_uri": ""
              }
            ],
            "bypass_platform_safety_checks_on_user_schedule_enabled": false,
            "capacity_reservation_group_id": "",
            "computer_name": "vm-windows",
            "custom_data": "IyBUaGUgc2NyaXB0IHdpbGwgYmUgZG93bmxvYWRlZCBpbnRvIHRoZSBWTTogQzpcUGFja2FnZXNcUGx1Z2luc1xNaWNyb3NvZnQuQ29tcHV0ZS5DdXN0b21TY3JpcHRFeHRlbnNpb25cMS4xMC4xNVxEb3dubG9hZHNcMA0KDQojIEluc3RhbGwgY2hvY29sYXRlbHkNClNldC1FeGVjdXRpb25Qb2xpY3kgQnlwYXNzIC1TY29wZSBQcm9jZXNzIC1Gb3JjZTsgW1N5c3RlbS5OZXQuU2VydmljZVBvaW50TWFuYWdlcl06OlNlY3VyaXR5UHJvdG9jb2wgPSBbU3lzdGVtLk5ldC5TZXJ2aWNlUG9pbnRNYW5hZ2VyXTo6U2VjdXJpdHlQcm90b2NvbCAtYm9yIDMwNzI7IGlleCAoKE5ldy1PYmplY3QgU3lzdGVtLk5ldC5XZWJDbGllbnQpLkRvd25sb2FkU3RyaW5nKCdodHRwczovL2Nob2NvbGF0ZXkub3JnL2luc3RhbGwucHMxJykpDQoNCiMgSW5zdGFsbCBUZXJtaW5hbA0KY2hvY28gaW5zdGFsbCBtaWNyb3NvZnQtd2luZG93cy10ZXJtaW5hbCAteQ0KDQojIyBTdGFydCBUZXJtaW5hbA0KDQojIEluc3RhbGwgQXp1cmUgQ0xJDQpjaG9jbyBpbnN0YWxsIGF6dXJlLWNsaSAteQ0KIyBJbnZva2UtV2ViUmVxdWVzdCAtVXJpIGh0dHBzOi8vYWthLm1zL2luc3RhbGxhenVyZWNsaXdpbmRvd3MgLU91dEZpbGUgLlxBenVyZUNMSS5tc2k7IFN0YXJ0LVByb2Nlc3MgbXNpZXhlYy5leGUgLVdhaXQgLUFyZ3VtZW50TGlzdCAnL0kgQXp1cmVDTEkubXNpIC9xdWlldCc7IHJtIC5cQXp1cmVDTEkubXNpDQoNCiMgSW5zdGFsbCBLdWJlcm5ldGVzIENMSQ0KY2hvY28gaW5zdGFsbCBrdWJlcm5ldGVzLWNsaSAteQ0KDQojIEluc3RhbGwga3ViZWxvZ2luDQpjaG9jbyBpbnN0YWxsIGt1YmVsb2dpbiAteQ0KDQojIEluc3RhbGwgSGVsbSBDTEkNCmNob2NvIGluc3RhbGwga3ViZXJuZXRlcy1oZWxtIC15DQoNCiMgSW5zdGFsbCBUZXJyYWZvcm0NCmNob2NvIGluc3RhbGwgdGVycmFmb3JtIC15DQoNCiMgSW5zdGFsbCBqcQ0KY2hvY28gaW5zdGFsbCBqcSAteQ0KDQojIEluc3RhbGwgVlMgQ29kZQ0KY2hvY28gaW5zdGFsbCB2c2NvZGUgLXkNCg0KIyBJbnN0YWxsIEVkZ2UNCmNob2NvIGluc3RhbGwgbWljcm9zb2Z0LWVkZ2UgLXkNCg0KIyBJbnN0YWxsIEdpdA0KY2hvY28gaW5zdGFsbCBnaXQgLXkNCg0KIyBJbnN0YWxsIEF6dXJlIFN0b3JhZ2UgRXhwbG9yZXINCmNob2NvIGluc3RhbGwgbWljcm9zb2Z0YXp1cmVzdG9yYWdlZXhwbG9yZXIgLXkNCg0KIyBJbnN0YWxsIGN1cmwNCmNob2NvIGluc3RhbGwgY3VybCAteQ0KDQojIEluc3RhbGwgcHl0aG9uDQpjaG9jbyBpbnN0YWxsIHB5dGhvbiAteQ0KDQpTZXQtQWxpYXMgLU5hbWUgayAtVmFsdWUga3ViZWN0bA0KDQojICMgKE9wdGlvbmFsKSBJbnN0YWxsIERvY2tlciBmb3IgRGVza3RvcA0KIyBjaG9jbyBpbnN0YWxsIGRvY2tlci1kZXNrdG9wIC15DQojIGNob2NvIGluc3RhbGwgZG9ja2VyLWNsaSAteQ0KDQojIENvbmZpZ3VyZSBBdXRvLUNvbXBsZXRlDQpTZXQtRXhlY3V0aW9uUG9saWN5IFJlbW90ZVNpZ25lZA0KIyBDcmVhdGUgcHJvZmlsZSB3aGVuIG5vdCBleGlzdA0KaWYgKCEoVGVzdC1QYXRoIC1QYXRoICRQUk9GSUxFLkN1cnJlbnRVc2VyQWxsSG9zdHMpKSB7DQogIE5ldy1JdGVtIC1JdGVtVHlwZSBGaWxlIC1QYXRoICRQUk9GSUxFLkN1cnJlbnRVc2VyQWxsSG9zdHMgLUZvcmNlDQp9DQojIE9wZW4gdGhlIHByb2ZpbGUgd2l0aCBhbiBlZGl0b3IgKGUuZy4gZ29vZCBvbGQgTm90ZXBhZCkNCiMgaWkgJFBST0ZJTEUuQ3VycmVudFVzZXJBbGxIb3N0cw0KIyBJbiB0aGUgZWRpdG9yIGFkZCB0aGUgZm9sbG93aW5nIGxpbmVzIHRvIHRoZSBwcm9maWxlOg0KJHBvd2Vyc2hlbGxQcm9maWxlPUAiDQojIFNob3dzIG5hdmlnYWJsZSBtZW51IG9mIGFsbCBvcHRpb25zIHdoZW4gaGl0dGluZyBUYWINClNldC1QU1JlYWRsaW5lS2V5SGFuZGxlciAtS2V5IFRhYiAtRnVuY3Rpb24gTWVudUNvbXBsZXRlDQoNCiMgQXV0b2NvbXBsZXRpb24gZm9yIGFycm93IGtleXMNClNldC1QU1JlYWRsaW5lS2V5SGFuZGxlciAtS2V5IFVwQXJyb3cgLUZ1bmN0aW9uIEhpc3RvcnlTZWFyY2hCYWNrd2FyZA0KU2V0LVBTUmVhZGxpbmVLZXlIYW5kbGVyIC1LZXkgRG93bkFycm93IC1GdW5jdGlvbiBIaXN0b3J5U2VhcmNoRm9yd2FyZA0KDQpJbXBvcnQtTW9kdWxlIHBvc2gtZ2l0DQoNCkltcG9ydC1Nb2R1bGUgUFNSZWFkTGluZQ0KU2V0LVBTUmVhZExpbmVPcHRpb24gLWNvbG9ycyBAeyBEZWZhdWx0ID0gIkdyZWVuIn0NClNldC1QU1JlYWRMaW5lT3B0aW9uIC1jb2xvcnMgQHsgUGFyYW1ldGVyID0gIkJsdWUifQ0KU2V0LVBTUmVhZExpbmVPcHRpb24gLWNvbG9ycyBAeyBDb21tYW5kID0gIk1hZ2VudGEifQ0KDQpmdW5jdGlvbiBwcm9tcHQgew0KIiAkICINCn0NCg0KSW1wb3J0LU1vZHVsZSBUZXJtaW5hbC1JY29ucw0KDQpDbGVhcg0KDQpwd2QNCg0KIkANCg0KJHBvd2Vyc2hlbGxQcm9maWxlID4gJFBTSE9NRVxQcm9maWxlLnBzMSAjICRQUk9GSUxFLkN1cnJlbnRVc2VyQWxsSG9zdHMNCg0KIyAjIFNldCB1cCBsYW5ndWFnZSBwcmVmZXJlbmNlDQojICRMYW5ndWFnZUxpc3QgPSBHZXQtV2luVXNlckxhbmd1YWdlTGlzdA0KIyAkTGFuZ3VhZ2VMaXN0LkFkZCgiZnItRlIiKQ0KIyBTZXQtV2luVXNlckxhbmd1YWdlTGlzdCAkTGFuZ3VhZ2VMaXN0DQoNCiMjIFJlc3RhcnQgVGVybWluYWwNCg0KIyAjIEluc3RhbGwgVGVycmFmb3JtIGV4dGVuc2lvbiBpbiBWUyBDb2RlDQojIGNvZGUgLS1pbnN0YWxsLWV4dGVuc2lvbiBoYXNoaWNvcnAudGVycmFmb3JtDQoNCiMgY2QgLlxEZXNrdG9wXA0KIyBnaXQgY2xvbmUgaHR0cHM6Ly9naXRodWIuY29tL0hvdXNzZW1EZWxsYWkvYWtzLWVudGVycHJpc2UNCiMgY2QgYWtzLWVudGVycHJpc2UNCiMgY29kZSAuDQoNCiMgYXogbG9naW4gLS1pZGVudGl0eQ0KIyBheiBhY2NvdW50IHNldCAtLXN1YnNjcmlwdGlvbiAiTWljcm9zb2Z0LUF6dXJlLU5vblByb2QiDQojIGF6IGFrcyBsaXN0IC1vIHRhYmxlDQojIGF6IGFrcyBnZXQtY3JlZGVudGlhbHMgLWcgcmctbHpha3Mtc3Bva2Utd2V1LWFrcy1jbHVzdGVyIC1uIGFrcy1jbHVzdGVyDQoNCiMga3ViZWxvZ2luIGNvbnZlcnQta3ViZWNvbmZpZyAtbCBhenVyZWNsaQ0KDQojIGt1YmVjdGwgZ2V0IG5vZGVzDQojIGt1YmVjdGwgZ2V0IHBvZHMgLUENCiMga3ViZWN0bCBydW4gbmdpbnggLS1pbWFnZT1uZ2lueA0KIyBrdWJlY3RsIGV4ZWMgbmdpbnggLWl0IC0tIGxzDQojIGt1YmVjdGwgY3JlYXRlIGRlcGxveW1lbnQgbmdpbnggLS1pbWFnZT1uZ2lueCAtLXJlcGxpY2FzPTMNCg0KDQojICRBQ1JfTkFNRT0kKGF6IGFjciBsaXN0IC0tcXVlcnkgWzBdLm5hbWUgLW8gdHN2KQ0KIyAkQUNSX1RPS0VOPSQoYXogYWNyIGxvZ2luIC0tbmFtZSAkQUNSX05BTUUgLS1leHBvc2UtdG9rZW4gLS1vdXRwdXQgdHN2IC0tcXVlcnkgYWNjZXNzVG9rZW4pDQojIGRvY2tlciBsb2dpbiAkQUNSX05BTUUuYXp1cmVjci5pbyAtdSAkQUNSX05BTUUgLXAgJEFDUl9UT0tFTg0KDQojIGRvY2tlciBwdWxsICRBQ1JfTkFNRS5henVyZWNyLmlvL2hlbGxvLXdvcmxkOmxhdGVzdA0KDQojICMgSU1EUw0KIyBJbnZva2UtUmVzdE1ldGhvZCAtSGVhZGVycyBAeyJNZXRhZGF0YSI9InRydWUifSAtTWV0aG9kIEdFVCAtTm9Qcm94eSAtVXJpICJodHRwOi8vMTY5LjI1NC4xNjkuMjU0L21ldGFkYXRhL2luc3RhbmNlP2FwaS12ZXJzaW9uPTIwMjEtMDItMDEiIHwgQ29udmVydFRvLUpzb24gLURlcHRoIDY0",
            "dedicated_host_group_id": "",
            "dedicated_host_id": "",
            "edge_zone": "",
            "enable_automatic_updates": true,
            "encryption_at_host_enabled": false,
            "eviction_policy": "",
            "extensions_time_budget": "PT1H30M",
            "gallery_application": [],
            "hotpatching_enabled": false,
            "id": "/subscriptions/38977b70-47bf-4da5-a492-88712fce8725/resourceGroups/rg-vm-windows/providers/Microsoft.Compute/virtualMachines/vm-windows",
            "identity": [],
            "license_type": "",
            "location": "westeurope",
            "max_bid_price": -1,
            "name": "vm-windows",
            "network_interface_ids": [
              "/subscriptions/38977b70-47bf-4da5-a492-88712fce8725/resourceGroups/rg-vm-windows/providers/Microsoft.Network/networkInterfaces/nic-vm"
            ],
            "os_disk": [
              {
                "caching": "ReadWrite",
                "diff_disk_settings": [],
                "disk_encryption_set_id": "",
                "disk_size_gb": 127,
                "name": "vm-windows_disk1_cf714edc74364e51ae1c8d47144f15df",
                "secure_vm_disk_encryption_set_id": "",
                "security_encryption_type": "",
                "storage_account_type": "Standard_LRS",
                "write_accelerator_enabled": false
              }
            ],
            "patch_assessment_mode": "ImageDefault",
            "patch_mode": "AutomaticByOS",
            "plan": [],
            "platform_fault_domain": -1,
            "priority": "Regular",
            "private_ip_address": "10.0.1.5",
            "private_ip_addresses": [
              "10.0.1.5"
            ],
            "provision_vm_agent": true,
            "proximity_placement_group_id": "",
            "public_ip_address": "",
            "public_ip_addresses": [],
            "reboot_setting": "",
            "resource_group_name": "rg-vm-windows",
            "secret": [],
            "secure_boot_enabled": false,
            "size": "Standard_B2als_v2",
            "source_image_id": "",
            "source_image_reference": [
              {
                "offer": "windows-11",
                "publisher": "MicrosoftWindowsDesktop",
                "sku": "win11-22h2-pro",
                "version": "latest"
              }
            ],
            "tags": {},
            "termination_notification": [],
            "timeouts": null,
            "timezone": "",
            "user_data": "",
            "virtual_machine_id": "426e83f3-eee2-4039-9e15-08255de2782d",
            "virtual_machine_scale_set_id": "",
            "vtpm_enabled": false,
            "winrm_listener": [],
            "zone": ""
          },
          "sensitive_attributes": [],
          "private": "eyJlMmJmYjczMC1lY2FhLTExZTYtOGY4OC0zNDM2M2JjN2M0YzAiOnsiY3JlYXRlIjoyNzAwMDAwMDAwMDAwLCJkZWxldGUiOjI3MDAwMDAwMDAwMDAsInJlYWQiOjMwMDAwMDAwMDAwMCwidXBkYXRlIjoyNzAwMDAwMDAwMDAwfX0=",
          "dependencies": [
            "azurerm_resource_group.rg-spoke",
            "azurerm_subnet.subnet-vm",
            "azurerm_virtual_network.vnet-spoke",
            "module.vm-windows.azurerm_network_interface.nic_vm",
            "module.vm-windows.azurerm_public_ip.pip_vm",
            "module.vm-windows.azurerm_resource_group.rg"
          ]
        }
      ]
    }
  ],
  "check_results": []
}
