{
  "version": 4,
  "terraform_version": "1.8.0",
  "serial": 81,
  "lineage": "38b54610-8280-1d08-75c1-55e3bd3e142a",
  "outputs": {
    "dns-zone-hub": {
      "value": "corp.azure",
      "type": "string"
    },
    "vm-linux-hub-ip": {
      "value": "10.0.2.4",
      "type": "string"
    },
    "vm-linux-spoke1-ip": {
      "value": "10.1.0.4",
      "type": "string"
    },
    "vm-linux-spoke2-ip": {
      "value": "10.2.0.4",
      "type": "string"
    }
  },
  "resources": [
    {
      "mode": "data",
      "type": "azurerm_network_watcher",
      "name": "network_watcher",
      "provider": "provider[\"registry.terraform.io/hashicorp/azurerm\"]",
      "instances": [
        {
          "schema_version": 0,
          "attributes": {
            "id": "/subscriptions/38977b70-47bf-4da5-a492-88712fce8725/resourceGroups/NetworkWatcherRG/providers/Microsoft.Network/networkWatchers/NetworkWatcher_swedencentral",
            "location": "swedencentral",
            "name": "NetworkWatcher_swedencentral",
            "resource_group_name": "NetworkWatcherRG",
            "tags": {},
            "timeouts": null
          },
          "sensitive_attributes": []
        }
      ]
    },
    {
      "mode": "data",
      "type": "azurerm_resource_group",
      "name": "network_watcher",
      "provider": "provider[\"registry.terraform.io/hashicorp/azurerm\"]",
      "instances": [
        {
          "schema_version": 0,
          "attributes": {
            "id": "/subscriptions/38977b70-47bf-4da5-a492-88712fce8725/resourceGroups/NetworkWatcherRG",
            "location": "swedencentral",
            "managed_by": "",
            "name": "NetworkWatcherRG",
            "tags": {},
            "timeouts": null
          },
          "sensitive_attributes": []
        }
      ]
    },
    {
      "mode": "managed",
      "type": "azapi_resource",
      "name": "vnet-flowlog-hub",
      "provider": "provider[\"registry.terraform.io/azure/azapi\"]",
      "instances": [
        {
          "schema_version": 0,
          "attributes": {
            "body": "{\"properties\":{\"enabled\":true,\"flowAnalyticsConfiguration\":{\"networkWatcherFlowAnalyticsConfiguration\":{\"enabled\":true,\"trafficAnalyticsInterval\":10,\"workspaceId\":\"289cf7cd-d833-4920-b532-cdc903c7d5a6\",\"workspaceRegion\":\"swedencentral\",\"workspaceResourceId\":\"/subscriptions/38977b70-47bf-4da5-a492-88712fce8725/resourceGroups/rg-hub-888/providers/Microsoft.OperationalInsights/workspaces/log-analytics-workspace\"}},\"format\":{\"type\":\"JSON\",\"version\":2},\"retentionPolicy\":{\"days\":7,\"enabled\":true},\"storageId\":\"/subscriptions/38977b70-47bf-4da5-a492-88712fce8725/resourceGroups/rg-hub-888/providers/Microsoft.Storage/storageAccounts/stor8flow8logs888\",\"targetResourceId\":\"/subscriptions/38977b70-47bf-4da5-a492-88712fce8725/resourceGroups/rg-hub-888/providers/Microsoft.Network/virtualNetworks/vnet-hub\"}}",
            "id": "/subscriptions/38977b70-47bf-4da5-a492-88712fce8725/resourceGroups/NetworkWatcherRG/providers/Microsoft.Network/networkWatchers/NetworkWatcher_swedencentral/flowLogs/vnet-flowlog-hub",
            "identity": [],
            "ignore_body_changes": null,
            "ignore_casing": false,
            "ignore_missing_property": true,
            "location": "swedencentral",
            "locks": null,
            "name": "vnet-flowlog-hub",
            "output": "{\"etag\":\"W/\\\"3fac4fd9-0bbe-44aa-a8d2-d4f93c1d77ca\\\"\",\"id\":\"/subscriptions/38977b70-47bf-4da5-a492-88712fce8725/resourceGroups/NetworkWatcherRG/providers/Microsoft.Network/networkWatchers/NetworkWatcher_swedencentral/flowLogs/vnet-flowlog-hub\",\"location\":\"swedencentral\",\"name\":\"vnet-flowlog-hub\",\"properties\":{\"enabled\":true,\"flowAnalyticsConfiguration\":{\"networkWatcherFlowAnalyticsConfiguration\":{\"enabled\":true,\"trafficAnalyticsInterval\":10,\"workspaceId\":\"289cf7cd-d833-4920-b532-cdc903c7d5a6\",\"workspaceRegion\":\"swedencentral\",\"workspaceResourceId\":\"/subscriptions/38977b70-47bf-4da5-a492-88712fce8725/resourceGroups/rg-hub-888/providers/Microsoft.OperationalInsights/workspaces/log-analytics-workspace\"}},\"format\":{\"type\":\"JSON\",\"version\":2},\"provisioningState\":\"Succeeded\",\"retentionPolicy\":{\"days\":7,\"enabled\":true},\"storageId\":\"/subscriptions/38977b70-47bf-4da5-a492-88712fce8725/resourceGroups/rg-hub-888/providers/Microsoft.Storage/storageAccounts/stor8flow8logs888\",\"targetResourceGuid\":\"f28cb000-acc7-4144-bcc0-b8e43824f545\",\"targetResourceId\":\"/subscriptions/38977b70-47bf-4da5-a492-88712fce8725/resourceGroups/rg-hub-888/providers/Microsoft.Network/virtualNetworks/vnet-hub\"},\"type\":\"Microsoft.Network/networkWatchers/flowLogs\"}",
            "parent_id": "/subscriptions/38977b70-47bf-4da5-a492-88712fce8725/resourceGroups/NetworkWatcherRG/providers/Microsoft.Network/networkWatchers/NetworkWatcher_swedencentral",
            "removing_special_chars": false,
            "response_export_values": [
              "*"
            ],
            "schema_validation_enabled": true,
            "tags": {},
            "timeouts": null,
            "type": "Microsoft.Network/networkWatchers/flowLogs@2023-09-01"
          },
          "sensitive_attributes": [],
          "private": "eyJlMmJmYjczMC1lY2FhLTExZTYtOGY4OC0zNDM2M2JjN2M0YzAiOnsiY3JlYXRlIjoxODAwMDAwMDAwMDAwLCJkZWxldGUiOjE4MDAwMDAwMDAwMDAsInJlYWQiOjMwMDAwMDAwMDAwMCwidXBkYXRlIjoxODAwMDAwMDAwMDAwfX0=",
          "dependencies": [
            "azurerm_log_analytics_workspace.workspace",
            "azurerm_resource_group.rg-hub",
            "azurerm_storage_account.sa",
            "azurerm_virtual_network.vnet-hub",
            "data.azurerm_network_watcher.network_watcher",
            "data.azurerm_resource_group.network_watcher"
          ]
        }
      ]
    },
    {
      "mode": "managed",
      "type": "azapi_resource",
      "name": "vnet-flowlog-spoke1",
      "provider": "provider[\"registry.terraform.io/azure/azapi\"]",
      "instances": [
        {
          "schema_version": 0,
          "attributes": {
            "body": "{\"properties\":{\"enabled\":true,\"flowAnalyticsConfiguration\":{\"networkWatcherFlowAnalyticsConfiguration\":{\"enabled\":true,\"trafficAnalyticsInterval\":10,\"workspaceId\":\"289cf7cd-d833-4920-b532-cdc903c7d5a6\",\"workspaceRegion\":\"swedencentral\",\"workspaceResourceId\":\"/subscriptions/38977b70-47bf-4da5-a492-88712fce8725/resourceGroups/rg-hub-888/providers/Microsoft.OperationalInsights/workspaces/log-analytics-workspace\"}},\"format\":{\"type\":\"JSON\",\"version\":2},\"retentionPolicy\":{\"days\":7,\"enabled\":true},\"storageId\":\"/subscriptions/38977b70-47bf-4da5-a492-88712fce8725/resourceGroups/rg-hub-888/providers/Microsoft.Storage/storageAccounts/stor8flow8logs888\",\"targetResourceId\":\"/subscriptions/38977b70-47bf-4da5-a492-88712fce8725/resourceGroups/rg-spoke1-888/providers/Microsoft.Network/virtualNetworks/vnet-spoke1\"}}",
            "id": "/subscriptions/38977b70-47bf-4da5-a492-88712fce8725/resourceGroups/NetworkWatcherRG/providers/Microsoft.Network/networkWatchers/NetworkWatcher_swedencentral/flowLogs/vnet-flowlog-spoke1",
            "identity": [],
            "ignore_body_changes": null,
            "ignore_casing": false,
            "ignore_missing_property": true,
            "location": "swedencentral",
            "locks": null,
            "name": "vnet-flowlog-spoke1",
            "output": "{\"etag\":\"W/\\\"3fac4fd9-0bbe-44aa-a8d2-d4f93c1d77ca\\\"\",\"id\":\"/subscriptions/38977b70-47bf-4da5-a492-88712fce8725/resourceGroups/NetworkWatcherRG/providers/Microsoft.Network/networkWatchers/NetworkWatcher_swedencentral/flowLogs/vnet-flowlog-spoke1\",\"location\":\"swedencentral\",\"name\":\"vnet-flowlog-spoke1\",\"properties\":{\"enabled\":true,\"flowAnalyticsConfiguration\":{\"networkWatcherFlowAnalyticsConfiguration\":{\"enabled\":true,\"trafficAnalyticsInterval\":10,\"workspaceId\":\"289cf7cd-d833-4920-b532-cdc903c7d5a6\",\"workspaceRegion\":\"swedencentral\",\"workspaceResourceId\":\"/subscriptions/38977b70-47bf-4da5-a492-88712fce8725/resourceGroups/rg-hub-888/providers/Microsoft.OperationalInsights/workspaces/log-analytics-workspace\"}},\"format\":{\"type\":\"JSON\",\"version\":2},\"provisioningState\":\"Succeeded\",\"retentionPolicy\":{\"days\":7,\"enabled\":true},\"storageId\":\"/subscriptions/38977b70-47bf-4da5-a492-88712fce8725/resourceGroups/rg-hub-888/providers/Microsoft.Storage/storageAccounts/stor8flow8logs888\",\"targetResourceGuid\":\"bac0d1da-8593-4605-bd59-2bb67f30a87b\",\"targetResourceId\":\"/subscriptions/38977b70-47bf-4da5-a492-88712fce8725/resourceGroups/rg-spoke1-888/providers/Microsoft.Network/virtualNetworks/vnet-spoke1\"},\"type\":\"Microsoft.Network/networkWatchers/flowLogs\"}",
            "parent_id": "/subscriptions/38977b70-47bf-4da5-a492-88712fce8725/resourceGroups/NetworkWatcherRG/providers/Microsoft.Network/networkWatchers/NetworkWatcher_swedencentral",
            "removing_special_chars": false,
            "response_export_values": [
              "*"
            ],
            "schema_validation_enabled": true,
            "tags": {},
            "timeouts": null,
            "type": "Microsoft.Network/networkWatchers/flowLogs@2023-09-01"
          },
          "sensitive_attributes": [],
          "private": "eyJlMmJmYjczMC1lY2FhLTExZTYtOGY4OC0zNDM2M2JjN2M0YzAiOnsiY3JlYXRlIjoxODAwMDAwMDAwMDAwLCJkZWxldGUiOjE4MDAwMDAwMDAwMDAsInJlYWQiOjMwMDAwMDAwMDAwMCwidXBkYXRlIjoxODAwMDAwMDAwMDAwfX0=",
          "dependencies": [
            "azurerm_log_analytics_workspace.workspace",
            "azurerm_resource_group.rg-hub",
            "azurerm_resource_group.rg-spoke1",
            "azurerm_storage_account.sa",
            "azurerm_virtual_network.vnet-hub",
            "azurerm_virtual_network.vnet-spoke1",
            "data.azurerm_network_watcher.network_watcher",
            "data.azurerm_resource_group.network_watcher"
          ]
        }
      ]
    },
    {
      "mode": "managed",
      "type": "azapi_resource",
      "name": "vnet-flowlog-spoke2",
      "provider": "provider[\"registry.terraform.io/azure/azapi\"]",
      "instances": [
        {
          "schema_version": 0,
          "attributes": {
            "body": "{\"properties\":{\"enabled\":true,\"flowAnalyticsConfiguration\":{\"networkWatcherFlowAnalyticsConfiguration\":{\"enabled\":true,\"trafficAnalyticsInterval\":10,\"workspaceId\":\"289cf7cd-d833-4920-b532-cdc903c7d5a6\",\"workspaceRegion\":\"swedencentral\",\"workspaceResourceId\":\"/subscriptions/38977b70-47bf-4da5-a492-88712fce8725/resourceGroups/rg-hub-888/providers/Microsoft.OperationalInsights/workspaces/log-analytics-workspace\"}},\"format\":{\"type\":\"JSON\",\"version\":2},\"retentionPolicy\":{\"days\":7,\"enabled\":true},\"storageId\":\"/subscriptions/38977b70-47bf-4da5-a492-88712fce8725/resourceGroups/rg-hub-888/providers/Microsoft.Storage/storageAccounts/stor8flow8logs888\",\"targetResourceId\":\"/subscriptions/38977b70-47bf-4da5-a492-88712fce8725/resourceGroups/rg-spoke2-888/providers/Microsoft.Network/virtualNetworks/vnet-spoke2\"}}",
            "id": "/subscriptions/38977b70-47bf-4da5-a492-88712fce8725/resourceGroups/NetworkWatcherRG/providers/Microsoft.Network/networkWatchers/NetworkWatcher_swedencentral/flowLogs/vnet-flowlog-spoke2",
            "identity": [],
            "ignore_body_changes": null,
            "ignore_casing": false,
            "ignore_missing_property": true,
            "location": "swedencentral",
            "locks": null,
            "name": "vnet-flowlog-spoke2",
            "output": "{\"etag\":\"W/\\\"3fac4fd9-0bbe-44aa-a8d2-d4f93c1d77ca\\\"\",\"id\":\"/subscriptions/38977b70-47bf-4da5-a492-88712fce8725/resourceGroups/NetworkWatcherRG/providers/Microsoft.Network/networkWatchers/NetworkWatcher_swedencentral/flowLogs/vnet-flowlog-spoke2\",\"location\":\"swedencentral\",\"name\":\"vnet-flowlog-spoke2\",\"properties\":{\"enabled\":true,\"flowAnalyticsConfiguration\":{\"networkWatcherFlowAnalyticsConfiguration\":{\"enabled\":true,\"trafficAnalyticsInterval\":10,\"workspaceId\":\"289cf7cd-d833-4920-b532-cdc903c7d5a6\",\"workspaceRegion\":\"swedencentral\",\"workspaceResourceId\":\"/subscriptions/38977b70-47bf-4da5-a492-88712fce8725/resourceGroups/rg-hub-888/providers/Microsoft.OperationalInsights/workspaces/log-analytics-workspace\"}},\"format\":{\"type\":\"JSON\",\"version\":2},\"provisioningState\":\"Succeeded\",\"retentionPolicy\":{\"days\":7,\"enabled\":true},\"storageId\":\"/subscriptions/38977b70-47bf-4da5-a492-88712fce8725/resourceGroups/rg-hub-888/providers/Microsoft.Storage/storageAccounts/stor8flow8logs888\",\"targetResourceGuid\":\"20979bc9-b6ad-4a78-b80f-2af1d2b45a88\",\"targetResourceId\":\"/subscriptions/38977b70-47bf-4da5-a492-88712fce8725/resourceGroups/rg-spoke2-888/providers/Microsoft.Network/virtualNetworks/vnet-spoke2\"},\"type\":\"Microsoft.Network/networkWatchers/flowLogs\"}",
            "parent_id": "/subscriptions/38977b70-47bf-4da5-a492-88712fce8725/resourceGroups/NetworkWatcherRG/providers/Microsoft.Network/networkWatchers/NetworkWatcher_swedencentral",
            "removing_special_chars": false,
            "response_export_values": [
              "*"
            ],
            "schema_validation_enabled": true,
            "tags": {},
            "timeouts": null,
            "type": "Microsoft.Network/networkWatchers/flowLogs@2023-09-01"
          },
          "sensitive_attributes": [],
          "private": "eyJlMmJmYjczMC1lY2FhLTExZTYtOGY4OC0zNDM2M2JjN2M0YzAiOnsiY3JlYXRlIjoxODAwMDAwMDAwMDAwLCJkZWxldGUiOjE4MDAwMDAwMDAwMDAsInJlYWQiOjMwMDAwMDAwMDAwMCwidXBkYXRlIjoxODAwMDAwMDAwMDAwfX0=",
          "dependencies": [
            "azurerm_log_analytics_workspace.workspace",
            "azurerm_resource_group.rg-hub",
            "azurerm_resource_group.rg-spoke2",
            "azurerm_storage_account.sa",
            "azurerm_virtual_network.vnet-hub",
            "azurerm_virtual_network.vnet-spoke2",
            "data.azurerm_network_watcher.network_watcher",
            "data.azurerm_resource_group.network_watcher"
          ]
        }
      ]
    },
    {
      "mode": "managed",
      "type": "azurerm_bastion_host",
      "name": "bastion",
      "provider": "provider[\"registry.terraform.io/hashicorp/azurerm\"]",
      "instances": [
        {
          "schema_version": 0,
          "attributes": {
            "copy_paste_enabled": true,
            "dns_name": "bst-c2ba9d4e-41fc-49fd-84c9-b7dc50f78458.bastion.azure.com",
            "file_copy_enabled": false,
            "id": "/subscriptions/38977b70-47bf-4da5-a492-88712fce8725/resourceGroups/rg-hub-888/providers/Microsoft.Network/bastionHosts/bastion",
            "ip_configuration": [
              {
                "name": "configuration",
                "public_ip_address_id": "/subscriptions/38977b70-47bf-4da5-a492-88712fce8725/resourceGroups/rg-hub-888/providers/Microsoft.Network/publicIPAddresses/pip-bastion",
                "subnet_id": "/subscriptions/38977b70-47bf-4da5-a492-88712fce8725/resourceGroups/rg-hub-888/providers/Microsoft.Network/virtualNetworks/vnet-hub/subnets/AzureBastionSubnet"
              }
            ],
            "ip_connect_enabled": true,
            "location": "swedencentral",
            "name": "bastion",
            "resource_group_name": "rg-hub-888",
            "scale_units": 2,
            "shareable_link_enabled": false,
            "sku": "Standard",
            "tags": {},
            "timeouts": null,
            "tunneling_enabled": false
          },
          "sensitive_attributes": [],
          "private": "eyJlMmJmYjczMC1lY2FhLTExZTYtOGY4OC0zNDM2M2JjN2M0YzAiOnsiY3JlYXRlIjoxODAwMDAwMDAwMDAwLCJkZWxldGUiOjE4MDAwMDAwMDAwMDAsInJlYWQiOjMwMDAwMDAwMDAwMCwidXBkYXRlIjoxODAwMDAwMDAwMDAwfX0=",
          "dependencies": [
            "azurerm_public_ip.pip-bastion",
            "azurerm_resource_group.rg-hub",
            "azurerm_subnet.subnet-hub-bastion",
            "azurerm_virtual_network.vnet-hub"
          ]
        }
      ]
    },
    {
      "mode": "managed",
      "type": "azurerm_linux_virtual_machine",
      "name": "vm-hub",
      "provider": "provider[\"registry.terraform.io/hashicorp/azurerm\"]",
      "instances": [
        {
          "schema_version": 0,
          "attributes": {
            "additional_capabilities": [],
            "admin_password": "@Aa123456789",
            "admin_ssh_key": [],
            "admin_username": "azureuser",
            "allow_extension_operations": true,
            "availability_set_id": "",
            "boot_diagnostics": [
              {
                "storage_account_uri": ""
              }
            ],
            "bypass_platform_safety_checks_on_user_schedule_enabled": false,
            "capacity_reservation_group_id": "",
            "computer_name": "vm-linux-hub",
            "custom_data": "IyEvYmluL2Jhc2gKCnN1ZG8gYXB0IC1xcSB1cGRhdGUKCnN1ZG8gYXB0IC1xcSBpbnN0YWxsIG5naW54IC15CgpJUD0kKGhvc3RuYW1lIC1pKQoKZWNobyAiSGVsbG8gZnJvbSB2aXJ0dWFsIG1hY2hpbmU6ICRIT1NUTkFNRSwgd2l0aCBJUCBhZGRyZXNzOiAkSVAiID4gL3Zhci93d3cvaHRtbC9pbmRleC5odG1s",
            "dedicated_host_group_id": "",
            "dedicated_host_id": "",
            "disable_password_authentication": false,
            "disk_controller_type": "SCSI",
            "edge_zone": "",
            "encryption_at_host_enabled": false,
            "eviction_policy": "Deallocate",
            "extensions_time_budget": "PT1H30M",
            "gallery_application": [],
            "id": "/subscriptions/38977b70-47bf-4da5-a492-88712fce8725/resourceGroups/rg-hub-888/providers/Microsoft.Compute/virtualMachines/vm-linux-hub",
            "identity": [],
            "license_type": "",
            "location": "swedencentral",
            "max_bid_price": -1,
            "name": "vm-linux-hub",
            "network_interface_ids": [
              "/subscriptions/38977b70-47bf-4da5-a492-88712fce8725/resourceGroups/rg-hub-888/providers/Microsoft.Network/networkInterfaces/nic-vm-hub"
            ],
            "os_disk": [
              {
                "caching": "ReadWrite",
                "diff_disk_settings": [],
                "disk_encryption_set_id": "",
                "disk_size_gb": 30,
                "name": "os-disk-vm-hub",
                "secure_vm_disk_encryption_set_id": "",
                "security_encryption_type": "",
                "storage_account_type": "Standard_LRS",
                "write_accelerator_enabled": false
              }
            ],
            "os_image_notification": [],
            "patch_assessment_mode": "ImageDefault",
            "patch_mode": "ImageDefault",
            "plan": [],
            "platform_fault_domain": -1,
            "priority": "Spot",
            "private_ip_address": "10.0.2.4",
            "private_ip_addresses": [
              "10.0.2.4"
            ],
            "provision_vm_agent": true,
            "proximity_placement_group_id": "",
            "public_ip_address": "",
            "public_ip_addresses": [],
            "reboot_setting": "",
            "resource_group_name": "rg-hub-888",
            "secret": [],
            "secure_boot_enabled": false,
            "size": "Standard_B2ats_v2",
            "source_image_id": "",
            "source_image_reference": [
              {
                "offer": "0001-com-ubuntu-server-jammy",
                "publisher": "canonical",
                "sku": "22_04-lts-gen2",
                "version": "latest"
              }
            ],
            "tags": {},
            "termination_notification": [],
            "timeouts": null,
            "user_data": "",
            "virtual_machine_id": "031e27e9-39b9-412e-8084-434e8faa450e",
            "virtual_machine_scale_set_id": "",
            "vm_agent_platform_updates_enabled": false,
            "vtpm_enabled": false,
            "zone": ""
          },
          "sensitive_attributes": [
            [
              {
                "type": "get_attr",
                "value": "custom_data"
              }
            ],
            [
              {
                "type": "get_attr",
                "value": "admin_password"
              }
            ]
          ],
          "private": "eyJlMmJmYjczMC1lY2FhLTExZTYtOGY4OC0zNDM2M2JjN2M0YzAiOnsiY3JlYXRlIjoyNzAwMDAwMDAwMDAwLCJkZWxldGUiOjI3MDAwMDAwMDAwMDAsInJlYWQiOjMwMDAwMDAwMDAwMCwidXBkYXRlIjoyNzAwMDAwMDAwMDAwfX0=",
          "dependencies": [
            "azurerm_network_interface.nic-vm-hub",
            "azurerm_resource_group.rg-hub",
            "azurerm_subnet.subnet-hub-vm",
            "azurerm_virtual_network.vnet-hub"
          ]
        }
      ]
    },
    {
      "mode": "managed",
      "type": "azurerm_linux_virtual_machine",
      "name": "vm-hub-nva",
      "provider": "provider[\"registry.terraform.io/hashicorp/azurerm\"]",
      "instances": [
        {
          "schema_version": 0,
          "attributes": {
            "additional_capabilities": [],
            "admin_password": "@Aa123456789",
            "admin_ssh_key": [],
            "admin_username": "azureuser",
            "allow_extension_operations": true,
            "availability_set_id": "",
            "boot_diagnostics": [
              {
                "storage_account_uri": ""
              }
            ],
            "bypass_platform_safety_checks_on_user_schedule_enabled": false,
            "capacity_reservation_group_id": "",
            "computer_name": "vm-linux-hub-nva",
            "custom_data": "IyEvYmluL3NoCgpzdWRvIC1pCgojIGh0dHBzOi8vZ2l0aHViLmNvbS9kbWF1c2VyL0F6dXJlVk0tUm91dGVyL2Jsb2IvbWFzdGVyL2xpbnV4cm91dGVyLnNoCiMgRW5hYmxlIElQdjQgYW5kIElQdjYgZm9yd2FyZGluZyAvIGRpc2FibGUgSUNNUCByZWRpcmVjdApzeXNjdGwgLXcgbmV0LmlwdjQuaXBfZm9yd2FyZD0xCnN5c2N0bCAtdyBuZXQuaXB2Ni5jb25mLmFsbC5mb3J3YXJkaW5nPTEKc3lzY3RsIC13IG5ldC5pcHY0LmNvbmYuYWxsLmFjY2VwdF9yZWRpcmVjdHM9MApzeXNjdGwgLXcgbmV0LmlwdjYuY29uZi5hbGwuYWNjZXB0X3JlZGlyZWN0cz0wCnNlZCAtaSAiL25ldC5pcHY0LmlwX2ZvcndhcmQ9MS8gcy8jICovLyIgL2V0Yy9zeXNjdGwuY29uZgpzZWQgLWkgIi9uZXQuaXB2Ni5jb25mLmFsbC5mb3J3YXJkaW5nPTEvIHMvIyAqLy8iIC9ldGMvc3lzY3RsLmNvbmYKc2VkIC1pICIvbmV0LmlwdjQuY29uZi5hbGwuYWNjZXB0X3JlZGlyZWN0cyA9IDAvIHMvIyAqLy8iIC9ldGMvc3lzY3RsLmNvbmYKc2VkIC1pICIvbmV0LmlwdjYuY29uZi5hbGwuYWNjZXB0X3JlZGlyZWN0cyA9IDAvIHMvIyAqLy8iIC9ldGMvc3lzY3RsLmNvbmYKCnN1ZG8gYXB0LWdldCB1cGRhdGUKZWNobyAiSW5zdGFsbGluZyBJUFRhYmxlcy1QZXJzaXN0ZW50IgplY2hvIGlwdGFibGVzLXBlcnNpc3RlbnQgaXB0YWJsZXMtcGVyc2lzdGVudC9hdXRvc2F2ZV92NCBib29sZWFuIGZhbHNlIHwgc3VkbyBkZWJjb25mLXNldC1zZWxlY3Rpb25zCmVjaG8gaXB0YWJsZXMtcGVyc2lzdGVudCBpcHRhYmxlcy1wZXJzaXN0ZW50L2F1dG9zYXZlX3Y2IGJvb2xlYW4gZmFsc2UgfCBzdWRvIGRlYmNvbmYtc2V0LXNlbGVjdGlvbnMKc3VkbyBhcHQtZ2V0IC15IGluc3RhbGwgaXB0YWJsZXMtcGVyc2lzdGVudAoKIyBFbmFibGUgTkFUIHRvIEludGVybmV0CmlwdGFibGVzIC10IG5hdCAtQSBQT1NUUk9VVElORyAtZCAxMC4wLjAuMC84IC1qIEFDQ0VQVAppcHRhYmxlcyAtdCBuYXQgLUEgUE9TVFJPVVRJTkcgLWQgMTcyLjE2LjAuMC8xMiAtaiBBQ0NFUFQKaXB0YWJsZXMgLXQgbmF0IC1BIFBPU1RST1VUSU5HIC1kIDE5Mi4xNjguMC4wLzE2IC1qIEFDQ0VQVAppcHRhYmxlcyAtdCBuYXQgLUEgUE9TVFJPVVRJTkcgLW8gZXRoMCAtaiBNQVNRVUVSQURFCgojIFNhdmUgdG8gSVBUYWJsZXMgZmlsZSBmb3IgcGVyc2lzdGVuY2Ugb24gcmVib290CmlwdGFibGVzLXNhdmUgPiAvZXRjL2lwdGFibGVzL3J1bGVzLnY0",
            "dedicated_host_group_id": "",
            "dedicated_host_id": "",
            "disable_password_authentication": false,
            "disk_controller_type": "SCSI",
            "edge_zone": "",
            "encryption_at_host_enabled": false,
            "eviction_policy": "Deallocate",
            "extensions_time_budget": "PT1H30M",
            "gallery_application": [],
            "id": "/subscriptions/38977b70-47bf-4da5-a492-88712fce8725/resourceGroups/rg-hub-888/providers/Microsoft.Compute/virtualMachines/vm-linux-hub-nva",
            "identity": [],
            "license_type": "",
            "location": "swedencentral",
            "max_bid_price": -1,
            "name": "vm-linux-hub-nva",
            "network_interface_ids": [
              "/subscriptions/38977b70-47bf-4da5-a492-88712fce8725/resourceGroups/rg-hub-888/providers/Microsoft.Network/networkInterfaces/nic-vm-hub-nva"
            ],
            "os_disk": [
              {
                "caching": "ReadWrite",
                "diff_disk_settings": [],
                "disk_encryption_set_id": "",
                "disk_size_gb": 30,
                "name": "os-disk-vm-nva-hub",
                "secure_vm_disk_encryption_set_id": "",
                "security_encryption_type": "",
                "storage_account_type": "Standard_LRS",
                "write_accelerator_enabled": false
              }
            ],
            "os_image_notification": [],
            "patch_assessment_mode": "ImageDefault",
            "patch_mode": "ImageDefault",
            "plan": [],
            "platform_fault_domain": -1,
            "priority": "Spot",
            "private_ip_address": "10.0.2.5",
            "private_ip_addresses": [
              "10.0.2.5"
            ],
            "provision_vm_agent": true,
            "proximity_placement_group_id": "",
            "public_ip_address": "",
            "public_ip_addresses": [],
            "reboot_setting": "",
            "resource_group_name": "rg-hub-888",
            "secret": [],
            "secure_boot_enabled": false,
            "size": "Standard_B2ats_v2",
            "source_image_id": "",
            "source_image_reference": [
              {
                "offer": "0001-com-ubuntu-server-jammy",
                "publisher": "canonical",
                "sku": "22_04-lts-gen2",
                "version": "latest"
              }
            ],
            "tags": {},
            "termination_notification": [],
            "timeouts": null,
            "user_data": "",
            "virtual_machine_id": "a7957e05-0612-406d-a114-cac4661f5623",
            "virtual_machine_scale_set_id": "",
            "vm_agent_platform_updates_enabled": false,
            "vtpm_enabled": false,
            "zone": ""
          },
          "sensitive_attributes": [
            [
              {
                "type": "get_attr",
                "value": "admin_password"
              }
            ],
            [
              {
                "type": "get_attr",
                "value": "custom_data"
              }
            ]
          ],
          "private": "eyJlMmJmYjczMC1lY2FhLTExZTYtOGY4OC0zNDM2M2JjN2M0YzAiOnsiY3JlYXRlIjoyNzAwMDAwMDAwMDAwLCJkZWxldGUiOjI3MDAwMDAwMDAwMDAsInJlYWQiOjMwMDAwMDAwMDAwMCwidXBkYXRlIjoyNzAwMDAwMDAwMDAwfX0=",
          "dependencies": [
            "azurerm_network_interface.nic-vm-hub-nva",
            "azurerm_resource_group.rg-hub",
            "azurerm_subnet.subnet-hub-vm",
            "azurerm_virtual_network.vnet-hub"
          ]
        }
      ]
    },
    {
      "mode": "managed",
      "type": "azurerm_linux_virtual_machine",
      "name": "vm-spoke1",
      "provider": "provider[\"registry.terraform.io/hashicorp/azurerm\"]",
      "instances": [
        {
          "schema_version": 0,
          "attributes": {
            "additional_capabilities": [],
            "admin_password": "@Aa123456789",
            "admin_ssh_key": [],
            "admin_username": "azureuser",
            "allow_extension_operations": true,
            "availability_set_id": "",
            "boot_diagnostics": [
              {
                "storage_account_uri": ""
              }
            ],
            "bypass_platform_safety_checks_on_user_schedule_enabled": false,
            "capacity_reservation_group_id": "",
            "computer_name": "vm-linux-spoke1",
            "custom_data": "IyEvYmluL2Jhc2gKCnN1ZG8gYXB0IC1xcSB1cGRhdGUKCnN1ZG8gYXB0IC1xcSBpbnN0YWxsIG5naW54IC15CgpJUD0kKGhvc3RuYW1lIC1pKQoKZWNobyAiSGVsbG8gZnJvbSB2aXJ0dWFsIG1hY2hpbmU6ICRIT1NUTkFNRSwgd2l0aCBJUCBhZGRyZXNzOiAkSVAiID4gL3Zhci93d3cvaHRtbC9pbmRleC5odG1s",
            "dedicated_host_group_id": "",
            "dedicated_host_id": "",
            "disable_password_authentication": false,
            "disk_controller_type": "SCSI",
            "edge_zone": "",
            "encryption_at_host_enabled": false,
            "eviction_policy": "Deallocate",
            "extensions_time_budget": "PT1H30M",
            "gallery_application": [],
            "id": "/subscriptions/38977b70-47bf-4da5-a492-88712fce8725/resourceGroups/rg-spoke1-888/providers/Microsoft.Compute/virtualMachines/vm-linux-spoke1",
            "identity": [],
            "license_type": "",
            "location": "swedencentral",
            "max_bid_price": -1,
            "name": "vm-linux-spoke1",
            "network_interface_ids": [
              "/subscriptions/38977b70-47bf-4da5-a492-88712fce8725/resourceGroups/rg-spoke1-888/providers/Microsoft.Network/networkInterfaces/nic-vm-spoke1"
            ],
            "os_disk": [
              {
                "caching": "ReadWrite",
                "diff_disk_settings": [],
                "disk_encryption_set_id": "",
                "disk_size_gb": 30,
                "name": "os-disk-vm-spoke1",
                "secure_vm_disk_encryption_set_id": "",
                "security_encryption_type": "",
                "storage_account_type": "Standard_LRS",
                "write_accelerator_enabled": false
              }
            ],
            "os_image_notification": [],
            "patch_assessment_mode": "ImageDefault",
            "patch_mode": "ImageDefault",
            "plan": [],
            "platform_fault_domain": -1,
            "priority": "Spot",
            "private_ip_address": "10.1.0.4",
            "private_ip_addresses": [
              "10.1.0.4"
            ],
            "provision_vm_agent": true,
            "proximity_placement_group_id": "",
            "public_ip_address": "",
            "public_ip_addresses": [],
            "reboot_setting": "",
            "resource_group_name": "rg-spoke1-888",
            "secret": [],
            "secure_boot_enabled": false,
            "size": "Standard_B2ats_v2",
            "source_image_id": "",
            "source_image_reference": [
              {
                "offer": "0001-com-ubuntu-server-jammy",
                "publisher": "canonical",
                "sku": "22_04-lts-gen2",
                "version": "latest"
              }
            ],
            "tags": {},
            "termination_notification": [],
            "timeouts": null,
            "user_data": "",
            "virtual_machine_id": "4f6cbe0b-13a6-4a4d-99c3-54a2ad051609",
            "virtual_machine_scale_set_id": "",
            "vm_agent_platform_updates_enabled": false,
            "vtpm_enabled": false,
            "zone": ""
          },
          "sensitive_attributes": [
            [
              {
                "type": "get_attr",
                "value": "admin_password"
              }
            ],
            [
              {
                "type": "get_attr",
                "value": "custom_data"
              }
            ]
          ],
          "private": "eyJlMmJmYjczMC1lY2FhLTExZTYtOGY4OC0zNDM2M2JjN2M0YzAiOnsiY3JlYXRlIjoyNzAwMDAwMDAwMDAwLCJkZWxldGUiOjI3MDAwMDAwMDAwMDAsInJlYWQiOjMwMDAwMDAwMDAwMCwidXBkYXRlIjoyNzAwMDAwMDAwMDAwfX0=",
          "dependencies": [
            "azurerm_network_interface.nic-vm-spoke1",
            "azurerm_resource_group.rg-spoke1",
            "azurerm_subnet.subnet-spoke1-vm",
            "azurerm_virtual_network.vnet-spoke1"
          ]
        }
      ]
    },
    {
      "mode": "managed",
      "type": "azurerm_linux_virtual_machine",
      "name": "vm-spoke2",
      "provider": "provider[\"registry.terraform.io/hashicorp/azurerm\"]",
      "instances": [
        {
          "schema_version": 0,
          "attributes": {
            "additional_capabilities": [],
            "admin_password": "@Aa123456789",
            "admin_ssh_key": [],
            "admin_username": "azureuser",
            "allow_extension_operations": true,
            "availability_set_id": "",
            "boot_diagnostics": [
              {
                "storage_account_uri": ""
              }
            ],
            "bypass_platform_safety_checks_on_user_schedule_enabled": false,
            "capacity_reservation_group_id": "",
            "computer_name": "vm-linux-spoke2",
            "custom_data": "IyEvYmluL2Jhc2gKCnN1ZG8gYXB0IC1xcSB1cGRhdGUKCnN1ZG8gYXB0IC1xcSBpbnN0YWxsIG5naW54IC15CgpJUD0kKGhvc3RuYW1lIC1pKQoKZWNobyAiSGVsbG8gZnJvbSB2aXJ0dWFsIG1hY2hpbmU6ICRIT1NUTkFNRSwgd2l0aCBJUCBhZGRyZXNzOiAkSVAiID4gL3Zhci93d3cvaHRtbC9pbmRleC5odG1s",
            "dedicated_host_group_id": "",
            "dedicated_host_id": "",
            "disable_password_authentication": false,
            "disk_controller_type": "SCSI",
            "edge_zone": "",
            "encryption_at_host_enabled": false,
            "eviction_policy": "Deallocate",
            "extensions_time_budget": "PT1H30M",
            "gallery_application": [],
            "id": "/subscriptions/38977b70-47bf-4da5-a492-88712fce8725/resourceGroups/rg-spoke2-888/providers/Microsoft.Compute/virtualMachines/vm-linux-spoke2",
            "identity": [],
            "license_type": "",
            "location": "swedencentral",
            "max_bid_price": -1,
            "name": "vm-linux-spoke2",
            "network_interface_ids": [
              "/subscriptions/38977b70-47bf-4da5-a492-88712fce8725/resourceGroups/rg-spoke2-888/providers/Microsoft.Network/networkInterfaces/nic-vm-spoke2"
            ],
            "os_disk": [
              {
                "caching": "ReadWrite",
                "diff_disk_settings": [],
                "disk_encryption_set_id": "",
                "disk_size_gb": 30,
                "name": "os-disk-vm-spoke2",
                "secure_vm_disk_encryption_set_id": "",
                "security_encryption_type": "",
                "storage_account_type": "Standard_LRS",
                "write_accelerator_enabled": false
              }
            ],
            "os_image_notification": [],
            "patch_assessment_mode": "ImageDefault",
            "patch_mode": "ImageDefault",
            "plan": [],
            "platform_fault_domain": -1,
            "priority": "Spot",
            "private_ip_address": "10.2.0.4",
            "private_ip_addresses": [
              "10.2.0.4"
            ],
            "provision_vm_agent": true,
            "proximity_placement_group_id": "",
            "public_ip_address": "",
            "public_ip_addresses": [],
            "reboot_setting": "",
            "resource_group_name": "rg-spoke2-888",
            "secret": [],
            "secure_boot_enabled": false,
            "size": "Standard_B2ats_v2",
            "source_image_id": "",
            "source_image_reference": [
              {
                "offer": "0001-com-ubuntu-server-jammy",
                "publisher": "canonical",
                "sku": "22_04-lts-gen2",
                "version": "latest"
              }
            ],
            "tags": {},
            "termination_notification": [],
            "timeouts": null,
            "user_data": "",
            "virtual_machine_id": "765fd494-5da1-4ffb-b0f6-63eab148ffb3",
            "virtual_machine_scale_set_id": "",
            "vm_agent_platform_updates_enabled": false,
            "vtpm_enabled": false,
            "zone": ""
          },
          "sensitive_attributes": [
            [
              {
                "type": "get_attr",
                "value": "custom_data"
              }
            ],
            [
              {
                "type": "get_attr",
                "value": "admin_password"
              }
            ]
          ],
          "private": "eyJlMmJmYjczMC1lY2FhLTExZTYtOGY4OC0zNDM2M2JjN2M0YzAiOnsiY3JlYXRlIjoyNzAwMDAwMDAwMDAwLCJkZWxldGUiOjI3MDAwMDAwMDAwMDAsInJlYWQiOjMwMDAwMDAwMDAwMCwidXBkYXRlIjoyNzAwMDAwMDAwMDAwfX0=",
          "dependencies": [
            "azurerm_network_interface.nic-vm-spoke2",
            "azurerm_resource_group.rg-spoke2",
            "azurerm_subnet.subnet-spoke2-vm",
            "azurerm_virtual_network.vnet-spoke2"
          ]
        }
      ]
    },
    {
      "mode": "managed",
      "type": "azurerm_log_analytics_workspace",
      "name": "workspace",
      "provider": "provider[\"registry.terraform.io/hashicorp/azurerm\"]",
      "instances": [
        {
          "schema_version": 3,
          "attributes": {
            "allow_resource_only_permissions": true,
            "cmk_for_query_forced": false,
            "daily_quota_gb": -1,
            "data_collection_rule_id": "",
            "id": "/subscriptions/38977b70-47bf-4da5-a492-88712fce8725/resourceGroups/rg-hub-888/providers/Microsoft.OperationalInsights/workspaces/log-analytics-workspace",
            "identity": [],
            "immediate_data_purge_on_30_days_enabled": false,
            "internet_ingestion_enabled": false,
            "internet_query_enabled": false,
            "local_authentication_disabled": false,
            "location": "swedencentral",
            "name": "log-analytics-workspace",
            "primary_shared_key": "wd1GBf3I5XA8M2oJJb1/FqShg2nYyiYyU+0MQ1fjxHw55h7qvIc5hhISwCuKGIEYuAFox5jAy31WY7r9Sb1tAQ==",
            "reservation_capacity_in_gb_per_day": null,
            "resource_group_name": "rg-hub-888",
            "retention_in_days": 30,
            "secondary_shared_key": "QqpYVcGHAv55jVUu40LrOAV4p0C1fnhb0NZmyHhCf88NWI5IVbtwdff//gTzemp+8uHjbRW+xJia+4gJsla3Nw==",
            "sku": "PerGB2018",
            "tags": {},
            "timeouts": null,
            "workspace_id": "289cf7cd-d833-4920-b532-cdc903c7d5a6"
          },
          "sensitive_attributes": [
            [
              {
                "type": "get_attr",
                "value": "primary_shared_key"
              }
            ],
            [
              {
                "type": "get_attr",
                "value": "secondary_shared_key"
              }
            ]
          ],
          "private": "eyJlMmJmYjczMC1lY2FhLTExZTYtOGY4OC0zNDM2M2JjN2M0YzAiOnsiY3JlYXRlIjoxODAwMDAwMDAwMDAwLCJkZWxldGUiOjE4MDAwMDAwMDAwMDAsInJlYWQiOjMwMDAwMDAwMDAwMCwidXBkYXRlIjoxODAwMDAwMDAwMDAwfSwic2NoZW1hX3ZlcnNpb24iOiIzIn0=",
          "dependencies": [
            "azurerm_resource_group.rg-hub"
          ]
        }
      ]
    },
    {
      "mode": "managed",
      "type": "azurerm_network_interface",
      "name": "nic-vm-hub",
      "provider": "provider[\"registry.terraform.io/hashicorp/azurerm\"]",
      "instances": [
        {
          "schema_version": 0,
          "attributes": {
            "applied_dns_servers": [],
            "auxiliary_mode": "",
            "auxiliary_sku": "",
            "dns_servers": [],
            "edge_zone": "",
            "enable_accelerated_networking": false,
            "enable_ip_forwarding": false,
            "id": "/subscriptions/38977b70-47bf-4da5-a492-88712fce8725/resourceGroups/rg-hub-888/providers/Microsoft.Network/networkInterfaces/nic-vm-hub",
            "internal_dns_name_label": "",
            "internal_domain_name_suffix": "acyiz2whvrcedpgaxdsdqjhvif.gvxx.internal.cloudapp.net",
            "ip_configuration": [
              {
                "gateway_load_balancer_frontend_ip_configuration_id": "",
                "name": "internal",
                "primary": true,
                "private_ip_address": "10.0.2.4",
                "private_ip_address_allocation": "Dynamic",
                "private_ip_address_version": "IPv4",
                "public_ip_address_id": "",
                "subnet_id": "/subscriptions/38977b70-47bf-4da5-a492-88712fce8725/resourceGroups/rg-hub-888/providers/Microsoft.Network/virtualNetworks/vnet-hub/subnets/subnet-hub-vm"
              }
            ],
            "location": "swedencentral",
            "mac_address": "60-45-BD-E9-86-36",
            "name": "nic-vm-hub",
            "private_ip_address": "10.0.2.4",
            "private_ip_addresses": [
              "10.0.2.4"
            ],
            "resource_group_name": "rg-hub-888",
            "tags": {},
            "timeouts": null,
            "virtual_machine_id": "/subscriptions/38977b70-47bf-4da5-a492-88712fce8725/resourceGroups/rg-hub-888/providers/Microsoft.Compute/virtualMachines/vm-linux-hub"
          },
          "sensitive_attributes": [],
          "private": "eyJlMmJmYjczMC1lY2FhLTExZTYtOGY4OC0zNDM2M2JjN2M0YzAiOnsiY3JlYXRlIjoxODAwMDAwMDAwMDAwLCJkZWxldGUiOjE4MDAwMDAwMDAwMDAsInJlYWQiOjMwMDAwMDAwMDAwMCwidXBkYXRlIjoxODAwMDAwMDAwMDAwfX0=",
          "dependencies": [
            "azurerm_resource_group.rg-hub",
            "azurerm_subnet.subnet-hub-vm",
            "azurerm_virtual_network.vnet-hub"
          ]
        }
      ]
    },
    {
      "mode": "managed",
      "type": "azurerm_network_interface",
      "name": "nic-vm-hub-nva",
      "provider": "provider[\"registry.terraform.io/hashicorp/azurerm\"]",
      "instances": [
        {
          "schema_version": 0,
          "attributes": {
            "applied_dns_servers": [],
            "auxiliary_mode": "",
            "auxiliary_sku": "",
            "dns_servers": [],
            "edge_zone": "",
            "enable_accelerated_networking": false,
            "enable_ip_forwarding": true,
            "id": "/subscriptions/38977b70-47bf-4da5-a492-88712fce8725/resourceGroups/rg-hub-888/providers/Microsoft.Network/networkInterfaces/nic-vm-hub-nva",
            "internal_dns_name_label": "",
            "internal_domain_name_suffix": "acyiz2whvrcedpgaxdsdqjhvif.gvxx.internal.cloudapp.net",
            "ip_configuration": [
              {
                "gateway_load_balancer_frontend_ip_configuration_id": "",
                "name": "internal",
                "primary": true,
                "private_ip_address": "10.0.2.5",
                "private_ip_address_allocation": "Dynamic",
                "private_ip_address_version": "IPv4",
                "public_ip_address_id": "",
                "subnet_id": "/subscriptions/38977b70-47bf-4da5-a492-88712fce8725/resourceGroups/rg-hub-888/providers/Microsoft.Network/virtualNetworks/vnet-hub/subnets/subnet-hub-vm"
              }
            ],
            "location": "swedencentral",
            "mac_address": "60-45-BD-AC-9B-C2",
            "name": "nic-vm-hub-nva",
            "private_ip_address": "10.0.2.5",
            "private_ip_addresses": [
              "10.0.2.5"
            ],
            "resource_group_name": "rg-hub-888",
            "tags": {},
            "timeouts": null,
            "virtual_machine_id": "/subscriptions/38977b70-47bf-4da5-a492-88712fce8725/resourceGroups/rg-hub-888/providers/Microsoft.Compute/virtualMachines/vm-linux-hub-nva"
          },
          "sensitive_attributes": [],
          "private": "eyJlMmJmYjczMC1lY2FhLTExZTYtOGY4OC0zNDM2M2JjN2M0YzAiOnsiY3JlYXRlIjoxODAwMDAwMDAwMDAwLCJkZWxldGUiOjE4MDAwMDAwMDAwMDAsInJlYWQiOjMwMDAwMDAwMDAwMCwidXBkYXRlIjoxODAwMDAwMDAwMDAwfX0=",
          "dependencies": [
            "azurerm_resource_group.rg-hub",
            "azurerm_subnet.subnet-hub-vm",
            "azurerm_virtual_network.vnet-hub"
          ]
        }
      ]
    },
    {
      "mode": "managed",
      "type": "azurerm_network_interface",
      "name": "nic-vm-spoke1",
      "provider": "provider[\"registry.terraform.io/hashicorp/azurerm\"]",
      "instances": [
        {
          "schema_version": 0,
          "attributes": {
            "applied_dns_servers": [],
            "auxiliary_mode": "",
            "auxiliary_sku": "",
            "dns_servers": [],
            "edge_zone": "",
            "enable_accelerated_networking": false,
            "enable_ip_forwarding": false,
            "id": "/subscriptions/38977b70-47bf-4da5-a492-88712fce8725/resourceGroups/rg-spoke1-888/providers/Microsoft.Network/networkInterfaces/nic-vm-spoke1",
            "internal_dns_name_label": "",
            "internal_domain_name_suffix": "1li2boutqucunpkzfo1h4mfipd.gvxx.internal.cloudapp.net",
            "ip_configuration": [
              {
                "gateway_load_balancer_frontend_ip_configuration_id": "",
                "name": "internal",
                "primary": true,
                "private_ip_address": "10.1.0.4",
                "private_ip_address_allocation": "Dynamic",
                "private_ip_address_version": "IPv4",
                "public_ip_address_id": "",
                "subnet_id": "/subscriptions/38977b70-47bf-4da5-a492-88712fce8725/resourceGroups/rg-spoke1-888/providers/Microsoft.Network/virtualNetworks/vnet-spoke1/subnets/subnet-spoke1-vm"
              }
            ],
            "location": "swedencentral",
            "mac_address": "60-45-BD-FB-94-2C",
            "name": "nic-vm-spoke1",
            "private_ip_address": "10.1.0.4",
            "private_ip_addresses": [
              "10.1.0.4"
            ],
            "resource_group_name": "rg-spoke1-888",
            "tags": {},
            "timeouts": null,
            "virtual_machine_id": "/subscriptions/38977b70-47bf-4da5-a492-88712fce8725/resourceGroups/rg-spoke1-888/providers/Microsoft.Compute/virtualMachines/vm-linux-spoke1"
          },
          "sensitive_attributes": [],
          "private": "eyJlMmJmYjczMC1lY2FhLTExZTYtOGY4OC0zNDM2M2JjN2M0YzAiOnsiY3JlYXRlIjoxODAwMDAwMDAwMDAwLCJkZWxldGUiOjE4MDAwMDAwMDAwMDAsInJlYWQiOjMwMDAwMDAwMDAwMCwidXBkYXRlIjoxODAwMDAwMDAwMDAwfX0=",
          "dependencies": [
            "azurerm_resource_group.rg-spoke1",
            "azurerm_subnet.subnet-spoke1-vm",
            "azurerm_virtual_network.vnet-spoke1"
          ]
        }
      ]
    },
    {
      "mode": "managed",
      "type": "azurerm_network_interface",
      "name": "nic-vm-spoke2",
      "provider": "provider[\"registry.terraform.io/hashicorp/azurerm\"]",
      "instances": [
        {
          "schema_version": 0,
          "attributes": {
            "applied_dns_servers": [],
            "auxiliary_mode": "",
            "auxiliary_sku": "",
            "dns_servers": [],
            "edge_zone": "",
            "enable_accelerated_networking": false,
            "enable_ip_forwarding": false,
            "id": "/subscriptions/38977b70-47bf-4da5-a492-88712fce8725/resourceGroups/rg-spoke2-888/providers/Microsoft.Network/networkInterfaces/nic-vm-spoke2",
            "internal_dns_name_label": "",
            "internal_domain_name_suffix": "zgnzoifnwz2evoapfly3fnc0ra.gvxx.internal.cloudapp.net",
            "ip_configuration": [
              {
                "gateway_load_balancer_frontend_ip_configuration_id": "",
                "name": "internal",
                "primary": true,
                "private_ip_address": "10.2.0.4",
                "private_ip_address_allocation": "Dynamic",
                "private_ip_address_version": "IPv4",
                "public_ip_address_id": "",
                "subnet_id": "/subscriptions/38977b70-47bf-4da5-a492-88712fce8725/resourceGroups/rg-spoke2-888/providers/Microsoft.Network/virtualNetworks/vnet-spoke2/subnets/subnet-spoke2-vm"
              }
            ],
            "location": "swedencentral",
            "mac_address": "60-45-BD-E9-8A-A7",
            "name": "nic-vm-spoke2",
            "private_ip_address": "10.2.0.4",
            "private_ip_addresses": [
              "10.2.0.4"
            ],
            "resource_group_name": "rg-spoke2-888",
            "tags": {},
            "timeouts": null,
            "virtual_machine_id": "/subscriptions/38977b70-47bf-4da5-a492-88712fce8725/resourceGroups/rg-spoke2-888/providers/Microsoft.Compute/virtualMachines/vm-linux-spoke2"
          },
          "sensitive_attributes": [],
          "private": "eyJlMmJmYjczMC1lY2FhLTExZTYtOGY4OC0zNDM2M2JjN2M0YzAiOnsiY3JlYXRlIjoxODAwMDAwMDAwMDAwLCJkZWxldGUiOjE4MDAwMDAwMDAwMDAsInJlYWQiOjMwMDAwMDAwMDAwMCwidXBkYXRlIjoxODAwMDAwMDAwMDAwfX0=",
          "dependencies": [
            "azurerm_resource_group.rg-spoke2",
            "azurerm_subnet.subnet-spoke2-vm",
            "azurerm_virtual_network.vnet-spoke2"
          ]
        }
      ]
    },
    {
      "mode": "managed",
      "type": "azurerm_network_security_group",
      "name": "nsg-hub",
      "provider": "provider[\"registry.terraform.io/hashicorp/azurerm\"]",
      "instances": [
        {
          "schema_version": 0,
          "attributes": {
            "id": "/subscriptions/38977b70-47bf-4da5-a492-88712fce8725/resourceGroups/rg-hub-888/providers/Microsoft.Network/networkSecurityGroups/nsg-snet-hub",
            "location": "swedencentral",
            "name": "nsg-snet-hub",
            "resource_group_name": "rg-hub-888",
            "security_rule": [
              {
                "access": "Allow",
                "description": "",
                "destination_address_prefix": "",
                "destination_address_prefixes": [
                  "0.0.0.0/0"
                ],
                "destination_application_security_group_ids": [],
                "destination_port_range": "*",
                "destination_port_ranges": [],
                "direction": "Inbound",
                "name": "allow-all",
                "priority": 1000,
                "protocol": "Tcp",
                "source_address_prefix": "Internet",
                "source_address_prefixes": [],
                "source_application_security_group_ids": [],
                "source_port_range": "*",
                "source_port_ranges": []
              }
            ],
            "tags": {},
            "timeouts": null
          },
          "sensitive_attributes": [],
          "private": "eyJlMmJmYjczMC1lY2FhLTExZTYtOGY4OC0zNDM2M2JjN2M0YzAiOnsiY3JlYXRlIjoxODAwMDAwMDAwMDAwLCJkZWxldGUiOjE4MDAwMDAwMDAwMDAsInJlYWQiOjMwMDAwMDAwMDAwMCwidXBkYXRlIjoxODAwMDAwMDAwMDAwfX0=",
          "dependencies": [
            "azurerm_resource_group.rg-hub"
          ]
        }
      ]
    },
    {
      "mode": "managed",
      "type": "azurerm_network_security_group",
      "name": "nsg-spoke1",
      "provider": "provider[\"registry.terraform.io/hashicorp/azurerm\"]",
      "instances": [
        {
          "schema_version": 0,
          "attributes": {
            "id": "/subscriptions/38977b70-47bf-4da5-a492-88712fce8725/resourceGroups/rg-spoke1-888/providers/Microsoft.Network/networkSecurityGroups/nsg-snet-spoke1",
            "location": "swedencentral",
            "name": "nsg-snet-spoke1",
            "resource_group_name": "rg-spoke1-888",
            "security_rule": [
              {
                "access": "Allow",
                "description": "",
                "destination_address_prefix": "",
                "destination_address_prefixes": [
                  "0.0.0.0/0"
                ],
                "destination_application_security_group_ids": [],
                "destination_port_range": "*",
                "destination_port_ranges": [],
                "direction": "Inbound",
                "name": "allow-all",
                "priority": 1000,
                "protocol": "Tcp",
                "source_address_prefix": "Internet",
                "source_address_prefixes": [],
                "source_application_security_group_ids": [],
                "source_port_range": "*",
                "source_port_ranges": []
              }
            ],
            "tags": {},
            "timeouts": null
          },
          "sensitive_attributes": [],
          "private": "eyJlMmJmYjczMC1lY2FhLTExZTYtOGY4OC0zNDM2M2JjN2M0YzAiOnsiY3JlYXRlIjoxODAwMDAwMDAwMDAwLCJkZWxldGUiOjE4MDAwMDAwMDAwMDAsInJlYWQiOjMwMDAwMDAwMDAwMCwidXBkYXRlIjoxODAwMDAwMDAwMDAwfX0=",
          "dependencies": [
            "azurerm_resource_group.rg-spoke1"
          ]
        }
      ]
    },
    {
      "mode": "managed",
      "type": "azurerm_network_security_group",
      "name": "nsg-spoke2",
      "provider": "provider[\"registry.terraform.io/hashicorp/azurerm\"]",
      "instances": [
        {
          "schema_version": 0,
          "attributes": {
            "id": "/subscriptions/38977b70-47bf-4da5-a492-88712fce8725/resourceGroups/rg-spoke2-888/providers/Microsoft.Network/networkSecurityGroups/nsg-snet-spoke2",
            "location": "swedencentral",
            "name": "nsg-snet-spoke2",
            "resource_group_name": "rg-spoke2-888",
            "security_rule": [
              {
                "access": "Allow",
                "description": "",
                "destination_address_prefix": "",
                "destination_address_prefixes": [
                  "0.0.0.0/0"
                ],
                "destination_application_security_group_ids": [],
                "destination_port_range": "*",
                "destination_port_ranges": [],
                "direction": "Inbound",
                "name": "allow-all",
                "priority": 1000,
                "protocol": "Tcp",
                "source_address_prefix": "Internet",
                "source_address_prefixes": [],
                "source_application_security_group_ids": [],
                "source_port_range": "*",
                "source_port_ranges": []
              }
            ],
            "tags": {},
            "timeouts": null
          },
          "sensitive_attributes": [],
          "private": "eyJlMmJmYjczMC1lY2FhLTExZTYtOGY4OC0zNDM2M2JjN2M0YzAiOnsiY3JlYXRlIjoxODAwMDAwMDAwMDAwLCJkZWxldGUiOjE4MDAwMDAwMDAwMDAsInJlYWQiOjMwMDAwMDAwMDAwMCwidXBkYXRlIjoxODAwMDAwMDAwMDAwfX0=",
          "dependencies": [
            "azurerm_resource_group.rg-spoke2"
          ]
        }
      ]
    },
    {
      "mode": "managed",
      "type": "azurerm_network_security_rule",
      "name": "allow-all-hub",
      "provider": "provider[\"registry.terraform.io/hashicorp/azurerm\"]",
      "instances": [
        {
          "schema_version": 0,
          "attributes": {
            "access": "Allow",
            "description": "",
            "destination_address_prefix": "",
            "destination_address_prefixes": [
              "0.0.0.0/0"
            ],
            "destination_application_security_group_ids": [],
            "destination_port_range": "*",
            "destination_port_ranges": [],
            "direction": "Inbound",
            "id": "/subscriptions/38977b70-47bf-4da5-a492-88712fce8725/resourceGroups/rg-hub-888/providers/Microsoft.Network/networkSecurityGroups/nsg-snet-hub/securityRules/allow-all",
            "name": "allow-all",
            "network_security_group_name": "nsg-snet-hub",
            "priority": 1000,
            "protocol": "Tcp",
            "resource_group_name": "rg-hub-888",
            "source_address_prefix": "Internet",
            "source_address_prefixes": [],
            "source_application_security_group_ids": [],
            "source_port_range": "*",
            "source_port_ranges": [],
            "timeouts": null
          },
          "sensitive_attributes": [],
          "private": "eyJlMmJmYjczMC1lY2FhLTExZTYtOGY4OC0zNDM2M2JjN2M0YzAiOnsiY3JlYXRlIjoxODAwMDAwMDAwMDAwLCJkZWxldGUiOjE4MDAwMDAwMDAwMDAsInJlYWQiOjMwMDAwMDAwMDAwMCwidXBkYXRlIjoxODAwMDAwMDAwMDAwfX0=",
          "dependencies": [
            "azurerm_network_security_group.nsg-hub",
            "azurerm_resource_group.rg-hub"
          ]
        }
      ]
    },
    {
      "mode": "managed",
      "type": "azurerm_network_security_rule",
      "name": "allow-all-spoke1",
      "provider": "provider[\"registry.terraform.io/hashicorp/azurerm\"]",
      "instances": [
        {
          "schema_version": 0,
          "attributes": {
            "access": "Allow",
            "description": "",
            "destination_address_prefix": "",
            "destination_address_prefixes": [
              "0.0.0.0/0"
            ],
            "destination_application_security_group_ids": [],
            "destination_port_range": "*",
            "destination_port_ranges": [],
            "direction": "Inbound",
            "id": "/subscriptions/38977b70-47bf-4da5-a492-88712fce8725/resourceGroups/rg-spoke1-888/providers/Microsoft.Network/networkSecurityGroups/nsg-snet-spoke1/securityRules/allow-all",
            "name": "allow-all",
            "network_security_group_name": "nsg-snet-spoke1",
            "priority": 1000,
            "protocol": "Tcp",
            "resource_group_name": "rg-spoke1-888",
            "source_address_prefix": "Internet",
            "source_address_prefixes": [],
            "source_application_security_group_ids": [],
            "source_port_range": "*",
            "source_port_ranges": [],
            "timeouts": null
          },
          "sensitive_attributes": [],
          "private": "eyJlMmJmYjczMC1lY2FhLTExZTYtOGY4OC0zNDM2M2JjN2M0YzAiOnsiY3JlYXRlIjoxODAwMDAwMDAwMDAwLCJkZWxldGUiOjE4MDAwMDAwMDAwMDAsInJlYWQiOjMwMDAwMDAwMDAwMCwidXBkYXRlIjoxODAwMDAwMDAwMDAwfX0=",
          "dependencies": [
            "azurerm_network_security_group.nsg-spoke1",
            "azurerm_resource_group.rg-spoke1"
          ]
        }
      ]
    },
    {
      "mode": "managed",
      "type": "azurerm_network_security_rule",
      "name": "allow-all-spoke2",
      "provider": "provider[\"registry.terraform.io/hashicorp/azurerm\"]",
      "instances": [
        {
          "schema_version": 0,
          "attributes": {
            "access": "Allow",
            "description": "",
            "destination_address_prefix": "",
            "destination_address_prefixes": [
              "0.0.0.0/0"
            ],
            "destination_application_security_group_ids": [],
            "destination_port_range": "*",
            "destination_port_ranges": [],
            "direction": "Inbound",
            "id": "/subscriptions/38977b70-47bf-4da5-a492-88712fce8725/resourceGroups/rg-spoke2-888/providers/Microsoft.Network/networkSecurityGroups/nsg-snet-spoke2/securityRules/allow-all",
            "name": "allow-all",
            "network_security_group_name": "nsg-snet-spoke2",
            "priority": 1000,
            "protocol": "Tcp",
            "resource_group_name": "rg-spoke2-888",
            "source_address_prefix": "Internet",
            "source_address_prefixes": [],
            "source_application_security_group_ids": [],
            "source_port_range": "*",
            "source_port_ranges": [],
            "timeouts": null
          },
          "sensitive_attributes": [],
          "private": "eyJlMmJmYjczMC1lY2FhLTExZTYtOGY4OC0zNDM2M2JjN2M0YzAiOnsiY3JlYXRlIjoxODAwMDAwMDAwMDAwLCJkZWxldGUiOjE4MDAwMDAwMDAwMDAsInJlYWQiOjMwMDAwMDAwMDAwMCwidXBkYXRlIjoxODAwMDAwMDAwMDAwfX0=",
          "dependencies": [
            "azurerm_network_security_group.nsg-spoke2",
            "azurerm_resource_group.rg-spoke2"
          ]
        }
      ]
    },
    {
      "mode": "managed",
      "type": "azurerm_private_dns_a_record",
      "name": "a-record-hub",
      "provider": "provider[\"registry.terraform.io/hashicorp/azurerm\"]",
      "instances": [
        {
          "schema_version": 0,
          "attributes": {
            "fqdn": "addr1.corp.azure.",
            "id": "/subscriptions/38977b70-47bf-4da5-a492-88712fce8725/resourceGroups/rg-hub-888/providers/Microsoft.Network/privateDnsZones/corp.azure/A/addr1",
            "name": "addr1",
            "records": [
              "10.0.0.100"
            ],
            "resource_group_name": "rg-hub-888",
            "tags": {},
            "timeouts": null,
            "ttl": 300,
            "zone_name": "corp.azure"
          },
          "sensitive_attributes": [],
          "private": "eyJlMmJmYjczMC1lY2FhLTExZTYtOGY4OC0zNDM2M2JjN2M0YzAiOnsiY3JlYXRlIjoxODAwMDAwMDAwMDAwLCJkZWxldGUiOjE4MDAwMDAwMDAwMDAsInJlYWQiOjMwMDAwMDAwMDAwMCwidXBkYXRlIjoxODAwMDAwMDAwMDAwfX0=",
          "dependencies": [
            "azurerm_private_dns_zone.private-dns-zone-hub",
            "azurerm_resource_group.rg-hub"
          ]
        }
      ]
    },
    {
      "mode": "managed",
      "type": "azurerm_private_dns_resolver",
      "name": "private_dns_resolver-hub",
      "provider": "provider[\"registry.terraform.io/hashicorp/azurerm\"]",
      "instances": [
        {
          "schema_version": 0,
          "attributes": {
            "id": "/subscriptions/38977b70-47bf-4da5-a492-88712fce8725/resourceGroups/rg-hub-888/providers/Microsoft.Network/dnsResolvers/dns-private-resolver-hub",
            "location": "swedencentral",
            "name": "dns-private-resolver-hub",
            "resource_group_name": "rg-hub-888",
            "tags": {},
            "timeouts": null,
            "virtual_network_id": "/subscriptions/38977b70-47bf-4da5-a492-88712fce8725/resourceGroups/rg-hub-888/providers/Microsoft.Network/virtualNetworks/vnet-hub"
          },
          "sensitive_attributes": [],
          "private": "eyJlMmJmYjczMC1lY2FhLTExZTYtOGY4OC0zNDM2M2JjN2M0YzAiOnsiY3JlYXRlIjoxODAwMDAwMDAwMDAwLCJkZWxldGUiOjE4MDAwMDAwMDAwMDAsInJlYWQiOjMwMDAwMDAwMDAwMCwidXBkYXRlIjoxODAwMDAwMDAwMDAwfX0=",
          "dependencies": [
            "azurerm_resource_group.rg-hub",
            "azurerm_virtual_network.vnet-hub"
          ]
        }
      ]
    },
    {
      "mode": "managed",
      "type": "azurerm_private_dns_resolver_dns_forwarding_ruleset",
      "name": "ruleset-hub",
      "provider": "provider[\"registry.terraform.io/hashicorp/azurerm\"]",
      "instances": [
        {
          "schema_version": 0,
          "attributes": {
            "id": "/subscriptions/38977b70-47bf-4da5-a492-88712fce8725/resourceGroups/rg-hub-888/providers/Microsoft.Network/dnsForwardingRulesets/dns-forwarding-ruleset-hub",
            "location": "swedencentral",
            "name": "dns-forwarding-ruleset-hub",
            "private_dns_resolver_outbound_endpoint_ids": [
              "/subscriptions/38977b70-47bf-4da5-a492-88712fce8725/resourceGroups/rg-hub-888/providers/Microsoft.Network/dnsResolvers/dns-private-resolver-hub/outboundEndpoints/outbound-endpoint-hub"
            ],
            "resource_group_name": "rg-hub-888",
            "tags": {},
            "timeouts": null
          },
          "sensitive_attributes": [],
          "private": "eyJlMmJmYjczMC1lY2FhLTExZTYtOGY4OC0zNDM2M2JjN2M0YzAiOnsiY3JlYXRlIjoxODAwMDAwMDAwMDAwLCJkZWxldGUiOjE4MDAwMDAwMDAwMDAsInJlYWQiOjMwMDAwMDAwMDAwMCwidXBkYXRlIjoxODAwMDAwMDAwMDAwfX0=",
          "dependencies": [
            "azurerm_private_dns_resolver.private_dns_resolver-hub",
            "azurerm_private_dns_resolver_outbound_endpoint.outbound_endpoint-hub",
            "azurerm_resource_group.rg-hub",
            "azurerm_subnet.subnet-hub-outbound-dns",
            "azurerm_virtual_network.vnet-hub"
          ]
        }
      ]
    },
    {
      "mode": "managed",
      "type": "azurerm_private_dns_resolver_forwarding_rule",
      "name": "corp-azure-hub",
      "provider": "provider[\"registry.terraform.io/hashicorp/azurerm\"]",
      "instances": [
        {
          "schema_version": 0,
          "attributes": {
            "dns_forwarding_ruleset_id": "/subscriptions/38977b70-47bf-4da5-a492-88712fce8725/resourceGroups/rg-hub-888/providers/Microsoft.Network/dnsForwardingRulesets/dns-forwarding-ruleset-hub",
            "domain_name": "corp.azure.",
            "enabled": true,
            "id": "/subscriptions/38977b70-47bf-4da5-a492-88712fce8725/resourceGroups/rg-hub-888/providers/Microsoft.Network/dnsForwardingRulesets/dns-forwarding-ruleset-hub/forwardingRules/corp-azure",
            "metadata": {},
            "name": "corp-azure",
            "target_dns_servers": [
              {
                "ip_address": "10.0.4.4",
                "port": 53
              }
            ],
            "timeouts": null
          },
          "sensitive_attributes": [],
          "private": "eyJlMmJmYjczMC1lY2FhLTExZTYtOGY4OC0zNDM2M2JjN2M0YzAiOnsiY3JlYXRlIjoxODAwMDAwMDAwMDAwLCJkZWxldGUiOjE4MDAwMDAwMDAwMDAsInJlYWQiOjMwMDAwMDAwMDAwMCwidXBkYXRlIjoxODAwMDAwMDAwMDAwfX0=",
          "dependencies": [
            "azurerm_private_dns_resolver.private_dns_resolver-hub",
            "azurerm_private_dns_resolver_dns_forwarding_ruleset.ruleset-hub",
            "azurerm_private_dns_resolver_inbound_endpoint.inbound_endpoint-hub",
            "azurerm_private_dns_resolver_outbound_endpoint.outbound_endpoint-hub",
            "azurerm_private_dns_zone.private-dns-zone-hub",
            "azurerm_resource_group.rg-hub",
            "azurerm_subnet.subnet-hub-inbound-dns",
            "azurerm_subnet.subnet-hub-outbound-dns",
            "azurerm_virtual_network.vnet-hub"
          ]
        }
      ]
    },
    {
      "mode": "managed",
      "type": "azurerm_private_dns_resolver_inbound_endpoint",
      "name": "inbound_endpoint-hub",
      "provider": "provider[\"registry.terraform.io/hashicorp/azurerm\"]",
      "instances": [
        {
          "schema_version": 0,
          "attributes": {
            "id": "/subscriptions/38977b70-47bf-4da5-a492-88712fce8725/resourceGroups/rg-hub-888/providers/Microsoft.Network/dnsResolvers/dns-private-resolver-hub/inboundEndpoints/inbound-endpoint-hub",
            "ip_configurations": [
              {
                "private_ip_address": "10.0.4.4",
                "private_ip_allocation_method": "Dynamic",
                "subnet_id": "/subscriptions/38977b70-47bf-4da5-a492-88712fce8725/resourceGroups/rg-hub-888/providers/Microsoft.Network/virtualNetworks/vnet-hub/subnets/subnet-hub-inbound-dns"
              }
            ],
            "location": "swedencentral",
            "name": "inbound-endpoint-hub",
            "private_dns_resolver_id": "/subscriptions/38977b70-47bf-4da5-a492-88712fce8725/resourceGroups/rg-hub-888/providers/Microsoft.Network/dnsResolvers/dns-private-resolver-hub",
            "tags": {},
            "timeouts": null
          },
          "sensitive_attributes": [],
          "private": "eyJlMmJmYjczMC1lY2FhLTExZTYtOGY4OC0zNDM2M2JjN2M0YzAiOnsiY3JlYXRlIjoxODAwMDAwMDAwMDAwLCJkZWxldGUiOjE4MDAwMDAwMDAwMDAsInJlYWQiOjMwMDAwMDAwMDAwMCwidXBkYXRlIjoxODAwMDAwMDAwMDAwfX0=",
          "dependencies": [
            "azurerm_private_dns_resolver.private_dns_resolver-hub",
            "azurerm_resource_group.rg-hub",
            "azurerm_subnet.subnet-hub-inbound-dns",
            "azurerm_virtual_network.vnet-hub"
          ]
        }
      ]
    },
    {
      "mode": "managed",
      "type": "azurerm_private_dns_resolver_outbound_endpoint",
      "name": "outbound_endpoint-hub",
      "provider": "provider[\"registry.terraform.io/hashicorp/azurerm\"]",
      "instances": [
        {
          "schema_version": 0,
          "attributes": {
            "id": "/subscriptions/38977b70-47bf-4da5-a492-88712fce8725/resourceGroups/rg-hub-888/providers/Microsoft.Network/dnsResolvers/dns-private-resolver-hub/outboundEndpoints/outbound-endpoint-hub",
            "location": "swedencentral",
            "name": "outbound-endpoint-hub",
            "private_dns_resolver_id": "/subscriptions/38977b70-47bf-4da5-a492-88712fce8725/resourceGroups/rg-hub-888/providers/Microsoft.Network/dnsResolvers/dns-private-resolver-hub",
            "subnet_id": "/subscriptions/38977b70-47bf-4da5-a492-88712fce8725/resourceGroups/rg-hub-888/providers/Microsoft.Network/virtualNetworks/vnet-hub/subnets/subnet-hub-outbound-dns",
            "tags": {},
            "timeouts": null
          },
          "sensitive_attributes": [],
          "private": "eyJlMmJmYjczMC1lY2FhLTExZTYtOGY4OC0zNDM2M2JjN2M0YzAiOnsiY3JlYXRlIjoxODAwMDAwMDAwMDAwLCJkZWxldGUiOjE4MDAwMDAwMDAwMDAsInJlYWQiOjMwMDAwMDAwMDAwMCwidXBkYXRlIjoxODAwMDAwMDAwMDAwfX0=",
          "dependencies": [
            "azurerm_private_dns_resolver.private_dns_resolver-hub",
            "azurerm_resource_group.rg-hub",
            "azurerm_subnet.subnet-hub-outbound-dns",
            "azurerm_virtual_network.vnet-hub"
          ]
        }
      ]
    },
    {
      "mode": "managed",
      "type": "azurerm_private_dns_resolver_virtual_network_link",
      "name": "dns-link-spoke",
      "provider": "provider[\"registry.terraform.io/hashicorp/azurerm\"]",
      "instances": [
        {
          "schema_version": 0,
          "attributes": {
            "dns_forwarding_ruleset_id": "/subscriptions/38977b70-47bf-4da5-a492-88712fce8725/resourceGroups/rg-hub-888/providers/Microsoft.Network/dnsForwardingRulesets/dns-forwarding-ruleset-hub",
            "id": "/subscriptions/38977b70-47bf-4da5-a492-88712fce8725/resourceGroups/rg-hub-888/providers/Microsoft.Network/dnsForwardingRulesets/dns-forwarding-ruleset-hub/virtualNetworkLinks/dns-link-spoke",
            "metadata": {},
            "name": "dns-link-spoke",
            "timeouts": null,
            "virtual_network_id": "/subscriptions/38977b70-47bf-4da5-a492-88712fce8725/resourceGroups/rg-spoke1-888/providers/Microsoft.Network/virtualNetworks/vnet-spoke1"
          },
          "sensitive_attributes": [],
          "private": "eyJlMmJmYjczMC1lY2FhLTExZTYtOGY4OC0zNDM2M2JjN2M0YzAiOnsiY3JlYXRlIjoxODAwMDAwMDAwMDAwLCJkZWxldGUiOjE4MDAwMDAwMDAwMDAsInJlYWQiOjMwMDAwMDAwMDAwMCwidXBkYXRlIjoxODAwMDAwMDAwMDAwfX0=",
          "dependencies": [
            "azurerm_private_dns_resolver.private_dns_resolver-hub",
            "azurerm_private_dns_resolver_dns_forwarding_ruleset.ruleset-hub",
            "azurerm_private_dns_resolver_outbound_endpoint.outbound_endpoint-hub",
            "azurerm_resource_group.rg-hub",
            "azurerm_resource_group.rg-spoke1",
            "azurerm_subnet.subnet-hub-outbound-dns",
            "azurerm_virtual_network.vnet-hub",
            "azurerm_virtual_network.vnet-spoke1"
          ]
        }
      ]
    },
    {
      "mode": "managed",
      "type": "azurerm_private_dns_resolver_virtual_network_link",
      "name": "dns-link-spoke2",
      "provider": "provider[\"registry.terraform.io/hashicorp/azurerm\"]",
      "instances": [
        {
          "schema_version": 0,
          "attributes": {
            "dns_forwarding_ruleset_id": "/subscriptions/38977b70-47bf-4da5-a492-88712fce8725/resourceGroups/rg-hub-888/providers/Microsoft.Network/dnsForwardingRulesets/dns-forwarding-ruleset-hub",
            "id": "/subscriptions/38977b70-47bf-4da5-a492-88712fce8725/resourceGroups/rg-hub-888/providers/Microsoft.Network/dnsForwardingRulesets/dns-forwarding-ruleset-hub/virtualNetworkLinks/dns-link-spoke2",
            "metadata": {},
            "name": "dns-link-spoke2",
            "timeouts": null,
            "virtual_network_id": "/subscriptions/38977b70-47bf-4da5-a492-88712fce8725/resourceGroups/rg-spoke2-888/providers/Microsoft.Network/virtualNetworks/vnet-spoke2"
          },
          "sensitive_attributes": [],
          "private": "eyJlMmJmYjczMC1lY2FhLTExZTYtOGY4OC0zNDM2M2JjN2M0YzAiOnsiY3JlYXRlIjoxODAwMDAwMDAwMDAwLCJkZWxldGUiOjE4MDAwMDAwMDAwMDAsInJlYWQiOjMwMDAwMDAwMDAwMCwidXBkYXRlIjoxODAwMDAwMDAwMDAwfX0=",
          "dependencies": [
            "azurerm_private_dns_resolver.private_dns_resolver-hub",
            "azurerm_private_dns_resolver_dns_forwarding_ruleset.ruleset-hub",
            "azurerm_private_dns_resolver_outbound_endpoint.outbound_endpoint-hub",
            "azurerm_resource_group.rg-hub",
            "azurerm_resource_group.rg-spoke2",
            "azurerm_subnet.subnet-hub-outbound-dns",
            "azurerm_virtual_network.vnet-hub",
            "azurerm_virtual_network.vnet-spoke2"
          ]
        }
      ]
    },
    {
      "mode": "managed",
      "type": "azurerm_private_dns_zone",
      "name": "private-dns-zone-hub",
      "provider": "provider[\"registry.terraform.io/hashicorp/azurerm\"]",
      "instances": [
        {
          "schema_version": 0,
          "attributes": {
            "id": "/subscriptions/38977b70-47bf-4da5-a492-88712fce8725/resourceGroups/rg-hub-888/providers/Microsoft.Network/privateDnsZones/corp.azure",
            "max_number_of_record_sets": 25000,
            "max_number_of_virtual_network_links": 1000,
            "max_number_of_virtual_network_links_with_registration": 100,
            "name": "corp.azure",
            "number_of_record_sets": 2,
            "resource_group_name": "rg-hub-888",
            "soa_record": [
              {
                "email": "azureprivatedns-host.microsoft.com",
                "expire_time": 2419200,
                "fqdn": "corp.azure.",
                "host_name": "azureprivatedns.net",
                "minimum_ttl": 10,
                "refresh_time": 3600,
                "retry_time": 300,
                "serial_number": 1,
                "tags": {},
                "ttl": 3600
              }
            ],
            "tags": {},
            "timeouts": null
          },
          "sensitive_attributes": [],
          "private": "eyJlMmJmYjczMC1lY2FhLTExZTYtOGY4OC0zNDM2M2JjN2M0YzAiOnsiY3JlYXRlIjoxODAwMDAwMDAwMDAwLCJkZWxldGUiOjE4MDAwMDAwMDAwMDAsInJlYWQiOjMwMDAwMDAwMDAwMCwidXBkYXRlIjoxODAwMDAwMDAwMDAwfX0=",
          "dependencies": [
            "azurerm_resource_group.rg-hub"
          ]
        }
      ]
    },
    {
      "mode": "managed",
      "type": "azurerm_private_dns_zone_virtual_network_link",
      "name": "link-dns-vnet-hub",
      "provider": "provider[\"registry.terraform.io/hashicorp/azurerm\"]",
      "instances": [
        {
          "schema_version": 0,
          "attributes": {
            "id": "/subscriptions/38977b70-47bf-4da5-a492-88712fce8725/resourceGroups/rg-hub-888/providers/Microsoft.Network/privateDnsZones/corp.azure/virtualNetworkLinks/link-dns-vnet",
            "name": "link-dns-vnet",
            "private_dns_zone_name": "corp.azure",
            "registration_enabled": false,
            "resource_group_name": "rg-hub-888",
            "tags": {},
            "timeouts": null,
            "virtual_network_id": "/subscriptions/38977b70-47bf-4da5-a492-88712fce8725/resourceGroups/rg-hub-888/providers/Microsoft.Network/virtualNetworks/vnet-hub"
          },
          "sensitive_attributes": [],
          "private": "eyJlMmJmYjczMC1lY2FhLTExZTYtOGY4OC0zNDM2M2JjN2M0YzAiOnsiY3JlYXRlIjoxODAwMDAwMDAwMDAwLCJkZWxldGUiOjE4MDAwMDAwMDAwMDAsInJlYWQiOjMwMDAwMDAwMDAwMCwidXBkYXRlIjoxODAwMDAwMDAwMDAwfX0=",
          "dependencies": [
            "azurerm_private_dns_zone.private-dns-zone-hub",
            "azurerm_resource_group.rg-hub",
            "azurerm_virtual_network.vnet-hub"
          ]
        }
      ]
    },
    {
      "mode": "managed",
      "type": "azurerm_public_ip",
      "name": "pip-bastion",
      "provider": "provider[\"registry.terraform.io/hashicorp/azurerm\"]",
      "instances": [
        {
          "schema_version": 0,
          "attributes": {
            "allocation_method": "Static",
            "ddos_protection_mode": "VirtualNetworkInherited",
            "ddos_protection_plan_id": null,
            "domain_name_label": null,
            "edge_zone": "",
            "fqdn": null,
            "id": "/subscriptions/38977b70-47bf-4da5-a492-88712fce8725/resourceGroups/rg-hub-888/providers/Microsoft.Network/publicIPAddresses/pip-bastion",
            "idle_timeout_in_minutes": 4,
            "ip_address": "4.223.99.84",
            "ip_tags": {},
            "ip_version": "IPv4",
            "location": "swedencentral",
            "name": "pip-bastion",
            "public_ip_prefix_id": null,
            "resource_group_name": "rg-hub-888",
            "reverse_fqdn": null,
            "sku": "Standard",
            "sku_tier": "Regional",
            "tags": {},
            "timeouts": null,
            "zones": []
          },
          "sensitive_attributes": [],
          "private": "eyJlMmJmYjczMC1lY2FhLTExZTYtOGY4OC0zNDM2M2JjN2M0YzAiOnsiY3JlYXRlIjoxODAwMDAwMDAwMDAwLCJkZWxldGUiOjE4MDAwMDAwMDAwMDAsInJlYWQiOjMwMDAwMDAwMDAwMCwidXBkYXRlIjoxODAwMDAwMDAwMDAwfX0=",
          "dependencies": [
            "azurerm_resource_group.rg-hub"
          ]
        }
      ]
    },
    {
      "mode": "managed",
      "type": "azurerm_resource_group",
      "name": "rg-hub",
      "provider": "provider[\"registry.terraform.io/hashicorp/azurerm\"]",
      "instances": [
        {
          "schema_version": 0,
          "attributes": {
            "id": "/subscriptions/38977b70-47bf-4da5-a492-88712fce8725/resourceGroups/rg-hub-888",
            "location": "swedencentral",
            "managed_by": "",
            "name": "rg-hub-888",
            "tags": {},
            "timeouts": null
          },
          "sensitive_attributes": [],
          "private": "eyJlMmJmYjczMC1lY2FhLTExZTYtOGY4OC0zNDM2M2JjN2M0YzAiOnsiY3JlYXRlIjo1NDAwMDAwMDAwMDAwLCJkZWxldGUiOjU0MDAwMDAwMDAwMDAsInJlYWQiOjMwMDAwMDAwMDAwMCwidXBkYXRlIjo1NDAwMDAwMDAwMDAwfX0="
        }
      ]
    },
    {
      "mode": "managed",
      "type": "azurerm_resource_group",
      "name": "rg-spoke1",
      "provider": "provider[\"registry.terraform.io/hashicorp/azurerm\"]",
      "instances": [
        {
          "schema_version": 0,
          "attributes": {
            "id": "/subscriptions/38977b70-47bf-4da5-a492-88712fce8725/resourceGroups/rg-spoke1-888",
            "location": "swedencentral",
            "managed_by": "",
            "name": "rg-spoke1-888",
            "tags": {},
            "timeouts": null
          },
          "sensitive_attributes": [],
          "private": "eyJlMmJmYjczMC1lY2FhLTExZTYtOGY4OC0zNDM2M2JjN2M0YzAiOnsiY3JlYXRlIjo1NDAwMDAwMDAwMDAwLCJkZWxldGUiOjU0MDAwMDAwMDAwMDAsInJlYWQiOjMwMDAwMDAwMDAwMCwidXBkYXRlIjo1NDAwMDAwMDAwMDAwfX0="
        }
      ]
    },
    {
      "mode": "managed",
      "type": "azurerm_resource_group",
      "name": "rg-spoke2",
      "provider": "provider[\"registry.terraform.io/hashicorp/azurerm\"]",
      "instances": [
        {
          "schema_version": 0,
          "attributes": {
            "id": "/subscriptions/38977b70-47bf-4da5-a492-88712fce8725/resourceGroups/rg-spoke2-888",
            "location": "swedencentral",
            "managed_by": "",
            "name": "rg-spoke2-888",
            "tags": {},
            "timeouts": null
          },
          "sensitive_attributes": [],
          "private": "eyJlMmJmYjczMC1lY2FhLTExZTYtOGY4OC0zNDM2M2JjN2M0YzAiOnsiY3JlYXRlIjo1NDAwMDAwMDAwMDAwLCJkZWxldGUiOjU0MDAwMDAwMDAwMDAsInJlYWQiOjMwMDAwMDAwMDAwMCwidXBkYXRlIjo1NDAwMDAwMDAwMDAwfX0="
        }
      ]
    },
    {
      "mode": "managed",
      "type": "azurerm_route",
      "name": "route-to-firewall-spoke1",
      "provider": "provider[\"registry.terraform.io/hashicorp/azurerm\"]",
      "instances": [
        {
          "schema_version": 0,
          "attributes": {
            "address_prefix": "0.0.0.0/0",
            "id": "/subscriptions/38977b70-47bf-4da5-a492-88712fce8725/resourceGroups/rg-spoke1-888/providers/Microsoft.Network/routeTables/route-table-spoke1/routes/route-to-firewal-spoke1",
            "name": "route-to-firewal-spoke1",
            "next_hop_in_ip_address": "10.0.2.5",
            "next_hop_type": "VirtualAppliance",
            "resource_group_name": "rg-spoke1-888",
            "route_table_name": "route-table-spoke1",
            "timeouts": null
          },
          "sensitive_attributes": [],
          "private": "eyJlMmJmYjczMC1lY2FhLTExZTYtOGY4OC0zNDM2M2JjN2M0YzAiOnsiY3JlYXRlIjoxODAwMDAwMDAwMDAwLCJkZWxldGUiOjE4MDAwMDAwMDAwMDAsInJlYWQiOjMwMDAwMDAwMDAwMCwidXBkYXRlIjoxODAwMDAwMDAwMDAwfX0=",
          "dependencies": [
            "azurerm_linux_virtual_machine.vm-hub-nva",
            "azurerm_network_interface.nic-vm-hub-nva",
            "azurerm_resource_group.rg-hub",
            "azurerm_resource_group.rg-spoke1",
            "azurerm_route_table.route-table-spoke1",
            "azurerm_subnet.subnet-hub-vm",
            "azurerm_virtual_network.vnet-hub"
          ]
        }
      ]
    },
    {
      "mode": "managed",
      "type": "azurerm_route",
      "name": "route-to-firewall-spoke2",
      "provider": "provider[\"registry.terraform.io/hashicorp/azurerm\"]",
      "instances": [
        {
          "schema_version": 0,
          "attributes": {
            "address_prefix": "0.0.0.0/0",
            "id": "/subscriptions/38977b70-47bf-4da5-a492-88712fce8725/resourceGroups/rg-spoke2-888/providers/Microsoft.Network/routeTables/route-table-spoke2/routes/route-to-firewal-spoke2",
            "name": "route-to-firewal-spoke2",
            "next_hop_in_ip_address": "10.0.2.5",
            "next_hop_type": "VirtualAppliance",
            "resource_group_name": "rg-spoke2-888",
            "route_table_name": "route-table-spoke2",
            "timeouts": null
          },
          "sensitive_attributes": [],
          "private": "eyJlMmJmYjczMC1lY2FhLTExZTYtOGY4OC0zNDM2M2JjN2M0YzAiOnsiY3JlYXRlIjoxODAwMDAwMDAwMDAwLCJkZWxldGUiOjE4MDAwMDAwMDAwMDAsInJlYWQiOjMwMDAwMDAwMDAwMCwidXBkYXRlIjoxODAwMDAwMDAwMDAwfX0=",
          "dependencies": [
            "azurerm_linux_virtual_machine.vm-hub-nva",
            "azurerm_network_interface.nic-vm-hub-nva",
            "azurerm_resource_group.rg-hub",
            "azurerm_resource_group.rg-spoke2",
            "azurerm_route_table.route-table-spoke2",
            "azurerm_subnet.subnet-hub-vm",
            "azurerm_virtual_network.vnet-hub"
          ]
        }
      ]
    },
    {
      "mode": "managed",
      "type": "azurerm_route_table",
      "name": "route-table-spoke1",
      "provider": "provider[\"registry.terraform.io/hashicorp/azurerm\"]",
      "instances": [
        {
          "schema_version": 0,
          "attributes": {
            "disable_bgp_route_propagation": true,
            "id": "/subscriptions/38977b70-47bf-4da5-a492-88712fce8725/resourceGroups/rg-spoke1-888/providers/Microsoft.Network/routeTables/route-table-spoke1",
            "location": "swedencentral",
            "name": "route-table-spoke1",
            "resource_group_name": "rg-spoke1-888",
            "route": [
              {
                "address_prefix": "0.0.0.0/0",
                "name": "route-to-firewal-spoke1",
                "next_hop_in_ip_address": "10.0.2.5",
                "next_hop_type": "VirtualAppliance"
              }
            ],
            "subnets": [
              "/subscriptions/38977b70-47bf-4da5-a492-88712fce8725/resourceGroups/rg-spoke1-888/providers/Microsoft.Network/virtualNetworks/vnet-spoke1/subnets/subnet-spoke1-vm"
            ],
            "tags": {},
            "timeouts": null
          },
          "sensitive_attributes": [],
          "private": "eyJlMmJmYjczMC1lY2FhLTExZTYtOGY4OC0zNDM2M2JjN2M0YzAiOnsiY3JlYXRlIjoxODAwMDAwMDAwMDAwLCJkZWxldGUiOjE4MDAwMDAwMDAwMDAsInJlYWQiOjMwMDAwMDAwMDAwMCwidXBkYXRlIjoxODAwMDAwMDAwMDAwfX0=",
          "dependencies": [
            "azurerm_resource_group.rg-spoke1"
          ]
        }
      ]
    },
    {
      "mode": "managed",
      "type": "azurerm_route_table",
      "name": "route-table-spoke2",
      "provider": "provider[\"registry.terraform.io/hashicorp/azurerm\"]",
      "instances": [
        {
          "schema_version": 0,
          "attributes": {
            "disable_bgp_route_propagation": true,
            "id": "/subscriptions/38977b70-47bf-4da5-a492-88712fce8725/resourceGroups/rg-spoke2-888/providers/Microsoft.Network/routeTables/route-table-spoke2",
            "location": "swedencentral",
            "name": "route-table-spoke2",
            "resource_group_name": "rg-spoke2-888",
            "route": [
              {
                "address_prefix": "0.0.0.0/0",
                "name": "route-to-firewal-spoke2",
                "next_hop_in_ip_address": "10.0.2.5",
                "next_hop_type": "VirtualAppliance"
              }
            ],
            "subnets": [
              "/subscriptions/38977b70-47bf-4da5-a492-88712fce8725/resourceGroups/rg-spoke2-888/providers/Microsoft.Network/virtualNetworks/vnet-spoke2/subnets/subnet-spoke2-vm"
            ],
            "tags": {},
            "timeouts": null
          },
          "sensitive_attributes": [],
          "private": "eyJlMmJmYjczMC1lY2FhLTExZTYtOGY4OC0zNDM2M2JjN2M0YzAiOnsiY3JlYXRlIjoxODAwMDAwMDAwMDAwLCJkZWxldGUiOjE4MDAwMDAwMDAwMDAsInJlYWQiOjMwMDAwMDAwMDAwMCwidXBkYXRlIjoxODAwMDAwMDAwMDAwfX0=",
          "dependencies": [
            "azurerm_resource_group.rg-spoke2"
          ]
        }
      ]
    },
    {
      "mode": "managed",
      "type": "azurerm_storage_account",
      "name": "sa",
      "provider": "provider[\"registry.terraform.io/hashicorp/azurerm\"]",
      "instances": [
        {
          "schema_version": 4,
          "attributes": {
            "access_tier": "Hot",
            "account_kind": "StorageV2",
            "account_replication_type": "LRS",
            "account_tier": "Standard",
            "allow_nested_items_to_be_public": true,
            "allowed_copy_scope": "",
            "azure_files_authentication": [],
            "blob_properties": [
              {
                "change_feed_enabled": false,
                "change_feed_retention_in_days": 0,
                "container_delete_retention_policy": [],
                "cors_rule": [],
                "default_service_version": "",
                "delete_retention_policy": [],
                "last_access_time_enabled": false,
                "restore_policy": [],
                "versioning_enabled": false
              }
            ],
            "cross_tenant_replication_enabled": true,
            "custom_domain": [],
            "customer_managed_key": [],
            "default_to_oauth_authentication": false,
            "dns_endpoint_type": "Standard",
            "edge_zone": "",
            "enable_https_traffic_only": true,
            "id": "/subscriptions/38977b70-47bf-4da5-a492-88712fce8725/resourceGroups/rg-hub-888/providers/Microsoft.Storage/storageAccounts/stor8flow8logs888",
            "identity": [],
            "immutability_policy": [],
            "infrastructure_encryption_enabled": false,
            "is_hns_enabled": false,
            "large_file_share_enabled": null,
            "local_user_enabled": true,
            "location": "swedencentral",
            "min_tls_version": "TLS1_2",
            "name": "stor8flow8logs888",
            "network_rules": [
              {
                "bypass": [
                  "AzureServices"
                ],
                "default_action": "Allow",
                "ip_rules": [],
                "private_link_access": [],
                "virtual_network_subnet_ids": []
              }
            ],
            "nfsv3_enabled": false,
            "primary_access_key": "DgJ/fqCMrff+JkldfobcP0NsBC8iR2fRgsXlUZ/lMcAaesY0mAu+CcH2oCCjMjv8KZYvuqTHuhJO+AStPE811g==",
            "primary_blob_connection_string": "DefaultEndpointsProtocol=https;BlobEndpoint=https://stor8flow8logs888.blob.core.windows.net/;AccountName=stor8flow8logs888;AccountKey=DgJ/fqCMrff+JkldfobcP0NsBC8iR2fRgsXlUZ/lMcAaesY0mAu+CcH2oCCjMjv8KZYvuqTHuhJO+AStPE811g==",
            "primary_blob_endpoint": "https://stor8flow8logs888.blob.core.windows.net/",
            "primary_blob_host": "stor8flow8logs888.blob.core.windows.net",
            "primary_blob_internet_endpoint": "",
            "primary_blob_internet_host": "",
            "primary_blob_microsoft_endpoint": "",
            "primary_blob_microsoft_host": "",
            "primary_connection_string": "DefaultEndpointsProtocol=https;AccountName=stor8flow8logs888;AccountKey=DgJ/fqCMrff+JkldfobcP0NsBC8iR2fRgsXlUZ/lMcAaesY0mAu+CcH2oCCjMjv8KZYvuqTHuhJO+AStPE811g==;EndpointSuffix=core.windows.net",
            "primary_dfs_endpoint": "https://stor8flow8logs888.dfs.core.windows.net/",
            "primary_dfs_host": "stor8flow8logs888.dfs.core.windows.net",
            "primary_dfs_internet_endpoint": "",
            "primary_dfs_internet_host": "",
            "primary_dfs_microsoft_endpoint": "",
            "primary_dfs_microsoft_host": "",
            "primary_file_endpoint": "https://stor8flow8logs888.file.core.windows.net/",
            "primary_file_host": "stor8flow8logs888.file.core.windows.net",
            "primary_file_internet_endpoint": "",
            "primary_file_internet_host": "",
            "primary_file_microsoft_endpoint": "",
            "primary_file_microsoft_host": "",
            "primary_location": "swedencentral",
            "primary_queue_endpoint": "https://stor8flow8logs888.queue.core.windows.net/",
            "primary_queue_host": "stor8flow8logs888.queue.core.windows.net",
            "primary_queue_microsoft_endpoint": "",
            "primary_queue_microsoft_host": "",
            "primary_table_endpoint": "https://stor8flow8logs888.table.core.windows.net/",
            "primary_table_host": "stor8flow8logs888.table.core.windows.net",
            "primary_table_microsoft_endpoint": "",
            "primary_table_microsoft_host": "",
            "primary_web_endpoint": "https://stor8flow8logs888.z1.web.core.windows.net/",
            "primary_web_host": "stor8flow8logs888.z1.web.core.windows.net",
            "primary_web_internet_endpoint": "",
            "primary_web_internet_host": "",
            "primary_web_microsoft_endpoint": "",
            "primary_web_microsoft_host": "",
            "public_network_access_enabled": true,
            "queue_encryption_key_type": "Service",
            "queue_properties": [
              {
                "cors_rule": [],
                "hour_metrics": [
                  {
                    "enabled": true,
                    "include_apis": true,
                    "retention_policy_days": 7,
                    "version": "1.0"
                  }
                ],
                "logging": [
                  {
                    "delete": false,
                    "read": false,
                    "retention_policy_days": 0,
                    "version": "1.0",
                    "write": false
                  }
                ],
                "minute_metrics": [
                  {
                    "enabled": false,
                    "include_apis": false,
                    "retention_policy_days": 0,
                    "version": "1.0"
                  }
                ]
              }
            ],
            "resource_group_name": "rg-hub-888",
            "routing": [],
            "sas_policy": [],
            "secondary_access_key": "/HSXXIhT2fbrl7RiFTaNiAY6El41b6fbSL74qXPoxBXrtZNIh2xpImbUwQkxmcLAdzIG0f83gyam+AStml4kzw==",
            "secondary_blob_connection_string": "",
            "secondary_blob_endpoint": null,
            "secondary_blob_host": null,
            "secondary_blob_internet_endpoint": null,
            "secondary_blob_internet_host": null,
            "secondary_blob_microsoft_endpoint": null,
            "secondary_blob_microsoft_host": null,
            "secondary_connection_string": "DefaultEndpointsProtocol=https;AccountName=stor8flow8logs888;AccountKey=/HSXXIhT2fbrl7RiFTaNiAY6El41b6fbSL74qXPoxBXrtZNIh2xpImbUwQkxmcLAdzIG0f83gyam+AStml4kzw==;EndpointSuffix=core.windows.net",
            "secondary_dfs_endpoint": null,
            "secondary_dfs_host": null,
            "secondary_dfs_internet_endpoint": null,
            "secondary_dfs_internet_host": null,
            "secondary_dfs_microsoft_endpoint": null,
            "secondary_dfs_microsoft_host": null,
            "secondary_file_endpoint": null,
            "secondary_file_host": null,
            "secondary_file_internet_endpoint": null,
            "secondary_file_internet_host": null,
            "secondary_file_microsoft_endpoint": null,
            "secondary_file_microsoft_host": null,
            "secondary_location": "",
            "secondary_queue_endpoint": null,
            "secondary_queue_host": null,
            "secondary_queue_microsoft_endpoint": null,
            "secondary_queue_microsoft_host": null,
            "secondary_table_endpoint": null,
            "secondary_table_host": null,
            "secondary_table_microsoft_endpoint": null,
            "secondary_table_microsoft_host": null,
            "secondary_web_endpoint": null,
            "secondary_web_host": null,
            "secondary_web_internet_endpoint": null,
            "secondary_web_internet_host": null,
            "secondary_web_microsoft_endpoint": null,
            "secondary_web_microsoft_host": null,
            "sftp_enabled": false,
            "share_properties": [
              {
                "cors_rule": [],
                "retention_policy": [
                  {
                    "days": 7
                  }
                ],
                "smb": []
              }
            ],
            "shared_access_key_enabled": true,
            "static_website": [],
            "table_encryption_key_type": "Service",
            "tags": {},
            "timeouts": null
          },
          "sensitive_attributes": [
            [
              {
                "type": "get_attr",
                "value": "secondary_connection_string"
              }
            ],
            [
              {
                "type": "get_attr",
                "value": "primary_access_key"
              }
            ],
            [
              {
                "type": "get_attr",
                "value": "secondary_access_key"
              }
            ],
            [
              {
                "type": "get_attr",
                "value": "primary_connection_string"
              }
            ],
            [
              {
                "type": "get_attr",
                "value": "secondary_blob_connection_string"
              }
            ],
            [
              {
                "type": "get_attr",
                "value": "primary_blob_connection_string"
              }
            ]
          ],
          "private": "eyJlMmJmYjczMC1lY2FhLTExZTYtOGY4OC0zNDM2M2JjN2M0YzAiOnsiY3JlYXRlIjozNjAwMDAwMDAwMDAwLCJkZWxldGUiOjM2MDAwMDAwMDAwMDAsInJlYWQiOjMwMDAwMDAwMDAwMCwidXBkYXRlIjozNjAwMDAwMDAwMDAwfSwic2NoZW1hX3ZlcnNpb24iOiI0In0=",
          "dependencies": [
            "azurerm_resource_group.rg-hub"
          ]
        }
      ]
    },
    {
      "mode": "managed",
      "type": "azurerm_subnet",
      "name": "subnet-hub-bastion",
      "provider": "provider[\"registry.terraform.io/hashicorp/azurerm\"]",
      "instances": [
        {
          "schema_version": 0,
          "attributes": {
            "address_prefixes": [
              "10.0.3.0/24"
            ],
            "delegation": [],
            "enforce_private_link_endpoint_network_policies": false,
            "enforce_private_link_service_network_policies": false,
            "id": "/subscriptions/38977b70-47bf-4da5-a492-88712fce8725/resourceGroups/rg-hub-888/providers/Microsoft.Network/virtualNetworks/vnet-hub/subnets/AzureBastionSubnet",
            "name": "AzureBastionSubnet",
            "private_endpoint_network_policies_enabled": true,
            "private_link_service_network_policies_enabled": true,
            "resource_group_name": "rg-hub-888",
            "service_endpoint_policy_ids": [],
            "service_endpoints": [],
            "timeouts": null,
            "virtual_network_name": "vnet-hub"
          },
          "sensitive_attributes": [],
          "private": "eyJlMmJmYjczMC1lY2FhLTExZTYtOGY4OC0zNDM2M2JjN2M0YzAiOnsiY3JlYXRlIjoxODAwMDAwMDAwMDAwLCJkZWxldGUiOjE4MDAwMDAwMDAwMDAsInJlYWQiOjMwMDAwMDAwMDAwMCwidXBkYXRlIjoxODAwMDAwMDAwMDAwfX0=",
          "dependencies": [
            "azurerm_resource_group.rg-hub",
            "azurerm_virtual_network.vnet-hub"
          ]
        }
      ]
    },
    {
      "mode": "managed",
      "type": "azurerm_subnet",
      "name": "subnet-hub-inbound-dns",
      "provider": "provider[\"registry.terraform.io/hashicorp/azurerm\"]",
      "instances": [
        {
          "schema_version": 0,
          "attributes": {
            "address_prefixes": [
              "10.0.4.0/24"
            ],
            "delegation": [
              {
                "name": "Microsoft.Network.dnsResolvers",
                "service_delegation": [
                  {
                    "actions": [
                      "Microsoft.Network/virtualNetworks/subnets/join/action"
                    ],
                    "name": "Microsoft.Network/dnsResolvers"
                  }
                ]
              }
            ],
            "enforce_private_link_endpoint_network_policies": false,
            "enforce_private_link_service_network_policies": false,
            "id": "/subscriptions/38977b70-47bf-4da5-a492-88712fce8725/resourceGroups/rg-hub-888/providers/Microsoft.Network/virtualNetworks/vnet-hub/subnets/subnet-hub-inbound-dns",
            "name": "subnet-hub-inbound-dns",
            "private_endpoint_network_policies_enabled": true,
            "private_link_service_network_policies_enabled": true,
            "resource_group_name": "rg-hub-888",
            "service_endpoint_policy_ids": [],
            "service_endpoints": [],
            "timeouts": null,
            "virtual_network_name": "vnet-hub"
          },
          "sensitive_attributes": [],
          "private": "eyJlMmJmYjczMC1lY2FhLTExZTYtOGY4OC0zNDM2M2JjN2M0YzAiOnsiY3JlYXRlIjoxODAwMDAwMDAwMDAwLCJkZWxldGUiOjE4MDAwMDAwMDAwMDAsInJlYWQiOjMwMDAwMDAwMDAwMCwidXBkYXRlIjoxODAwMDAwMDAwMDAwfX0=",
          "dependencies": [
            "azurerm_resource_group.rg-hub",
            "azurerm_virtual_network.vnet-hub"
          ]
        }
      ]
    },
    {
      "mode": "managed",
      "type": "azurerm_subnet",
      "name": "subnet-hub-outbound-dns",
      "provider": "provider[\"registry.terraform.io/hashicorp/azurerm\"]",
      "instances": [
        {
          "schema_version": 0,
          "attributes": {
            "address_prefixes": [
              "10.0.5.0/24"
            ],
            "delegation": [
              {
                "name": "Microsoft.Network.dnsResolvers",
                "service_delegation": [
                  {
                    "actions": [
                      "Microsoft.Network/virtualNetworks/subnets/join/action"
                    ],
                    "name": "Microsoft.Network/dnsResolvers"
                  }
                ]
              }
            ],
            "enforce_private_link_endpoint_network_policies": false,
            "enforce_private_link_service_network_policies": false,
            "id": "/subscriptions/38977b70-47bf-4da5-a492-88712fce8725/resourceGroups/rg-hub-888/providers/Microsoft.Network/virtualNetworks/vnet-hub/subnets/subnet-hub-outbound-dns",
            "name": "subnet-hub-outbound-dns",
            "private_endpoint_network_policies_enabled": true,
            "private_link_service_network_policies_enabled": true,
            "resource_group_name": "rg-hub-888",
            "service_endpoint_policy_ids": [],
            "service_endpoints": [],
            "timeouts": null,
            "virtual_network_name": "vnet-hub"
          },
          "sensitive_attributes": [],
          "private": "eyJlMmJmYjczMC1lY2FhLTExZTYtOGY4OC0zNDM2M2JjN2M0YzAiOnsiY3JlYXRlIjoxODAwMDAwMDAwMDAwLCJkZWxldGUiOjE4MDAwMDAwMDAwMDAsInJlYWQiOjMwMDAwMDAwMDAwMCwidXBkYXRlIjoxODAwMDAwMDAwMDAwfX0=",
          "dependencies": [
            "azurerm_resource_group.rg-hub",
            "azurerm_virtual_network.vnet-hub"
          ]
        }
      ]
    },
    {
      "mode": "managed",
      "type": "azurerm_subnet",
      "name": "subnet-hub-vm",
      "provider": "provider[\"registry.terraform.io/hashicorp/azurerm\"]",
      "instances": [
        {
          "schema_version": 0,
          "attributes": {
            "address_prefixes": [
              "10.0.2.0/24"
            ],
            "delegation": [],
            "enforce_private_link_endpoint_network_policies": false,
            "enforce_private_link_service_network_policies": false,
            "id": "/subscriptions/38977b70-47bf-4da5-a492-88712fce8725/resourceGroups/rg-hub-888/providers/Microsoft.Network/virtualNetworks/vnet-hub/subnets/subnet-hub-vm",
            "name": "subnet-hub-vm",
            "private_endpoint_network_policies_enabled": true,
            "private_link_service_network_policies_enabled": true,
            "resource_group_name": "rg-hub-888",
            "service_endpoint_policy_ids": [],
            "service_endpoints": [],
            "timeouts": null,
            "virtual_network_name": "vnet-hub"
          },
          "sensitive_attributes": [],
          "private": "eyJlMmJmYjczMC1lY2FhLTExZTYtOGY4OC0zNDM2M2JjN2M0YzAiOnsiY3JlYXRlIjoxODAwMDAwMDAwMDAwLCJkZWxldGUiOjE4MDAwMDAwMDAwMDAsInJlYWQiOjMwMDAwMDAwMDAwMCwidXBkYXRlIjoxODAwMDAwMDAwMDAwfX0=",
          "dependencies": [
            "azurerm_resource_group.rg-hub",
            "azurerm_virtual_network.vnet-hub"
          ]
        }
      ]
    },
    {
      "mode": "managed",
      "type": "azurerm_subnet",
      "name": "subnet-spoke1-vm",
      "provider": "provider[\"registry.terraform.io/hashicorp/azurerm\"]",
      "instances": [
        {
          "schema_version": 0,
          "attributes": {
            "address_prefixes": [
              "10.1.0.0/24"
            ],
            "delegation": [],
            "enforce_private_link_endpoint_network_policies": false,
            "enforce_private_link_service_network_policies": false,
            "id": "/subscriptions/38977b70-47bf-4da5-a492-88712fce8725/resourceGroups/rg-spoke1-888/providers/Microsoft.Network/virtualNetworks/vnet-spoke1/subnets/subnet-spoke1-vm",
            "name": "subnet-spoke1-vm",
            "private_endpoint_network_policies_enabled": true,
            "private_link_service_network_policies_enabled": true,
            "resource_group_name": "rg-spoke1-888",
            "service_endpoint_policy_ids": [],
            "service_endpoints": [],
            "timeouts": null,
            "virtual_network_name": "vnet-spoke1"
          },
          "sensitive_attributes": [],
          "private": "eyJlMmJmYjczMC1lY2FhLTExZTYtOGY4OC0zNDM2M2JjN2M0YzAiOnsiY3JlYXRlIjoxODAwMDAwMDAwMDAwLCJkZWxldGUiOjE4MDAwMDAwMDAwMDAsInJlYWQiOjMwMDAwMDAwMDAwMCwidXBkYXRlIjoxODAwMDAwMDAwMDAwfX0=",
          "dependencies": [
            "azurerm_resource_group.rg-spoke1",
            "azurerm_virtual_network.vnet-spoke1"
          ]
        }
      ]
    },
    {
      "mode": "managed",
      "type": "azurerm_subnet",
      "name": "subnet-spoke2-vm",
      "provider": "provider[\"registry.terraform.io/hashicorp/azurerm\"]",
      "instances": [
        {
          "schema_version": 0,
          "attributes": {
            "address_prefixes": [
              "10.2.0.0/24"
            ],
            "delegation": [],
            "enforce_private_link_endpoint_network_policies": false,
            "enforce_private_link_service_network_policies": false,
            "id": "/subscriptions/38977b70-47bf-4da5-a492-88712fce8725/resourceGroups/rg-spoke2-888/providers/Microsoft.Network/virtualNetworks/vnet-spoke2/subnets/subnet-spoke2-vm",
            "name": "subnet-spoke2-vm",
            "private_endpoint_network_policies_enabled": true,
            "private_link_service_network_policies_enabled": true,
            "resource_group_name": "rg-spoke2-888",
            "service_endpoint_policy_ids": [],
            "service_endpoints": [],
            "timeouts": null,
            "virtual_network_name": "vnet-spoke2"
          },
          "sensitive_attributes": [],
          "private": "eyJlMmJmYjczMC1lY2FhLTExZTYtOGY4OC0zNDM2M2JjN2M0YzAiOnsiY3JlYXRlIjoxODAwMDAwMDAwMDAwLCJkZWxldGUiOjE4MDAwMDAwMDAwMDAsInJlYWQiOjMwMDAwMDAwMDAwMCwidXBkYXRlIjoxODAwMDAwMDAwMDAwfX0=",
          "dependencies": [
            "azurerm_resource_group.rg-spoke2",
            "azurerm_virtual_network.vnet-spoke2"
          ]
        }
      ]
    },
    {
      "mode": "managed",
      "type": "azurerm_subnet_network_security_group_association",
      "name": "nsg-association-hub",
      "provider": "provider[\"registry.terraform.io/hashicorp/azurerm\"]",
      "instances": [
        {
          "schema_version": 0,
          "attributes": {
            "id": "/subscriptions/38977b70-47bf-4da5-a492-88712fce8725/resourceGroups/rg-hub-888/providers/Microsoft.Network/virtualNetworks/vnet-hub/subnets/subnet-hub-vm",
            "network_security_group_id": "/subscriptions/38977b70-47bf-4da5-a492-88712fce8725/resourceGroups/rg-hub-888/providers/Microsoft.Network/networkSecurityGroups/nsg-snet-hub",
            "subnet_id": "/subscriptions/38977b70-47bf-4da5-a492-88712fce8725/resourceGroups/rg-hub-888/providers/Microsoft.Network/virtualNetworks/vnet-hub/subnets/subnet-hub-vm",
            "timeouts": null
          },
          "sensitive_attributes": [],
          "private": "eyJlMmJmYjczMC1lY2FhLTExZTYtOGY4OC0zNDM2M2JjN2M0YzAiOnsiY3JlYXRlIjoxODAwMDAwMDAwMDAwLCJkZWxldGUiOjE4MDAwMDAwMDAwMDAsInJlYWQiOjMwMDAwMDAwMDAwMH19",
          "dependencies": [
            "azurerm_network_security_group.nsg-hub",
            "azurerm_resource_group.rg-hub",
            "azurerm_subnet.subnet-hub-vm",
            "azurerm_virtual_network.vnet-hub"
          ]
        }
      ]
    },
    {
      "mode": "managed",
      "type": "azurerm_subnet_network_security_group_association",
      "name": "nsg-association-spoke1",
      "provider": "provider[\"registry.terraform.io/hashicorp/azurerm\"]",
      "instances": [
        {
          "schema_version": 0,
          "attributes": {
            "id": "/subscriptions/38977b70-47bf-4da5-a492-88712fce8725/resourceGroups/rg-spoke1-888/providers/Microsoft.Network/virtualNetworks/vnet-spoke1/subnets/subnet-spoke1-vm",
            "network_security_group_id": "/subscriptions/38977b70-47bf-4da5-a492-88712fce8725/resourceGroups/rg-spoke1-888/providers/Microsoft.Network/networkSecurityGroups/nsg-snet-spoke1",
            "subnet_id": "/subscriptions/38977b70-47bf-4da5-a492-88712fce8725/resourceGroups/rg-spoke1-888/providers/Microsoft.Network/virtualNetworks/vnet-spoke1/subnets/subnet-spoke1-vm",
            "timeouts": null
          },
          "sensitive_attributes": [],
          "private": "eyJlMmJmYjczMC1lY2FhLTExZTYtOGY4OC0zNDM2M2JjN2M0YzAiOnsiY3JlYXRlIjoxODAwMDAwMDAwMDAwLCJkZWxldGUiOjE4MDAwMDAwMDAwMDAsInJlYWQiOjMwMDAwMDAwMDAwMH19",
          "dependencies": [
            "azurerm_network_security_group.nsg-spoke1",
            "azurerm_resource_group.rg-spoke1",
            "azurerm_subnet.subnet-spoke1-vm",
            "azurerm_virtual_network.vnet-spoke1"
          ]
        }
      ]
    },
    {
      "mode": "managed",
      "type": "azurerm_subnet_network_security_group_association",
      "name": "nsg-association-spoke2",
      "provider": "provider[\"registry.terraform.io/hashicorp/azurerm\"]",
      "instances": [
        {
          "schema_version": 0,
          "attributes": {
            "id": "/subscriptions/38977b70-47bf-4da5-a492-88712fce8725/resourceGroups/rg-spoke2-888/providers/Microsoft.Network/virtualNetworks/vnet-spoke2/subnets/subnet-spoke2-vm",
            "network_security_group_id": "/subscriptions/38977b70-47bf-4da5-a492-88712fce8725/resourceGroups/rg-spoke2-888/providers/Microsoft.Network/networkSecurityGroups/nsg-snet-spoke2",
            "subnet_id": "/subscriptions/38977b70-47bf-4da5-a492-88712fce8725/resourceGroups/rg-spoke2-888/providers/Microsoft.Network/virtualNetworks/vnet-spoke2/subnets/subnet-spoke2-vm",
            "timeouts": null
          },
          "sensitive_attributes": [],
          "private": "eyJlMmJmYjczMC1lY2FhLTExZTYtOGY4OC0zNDM2M2JjN2M0YzAiOnsiY3JlYXRlIjoxODAwMDAwMDAwMDAwLCJkZWxldGUiOjE4MDAwMDAwMDAwMDAsInJlYWQiOjMwMDAwMDAwMDAwMH19",
          "dependencies": [
            "azurerm_network_security_group.nsg-spoke2",
            "azurerm_resource_group.rg-spoke2",
            "azurerm_subnet.subnet-spoke2-vm",
            "azurerm_virtual_network.vnet-spoke2"
          ]
        }
      ]
    },
    {
      "mode": "managed",
      "type": "azurerm_subnet_route_table_association",
      "name": "route-table-spoke1",
      "provider": "provider[\"registry.terraform.io/hashicorp/azurerm\"]",
      "instances": [
        {
          "schema_version": 0,
          "attributes": {
            "id": "/subscriptions/38977b70-47bf-4da5-a492-88712fce8725/resourceGroups/rg-spoke1-888/providers/Microsoft.Network/virtualNetworks/vnet-spoke1/subnets/subnet-spoke1-vm",
            "route_table_id": "/subscriptions/38977b70-47bf-4da5-a492-88712fce8725/resourceGroups/rg-spoke1-888/providers/Microsoft.Network/routeTables/route-table-spoke1",
            "subnet_id": "/subscriptions/38977b70-47bf-4da5-a492-88712fce8725/resourceGroups/rg-spoke1-888/providers/Microsoft.Network/virtualNetworks/vnet-spoke1/subnets/subnet-spoke1-vm",
            "timeouts": null
          },
          "sensitive_attributes": [],
          "private": "eyJlMmJmYjczMC1lY2FhLTExZTYtOGY4OC0zNDM2M2JjN2M0YzAiOnsiY3JlYXRlIjoxODAwMDAwMDAwMDAwLCJkZWxldGUiOjE4MDAwMDAwMDAwMDAsInJlYWQiOjMwMDAwMDAwMDAwMH19",
          "dependencies": [
            "azurerm_resource_group.rg-spoke1",
            "azurerm_route_table.route-table-spoke1",
            "azurerm_subnet.subnet-spoke1-vm",
            "azurerm_virtual_network.vnet-spoke1"
          ]
        }
      ]
    },
    {
      "mode": "managed",
      "type": "azurerm_subnet_route_table_association",
      "name": "route-table-spoke2",
      "provider": "provider[\"registry.terraform.io/hashicorp/azurerm\"]",
      "instances": [
        {
          "schema_version": 0,
          "attributes": {
            "id": "/subscriptions/38977b70-47bf-4da5-a492-88712fce8725/resourceGroups/rg-spoke2-888/providers/Microsoft.Network/virtualNetworks/vnet-spoke2/subnets/subnet-spoke2-vm",
            "route_table_id": "/subscriptions/38977b70-47bf-4da5-a492-88712fce8725/resourceGroups/rg-spoke2-888/providers/Microsoft.Network/routeTables/route-table-spoke2",
            "subnet_id": "/subscriptions/38977b70-47bf-4da5-a492-88712fce8725/resourceGroups/rg-spoke2-888/providers/Microsoft.Network/virtualNetworks/vnet-spoke2/subnets/subnet-spoke2-vm",
            "timeouts": null
          },
          "sensitive_attributes": [],
          "private": "eyJlMmJmYjczMC1lY2FhLTExZTYtOGY4OC0zNDM2M2JjN2M0YzAiOnsiY3JlYXRlIjoxODAwMDAwMDAwMDAwLCJkZWxldGUiOjE4MDAwMDAwMDAwMDAsInJlYWQiOjMwMDAwMDAwMDAwMH19",
          "dependencies": [
            "azurerm_resource_group.rg-spoke2",
            "azurerm_route_table.route-table-spoke2",
            "azurerm_subnet.subnet-spoke2-vm",
            "azurerm_virtual_network.vnet-spoke2"
          ]
        }
      ]
    },
    {
      "mode": "managed",
      "type": "azurerm_virtual_network",
      "name": "vnet-hub",
      "provider": "provider[\"registry.terraform.io/hashicorp/azurerm\"]",
      "instances": [
        {
          "schema_version": 0,
          "attributes": {
            "address_space": [
              "10.0.0.0/16"
            ],
            "bgp_community": "",
            "ddos_protection_plan": [],
            "dns_servers": [],
            "edge_zone": "",
            "encryption": [],
            "flow_timeout_in_minutes": 0,
            "guid": "f28cb000-acc7-4144-bcc0-b8e43824f545",
            "id": "/subscriptions/38977b70-47bf-4da5-a492-88712fce8725/resourceGroups/rg-hub-888/providers/Microsoft.Network/virtualNetworks/vnet-hub",
            "location": "swedencentral",
            "name": "vnet-hub",
            "resource_group_name": "rg-hub-888",
            "subnet": [
              {
                "address_prefix": "10.0.2.0/24",
                "id": "/subscriptions/38977b70-47bf-4da5-a492-88712fce8725/resourceGroups/rg-hub-888/providers/Microsoft.Network/virtualNetworks/vnet-hub/subnets/subnet-hub-vm",
                "name": "subnet-hub-vm",
                "security_group": "/subscriptions/38977b70-47bf-4da5-a492-88712fce8725/resourceGroups/rg-hub-888/providers/Microsoft.Network/networkSecurityGroups/nsg-snet-hub"
              },
              {
                "address_prefix": "10.0.3.0/24",
                "id": "/subscriptions/38977b70-47bf-4da5-a492-88712fce8725/resourceGroups/rg-hub-888/providers/Microsoft.Network/virtualNetworks/vnet-hub/subnets/AzureBastionSubnet",
                "name": "AzureBastionSubnet",
                "security_group": ""
              },
              {
                "address_prefix": "10.0.4.0/24",
                "id": "/subscriptions/38977b70-47bf-4da5-a492-88712fce8725/resourceGroups/rg-hub-888/providers/Microsoft.Network/virtualNetworks/vnet-hub/subnets/subnet-hub-inbound-dns",
                "name": "subnet-hub-inbound-dns",
                "security_group": ""
              },
              {
                "address_prefix": "10.0.5.0/24",
                "id": "/subscriptions/38977b70-47bf-4da5-a492-88712fce8725/resourceGroups/rg-hub-888/providers/Microsoft.Network/virtualNetworks/vnet-hub/subnets/subnet-hub-outbound-dns",
                "name": "subnet-hub-outbound-dns",
                "security_group": ""
              }
            ],
            "tags": {},
            "timeouts": null
          },
          "sensitive_attributes": [],
          "private": "eyJlMmJmYjczMC1lY2FhLTExZTYtOGY4OC0zNDM2M2JjN2M0YzAiOnsiY3JlYXRlIjoxODAwMDAwMDAwMDAwLCJkZWxldGUiOjE4MDAwMDAwMDAwMDAsInJlYWQiOjMwMDAwMDAwMDAwMCwidXBkYXRlIjoxODAwMDAwMDAwMDAwfX0=",
          "dependencies": [
            "azurerm_resource_group.rg-hub"
          ]
        }
      ]
    },
    {
      "mode": "managed",
      "type": "azurerm_virtual_network",
      "name": "vnet-spoke1",
      "provider": "provider[\"registry.terraform.io/hashicorp/azurerm\"]",
      "instances": [
        {
          "schema_version": 0,
          "attributes": {
            "address_space": [
              "10.1.0.0/16"
            ],
            "bgp_community": "",
            "ddos_protection_plan": [],
            "dns_servers": [],
            "edge_zone": "",
            "encryption": [],
            "flow_timeout_in_minutes": 0,
            "guid": "bac0d1da-8593-4605-bd59-2bb67f30a87b",
            "id": "/subscriptions/38977b70-47bf-4da5-a492-88712fce8725/resourceGroups/rg-spoke1-888/providers/Microsoft.Network/virtualNetworks/vnet-spoke1",
            "location": "swedencentral",
            "name": "vnet-spoke1",
            "resource_group_name": "rg-spoke1-888",
            "subnet": [
              {
                "address_prefix": "10.1.0.0/24",
                "id": "/subscriptions/38977b70-47bf-4da5-a492-88712fce8725/resourceGroups/rg-spoke1-888/providers/Microsoft.Network/virtualNetworks/vnet-spoke1/subnets/subnet-spoke1-vm",
                "name": "subnet-spoke1-vm",
                "security_group": "/subscriptions/38977b70-47bf-4da5-a492-88712fce8725/resourceGroups/rg-spoke1-888/providers/Microsoft.Network/networkSecurityGroups/nsg-snet-spoke1"
              }
            ],
            "tags": {},
            "timeouts": null
          },
          "sensitive_attributes": [],
          "private": "eyJlMmJmYjczMC1lY2FhLTExZTYtOGY4OC0zNDM2M2JjN2M0YzAiOnsiY3JlYXRlIjoxODAwMDAwMDAwMDAwLCJkZWxldGUiOjE4MDAwMDAwMDAwMDAsInJlYWQiOjMwMDAwMDAwMDAwMCwidXBkYXRlIjoxODAwMDAwMDAwMDAwfX0=",
          "dependencies": [
            "azurerm_resource_group.rg-spoke1"
          ]
        }
      ]
    },
    {
      "mode": "managed",
      "type": "azurerm_virtual_network",
      "name": "vnet-spoke2",
      "provider": "provider[\"registry.terraform.io/hashicorp/azurerm\"]",
      "instances": [
        {
          "schema_version": 0,
          "attributes": {
            "address_space": [
              "10.2.0.0/16"
            ],
            "bgp_community": "",
            "ddos_protection_plan": [],
            "dns_servers": [],
            "edge_zone": "",
            "encryption": [],
            "flow_timeout_in_minutes": 0,
            "guid": "20979bc9-b6ad-4a78-b80f-2af1d2b45a88",
            "id": "/subscriptions/38977b70-47bf-4da5-a492-88712fce8725/resourceGroups/rg-spoke2-888/providers/Microsoft.Network/virtualNetworks/vnet-spoke2",
            "location": "swedencentral",
            "name": "vnet-spoke2",
            "resource_group_name": "rg-spoke2-888",
            "subnet": [
              {
                "address_prefix": "10.2.0.0/24",
                "id": "/subscriptions/38977b70-47bf-4da5-a492-88712fce8725/resourceGroups/rg-spoke2-888/providers/Microsoft.Network/virtualNetworks/vnet-spoke2/subnets/subnet-spoke2-vm",
                "name": "subnet-spoke2-vm",
                "security_group": "/subscriptions/38977b70-47bf-4da5-a492-88712fce8725/resourceGroups/rg-spoke2-888/providers/Microsoft.Network/networkSecurityGroups/nsg-snet-spoke2"
              }
            ],
            "tags": {},
            "timeouts": null
          },
          "sensitive_attributes": [],
          "private": "eyJlMmJmYjczMC1lY2FhLTExZTYtOGY4OC0zNDM2M2JjN2M0YzAiOnsiY3JlYXRlIjoxODAwMDAwMDAwMDAwLCJkZWxldGUiOjE4MDAwMDAwMDAwMDAsInJlYWQiOjMwMDAwMDAwMDAwMCwidXBkYXRlIjoxODAwMDAwMDAwMDAwfX0=",
          "dependencies": [
            "azurerm_resource_group.rg-spoke2"
          ]
        }
      ]
    },
    {
      "mode": "managed",
      "type": "azurerm_virtual_network_peering",
      "name": "peering-hub-to-spoke1",
      "provider": "provider[\"registry.terraform.io/hashicorp/azurerm\"]",
      "instances": [
        {
          "schema_version": 0,
          "attributes": {
            "allow_forwarded_traffic": true,
            "allow_gateway_transit": false,
            "allow_virtual_network_access": true,
            "id": "/subscriptions/38977b70-47bf-4da5-a492-88712fce8725/resourceGroups/rg-hub-888/providers/Microsoft.Network/virtualNetworks/vnet-hub/virtualNetworkPeerings/hub-to-spoke1",
            "name": "hub-to-spoke1",
            "remote_virtual_network_id": "/subscriptions/38977b70-47bf-4da5-a492-88712fce8725/resourceGroups/rg-spoke1-888/providers/Microsoft.Network/virtualNetworks/vnet-spoke1",
            "resource_group_name": "rg-hub-888",
            "timeouts": null,
            "triggers": null,
            "use_remote_gateways": false,
            "virtual_network_name": "vnet-hub"
          },
          "sensitive_attributes": [],
          "private": "eyJlMmJmYjczMC1lY2FhLTExZTYtOGY4OC0zNDM2M2JjN2M0YzAiOnsiY3JlYXRlIjoxODAwMDAwMDAwMDAwLCJkZWxldGUiOjE4MDAwMDAwMDAwMDAsInJlYWQiOjMwMDAwMDAwMDAwMCwidXBkYXRlIjoxODAwMDAwMDAwMDAwfX0=",
          "dependencies": [
            "azurerm_resource_group.rg-hub",
            "azurerm_resource_group.rg-spoke1",
            "azurerm_virtual_network.vnet-hub",
            "azurerm_virtual_network.vnet-spoke1"
          ]
        }
      ]
    },
    {
      "mode": "managed",
      "type": "azurerm_virtual_network_peering",
      "name": "peering-hub-to-spoke2",
      "provider": "provider[\"registry.terraform.io/hashicorp/azurerm\"]",
      "instances": [
        {
          "schema_version": 0,
          "attributes": {
            "allow_forwarded_traffic": true,
            "allow_gateway_transit": false,
            "allow_virtual_network_access": true,
            "id": "/subscriptions/38977b70-47bf-4da5-a492-88712fce8725/resourceGroups/rg-hub-888/providers/Microsoft.Network/virtualNetworks/vnet-hub/virtualNetworkPeerings/hub-to-spoke2",
            "name": "hub-to-spoke2",
            "remote_virtual_network_id": "/subscriptions/38977b70-47bf-4da5-a492-88712fce8725/resourceGroups/rg-spoke2-888/providers/Microsoft.Network/virtualNetworks/vnet-spoke2",
            "resource_group_name": "rg-hub-888",
            "timeouts": null,
            "triggers": null,
            "use_remote_gateways": false,
            "virtual_network_name": "vnet-hub"
          },
          "sensitive_attributes": [],
          "private": "eyJlMmJmYjczMC1lY2FhLTExZTYtOGY4OC0zNDM2M2JjN2M0YzAiOnsiY3JlYXRlIjoxODAwMDAwMDAwMDAwLCJkZWxldGUiOjE4MDAwMDAwMDAwMDAsInJlYWQiOjMwMDAwMDAwMDAwMCwidXBkYXRlIjoxODAwMDAwMDAwMDAwfX0=",
          "dependencies": [
            "azurerm_resource_group.rg-hub",
            "azurerm_resource_group.rg-spoke2",
            "azurerm_virtual_network.vnet-hub",
            "azurerm_virtual_network.vnet-spoke2"
          ]
        }
      ]
    },
    {
      "mode": "managed",
      "type": "azurerm_virtual_network_peering",
      "name": "peering-spoke1-to-hub",
      "provider": "provider[\"registry.terraform.io/hashicorp/azurerm\"]",
      "instances": [
        {
          "schema_version": 0,
          "attributes": {
            "allow_forwarded_traffic": true,
            "allow_gateway_transit": false,
            "allow_virtual_network_access": true,
            "id": "/subscriptions/38977b70-47bf-4da5-a492-88712fce8725/resourceGroups/rg-spoke1-888/providers/Microsoft.Network/virtualNetworks/vnet-spoke1/virtualNetworkPeerings/spoke1-to-hub",
            "name": "spoke1-to-hub",
            "remote_virtual_network_id": "/subscriptions/38977b70-47bf-4da5-a492-88712fce8725/resourceGroups/rg-hub-888/providers/Microsoft.Network/virtualNetworks/vnet-hub",
            "resource_group_name": "rg-spoke1-888",
            "timeouts": null,
            "triggers": null,
            "use_remote_gateways": false,
            "virtual_network_name": "vnet-spoke1"
          },
          "sensitive_attributes": [],
          "private": "eyJlMmJmYjczMC1lY2FhLTExZTYtOGY4OC0zNDM2M2JjN2M0YzAiOnsiY3JlYXRlIjoxODAwMDAwMDAwMDAwLCJkZWxldGUiOjE4MDAwMDAwMDAwMDAsInJlYWQiOjMwMDAwMDAwMDAwMCwidXBkYXRlIjoxODAwMDAwMDAwMDAwfX0=",
          "dependencies": [
            "azurerm_resource_group.rg-hub",
            "azurerm_resource_group.rg-spoke1",
            "azurerm_virtual_network.vnet-hub",
            "azurerm_virtual_network.vnet-spoke1"
          ]
        }
      ]
    },
    {
      "mode": "managed",
      "type": "azurerm_virtual_network_peering",
      "name": "peering-spoke2-to-hub",
      "provider": "provider[\"registry.terraform.io/hashicorp/azurerm\"]",
      "instances": [
        {
          "schema_version": 0,
          "attributes": {
            "allow_forwarded_traffic": true,
            "allow_gateway_transit": false,
            "allow_virtual_network_access": true,
            "id": "/subscriptions/38977b70-47bf-4da5-a492-88712fce8725/resourceGroups/rg-spoke2-888/providers/Microsoft.Network/virtualNetworks/vnet-spoke2/virtualNetworkPeerings/spoke2-to-hub",
            "name": "spoke2-to-hub",
            "remote_virtual_network_id": "/subscriptions/38977b70-47bf-4da5-a492-88712fce8725/resourceGroups/rg-hub-888/providers/Microsoft.Network/virtualNetworks/vnet-hub",
            "resource_group_name": "rg-spoke2-888",
            "timeouts": null,
            "triggers": null,
            "use_remote_gateways": false,
            "virtual_network_name": "vnet-spoke2"
          },
          "sensitive_attributes": [],
          "private": "eyJlMmJmYjczMC1lY2FhLTExZTYtOGY4OC0zNDM2M2JjN2M0YzAiOnsiY3JlYXRlIjoxODAwMDAwMDAwMDAwLCJkZWxldGUiOjE4MDAwMDAwMDAwMDAsInJlYWQiOjMwMDAwMDAwMDAwMCwidXBkYXRlIjoxODAwMDAwMDAwMDAwfX0=",
          "dependencies": [
            "azurerm_resource_group.rg-hub",
            "azurerm_resource_group.rg-spoke2",
            "azurerm_virtual_network.vnet-hub",
            "azurerm_virtual_network.vnet-spoke2"
          ]
        }
      ]
    }
  ],
  "check_results": null
}
